{
  "version": 4,
  "terraform_version": "1.5.7",
  "serial": 1797,
  "lineage": "939fc0ea-25b1-1cc4-da73-31eaf488fce9",
  "outputs": {},
  "resources": [
    {
      "mode": "data",
      "type": "openstack_compute_flavor_v2",
      "name": "flavor_linux_medium",
      "provider": "provider[\"registry.terraform.io/terraform-provider-openstack/openstack\"]",
      "instances": [
        {
          "schema_version": 0,
          "attributes": {
            "disk": 40,
            "extra_specs": {},
            "flavor_id": "5f964abc-866f-4d79-8aae-f9460cfb28d7",
            "id": "5f964abc-866f-4d79-8aae-f9460cfb28d7",
            "is_public": true,
            "min_disk": null,
            "min_ram": null,
            "name": "small",
            "ram": 1024,
            "region": null,
            "rx_tx_factor": 1,
            "swap": 0,
            "vcpus": 2
          },
          "sensitive_attributes": []
        }
      ]
    },
    {
      "mode": "data",
      "type": "openstack_compute_flavor_v2",
      "name": "flavor_linux_small",
      "provider": "provider[\"registry.terraform.io/terraform-provider-openstack/openstack\"]",
      "instances": [
        {
          "schema_version": 0,
          "attributes": {
            "disk": 40,
            "extra_specs": {},
            "flavor_id": "5f964abc-866f-4d79-8aae-f9460cfb28d7",
            "id": "5f964abc-866f-4d79-8aae-f9460cfb28d7",
            "is_public": true,
            "min_disk": null,
            "min_ram": null,
            "name": "small",
            "ram": 1024,
            "region": null,
            "rx_tx_factor": 1,
            "swap": 0,
            "vcpus": 2
          },
          "sensitive_attributes": []
        }
      ]
    },
    {
      "mode": "data",
      "type": "openstack_compute_flavor_v2",
      "name": "flavor_linux_tiny",
      "provider": "provider[\"registry.terraform.io/terraform-provider-openstack/openstack\"]",
      "instances": [
        {
          "schema_version": 0,
          "attributes": {
            "disk": 40,
            "extra_specs": {},
            "flavor_id": "c992e0ef-8070-4d97-b54b-139ce7ceeebb",
            "id": "c992e0ef-8070-4d97-b54b-139ce7ceeebb",
            "is_public": true,
            "min_disk": null,
            "min_ram": null,
            "name": "tiny",
            "ram": 512,
            "region": null,
            "rx_tx_factor": 1,
            "swap": 0,
            "vcpus": 2
          },
          "sensitive_attributes": []
        }
      ]
    },
    {
      "mode": "data",
      "type": "openstack_compute_flavor_v2",
      "name": "flavor_windows_medium",
      "provider": "provider[\"registry.terraform.io/terraform-provider-openstack/openstack\"]",
      "instances": [
        {
          "schema_version": 0,
          "attributes": {
            "disk": 40,
            "extra_specs": {},
            "flavor_id": "0d282a6d-d770-4f46-b059-5ca291489578",
            "id": "0d282a6d-d770-4f46-b059-5ca291489578",
            "is_public": true,
            "min_disk": null,
            "min_ram": null,
            "name": "medium",
            "ram": 4096,
            "region": null,
            "rx_tx_factor": 1,
            "swap": 0,
            "vcpus": 4
          },
          "sensitive_attributes": []
        }
      ]
    },
    {
      "mode": "data",
      "type": "openstack_compute_flavor_v2",
      "name": "flavor_windows_small",
      "provider": "provider[\"registry.terraform.io/terraform-provider-openstack/openstack\"]",
      "instances": [
        {
          "schema_version": 0,
          "attributes": {
            "disk": 40,
            "extra_specs": {},
            "flavor_id": "5f964abc-866f-4d79-8aae-f9460cfb28d7",
            "id": "5f964abc-866f-4d79-8aae-f9460cfb28d7",
            "is_public": true,
            "min_disk": null,
            "min_ram": null,
            "name": "small",
            "ram": 1024,
            "region": null,
            "rx_tx_factor": 1,
            "swap": 0,
            "vcpus": 2
          },
          "sensitive_attributes": []
        }
      ]
    },
    {
      "mode": "data",
      "type": "openstack_identity_project_v3",
      "name": "management_project",
      "provider": "provider[\"registry.terraform.io/terraform-provider-openstack/openstack\"]",
      "instances": [
        {
          "schema_version": 0,
          "attributes": {
            "description": "Project to build infrastructure for competition",
            "domain_id": "default",
            "enabled": true,
            "id": "a04419c07de1428ba9f58093b1b52ef3",
            "is_domain": false,
            "name": "charlie-infra",
            "parent_id": "default",
            "region": null,
            "tags": []
          },
          "sensitive_attributes": []
        }
      ]
    },
    {
      "mode": "data",
      "type": "openstack_images_image_v2",
      "name": "image_linux_openwrt",
      "provider": "provider[\"registry.terraform.io/terraform-provider-openstack/openstack\"]",
      "instances": [
        {
          "schema_version": 0,
          "attributes": {
            "checksum": "bfe30cf37cabd1012037e838580e2641",
            "container_format": "bare",
            "created_at": "2023-10-27T01:18:40Z",
            "disk_format": "raw",
            "file": "/v2/images/702498df-f1c3-4d79-8e18-625b872217c4/file",
            "hidden": false,
            "id": "702498df-f1c3-4d79-8e18-625b872217c4",
            "member_status": null,
            "metadata": {},
            "min_disk_gb": 0,
            "min_ram_mb": 0,
            "most_recent": false,
            "name": "OpenWRTCloud",
            "owner": "a04419c07de1428ba9f58093b1b52ef3",
            "properties": {
              "description": "OpenWRT with rc.cloud enabled",
              "direct_url": "rbd://bd7939e4-b236-11ed-a05f-be894137183b/images/702498df-f1c3-4d79-8e18-625b872217c4/snap",
              "os_hash_algo": "sha512",
              "os_hash_value": "08a180ce0fb10128186abd44f3416400cf10fd6396a1dd2892d8efe883b7e02dbe199fb8dc87dc1edfd696e069e7cfd8a7260a251894b017daae9b71666e3200",
              "stores": "rbd"
            },
            "protected": false,
            "region": "",
            "schema": "/v2/schemas/image",
            "size_bytes": 126353408,
            "size_max": null,
            "size_min": null,
            "sort_direction": "asc",
            "sort_key": "name",
            "tag": null,
            "tags": [],
            "updated_at": "2023-10-27T01:18:43Z",
            "visibility": "shared"
          },
          "sensitive_attributes": []
        }
      ]
    },
    {
      "mode": "data",
      "type": "openstack_images_image_v2",
      "name": "image_linux_raspbian",
      "provider": "provider[\"registry.terraform.io/terraform-provider-openstack/openstack\"]",
      "instances": [
        {
          "schema_version": 0,
          "attributes": {
            "checksum": "e57f42852306ac5ed0d9e97bdc3513cb",
            "container_format": "bare",
            "created_at": "2023-10-19T16:15:14Z",
            "disk_format": "raw",
            "file": "/v2/images/5ef3655a-1d42-4a44-b9cb-38cdfbce8efc/file",
            "hidden": false,
            "id": "5ef3655a-1d42-4a44-b9cb-38cdfbce8efc",
            "member_status": null,
            "metadata": {},
            "min_disk_gb": 0,
            "min_ram_mb": 0,
            "most_recent": false,
            "name": "Raspbian",
            "owner": "a04419c07de1428ba9f58093b1b52ef3",
            "properties": {
              "direct_url": "rbd://bd7939e4-b236-11ed-a05f-be894137183b/images/5ef3655a-1d42-4a44-b9cb-38cdfbce8efc/snap",
              "os_hash_algo": "sha512",
              "os_hash_value": "b16a7228f0cf2ce182f576b8ab221e41e60b78c470f5064a4b007bf15c01b9711b2373d30890e86069a31afa87c602b2e5b5f81c811a5a4b4a7ca0644cb72757",
              "owner_specified.openstack.md5": "",
              "owner_specified.openstack.object": "images/Raspbian",
              "owner_specified.openstack.sha256": "",
              "stores": "rbd"
            },
            "protected": false,
            "region": "",
            "schema": "/v2/schemas/image",
            "size_bytes": 3607101440,
            "size_max": null,
            "size_min": null,
            "sort_direction": "asc",
            "sort_key": "name",
            "tag": null,
            "tags": [],
            "updated_at": "2023-10-19T16:20:49Z",
            "visibility": "shared"
          },
          "sensitive_attributes": []
        }
      ]
    },
    {
      "mode": "data",
      "type": "openstack_images_image_v2",
      "name": "image_linux_raspios",
      "provider": "provider[\"registry.terraform.io/terraform-provider-openstack/openstack\"]",
      "instances": [
        {
          "schema_version": 0,
          "attributes": {
            "checksum": "2b39ceceafda66acc79e009a4bf85db6",
            "container_format": "bare",
            "created_at": "2023-10-26T03:16:59Z",
            "disk_format": "raw",
            "file": "/v2/images/ef1134d1-d312-4791-8803-1044a5374b1b/file",
            "hidden": false,
            "id": "ef1134d1-d312-4791-8803-1044a5374b1b",
            "member_status": null,
            "metadata": {},
            "min_disk_gb": 0,
            "min_ram_mb": 0,
            "most_recent": false,
            "name": "RaspiOSConfigured",
            "owner": "a04419c07de1428ba9f58093b1b52ef3",
            "properties": {
              "direct_url": "rbd://bd7939e4-b236-11ed-a05f-be894137183b/images/ef1134d1-d312-4791-8803-1044a5374b1b/snap",
              "os_hash_algo": "sha512",
              "os_hash_value": "4434777568078eac7dbae9bda196f646170a88f5d609f2b5c7e393d4b6b95dceeb3c9617d0cd8c660b6b54ba222f93d2c600e65edbf5e09ba6a572414be1d0ff",
              "owner_specified.openstack.md5": "",
              "owner_specified.openstack.object": "images/RaspiOSConfigured",
              "owner_specified.openstack.sha256": "",
              "stores": "rbd"
            },
            "protected": false,
            "region": "",
            "schema": "/v2/schemas/image",
            "size_bytes": 21474836480,
            "size_max": null,
            "size_min": null,
            "sort_direction": "asc",
            "sort_key": "name",
            "tag": null,
            "tags": [],
            "updated_at": "2023-10-26T04:17:05Z",
            "visibility": "shared"
          },
          "sensitive_attributes": []
        }
      ]
    },
    {
      "mode": "data",
      "type": "openstack_images_image_v2",
      "name": "image_linux_ubuntu",
      "provider": "provider[\"registry.terraform.io/terraform-provider-openstack/openstack\"]",
      "instances": [
        {
          "schema_version": 0,
          "attributes": {
            "checksum": "6cc46ebe49acefe98bccb967d6b13e7d",
            "container_format": "bare",
            "created_at": "2023-02-23T22:38:21Z",
            "disk_format": "raw",
            "file": "/v2/images/f19eb19d-2bd0-4c73-9e9e-88f3e94d8646/file",
            "hidden": false,
            "id": "f19eb19d-2bd0-4c73-9e9e-88f3e94d8646",
            "member_status": null,
            "metadata": {},
            "min_disk_gb": 0,
            "min_ram_mb": 0,
            "most_recent": false,
            "name": "UbuntuJammy2204",
            "owner": "a69aa169729a4dbea0d9b9683072260d",
            "properties": {
              "direct_url": "rbd://bd7939e4-b236-11ed-a05f-be894137183b/images/f19eb19d-2bd0-4c73-9e9e-88f3e94d8646/snap",
              "os_hash_algo": "sha512",
              "os_hash_value": "bf0ba0d66a5f6653d131afe63ffdf40aff429d9b43ac78363f775e41b6d4cac57157b99409817b79cc0a3d075d919d38f572bc3162cd2d2f4ecd94c49d3af94c",
              "owner_specified.openstack.md5": "",
              "owner_specified.openstack.object": "images/UbuntuJammy2204",
              "owner_specified.openstack.sha256": "",
              "stores": "rbd"
            },
            "protected": false,
            "region": "",
            "schema": "/v2/schemas/image",
            "size_bytes": 2361393152,
            "size_max": null,
            "size_min": null,
            "sort_direction": "asc",
            "sort_key": "name",
            "tag": null,
            "tags": [],
            "updated_at": "2023-02-23T22:38:41Z",
            "visibility": "public"
          },
          "sensitive_attributes": []
        }
      ]
    },
    {
      "mode": "data",
      "type": "openstack_images_image_v2",
      "name": "image_windows_10",
      "provider": "provider[\"registry.terraform.io/terraform-provider-openstack/openstack\"]",
      "instances": [
        {
          "schema_version": 0,
          "attributes": {
            "checksum": "e4deff5229b50d5fb492c10cae33d0e7",
            "container_format": "bare",
            "created_at": "2023-02-23T23:30:49Z",
            "disk_format": "raw",
            "file": "/v2/images/a1a23bf0-a885-4a65-9628-eb547ac5b26e/file",
            "hidden": false,
            "id": "a1a23bf0-a885-4a65-9628-eb547ac5b26e",
            "member_status": null,
            "metadata": {},
            "min_disk_gb": 0,
            "min_ram_mb": 0,
            "most_recent": false,
            "name": "Win10-21H2",
            "owner": "a69aa169729a4dbea0d9b9683072260d",
            "properties": {
              "direct_url": "rbd://bd7939e4-b236-11ed-a05f-be894137183b/images/a1a23bf0-a885-4a65-9628-eb547ac5b26e/snap",
              "hw_cpu_max_sockets": "1",
              "hw_qemu_guest_agent": "yes",
              "os_hash_algo": "sha512",
              "os_hash_value": "9b983422122d62398e7ca82ad0168cdaabada276cbb692cb8fcb99c7eeb8c6d27992378eb122ce1a0cb658aa1848a3e7a1ab3db50ff3df264b99eb8163373b91",
              "owner_specified.openstack.md5": "",
              "owner_specified.openstack.object": "images/Win10-21H2",
              "owner_specified.openstack.sha256": "",
              "stores": "rbd"
            },
            "protected": false,
            "region": "",
            "schema": "/v2/schemas/image",
            "size_bytes": 21476933632,
            "size_max": null,
            "size_min": null,
            "sort_direction": "asc",
            "sort_key": "name",
            "tag": null,
            "tags": [],
            "updated_at": "2023-03-06T00:22:48Z",
            "visibility": "public"
          },
          "sensitive_attributes": []
        }
      ]
    },
    {
      "mode": "data",
      "type": "openstack_images_image_v2",
      "name": "image_windows_2019",
      "provider": "provider[\"registry.terraform.io/terraform-provider-openstack/openstack\"]",
      "instances": [
        {
          "schema_version": 0,
          "attributes": {
            "checksum": "35752336cb4d13411bb3f96fe61aaa70",
            "container_format": "bare",
            "created_at": "2023-02-23T23:51:51Z",
            "disk_format": "raw",
            "file": "/v2/images/7c4e8ad9-113f-4370-b387-0c55b99f410f/file",
            "hidden": false,
            "id": "7c4e8ad9-113f-4370-b387-0c55b99f410f",
            "member_status": null,
            "metadata": {},
            "min_disk_gb": 0,
            "min_ram_mb": 0,
            "most_recent": false,
            "name": "WinSrv2019-17763-2022",
            "owner": "a69aa169729a4dbea0d9b9683072260d",
            "properties": {
              "direct_url": "rbd://bd7939e4-b236-11ed-a05f-be894137183b/images/7c4e8ad9-113f-4370-b387-0c55b99f410f/snap",
              "hw_cpu_max_sockets": "1",
              "hw_qemu_guest_agent": "yes",
              "os_hash_algo": "sha512",
              "os_hash_value": "35db0b0822808e817f5292cdaffe6fb234bf27cce91b1bce2afb2377c6669c60762adc6c158cb0c166ab103cf4332130b1848f5d439778e474e23e656647928e",
              "owner_specified.openstack.md5": "",
              "owner_specified.openstack.object": "images/WinSrv2019-17763-2022",
              "owner_specified.openstack.sha256": "",
              "stores": "rbd"
            },
            "protected": false,
            "region": "",
            "schema": "/v2/schemas/image",
            "size_bytes": 12886999040,
            "size_max": null,
            "size_min": null,
            "sort_direction": "asc",
            "sort_key": "name",
            "tag": null,
            "tags": [],
            "updated_at": "2023-03-06T00:22:52Z",
            "visibility": "public"
          },
          "sensitive_attributes": []
        }
      ]
    },
    {
      "mode": "data",
      "type": "openstack_networking_network_v2",
      "name": "external_network",
      "provider": "provider[\"registry.terraform.io/terraform-provider-openstack/openstack\"]",
      "instances": [
        {
          "schema_version": 0,
          "attributes": {
            "admin_state_up": "true",
            "all_tags": [],
            "availability_zone_hints": [],
            "description": "",
            "dns_domain": "",
            "external": true,
            "id": "d96988a6-c388-4032-8067-0b89d572cad0",
            "matching_subnet_cidr": null,
            "mtu": 1500,
            "name": "external249",
            "network_id": null,
            "region": "",
            "shared": "false",
            "status": null,
            "subnets": [
              "69f14ecc-2bad-412e-abf1-24c90da9be5e"
            ],
            "tags": null,
            "tenant_id": "a69aa169729a4dbea0d9b9683072260d",
            "transparent_vlan": false
          },
          "sensitive_attributes": []
        }
      ]
    },
    {
      "module": "module.homelab",
      "mode": "data",
      "type": "openstack_identity_project_v3",
      "name": "management_project",
      "provider": "provider[\"registry.terraform.io/terraform-provider-openstack/openstack\"]",
      "instances": [
        {
          "schema_version": 0,
          "attributes": {
            "description": "Project to build infrastructure for competition",
            "domain_id": "default",
            "enabled": true,
            "id": "a04419c07de1428ba9f58093b1b52ef3",
            "is_domain": false,
            "name": "charlie-infra",
            "parent_id": "default",
            "region": null,
            "tags": []
          },
          "sensitive_attributes": []
        }
      ]
    },
    {
      "module": "module.homelab",
      "mode": "data",
      "type": "openstack_networking_network_v2",
      "name": "competition_cloud_network",
      "provider": "provider[\"registry.terraform.io/terraform-provider-openstack/openstack\"]",
      "instances": [
        {
          "schema_version": 0,
          "attributes": {
            "admin_state_up": "true",
            "all_tags": [],
            "availability_zone_hints": [],
            "description": "",
            "dns_domain": "",
            "external": false,
            "id": "1aae7bb1-3fbc-4e84-a2d4-8ada103b4b63",
            "matching_subnet_cidr": null,
            "mtu": 8942,
            "name": "Competition Cloud Network",
            "network_id": null,
            "region": "",
            "shared": "false",
            "status": null,
            "subnets": [
              "3f19ac45-ceb7-4413-95c9-f7f36b73e2c9",
              "6580a222-3ae6-4e32-a9ea-93a69e3a5cc8"
            ],
            "tags": null,
            "tenant_id": "a04419c07de1428ba9f58093b1b52ef3",
            "transparent_vlan": false
          },
          "sensitive_attributes": []
        }
      ]
    },
    {
      "module": "module.homelab",
      "mode": "data",
      "type": "openstack_networking_router_v2",
      "name": "core_router",
      "provider": "provider[\"registry.terraform.io/terraform-provider-openstack/openstack\"]",
      "instances": [
        {
          "schema_version": 0,
          "attributes": {
            "admin_state_up": true,
            "all_tags": [],
            "availability_zone_hints": [],
            "description": "",
            "distributed": false,
            "enable_snat": true,
            "external_fixed_ip": [
              {
                "ip_address": "129.21.249.111",
                "subnet_id": "69f14ecc-2bad-412e-abf1-24c90da9be5e"
              }
            ],
            "external_network_id": "d96988a6-c388-4032-8067-0b89d572cad0",
            "id": "647b1cb6-6c3b-4b30-8158-9437904b0746",
            "name": "Core Router",
            "region": "",
            "router_id": null,
            "status": "ACTIVE",
            "tags": null,
            "tenant_id": "a04419c07de1428ba9f58093b1b52ef3"
          },
          "sensitive_attributes": []
        }
      ]
    },
    {
      "module": "module.homelab",
      "mode": "data",
      "type": "openstack_networking_secgroup_v2",
      "name": "default_secgroup",
      "provider": "provider[\"registry.terraform.io/terraform-provider-openstack/openstack\"]",
      "instances": [
        {
          "schema_version": 0,
          "attributes": {
            "all_tags": [],
            "description": "Default security group",
            "id": "df7d77a2-adf9-433c-9e4f-240ebebb8ed5",
            "name": "default",
            "region": "",
            "secgroup_id": "df7d77a2-adf9-433c-9e4f-240ebebb8ed5",
            "tags": null,
            "tenant_id": "a04419c07de1428ba9f58093b1b52ef3"
          },
          "sensitive_attributes": []
        }
      ]
    },
    {
      "module": "module.homelab",
      "mode": "data",
      "type": "openstack_networking_subnet_v2",
      "name": "management_subnet",
      "provider": "provider[\"registry.terraform.io/terraform-provider-openstack/openstack\"]",
      "instances": [
        {
          "schema_version": 0,
          "attributes": {
            "all_tags": [],
            "allocation_pools": [
              {
                "end": "10.100.0.250",
                "start": "10.100.0.200"
              }
            ],
            "cidr": "10.100.0.0/24",
            "description": "",
            "dhcp_disabled": null,
            "dhcp_enabled": null,
            "dns_nameservers": [
              "1.0.0.1",
              "1.1.1.1"
            ],
            "enable_dhcp": true,
            "gateway_ip": "10.100.0.254",
            "host_routes": [],
            "id": "6580a222-3ae6-4e32-a9ea-93a69e3a5cc8",
            "ip_version": 4,
            "ipv6_address_mode": "",
            "ipv6_ra_mode": "",
            "name": "Management Subnet",
            "network_id": "1aae7bb1-3fbc-4e84-a2d4-8ada103b4b63",
            "region": "",
            "subnet_id": null,
            "subnetpool_id": "",
            "tags": null,
            "tenant_id": "a04419c07de1428ba9f58093b1b52ef3"
          },
          "sensitive_attributes": []
        }
      ]
    },
    {
      "module": "module.homelab",
      "mode": "managed",
      "type": "openstack_blockstorage_volume_v3",
      "name": "team_volumes",
      "provider": "provider[\"registry.terraform.io/terraform-provider-openstack/openstack\"]",
      "instances": [
        {
          "index_key": "dc",
          "schema_version": 0,
          "attributes": {
            "attachment": [],
            "availability_zone": "nova",
            "consistency_group_id": null,
            "description": "",
            "enable_online_resize": null,
            "id": "e5d669ab-16df-48c2-b4af-3b098dedf2e7",
            "image_id": "7c4e8ad9-113f-4370-b387-0c55b99f410f",
            "metadata": {},
            "multiattach": null,
            "name": "dc.blueteam.thanksgiving.dinner-volume",
            "region": "",
            "scheduler_hints": [],
            "size": 80,
            "snapshot_id": "",
            "source_replica": null,
            "source_vol_id": "",
            "timeouts": {
              "create": "30m",
              "delete": null
            },
            "volume_type": "__DEFAULT__"
          },
          "sensitive_attributes": [],
          "private": "eyJlMmJmYjczMC1lY2FhLTExZTYtOGY4OC0zNDM2M2JjN2M0YzAiOnsiY3JlYXRlIjoxODAwMDAwMDAwMDAwLCJkZWxldGUiOjYwMDAwMDAwMDAwMH19",
          "dependencies": [
            "data.openstack_compute_flavor_v2.flavor_linux_small",
            "data.openstack_compute_flavor_v2.flavor_windows_medium",
            "data.openstack_images_image_v2.image_linux_raspios",
            "data.openstack_images_image_v2.image_linux_ubuntu",
            "data.openstack_images_image_v2.image_windows_10",
            "data.openstack_images_image_v2.image_windows_2019"
          ]
        },
        {
          "index_key": "media",
          "schema_version": 0,
          "attributes": {
            "attachment": [],
            "availability_zone": "nova",
            "consistency_group_id": null,
            "description": "",
            "enable_online_resize": null,
            "id": "20506767-a616-460f-8ea0-ecbe735b4865",
            "image_id": "f19eb19d-2bd0-4c73-9e9e-88f3e94d8646",
            "metadata": {},
            "multiattach": null,
            "name": "media.blueteam.thanksgiving.dinner-volume",
            "region": "",
            "scheduler_hints": [],
            "size": 30,
            "snapshot_id": "",
            "source_replica": null,
            "source_vol_id": "",
            "timeouts": {
              "create": "30m",
              "delete": null
            },
            "volume_type": "__DEFAULT__"
          },
          "sensitive_attributes": [],
          "private": "eyJlMmJmYjczMC1lY2FhLTExZTYtOGY4OC0zNDM2M2JjN2M0YzAiOnsiY3JlYXRlIjoxODAwMDAwMDAwMDAwLCJkZWxldGUiOjYwMDAwMDAwMDAwMH19",
          "dependencies": [
            "data.openstack_compute_flavor_v2.flavor_linux_small",
            "data.openstack_compute_flavor_v2.flavor_windows_medium",
            "data.openstack_images_image_v2.image_linux_raspios",
            "data.openstack_images_image_v2.image_linux_ubuntu",
            "data.openstack_images_image_v2.image_windows_10",
            "data.openstack_images_image_v2.image_windows_2019"
          ]
        },
        {
          "index_key": "pc",
          "schema_version": 0,
          "attributes": {
            "attachment": [],
            "availability_zone": "nova",
            "consistency_group_id": null,
            "description": "",
            "enable_online_resize": null,
            "id": "049f9228-58e9-4808-ab85-b25bf7f63666",
            "image_id": "a1a23bf0-a885-4a65-9628-eb547ac5b26e",
            "metadata": {},
            "multiattach": null,
            "name": "pc.blueteam.thanksgiving.dinner-volume",
            "region": "",
            "scheduler_hints": [],
            "size": 45,
            "snapshot_id": "",
            "source_replica": null,
            "source_vol_id": "",
            "timeouts": {
              "create": "30m",
              "delete": null
            },
            "volume_type": "__DEFAULT__"
          },
          "sensitive_attributes": [],
          "private": "eyJlMmJmYjczMC1lY2FhLTExZTYtOGY4OC0zNDM2M2JjN2M0YzAiOnsiY3JlYXRlIjoxODAwMDAwMDAwMDAwLCJkZWxldGUiOjYwMDAwMDAwMDAwMH19",
          "dependencies": [
            "data.openstack_compute_flavor_v2.flavor_linux_small",
            "data.openstack_compute_flavor_v2.flavor_windows_medium",
            "data.openstack_images_image_v2.image_linux_raspios",
            "data.openstack_images_image_v2.image_linux_ubuntu",
            "data.openstack_images_image_v2.image_windows_10",
            "data.openstack_images_image_v2.image_windows_2019"
          ]
        },
        {
          "index_key": "pihole",
          "schema_version": 0,
          "attributes": {
            "attachment": [],
            "availability_zone": "nova",
            "consistency_group_id": null,
            "description": "",
            "enable_online_resize": null,
            "id": "80cf5f4e-2579-4f36-8e7f-7d71dd35d6a4",
            "image_id": "ef1134d1-d312-4791-8803-1044a5374b1b",
            "metadata": {},
            "multiattach": null,
            "name": "pihole.blueteam.thanksgiving.dinner-volume",
            "region": "",
            "scheduler_hints": [],
            "size": 30,
            "snapshot_id": "",
            "source_replica": null,
            "source_vol_id": "",
            "timeouts": {
              "create": "30m",
              "delete": null
            },
            "volume_type": "__DEFAULT__"
          },
          "sensitive_attributes": [],
          "private": "eyJlMmJmYjczMC1lY2FhLTExZTYtOGY4OC0zNDM2M2JjN2M0YzAiOnsiY3JlYXRlIjoxODAwMDAwMDAwMDAwLCJkZWxldGUiOjYwMDAwMDAwMDAwMH19",
          "dependencies": [
            "data.openstack_compute_flavor_v2.flavor_linux_small",
            "data.openstack_compute_flavor_v2.flavor_windows_medium",
            "data.openstack_images_image_v2.image_linux_raspios",
            "data.openstack_images_image_v2.image_linux_ubuntu",
            "data.openstack_images_image_v2.image_windows_10",
            "data.openstack_images_image_v2.image_windows_2019"
          ]
        }
      ]
    },
    {
      "module": "module.homelab",
      "mode": "managed",
      "type": "openstack_compute_instance_v2",
      "name": "team_homelab_instance",
      "provider": "provider[\"registry.terraform.io/terraform-provider-openstack/openstack\"]",
      "instances": [
        {
          "index_key": "dc",
          "schema_version": 0,
          "attributes": {
            "access_ip_v4": "10.1.0.1",
            "access_ip_v6": "",
            "admin_pass": null,
            "all_metadata": {},
            "all_tags": [
              "blueteam-dc",
              "homelab",
              "project-ThanksgivingThrowdown-blueteam",
              "project-management"
            ],
            "availability_zone": "host08",
            "availability_zone_hints": null,
            "block_device": [
              {
                "boot_index": 0,
                "delete_on_termination": true,
                "destination_type": "volume",
                "device_type": "",
                "disk_bus": "",
                "guest_format": "",
                "source_type": "volume",
                "uuid": "e5d669ab-16df-48c2-b4af-3b098dedf2e7",
                "volume_size": 80,
                "volume_type": ""
              }
            ],
            "config_drive": null,
            "flavor_id": "0d282a6d-d770-4f46-b059-5ca291489578",
            "flavor_name": "medium",
            "floating_ip": null,
            "force_delete": false,
            "id": "2987097b-935e-4390-98cb-cabeaa25d4fe",
            "image_id": "Attempt to boot from volume - no image supplied",
            "image_name": null,
            "key_pair": "",
            "metadata": null,
            "name": "dc.blueteam.thanksgiving.dinner",
            "network": [
              {
                "access_network": false,
                "fixed_ip_v4": "10.1.0.1",
                "fixed_ip_v6": "",
                "floating_ip": "",
                "mac": "fa:16:3e:57:ee:44",
                "name": "Blueteam Homelab",
                "port": "68738234-a6be-44ac-839e-151c6489d220",
                "uuid": "012b15d2-f229-4319-be29-fb4ab7e4ecac"
              }
            ],
            "network_mode": null,
            "personality": [],
            "power_state": "active",
            "region": "",
            "scheduler_hints": [],
            "security_groups": [
              "Blueteam Homelab Secgroup",
              "default"
            ],
            "stop_before_destroy": false,
            "tags": [
              "blueteam-dc",
              "homelab",
              "project-ThanksgivingThrowdown-blueteam",
              "project-management"
            ],
            "timeouts": null,
            "user_data": "6ad8d2d12965f92d5c9a9200af1c54d7f3374611",
            "vendor_options": [],
            "volume": []
          },
          "sensitive_attributes": [],
          "private": "eyJlMmJmYjczMC1lY2FhLTExZTYtOGY4OC0zNDM2M2JjN2M0YzAiOnsiY3JlYXRlIjoxODAwMDAwMDAwMDAwLCJkZWxldGUiOjE4MDAwMDAwMDAwMDAsInVwZGF0ZSI6MTgwMDAwMDAwMDAwMH19",
          "dependencies": [
            "data.openstack_compute_flavor_v2.flavor_linux_small",
            "data.openstack_compute_flavor_v2.flavor_windows_medium",
            "data.openstack_images_image_v2.image_linux_raspios",
            "data.openstack_images_image_v2.image_linux_ubuntu",
            "data.openstack_images_image_v2.image_windows_10",
            "data.openstack_images_image_v2.image_windows_2019",
            "module.homelab.data.openstack_identity_project_v3.management_project",
            "module.homelab.data.openstack_networking_secgroup_v2.default_secgroup",
            "module.homelab.openstack_blockstorage_volume_v3.team_volumes",
            "module.homelab.openstack_networking_network_v2.blueteam_homelab",
            "module.homelab.openstack_networking_port_v2.dc_port",
            "module.homelab.openstack_networking_port_v2.media_port",
            "module.homelab.openstack_networking_port_v2.pc_port",
            "module.homelab.openstack_networking_port_v2.pihole_port",
            "module.homelab.openstack_networking_secgroup_v2.blueteam_homelab_secgroup",
            "module.homelab.openstack_networking_secgroup_v2.blueteam_jumpbox_secgroup",
            "module.homelab.openstack_networking_subnet_v2.blueteam_homelab_subnet"
          ]
        },
        {
          "index_key": "media",
          "schema_version": 0,
          "attributes": {
            "access_ip_v4": "10.1.0.3",
            "access_ip_v6": "",
            "admin_pass": null,
            "all_metadata": {},
            "all_tags": [
              "blueteam-media",
              "homelab",
              "project-ThanksgivingThrowdown-blueteam",
              "project-management"
            ],
            "availability_zone": "host08",
            "availability_zone_hints": null,
            "block_device": [
              {
                "boot_index": 0,
                "delete_on_termination": true,
                "destination_type": "volume",
                "device_type": "",
                "disk_bus": "",
                "guest_format": "",
                "source_type": "volume",
                "uuid": "20506767-a616-460f-8ea0-ecbe735b4865",
                "volume_size": 30,
                "volume_type": ""
              }
            ],
            "config_drive": null,
            "flavor_id": "5f964abc-866f-4d79-8aae-f9460cfb28d7",
            "flavor_name": "small",
            "floating_ip": null,
            "force_delete": false,
            "id": "033c6344-4a39-4fe3-b660-d4822076baf6",
            "image_id": "Attempt to boot from volume - no image supplied",
            "image_name": null,
            "key_pair": "",
            "metadata": null,
            "name": "media.blueteam.thanksgiving.dinner",
            "network": [
              {
                "access_network": false,
                "fixed_ip_v4": "10.1.0.3",
                "fixed_ip_v6": "",
                "floating_ip": "",
                "mac": "fa:16:3e:30:0d:ea",
                "name": "Blueteam Homelab",
                "port": "c5df985b-c3a1-4fb8-b059-11edc5a23399",
                "uuid": "012b15d2-f229-4319-be29-fb4ab7e4ecac"
              }
            ],
            "network_mode": null,
            "personality": [],
            "power_state": "active",
            "region": "",
            "scheduler_hints": [],
            "security_groups": [
              "Blueteam Homelab Secgroup",
              "default"
            ],
            "stop_before_destroy": false,
            "tags": [
              "blueteam-media",
              "homelab",
              "project-ThanksgivingThrowdown-blueteam",
              "project-management"
            ],
            "timeouts": null,
            "user_data": "3b84a9208391425c6388676407e6a363a0c5c4fc",
            "vendor_options": [],
            "volume": []
          },
          "sensitive_attributes": [],
          "private": "eyJlMmJmYjczMC1lY2FhLTExZTYtOGY4OC0zNDM2M2JjN2M0YzAiOnsiY3JlYXRlIjoxODAwMDAwMDAwMDAwLCJkZWxldGUiOjE4MDAwMDAwMDAwMDAsInVwZGF0ZSI6MTgwMDAwMDAwMDAwMH19",
          "dependencies": [
            "data.openstack_compute_flavor_v2.flavor_linux_small",
            "data.openstack_compute_flavor_v2.flavor_windows_medium",
            "data.openstack_images_image_v2.image_linux_raspios",
            "data.openstack_images_image_v2.image_linux_ubuntu",
            "data.openstack_images_image_v2.image_windows_10",
            "data.openstack_images_image_v2.image_windows_2019",
            "module.homelab.data.openstack_identity_project_v3.management_project",
            "module.homelab.data.openstack_networking_secgroup_v2.default_secgroup",
            "module.homelab.openstack_blockstorage_volume_v3.team_volumes",
            "module.homelab.openstack_networking_network_v2.blueteam_homelab",
            "module.homelab.openstack_networking_port_v2.dc_port",
            "module.homelab.openstack_networking_port_v2.media_port",
            "module.homelab.openstack_networking_port_v2.pc_port",
            "module.homelab.openstack_networking_port_v2.pihole_port",
            "module.homelab.openstack_networking_secgroup_v2.blueteam_homelab_secgroup",
            "module.homelab.openstack_networking_secgroup_v2.blueteam_jumpbox_secgroup",
            "module.homelab.openstack_networking_subnet_v2.blueteam_homelab_subnet"
          ]
        },
        {
          "index_key": "pc",
          "schema_version": 0,
          "attributes": {
            "access_ip_v4": "10.1.0.2",
            "access_ip_v6": "",
            "admin_pass": null,
            "all_metadata": {},
            "all_tags": [
              "blueteam-pc",
              "homelab",
              "project-ThanksgivingThrowdown-blueteam",
              "project-management"
            ],
            "availability_zone": "host08",
            "availability_zone_hints": null,
            "block_device": [
              {
                "boot_index": 0,
                "delete_on_termination": true,
                "destination_type": "volume",
                "device_type": "",
                "disk_bus": "",
                "guest_format": "",
                "source_type": "volume",
                "uuid": "049f9228-58e9-4808-ab85-b25bf7f63666",
                "volume_size": 45,
                "volume_type": ""
              }
            ],
            "config_drive": null,
            "flavor_id": "0d282a6d-d770-4f46-b059-5ca291489578",
            "flavor_name": "medium",
            "floating_ip": null,
            "force_delete": false,
            "id": "eea6e2f5-0fbf-4c4d-b295-e42c33386691",
            "image_id": "Attempt to boot from volume - no image supplied",
            "image_name": null,
            "key_pair": "",
            "metadata": null,
            "name": "pc.blueteam.thanksgiving.dinner",
            "network": [
              {
                "access_network": false,
                "fixed_ip_v4": "10.1.0.2",
                "fixed_ip_v6": "",
                "floating_ip": "",
                "mac": "fa:16:3e:91:dc:33",
                "name": "Blueteam Homelab",
                "port": "ebc63098-a20b-4add-81c6-c260009fe0e3",
                "uuid": "012b15d2-f229-4319-be29-fb4ab7e4ecac"
              }
            ],
            "network_mode": null,
            "personality": [],
            "power_state": "active",
            "region": "",
            "scheduler_hints": [],
            "security_groups": [
              "Blueteam Homelab Secgroup",
              "default"
            ],
            "stop_before_destroy": false,
            "tags": [
              "blueteam-pc",
              "homelab",
              "project-ThanksgivingThrowdown-blueteam",
              "project-management"
            ],
            "timeouts": null,
            "user_data": "6ad8d2d12965f92d5c9a9200af1c54d7f3374611",
            "vendor_options": [],
            "volume": []
          },
          "sensitive_attributes": [],
          "private": "eyJlMmJmYjczMC1lY2FhLTExZTYtOGY4OC0zNDM2M2JjN2M0YzAiOnsiY3JlYXRlIjoxODAwMDAwMDAwMDAwLCJkZWxldGUiOjE4MDAwMDAwMDAwMDAsInVwZGF0ZSI6MTgwMDAwMDAwMDAwMH19",
          "dependencies": [
            "data.openstack_compute_flavor_v2.flavor_linux_small",
            "data.openstack_compute_flavor_v2.flavor_windows_medium",
            "data.openstack_images_image_v2.image_linux_raspios",
            "data.openstack_images_image_v2.image_linux_ubuntu",
            "data.openstack_images_image_v2.image_windows_10",
            "data.openstack_images_image_v2.image_windows_2019",
            "module.homelab.data.openstack_identity_project_v3.management_project",
            "module.homelab.data.openstack_networking_secgroup_v2.default_secgroup",
            "module.homelab.openstack_blockstorage_volume_v3.team_volumes",
            "module.homelab.openstack_networking_network_v2.blueteam_homelab",
            "module.homelab.openstack_networking_port_v2.dc_port",
            "module.homelab.openstack_networking_port_v2.media_port",
            "module.homelab.openstack_networking_port_v2.pc_port",
            "module.homelab.openstack_networking_port_v2.pihole_port",
            "module.homelab.openstack_networking_secgroup_v2.blueteam_homelab_secgroup",
            "module.homelab.openstack_networking_secgroup_v2.blueteam_jumpbox_secgroup",
            "module.homelab.openstack_networking_subnet_v2.blueteam_homelab_subnet"
          ]
        },
        {
          "index_key": "pihole",
          "schema_version": 0,
          "attributes": {
            "access_ip_v4": "10.1.0.4",
            "access_ip_v6": "",
            "admin_pass": null,
            "all_metadata": {},
            "all_tags": [
              "blueteam-pihole",
              "homelab",
              "project-ThanksgivingThrowdown-blueteam",
              "project-management"
            ],
            "availability_zone": "host08",
            "availability_zone_hints": null,
            "block_device": [
              {
                "boot_index": 0,
                "delete_on_termination": true,
                "destination_type": "volume",
                "device_type": "",
                "disk_bus": "",
                "guest_format": "",
                "source_type": "volume",
                "uuid": "80cf5f4e-2579-4f36-8e7f-7d71dd35d6a4",
                "volume_size": 30,
                "volume_type": ""
              }
            ],
            "config_drive": null,
            "flavor_id": "5f964abc-866f-4d79-8aae-f9460cfb28d7",
            "flavor_name": "small",
            "floating_ip": null,
            "force_delete": false,
            "id": "fd3cb5e9-2327-4b19-8b50-6c89001f6037",
            "image_id": "Attempt to boot from volume - no image supplied",
            "image_name": null,
            "key_pair": "",
            "metadata": null,
            "name": "pihole.blueteam.thanksgiving.dinner",
            "network": [
              {
                "access_network": false,
                "fixed_ip_v4": "10.1.0.4",
                "fixed_ip_v6": "",
                "floating_ip": "",
                "mac": "fa:16:3e:e9:13:2e",
                "name": "Blueteam Homelab",
                "port": "7e0177ae-d18d-4b39-80ae-686761f4d647",
                "uuid": "012b15d2-f229-4319-be29-fb4ab7e4ecac"
              }
            ],
            "network_mode": null,
            "personality": [],
            "power_state": "active",
            "region": "",
            "scheduler_hints": [],
            "security_groups": [
              "Blueteam Homelab Secgroup",
              "default"
            ],
            "stop_before_destroy": false,
            "tags": [
              "blueteam-pihole",
              "homelab",
              "project-ThanksgivingThrowdown-blueteam",
              "project-management"
            ],
            "timeouts": null,
            "user_data": null,
            "vendor_options": [],
            "volume": []
          },
          "sensitive_attributes": [],
          "private": "eyJlMmJmYjczMC1lY2FhLTExZTYtOGY4OC0zNDM2M2JjN2M0YzAiOnsiY3JlYXRlIjoxODAwMDAwMDAwMDAwLCJkZWxldGUiOjE4MDAwMDAwMDAwMDAsInVwZGF0ZSI6MTgwMDAwMDAwMDAwMH19",
          "dependencies": [
            "data.openstack_compute_flavor_v2.flavor_linux_small",
            "data.openstack_compute_flavor_v2.flavor_windows_medium",
            "data.openstack_images_image_v2.image_linux_raspios",
            "data.openstack_images_image_v2.image_linux_ubuntu",
            "data.openstack_images_image_v2.image_windows_10",
            "data.openstack_images_image_v2.image_windows_2019",
            "module.homelab.data.openstack_identity_project_v3.management_project",
            "module.homelab.data.openstack_networking_secgroup_v2.default_secgroup",
            "module.homelab.openstack_blockstorage_volume_v3.team_volumes",
            "module.homelab.openstack_networking_network_v2.blueteam_homelab",
            "module.homelab.openstack_networking_port_v2.dc_port",
            "module.homelab.openstack_networking_port_v2.media_port",
            "module.homelab.openstack_networking_port_v2.pc_port",
            "module.homelab.openstack_networking_port_v2.pihole_port",
            "module.homelab.openstack_networking_secgroup_v2.blueteam_homelab_secgroup",
            "module.homelab.openstack_networking_secgroup_v2.blueteam_jumpbox_secgroup",
            "module.homelab.openstack_networking_subnet_v2.blueteam_homelab_subnet"
          ]
        }
      ]
    },
    {
      "module": "module.homelab",
      "mode": "managed",
      "type": "openstack_networking_network_v2",
      "name": "blueteam_homelab",
      "provider": "provider[\"registry.terraform.io/terraform-provider-openstack/openstack\"]",
      "instances": [
        {
          "schema_version": 0,
          "attributes": {
            "admin_state_up": true,
            "all_tags": [],
            "availability_zone_hints": [],
            "description": "",
            "dns_domain": "",
            "external": false,
            "id": "012b15d2-f229-4319-be29-fb4ab7e4ecac",
            "mtu": 8942,
            "name": "Blueteam Homelab",
            "port_security_enabled": true,
            "qos_policy_id": "",
            "region": "",
            "segments": [],
            "shared": false,
            "tags": null,
            "tenant_id": "a04419c07de1428ba9f58093b1b52ef3",
            "timeouts": null,
            "transparent_vlan": false,
            "value_specs": null
          },
          "sensitive_attributes": [],
          "private": "eyJlMmJmYjczMC1lY2FhLTExZTYtOGY4OC0zNDM2M2JjN2M0YzAiOnsiY3JlYXRlIjo2MDAwMDAwMDAwMDAsImRlbGV0ZSI6NjAwMDAwMDAwMDAwfX0="
        }
      ]
    },
    {
      "module": "module.homelab",
      "mode": "managed",
      "type": "openstack_networking_port_v2",
      "name": "blueteam_homelab_subnet_port",
      "provider": "provider[\"registry.terraform.io/terraform-provider-openstack/openstack\"]",
      "instances": [
        {
          "schema_version": 0,
          "attributes": {
            "admin_state_up": true,
            "all_fixed_ips": [
              "10.1.0.254"
            ],
            "all_security_group_ids": [],
            "all_tags": [],
            "allowed_address_pairs": [],
            "binding": [
              {
                "host_id": "",
                "profile": "",
                "vif_details": {},
                "vif_type": "",
                "vnic_type": "normal"
              }
            ],
            "description": "",
            "device_id": "",
            "device_owner": "",
            "dns_assignment": [],
            "dns_name": "",
            "extra_dhcp_option": [],
            "fixed_ip": [
              {
                "ip_address": "10.1.0.254",
                "subnet_id": "281b5dc4-6b91-40e7-b019-37c1c8ff293c"
              }
            ],
            "id": "fcc59d14-577f-4dda-bd67-c0d7c65e788a",
            "mac_address": "fa:16:3e:ff:4b:cb",
            "name": "Blueteam Homelab Port",
            "network_id": "012b15d2-f229-4319-be29-fb4ab7e4ecac",
            "no_fixed_ip": null,
            "no_security_groups": null,
            "port_security_enabled": false,
            "qos_policy_id": "",
            "region": "",
            "security_group_ids": null,
            "tags": null,
            "tenant_id": "a04419c07de1428ba9f58093b1b52ef3",
            "timeouts": null,
            "value_specs": null
          },
          "sensitive_attributes": [],
          "private": "eyJlMmJmYjczMC1lY2FhLTExZTYtOGY4OC0zNDM2M2JjN2M0YzAiOnsiY3JlYXRlIjo2MDAwMDAwMDAwMDAsImRlbGV0ZSI6NjAwMDAwMDAwMDAwfX0=",
          "dependencies": [
            "module.homelab.openstack_networking_network_v2.blueteam_homelab",
            "module.homelab.openstack_networking_subnet_v2.blueteam_homelab_subnet"
          ]
        }
      ]
    },
    {
      "module": "module.homelab",
      "mode": "managed",
      "type": "openstack_networking_port_v2",
      "name": "dc_port",
      "provider": "provider[\"registry.terraform.io/terraform-provider-openstack/openstack\"]",
      "instances": [
        {
          "schema_version": 0,
          "attributes": {
            "admin_state_up": true,
            "all_fixed_ips": [
              "10.1.0.1"
            ],
            "all_security_group_ids": [
              "2a57c2dc-875b-4cb5-9291-638466e40b49",
              "df7d77a2-adf9-433c-9e4f-240ebebb8ed5"
            ],
            "all_tags": [],
            "allowed_address_pairs": [],
            "binding": [
              {
                "host_id": "",
                "profile": "",
                "vif_details": {},
                "vif_type": "",
                "vnic_type": "normal"
              }
            ],
            "description": "",
            "device_id": "",
            "device_owner": "",
            "dns_assignment": [],
            "dns_name": "",
            "extra_dhcp_option": [],
            "fixed_ip": [
              {
                "ip_address": "10.1.0.1",
                "subnet_id": "281b5dc4-6b91-40e7-b019-37c1c8ff293c"
              }
            ],
            "id": "68738234-a6be-44ac-839e-151c6489d220",
            "mac_address": "fa:16:3e:57:ee:44",
            "name": "Blueteam Homelab Domain Controller",
            "network_id": "012b15d2-f229-4319-be29-fb4ab7e4ecac",
            "no_fixed_ip": null,
            "no_security_groups": null,
            "port_security_enabled": true,
            "qos_policy_id": "",
            "region": "",
            "security_group_ids": [
              "2a57c2dc-875b-4cb5-9291-638466e40b49",
              "df7d77a2-adf9-433c-9e4f-240ebebb8ed5"
            ],
            "tags": null,
            "tenant_id": "a04419c07de1428ba9f58093b1b52ef3",
            "timeouts": null,
            "value_specs": null
          },
          "sensitive_attributes": [],
          "private": "eyJlMmJmYjczMC1lY2FhLTExZTYtOGY4OC0zNDM2M2JjN2M0YzAiOnsiY3JlYXRlIjo2MDAwMDAwMDAwMDAsImRlbGV0ZSI6NjAwMDAwMDAwMDAwfX0=",
          "dependencies": [
            "module.homelab.data.openstack_identity_project_v3.management_project",
            "module.homelab.data.openstack_networking_secgroup_v2.default_secgroup",
            "module.homelab.openstack_networking_network_v2.blueteam_homelab",
            "module.homelab.openstack_networking_secgroup_v2.blueteam_homelab_secgroup",
            "module.homelab.openstack_networking_secgroup_v2.blueteam_jumpbox_secgroup",
            "module.homelab.openstack_networking_subnet_v2.blueteam_homelab_subnet"
          ]
        }
      ]
    },
    {
      "module": "module.homelab",
      "mode": "managed",
      "type": "openstack_networking_port_v2",
      "name": "media_port",
      "provider": "provider[\"registry.terraform.io/terraform-provider-openstack/openstack\"]",
      "instances": [
        {
          "schema_version": 0,
          "attributes": {
            "admin_state_up": true,
            "all_fixed_ips": [
              "10.1.0.3"
            ],
            "all_security_group_ids": [
              "2a57c2dc-875b-4cb5-9291-638466e40b49",
              "df7d77a2-adf9-433c-9e4f-240ebebb8ed5"
            ],
            "all_tags": [],
            "allowed_address_pairs": [],
            "binding": [
              {
                "host_id": "",
                "profile": "",
                "vif_details": {},
                "vif_type": "",
                "vnic_type": "normal"
              }
            ],
            "description": "",
            "device_id": "",
            "device_owner": "",
            "dns_assignment": [],
            "dns_name": "",
            "extra_dhcp_option": [],
            "fixed_ip": [
              {
                "ip_address": "10.1.0.3",
                "subnet_id": "281b5dc4-6b91-40e7-b019-37c1c8ff293c"
              }
            ],
            "id": "c5df985b-c3a1-4fb8-b059-11edc5a23399",
            "mac_address": "fa:16:3e:30:0d:ea",
            "name": "Blueteam Homelab Media",
            "network_id": "012b15d2-f229-4319-be29-fb4ab7e4ecac",
            "no_fixed_ip": null,
            "no_security_groups": null,
            "port_security_enabled": true,
            "qos_policy_id": "",
            "region": "",
            "security_group_ids": [
              "2a57c2dc-875b-4cb5-9291-638466e40b49",
              "df7d77a2-adf9-433c-9e4f-240ebebb8ed5"
            ],
            "tags": null,
            "tenant_id": "a04419c07de1428ba9f58093b1b52ef3",
            "timeouts": null,
            "value_specs": null
          },
          "sensitive_attributes": [],
          "private": "eyJlMmJmYjczMC1lY2FhLTExZTYtOGY4OC0zNDM2M2JjN2M0YzAiOnsiY3JlYXRlIjo2MDAwMDAwMDAwMDAsImRlbGV0ZSI6NjAwMDAwMDAwMDAwfX0=",
          "dependencies": [
            "module.homelab.data.openstack_identity_project_v3.management_project",
            "module.homelab.data.openstack_networking_secgroup_v2.default_secgroup",
            "module.homelab.openstack_networking_network_v2.blueteam_homelab",
            "module.homelab.openstack_networking_secgroup_v2.blueteam_homelab_secgroup",
            "module.homelab.openstack_networking_secgroup_v2.blueteam_jumpbox_secgroup",
            "module.homelab.openstack_networking_subnet_v2.blueteam_homelab_subnet"
          ]
        }
      ]
    },
    {
      "module": "module.homelab",
      "mode": "managed",
      "type": "openstack_networking_port_v2",
      "name": "pc_port",
      "provider": "provider[\"registry.terraform.io/terraform-provider-openstack/openstack\"]",
      "instances": [
        {
          "schema_version": 0,
          "attributes": {
            "admin_state_up": true,
            "all_fixed_ips": [
              "10.1.0.2"
            ],
            "all_security_group_ids": [
              "2a57c2dc-875b-4cb5-9291-638466e40b49",
              "df7d77a2-adf9-433c-9e4f-240ebebb8ed5"
            ],
            "all_tags": [],
            "allowed_address_pairs": [],
            "binding": [
              {
                "host_id": "",
                "profile": "",
                "vif_details": {},
                "vif_type": "",
                "vnic_type": "normal"
              }
            ],
            "description": "",
            "device_id": "",
            "device_owner": "",
            "dns_assignment": [],
            "dns_name": "",
            "extra_dhcp_option": [],
            "fixed_ip": [
              {
                "ip_address": "10.1.0.2",
                "subnet_id": "281b5dc4-6b91-40e7-b019-37c1c8ff293c"
              }
            ],
            "id": "ebc63098-a20b-4add-81c6-c260009fe0e3",
            "mac_address": "fa:16:3e:91:dc:33",
            "name": "Blueteam Homelab Personal Computer",
            "network_id": "012b15d2-f229-4319-be29-fb4ab7e4ecac",
            "no_fixed_ip": null,
            "no_security_groups": null,
            "port_security_enabled": true,
            "qos_policy_id": "",
            "region": "",
            "security_group_ids": [
              "2a57c2dc-875b-4cb5-9291-638466e40b49",
              "df7d77a2-adf9-433c-9e4f-240ebebb8ed5"
            ],
            "tags": null,
            "tenant_id": "a04419c07de1428ba9f58093b1b52ef3",
            "timeouts": null,
            "value_specs": null
          },
          "sensitive_attributes": [],
          "private": "eyJlMmJmYjczMC1lY2FhLTExZTYtOGY4OC0zNDM2M2JjN2M0YzAiOnsiY3JlYXRlIjo2MDAwMDAwMDAwMDAsImRlbGV0ZSI6NjAwMDAwMDAwMDAwfX0=",
          "dependencies": [
            "module.homelab.data.openstack_identity_project_v3.management_project",
            "module.homelab.data.openstack_networking_secgroup_v2.default_secgroup",
            "module.homelab.openstack_networking_network_v2.blueteam_homelab",
            "module.homelab.openstack_networking_secgroup_v2.blueteam_homelab_secgroup",
            "module.homelab.openstack_networking_secgroup_v2.blueteam_jumpbox_secgroup",
            "module.homelab.openstack_networking_subnet_v2.blueteam_homelab_subnet"
          ]
        }
      ]
    },
    {
      "module": "module.homelab",
      "mode": "managed",
      "type": "openstack_networking_port_v2",
      "name": "pihole_port",
      "provider": "provider[\"registry.terraform.io/terraform-provider-openstack/openstack\"]",
      "instances": [
        {
          "schema_version": 0,
          "attributes": {
            "admin_state_up": true,
            "all_fixed_ips": [
              "10.1.0.4"
            ],
            "all_security_group_ids": [
              "2a57c2dc-875b-4cb5-9291-638466e40b49",
              "df7d77a2-adf9-433c-9e4f-240ebebb8ed5"
            ],
            "all_tags": [],
            "allowed_address_pairs": [],
            "binding": [
              {
                "host_id": "",
                "profile": "",
                "vif_details": {},
                "vif_type": "",
                "vnic_type": "normal"
              }
            ],
            "description": "",
            "device_id": "",
            "device_owner": "",
            "dns_assignment": [],
            "dns_name": "",
            "extra_dhcp_option": [],
            "fixed_ip": [
              {
                "ip_address": "10.1.0.4",
                "subnet_id": "281b5dc4-6b91-40e7-b019-37c1c8ff293c"
              }
            ],
            "id": "7e0177ae-d18d-4b39-80ae-686761f4d647",
            "mac_address": "fa:16:3e:e9:13:2e",
            "name": "Blueteam Homelab Pihole",
            "network_id": "012b15d2-f229-4319-be29-fb4ab7e4ecac",
            "no_fixed_ip": null,
            "no_security_groups": null,
            "port_security_enabled": true,
            "qos_policy_id": "",
            "region": "",
            "security_group_ids": [
              "2a57c2dc-875b-4cb5-9291-638466e40b49",
              "df7d77a2-adf9-433c-9e4f-240ebebb8ed5"
            ],
            "tags": null,
            "tenant_id": "a04419c07de1428ba9f58093b1b52ef3",
            "timeouts": null,
            "value_specs": null
          },
          "sensitive_attributes": [],
          "private": "eyJlMmJmYjczMC1lY2FhLTExZTYtOGY4OC0zNDM2M2JjN2M0YzAiOnsiY3JlYXRlIjo2MDAwMDAwMDAwMDAsImRlbGV0ZSI6NjAwMDAwMDAwMDAwfX0=",
          "dependencies": [
            "module.homelab.data.openstack_identity_project_v3.management_project",
            "module.homelab.data.openstack_networking_secgroup_v2.default_secgroup",
            "module.homelab.openstack_networking_network_v2.blueteam_homelab",
            "module.homelab.openstack_networking_secgroup_v2.blueteam_homelab_secgroup",
            "module.homelab.openstack_networking_secgroup_v2.blueteam_jumpbox_secgroup",
            "module.homelab.openstack_networking_subnet_v2.blueteam_homelab_subnet"
          ]
        }
      ]
    },
    {
      "module": "module.homelab",
      "mode": "managed",
      "type": "openstack_networking_router_interface_v2",
      "name": "blueteam_homelab_interface",
      "provider": "provider[\"registry.terraform.io/terraform-provider-openstack/openstack\"]",
      "instances": [
        {
          "schema_version": 0,
          "attributes": {
            "id": "fcc59d14-577f-4dda-bd67-c0d7c65e788a",
            "port_id": "fcc59d14-577f-4dda-bd67-c0d7c65e788a",
            "region": "",
            "router_id": "647b1cb6-6c3b-4b30-8158-9437904b0746",
            "subnet_id": "281b5dc4-6b91-40e7-b019-37c1c8ff293c",
            "timeouts": null
          },
          "sensitive_attributes": [],
          "private": "eyJlMmJmYjczMC1lY2FhLTExZTYtOGY4OC0zNDM2M2JjN2M0YzAiOnsiY3JlYXRlIjo2MDAwMDAwMDAwMDAsImRlbGV0ZSI6NjAwMDAwMDAwMDAwfX0=",
          "dependencies": [
            "module.homelab.data.openstack_networking_router_v2.core_router",
            "module.homelab.openstack_networking_network_v2.blueteam_homelab",
            "module.homelab.openstack_networking_port_v2.blueteam_homelab_subnet_port",
            "module.homelab.openstack_networking_subnet_v2.blueteam_homelab_subnet"
          ]
        }
      ]
    },
    {
      "module": "module.homelab",
      "mode": "managed",
      "type": "openstack_networking_secgroup_rule_v2",
      "name": "blueteam_homelab_secgroup_rule",
      "provider": "provider[\"registry.terraform.io/terraform-provider-openstack/openstack\"]",
      "instances": [
        {
          "index_key": "ssh",
          "schema_version": 0,
          "attributes": {
            "description": "ssh",
            "direction": "ingress",
            "ethertype": "IPv4",
            "id": "f91b60f5-0426-43f6-a0cb-022f9c964377",
            "port_range_max": 22,
            "port_range_min": 22,
            "protocol": "tcp",
            "region": "",
            "remote_group_id": "",
            "remote_ip_prefix": "",
            "security_group_id": "2a57c2dc-875b-4cb5-9291-638466e40b49",
            "tenant_id": "a04419c07de1428ba9f58093b1b52ef3",
            "timeouts": null
          },
          "sensitive_attributes": [],
          "private": "eyJlMmJmYjczMC1lY2FhLTExZTYtOGY4OC0zNDM2M2JjN2M0YzAiOnsiZGVsZXRlIjo2MDAwMDAwMDAwMDB9fQ==",
          "dependencies": [
            "module.homelab.data.openstack_identity_project_v3.management_project",
            "module.homelab.openstack_networking_secgroup_v2.blueteam_homelab_secgroup"
          ]
        }
      ]
    },
    {
      "module": "module.homelab",
      "mode": "managed",
      "type": "openstack_networking_secgroup_rule_v2",
      "name": "redteam_jumpbox_secgroup_rule",
      "provider": "provider[\"registry.terraform.io/terraform-provider-openstack/openstack\"]",
      "instances": [
        {
          "index_key": "ssh",
          "schema_version": 0,
          "attributes": {
            "description": "ssh",
            "direction": "ingress",
            "ethertype": "IPv4",
            "id": "6012a473-efe8-4852-b13a-58777e34cbfb",
            "port_range_max": 22,
            "port_range_min": 22,
            "protocol": "tcp",
            "region": "",
            "remote_group_id": "",
            "remote_ip_prefix": "",
            "security_group_id": "c1ed748b-7bba-4976-a9c0-7124d8edd54f",
            "tenant_id": "a04419c07de1428ba9f58093b1b52ef3",
            "timeouts": null
          },
          "sensitive_attributes": [],
          "private": "eyJlMmJmYjczMC1lY2FhLTExZTYtOGY4OC0zNDM2M2JjN2M0YzAiOnsiZGVsZXRlIjo2MDAwMDAwMDAwMDB9fQ==",
          "dependencies": [
            "module.homelab.data.openstack_identity_project_v3.management_project",
            "module.homelab.openstack_networking_secgroup_v2.blueteam_jumpbox_secgroup"
          ]
        }
      ]
    },
    {
      "module": "module.homelab",
      "mode": "managed",
      "type": "openstack_networking_secgroup_v2",
      "name": "blueteam_homelab_secgroup",
      "provider": "provider[\"registry.terraform.io/terraform-provider-openstack/openstack\"]",
      "instances": [
        {
          "schema_version": 0,
          "attributes": {
            "all_tags": [],
            "delete_default_rules": null,
            "description": "",
            "id": "2a57c2dc-875b-4cb5-9291-638466e40b49",
            "name": "Blueteam Homelab Secgroup",
            "region": "",
            "tags": null,
            "tenant_id": "a04419c07de1428ba9f58093b1b52ef3",
            "timeouts": null
          },
          "sensitive_attributes": [],
          "private": "eyJlMmJmYjczMC1lY2FhLTExZTYtOGY4OC0zNDM2M2JjN2M0YzAiOnsiZGVsZXRlIjo2MDAwMDAwMDAwMDB9fQ==",
          "dependencies": [
            "module.homelab.data.openstack_identity_project_v3.management_project"
          ]
        }
      ]
    },
    {
      "module": "module.homelab",
      "mode": "managed",
      "type": "openstack_networking_secgroup_v2",
      "name": "blueteam_jumpbox_secgroup",
      "provider": "provider[\"registry.terraform.io/terraform-provider-openstack/openstack\"]",
      "instances": [
        {
          "schema_version": 0,
          "attributes": {
            "all_tags": [],
            "delete_default_rules": null,
            "description": "",
            "id": "c1ed748b-7bba-4976-a9c0-7124d8edd54f",
            "name": "Blueteam Jumpbox Secgroup",
            "region": "",
            "tags": null,
            "tenant_id": "a04419c07de1428ba9f58093b1b52ef3",
            "timeouts": null
          },
          "sensitive_attributes": [],
          "private": "eyJlMmJmYjczMC1lY2FhLTExZTYtOGY4OC0zNDM2M2JjN2M0YzAiOnsiZGVsZXRlIjo2MDAwMDAwMDAwMDB9fQ==",
          "dependencies": [
            "module.homelab.data.openstack_identity_project_v3.management_project"
          ]
        }
      ]
    },
    {
      "module": "module.homelab",
      "mode": "managed",
      "type": "openstack_networking_subnet_v2",
      "name": "blueteam_homelab_subnet",
      "provider": "provider[\"registry.terraform.io/terraform-provider-openstack/openstack\"]",
      "instances": [
        {
          "schema_version": 0,
          "attributes": {
            "all_tags": [],
            "allocation_pool": [
              {
                "end": "10.1.0.250",
                "start": "10.1.0.200"
              }
            ],
            "allocation_pools": [
              {
                "end": "10.1.0.250",
                "start": "10.1.0.200"
              }
            ],
            "cidr": "10.1.0.0/24",
            "description": "",
            "dns_nameservers": [
              "1.1.1.1",
              "1.0.0.1"
            ],
            "enable_dhcp": true,
            "gateway_ip": "10.1.0.254",
            "host_routes": [],
            "id": "281b5dc4-6b91-40e7-b019-37c1c8ff293c",
            "ip_version": 4,
            "ipv6_address_mode": "",
            "ipv6_ra_mode": "",
            "name": "Blueteam Homelab Subnet",
            "network_id": "012b15d2-f229-4319-be29-fb4ab7e4ecac",
            "no_gateway": false,
            "prefix_length": null,
            "region": "",
            "subnetpool_id": "",
            "tags": null,
            "tenant_id": "a04419c07de1428ba9f58093b1b52ef3",
            "timeouts": null,
            "value_specs": null
          },
          "sensitive_attributes": [],
          "private": "eyJlMmJmYjczMC1lY2FhLTExZTYtOGY4OC0zNDM2M2JjN2M0YzAiOnsiY3JlYXRlIjo2MDAwMDAwMDAwMDAsImRlbGV0ZSI6NjAwMDAwMDAwMDAwfX0=",
          "dependencies": [
            "module.homelab.openstack_networking_network_v2.blueteam_homelab"
          ]
        }
      ]
    },
    {
      "module": "module.kitchen",
      "mode": "data",
      "type": "openstack_identity_project_v3",
      "name": "management_project",
      "provider": "provider[\"registry.terraform.io/terraform-provider-openstack/openstack\"]",
      "instances": [
        {
          "schema_version": 0,
          "attributes": {
            "description": "Project to build infrastructure for competition",
            "domain_id": "default",
            "enabled": true,
            "id": "a04419c07de1428ba9f58093b1b52ef3",
            "is_domain": false,
            "name": "charlie-infra",
            "parent_id": "default",
            "region": null,
            "tags": []
          },
          "sensitive_attributes": []
        }
      ]
    },
    {
      "module": "module.kitchen",
      "mode": "data",
      "type": "openstack_networking_network_v2",
      "name": "competition_cloud_network",
      "provider": "provider[\"registry.terraform.io/terraform-provider-openstack/openstack\"]",
      "instances": [
        {
          "schema_version": 0,
          "attributes": {
            "admin_state_up": "true",
            "all_tags": [],
            "availability_zone_hints": [],
            "description": "",
            "dns_domain": "",
            "external": false,
            "id": "1aae7bb1-3fbc-4e84-a2d4-8ada103b4b63",
            "matching_subnet_cidr": null,
            "mtu": 8942,
            "name": "Competition Cloud Network",
            "network_id": null,
            "region": "",
            "shared": "false",
            "status": null,
            "subnets": [
              "3f19ac45-ceb7-4413-95c9-f7f36b73e2c9",
              "6580a222-3ae6-4e32-a9ea-93a69e3a5cc8"
            ],
            "tags": null,
            "tenant_id": "a04419c07de1428ba9f58093b1b52ef3",
            "transparent_vlan": false
          },
          "sensitive_attributes": []
        }
      ]
    },
    {
      "module": "module.kitchen",
      "mode": "data",
      "type": "openstack_networking_router_v2",
      "name": "core_router",
      "provider": "provider[\"registry.terraform.io/terraform-provider-openstack/openstack\"]",
      "instances": [
        {
          "schema_version": 0,
          "attributes": {
            "admin_state_up": true,
            "all_tags": [],
            "availability_zone_hints": [],
            "description": "",
            "distributed": false,
            "enable_snat": true,
            "external_fixed_ip": [
              {
                "ip_address": "129.21.249.111",
                "subnet_id": "69f14ecc-2bad-412e-abf1-24c90da9be5e"
              }
            ],
            "external_network_id": "d96988a6-c388-4032-8067-0b89d572cad0",
            "id": "647b1cb6-6c3b-4b30-8158-9437904b0746",
            "name": "Core Router",
            "region": "",
            "router_id": null,
            "status": "ACTIVE",
            "tags": null,
            "tenant_id": "a04419c07de1428ba9f58093b1b52ef3"
          },
          "sensitive_attributes": []
        }
      ]
    },
    {
      "module": "module.kitchen",
      "mode": "data",
      "type": "openstack_networking_secgroup_v2",
      "name": "default_secgroup",
      "provider": "provider[\"registry.terraform.io/terraform-provider-openstack/openstack\"]",
      "instances": [
        {
          "schema_version": 0,
          "attributes": {
            "all_tags": [],
            "description": "Default security group",
            "id": "df7d77a2-adf9-433c-9e4f-240ebebb8ed5",
            "name": "default",
            "region": "",
            "secgroup_id": "df7d77a2-adf9-433c-9e4f-240ebebb8ed5",
            "tags": null,
            "tenant_id": "a04419c07de1428ba9f58093b1b52ef3"
          },
          "sensitive_attributes": []
        }
      ]
    },
    {
      "module": "module.kitchen",
      "mode": "managed",
      "type": "openstack_blockstorage_volume_v3",
      "name": "team_volumes",
      "provider": "provider[\"registry.terraform.io/terraform-provider-openstack/openstack\"]",
      "instances": [
        {
          "index_key": "cabinet",
          "schema_version": 0,
          "attributes": {
            "attachment": [],
            "availability_zone": "nova",
            "consistency_group_id": null,
            "description": "",
            "enable_online_resize": null,
            "id": "dc9db79d-dd07-4f83-ba99-d14ea186e129",
            "image_id": "702498df-f1c3-4d79-8e18-625b872217c4",
            "metadata": {},
            "multiattach": null,
            "name": "cabinet.blueteam.thanksgiving.dinner-volume",
            "region": "",
            "scheduler_hints": [],
            "size": 20,
            "snapshot_id": "",
            "source_replica": null,
            "source_vol_id": "",
            "timeouts": {
              "create": "30m",
              "delete": null
            },
            "volume_type": "__DEFAULT__"
          },
          "sensitive_attributes": [],
          "private": "eyJlMmJmYjczMC1lY2FhLTExZTYtOGY4OC0zNDM2M2JjN2M0YzAiOnsiY3JlYXRlIjoxODAwMDAwMDAwMDAwLCJkZWxldGUiOjYwMDAwMDAwMDAwMH19",
          "dependencies": [
            "data.openstack_compute_flavor_v2.flavor_linux_tiny",
            "data.openstack_images_image_v2.image_linux_openwrt"
          ]
        },
        {
          "index_key": "freezer",
          "schema_version": 0,
          "attributes": {
            "attachment": [],
            "availability_zone": "nova",
            "consistency_group_id": null,
            "description": "",
            "enable_online_resize": null,
            "id": "182ffe5c-1b16-41a8-8d4c-8270b401eb4c",
            "image_id": "702498df-f1c3-4d79-8e18-625b872217c4",
            "metadata": {},
            "multiattach": null,
            "name": "freezer.blueteam.thanksgiving.dinner-volume",
            "region": "",
            "scheduler_hints": [],
            "size": 20,
            "snapshot_id": "",
            "source_replica": null,
            "source_vol_id": "",
            "timeouts": {
              "create": "30m",
              "delete": null
            },
            "volume_type": "__DEFAULT__"
          },
          "sensitive_attributes": [],
          "private": "eyJlMmJmYjczMC1lY2FhLTExZTYtOGY4OC0zNDM2M2JjN2M0YzAiOnsiY3JlYXRlIjoxODAwMDAwMDAwMDAwLCJkZWxldGUiOjYwMDAwMDAwMDAwMH19",
          "dependencies": [
            "data.openstack_compute_flavor_v2.flavor_linux_tiny",
            "data.openstack_images_image_v2.image_linux_openwrt"
          ]
        },
        {
          "index_key": "fridge",
          "schema_version": 0,
          "attributes": {
            "attachment": [],
            "availability_zone": "nova",
            "consistency_group_id": null,
            "description": "",
            "enable_online_resize": null,
            "id": "00a39fe6-08d3-4439-a596-46e6dc8ca5d7",
            "image_id": "702498df-f1c3-4d79-8e18-625b872217c4",
            "metadata": {},
            "multiattach": null,
            "name": "fridge.blueteam.thanksgiving.dinner-volume",
            "region": "",
            "scheduler_hints": [],
            "size": 20,
            "snapshot_id": "",
            "source_replica": null,
            "source_vol_id": "",
            "timeouts": {
              "create": "30m",
              "delete": null
            },
            "volume_type": "__DEFAULT__"
          },
          "sensitive_attributes": [],
          "private": "eyJlMmJmYjczMC1lY2FhLTExZTYtOGY4OC0zNDM2M2JjN2M0YzAiOnsiY3JlYXRlIjoxODAwMDAwMDAwMDAwLCJkZWxldGUiOjYwMDAwMDAwMDAwMH19",
          "dependencies": [
            "data.openstack_compute_flavor_v2.flavor_linux_tiny",
            "data.openstack_images_image_v2.image_linux_openwrt"
          ]
        },
        {
          "index_key": "lights",
          "schema_version": 0,
          "attributes": {
            "attachment": [],
            "availability_zone": "nova",
            "consistency_group_id": null,
            "description": "",
            "enable_online_resize": null,
            "id": "06a0756d-9ddc-4a9d-bde8-1f02b442466c",
            "image_id": "702498df-f1c3-4d79-8e18-625b872217c4",
            "metadata": {},
            "multiattach": null,
            "name": "lights.blueteam.thanksgiving.dinner-volume",
            "region": "",
            "scheduler_hints": [],
            "size": 20,
            "snapshot_id": "",
            "source_replica": null,
            "source_vol_id": "",
            "timeouts": {
              "create": "30m",
              "delete": null
            },
            "volume_type": "__DEFAULT__"
          },
          "sensitive_attributes": [],
          "private": "eyJlMmJmYjczMC1lY2FhLTExZTYtOGY4OC0zNDM2M2JjN2M0YzAiOnsiY3JlYXRlIjoxODAwMDAwMDAwMDAwLCJkZWxldGUiOjYwMDAwMDAwMDAwMH19",
          "dependencies": [
            "data.openstack_compute_flavor_v2.flavor_linux_tiny",
            "data.openstack_images_image_v2.image_linux_openwrt"
          ]
        },
        {
          "index_key": "oven",
          "schema_version": 0,
          "attributes": {
            "attachment": [],
            "availability_zone": "nova",
            "consistency_group_id": null,
            "description": "",
            "enable_online_resize": null,
            "id": "f2fb320e-7dbe-4dca-acd0-f8b67e594b14",
            "image_id": "702498df-f1c3-4d79-8e18-625b872217c4",
            "metadata": {},
            "multiattach": null,
            "name": "oven.blueteam.thanksgiving.dinner-volume",
            "region": "",
            "scheduler_hints": [],
            "size": 20,
            "snapshot_id": "",
            "source_replica": null,
            "source_vol_id": "",
            "timeouts": {
              "create": "30m",
              "delete": null
            },
            "volume_type": "__DEFAULT__"
          },
          "sensitive_attributes": [],
          "private": "eyJlMmJmYjczMC1lY2FhLTExZTYtOGY4OC0zNDM2M2JjN2M0YzAiOnsiY3JlYXRlIjoxODAwMDAwMDAwMDAwLCJkZWxldGUiOjYwMDAwMDAwMDAwMH19",
          "dependencies": [
            "data.openstack_compute_flavor_v2.flavor_linux_tiny",
            "data.openstack_images_image_v2.image_linux_openwrt"
          ]
        }
      ]
    },
    {
      "module": "module.kitchen",
      "mode": "managed",
      "type": "openstack_compute_instance_v2",
      "name": "team_kitchen_instance",
      "provider": "provider[\"registry.terraform.io/terraform-provider-openstack/openstack\"]",
      "instances": [
        {
          "index_key": "cabinet",
          "schema_version": 0,
          "attributes": {
            "access_ip_v4": "10.2.0.2",
            "access_ip_v6": "",
            "admin_pass": null,
            "all_metadata": {},
            "all_tags": [
              "blueteam-cabinet",
              "kitchen",
              "project-ThanksgivingThrowdown-blueteam",
              "project-management"
            ],
            "availability_zone": "host08",
            "availability_zone_hints": null,
            "block_device": [
              {
                "boot_index": 0,
                "delete_on_termination": true,
                "destination_type": "volume",
                "device_type": "",
                "disk_bus": "",
                "guest_format": "",
                "source_type": "volume",
                "uuid": "dc9db79d-dd07-4f83-ba99-d14ea186e129",
                "volume_size": 20,
                "volume_type": ""
              }
            ],
            "config_drive": null,
            "flavor_id": "c992e0ef-8070-4d97-b54b-139ce7ceeebb",
            "flavor_name": "tiny",
            "floating_ip": null,
            "force_delete": false,
            "id": "c9fdd27a-2fa6-4fca-995f-6f1c2470f0e2",
            "image_id": "Attempt to boot from volume - no image supplied",
            "image_name": null,
            "key_pair": "",
            "metadata": null,
            "name": "cabinet.blueteam.thanksgiving.dinner",
            "network": [
              {
                "access_network": false,
                "fixed_ip_v4": "10.2.0.2",
                "fixed_ip_v6": "",
                "floating_ip": "",
                "mac": "fa:16:3e:69:26:26",
                "name": "Competition Cloud Network",
                "port": "f06026c7-ab49-485c-ab77-3cc405cda772",
                "uuid": "1aae7bb1-3fbc-4e84-a2d4-8ada103b4b63"
              }
            ],
            "network_mode": null,
            "personality": [],
            "power_state": "active",
            "region": "",
            "scheduler_hints": [],
            "security_groups": [
              "Blueteam Kitchen Secgroup",
              "default"
            ],
            "stop_before_destroy": false,
            "tags": [
              "blueteam-cabinet",
              "kitchen",
              "project-ThanksgivingThrowdown-blueteam",
              "project-management"
            ],
            "timeouts": null,
            "user_data": "6d1ebe16d34a0bd69b5e9ce3b244b11167ec4077",
            "vendor_options": [],
            "volume": []
          },
          "sensitive_attributes": [],
          "private": "eyJlMmJmYjczMC1lY2FhLTExZTYtOGY4OC0zNDM2M2JjN2M0YzAiOnsiY3JlYXRlIjoxODAwMDAwMDAwMDAwLCJkZWxldGUiOjE4MDAwMDAwMDAwMDAsInVwZGF0ZSI6MTgwMDAwMDAwMDAwMH19",
          "dependencies": [
            "data.openstack_compute_flavor_v2.flavor_linux_tiny",
            "data.openstack_images_image_v2.image_linux_openwrt",
            "module.kitchen.data.openstack_identity_project_v3.management_project",
            "module.kitchen.data.openstack_networking_network_v2.competition_cloud_network",
            "module.kitchen.data.openstack_networking_secgroup_v2.default_secgroup",
            "module.kitchen.openstack_blockstorage_volume_v3.team_volumes",
            "module.kitchen.openstack_networking_port_v2.cabinet_port",
            "module.kitchen.openstack_networking_port_v2.freezer_port",
            "module.kitchen.openstack_networking_port_v2.fridge_port",
            "module.kitchen.openstack_networking_port_v2.lights_port",
            "module.kitchen.openstack_networking_port_v2.oven_port",
            "module.kitchen.openstack_networking_secgroup_v2.blueteam_kitchen_secgroup",
            "module.kitchen.openstack_networking_subnet_v2.blueteam_kitchen_subnet"
          ]
        },
        {
          "index_key": "freezer",
          "schema_version": 0,
          "attributes": {
            "access_ip_v4": "10.2.0.5",
            "access_ip_v6": "",
            "admin_pass": null,
            "all_metadata": {},
            "all_tags": [
              "blueteam-freezer",
              "kitchen",
              "project-ThanksgivingThrowdown-blueteam",
              "project-management"
            ],
            "availability_zone": "host08",
            "availability_zone_hints": null,
            "block_device": [
              {
                "boot_index": 0,
                "delete_on_termination": true,
                "destination_type": "volume",
                "device_type": "",
                "disk_bus": "",
                "guest_format": "",
                "source_type": "volume",
                "uuid": "182ffe5c-1b16-41a8-8d4c-8270b401eb4c",
                "volume_size": 20,
                "volume_type": ""
              }
            ],
            "config_drive": null,
            "flavor_id": "c992e0ef-8070-4d97-b54b-139ce7ceeebb",
            "flavor_name": "tiny",
            "floating_ip": null,
            "force_delete": false,
            "id": "7333e7d7-8cf1-4023-b5c8-62984987adb9",
            "image_id": "Attempt to boot from volume - no image supplied",
            "image_name": null,
            "key_pair": "",
            "metadata": null,
            "name": "freezer.blueteam.thanksgiving.dinner",
            "network": [
              {
                "access_network": false,
                "fixed_ip_v4": "10.2.0.5",
                "fixed_ip_v6": "",
                "floating_ip": "",
                "mac": "fa:16:3e:fe:98:a8",
                "name": "Competition Cloud Network",
                "port": "38395565-4dbd-4799-a502-6db6bec07b06",
                "uuid": "1aae7bb1-3fbc-4e84-a2d4-8ada103b4b63"
              }
            ],
            "network_mode": null,
            "personality": [],
            "power_state": "active",
            "region": "",
            "scheduler_hints": [],
            "security_groups": [
              "Blueteam Kitchen Secgroup",
              "default"
            ],
            "stop_before_destroy": false,
            "tags": [
              "blueteam-freezer",
              "kitchen",
              "project-ThanksgivingThrowdown-blueteam",
              "project-management"
            ],
            "timeouts": null,
            "user_data": "6d1ebe16d34a0bd69b5e9ce3b244b11167ec4077",
            "vendor_options": [],
            "volume": []
          },
          "sensitive_attributes": [],
          "private": "eyJlMmJmYjczMC1lY2FhLTExZTYtOGY4OC0zNDM2M2JjN2M0YzAiOnsiY3JlYXRlIjoxODAwMDAwMDAwMDAwLCJkZWxldGUiOjE4MDAwMDAwMDAwMDAsInVwZGF0ZSI6MTgwMDAwMDAwMDAwMH19",
          "dependencies": [
            "data.openstack_compute_flavor_v2.flavor_linux_tiny",
            "data.openstack_images_image_v2.image_linux_openwrt",
            "module.kitchen.data.openstack_identity_project_v3.management_project",
            "module.kitchen.data.openstack_networking_network_v2.competition_cloud_network",
            "module.kitchen.data.openstack_networking_secgroup_v2.default_secgroup",
            "module.kitchen.openstack_blockstorage_volume_v3.team_volumes",
            "module.kitchen.openstack_networking_port_v2.cabinet_port",
            "module.kitchen.openstack_networking_port_v2.freezer_port",
            "module.kitchen.openstack_networking_port_v2.fridge_port",
            "module.kitchen.openstack_networking_port_v2.lights_port",
            "module.kitchen.openstack_networking_port_v2.oven_port",
            "module.kitchen.openstack_networking_secgroup_v2.blueteam_kitchen_secgroup",
            "module.kitchen.openstack_networking_subnet_v2.blueteam_kitchen_subnet"
          ]
        },
        {
          "index_key": "fridge",
          "schema_version": 0,
          "attributes": {
            "access_ip_v4": "10.2.0.1",
            "access_ip_v6": "",
            "admin_pass": null,
            "all_metadata": {},
            "all_tags": [
              "blueteam-fridge",
              "kitchen",
              "project-ThanksgivingThrowdown-blueteam",
              "project-management"
            ],
            "availability_zone": "host08",
            "availability_zone_hints": null,
            "block_device": [
              {
                "boot_index": 0,
                "delete_on_termination": true,
                "destination_type": "volume",
                "device_type": "",
                "disk_bus": "",
                "guest_format": "",
                "source_type": "volume",
                "uuid": "00a39fe6-08d3-4439-a596-46e6dc8ca5d7",
                "volume_size": 20,
                "volume_type": ""
              }
            ],
            "config_drive": null,
            "flavor_id": "c992e0ef-8070-4d97-b54b-139ce7ceeebb",
            "flavor_name": "tiny",
            "floating_ip": null,
            "force_delete": false,
            "id": "dc571449-f676-40f5-8904-d727a269994f",
            "image_id": "Attempt to boot from volume - no image supplied",
            "image_name": null,
            "key_pair": "",
            "metadata": null,
            "name": "fridge.blueteam.thanksgiving.dinner",
            "network": [
              {
                "access_network": false,
                "fixed_ip_v4": "10.2.0.1",
                "fixed_ip_v6": "",
                "floating_ip": "",
                "mac": "fa:16:3e:11:00:0e",
                "name": "Competition Cloud Network",
                "port": "cd7f7288-71ec-4ad5-95ef-93ccaa9f00e6",
                "uuid": "1aae7bb1-3fbc-4e84-a2d4-8ada103b4b63"
              }
            ],
            "network_mode": null,
            "personality": [],
            "power_state": "active",
            "region": "",
            "scheduler_hints": [],
            "security_groups": [
              "Blueteam Kitchen Secgroup",
              "default"
            ],
            "stop_before_destroy": false,
            "tags": [
              "blueteam-fridge",
              "kitchen",
              "project-ThanksgivingThrowdown-blueteam",
              "project-management"
            ],
            "timeouts": null,
            "user_data": "6d1ebe16d34a0bd69b5e9ce3b244b11167ec4077",
            "vendor_options": [],
            "volume": []
          },
          "sensitive_attributes": [],
          "private": "eyJlMmJmYjczMC1lY2FhLTExZTYtOGY4OC0zNDM2M2JjN2M0YzAiOnsiY3JlYXRlIjoxODAwMDAwMDAwMDAwLCJkZWxldGUiOjE4MDAwMDAwMDAwMDAsInVwZGF0ZSI6MTgwMDAwMDAwMDAwMH19",
          "dependencies": [
            "data.openstack_compute_flavor_v2.flavor_linux_tiny",
            "data.openstack_images_image_v2.image_linux_openwrt",
            "module.kitchen.data.openstack_identity_project_v3.management_project",
            "module.kitchen.data.openstack_networking_network_v2.competition_cloud_network",
            "module.kitchen.data.openstack_networking_secgroup_v2.default_secgroup",
            "module.kitchen.openstack_blockstorage_volume_v3.team_volumes",
            "module.kitchen.openstack_networking_port_v2.cabinet_port",
            "module.kitchen.openstack_networking_port_v2.freezer_port",
            "module.kitchen.openstack_networking_port_v2.fridge_port",
            "module.kitchen.openstack_networking_port_v2.lights_port",
            "module.kitchen.openstack_networking_port_v2.oven_port",
            "module.kitchen.openstack_networking_secgroup_v2.blueteam_kitchen_secgroup",
            "module.kitchen.openstack_networking_subnet_v2.blueteam_kitchen_subnet"
          ]
        },
        {
          "index_key": "lights",
          "schema_version": 0,
          "attributes": {
            "access_ip_v4": "10.2.0.4",
            "access_ip_v6": "",
            "admin_pass": null,
            "all_metadata": {},
            "all_tags": [
              "blueteam-lights",
              "kitchen",
              "project-ThanksgivingThrowdown-blueteam",
              "project-management"
            ],
            "availability_zone": "host08",
            "availability_zone_hints": null,
            "block_device": [
              {
                "boot_index": 0,
                "delete_on_termination": true,
                "destination_type": "volume",
                "device_type": "",
                "disk_bus": "",
                "guest_format": "",
                "source_type": "volume",
                "uuid": "06a0756d-9ddc-4a9d-bde8-1f02b442466c",
                "volume_size": 20,
                "volume_type": ""
              }
            ],
            "config_drive": null,
            "flavor_id": "c992e0ef-8070-4d97-b54b-139ce7ceeebb",
            "flavor_name": "tiny",
            "floating_ip": null,
            "force_delete": false,
            "id": "bc001827-da62-4dad-a3eb-d3b0c427bdb8",
            "image_id": "Attempt to boot from volume - no image supplied",
            "image_name": null,
            "key_pair": "",
            "metadata": null,
            "name": "lights.blueteam.thanksgiving.dinner",
            "network": [
              {
                "access_network": false,
                "fixed_ip_v4": "10.2.0.4",
                "fixed_ip_v6": "",
                "floating_ip": "",
                "mac": "fa:16:3e:b9:d2:1f",
                "name": "Competition Cloud Network",
                "port": "7c5c2284-ff3d-4754-ada5-dddc4ab55a69",
                "uuid": "1aae7bb1-3fbc-4e84-a2d4-8ada103b4b63"
              }
            ],
            "network_mode": null,
            "personality": [],
            "power_state": "active",
            "region": "",
            "scheduler_hints": [],
            "security_groups": [
              "Blueteam Kitchen Secgroup",
              "default"
            ],
            "stop_before_destroy": false,
            "tags": [
              "blueteam-lights",
              "kitchen",
              "project-ThanksgivingThrowdown-blueteam",
              "project-management"
            ],
            "timeouts": null,
            "user_data": "6d1ebe16d34a0bd69b5e9ce3b244b11167ec4077",
            "vendor_options": [],
            "volume": []
          },
          "sensitive_attributes": [],
          "private": "eyJlMmJmYjczMC1lY2FhLTExZTYtOGY4OC0zNDM2M2JjN2M0YzAiOnsiY3JlYXRlIjoxODAwMDAwMDAwMDAwLCJkZWxldGUiOjE4MDAwMDAwMDAwMDAsInVwZGF0ZSI6MTgwMDAwMDAwMDAwMH19",
          "dependencies": [
            "data.openstack_compute_flavor_v2.flavor_linux_tiny",
            "data.openstack_images_image_v2.image_linux_openwrt",
            "module.kitchen.data.openstack_identity_project_v3.management_project",
            "module.kitchen.data.openstack_networking_network_v2.competition_cloud_network",
            "module.kitchen.data.openstack_networking_secgroup_v2.default_secgroup",
            "module.kitchen.openstack_blockstorage_volume_v3.team_volumes",
            "module.kitchen.openstack_networking_port_v2.cabinet_port",
            "module.kitchen.openstack_networking_port_v2.freezer_port",
            "module.kitchen.openstack_networking_port_v2.fridge_port",
            "module.kitchen.openstack_networking_port_v2.lights_port",
            "module.kitchen.openstack_networking_port_v2.oven_port",
            "module.kitchen.openstack_networking_secgroup_v2.blueteam_kitchen_secgroup",
            "module.kitchen.openstack_networking_subnet_v2.blueteam_kitchen_subnet"
          ]
        },
        {
          "index_key": "oven",
          "schema_version": 0,
          "attributes": {
            "access_ip_v4": "10.2.0.3",
            "access_ip_v6": "",
            "admin_pass": null,
            "all_metadata": {},
            "all_tags": [
              "blueteam-oven",
              "kitchen",
              "project-ThanksgivingThrowdown-blueteam",
              "project-management"
            ],
            "availability_zone": "host08",
            "availability_zone_hints": null,
            "block_device": [
              {
                "boot_index": 0,
                "delete_on_termination": true,
                "destination_type": "volume",
                "device_type": "",
                "disk_bus": "",
                "guest_format": "",
                "source_type": "volume",
                "uuid": "f2fb320e-7dbe-4dca-acd0-f8b67e594b14",
                "volume_size": 20,
                "volume_type": ""
              }
            ],
            "config_drive": null,
            "flavor_id": "c992e0ef-8070-4d97-b54b-139ce7ceeebb",
            "flavor_name": "tiny",
            "floating_ip": null,
            "force_delete": false,
            "id": "4084a560-8dbe-4bf3-8737-e114d30adaa8",
            "image_id": "Attempt to boot from volume - no image supplied",
            "image_name": null,
            "key_pair": "",
            "metadata": null,
            "name": "oven.blueteam.thanksgiving.dinner",
            "network": [
              {
                "access_network": false,
                "fixed_ip_v4": "10.2.0.3",
                "fixed_ip_v6": "",
                "floating_ip": "",
                "mac": "fa:16:3e:0e:a8:8c",
                "name": "Competition Cloud Network",
                "port": "2492abc4-e274-42ae-a85c-44f6afeed245",
                "uuid": "1aae7bb1-3fbc-4e84-a2d4-8ada103b4b63"
              }
            ],
            "network_mode": null,
            "personality": [],
            "power_state": "active",
            "region": "",
            "scheduler_hints": [],
            "security_groups": [
              "Blueteam Kitchen Secgroup",
              "default"
            ],
            "stop_before_destroy": false,
            "tags": [
              "blueteam-oven",
              "kitchen",
              "project-ThanksgivingThrowdown-blueteam",
              "project-management"
            ],
            "timeouts": null,
            "user_data": "6d1ebe16d34a0bd69b5e9ce3b244b11167ec4077",
            "vendor_options": [],
            "volume": []
          },
          "sensitive_attributes": [],
          "private": "eyJlMmJmYjczMC1lY2FhLTExZTYtOGY4OC0zNDM2M2JjN2M0YzAiOnsiY3JlYXRlIjoxODAwMDAwMDAwMDAwLCJkZWxldGUiOjE4MDAwMDAwMDAwMDAsInVwZGF0ZSI6MTgwMDAwMDAwMDAwMH19",
          "dependencies": [
            "data.openstack_compute_flavor_v2.flavor_linux_tiny",
            "data.openstack_images_image_v2.image_linux_openwrt",
            "module.kitchen.data.openstack_identity_project_v3.management_project",
            "module.kitchen.data.openstack_networking_network_v2.competition_cloud_network",
            "module.kitchen.data.openstack_networking_secgroup_v2.default_secgroup",
            "module.kitchen.openstack_blockstorage_volume_v3.team_volumes",
            "module.kitchen.openstack_networking_port_v2.cabinet_port",
            "module.kitchen.openstack_networking_port_v2.freezer_port",
            "module.kitchen.openstack_networking_port_v2.fridge_port",
            "module.kitchen.openstack_networking_port_v2.lights_port",
            "module.kitchen.openstack_networking_port_v2.oven_port",
            "module.kitchen.openstack_networking_secgroup_v2.blueteam_kitchen_secgroup",
            "module.kitchen.openstack_networking_subnet_v2.blueteam_kitchen_subnet"
          ]
        }
      ]
    },
    {
      "module": "module.kitchen",
      "mode": "managed",
      "type": "openstack_networking_port_v2",
      "name": "blueteam_kitchen_subnet_port",
      "provider": "provider[\"registry.terraform.io/terraform-provider-openstack/openstack\"]",
      "instances": [
        {
          "schema_version": 0,
          "attributes": {
            "admin_state_up": true,
            "all_fixed_ips": [
              "10.2.0.254"
            ],
            "all_security_group_ids": [],
            "all_tags": [],
            "allowed_address_pairs": [],
            "binding": [
              {
                "host_id": "",
                "profile": "",
                "vif_details": {},
                "vif_type": "",
                "vnic_type": "normal"
              }
            ],
            "description": "",
            "device_id": "",
            "device_owner": "",
            "dns_assignment": [],
            "dns_name": "",
            "extra_dhcp_option": [],
            "fixed_ip": [
              {
                "ip_address": "10.2.0.254",
                "subnet_id": "31f169d8-51d7-4056-93b2-0156575c5c67"
              }
            ],
            "id": "3c82ce68-7b83-4840-8564-df42fb241d6a",
            "mac_address": "fa:16:3e:d6:98:2f",
            "name": "Blueteam Kitchen Port",
            "network_id": "1aae7bb1-3fbc-4e84-a2d4-8ada103b4b63",
            "no_fixed_ip": null,
            "no_security_groups": null,
            "port_security_enabled": false,
            "qos_policy_id": "",
            "region": "",
            "security_group_ids": null,
            "tags": null,
            "tenant_id": "a04419c07de1428ba9f58093b1b52ef3",
            "timeouts": null,
            "value_specs": null
          },
          "sensitive_attributes": [],
          "private": "eyJlMmJmYjczMC1lY2FhLTExZTYtOGY4OC0zNDM2M2JjN2M0YzAiOnsiY3JlYXRlIjo2MDAwMDAwMDAwMDAsImRlbGV0ZSI6NjAwMDAwMDAwMDAwfX0=",
          "dependencies": [
            "module.kitchen.data.openstack_networking_network_v2.competition_cloud_network",
            "module.kitchen.openstack_networking_subnet_v2.blueteam_kitchen_subnet"
          ]
        }
      ]
    },
    {
      "module": "module.kitchen",
      "mode": "managed",
      "type": "openstack_networking_port_v2",
      "name": "cabinet_port",
      "provider": "provider[\"registry.terraform.io/terraform-provider-openstack/openstack\"]",
      "instances": [
        {
          "schema_version": 0,
          "attributes": {
            "admin_state_up": true,
            "all_fixed_ips": [
              "10.2.0.2"
            ],
            "all_security_group_ids": [
              "0574db97-072f-4e29-bb89-07958cf6b02d",
              "df7d77a2-adf9-433c-9e4f-240ebebb8ed5"
            ],
            "all_tags": [],
            "allowed_address_pairs": [],
            "binding": [
              {
                "host_id": "",
                "profile": "",
                "vif_details": {},
                "vif_type": "",
                "vnic_type": "normal"
              }
            ],
            "description": "",
            "device_id": "",
            "device_owner": "",
            "dns_assignment": [],
            "dns_name": "",
            "extra_dhcp_option": [],
            "fixed_ip": [
              {
                "ip_address": "10.2.0.2",
                "subnet_id": "31f169d8-51d7-4056-93b2-0156575c5c67"
              }
            ],
            "id": "f06026c7-ab49-485c-ab77-3cc405cda772",
            "mac_address": "fa:16:3e:69:26:26",
            "name": "Blueteam Kitchen Cabinet",
            "network_id": "1aae7bb1-3fbc-4e84-a2d4-8ada103b4b63",
            "no_fixed_ip": null,
            "no_security_groups": null,
            "port_security_enabled": true,
            "qos_policy_id": "",
            "region": "",
            "security_group_ids": [
              "0574db97-072f-4e29-bb89-07958cf6b02d",
              "df7d77a2-adf9-433c-9e4f-240ebebb8ed5"
            ],
            "tags": null,
            "tenant_id": "a04419c07de1428ba9f58093b1b52ef3",
            "timeouts": null,
            "value_specs": null
          },
          "sensitive_attributes": [],
          "private": "eyJlMmJmYjczMC1lY2FhLTExZTYtOGY4OC0zNDM2M2JjN2M0YzAiOnsiY3JlYXRlIjo2MDAwMDAwMDAwMDAsImRlbGV0ZSI6NjAwMDAwMDAwMDAwfX0=",
          "dependencies": [
            "module.kitchen.data.openstack_identity_project_v3.management_project",
            "module.kitchen.data.openstack_networking_network_v2.competition_cloud_network",
            "module.kitchen.data.openstack_networking_secgroup_v2.default_secgroup",
            "module.kitchen.openstack_networking_secgroup_v2.blueteam_kitchen_secgroup",
            "module.kitchen.openstack_networking_subnet_v2.blueteam_kitchen_subnet"
          ]
        }
      ]
    },
    {
      "module": "module.kitchen",
      "mode": "managed",
      "type": "openstack_networking_port_v2",
      "name": "freezer_port",
      "provider": "provider[\"registry.terraform.io/terraform-provider-openstack/openstack\"]",
      "instances": [
        {
          "schema_version": 0,
          "attributes": {
            "admin_state_up": true,
            "all_fixed_ips": [
              "10.2.0.5"
            ],
            "all_security_group_ids": [
              "0574db97-072f-4e29-bb89-07958cf6b02d",
              "df7d77a2-adf9-433c-9e4f-240ebebb8ed5"
            ],
            "all_tags": [],
            "allowed_address_pairs": [],
            "binding": [
              {
                "host_id": "",
                "profile": "",
                "vif_details": {},
                "vif_type": "",
                "vnic_type": "normal"
              }
            ],
            "description": "",
            "device_id": "",
            "device_owner": "",
            "dns_assignment": [],
            "dns_name": "",
            "extra_dhcp_option": [],
            "fixed_ip": [
              {
                "ip_address": "10.2.0.5",
                "subnet_id": "31f169d8-51d7-4056-93b2-0156575c5c67"
              }
            ],
            "id": "38395565-4dbd-4799-a502-6db6bec07b06",
            "mac_address": "fa:16:3e:fe:98:a8",
            "name": "Blueteam Kitchen Freezer",
            "network_id": "1aae7bb1-3fbc-4e84-a2d4-8ada103b4b63",
            "no_fixed_ip": null,
            "no_security_groups": null,
            "port_security_enabled": true,
            "qos_policy_id": "",
            "region": "",
            "security_group_ids": [
              "0574db97-072f-4e29-bb89-07958cf6b02d",
              "df7d77a2-adf9-433c-9e4f-240ebebb8ed5"
            ],
            "tags": null,
            "tenant_id": "a04419c07de1428ba9f58093b1b52ef3",
            "timeouts": null,
            "value_specs": null
          },
          "sensitive_attributes": [],
          "private": "eyJlMmJmYjczMC1lY2FhLTExZTYtOGY4OC0zNDM2M2JjN2M0YzAiOnsiY3JlYXRlIjo2MDAwMDAwMDAwMDAsImRlbGV0ZSI6NjAwMDAwMDAwMDAwfX0=",
          "dependencies": [
            "module.kitchen.data.openstack_identity_project_v3.management_project",
            "module.kitchen.data.openstack_networking_network_v2.competition_cloud_network",
            "module.kitchen.data.openstack_networking_secgroup_v2.default_secgroup",
            "module.kitchen.openstack_networking_secgroup_v2.blueteam_kitchen_secgroup",
            "module.kitchen.openstack_networking_subnet_v2.blueteam_kitchen_subnet"
          ]
        }
      ]
    },
    {
      "module": "module.kitchen",
      "mode": "managed",
      "type": "openstack_networking_port_v2",
      "name": "fridge_port",
      "provider": "provider[\"registry.terraform.io/terraform-provider-openstack/openstack\"]",
      "instances": [
        {
          "schema_version": 0,
          "attributes": {
            "admin_state_up": true,
            "all_fixed_ips": [
              "10.2.0.1"
            ],
            "all_security_group_ids": [
              "0574db97-072f-4e29-bb89-07958cf6b02d",
              "df7d77a2-adf9-433c-9e4f-240ebebb8ed5"
            ],
            "all_tags": [],
            "allowed_address_pairs": [],
            "binding": [
              {
                "host_id": "",
                "profile": "",
                "vif_details": {},
                "vif_type": "",
                "vnic_type": "normal"
              }
            ],
            "description": "",
            "device_id": "",
            "device_owner": "",
            "dns_assignment": [],
            "dns_name": "",
            "extra_dhcp_option": [],
            "fixed_ip": [
              {
                "ip_address": "10.2.0.1",
                "subnet_id": "31f169d8-51d7-4056-93b2-0156575c5c67"
              }
            ],
            "id": "cd7f7288-71ec-4ad5-95ef-93ccaa9f00e6",
            "mac_address": "fa:16:3e:11:00:0e",
            "name": "Blueteam Kitchen Fridge",
            "network_id": "1aae7bb1-3fbc-4e84-a2d4-8ada103b4b63",
            "no_fixed_ip": null,
            "no_security_groups": null,
            "port_security_enabled": true,
            "qos_policy_id": "",
            "region": "",
            "security_group_ids": [
              "0574db97-072f-4e29-bb89-07958cf6b02d",
              "df7d77a2-adf9-433c-9e4f-240ebebb8ed5"
            ],
            "tags": null,
            "tenant_id": "a04419c07de1428ba9f58093b1b52ef3",
            "timeouts": null,
            "value_specs": null
          },
          "sensitive_attributes": [],
          "private": "eyJlMmJmYjczMC1lY2FhLTExZTYtOGY4OC0zNDM2M2JjN2M0YzAiOnsiY3JlYXRlIjo2MDAwMDAwMDAwMDAsImRlbGV0ZSI6NjAwMDAwMDAwMDAwfX0=",
          "dependencies": [
            "module.kitchen.data.openstack_identity_project_v3.management_project",
            "module.kitchen.data.openstack_networking_network_v2.competition_cloud_network",
            "module.kitchen.data.openstack_networking_secgroup_v2.default_secgroup",
            "module.kitchen.openstack_networking_secgroup_v2.blueteam_kitchen_secgroup",
            "module.kitchen.openstack_networking_subnet_v2.blueteam_kitchen_subnet"
          ]
        }
      ]
    },
    {
      "module": "module.kitchen",
      "mode": "managed",
      "type": "openstack_networking_port_v2",
      "name": "lights_port",
      "provider": "provider[\"registry.terraform.io/terraform-provider-openstack/openstack\"]",
      "instances": [
        {
          "schema_version": 0,
          "attributes": {
            "admin_state_up": true,
            "all_fixed_ips": [
              "10.2.0.4"
            ],
            "all_security_group_ids": [
              "0574db97-072f-4e29-bb89-07958cf6b02d",
              "df7d77a2-adf9-433c-9e4f-240ebebb8ed5"
            ],
            "all_tags": [],
            "allowed_address_pairs": [],
            "binding": [
              {
                "host_id": "",
                "profile": "",
                "vif_details": {},
                "vif_type": "",
                "vnic_type": "normal"
              }
            ],
            "description": "",
            "device_id": "",
            "device_owner": "",
            "dns_assignment": [],
            "dns_name": "",
            "extra_dhcp_option": [],
            "fixed_ip": [
              {
                "ip_address": "10.2.0.4",
                "subnet_id": "31f169d8-51d7-4056-93b2-0156575c5c67"
              }
            ],
            "id": "7c5c2284-ff3d-4754-ada5-dddc4ab55a69",
            "mac_address": "fa:16:3e:b9:d2:1f",
            "name": "Blueteam Kitchen Lights",
            "network_id": "1aae7bb1-3fbc-4e84-a2d4-8ada103b4b63",
            "no_fixed_ip": null,
            "no_security_groups": null,
            "port_security_enabled": true,
            "qos_policy_id": "",
            "region": "",
            "security_group_ids": [
              "0574db97-072f-4e29-bb89-07958cf6b02d",
              "df7d77a2-adf9-433c-9e4f-240ebebb8ed5"
            ],
            "tags": null,
            "tenant_id": "a04419c07de1428ba9f58093b1b52ef3",
            "timeouts": null,
            "value_specs": null
          },
          "sensitive_attributes": [],
          "private": "eyJlMmJmYjczMC1lY2FhLTExZTYtOGY4OC0zNDM2M2JjN2M0YzAiOnsiY3JlYXRlIjo2MDAwMDAwMDAwMDAsImRlbGV0ZSI6NjAwMDAwMDAwMDAwfX0=",
          "dependencies": [
            "module.kitchen.data.openstack_identity_project_v3.management_project",
            "module.kitchen.data.openstack_networking_network_v2.competition_cloud_network",
            "module.kitchen.data.openstack_networking_secgroup_v2.default_secgroup",
            "module.kitchen.openstack_networking_secgroup_v2.blueteam_kitchen_secgroup",
            "module.kitchen.openstack_networking_subnet_v2.blueteam_kitchen_subnet"
          ]
        }
      ]
    },
    {
      "module": "module.kitchen",
      "mode": "managed",
      "type": "openstack_networking_port_v2",
      "name": "oven_port",
      "provider": "provider[\"registry.terraform.io/terraform-provider-openstack/openstack\"]",
      "instances": [
        {
          "schema_version": 0,
          "attributes": {
            "admin_state_up": true,
            "all_fixed_ips": [
              "10.2.0.3"
            ],
            "all_security_group_ids": [
              "0574db97-072f-4e29-bb89-07958cf6b02d",
              "df7d77a2-adf9-433c-9e4f-240ebebb8ed5"
            ],
            "all_tags": [],
            "allowed_address_pairs": [],
            "binding": [
              {
                "host_id": "",
                "profile": "",
                "vif_details": {},
                "vif_type": "",
                "vnic_type": "normal"
              }
            ],
            "description": "",
            "device_id": "",
            "device_owner": "",
            "dns_assignment": [],
            "dns_name": "",
            "extra_dhcp_option": [],
            "fixed_ip": [
              {
                "ip_address": "10.2.0.3",
                "subnet_id": "31f169d8-51d7-4056-93b2-0156575c5c67"
              }
            ],
            "id": "2492abc4-e274-42ae-a85c-44f6afeed245",
            "mac_address": "fa:16:3e:0e:a8:8c",
            "name": "Blueteam Kitchen Oven",
            "network_id": "1aae7bb1-3fbc-4e84-a2d4-8ada103b4b63",
            "no_fixed_ip": null,
            "no_security_groups": null,
            "port_security_enabled": true,
            "qos_policy_id": "",
            "region": "",
            "security_group_ids": [
              "0574db97-072f-4e29-bb89-07958cf6b02d",
              "df7d77a2-adf9-433c-9e4f-240ebebb8ed5"
            ],
            "tags": null,
            "tenant_id": "a04419c07de1428ba9f58093b1b52ef3",
            "timeouts": null,
            "value_specs": null
          },
          "sensitive_attributes": [],
          "private": "eyJlMmJmYjczMC1lY2FhLTExZTYtOGY4OC0zNDM2M2JjN2M0YzAiOnsiY3JlYXRlIjo2MDAwMDAwMDAwMDAsImRlbGV0ZSI6NjAwMDAwMDAwMDAwfX0=",
          "dependencies": [
            "module.kitchen.data.openstack_identity_project_v3.management_project",
            "module.kitchen.data.openstack_networking_network_v2.competition_cloud_network",
            "module.kitchen.data.openstack_networking_secgroup_v2.default_secgroup",
            "module.kitchen.openstack_networking_secgroup_v2.blueteam_kitchen_secgroup",
            "module.kitchen.openstack_networking_subnet_v2.blueteam_kitchen_subnet"
          ]
        }
      ]
    },
    {
      "module": "module.kitchen",
      "mode": "managed",
      "type": "openstack_networking_router_interface_v2",
      "name": "blueteam_kitchen_interface",
      "provider": "provider[\"registry.terraform.io/terraform-provider-openstack/openstack\"]",
      "instances": [
        {
          "schema_version": 0,
          "attributes": {
            "id": "3c82ce68-7b83-4840-8564-df42fb241d6a",
            "port_id": "3c82ce68-7b83-4840-8564-df42fb241d6a",
            "region": "",
            "router_id": "647b1cb6-6c3b-4b30-8158-9437904b0746",
            "subnet_id": "31f169d8-51d7-4056-93b2-0156575c5c67",
            "timeouts": null
          },
          "sensitive_attributes": [],
          "private": "eyJlMmJmYjczMC1lY2FhLTExZTYtOGY4OC0zNDM2M2JjN2M0YzAiOnsiY3JlYXRlIjo2MDAwMDAwMDAwMDAsImRlbGV0ZSI6NjAwMDAwMDAwMDAwfX0=",
          "dependencies": [
            "module.kitchen.data.openstack_networking_network_v2.competition_cloud_network",
            "module.kitchen.data.openstack_networking_router_v2.core_router",
            "module.kitchen.openstack_networking_port_v2.blueteam_kitchen_subnet_port",
            "module.kitchen.openstack_networking_subnet_v2.blueteam_kitchen_subnet"
          ]
        }
      ]
    },
    {
      "module": "module.kitchen",
      "mode": "managed",
      "type": "openstack_networking_secgroup_rule_v2",
      "name": "blueteam_kitchen_secgroup_rule",
      "provider": "provider[\"registry.terraform.io/terraform-provider-openstack/openstack\"]",
      "instances": [
        {
          "index_key": "http",
          "schema_version": 0,
          "attributes": {
            "description": "http",
            "direction": "ingress",
            "ethertype": "IPv4",
            "id": "c7a9c74f-88a6-46dd-9fa5-92b017d6d863",
            "port_range_max": 80,
            "port_range_min": 80,
            "protocol": "tcp",
            "region": "",
            "remote_group_id": "",
            "remote_ip_prefix": "",
            "security_group_id": "0574db97-072f-4e29-bb89-07958cf6b02d",
            "tenant_id": "a04419c07de1428ba9f58093b1b52ef3",
            "timeouts": null
          },
          "sensitive_attributes": [],
          "private": "eyJlMmJmYjczMC1lY2FhLTExZTYtOGY4OC0zNDM2M2JjN2M0YzAiOnsiZGVsZXRlIjo2MDAwMDAwMDAwMDB9fQ==",
          "dependencies": [
            "module.kitchen.data.openstack_identity_project_v3.management_project",
            "module.kitchen.openstack_networking_secgroup_v2.blueteam_kitchen_secgroup"
          ]
        },
        {
          "index_key": "ssh",
          "schema_version": 0,
          "attributes": {
            "description": "ssh",
            "direction": "ingress",
            "ethertype": "IPv4",
            "id": "53c8396b-560c-4eb5-8b2a-863c7591847b",
            "port_range_max": 22,
            "port_range_min": 22,
            "protocol": "tcp",
            "region": "",
            "remote_group_id": "",
            "remote_ip_prefix": "",
            "security_group_id": "0574db97-072f-4e29-bb89-07958cf6b02d",
            "tenant_id": "a04419c07de1428ba9f58093b1b52ef3",
            "timeouts": null
          },
          "sensitive_attributes": [],
          "private": "eyJlMmJmYjczMC1lY2FhLTExZTYtOGY4OC0zNDM2M2JjN2M0YzAiOnsiZGVsZXRlIjo2MDAwMDAwMDAwMDB9fQ==",
          "dependencies": [
            "module.kitchen.data.openstack_identity_project_v3.management_project",
            "module.kitchen.openstack_networking_secgroup_v2.blueteam_kitchen_secgroup"
          ]
        }
      ]
    },
    {
      "module": "module.kitchen",
      "mode": "managed",
      "type": "openstack_networking_secgroup_v2",
      "name": "blueteam_kitchen_secgroup",
      "provider": "provider[\"registry.terraform.io/terraform-provider-openstack/openstack\"]",
      "instances": [
        {
          "schema_version": 0,
          "attributes": {
            "all_tags": [],
            "delete_default_rules": null,
            "description": "",
            "id": "0574db97-072f-4e29-bb89-07958cf6b02d",
            "name": "Blueteam Kitchen Secgroup",
            "region": "",
            "tags": null,
            "tenant_id": "a04419c07de1428ba9f58093b1b52ef3",
            "timeouts": null
          },
          "sensitive_attributes": [],
          "private": "eyJlMmJmYjczMC1lY2FhLTExZTYtOGY4OC0zNDM2M2JjN2M0YzAiOnsiZGVsZXRlIjo2MDAwMDAwMDAwMDB9fQ==",
          "dependencies": [
            "module.kitchen.data.openstack_identity_project_v3.management_project"
          ]
        }
      ]
    },
    {
      "module": "module.kitchen",
      "mode": "managed",
      "type": "openstack_networking_subnet_v2",
      "name": "blueteam_kitchen_subnet",
      "provider": "provider[\"registry.terraform.io/terraform-provider-openstack/openstack\"]",
      "instances": [
        {
          "schema_version": 0,
          "attributes": {
            "all_tags": [],
            "allocation_pool": [
              {
                "end": "10.2.0.250",
                "start": "10.2.0.200"
              }
            ],
            "allocation_pools": [
              {
                "end": "10.2.0.250",
                "start": "10.2.0.200"
              }
            ],
            "cidr": "10.2.0.0/24",
            "description": "",
            "dns_nameservers": [
              "1.1.1.1",
              "1.0.0.1"
            ],
            "enable_dhcp": true,
            "gateway_ip": "10.2.0.254",
            "host_routes": [],
            "id": "31f169d8-51d7-4056-93b2-0156575c5c67",
            "ip_version": 4,
            "ipv6_address_mode": "",
            "ipv6_ra_mode": "",
            "name": "Blueteam Kitchen Subnet",
            "network_id": "1aae7bb1-3fbc-4e84-a2d4-8ada103b4b63",
            "no_gateway": false,
            "prefix_length": null,
            "region": "",
            "subnetpool_id": "",
            "tags": null,
            "tenant_id": "a04419c07de1428ba9f58093b1b52ef3",
            "timeouts": null,
            "value_specs": null
          },
          "sensitive_attributes": [],
          "private": "eyJlMmJmYjczMC1lY2FhLTExZTYtOGY4OC0zNDM2M2JjN2M0YzAiOnsiY3JlYXRlIjo2MDAwMDAwMDAwMDAsImRlbGV0ZSI6NjAwMDAwMDAwMDAwfX0=",
          "dependencies": [
            "module.kitchen.data.openstack_networking_network_v2.competition_cloud_network"
          ]
        }
      ]
    }
  ],
  "check_results": null
}
