{
  "version": 4,
  "terraform_version": "1.5.6",
  "serial": 1275,
  "lineage": "939fc0ea-25b1-1cc4-da73-31eaf488fce9",
  "outputs": {},
  "resources": [
    {
      "mode": "data",
      "type": "openstack_compute_flavor_v2",
      "name": "flavor_linux_medium",
      "provider": "provider[\"registry.terraform.io/terraform-provider-openstack/openstack\"]",
      "instances": [
        {
          "schema_version": 0,
          "attributes": {
            "disk": 40,
            "extra_specs": {},
            "flavor_id": "5f964abc-866f-4d79-8aae-f9460cfb28d7",
            "id": "5f964abc-866f-4d79-8aae-f9460cfb28d7",
            "is_public": true,
            "min_disk": null,
            "min_ram": null,
            "name": "small",
            "ram": 1024,
            "region": null,
            "rx_tx_factor": 1,
            "swap": 0,
            "vcpus": 2
          },
          "sensitive_attributes": []
        }
      ]
    },
    {
      "mode": "data",
      "type": "openstack_compute_flavor_v2",
      "name": "flavor_linux_small",
      "provider": "provider[\"registry.terraform.io/terraform-provider-openstack/openstack\"]",
      "instances": [
        {
          "schema_version": 0,
          "attributes": {
            "disk": 40,
            "extra_specs": {},
            "flavor_id": "5f964abc-866f-4d79-8aae-f9460cfb28d7",
            "id": "5f964abc-866f-4d79-8aae-f9460cfb28d7",
            "is_public": true,
            "min_disk": null,
            "min_ram": null,
            "name": "small",
            "ram": 1024,
            "region": null,
            "rx_tx_factor": 1,
            "swap": 0,
            "vcpus": 2
          },
          "sensitive_attributes": []
        }
      ]
    },
    {
      "mode": "data",
      "type": "openstack_compute_flavor_v2",
      "name": "flavor_linux_tiny",
      "provider": "provider[\"registry.terraform.io/terraform-provider-openstack/openstack\"]",
      "instances": [
        {
          "schema_version": 0,
          "attributes": {
            "disk": 40,
            "extra_specs": {},
            "flavor_id": "c992e0ef-8070-4d97-b54b-139ce7ceeebb",
            "id": "c992e0ef-8070-4d97-b54b-139ce7ceeebb",
            "is_public": true,
            "min_disk": null,
            "min_ram": null,
            "name": "tiny",
            "ram": 512,
            "region": null,
            "rx_tx_factor": 1,
            "swap": 0,
            "vcpus": 2
          },
          "sensitive_attributes": []
        }
      ]
    },
    {
      "mode": "data",
      "type": "openstack_compute_flavor_v2",
      "name": "flavor_windows_medium",
      "provider": "provider[\"registry.terraform.io/terraform-provider-openstack/openstack\"]",
      "instances": [
        {
          "schema_version": 0,
          "attributes": {
            "disk": 40,
            "extra_specs": {},
            "flavor_id": "0d282a6d-d770-4f46-b059-5ca291489578",
            "id": "0d282a6d-d770-4f46-b059-5ca291489578",
            "is_public": true,
            "min_disk": null,
            "min_ram": null,
            "name": "medium",
            "ram": 4096,
            "region": null,
            "rx_tx_factor": 1,
            "swap": 0,
            "vcpus": 4
          },
          "sensitive_attributes": []
        }
      ]
    },
    {
      "mode": "data",
      "type": "openstack_compute_flavor_v2",
      "name": "flavor_windows_small",
      "provider": "provider[\"registry.terraform.io/terraform-provider-openstack/openstack\"]",
      "instances": [
        {
          "schema_version": 0,
          "attributes": {
            "disk": 40,
            "extra_specs": {},
            "flavor_id": "5f964abc-866f-4d79-8aae-f9460cfb28d7",
            "id": "5f964abc-866f-4d79-8aae-f9460cfb28d7",
            "is_public": true,
            "min_disk": null,
            "min_ram": null,
            "name": "small",
            "ram": 1024,
            "region": null,
            "rx_tx_factor": 1,
            "swap": 0,
            "vcpus": 2
          },
          "sensitive_attributes": []
        }
      ]
    },
    {
      "mode": "data",
      "type": "openstack_identity_project_v3",
      "name": "management_project",
      "provider": "provider[\"registry.terraform.io/terraform-provider-openstack/openstack\"]",
      "instances": [
        {
          "schema_version": 0,
          "attributes": {
            "description": "Vaughn, Woerpel Personal Project",
            "domain_id": "default",
            "enabled": true,
            "id": "e7e474215e334ca782a7f15bad62f6c4",
            "is_domain": false,
            "name": "vww9966",
            "parent_id": "default",
            "region": null,
            "tags": []
          },
          "sensitive_attributes": []
        }
      ]
    },
    {
      "mode": "data",
      "type": "openstack_images_image_v2",
      "name": "image_linux_openwrt",
      "provider": "provider[\"registry.terraform.io/terraform-provider-openstack/openstack\"]",
      "instances": [
        {
          "schema_version": 0,
          "attributes": {
            "checksum": "78ac60c0cc6cf1965fc73498cfb56d3e",
            "container_format": "bare",
            "created_at": "2023-10-23T22:44:19Z",
            "disk_format": "raw",
            "file": "/v2/images/71a5a3e4-75a5-4962-b0b0-628e8ddf76f5/file",
            "hidden": false,
            "id": "71a5a3e4-75a5-4962-b0b0-628e8ddf76f5",
            "member_status": null,
            "metadata": {},
            "min_disk_gb": 0,
            "min_ram_mb": 0,
            "most_recent": false,
            "name": "OpenWRT",
            "owner": "e7e474215e334ca782a7f15bad62f6c4",
            "properties": {
              "description": "OpenWRT Image",
              "direct_url": "rbd://bd7939e4-b236-11ed-a05f-be894137183b/images/71a5a3e4-75a5-4962-b0b0-628e8ddf76f5/snap",
              "os_hash_algo": "sha512",
              "os_hash_value": "0944a062fdec795fe34be6aa573b6a3aa242875bddc3534ce41788b0c36beff62e64fc84afdd84cf4b76de0860d10a7a30703823f73b7e012361cd6f2b577608",
              "stores": "rbd"
            },
            "protected": false,
            "region": "",
            "schema": "/v2/schemas/image",
            "size_bytes": 126353408,
            "size_max": null,
            "size_min": null,
            "sort_direction": "asc",
            "sort_key": "name",
            "tag": null,
            "tags": [],
            "updated_at": "2023-10-23T22:44:22Z",
            "visibility": "private"
          },
          "sensitive_attributes": []
        }
      ]
    },
    {
      "mode": "data",
      "type": "openstack_images_image_v2",
      "name": "image_linux_ubuntu",
      "provider": "provider[\"registry.terraform.io/terraform-provider-openstack/openstack\"]",
      "instances": [
        {
          "schema_version": 0,
          "attributes": {
            "checksum": "6cc46ebe49acefe98bccb967d6b13e7d",
            "container_format": "bare",
            "created_at": "2023-02-23T22:38:21Z",
            "disk_format": "raw",
            "file": "/v2/images/f19eb19d-2bd0-4c73-9e9e-88f3e94d8646/file",
            "hidden": false,
            "id": "f19eb19d-2bd0-4c73-9e9e-88f3e94d8646",
            "member_status": null,
            "metadata": {},
            "min_disk_gb": 0,
            "min_ram_mb": 0,
            "most_recent": false,
            "name": "UbuntuJammy2204",
            "owner": "a69aa169729a4dbea0d9b9683072260d",
            "properties": {
              "direct_url": "rbd://bd7939e4-b236-11ed-a05f-be894137183b/images/f19eb19d-2bd0-4c73-9e9e-88f3e94d8646/snap",
              "os_hash_algo": "sha512",
              "os_hash_value": "bf0ba0d66a5f6653d131afe63ffdf40aff429d9b43ac78363f775e41b6d4cac57157b99409817b79cc0a3d075d919d38f572bc3162cd2d2f4ecd94c49d3af94c",
              "owner_specified.openstack.md5": "",
              "owner_specified.openstack.object": "images/UbuntuJammy2204",
              "owner_specified.openstack.sha256": "",
              "stores": "rbd"
            },
            "protected": false,
            "region": "",
            "schema": "/v2/schemas/image",
            "size_bytes": 2361393152,
            "size_max": null,
            "size_min": null,
            "sort_direction": "asc",
            "sort_key": "name",
            "tag": null,
            "tags": [],
            "updated_at": "2023-02-23T22:38:41Z",
            "visibility": "public"
          },
          "sensitive_attributes": []
        }
      ]
    },
    {
      "mode": "data",
      "type": "openstack_images_image_v2",
      "name": "image_windows_10",
      "provider": "provider[\"registry.terraform.io/terraform-provider-openstack/openstack\"]",
      "instances": [
        {
          "schema_version": 0,
          "attributes": {
            "checksum": "e4deff5229b50d5fb492c10cae33d0e7",
            "container_format": "bare",
            "created_at": "2023-02-23T23:30:49Z",
            "disk_format": "raw",
            "file": "/v2/images/a1a23bf0-a885-4a65-9628-eb547ac5b26e/file",
            "hidden": false,
            "id": "a1a23bf0-a885-4a65-9628-eb547ac5b26e",
            "member_status": null,
            "metadata": {},
            "min_disk_gb": 0,
            "min_ram_mb": 0,
            "most_recent": false,
            "name": "Win10-21H2",
            "owner": "a69aa169729a4dbea0d9b9683072260d",
            "properties": {
              "direct_url": "rbd://bd7939e4-b236-11ed-a05f-be894137183b/images/a1a23bf0-a885-4a65-9628-eb547ac5b26e/snap",
              "hw_cpu_max_sockets": "1",
              "hw_qemu_guest_agent": "yes",
              "os_hash_algo": "sha512",
              "os_hash_value": "9b983422122d62398e7ca82ad0168cdaabada276cbb692cb8fcb99c7eeb8c6d27992378eb122ce1a0cb658aa1848a3e7a1ab3db50ff3df264b99eb8163373b91",
              "owner_specified.openstack.md5": "",
              "owner_specified.openstack.object": "images/Win10-21H2",
              "owner_specified.openstack.sha256": "",
              "stores": "rbd"
            },
            "protected": false,
            "region": "",
            "schema": "/v2/schemas/image",
            "size_bytes": 21476933632,
            "size_max": null,
            "size_min": null,
            "sort_direction": "asc",
            "sort_key": "name",
            "tag": null,
            "tags": [],
            "updated_at": "2023-03-06T00:22:48Z",
            "visibility": "public"
          },
          "sensitive_attributes": []
        }
      ]
    },
    {
      "mode": "data",
      "type": "openstack_images_image_v2",
      "name": "image_windows_2019",
      "provider": "provider[\"registry.terraform.io/terraform-provider-openstack/openstack\"]",
      "instances": [
        {
          "schema_version": 0,
          "attributes": {
            "checksum": "35752336cb4d13411bb3f96fe61aaa70",
            "container_format": "bare",
            "created_at": "2023-02-23T23:51:51Z",
            "disk_format": "raw",
            "file": "/v2/images/7c4e8ad9-113f-4370-b387-0c55b99f410f/file",
            "hidden": false,
            "id": "7c4e8ad9-113f-4370-b387-0c55b99f410f",
            "member_status": null,
            "metadata": {},
            "min_disk_gb": 0,
            "min_ram_mb": 0,
            "most_recent": false,
            "name": "WinSrv2019-17763-2022",
            "owner": "a69aa169729a4dbea0d9b9683072260d",
            "properties": {
              "direct_url": "rbd://bd7939e4-b236-11ed-a05f-be894137183b/images/7c4e8ad9-113f-4370-b387-0c55b99f410f/snap",
              "hw_cpu_max_sockets": "1",
              "hw_qemu_guest_agent": "yes",
              "os_hash_algo": "sha512",
              "os_hash_value": "35db0b0822808e817f5292cdaffe6fb234bf27cce91b1bce2afb2377c6669c60762adc6c158cb0c166ab103cf4332130b1848f5d439778e474e23e656647928e",
              "owner_specified.openstack.md5": "",
              "owner_specified.openstack.object": "images/WinSrv2019-17763-2022",
              "owner_specified.openstack.sha256": "",
              "stores": "rbd"
            },
            "protected": false,
            "region": "",
            "schema": "/v2/schemas/image",
            "size_bytes": 12886999040,
            "size_max": null,
            "size_min": null,
            "sort_direction": "asc",
            "sort_key": "name",
            "tag": null,
            "tags": [],
            "updated_at": "2023-03-06T00:22:52Z",
            "visibility": "public"
          },
          "sensitive_attributes": []
        }
      ]
    },
    {
      "module": "module.homelab",
      "mode": "data",
      "type": "openstack_identity_project_v3",
      "name": "management_project",
      "provider": "provider[\"registry.terraform.io/terraform-provider-openstack/openstack\"]",
      "instances": [
        {
          "schema_version": 0,
          "attributes": {
            "description": "Vaughn, Woerpel Personal Project",
            "domain_id": "default",
            "enabled": true,
            "id": "e7e474215e334ca782a7f15bad62f6c4",
            "is_domain": false,
            "name": "vww9966",
            "parent_id": "default",
            "region": null,
            "tags": []
          },
          "sensitive_attributes": []
        }
      ]
    },
    {
      "module": "module.homelab",
      "mode": "data",
      "type": "openstack_networking_network_v2",
      "name": "management_network",
      "provider": "provider[\"registry.terraform.io/terraform-provider-openstack/openstack\"]",
      "instances": [
        {
          "schema_version": 0,
          "attributes": {
            "admin_state_up": "true",
            "all_tags": [],
            "availability_zone_hints": [],
            "description": "",
            "dns_domain": "",
            "external": false,
            "id": "01f8c99a-f64f-4c04-96ea-52068d24f610",
            "matching_subnet_cidr": null,
            "mtu": 8942,
            "name": "Management Network",
            "network_id": null,
            "region": "",
            "shared": "false",
            "status": null,
            "subnets": [
              "0ef2ab62-705e-4585-86b7-d7c2667942d4"
            ],
            "tags": null,
            "tenant_id": "e7e474215e334ca782a7f15bad62f6c4",
            "transparent_vlan": false
          },
          "sensitive_attributes": []
        }
      ]
    },
    {
      "module": "module.homelab",
      "mode": "data",
      "type": "openstack_networking_router_v2",
      "name": "core_router",
      "provider": "provider[\"registry.terraform.io/terraform-provider-openstack/openstack\"]",
      "instances": [
        {
          "schema_version": 0,
          "attributes": {
            "admin_state_up": true,
            "all_tags": [],
            "availability_zone_hints": [],
            "description": "",
            "distributed": false,
            "enable_snat": true,
            "external_fixed_ip": [
              {
                "ip_address": "129.21.249.197",
                "subnet_id": "69f14ecc-2bad-412e-abf1-24c90da9be5e"
              }
            ],
            "external_network_id": "d96988a6-c388-4032-8067-0b89d572cad0",
            "id": "14484741-f755-4f88-bcef-5e753d2090ce",
            "name": "Core Router",
            "region": "",
            "router_id": null,
            "status": "ACTIVE",
            "tags": null,
            "tenant_id": "e7e474215e334ca782a7f15bad62f6c4"
          },
          "sensitive_attributes": []
        }
      ]
    },
    {
      "module": "module.homelab",
      "mode": "data",
      "type": "openstack_networking_secgroup_v2",
      "name": "default_secgroup",
      "provider": "provider[\"registry.terraform.io/terraform-provider-openstack/openstack\"]",
      "instances": [
        {
          "schema_version": 0,
          "attributes": {
            "all_tags": [],
            "description": "Default security group",
            "id": "23f0b9f4-84b0-4ba2-9f8c-a68a86fd011f",
            "name": "default",
            "region": "",
            "secgroup_id": "23f0b9f4-84b0-4ba2-9f8c-a68a86fd011f",
            "tags": null,
            "tenant_id": "e7e474215e334ca782a7f15bad62f6c4"
          },
          "sensitive_attributes": []
        }
      ]
    },
    {
      "module": "module.homelab",
      "mode": "data",
      "type": "openstack_networking_subnet_v2",
      "name": "management_subnet",
      "provider": "provider[\"registry.terraform.io/terraform-provider-openstack/openstack\"]",
      "instances": [
        {
          "schema_version": 0,
          "attributes": {
            "all_tags": [],
            "allocation_pools": [
              {
                "end": "10.100.0.250",
                "start": "10.100.0.200"
              }
            ],
            "cidr": "10.100.0.0/24",
            "description": "",
            "dhcp_disabled": null,
            "dhcp_enabled": null,
            "dns_nameservers": [
              "1.0.0.1",
              "1.1.1.1"
            ],
            "enable_dhcp": true,
            "gateway_ip": "10.100.0.254",
            "host_routes": [],
            "id": "0ef2ab62-705e-4585-86b7-d7c2667942d4",
            "ip_version": 4,
            "ipv6_address_mode": "",
            "ipv6_ra_mode": "",
            "name": "Management Subnet",
            "network_id": "01f8c99a-f64f-4c04-96ea-52068d24f610",
            "region": "",
            "subnet_id": null,
            "subnetpool_id": "",
            "tags": null,
            "tenant_id": "e7e474215e334ca782a7f15bad62f6c4"
          },
          "sensitive_attributes": []
        }
      ]
    },
    {
      "module": "module.homelab",
      "mode": "managed",
      "type": "openstack_blockstorage_volume_v3",
      "name": "jumpbox_volume",
      "provider": "provider[\"registry.terraform.io/terraform-provider-openstack/openstack\"]",
      "instances": [
        {
          "schema_version": 0,
          "attributes": {
            "attachment": [],
            "availability_zone": "nova",
            "consistency_group_id": null,
            "description": "",
            "enable_online_resize": null,
            "id": "6c88deae-d6ab-4a47-a76d-191ec709520d",
            "image_id": "f19eb19d-2bd0-4c73-9e9e-88f3e94d8646",
            "metadata": {},
            "multiattach": null,
            "name": "jumpbox.blueteam.thanksgiving.dinner-volume",
            "region": "",
            "scheduler_hints": [],
            "size": 30,
            "snapshot_id": "",
            "source_replica": null,
            "source_vol_id": "",
            "timeouts": {
              "create": "30m",
              "delete": null
            },
            "volume_type": "__DEFAULT__"
          },
          "sensitive_attributes": [],
          "private": "eyJlMmJmYjczMC1lY2FhLTExZTYtOGY4OC0zNDM2M2JjN2M0YzAiOnsiY3JlYXRlIjoxODAwMDAwMDAwMDAwLCJkZWxldGUiOjYwMDAwMDAwMDAwMH19",
          "dependencies": [
            "data.openstack_compute_flavor_v2.flavor_linux_small",
            "data.openstack_images_image_v2.image_linux_ubuntu"
          ]
        }
      ]
    },
    {
      "module": "module.homelab",
      "mode": "managed",
      "type": "openstack_blockstorage_volume_v3",
      "name": "team_volumes",
      "provider": "provider[\"registry.terraform.io/terraform-provider-openstack/openstack\"]",
      "instances": [
        {
          "index_key": "dc",
          "schema_version": 0,
          "attributes": {
            "attachment": [],
            "availability_zone": "nova",
            "consistency_group_id": null,
            "description": "",
            "enable_online_resize": null,
            "id": "a5940b73-5a13-4a3b-949e-c5469cd1f0c3",
            "image_id": "7c4e8ad9-113f-4370-b387-0c55b99f410f",
            "metadata": {},
            "multiattach": null,
            "name": "dc.blueteam.thanksgiving.dinner-volume",
            "region": "",
            "scheduler_hints": [],
            "size": 80,
            "snapshot_id": "",
            "source_replica": null,
            "source_vol_id": "",
            "timeouts": {
              "create": "30m",
              "delete": null
            },
            "volume_type": "__DEFAULT__"
          },
          "sensitive_attributes": [],
          "private": "eyJlMmJmYjczMC1lY2FhLTExZTYtOGY4OC0zNDM2M2JjN2M0YzAiOnsiY3JlYXRlIjoxODAwMDAwMDAwMDAwLCJkZWxldGUiOjYwMDAwMDAwMDAwMH19",
          "dependencies": [
            "data.openstack_compute_flavor_v2.flavor_linux_small",
            "data.openstack_compute_flavor_v2.flavor_windows_medium",
            "data.openstack_images_image_v2.image_linux_ubuntu",
            "data.openstack_images_image_v2.image_windows_10",
            "data.openstack_images_image_v2.image_windows_2019"
          ]
        },
        {
          "index_key": "media",
          "schema_version": 0,
          "attributes": {
            "attachment": [],
            "availability_zone": "nova",
            "consistency_group_id": null,
            "description": "",
            "enable_online_resize": null,
            "id": "43fcdf4f-8a86-4fa7-95dd-5a5f55b07a3b",
            "image_id": "f19eb19d-2bd0-4c73-9e9e-88f3e94d8646",
            "metadata": {},
            "multiattach": null,
            "name": "media.blueteam.thanksgiving.dinner-volume",
            "region": "",
            "scheduler_hints": [],
            "size": 30,
            "snapshot_id": "",
            "source_replica": null,
            "source_vol_id": "",
            "timeouts": {
              "create": "30m",
              "delete": null
            },
            "volume_type": "__DEFAULT__"
          },
          "sensitive_attributes": [],
          "private": "eyJlMmJmYjczMC1lY2FhLTExZTYtOGY4OC0zNDM2M2JjN2M0YzAiOnsiY3JlYXRlIjoxODAwMDAwMDAwMDAwLCJkZWxldGUiOjYwMDAwMDAwMDAwMH19",
          "dependencies": [
            "data.openstack_compute_flavor_v2.flavor_linux_small",
            "data.openstack_compute_flavor_v2.flavor_windows_medium",
            "data.openstack_images_image_v2.image_linux_ubuntu",
            "data.openstack_images_image_v2.image_windows_10",
            "data.openstack_images_image_v2.image_windows_2019"
          ]
        },
        {
          "index_key": "pc",
          "schema_version": 0,
          "attributes": {
            "attachment": [],
            "availability_zone": "nova",
            "consistency_group_id": null,
            "description": "",
            "enable_online_resize": null,
            "id": "befcdf9b-328f-4470-9ba4-e7415e3c4eff",
            "image_id": "a1a23bf0-a885-4a65-9628-eb547ac5b26e",
            "metadata": {},
            "multiattach": null,
            "name": "pc.blueteam.thanksgiving.dinner-volume",
            "region": "",
            "scheduler_hints": [],
            "size": 45,
            "snapshot_id": "",
            "source_replica": null,
            "source_vol_id": "",
            "timeouts": {
              "create": "30m",
              "delete": null
            },
            "volume_type": "__DEFAULT__"
          },
          "sensitive_attributes": [],
          "private": "eyJlMmJmYjczMC1lY2FhLTExZTYtOGY4OC0zNDM2M2JjN2M0YzAiOnsiY3JlYXRlIjoxODAwMDAwMDAwMDAwLCJkZWxldGUiOjYwMDAwMDAwMDAwMH19",
          "dependencies": [
            "data.openstack_compute_flavor_v2.flavor_linux_small",
            "data.openstack_compute_flavor_v2.flavor_windows_medium",
            "data.openstack_images_image_v2.image_linux_ubuntu",
            "data.openstack_images_image_v2.image_windows_10",
            "data.openstack_images_image_v2.image_windows_2019"
          ]
        }
      ]
    },
    {
      "module": "module.homelab",
      "mode": "managed",
      "type": "openstack_compute_instance_v2",
      "name": "team_homelab_instance",
      "provider": "provider[\"registry.terraform.io/terraform-provider-openstack/openstack\"]",
      "instances": [
        {
          "index_key": "dc",
          "schema_version": 0,
          "attributes": {
            "access_ip_v4": "10.1.0.1",
            "access_ip_v6": "",
            "admin_pass": null,
            "all_metadata": {},
            "all_tags": [
              "blueteam-dc",
              "homelab",
              "project-ThanksgivingThrowdown-blueteam",
              "project-management"
            ],
            "availability_zone": "host02",
            "availability_zone_hints": null,
            "block_device": [
              {
                "boot_index": 0,
                "delete_on_termination": true,
                "destination_type": "volume",
                "device_type": "",
                "disk_bus": "",
                "guest_format": "",
                "source_type": "volume",
                "uuid": "a5940b73-5a13-4a3b-949e-c5469cd1f0c3",
                "volume_size": 80,
                "volume_type": ""
              }
            ],
            "config_drive": null,
            "flavor_id": "0d282a6d-d770-4f46-b059-5ca291489578",
            "flavor_name": "medium",
            "floating_ip": null,
            "force_delete": false,
            "id": "f2617122-0fda-44ac-a36b-dfabbe37c465",
            "image_id": "Attempt to boot from volume - no image supplied",
            "image_name": null,
            "key_pair": "",
            "metadata": null,
            "name": "dc.blueteam.thanksgiving.dinner",
            "network": [
              {
                "access_network": false,
                "fixed_ip_v4": "10.1.0.1",
                "fixed_ip_v6": "",
                "floating_ip": "",
                "mac": "fa:16:3e:ff:c8:51",
                "name": "Blueteam Homelab",
                "port": "5921c61a-242d-4a7f-865a-6e2c60af9727",
                "uuid": "1d7c4694-473d-4f8f-866c-a7dd8939ff6f"
              }
            ],
            "network_mode": null,
            "personality": [],
            "power_state": "active",
            "region": "",
            "scheduler_hints": [],
            "security_groups": [
              "Blueteam Homelab Secgroup",
              "default"
            ],
            "stop_before_destroy": false,
            "tags": [
              "blueteam-dc",
              "homelab",
              "project-ThanksgivingThrowdown-blueteam",
              "project-management"
            ],
            "timeouts": null,
            "user_data": "6ad8d2d12965f92d5c9a9200af1c54d7f3374611",
            "vendor_options": [],
            "volume": []
          },
          "sensitive_attributes": [],
          "private": "eyJlMmJmYjczMC1lY2FhLTExZTYtOGY4OC0zNDM2M2JjN2M0YzAiOnsiY3JlYXRlIjoxODAwMDAwMDAwMDAwLCJkZWxldGUiOjE4MDAwMDAwMDAwMDAsInVwZGF0ZSI6MTgwMDAwMDAwMDAwMH19",
          "dependencies": [
            "data.openstack_compute_flavor_v2.flavor_linux_small",
            "data.openstack_compute_flavor_v2.flavor_windows_medium",
            "data.openstack_images_image_v2.image_linux_ubuntu",
            "data.openstack_images_image_v2.image_windows_10",
            "data.openstack_images_image_v2.image_windows_2019",
            "module.homelab.data.openstack_identity_project_v3.management_project",
            "module.homelab.data.openstack_networking_network_v2.management_network",
            "module.homelab.data.openstack_networking_secgroup_v2.default_secgroup",
            "module.homelab.data.openstack_networking_subnet_v2.management_subnet",
            "module.homelab.openstack_blockstorage_volume_v3.team_volumes",
            "module.homelab.openstack_networking_network_v2.blueteam_homelab",
            "module.homelab.openstack_networking_port_v2.dc_port",
            "module.homelab.openstack_networking_port_v2.jumpbox_homelab_port",
            "module.homelab.openstack_networking_port_v2.jumpbox_management_port",
            "module.homelab.openstack_networking_port_v2.media_port",
            "module.homelab.openstack_networking_port_v2.pc_port",
            "module.homelab.openstack_networking_port_v2.pihole_port",
            "module.homelab.openstack_networking_secgroup_v2.blueteam_homelab_secgroup",
            "module.homelab.openstack_networking_secgroup_v2.blueteam_jumpbox_secgroup",
            "module.homelab.openstack_networking_subnet_v2.blueteam_homelab_subnet"
          ]
        },
        {
          "index_key": "media",
          "schema_version": 0,
          "attributes": {
            "access_ip_v4": "10.1.0.3",
            "access_ip_v6": "",
            "admin_pass": null,
            "all_metadata": {},
            "all_tags": [
              "blueteam-media",
              "homelab",
              "project-ThanksgivingThrowdown-blueteam",
              "project-management"
            ],
            "availability_zone": "host02",
            "availability_zone_hints": null,
            "block_device": [
              {
                "boot_index": 0,
                "delete_on_termination": true,
                "destination_type": "volume",
                "device_type": "",
                "disk_bus": "",
                "guest_format": "",
                "source_type": "volume",
                "uuid": "43fcdf4f-8a86-4fa7-95dd-5a5f55b07a3b",
                "volume_size": 30,
                "volume_type": ""
              }
            ],
            "config_drive": null,
            "flavor_id": "5f964abc-866f-4d79-8aae-f9460cfb28d7",
            "flavor_name": "small",
            "floating_ip": null,
            "force_delete": false,
            "id": "d5d4cbf1-8646-48bc-ba39-e92e3f401b19",
            "image_id": "Attempt to boot from volume - no image supplied",
            "image_name": null,
            "key_pair": "",
            "metadata": null,
            "name": "media.blueteam.thanksgiving.dinner",
            "network": [
              {
                "access_network": false,
                "fixed_ip_v4": "10.1.0.3",
                "fixed_ip_v6": "",
                "floating_ip": "",
                "mac": "fa:16:3e:65:b7:bc",
                "name": "Blueteam Homelab",
                "port": "7fe04846-9dd6-4bbd-8101-375a5caab7da",
                "uuid": "1d7c4694-473d-4f8f-866c-a7dd8939ff6f"
              }
            ],
            "network_mode": null,
            "personality": [],
            "power_state": "active",
            "region": "",
            "scheduler_hints": [],
            "security_groups": [
              "Blueteam Homelab Secgroup",
              "default"
            ],
            "stop_before_destroy": false,
            "tags": [
              "blueteam-media",
              "homelab",
              "project-ThanksgivingThrowdown-blueteam",
              "project-management"
            ],
            "timeouts": null,
            "user_data": "3b84a9208391425c6388676407e6a363a0c5c4fc",
            "vendor_options": [],
            "volume": []
          },
          "sensitive_attributes": [],
          "private": "eyJlMmJmYjczMC1lY2FhLTExZTYtOGY4OC0zNDM2M2JjN2M0YzAiOnsiY3JlYXRlIjoxODAwMDAwMDAwMDAwLCJkZWxldGUiOjE4MDAwMDAwMDAwMDAsInVwZGF0ZSI6MTgwMDAwMDAwMDAwMH19",
          "dependencies": [
            "data.openstack_compute_flavor_v2.flavor_linux_small",
            "data.openstack_compute_flavor_v2.flavor_windows_medium",
            "data.openstack_images_image_v2.image_linux_ubuntu",
            "data.openstack_images_image_v2.image_windows_10",
            "data.openstack_images_image_v2.image_windows_2019",
            "module.homelab.data.openstack_identity_project_v3.management_project",
            "module.homelab.data.openstack_networking_network_v2.management_network",
            "module.homelab.data.openstack_networking_secgroup_v2.default_secgroup",
            "module.homelab.data.openstack_networking_subnet_v2.management_subnet",
            "module.homelab.openstack_blockstorage_volume_v3.team_volumes",
            "module.homelab.openstack_networking_network_v2.blueteam_homelab",
            "module.homelab.openstack_networking_port_v2.dc_port",
            "module.homelab.openstack_networking_port_v2.jumpbox_homelab_port",
            "module.homelab.openstack_networking_port_v2.jumpbox_management_port",
            "module.homelab.openstack_networking_port_v2.media_port",
            "module.homelab.openstack_networking_port_v2.pc_port",
            "module.homelab.openstack_networking_port_v2.pihole_port",
            "module.homelab.openstack_networking_secgroup_v2.blueteam_homelab_secgroup",
            "module.homelab.openstack_networking_secgroup_v2.blueteam_jumpbox_secgroup",
            "module.homelab.openstack_networking_subnet_v2.blueteam_homelab_subnet"
          ]
        },
        {
          "index_key": "pc",
          "schema_version": 0,
          "attributes": {
            "access_ip_v4": "10.1.0.2",
            "access_ip_v6": "",
            "admin_pass": null,
            "all_metadata": {},
            "all_tags": [
              "blueteam-pc",
              "homelab",
              "project-ThanksgivingThrowdown-blueteam",
              "project-management"
            ],
            "availability_zone": "host02",
            "availability_zone_hints": null,
            "block_device": [
              {
                "boot_index": 0,
                "delete_on_termination": true,
                "destination_type": "volume",
                "device_type": "",
                "disk_bus": "",
                "guest_format": "",
                "source_type": "volume",
                "uuid": "befcdf9b-328f-4470-9ba4-e7415e3c4eff",
                "volume_size": 45,
                "volume_type": ""
              }
            ],
            "config_drive": null,
            "flavor_id": "0d282a6d-d770-4f46-b059-5ca291489578",
            "flavor_name": "medium",
            "floating_ip": null,
            "force_delete": false,
            "id": "b601a35e-721c-487a-bfbd-c04f2d08b19d",
            "image_id": "Attempt to boot from volume - no image supplied",
            "image_name": null,
            "key_pair": "",
            "metadata": null,
            "name": "pc.blueteam.thanksgiving.dinner",
            "network": [
              {
                "access_network": false,
                "fixed_ip_v4": "10.1.0.2",
                "fixed_ip_v6": "",
                "floating_ip": "",
                "mac": "fa:16:3e:43:4a:0b",
                "name": "Blueteam Homelab",
                "port": "973e1b7b-dbf9-496f-9bf3-cb3a7675c11a",
                "uuid": "1d7c4694-473d-4f8f-866c-a7dd8939ff6f"
              }
            ],
            "network_mode": null,
            "personality": [],
            "power_state": "active",
            "region": "",
            "scheduler_hints": [],
            "security_groups": [
              "Blueteam Homelab Secgroup",
              "default"
            ],
            "stop_before_destroy": false,
            "tags": [
              "blueteam-pc",
              "homelab",
              "project-ThanksgivingThrowdown-blueteam",
              "project-management"
            ],
            "timeouts": null,
            "user_data": "6ad8d2d12965f92d5c9a9200af1c54d7f3374611",
            "vendor_options": [],
            "volume": []
          },
          "sensitive_attributes": [],
          "private": "eyJlMmJmYjczMC1lY2FhLTExZTYtOGY4OC0zNDM2M2JjN2M0YzAiOnsiY3JlYXRlIjoxODAwMDAwMDAwMDAwLCJkZWxldGUiOjE4MDAwMDAwMDAwMDAsInVwZGF0ZSI6MTgwMDAwMDAwMDAwMH19",
          "dependencies": [
            "data.openstack_compute_flavor_v2.flavor_linux_small",
            "data.openstack_compute_flavor_v2.flavor_windows_medium",
            "data.openstack_images_image_v2.image_linux_ubuntu",
            "data.openstack_images_image_v2.image_windows_10",
            "data.openstack_images_image_v2.image_windows_2019",
            "module.homelab.data.openstack_identity_project_v3.management_project",
            "module.homelab.data.openstack_networking_network_v2.management_network",
            "module.homelab.data.openstack_networking_secgroup_v2.default_secgroup",
            "module.homelab.data.openstack_networking_subnet_v2.management_subnet",
            "module.homelab.openstack_blockstorage_volume_v3.team_volumes",
            "module.homelab.openstack_networking_network_v2.blueteam_homelab",
            "module.homelab.openstack_networking_port_v2.dc_port",
            "module.homelab.openstack_networking_port_v2.jumpbox_homelab_port",
            "module.homelab.openstack_networking_port_v2.jumpbox_management_port",
            "module.homelab.openstack_networking_port_v2.media_port",
            "module.homelab.openstack_networking_port_v2.pc_port",
            "module.homelab.openstack_networking_port_v2.pihole_port",
            "module.homelab.openstack_networking_secgroup_v2.blueteam_homelab_secgroup",
            "module.homelab.openstack_networking_secgroup_v2.blueteam_jumpbox_secgroup",
            "module.homelab.openstack_networking_subnet_v2.blueteam_homelab_subnet"
          ]
        }
      ]
    },
    {
      "module": "module.homelab",
      "mode": "managed",
      "type": "openstack_compute_instance_v2",
      "name": "team_jumpbox_instance",
      "provider": "provider[\"registry.terraform.io/terraform-provider-openstack/openstack\"]",
      "instances": [
        {
          "schema_version": 0,
          "attributes": {
            "access_ip_v4": "10.1.0.100",
            "access_ip_v6": "",
            "admin_pass": null,
            "all_metadata": {},
            "all_tags": [
              "homelab",
              "jumpbox",
              "project-ThanksgivingThrowdown-blueteam",
              "project-management"
            ],
            "availability_zone": "host02",
            "availability_zone_hints": null,
            "block_device": [
              {
                "boot_index": 0,
                "delete_on_termination": true,
                "destination_type": "volume",
                "device_type": "",
                "disk_bus": "",
                "guest_format": "",
                "source_type": "volume",
                "uuid": "6c88deae-d6ab-4a47-a76d-191ec709520d",
                "volume_size": 30,
                "volume_type": ""
              }
            ],
            "config_drive": null,
            "flavor_id": "5f964abc-866f-4d79-8aae-f9460cfb28d7",
            "flavor_name": "small",
            "floating_ip": null,
            "force_delete": false,
            "id": "189aa26b-7455-4ab5-b473-b24d80adc9fc",
            "image_id": "Attempt to boot from volume - no image supplied",
            "image_name": null,
            "key_pair": "",
            "metadata": null,
            "name": "jumpbox.blueteam.thanksgiving.dinner",
            "network": [
              {
                "access_network": false,
                "fixed_ip_v4": "10.1.0.100",
                "fixed_ip_v6": "",
                "floating_ip": "",
                "mac": "fa:16:3e:6c:1d:0c",
                "name": "Blueteam Homelab",
                "port": "beccc459-59aa-4d20-b750-7f48ce9768f4",
                "uuid": "1d7c4694-473d-4f8f-866c-a7dd8939ff6f"
              },
              {
                "access_network": false,
                "fixed_ip_v4": "10.100.0.100",
                "fixed_ip_v6": "",
                "floating_ip": "",
                "mac": "fa:16:3e:ce:b0:ed",
                "name": "Management Network",
                "port": "80e3fd1f-57f3-4459-bf01-a2befe653466",
                "uuid": "01f8c99a-f64f-4c04-96ea-52068d24f610"
              }
            ],
            "network_mode": null,
            "personality": [],
            "power_state": "active",
            "region": "",
            "scheduler_hints": [],
            "security_groups": [
              "Blueteam Jumpbox Secgroup",
              "default"
            ],
            "stop_before_destroy": false,
            "tags": [
              "homelab",
              "jumpbox",
              "project-ThanksgivingThrowdown-blueteam",
              "project-management"
            ],
            "timeouts": null,
            "user_data": "3b84a9208391425c6388676407e6a363a0c5c4fc",
            "vendor_options": [],
            "volume": []
          },
          "sensitive_attributes": [],
          "private": "eyJlMmJmYjczMC1lY2FhLTExZTYtOGY4OC0zNDM2M2JjN2M0YzAiOnsiY3JlYXRlIjoxODAwMDAwMDAwMDAwLCJkZWxldGUiOjE4MDAwMDAwMDAwMDAsInVwZGF0ZSI6MTgwMDAwMDAwMDAwMH19",
          "dependencies": [
            "data.openstack_compute_flavor_v2.flavor_linux_small",
            "data.openstack_images_image_v2.image_linux_ubuntu",
            "module.homelab.data.openstack_identity_project_v3.management_project",
            "module.homelab.data.openstack_networking_network_v2.management_network",
            "module.homelab.data.openstack_networking_secgroup_v2.default_secgroup",
            "module.homelab.data.openstack_networking_subnet_v2.management_subnet",
            "module.homelab.openstack_blockstorage_volume_v3.jumpbox_volume",
            "module.homelab.openstack_networking_network_v2.blueteam_homelab",
            "module.homelab.openstack_networking_port_v2.dc_port",
            "module.homelab.openstack_networking_port_v2.jumpbox_homelab_port",
            "module.homelab.openstack_networking_port_v2.jumpbox_management_port",
            "module.homelab.openstack_networking_port_v2.media_port",
            "module.homelab.openstack_networking_port_v2.pc_port",
            "module.homelab.openstack_networking_port_v2.pihole_port",
            "module.homelab.openstack_networking_secgroup_v2.blueteam_homelab_secgroup",
            "module.homelab.openstack_networking_secgroup_v2.blueteam_jumpbox_secgroup",
            "module.homelab.openstack_networking_subnet_v2.blueteam_homelab_subnet"
          ]
        }
      ]
    },
    {
      "module": "module.homelab",
      "mode": "managed",
      "type": "openstack_networking_network_v2",
      "name": "blueteam_homelab",
      "provider": "provider[\"registry.terraform.io/terraform-provider-openstack/openstack\"]",
      "instances": [
        {
          "schema_version": 0,
          "attributes": {
            "admin_state_up": true,
            "all_tags": [],
            "availability_zone_hints": [],
            "description": "",
            "dns_domain": "",
            "external": false,
            "id": "1d7c4694-473d-4f8f-866c-a7dd8939ff6f",
            "mtu": 8942,
            "name": "Blueteam Homelab",
            "port_security_enabled": true,
            "qos_policy_id": "",
            "region": "",
            "segments": [],
            "shared": false,
            "tags": null,
            "tenant_id": "e7e474215e334ca782a7f15bad62f6c4",
            "timeouts": null,
            "transparent_vlan": false,
            "value_specs": null
          },
          "sensitive_attributes": [],
          "private": "eyJlMmJmYjczMC1lY2FhLTExZTYtOGY4OC0zNDM2M2JjN2M0YzAiOnsiY3JlYXRlIjo2MDAwMDAwMDAwMDAsImRlbGV0ZSI6NjAwMDAwMDAwMDAwfX0="
        }
      ]
    },
    {
      "module": "module.homelab",
      "mode": "managed",
      "type": "openstack_networking_port_v2",
      "name": "blueteam_homelab_subnet_port",
      "provider": "provider[\"registry.terraform.io/terraform-provider-openstack/openstack\"]",
      "instances": [
        {
          "schema_version": 0,
          "attributes": {
            "admin_state_up": true,
            "all_fixed_ips": [
              "10.1.0.254"
            ],
            "all_security_group_ids": [],
            "all_tags": [],
            "allowed_address_pairs": [],
            "binding": [
              {
                "host_id": "",
                "profile": "",
                "vif_details": {},
                "vif_type": "",
                "vnic_type": "normal"
              }
            ],
            "description": "",
            "device_id": "",
            "device_owner": "",
            "dns_assignment": [],
            "dns_name": "",
            "extra_dhcp_option": [],
            "fixed_ip": [
              {
                "ip_address": "10.1.0.254",
                "subnet_id": "bba46b5f-6090-4f41-8911-b57925d026c3"
              }
            ],
            "id": "fe84c70a-d826-458f-ab25-d7c3ece7b60c",
            "mac_address": "fa:16:3e:69:dd:cd",
            "name": "Blueteam Homelab Port",
            "network_id": "1d7c4694-473d-4f8f-866c-a7dd8939ff6f",
            "no_fixed_ip": null,
            "no_security_groups": null,
            "port_security_enabled": false,
            "qos_policy_id": "",
            "region": "",
            "security_group_ids": null,
            "tags": null,
            "tenant_id": "e7e474215e334ca782a7f15bad62f6c4",
            "timeouts": null,
            "value_specs": null
          },
          "sensitive_attributes": [],
          "private": "eyJlMmJmYjczMC1lY2FhLTExZTYtOGY4OC0zNDM2M2JjN2M0YzAiOnsiY3JlYXRlIjo2MDAwMDAwMDAwMDAsImRlbGV0ZSI6NjAwMDAwMDAwMDAwfX0=",
          "dependencies": [
            "module.homelab.openstack_networking_network_v2.blueteam_homelab",
            "module.homelab.openstack_networking_subnet_v2.blueteam_homelab_subnet"
          ]
        }
      ]
    },
    {
      "module": "module.homelab",
      "mode": "managed",
      "type": "openstack_networking_port_v2",
      "name": "dc_port",
      "provider": "provider[\"registry.terraform.io/terraform-provider-openstack/openstack\"]",
      "instances": [
        {
          "schema_version": 0,
          "attributes": {
            "admin_state_up": true,
            "all_fixed_ips": [
              "10.1.0.1"
            ],
            "all_security_group_ids": [
              "23f0b9f4-84b0-4ba2-9f8c-a68a86fd011f",
              "6c4b4699-47ee-4c95-83de-d39f31efe03b"
            ],
            "all_tags": [],
            "allowed_address_pairs": [],
            "binding": [
              {
                "host_id": "",
                "profile": "",
                "vif_details": {},
                "vif_type": "",
                "vnic_type": "normal"
              }
            ],
            "description": "",
            "device_id": "",
            "device_owner": "",
            "dns_assignment": [],
            "dns_name": "",
            "extra_dhcp_option": [],
            "fixed_ip": [
              {
                "ip_address": "10.1.0.1",
                "subnet_id": "bba46b5f-6090-4f41-8911-b57925d026c3"
              }
            ],
            "id": "5921c61a-242d-4a7f-865a-6e2c60af9727",
            "mac_address": "fa:16:3e:ff:c8:51",
            "name": "Blueteam Homelab Domain Controller",
            "network_id": "1d7c4694-473d-4f8f-866c-a7dd8939ff6f",
            "no_fixed_ip": null,
            "no_security_groups": null,
            "port_security_enabled": true,
            "qos_policy_id": "",
            "region": "",
            "security_group_ids": [
              "23f0b9f4-84b0-4ba2-9f8c-a68a86fd011f",
              "6c4b4699-47ee-4c95-83de-d39f31efe03b"
            ],
            "tags": null,
            "tenant_id": "e7e474215e334ca782a7f15bad62f6c4",
            "timeouts": null,
            "value_specs": null
          },
          "sensitive_attributes": [],
          "private": "eyJlMmJmYjczMC1lY2FhLTExZTYtOGY4OC0zNDM2M2JjN2M0YzAiOnsiY3JlYXRlIjo2MDAwMDAwMDAwMDAsImRlbGV0ZSI6NjAwMDAwMDAwMDAwfX0=",
          "dependencies": [
            "module.homelab.data.openstack_identity_project_v3.management_project",
            "module.homelab.data.openstack_networking_secgroup_v2.default_secgroup",
            "module.homelab.openstack_networking_network_v2.blueteam_homelab",
            "module.homelab.openstack_networking_secgroup_v2.blueteam_homelab_secgroup",
            "module.homelab.openstack_networking_secgroup_v2.blueteam_jumpbox_secgroup",
            "module.homelab.openstack_networking_subnet_v2.blueteam_homelab_subnet"
          ]
        }
      ]
    },
    {
      "module": "module.homelab",
      "mode": "managed",
      "type": "openstack_networking_port_v2",
      "name": "jumpbox_homelab_port",
      "provider": "provider[\"registry.terraform.io/terraform-provider-openstack/openstack\"]",
      "instances": [
        {
          "schema_version": 0,
          "attributes": {
            "admin_state_up": true,
            "all_fixed_ips": [
              "10.1.0.100"
            ],
            "all_security_group_ids": [
              "23f0b9f4-84b0-4ba2-9f8c-a68a86fd011f",
              "b668452b-5cef-42f1-8355-a19c5b53474a"
            ],
            "all_tags": [],
            "allowed_address_pairs": [],
            "binding": [
              {
                "host_id": "",
                "profile": "",
                "vif_details": {},
                "vif_type": "",
                "vnic_type": "normal"
              }
            ],
            "description": "",
            "device_id": "",
            "device_owner": "",
            "dns_assignment": [],
            "dns_name": "",
            "extra_dhcp_option": [],
            "fixed_ip": [
              {
                "ip_address": "10.1.0.100",
                "subnet_id": "bba46b5f-6090-4f41-8911-b57925d026c3"
              }
            ],
            "id": "beccc459-59aa-4d20-b750-7f48ce9768f4",
            "mac_address": "fa:16:3e:6c:1d:0c",
            "name": "Blueteam Jumpbox Homelab",
            "network_id": "1d7c4694-473d-4f8f-866c-a7dd8939ff6f",
            "no_fixed_ip": null,
            "no_security_groups": null,
            "port_security_enabled": true,
            "qos_policy_id": "",
            "region": "",
            "security_group_ids": [
              "23f0b9f4-84b0-4ba2-9f8c-a68a86fd011f",
              "b668452b-5cef-42f1-8355-a19c5b53474a"
            ],
            "tags": null,
            "tenant_id": "e7e474215e334ca782a7f15bad62f6c4",
            "timeouts": null,
            "value_specs": null
          },
          "sensitive_attributes": [],
          "private": "eyJlMmJmYjczMC1lY2FhLTExZTYtOGY4OC0zNDM2M2JjN2M0YzAiOnsiY3JlYXRlIjo2MDAwMDAwMDAwMDAsImRlbGV0ZSI6NjAwMDAwMDAwMDAwfX0=",
          "dependencies": [
            "module.homelab.data.openstack_identity_project_v3.management_project",
            "module.homelab.data.openstack_networking_secgroup_v2.default_secgroup",
            "module.homelab.openstack_networking_network_v2.blueteam_homelab",
            "module.homelab.openstack_networking_secgroup_v2.blueteam_homelab_secgroup",
            "module.homelab.openstack_networking_secgroup_v2.blueteam_jumpbox_secgroup",
            "module.homelab.openstack_networking_subnet_v2.blueteam_homelab_subnet"
          ]
        }
      ]
    },
    {
      "module": "module.homelab",
      "mode": "managed",
      "type": "openstack_networking_port_v2",
      "name": "jumpbox_management_port",
      "provider": "provider[\"registry.terraform.io/terraform-provider-openstack/openstack\"]",
      "instances": [
        {
          "schema_version": 0,
          "attributes": {
            "admin_state_up": true,
            "all_fixed_ips": [
              "10.100.0.100"
            ],
            "all_security_group_ids": [
              "23f0b9f4-84b0-4ba2-9f8c-a68a86fd011f",
              "b668452b-5cef-42f1-8355-a19c5b53474a"
            ],
            "all_tags": [],
            "allowed_address_pairs": [],
            "binding": [
              {
                "host_id": "",
                "profile": "",
                "vif_details": {},
                "vif_type": "",
                "vnic_type": "normal"
              }
            ],
            "description": "",
            "device_id": "",
            "device_owner": "",
            "dns_assignment": [],
            "dns_name": "",
            "extra_dhcp_option": [],
            "fixed_ip": [
              {
                "ip_address": "10.100.0.100",
                "subnet_id": "0ef2ab62-705e-4585-86b7-d7c2667942d4"
              }
            ],
            "id": "80e3fd1f-57f3-4459-bf01-a2befe653466",
            "mac_address": "fa:16:3e:ce:b0:ed",
            "name": "Blueteam Jumpbox Management",
            "network_id": "01f8c99a-f64f-4c04-96ea-52068d24f610",
            "no_fixed_ip": null,
            "no_security_groups": null,
            "port_security_enabled": true,
            "qos_policy_id": "",
            "region": "",
            "security_group_ids": [
              "23f0b9f4-84b0-4ba2-9f8c-a68a86fd011f",
              "b668452b-5cef-42f1-8355-a19c5b53474a"
            ],
            "tags": null,
            "tenant_id": "e7e474215e334ca782a7f15bad62f6c4",
            "timeouts": null,
            "value_specs": null
          },
          "sensitive_attributes": [],
          "private": "eyJlMmJmYjczMC1lY2FhLTExZTYtOGY4OC0zNDM2M2JjN2M0YzAiOnsiY3JlYXRlIjo2MDAwMDAwMDAwMDAsImRlbGV0ZSI6NjAwMDAwMDAwMDAwfX0=",
          "dependencies": [
            "module.homelab.data.openstack_identity_project_v3.management_project",
            "module.homelab.data.openstack_networking_network_v2.management_network",
            "module.homelab.data.openstack_networking_secgroup_v2.default_secgroup",
            "module.homelab.data.openstack_networking_subnet_v2.management_subnet",
            "module.homelab.openstack_networking_secgroup_v2.blueteam_homelab_secgroup",
            "module.homelab.openstack_networking_secgroup_v2.blueteam_jumpbox_secgroup"
          ]
        }
      ]
    },
    {
      "module": "module.homelab",
      "mode": "managed",
      "type": "openstack_networking_port_v2",
      "name": "media_port",
      "provider": "provider[\"registry.terraform.io/terraform-provider-openstack/openstack\"]",
      "instances": [
        {
          "schema_version": 0,
          "attributes": {
            "admin_state_up": true,
            "all_fixed_ips": [
              "10.1.0.3"
            ],
            "all_security_group_ids": [
              "23f0b9f4-84b0-4ba2-9f8c-a68a86fd011f",
              "6c4b4699-47ee-4c95-83de-d39f31efe03b"
            ],
            "all_tags": [],
            "allowed_address_pairs": [],
            "binding": [
              {
                "host_id": "",
                "profile": "",
                "vif_details": {},
                "vif_type": "",
                "vnic_type": "normal"
              }
            ],
            "description": "",
            "device_id": "",
            "device_owner": "",
            "dns_assignment": [],
            "dns_name": "",
            "extra_dhcp_option": [],
            "fixed_ip": [
              {
                "ip_address": "10.1.0.3",
                "subnet_id": "bba46b5f-6090-4f41-8911-b57925d026c3"
              }
            ],
            "id": "7fe04846-9dd6-4bbd-8101-375a5caab7da",
            "mac_address": "fa:16:3e:65:b7:bc",
            "name": "Blueteam Homelab Media",
            "network_id": "1d7c4694-473d-4f8f-866c-a7dd8939ff6f",
            "no_fixed_ip": null,
            "no_security_groups": null,
            "port_security_enabled": true,
            "qos_policy_id": "",
            "region": "",
            "security_group_ids": [
              "23f0b9f4-84b0-4ba2-9f8c-a68a86fd011f",
              "6c4b4699-47ee-4c95-83de-d39f31efe03b"
            ],
            "tags": null,
            "tenant_id": "e7e474215e334ca782a7f15bad62f6c4",
            "timeouts": null,
            "value_specs": null
          },
          "sensitive_attributes": [],
          "private": "eyJlMmJmYjczMC1lY2FhLTExZTYtOGY4OC0zNDM2M2JjN2M0YzAiOnsiY3JlYXRlIjo2MDAwMDAwMDAwMDAsImRlbGV0ZSI6NjAwMDAwMDAwMDAwfX0=",
          "dependencies": [
            "module.homelab.data.openstack_identity_project_v3.management_project",
            "module.homelab.data.openstack_networking_secgroup_v2.default_secgroup",
            "module.homelab.openstack_networking_network_v2.blueteam_homelab",
            "module.homelab.openstack_networking_secgroup_v2.blueteam_homelab_secgroup",
            "module.homelab.openstack_networking_secgroup_v2.blueteam_jumpbox_secgroup",
            "module.homelab.openstack_networking_subnet_v2.blueteam_homelab_subnet"
          ]
        }
      ]
    },
    {
      "module": "module.homelab",
      "mode": "managed",
      "type": "openstack_networking_port_v2",
      "name": "pc_port",
      "provider": "provider[\"registry.terraform.io/terraform-provider-openstack/openstack\"]",
      "instances": [
        {
          "schema_version": 0,
          "attributes": {
            "admin_state_up": true,
            "all_fixed_ips": [
              "10.1.0.2"
            ],
            "all_security_group_ids": [
              "23f0b9f4-84b0-4ba2-9f8c-a68a86fd011f",
              "6c4b4699-47ee-4c95-83de-d39f31efe03b"
            ],
            "all_tags": [],
            "allowed_address_pairs": [],
            "binding": [
              {
                "host_id": "",
                "profile": "",
                "vif_details": {},
                "vif_type": "",
                "vnic_type": "normal"
              }
            ],
            "description": "",
            "device_id": "",
            "device_owner": "",
            "dns_assignment": [],
            "dns_name": "",
            "extra_dhcp_option": [],
            "fixed_ip": [
              {
                "ip_address": "10.1.0.2",
                "subnet_id": "bba46b5f-6090-4f41-8911-b57925d026c3"
              }
            ],
            "id": "973e1b7b-dbf9-496f-9bf3-cb3a7675c11a",
            "mac_address": "fa:16:3e:43:4a:0b",
            "name": "Blueteam Homelab Personal Computer",
            "network_id": "1d7c4694-473d-4f8f-866c-a7dd8939ff6f",
            "no_fixed_ip": null,
            "no_security_groups": null,
            "port_security_enabled": true,
            "qos_policy_id": "",
            "region": "",
            "security_group_ids": [
              "23f0b9f4-84b0-4ba2-9f8c-a68a86fd011f",
              "6c4b4699-47ee-4c95-83de-d39f31efe03b"
            ],
            "tags": null,
            "tenant_id": "e7e474215e334ca782a7f15bad62f6c4",
            "timeouts": null,
            "value_specs": null
          },
          "sensitive_attributes": [],
          "private": "eyJlMmJmYjczMC1lY2FhLTExZTYtOGY4OC0zNDM2M2JjN2M0YzAiOnsiY3JlYXRlIjo2MDAwMDAwMDAwMDAsImRlbGV0ZSI6NjAwMDAwMDAwMDAwfX0=",
          "dependencies": [
            "module.homelab.data.openstack_identity_project_v3.management_project",
            "module.homelab.data.openstack_networking_secgroup_v2.default_secgroup",
            "module.homelab.openstack_networking_network_v2.blueteam_homelab",
            "module.homelab.openstack_networking_secgroup_v2.blueteam_homelab_secgroup",
            "module.homelab.openstack_networking_secgroup_v2.blueteam_jumpbox_secgroup",
            "module.homelab.openstack_networking_subnet_v2.blueteam_homelab_subnet"
          ]
        }
      ]
    },
    {
      "module": "module.homelab",
      "mode": "managed",
      "type": "openstack_networking_port_v2",
      "name": "pihole_port",
      "provider": "provider[\"registry.terraform.io/terraform-provider-openstack/openstack\"]",
      "instances": [
        {
          "schema_version": 0,
          "attributes": {
            "admin_state_up": true,
            "all_fixed_ips": [
              "10.1.0.4"
            ],
            "all_security_group_ids": [
              "23f0b9f4-84b0-4ba2-9f8c-a68a86fd011f",
              "6c4b4699-47ee-4c95-83de-d39f31efe03b"
            ],
            "all_tags": [],
            "allowed_address_pairs": [],
            "binding": [
              {
                "host_id": "",
                "profile": "",
                "vif_details": {},
                "vif_type": "",
                "vnic_type": "normal"
              }
            ],
            "description": "",
            "device_id": "",
            "device_owner": "",
            "dns_assignment": [],
            "dns_name": "",
            "extra_dhcp_option": [],
            "fixed_ip": [
              {
                "ip_address": "10.1.0.4",
                "subnet_id": "bba46b5f-6090-4f41-8911-b57925d026c3"
              }
            ],
            "id": "933d68be-67f7-4b0a-aed6-3faa4e2540c9",
            "mac_address": "fa:16:3e:ee:a6:53",
            "name": "Blueteam Homelab Pihole",
            "network_id": "1d7c4694-473d-4f8f-866c-a7dd8939ff6f",
            "no_fixed_ip": null,
            "no_security_groups": null,
            "port_security_enabled": true,
            "qos_policy_id": "",
            "region": "",
            "security_group_ids": [
              "23f0b9f4-84b0-4ba2-9f8c-a68a86fd011f",
              "6c4b4699-47ee-4c95-83de-d39f31efe03b"
            ],
            "tags": null,
            "tenant_id": "e7e474215e334ca782a7f15bad62f6c4",
            "timeouts": null,
            "value_specs": null
          },
          "sensitive_attributes": [],
          "private": "eyJlMmJmYjczMC1lY2FhLTExZTYtOGY4OC0zNDM2M2JjN2M0YzAiOnsiY3JlYXRlIjo2MDAwMDAwMDAwMDAsImRlbGV0ZSI6NjAwMDAwMDAwMDAwfX0=",
          "dependencies": [
            "module.homelab.data.openstack_identity_project_v3.management_project",
            "module.homelab.data.openstack_networking_secgroup_v2.default_secgroup",
            "module.homelab.openstack_networking_network_v2.blueteam_homelab",
            "module.homelab.openstack_networking_secgroup_v2.blueteam_homelab_secgroup",
            "module.homelab.openstack_networking_secgroup_v2.blueteam_jumpbox_secgroup",
            "module.homelab.openstack_networking_subnet_v2.blueteam_homelab_subnet"
          ]
        }
      ]
    },
    {
      "module": "module.homelab",
      "mode": "managed",
      "type": "openstack_networking_router_interface_v2",
      "name": "blueteam_homelab_interface",
      "provider": "provider[\"registry.terraform.io/terraform-provider-openstack/openstack\"]",
      "instances": [
        {
          "schema_version": 0,
          "attributes": {
            "id": "fe84c70a-d826-458f-ab25-d7c3ece7b60c",
            "port_id": "fe84c70a-d826-458f-ab25-d7c3ece7b60c",
            "region": "",
            "router_id": "14484741-f755-4f88-bcef-5e753d2090ce",
            "subnet_id": "bba46b5f-6090-4f41-8911-b57925d026c3",
            "timeouts": null
          },
          "sensitive_attributes": [],
          "private": "eyJlMmJmYjczMC1lY2FhLTExZTYtOGY4OC0zNDM2M2JjN2M0YzAiOnsiY3JlYXRlIjo2MDAwMDAwMDAwMDAsImRlbGV0ZSI6NjAwMDAwMDAwMDAwfX0=",
          "dependencies": [
            "module.homelab.data.openstack_networking_router_v2.core_router",
            "module.homelab.openstack_networking_network_v2.blueteam_homelab",
            "module.homelab.openstack_networking_port_v2.blueteam_homelab_subnet_port",
            "module.homelab.openstack_networking_subnet_v2.blueteam_homelab_subnet"
          ]
        }
      ]
    },
    {
      "module": "module.homelab",
      "mode": "managed",
      "type": "openstack_networking_secgroup_rule_v2",
      "name": "blueteam_homelab_secgroup_rule",
      "provider": "provider[\"registry.terraform.io/terraform-provider-openstack/openstack\"]",
      "instances": [
        {
          "index_key": "ssh",
          "schema_version": 0,
          "attributes": {
            "description": "ssh",
            "direction": "ingress",
            "ethertype": "IPv4",
            "id": "ae290ac5-6be1-4593-a397-63591ac744a1",
            "port_range_max": 22,
            "port_range_min": 22,
            "protocol": "tcp",
            "region": "",
            "remote_group_id": "",
            "remote_ip_prefix": "",
            "security_group_id": "6c4b4699-47ee-4c95-83de-d39f31efe03b",
            "tenant_id": "e7e474215e334ca782a7f15bad62f6c4",
            "timeouts": null
          },
          "sensitive_attributes": [],
          "private": "eyJlMmJmYjczMC1lY2FhLTExZTYtOGY4OC0zNDM2M2JjN2M0YzAiOnsiZGVsZXRlIjo2MDAwMDAwMDAwMDB9fQ==",
          "dependencies": [
            "module.homelab.data.openstack_identity_project_v3.management_project",
            "module.homelab.openstack_networking_secgroup_v2.blueteam_homelab_secgroup"
          ]
        }
      ]
    },
    {
      "module": "module.homelab",
      "mode": "managed",
      "type": "openstack_networking_secgroup_rule_v2",
      "name": "redteam_jumpbox_secgroup_rule",
      "provider": "provider[\"registry.terraform.io/terraform-provider-openstack/openstack\"]",
      "instances": [
        {
          "index_key": "ssh",
          "schema_version": 0,
          "attributes": {
            "description": "ssh",
            "direction": "ingress",
            "ethertype": "IPv4",
            "id": "ba70b860-6367-4cf3-9c87-8747713cdaa5",
            "port_range_max": 22,
            "port_range_min": 22,
            "protocol": "tcp",
            "region": "",
            "remote_group_id": "",
            "remote_ip_prefix": "",
            "security_group_id": "b668452b-5cef-42f1-8355-a19c5b53474a",
            "tenant_id": "e7e474215e334ca782a7f15bad62f6c4",
            "timeouts": null
          },
          "sensitive_attributes": [],
          "private": "eyJlMmJmYjczMC1lY2FhLTExZTYtOGY4OC0zNDM2M2JjN2M0YzAiOnsiZGVsZXRlIjo2MDAwMDAwMDAwMDB9fQ==",
          "dependencies": [
            "module.homelab.data.openstack_identity_project_v3.management_project",
            "module.homelab.openstack_networking_secgroup_v2.blueteam_jumpbox_secgroup"
          ]
        }
      ]
    },
    {
      "module": "module.homelab",
      "mode": "managed",
      "type": "openstack_networking_secgroup_v2",
      "name": "blueteam_homelab_secgroup",
      "provider": "provider[\"registry.terraform.io/terraform-provider-openstack/openstack\"]",
      "instances": [
        {
          "schema_version": 0,
          "attributes": {
            "all_tags": [],
            "delete_default_rules": null,
            "description": "",
            "id": "6c4b4699-47ee-4c95-83de-d39f31efe03b",
            "name": "Blueteam Homelab Secgroup",
            "region": "",
            "tags": null,
            "tenant_id": "e7e474215e334ca782a7f15bad62f6c4",
            "timeouts": null
          },
          "sensitive_attributes": [],
          "private": "eyJlMmJmYjczMC1lY2FhLTExZTYtOGY4OC0zNDM2M2JjN2M0YzAiOnsiZGVsZXRlIjo2MDAwMDAwMDAwMDB9fQ==",
          "dependencies": [
            "module.homelab.data.openstack_identity_project_v3.management_project"
          ]
        }
      ]
    },
    {
      "module": "module.homelab",
      "mode": "managed",
      "type": "openstack_networking_secgroup_v2",
      "name": "blueteam_jumpbox_secgroup",
      "provider": "provider[\"registry.terraform.io/terraform-provider-openstack/openstack\"]",
      "instances": [
        {
          "schema_version": 0,
          "attributes": {
            "all_tags": [],
            "delete_default_rules": null,
            "description": "",
            "id": "b668452b-5cef-42f1-8355-a19c5b53474a",
            "name": "Blueteam Jumpbox Secgroup",
            "region": "",
            "tags": null,
            "tenant_id": "e7e474215e334ca782a7f15bad62f6c4",
            "timeouts": null
          },
          "sensitive_attributes": [],
          "private": "eyJlMmJmYjczMC1lY2FhLTExZTYtOGY4OC0zNDM2M2JjN2M0YzAiOnsiZGVsZXRlIjo2MDAwMDAwMDAwMDB9fQ==",
          "dependencies": [
            "module.homelab.data.openstack_identity_project_v3.management_project"
          ]
        }
      ]
    },
    {
      "module": "module.homelab",
      "mode": "managed",
      "type": "openstack_networking_subnet_v2",
      "name": "blueteam_homelab_subnet",
      "provider": "provider[\"registry.terraform.io/terraform-provider-openstack/openstack\"]",
      "instances": [
        {
          "schema_version": 0,
          "attributes": {
            "all_tags": [],
            "allocation_pool": [
              {
                "end": "10.1.0.250",
                "start": "10.1.0.200"
              }
            ],
            "allocation_pools": [
              {
                "end": "10.1.0.250",
                "start": "10.1.0.200"
              }
            ],
            "cidr": "10.1.0.0/24",
            "description": "",
            "dns_nameservers": [
              "1.1.1.1",
              "1.0.0.1"
            ],
            "enable_dhcp": true,
            "gateway_ip": "10.1.0.254",
            "host_routes": [],
            "id": "bba46b5f-6090-4f41-8911-b57925d026c3",
            "ip_version": 4,
            "ipv6_address_mode": "",
            "ipv6_ra_mode": "",
            "name": "Blueteam Homelab Subnet",
            "network_id": "1d7c4694-473d-4f8f-866c-a7dd8939ff6f",
            "no_gateway": false,
            "prefix_length": null,
            "region": "",
            "subnetpool_id": "",
            "tags": null,
            "tenant_id": "e7e474215e334ca782a7f15bad62f6c4",
            "timeouts": null,
            "value_specs": null
          },
          "sensitive_attributes": [],
          "private": "eyJlMmJmYjczMC1lY2FhLTExZTYtOGY4OC0zNDM2M2JjN2M0YzAiOnsiY3JlYXRlIjo2MDAwMDAwMDAwMDAsImRlbGV0ZSI6NjAwMDAwMDAwMDAwfX0=",
          "dependencies": [
            "module.homelab.openstack_networking_network_v2.blueteam_homelab"
          ]
        }
      ]
    },
    {
      "module": "module.kitchen",
      "mode": "data",
      "type": "openstack_identity_project_v3",
      "name": "management_project",
      "provider": "provider[\"registry.terraform.io/terraform-provider-openstack/openstack\"]",
      "instances": [
        {
          "schema_version": 0,
          "attributes": {
            "description": "Vaughn, Woerpel Personal Project",
            "domain_id": "default",
            "enabled": true,
            "id": "e7e474215e334ca782a7f15bad62f6c4",
            "is_domain": false,
            "name": "vww9966",
            "parent_id": "default",
            "region": null,
            "tags": []
          },
          "sensitive_attributes": []
        }
      ]
    },
    {
      "module": "module.kitchen",
      "mode": "data",
      "type": "openstack_networking_router_v2",
      "name": "core_router",
      "provider": "provider[\"registry.terraform.io/terraform-provider-openstack/openstack\"]",
      "instances": [
        {
          "schema_version": 0,
          "attributes": {
            "admin_state_up": true,
            "all_tags": [],
            "availability_zone_hints": [],
            "description": "",
            "distributed": false,
            "enable_snat": true,
            "external_fixed_ip": [
              {
                "ip_address": "129.21.249.197",
                "subnet_id": "69f14ecc-2bad-412e-abf1-24c90da9be5e"
              }
            ],
            "external_network_id": "d96988a6-c388-4032-8067-0b89d572cad0",
            "id": "14484741-f755-4f88-bcef-5e753d2090ce",
            "name": "Core Router",
            "region": "",
            "router_id": null,
            "status": "ACTIVE",
            "tags": null,
            "tenant_id": "e7e474215e334ca782a7f15bad62f6c4"
          },
          "sensitive_attributes": []
        }
      ]
    },
    {
      "module": "module.kitchen",
      "mode": "data",
      "type": "openstack_networking_secgroup_v2",
      "name": "default_secgroup",
      "provider": "provider[\"registry.terraform.io/terraform-provider-openstack/openstack\"]",
      "instances": [
        {
          "schema_version": 0,
          "attributes": {
            "all_tags": [],
            "description": "Default security group",
            "id": "23f0b9f4-84b0-4ba2-9f8c-a68a86fd011f",
            "name": "default",
            "region": "",
            "secgroup_id": "23f0b9f4-84b0-4ba2-9f8c-a68a86fd011f",
            "tags": null,
            "tenant_id": "e7e474215e334ca782a7f15bad62f6c4"
          },
          "sensitive_attributes": []
        }
      ]
    },
    {
      "module": "module.kitchen",
      "mode": "managed",
      "type": "openstack_blockstorage_volume_v3",
      "name": "team_volumes",
      "provider": "provider[\"registry.terraform.io/terraform-provider-openstack/openstack\"]",
      "instances": [
        {
          "index_key": "cabinet",
          "schema_version": 0,
          "attributes": {
            "attachment": [],
            "availability_zone": "nova",
            "consistency_group_id": null,
            "description": "",
            "enable_online_resize": null,
            "id": "33873705-b505-4f37-b8a3-3a7f568f23ce",
            "image_id": "71a5a3e4-75a5-4962-b0b0-628e8ddf76f5",
            "metadata": {},
            "multiattach": null,
            "name": "cabinet.blueteam.thanksgiving.dinner-volume",
            "region": "",
            "scheduler_hints": [],
            "size": 20,
            "snapshot_id": "",
            "source_replica": null,
            "source_vol_id": "",
            "timeouts": {
              "create": "30m",
              "delete": null
            },
            "volume_type": "__DEFAULT__"
          },
          "sensitive_attributes": [],
          "private": "eyJlMmJmYjczMC1lY2FhLTExZTYtOGY4OC0zNDM2M2JjN2M0YzAiOnsiY3JlYXRlIjoxODAwMDAwMDAwMDAwLCJkZWxldGUiOjYwMDAwMDAwMDAwMH19",
          "dependencies": [
            "data.openstack_compute_flavor_v2.flavor_linux_tiny",
            "data.openstack_images_image_v2.image_linux_openwrt"
          ]
        },
        {
          "index_key": "fridge",
          "schema_version": 0,
          "attributes": {
            "attachment": [],
            "availability_zone": "nova",
            "consistency_group_id": null,
            "description": "",
            "enable_online_resize": null,
            "id": "f18c5550-5304-49db-aef7-adc79476674f",
            "image_id": "71a5a3e4-75a5-4962-b0b0-628e8ddf76f5",
            "metadata": {},
            "multiattach": null,
            "name": "fridge.blueteam.thanksgiving.dinner-volume",
            "region": "",
            "scheduler_hints": [],
            "size": 20,
            "snapshot_id": "",
            "source_replica": null,
            "source_vol_id": "",
            "timeouts": {
              "create": "30m",
              "delete": null
            },
            "volume_type": "__DEFAULT__"
          },
          "sensitive_attributes": [],
          "private": "eyJlMmJmYjczMC1lY2FhLTExZTYtOGY4OC0zNDM2M2JjN2M0YzAiOnsiY3JlYXRlIjoxODAwMDAwMDAwMDAwLCJkZWxldGUiOjYwMDAwMDAwMDAwMH19",
          "dependencies": [
            "data.openstack_compute_flavor_v2.flavor_linux_tiny",
            "data.openstack_images_image_v2.image_linux_openwrt"
          ]
        }
      ]
    },
    {
      "module": "module.kitchen",
      "mode": "managed",
      "type": "openstack_compute_instance_v2",
      "name": "team_kitchen_instance",
      "provider": "provider[\"registry.terraform.io/terraform-provider-openstack/openstack\"]",
      "instances": [
        {
          "index_key": "cabinet",
          "schema_version": 0,
          "attributes": {
            "access_ip_v4": "10.2.0.2",
            "access_ip_v6": "",
            "admin_pass": null,
            "all_metadata": {},
            "all_tags": [
              "blueteam-cabinet",
              "kitchen",
              "project-ThanksgivingThrowdown-blueteam",
              "project-management"
            ],
            "availability_zone": "host02",
            "availability_zone_hints": null,
            "block_device": [
              {
                "boot_index": 0,
                "delete_on_termination": true,
                "destination_type": "volume",
                "device_type": "",
                "disk_bus": "",
                "guest_format": "",
                "source_type": "volume",
                "uuid": "33873705-b505-4f37-b8a3-3a7f568f23ce",
                "volume_size": 20,
                "volume_type": ""
              }
            ],
            "config_drive": null,
            "flavor_id": "c992e0ef-8070-4d97-b54b-139ce7ceeebb",
            "flavor_name": "tiny",
            "floating_ip": null,
            "force_delete": false,
            "id": "c04dc842-cfd9-4d86-8831-dbee108fd2ed",
            "image_id": "Attempt to boot from volume - no image supplied",
            "image_name": null,
            "key_pair": "",
            "metadata": null,
            "name": "cabinet.blueteam.thanksgiving.dinner",
            "network": [
              {
                "access_network": false,
                "fixed_ip_v4": "10.2.0.2",
                "fixed_ip_v6": "",
                "floating_ip": "",
                "mac": "fa:16:3e:ed:a0:1e",
                "name": "Blueteam Kitchen",
                "port": "310c4fb6-de1e-45f7-9db9-8d92d1c336be",
                "uuid": "1c28077b-0f3b-45d2-99ff-7b6de69b74bb"
              }
            ],
            "network_mode": null,
            "personality": [],
            "power_state": "active",
            "region": "",
            "scheduler_hints": [],
            "security_groups": [
              "Blueteam Kitchen Secgroup",
              "default"
            ],
            "stop_before_destroy": false,
            "tags": [
              "blueteam-cabinet",
              "kitchen",
              "project-ThanksgivingThrowdown-blueteam",
              "project-management"
            ],
            "timeouts": null,
            "user_data": null,
            "vendor_options": [],
            "volume": []
          },
          "sensitive_attributes": [],
          "private": "eyJlMmJmYjczMC1lY2FhLTExZTYtOGY4OC0zNDM2M2JjN2M0YzAiOnsiY3JlYXRlIjoxODAwMDAwMDAwMDAwLCJkZWxldGUiOjE4MDAwMDAwMDAwMDAsInVwZGF0ZSI6MTgwMDAwMDAwMDAwMH19",
          "dependencies": [
            "data.openstack_compute_flavor_v2.flavor_linux_tiny",
            "data.openstack_images_image_v2.image_linux_openwrt",
            "module.kitchen.data.openstack_identity_project_v3.management_project",
            "module.kitchen.data.openstack_networking_secgroup_v2.default_secgroup",
            "module.kitchen.openstack_blockstorage_volume_v3.team_volumes",
            "module.kitchen.openstack_networking_network_v2.blueteam_kitchen",
            "module.kitchen.openstack_networking_port_v2.cabinet_port",
            "module.kitchen.openstack_networking_port_v2.freezer_port",
            "module.kitchen.openstack_networking_port_v2.fridge_port",
            "module.kitchen.openstack_networking_port_v2.lights_port",
            "module.kitchen.openstack_networking_port_v2.oven_port",
            "module.kitchen.openstack_networking_secgroup_v2.blueteam_kitchen_secgroup",
            "module.kitchen.openstack_networking_subnet_v2.blueteam_kitchen_subnet"
          ]
        },
        {
          "index_key": "fridge",
          "schema_version": 0,
          "attributes": {
            "access_ip_v4": "10.2.0.1",
            "access_ip_v6": "",
            "admin_pass": null,
            "all_metadata": {},
            "all_tags": [
              "blueteam-fridge",
              "kitchen",
              "project-ThanksgivingThrowdown-blueteam",
              "project-management"
            ],
            "availability_zone": "host02",
            "availability_zone_hints": null,
            "block_device": [
              {
                "boot_index": 0,
                "delete_on_termination": true,
                "destination_type": "volume",
                "device_type": "",
                "disk_bus": "",
                "guest_format": "",
                "source_type": "volume",
                "uuid": "f18c5550-5304-49db-aef7-adc79476674f",
                "volume_size": 20,
                "volume_type": ""
              }
            ],
            "config_drive": null,
            "flavor_id": "c992e0ef-8070-4d97-b54b-139ce7ceeebb",
            "flavor_name": "tiny",
            "floating_ip": null,
            "force_delete": false,
            "id": "7f62a70d-7afc-4461-ba52-562096a9a90b",
            "image_id": "Attempt to boot from volume - no image supplied",
            "image_name": null,
            "key_pair": "",
            "metadata": null,
            "name": "fridge.blueteam.thanksgiving.dinner",
            "network": [
              {
                "access_network": false,
                "fixed_ip_v4": "10.2.0.1",
                "fixed_ip_v6": "",
                "floating_ip": "",
                "mac": "fa:16:3e:2c:82:a0",
                "name": "Blueteam Kitchen",
                "port": "65758893-3fae-4ea1-a9e8-9e82bfd27525",
                "uuid": "1c28077b-0f3b-45d2-99ff-7b6de69b74bb"
              }
            ],
            "network_mode": null,
            "personality": [],
            "power_state": "active",
            "region": "",
            "scheduler_hints": [],
            "security_groups": [
              "Blueteam Kitchen Secgroup",
              "default"
            ],
            "stop_before_destroy": false,
            "tags": [
              "blueteam-fridge",
              "kitchen",
              "project-ThanksgivingThrowdown-blueteam",
              "project-management"
            ],
            "timeouts": null,
            "user_data": null,
            "vendor_options": [],
            "volume": []
          },
          "sensitive_attributes": [],
          "private": "eyJlMmJmYjczMC1lY2FhLTExZTYtOGY4OC0zNDM2M2JjN2M0YzAiOnsiY3JlYXRlIjoxODAwMDAwMDAwMDAwLCJkZWxldGUiOjE4MDAwMDAwMDAwMDAsInVwZGF0ZSI6MTgwMDAwMDAwMDAwMH19",
          "dependencies": [
            "data.openstack_compute_flavor_v2.flavor_linux_tiny",
            "data.openstack_images_image_v2.image_linux_openwrt",
            "module.kitchen.data.openstack_identity_project_v3.management_project",
            "module.kitchen.data.openstack_networking_secgroup_v2.default_secgroup",
            "module.kitchen.openstack_blockstorage_volume_v3.team_volumes",
            "module.kitchen.openstack_networking_network_v2.blueteam_kitchen",
            "module.kitchen.openstack_networking_port_v2.cabinet_port",
            "module.kitchen.openstack_networking_port_v2.freezer_port",
            "module.kitchen.openstack_networking_port_v2.fridge_port",
            "module.kitchen.openstack_networking_port_v2.lights_port",
            "module.kitchen.openstack_networking_port_v2.oven_port",
            "module.kitchen.openstack_networking_secgroup_v2.blueteam_kitchen_secgroup",
            "module.kitchen.openstack_networking_subnet_v2.blueteam_kitchen_subnet"
          ]
        }
      ]
    },
    {
      "module": "module.kitchen",
      "mode": "managed",
      "type": "openstack_networking_network_v2",
      "name": "blueteam_kitchen",
      "provider": "provider[\"registry.terraform.io/terraform-provider-openstack/openstack\"]",
      "instances": [
        {
          "schema_version": 0,
          "attributes": {
            "admin_state_up": true,
            "all_tags": [],
            "availability_zone_hints": [],
            "description": "",
            "dns_domain": "",
            "external": false,
            "id": "1c28077b-0f3b-45d2-99ff-7b6de69b74bb",
            "mtu": 8942,
            "name": "Blueteam Kitchen",
            "port_security_enabled": true,
            "qos_policy_id": "",
            "region": "",
            "segments": [],
            "shared": false,
            "tags": null,
            "tenant_id": "e7e474215e334ca782a7f15bad62f6c4",
            "timeouts": null,
            "transparent_vlan": false,
            "value_specs": null
          },
          "sensitive_attributes": [],
          "private": "eyJlMmJmYjczMC1lY2FhLTExZTYtOGY4OC0zNDM2M2JjN2M0YzAiOnsiY3JlYXRlIjo2MDAwMDAwMDAwMDAsImRlbGV0ZSI6NjAwMDAwMDAwMDAwfX0="
        }
      ]
    },
    {
      "module": "module.kitchen",
      "mode": "managed",
      "type": "openstack_networking_port_v2",
      "name": "blueteam_kitchen_subnet_port",
      "provider": "provider[\"registry.terraform.io/terraform-provider-openstack/openstack\"]",
      "instances": [
        {
          "schema_version": 0,
          "attributes": {
            "admin_state_up": true,
            "all_fixed_ips": [
              "10.2.0.254"
            ],
            "all_security_group_ids": [],
            "all_tags": [],
            "allowed_address_pairs": [],
            "binding": [
              {
                "host_id": "",
                "profile": "",
                "vif_details": {},
                "vif_type": "",
                "vnic_type": "normal"
              }
            ],
            "description": "",
            "device_id": "",
            "device_owner": "",
            "dns_assignment": [],
            "dns_name": "",
            "extra_dhcp_option": [],
            "fixed_ip": [
              {
                "ip_address": "10.2.0.254",
                "subnet_id": "c9fb4b3e-fd02-4433-9e48-0d66f417a78f"
              }
            ],
            "id": "1059c0c8-5c99-4b09-9c96-7c3ab842d524",
            "mac_address": "fa:16:3e:c1:bb:88",
            "name": "Blueteam Kitchen Port",
            "network_id": "1c28077b-0f3b-45d2-99ff-7b6de69b74bb",
            "no_fixed_ip": null,
            "no_security_groups": null,
            "port_security_enabled": false,
            "qos_policy_id": "",
            "region": "",
            "security_group_ids": null,
            "tags": null,
            "tenant_id": "e7e474215e334ca782a7f15bad62f6c4",
            "timeouts": null,
            "value_specs": null
          },
          "sensitive_attributes": [],
          "private": "eyJlMmJmYjczMC1lY2FhLTExZTYtOGY4OC0zNDM2M2JjN2M0YzAiOnsiY3JlYXRlIjo2MDAwMDAwMDAwMDAsImRlbGV0ZSI6NjAwMDAwMDAwMDAwfX0=",
          "dependencies": [
            "module.kitchen.openstack_networking_network_v2.blueteam_kitchen",
            "module.kitchen.openstack_networking_subnet_v2.blueteam_kitchen_subnet"
          ]
        }
      ]
    },
    {
      "module": "module.kitchen",
      "mode": "managed",
      "type": "openstack_networking_port_v2",
      "name": "cabinet_port",
      "provider": "provider[\"registry.terraform.io/terraform-provider-openstack/openstack\"]",
      "instances": [
        {
          "schema_version": 0,
          "attributes": {
            "admin_state_up": true,
            "all_fixed_ips": [
              "10.2.0.2"
            ],
            "all_security_group_ids": [
              "23f0b9f4-84b0-4ba2-9f8c-a68a86fd011f",
              "84845950-a570-494f-859e-c7fae2482976"
            ],
            "all_tags": [],
            "allowed_address_pairs": [],
            "binding": [
              {
                "host_id": "",
                "profile": "",
                "vif_details": {},
                "vif_type": "",
                "vnic_type": "normal"
              }
            ],
            "description": "",
            "device_id": "",
            "device_owner": "",
            "dns_assignment": [],
            "dns_name": "",
            "extra_dhcp_option": [],
            "fixed_ip": [
              {
                "ip_address": "10.2.0.2",
                "subnet_id": "c9fb4b3e-fd02-4433-9e48-0d66f417a78f"
              }
            ],
            "id": "310c4fb6-de1e-45f7-9db9-8d92d1c336be",
            "mac_address": "fa:16:3e:ed:a0:1e",
            "name": "Blueteam Kitchen Cabinet",
            "network_id": "1c28077b-0f3b-45d2-99ff-7b6de69b74bb",
            "no_fixed_ip": null,
            "no_security_groups": null,
            "port_security_enabled": true,
            "qos_policy_id": "",
            "region": "",
            "security_group_ids": [
              "23f0b9f4-84b0-4ba2-9f8c-a68a86fd011f",
              "84845950-a570-494f-859e-c7fae2482976"
            ],
            "tags": null,
            "tenant_id": "e7e474215e334ca782a7f15bad62f6c4",
            "timeouts": null,
            "value_specs": null
          },
          "sensitive_attributes": [],
          "private": "eyJlMmJmYjczMC1lY2FhLTExZTYtOGY4OC0zNDM2M2JjN2M0YzAiOnsiY3JlYXRlIjo2MDAwMDAwMDAwMDAsImRlbGV0ZSI6NjAwMDAwMDAwMDAwfX0=",
          "dependencies": [
            "module.kitchen.data.openstack_identity_project_v3.management_project",
            "module.kitchen.data.openstack_networking_secgroup_v2.default_secgroup",
            "module.kitchen.openstack_networking_network_v2.blueteam_kitchen",
            "module.kitchen.openstack_networking_secgroup_v2.blueteam_kitchen_secgroup",
            "module.kitchen.openstack_networking_subnet_v2.blueteam_kitchen_subnet"
          ]
        }
      ]
    },
    {
      "module": "module.kitchen",
      "mode": "managed",
      "type": "openstack_networking_port_v2",
      "name": "freezer_port",
      "provider": "provider[\"registry.terraform.io/terraform-provider-openstack/openstack\"]",
      "instances": [
        {
          "schema_version": 0,
          "attributes": {
            "admin_state_up": true,
            "all_fixed_ips": [
              "10.2.0.5"
            ],
            "all_security_group_ids": [
              "23f0b9f4-84b0-4ba2-9f8c-a68a86fd011f",
              "84845950-a570-494f-859e-c7fae2482976"
            ],
            "all_tags": [],
            "allowed_address_pairs": [],
            "binding": [
              {
                "host_id": "",
                "profile": "",
                "vif_details": {},
                "vif_type": "",
                "vnic_type": "normal"
              }
            ],
            "description": "",
            "device_id": "",
            "device_owner": "",
            "dns_assignment": [],
            "dns_name": "",
            "extra_dhcp_option": [],
            "fixed_ip": [
              {
                "ip_address": "10.2.0.5",
                "subnet_id": "c9fb4b3e-fd02-4433-9e48-0d66f417a78f"
              }
            ],
            "id": "9f4d073b-5bfc-4dbe-9ea3-1ed2edd7b040",
            "mac_address": "fa:16:3e:62:d6:66",
            "name": "Blueteam Kitchen Freezer",
            "network_id": "1c28077b-0f3b-45d2-99ff-7b6de69b74bb",
            "no_fixed_ip": null,
            "no_security_groups": null,
            "port_security_enabled": true,
            "qos_policy_id": "",
            "region": "",
            "security_group_ids": [
              "23f0b9f4-84b0-4ba2-9f8c-a68a86fd011f",
              "84845950-a570-494f-859e-c7fae2482976"
            ],
            "tags": null,
            "tenant_id": "e7e474215e334ca782a7f15bad62f6c4",
            "timeouts": null,
            "value_specs": null
          },
          "sensitive_attributes": [],
          "private": "eyJlMmJmYjczMC1lY2FhLTExZTYtOGY4OC0zNDM2M2JjN2M0YzAiOnsiY3JlYXRlIjo2MDAwMDAwMDAwMDAsImRlbGV0ZSI6NjAwMDAwMDAwMDAwfX0=",
          "dependencies": [
            "module.kitchen.data.openstack_identity_project_v3.management_project",
            "module.kitchen.data.openstack_networking_secgroup_v2.default_secgroup",
            "module.kitchen.openstack_networking_network_v2.blueteam_kitchen",
            "module.kitchen.openstack_networking_secgroup_v2.blueteam_kitchen_secgroup",
            "module.kitchen.openstack_networking_subnet_v2.blueteam_kitchen_subnet"
          ]
        }
      ]
    },
    {
      "module": "module.kitchen",
      "mode": "managed",
      "type": "openstack_networking_port_v2",
      "name": "fridge_port",
      "provider": "provider[\"registry.terraform.io/terraform-provider-openstack/openstack\"]",
      "instances": [
        {
          "schema_version": 0,
          "attributes": {
            "admin_state_up": true,
            "all_fixed_ips": [
              "10.2.0.1"
            ],
            "all_security_group_ids": [
              "23f0b9f4-84b0-4ba2-9f8c-a68a86fd011f",
              "84845950-a570-494f-859e-c7fae2482976"
            ],
            "all_tags": [],
            "allowed_address_pairs": [],
            "binding": [
              {
                "host_id": "",
                "profile": "",
                "vif_details": {},
                "vif_type": "",
                "vnic_type": "normal"
              }
            ],
            "description": "",
            "device_id": "",
            "device_owner": "",
            "dns_assignment": [],
            "dns_name": "",
            "extra_dhcp_option": [],
            "fixed_ip": [
              {
                "ip_address": "10.2.0.1",
                "subnet_id": "c9fb4b3e-fd02-4433-9e48-0d66f417a78f"
              }
            ],
            "id": "65758893-3fae-4ea1-a9e8-9e82bfd27525",
            "mac_address": "fa:16:3e:2c:82:a0",
            "name": "Blueteam Kitchen Fridge",
            "network_id": "1c28077b-0f3b-45d2-99ff-7b6de69b74bb",
            "no_fixed_ip": null,
            "no_security_groups": null,
            "port_security_enabled": true,
            "qos_policy_id": "",
            "region": "",
            "security_group_ids": [
              "23f0b9f4-84b0-4ba2-9f8c-a68a86fd011f",
              "84845950-a570-494f-859e-c7fae2482976"
            ],
            "tags": null,
            "tenant_id": "e7e474215e334ca782a7f15bad62f6c4",
            "timeouts": null,
            "value_specs": null
          },
          "sensitive_attributes": [],
          "private": "eyJlMmJmYjczMC1lY2FhLTExZTYtOGY4OC0zNDM2M2JjN2M0YzAiOnsiY3JlYXRlIjo2MDAwMDAwMDAwMDAsImRlbGV0ZSI6NjAwMDAwMDAwMDAwfX0=",
          "dependencies": [
            "module.kitchen.data.openstack_identity_project_v3.management_project",
            "module.kitchen.data.openstack_networking_secgroup_v2.default_secgroup",
            "module.kitchen.openstack_networking_network_v2.blueteam_kitchen",
            "module.kitchen.openstack_networking_secgroup_v2.blueteam_kitchen_secgroup",
            "module.kitchen.openstack_networking_subnet_v2.blueteam_kitchen_subnet"
          ]
        }
      ]
    },
    {
      "module": "module.kitchen",
      "mode": "managed",
      "type": "openstack_networking_port_v2",
      "name": "lights_port",
      "provider": "provider[\"registry.terraform.io/terraform-provider-openstack/openstack\"]",
      "instances": [
        {
          "schema_version": 0,
          "attributes": {
            "admin_state_up": true,
            "all_fixed_ips": [
              "10.2.0.4"
            ],
            "all_security_group_ids": [
              "23f0b9f4-84b0-4ba2-9f8c-a68a86fd011f",
              "84845950-a570-494f-859e-c7fae2482976"
            ],
            "all_tags": [],
            "allowed_address_pairs": [],
            "binding": [
              {
                "host_id": "",
                "profile": "",
                "vif_details": {},
                "vif_type": "",
                "vnic_type": "normal"
              }
            ],
            "description": "",
            "device_id": "",
            "device_owner": "",
            "dns_assignment": [],
            "dns_name": "",
            "extra_dhcp_option": [],
            "fixed_ip": [
              {
                "ip_address": "10.2.0.4",
                "subnet_id": "c9fb4b3e-fd02-4433-9e48-0d66f417a78f"
              }
            ],
            "id": "88a761c3-eeed-4764-b2b0-f04f16e86ccf",
            "mac_address": "fa:16:3e:dc:31:15",
            "name": "Blueteam Kitchen Lights",
            "network_id": "1c28077b-0f3b-45d2-99ff-7b6de69b74bb",
            "no_fixed_ip": null,
            "no_security_groups": null,
            "port_security_enabled": true,
            "qos_policy_id": "",
            "region": "",
            "security_group_ids": [
              "23f0b9f4-84b0-4ba2-9f8c-a68a86fd011f",
              "84845950-a570-494f-859e-c7fae2482976"
            ],
            "tags": null,
            "tenant_id": "e7e474215e334ca782a7f15bad62f6c4",
            "timeouts": null,
            "value_specs": null
          },
          "sensitive_attributes": [],
          "private": "eyJlMmJmYjczMC1lY2FhLTExZTYtOGY4OC0zNDM2M2JjN2M0YzAiOnsiY3JlYXRlIjo2MDAwMDAwMDAwMDAsImRlbGV0ZSI6NjAwMDAwMDAwMDAwfX0=",
          "dependencies": [
            "module.kitchen.data.openstack_identity_project_v3.management_project",
            "module.kitchen.data.openstack_networking_secgroup_v2.default_secgroup",
            "module.kitchen.openstack_networking_network_v2.blueteam_kitchen",
            "module.kitchen.openstack_networking_secgroup_v2.blueteam_kitchen_secgroup",
            "module.kitchen.openstack_networking_subnet_v2.blueteam_kitchen_subnet"
          ]
        }
      ]
    },
    {
      "module": "module.kitchen",
      "mode": "managed",
      "type": "openstack_networking_port_v2",
      "name": "oven_port",
      "provider": "provider[\"registry.terraform.io/terraform-provider-openstack/openstack\"]",
      "instances": [
        {
          "schema_version": 0,
          "attributes": {
            "admin_state_up": true,
            "all_fixed_ips": [
              "10.2.0.3"
            ],
            "all_security_group_ids": [
              "23f0b9f4-84b0-4ba2-9f8c-a68a86fd011f",
              "84845950-a570-494f-859e-c7fae2482976"
            ],
            "all_tags": [],
            "allowed_address_pairs": [],
            "binding": [
              {
                "host_id": "",
                "profile": "",
                "vif_details": {},
                "vif_type": "",
                "vnic_type": "normal"
              }
            ],
            "description": "",
            "device_id": "",
            "device_owner": "",
            "dns_assignment": [],
            "dns_name": "",
            "extra_dhcp_option": [],
            "fixed_ip": [
              {
                "ip_address": "10.2.0.3",
                "subnet_id": "c9fb4b3e-fd02-4433-9e48-0d66f417a78f"
              }
            ],
            "id": "5497b871-cf00-4606-93b0-6c62af409381",
            "mac_address": "fa:16:3e:e9:fc:87",
            "name": "Blueteam Kitchen Oven",
            "network_id": "1c28077b-0f3b-45d2-99ff-7b6de69b74bb",
            "no_fixed_ip": null,
            "no_security_groups": null,
            "port_security_enabled": true,
            "qos_policy_id": "",
            "region": "",
            "security_group_ids": [
              "23f0b9f4-84b0-4ba2-9f8c-a68a86fd011f",
              "84845950-a570-494f-859e-c7fae2482976"
            ],
            "tags": null,
            "tenant_id": "e7e474215e334ca782a7f15bad62f6c4",
            "timeouts": null,
            "value_specs": null
          },
          "sensitive_attributes": [],
          "private": "eyJlMmJmYjczMC1lY2FhLTExZTYtOGY4OC0zNDM2M2JjN2M0YzAiOnsiY3JlYXRlIjo2MDAwMDAwMDAwMDAsImRlbGV0ZSI6NjAwMDAwMDAwMDAwfX0=",
          "dependencies": [
            "module.kitchen.data.openstack_identity_project_v3.management_project",
            "module.kitchen.data.openstack_networking_secgroup_v2.default_secgroup",
            "module.kitchen.openstack_networking_network_v2.blueteam_kitchen",
            "module.kitchen.openstack_networking_secgroup_v2.blueteam_kitchen_secgroup",
            "module.kitchen.openstack_networking_subnet_v2.blueteam_kitchen_subnet"
          ]
        }
      ]
    },
    {
      "module": "module.kitchen",
      "mode": "managed",
      "type": "openstack_networking_router_interface_v2",
      "name": "blueteam_kitchen_interface",
      "provider": "provider[\"registry.terraform.io/terraform-provider-openstack/openstack\"]",
      "instances": [
        {
          "schema_version": 0,
          "attributes": {
            "id": "1059c0c8-5c99-4b09-9c96-7c3ab842d524",
            "port_id": "1059c0c8-5c99-4b09-9c96-7c3ab842d524",
            "region": "",
            "router_id": "14484741-f755-4f88-bcef-5e753d2090ce",
            "subnet_id": "c9fb4b3e-fd02-4433-9e48-0d66f417a78f",
            "timeouts": null
          },
          "sensitive_attributes": [],
          "private": "eyJlMmJmYjczMC1lY2FhLTExZTYtOGY4OC0zNDM2M2JjN2M0YzAiOnsiY3JlYXRlIjo2MDAwMDAwMDAwMDAsImRlbGV0ZSI6NjAwMDAwMDAwMDAwfX0=",
          "dependencies": [
            "module.kitchen.data.openstack_networking_router_v2.core_router",
            "module.kitchen.openstack_networking_network_v2.blueteam_kitchen",
            "module.kitchen.openstack_networking_port_v2.blueteam_kitchen_subnet_port",
            "module.kitchen.openstack_networking_subnet_v2.blueteam_kitchen_subnet"
          ]
        }
      ]
    },
    {
      "module": "module.kitchen",
      "mode": "managed",
      "type": "openstack_networking_secgroup_rule_v2",
      "name": "blueteam_kitchen_secgroup_rule",
      "provider": "provider[\"registry.terraform.io/terraform-provider-openstack/openstack\"]",
      "instances": [
        {
          "index_key": "http",
          "schema_version": 0,
          "attributes": {
            "description": "http",
            "direction": "ingress",
            "ethertype": "IPv4",
            "id": "4b000b9f-9481-4a19-9121-5797fcac5f4d",
            "port_range_max": 80,
            "port_range_min": 80,
            "protocol": "tcp",
            "region": "",
            "remote_group_id": "",
            "remote_ip_prefix": "",
            "security_group_id": "84845950-a570-494f-859e-c7fae2482976",
            "tenant_id": "e7e474215e334ca782a7f15bad62f6c4",
            "timeouts": null
          },
          "sensitive_attributes": [],
          "private": "eyJlMmJmYjczMC1lY2FhLTExZTYtOGY4OC0zNDM2M2JjN2M0YzAiOnsiZGVsZXRlIjo2MDAwMDAwMDAwMDB9fQ==",
          "dependencies": [
            "module.kitchen.data.openstack_identity_project_v3.management_project",
            "module.kitchen.openstack_networking_secgroup_v2.blueteam_kitchen_secgroup"
          ]
        },
        {
          "index_key": "ssh",
          "schema_version": 0,
          "attributes": {
            "description": "ssh",
            "direction": "ingress",
            "ethertype": "IPv4",
            "id": "63c9e766-b8d7-43a8-aee6-f503ab94d9f8",
            "port_range_max": 22,
            "port_range_min": 22,
            "protocol": "tcp",
            "region": "",
            "remote_group_id": "",
            "remote_ip_prefix": "",
            "security_group_id": "84845950-a570-494f-859e-c7fae2482976",
            "tenant_id": "e7e474215e334ca782a7f15bad62f6c4",
            "timeouts": null
          },
          "sensitive_attributes": [],
          "private": "eyJlMmJmYjczMC1lY2FhLTExZTYtOGY4OC0zNDM2M2JjN2M0YzAiOnsiZGVsZXRlIjo2MDAwMDAwMDAwMDB9fQ==",
          "dependencies": [
            "module.kitchen.data.openstack_identity_project_v3.management_project",
            "module.kitchen.openstack_networking_secgroup_v2.blueteam_kitchen_secgroup"
          ]
        }
      ]
    },
    {
      "module": "module.kitchen",
      "mode": "managed",
      "type": "openstack_networking_secgroup_v2",
      "name": "blueteam_kitchen_secgroup",
      "provider": "provider[\"registry.terraform.io/terraform-provider-openstack/openstack\"]",
      "instances": [
        {
          "schema_version": 0,
          "attributes": {
            "all_tags": [],
            "delete_default_rules": null,
            "description": "",
            "id": "84845950-a570-494f-859e-c7fae2482976",
            "name": "Blueteam Kitchen Secgroup",
            "region": "",
            "tags": null,
            "tenant_id": "e7e474215e334ca782a7f15bad62f6c4",
            "timeouts": null
          },
          "sensitive_attributes": [],
          "private": "eyJlMmJmYjczMC1lY2FhLTExZTYtOGY4OC0zNDM2M2JjN2M0YzAiOnsiZGVsZXRlIjo2MDAwMDAwMDAwMDB9fQ==",
          "dependencies": [
            "module.kitchen.data.openstack_identity_project_v3.management_project"
          ]
        }
      ]
    },
    {
      "module": "module.kitchen",
      "mode": "managed",
      "type": "openstack_networking_subnet_v2",
      "name": "blueteam_kitchen_subnet",
      "provider": "provider[\"registry.terraform.io/terraform-provider-openstack/openstack\"]",
      "instances": [
        {
          "schema_version": 0,
          "attributes": {
            "all_tags": [],
            "allocation_pool": [
              {
                "end": "10.2.0.250",
                "start": "10.2.0.200"
              }
            ],
            "allocation_pools": [
              {
                "end": "10.2.0.250",
                "start": "10.2.0.200"
              }
            ],
            "cidr": "10.2.0.0/24",
            "description": "",
            "dns_nameservers": [
              "1.1.1.1",
              "1.0.0.1"
            ],
            "enable_dhcp": true,
            "gateway_ip": "10.2.0.254",
            "host_routes": [],
            "id": "c9fb4b3e-fd02-4433-9e48-0d66f417a78f",
            "ip_version": 4,
            "ipv6_address_mode": "",
            "ipv6_ra_mode": "",
            "name": "Blueteam Kitchen Subnet",
            "network_id": "1c28077b-0f3b-45d2-99ff-7b6de69b74bb",
            "no_gateway": false,
            "prefix_length": null,
            "region": "",
            "subnetpool_id": "",
            "tags": null,
            "tenant_id": "e7e474215e334ca782a7f15bad62f6c4",
            "timeouts": null,
            "value_specs": null
          },
          "sensitive_attributes": [],
          "private": "eyJlMmJmYjczMC1lY2FhLTExZTYtOGY4OC0zNDM2M2JjN2M0YzAiOnsiY3JlYXRlIjo2MDAwMDAwMDAwMDAsImRlbGV0ZSI6NjAwMDAwMDAwMDAwfX0=",
          "dependencies": [
            "module.kitchen.openstack_networking_network_v2.blueteam_kitchen"
          ]
        }
      ]
    }
  ],
  "check_results": null
}
