{
  "version": 4,
  "terraform_version": "1.5.6",
  "serial": 473,
  "lineage": "939fc0ea-25b1-1cc4-da73-31eaf488fce9",
  "outputs": {},
  "resources": [
    {
      "mode": "data",
      "type": "openstack_compute_flavor_v2",
      "name": "flavor_linux_medium",
      "provider": "provider[\"registry.terraform.io/terraform-provider-openstack/openstack\"]",
      "instances": [
        {
          "schema_version": 0,
          "attributes": {
            "disk": 40,
            "extra_specs": {},
            "flavor_id": "5f964abc-866f-4d79-8aae-f9460cfb28d7",
            "id": "5f964abc-866f-4d79-8aae-f9460cfb28d7",
            "is_public": true,
            "min_disk": null,
            "min_ram": null,
            "name": "small",
            "ram": 1024,
            "region": null,
            "rx_tx_factor": 1,
            "swap": 0,
            "vcpus": 2
          },
          "sensitive_attributes": []
        }
      ]
    },
    {
      "mode": "data",
      "type": "openstack_compute_flavor_v2",
      "name": "flavor_linux_small",
      "provider": "provider[\"registry.terraform.io/terraform-provider-openstack/openstack\"]",
      "instances": [
        {
          "schema_version": 0,
          "attributes": {
            "disk": 40,
            "extra_specs": {},
            "flavor_id": "5f964abc-866f-4d79-8aae-f9460cfb28d7",
            "id": "5f964abc-866f-4d79-8aae-f9460cfb28d7",
            "is_public": true,
            "min_disk": null,
            "min_ram": null,
            "name": "small",
            "ram": 1024,
            "region": null,
            "rx_tx_factor": 1,
            "swap": 0,
            "vcpus": 2
          },
          "sensitive_attributes": []
        }
      ]
    },
    {
      "mode": "data",
      "type": "openstack_compute_flavor_v2",
      "name": "flavor_linux_tiny",
      "provider": "provider[\"registry.terraform.io/terraform-provider-openstack/openstack\"]",
      "instances": [
        {
          "schema_version": 0,
          "attributes": {
            "disk": 40,
            "extra_specs": {},
            "flavor_id": "c992e0ef-8070-4d97-b54b-139ce7ceeebb",
            "id": "c992e0ef-8070-4d97-b54b-139ce7ceeebb",
            "is_public": true,
            "min_disk": null,
            "min_ram": null,
            "name": "tiny",
            "ram": 512,
            "region": null,
            "rx_tx_factor": 1,
            "swap": 0,
            "vcpus": 2
          },
          "sensitive_attributes": []
        }
      ]
    },
    {
      "mode": "data",
      "type": "openstack_compute_flavor_v2",
      "name": "flavor_windows_medium",
      "provider": "provider[\"registry.terraform.io/terraform-provider-openstack/openstack\"]",
      "instances": [
        {
          "schema_version": 0,
          "attributes": {
            "disk": 40,
            "extra_specs": {},
            "flavor_id": "0d282a6d-d770-4f46-b059-5ca291489578",
            "id": "0d282a6d-d770-4f46-b059-5ca291489578",
            "is_public": true,
            "min_disk": null,
            "min_ram": null,
            "name": "medium",
            "ram": 4096,
            "region": null,
            "rx_tx_factor": 1,
            "swap": 0,
            "vcpus": 4
          },
          "sensitive_attributes": []
        }
      ]
    },
    {
      "mode": "data",
      "type": "openstack_compute_flavor_v2",
      "name": "flavor_windows_small",
      "provider": "provider[\"registry.terraform.io/terraform-provider-openstack/openstack\"]",
      "instances": [
        {
          "schema_version": 0,
          "attributes": {
            "disk": 40,
            "extra_specs": {},
            "flavor_id": "5f964abc-866f-4d79-8aae-f9460cfb28d7",
            "id": "5f964abc-866f-4d79-8aae-f9460cfb28d7",
            "is_public": true,
            "min_disk": null,
            "min_ram": null,
            "name": "small",
            "ram": 1024,
            "region": null,
            "rx_tx_factor": 1,
            "swap": 0,
            "vcpus": 2
          },
          "sensitive_attributes": []
        }
      ]
    },
    {
      "mode": "data",
      "type": "openstack_identity_project_v3",
      "name": "management_project",
      "provider": "provider[\"registry.terraform.io/terraform-provider-openstack/openstack\"]",
      "instances": [
        {
          "schema_version": 0,
          "attributes": {
            "description": "Vaughn, Woerpel Personal Project",
            "domain_id": "default",
            "enabled": true,
            "id": "e7e474215e334ca782a7f15bad62f6c4",
            "is_domain": false,
            "name": "vww9966",
            "parent_id": "default",
            "region": null,
            "tags": []
          },
          "sensitive_attributes": []
        }
      ]
    },
    {
      "mode": "data",
      "type": "openstack_images_image_v2",
      "name": "image_linux_openwrt",
      "provider": "provider[\"registry.terraform.io/terraform-provider-openstack/openstack\"]",
      "instances": [
        {
          "schema_version": 0,
          "attributes": {
            "checksum": "78ac60c0cc6cf1965fc73498cfb56d3e",
            "container_format": "bare",
            "created_at": "2023-10-23T22:44:19Z",
            "disk_format": "raw",
            "file": "/v2/images/71a5a3e4-75a5-4962-b0b0-628e8ddf76f5/file",
            "hidden": false,
            "id": "71a5a3e4-75a5-4962-b0b0-628e8ddf76f5",
            "member_status": null,
            "metadata": {},
            "min_disk_gb": 0,
            "min_ram_mb": 0,
            "most_recent": false,
            "name": "OpenWRT",
            "owner": "e7e474215e334ca782a7f15bad62f6c4",
            "properties": {
              "description": "OpenWRT Image",
              "direct_url": "rbd://bd7939e4-b236-11ed-a05f-be894137183b/images/71a5a3e4-75a5-4962-b0b0-628e8ddf76f5/snap",
              "os_hash_algo": "sha512",
              "os_hash_value": "0944a062fdec795fe34be6aa573b6a3aa242875bddc3534ce41788b0c36beff62e64fc84afdd84cf4b76de0860d10a7a30703823f73b7e012361cd6f2b577608",
              "stores": "rbd"
            },
            "protected": false,
            "region": "",
            "schema": "/v2/schemas/image",
            "size_bytes": 126353408,
            "size_max": null,
            "size_min": null,
            "sort_direction": "asc",
            "sort_key": "name",
            "tag": null,
            "tags": [],
            "updated_at": "2023-10-23T22:44:22Z",
            "visibility": "private"
          },
          "sensitive_attributes": []
        }
      ]
    },
    {
      "mode": "data",
      "type": "openstack_images_image_v2",
      "name": "image_linux_ubuntu",
      "provider": "provider[\"registry.terraform.io/terraform-provider-openstack/openstack\"]",
      "instances": [
        {
          "schema_version": 0,
          "attributes": {
            "checksum": "6cc46ebe49acefe98bccb967d6b13e7d",
            "container_format": "bare",
            "created_at": "2023-02-23T22:38:21Z",
            "disk_format": "raw",
            "file": "/v2/images/f19eb19d-2bd0-4c73-9e9e-88f3e94d8646/file",
            "hidden": false,
            "id": "f19eb19d-2bd0-4c73-9e9e-88f3e94d8646",
            "member_status": null,
            "metadata": {},
            "min_disk_gb": 0,
            "min_ram_mb": 0,
            "most_recent": false,
            "name": "UbuntuJammy2204",
            "owner": "a69aa169729a4dbea0d9b9683072260d",
            "properties": {
              "direct_url": "rbd://bd7939e4-b236-11ed-a05f-be894137183b/images/f19eb19d-2bd0-4c73-9e9e-88f3e94d8646/snap",
              "os_hash_algo": "sha512",
              "os_hash_value": "bf0ba0d66a5f6653d131afe63ffdf40aff429d9b43ac78363f775e41b6d4cac57157b99409817b79cc0a3d075d919d38f572bc3162cd2d2f4ecd94c49d3af94c",
              "owner_specified.openstack.md5": "",
              "owner_specified.openstack.object": "images/UbuntuJammy2204",
              "owner_specified.openstack.sha256": "",
              "stores": "rbd"
            },
            "protected": false,
            "region": "",
            "schema": "/v2/schemas/image",
            "size_bytes": 2361393152,
            "size_max": null,
            "size_min": null,
            "sort_direction": "asc",
            "sort_key": "name",
            "tag": null,
            "tags": [],
            "updated_at": "2023-02-23T22:38:41Z",
            "visibility": "public"
          },
          "sensitive_attributes": []
        }
      ]
    },
    {
      "mode": "data",
      "type": "openstack_images_image_v2",
      "name": "image_windows_10",
      "provider": "provider[\"registry.terraform.io/terraform-provider-openstack/openstack\"]",
      "instances": [
        {
          "schema_version": 0,
          "attributes": {
            "checksum": "e4deff5229b50d5fb492c10cae33d0e7",
            "container_format": "bare",
            "created_at": "2023-02-23T23:30:49Z",
            "disk_format": "raw",
            "file": "/v2/images/a1a23bf0-a885-4a65-9628-eb547ac5b26e/file",
            "hidden": false,
            "id": "a1a23bf0-a885-4a65-9628-eb547ac5b26e",
            "member_status": null,
            "metadata": {},
            "min_disk_gb": 0,
            "min_ram_mb": 0,
            "most_recent": false,
            "name": "Win10-21H2",
            "owner": "a69aa169729a4dbea0d9b9683072260d",
            "properties": {
              "direct_url": "rbd://bd7939e4-b236-11ed-a05f-be894137183b/images/a1a23bf0-a885-4a65-9628-eb547ac5b26e/snap",
              "hw_cpu_max_sockets": "1",
              "hw_qemu_guest_agent": "yes",
              "os_hash_algo": "sha512",
              "os_hash_value": "9b983422122d62398e7ca82ad0168cdaabada276cbb692cb8fcb99c7eeb8c6d27992378eb122ce1a0cb658aa1848a3e7a1ab3db50ff3df264b99eb8163373b91",
              "owner_specified.openstack.md5": "",
              "owner_specified.openstack.object": "images/Win10-21H2",
              "owner_specified.openstack.sha256": "",
              "stores": "rbd"
            },
            "protected": false,
            "region": "",
            "schema": "/v2/schemas/image",
            "size_bytes": 21476933632,
            "size_max": null,
            "size_min": null,
            "sort_direction": "asc",
            "sort_key": "name",
            "tag": null,
            "tags": [],
            "updated_at": "2023-03-06T00:22:48Z",
            "visibility": "public"
          },
          "sensitive_attributes": []
        }
      ]
    },
    {
      "mode": "data",
      "type": "openstack_images_image_v2",
      "name": "image_windows_2019",
      "provider": "provider[\"registry.terraform.io/terraform-provider-openstack/openstack\"]",
      "instances": [
        {
          "schema_version": 0,
          "attributes": {
            "checksum": "35752336cb4d13411bb3f96fe61aaa70",
            "container_format": "bare",
            "created_at": "2023-02-23T23:51:51Z",
            "disk_format": "raw",
            "file": "/v2/images/7c4e8ad9-113f-4370-b387-0c55b99f410f/file",
            "hidden": false,
            "id": "7c4e8ad9-113f-4370-b387-0c55b99f410f",
            "member_status": null,
            "metadata": {},
            "min_disk_gb": 0,
            "min_ram_mb": 0,
            "most_recent": false,
            "name": "WinSrv2019-17763-2022",
            "owner": "a69aa169729a4dbea0d9b9683072260d",
            "properties": {
              "direct_url": "rbd://bd7939e4-b236-11ed-a05f-be894137183b/images/7c4e8ad9-113f-4370-b387-0c55b99f410f/snap",
              "hw_cpu_max_sockets": "1",
              "hw_qemu_guest_agent": "yes",
              "os_hash_algo": "sha512",
              "os_hash_value": "35db0b0822808e817f5292cdaffe6fb234bf27cce91b1bce2afb2377c6669c60762adc6c158cb0c166ab103cf4332130b1848f5d439778e474e23e656647928e",
              "owner_specified.openstack.md5": "",
              "owner_specified.openstack.object": "images/WinSrv2019-17763-2022",
              "owner_specified.openstack.sha256": "",
              "stores": "rbd"
            },
            "protected": false,
            "region": "",
            "schema": "/v2/schemas/image",
            "size_bytes": 12886999040,
            "size_max": null,
            "size_min": null,
            "sort_direction": "asc",
            "sort_key": "name",
            "tag": null,
            "tags": [],
            "updated_at": "2023-03-06T00:22:52Z",
            "visibility": "public"
          },
          "sensitive_attributes": []
        }
      ]
    },
    {
      "module": "module.homelab",
      "mode": "data",
      "type": "openstack_identity_project_v3",
      "name": "management_project",
      "provider": "provider[\"registry.terraform.io/terraform-provider-openstack/openstack\"]",
      "instances": [
        {
          "schema_version": 0,
          "attributes": {
            "description": "Vaughn, Woerpel Personal Project",
            "domain_id": "default",
            "enabled": true,
            "id": "e7e474215e334ca782a7f15bad62f6c4",
            "is_domain": false,
            "name": "vww9966",
            "parent_id": "default",
            "region": null,
            "tags": []
          },
          "sensitive_attributes": []
        }
      ]
    },
    {
      "module": "module.homelab",
      "mode": "data",
      "type": "openstack_networking_network_v2",
      "name": "management_network",
      "provider": "provider[\"registry.terraform.io/terraform-provider-openstack/openstack\"]",
      "instances": [
        {
          "schema_version": 0,
          "attributes": {
            "admin_state_up": "true",
            "all_tags": [],
            "availability_zone_hints": [],
            "description": "",
            "dns_domain": "",
            "external": false,
            "id": "8480d1fc-89db-4896-a09d-64302b453ffd",
            "matching_subnet_cidr": null,
            "mtu": 8942,
            "name": "Management Network",
            "network_id": null,
            "region": "",
            "shared": "false",
            "status": null,
            "subnets": [
              "9f5ae1f6-e325-4082-aba7-3b86b3559507"
            ],
            "tags": null,
            "tenant_id": "e7e474215e334ca782a7f15bad62f6c4",
            "transparent_vlan": false
          },
          "sensitive_attributes": []
        }
      ]
    },
    {
      "module": "module.homelab",
      "mode": "data",
      "type": "openstack_networking_router_v2",
      "name": "core_router",
      "provider": "provider[\"registry.terraform.io/terraform-provider-openstack/openstack\"]",
      "instances": [
        {
          "schema_version": 0,
          "attributes": {
            "admin_state_up": true,
            "all_tags": [],
            "availability_zone_hints": [],
            "description": "",
            "distributed": false,
            "enable_snat": true,
            "external_fixed_ip": [
              {
                "ip_address": "129.21.249.113",
                "subnet_id": "69f14ecc-2bad-412e-abf1-24c90da9be5e"
              }
            ],
            "external_network_id": "d96988a6-c388-4032-8067-0b89d572cad0",
            "id": "f3a82523-42b7-44fa-89f2-b73f9dea71ee",
            "name": "Core Router",
            "region": "",
            "router_id": null,
            "status": "ACTIVE",
            "tags": null,
            "tenant_id": "e7e474215e334ca782a7f15bad62f6c4"
          },
          "sensitive_attributes": []
        }
      ]
    },
    {
      "module": "module.homelab",
      "mode": "data",
      "type": "openstack_networking_secgroup_v2",
      "name": "default_secgroup",
      "provider": "provider[\"registry.terraform.io/terraform-provider-openstack/openstack\"]",
      "instances": [
        {
          "schema_version": 0,
          "attributes": {
            "all_tags": [],
            "description": "Default security group",
            "id": "23f0b9f4-84b0-4ba2-9f8c-a68a86fd011f",
            "name": "default",
            "region": "",
            "secgroup_id": "23f0b9f4-84b0-4ba2-9f8c-a68a86fd011f",
            "tags": null,
            "tenant_id": "e7e474215e334ca782a7f15bad62f6c4"
          },
          "sensitive_attributes": []
        }
      ]
    },
    {
      "module": "module.homelab",
      "mode": "managed",
      "type": "openstack_blockstorage_volume_v3",
      "name": "jumpbox_volume",
      "provider": "provider[\"registry.terraform.io/terraform-provider-openstack/openstack\"]",
      "instances": [
        {
          "schema_version": 0,
          "attributes": {
            "attachment": [],
            "availability_zone": "nova",
            "consistency_group_id": null,
            "description": "",
            "enable_online_resize": null,
            "id": "fa03e2de-3681-4e1c-938f-7ccb16a8bd70",
            "image_id": "f19eb19d-2bd0-4c73-9e9e-88f3e94d8646",
            "metadata": {},
            "multiattach": null,
            "name": "jumpbox.blueteam.thanksgiving.dinner-volume",
            "region": "",
            "scheduler_hints": [],
            "size": 30,
            "snapshot_id": "",
            "source_replica": null,
            "source_vol_id": "",
            "timeouts": {
              "create": "30m",
              "delete": null
            },
            "volume_type": "__DEFAULT__"
          },
          "sensitive_attributes": [],
          "private": "eyJlMmJmYjczMC1lY2FhLTExZTYtOGY4OC0zNDM2M2JjN2M0YzAiOnsiY3JlYXRlIjoxODAwMDAwMDAwMDAwLCJkZWxldGUiOjYwMDAwMDAwMDAwMH19",
          "dependencies": [
            "data.openstack_compute_flavor_v2.flavor_linux_small",
            "data.openstack_images_image_v2.image_linux_ubuntu"
          ]
        }
      ]
    },
    {
      "module": "module.homelab",
      "mode": "managed",
      "type": "openstack_blockstorage_volume_v3",
      "name": "team_volumes",
      "provider": "provider[\"registry.terraform.io/terraform-provider-openstack/openstack\"]",
      "instances": [
        {
          "index_key": "dc",
          "schema_version": 0,
          "attributes": {
            "attachment": [],
            "availability_zone": "nova",
            "consistency_group_id": null,
            "description": "",
            "enable_online_resize": null,
            "id": "1e0f9f2b-4114-4b1e-906a-e787cb9ae45b",
            "image_id": "7c4e8ad9-113f-4370-b387-0c55b99f410f",
            "metadata": {},
            "multiattach": null,
            "name": "dc.blueteam.thanksgiving.dinner-volume",
            "region": "",
            "scheduler_hints": [],
            "size": 45,
            "snapshot_id": "",
            "source_replica": null,
            "source_vol_id": "",
            "timeouts": {
              "create": "30m",
              "delete": null
            },
            "volume_type": "__DEFAULT__"
          },
          "sensitive_attributes": [],
          "private": "eyJlMmJmYjczMC1lY2FhLTExZTYtOGY4OC0zNDM2M2JjN2M0YzAiOnsiY3JlYXRlIjoxODAwMDAwMDAwMDAwLCJkZWxldGUiOjYwMDAwMDAwMDAwMH19",
          "dependencies": [
            "data.openstack_compute_flavor_v2.flavor_linux_small",
            "data.openstack_compute_flavor_v2.flavor_windows_medium",
            "data.openstack_images_image_v2.image_linux_ubuntu",
            "data.openstack_images_image_v2.image_windows_10",
            "data.openstack_images_image_v2.image_windows_2019"
          ]
        },
        {
          "index_key": "media",
          "schema_version": 0,
          "attributes": {
            "attachment": [],
            "availability_zone": "nova",
            "consistency_group_id": null,
            "description": "",
            "enable_online_resize": null,
            "id": "98b72408-0501-4095-881d-079512a110bd",
            "image_id": "f19eb19d-2bd0-4c73-9e9e-88f3e94d8646",
            "metadata": {},
            "multiattach": null,
            "name": "media.blueteam.thanksgiving.dinner-volume",
            "region": "",
            "scheduler_hints": [],
            "size": 30,
            "snapshot_id": "",
            "source_replica": null,
            "source_vol_id": "",
            "timeouts": {
              "create": "30m",
              "delete": null
            },
            "volume_type": "__DEFAULT__"
          },
          "sensitive_attributes": [],
          "private": "eyJlMmJmYjczMC1lY2FhLTExZTYtOGY4OC0zNDM2M2JjN2M0YzAiOnsiY3JlYXRlIjoxODAwMDAwMDAwMDAwLCJkZWxldGUiOjYwMDAwMDAwMDAwMH19",
          "dependencies": [
            "data.openstack_compute_flavor_v2.flavor_linux_small",
            "data.openstack_compute_flavor_v2.flavor_windows_medium",
            "data.openstack_images_image_v2.image_linux_ubuntu",
            "data.openstack_images_image_v2.image_windows_10",
            "data.openstack_images_image_v2.image_windows_2019"
          ]
        },
        {
          "index_key": "pc",
          "schema_version": 0,
          "attributes": {
            "attachment": [],
            "availability_zone": "nova",
            "consistency_group_id": null,
            "description": "",
            "enable_online_resize": null,
            "id": "d23f0b5d-7d5f-4c2b-9c66-3a0190ac23f4",
            "image_id": "a1a23bf0-a885-4a65-9628-eb547ac5b26e",
            "metadata": {},
            "multiattach": null,
            "name": "pc.blueteam.thanksgiving.dinner-volume",
            "region": "",
            "scheduler_hints": [],
            "size": 45,
            "snapshot_id": "",
            "source_replica": null,
            "source_vol_id": "",
            "timeouts": {
              "create": "30m",
              "delete": null
            },
            "volume_type": "__DEFAULT__"
          },
          "sensitive_attributes": [],
          "private": "eyJlMmJmYjczMC1lY2FhLTExZTYtOGY4OC0zNDM2M2JjN2M0YzAiOnsiY3JlYXRlIjoxODAwMDAwMDAwMDAwLCJkZWxldGUiOjYwMDAwMDAwMDAwMH19",
          "dependencies": [
            "data.openstack_compute_flavor_v2.flavor_linux_small",
            "data.openstack_compute_flavor_v2.flavor_windows_medium",
            "data.openstack_images_image_v2.image_linux_ubuntu",
            "data.openstack_images_image_v2.image_windows_10",
            "data.openstack_images_image_v2.image_windows_2019"
          ]
        }
      ]
    },
    {
      "module": "module.homelab",
      "mode": "managed",
      "type": "openstack_compute_instance_v2",
      "name": "team_homelab_instance",
      "provider": "provider[\"registry.terraform.io/terraform-provider-openstack/openstack\"]",
      "instances": [
        {
          "index_key": "dc",
          "schema_version": 0,
          "attributes": {
            "access_ip_v4": "10.1.0.1",
            "access_ip_v6": "",
            "admin_pass": null,
            "all_metadata": {},
            "all_tags": [
              "blueteam-dc",
              "homelab",
              "project-ThanksgivingThrowdown-blueteam",
              "project-management"
            ],
            "availability_zone": "host02",
            "availability_zone_hints": null,
            "block_device": [
              {
                "boot_index": 0,
                "delete_on_termination": true,
                "destination_type": "volume",
                "device_type": "",
                "disk_bus": "",
                "guest_format": "",
                "source_type": "volume",
                "uuid": "1e0f9f2b-4114-4b1e-906a-e787cb9ae45b",
                "volume_size": 45,
                "volume_type": ""
              }
            ],
            "config_drive": null,
            "flavor_id": "0d282a6d-d770-4f46-b059-5ca291489578",
            "flavor_name": "medium",
            "floating_ip": null,
            "force_delete": false,
            "id": "2633992f-6868-4091-9783-10a33e22e8f2",
            "image_id": "Attempt to boot from volume - no image supplied",
            "image_name": null,
            "key_pair": "",
            "metadata": null,
            "name": "dc.blueteam.thanksgiving.dinner",
            "network": [
              {
                "access_network": false,
                "fixed_ip_v4": "10.1.0.1",
                "fixed_ip_v6": "",
                "floating_ip": "",
                "mac": "fa:16:3e:a6:db:6e",
                "name": "Blueteam Homelab",
                "port": "cc8b0301-c062-4dfe-92c5-1c7fcad4097f",
                "uuid": "945ea9d1-55fd-48a7-b974-ed14c8724406"
              }
            ],
            "network_mode": null,
            "personality": [],
            "power_state": "active",
            "region": "",
            "scheduler_hints": [],
            "security_groups": [
              "Blueteam Homelab Secgroup",
              "default"
            ],
            "stop_before_destroy": false,
            "tags": [
              "blueteam-dc",
              "homelab",
              "project-ThanksgivingThrowdown-blueteam",
              "project-management"
            ],
            "timeouts": null,
            "user_data": null,
            "vendor_options": [],
            "volume": []
          },
          "sensitive_attributes": [],
          "private": "eyJlMmJmYjczMC1lY2FhLTExZTYtOGY4OC0zNDM2M2JjN2M0YzAiOnsiY3JlYXRlIjoxODAwMDAwMDAwMDAwLCJkZWxldGUiOjE4MDAwMDAwMDAwMDAsInVwZGF0ZSI6MTgwMDAwMDAwMDAwMH19",
          "dependencies": [
            "data.openstack_compute_flavor_v2.flavor_linux_small",
            "data.openstack_compute_flavor_v2.flavor_windows_medium",
            "data.openstack_images_image_v2.image_linux_ubuntu",
            "data.openstack_images_image_v2.image_windows_10",
            "data.openstack_images_image_v2.image_windows_2019",
            "module.homelab.data.openstack_identity_project_v3.management_project",
            "module.homelab.data.openstack_networking_network_v2.management_network",
            "module.homelab.data.openstack_networking_secgroup_v2.default_secgroup",
            "module.homelab.openstack_blockstorage_volume_v3.team_volumes",
            "module.homelab.openstack_networking_network_v2.blueteam_homelab",
            "module.homelab.openstack_networking_port_v2.dc_port",
            "module.homelab.openstack_networking_port_v2.jumpbox_homelab_port",
            "module.homelab.openstack_networking_port_v2.jumpbox_management_port",
            "module.homelab.openstack_networking_port_v2.media_port",
            "module.homelab.openstack_networking_port_v2.pc_port",
            "module.homelab.openstack_networking_port_v2.pihole_port",
            "module.homelab.openstack_networking_secgroup_v2.blueteam_homelab_secgroup",
            "module.homelab.openstack_networking_secgroup_v2.blueteam_jumpbox_secgroup",
            "module.homelab.openstack_networking_subnet_v2.blueteam_homelab_subnet"
          ]
        },
        {
          "index_key": "media",
          "schema_version": 0,
          "attributes": {
            "access_ip_v4": "10.1.0.3",
            "access_ip_v6": "",
            "admin_pass": null,
            "all_metadata": {},
            "all_tags": [
              "blueteam-media",
              "homelab",
              "project-ThanksgivingThrowdown-blueteam",
              "project-management"
            ],
            "availability_zone": "host02",
            "availability_zone_hints": null,
            "block_device": [
              {
                "boot_index": 0,
                "delete_on_termination": true,
                "destination_type": "volume",
                "device_type": "",
                "disk_bus": "",
                "guest_format": "",
                "source_type": "volume",
                "uuid": "98b72408-0501-4095-881d-079512a110bd",
                "volume_size": 30,
                "volume_type": ""
              }
            ],
            "config_drive": null,
            "flavor_id": "5f964abc-866f-4d79-8aae-f9460cfb28d7",
            "flavor_name": "small",
            "floating_ip": null,
            "force_delete": false,
            "id": "431c5544-0565-41c8-862b-d18f5cbeccef",
            "image_id": "Attempt to boot from volume - no image supplied",
            "image_name": null,
            "key_pair": "",
            "metadata": null,
            "name": "media.blueteam.thanksgiving.dinner",
            "network": [
              {
                "access_network": false,
                "fixed_ip_v4": "10.1.0.3",
                "fixed_ip_v6": "",
                "floating_ip": "",
                "mac": "fa:16:3e:4b:00:8f",
                "name": "Blueteam Homelab",
                "port": "6ebdf766-fe56-4480-b6ff-0e50f2f9853d",
                "uuid": "945ea9d1-55fd-48a7-b974-ed14c8724406"
              }
            ],
            "network_mode": null,
            "personality": [],
            "power_state": "active",
            "region": "",
            "scheduler_hints": [],
            "security_groups": [
              "Blueteam Homelab Secgroup",
              "default"
            ],
            "stop_before_destroy": false,
            "tags": [
              "blueteam-media",
              "homelab",
              "project-ThanksgivingThrowdown-blueteam",
              "project-management"
            ],
            "timeouts": null,
            "user_data": "3b84a9208391425c6388676407e6a363a0c5c4fc",
            "vendor_options": [],
            "volume": []
          },
          "sensitive_attributes": [],
          "private": "eyJlMmJmYjczMC1lY2FhLTExZTYtOGY4OC0zNDM2M2JjN2M0YzAiOnsiY3JlYXRlIjoxODAwMDAwMDAwMDAwLCJkZWxldGUiOjE4MDAwMDAwMDAwMDAsInVwZGF0ZSI6MTgwMDAwMDAwMDAwMH19",
          "dependencies": [
            "data.openstack_compute_flavor_v2.flavor_linux_small",
            "data.openstack_compute_flavor_v2.flavor_windows_medium",
            "data.openstack_images_image_v2.image_linux_ubuntu",
            "data.openstack_images_image_v2.image_windows_10",
            "data.openstack_images_image_v2.image_windows_2019",
            "module.homelab.data.openstack_identity_project_v3.management_project",
            "module.homelab.data.openstack_networking_network_v2.management_network",
            "module.homelab.data.openstack_networking_secgroup_v2.default_secgroup",
            "module.homelab.openstack_blockstorage_volume_v3.team_volumes",
            "module.homelab.openstack_networking_network_v2.blueteam_homelab",
            "module.homelab.openstack_networking_port_v2.dc_port",
            "module.homelab.openstack_networking_port_v2.jumpbox_homelab_port",
            "module.homelab.openstack_networking_port_v2.jumpbox_management_port",
            "module.homelab.openstack_networking_port_v2.media_port",
            "module.homelab.openstack_networking_port_v2.pc_port",
            "module.homelab.openstack_networking_port_v2.pihole_port",
            "module.homelab.openstack_networking_secgroup_v2.blueteam_homelab_secgroup",
            "module.homelab.openstack_networking_secgroup_v2.blueteam_jumpbox_secgroup",
            "module.homelab.openstack_networking_subnet_v2.blueteam_homelab_subnet"
          ]
        },
        {
          "index_key": "pc",
          "status": "tainted",
          "schema_version": 0,
          "attributes": {
            "access_ip_v4": null,
            "access_ip_v6": null,
            "admin_pass": null,
            "all_metadata": null,
            "all_tags": [],
            "availability_zone": null,
            "availability_zone_hints": null,
            "block_device": [
              {
                "boot_index": 0,
                "delete_on_termination": true,
                "destination_type": "volume",
                "device_type": "",
                "disk_bus": "",
                "guest_format": "",
                "source_type": "volume",
                "uuid": "d23f0b5d-7d5f-4c2b-9c66-3a0190ac23f4",
                "volume_size": 45,
                "volume_type": ""
              }
            ],
            "config_drive": null,
            "flavor_id": "0d282a6d-d770-4f46-b059-5ca291489578",
            "flavor_name": null,
            "floating_ip": null,
            "force_delete": false,
            "id": "4d390014-012a-45bf-9fff-2b2ba567563d",
            "image_id": null,
            "image_name": null,
            "key_pair": null,
            "metadata": null,
            "name": "pc.blueteam.thanksgiving.dinner",
            "network": [
              {
                "access_network": false,
                "fixed_ip_v4": "",
                "fixed_ip_v6": "",
                "floating_ip": "",
                "mac": "",
                "name": "",
                "port": "1fa2289c-48ce-42a2-9b31-3191b8806008",
                "uuid": ""
              }
            ],
            "network_mode": null,
            "personality": [],
            "power_state": "active",
            "region": null,
            "scheduler_hints": [],
            "security_groups": [],
            "stop_before_destroy": false,
            "tags": [
              "blueteam-pc",
              "homelab",
              "project-ThanksgivingThrowdown-blueteam",
              "project-management"
            ],
            "timeouts": null,
            "user_data": null,
            "vendor_options": [],
            "volume": []
          },
          "sensitive_attributes": [],
          "private": "eyJlMmJmYjczMC1lY2FhLTExZTYtOGY4OC0zNDM2M2JjN2M0YzAiOnsiY3JlYXRlIjoxODAwMDAwMDAwMDAwLCJkZWxldGUiOjE4MDAwMDAwMDAwMDAsInVwZGF0ZSI6MTgwMDAwMDAwMDAwMH19",
          "dependencies": [
            "data.openstack_compute_flavor_v2.flavor_linux_small",
            "data.openstack_compute_flavor_v2.flavor_windows_medium",
            "data.openstack_images_image_v2.image_linux_ubuntu",
            "data.openstack_images_image_v2.image_windows_10",
            "data.openstack_images_image_v2.image_windows_2019",
            "module.homelab.data.openstack_identity_project_v3.management_project",
            "module.homelab.data.openstack_networking_network_v2.management_network",
            "module.homelab.data.openstack_networking_secgroup_v2.default_secgroup",
            "module.homelab.openstack_blockstorage_volume_v3.team_volumes",
            "module.homelab.openstack_networking_network_v2.blueteam_homelab",
            "module.homelab.openstack_networking_port_v2.dc_port",
            "module.homelab.openstack_networking_port_v2.jumpbox_homelab_port",
            "module.homelab.openstack_networking_port_v2.jumpbox_management_port",
            "module.homelab.openstack_networking_port_v2.media_port",
            "module.homelab.openstack_networking_port_v2.pc_port",
            "module.homelab.openstack_networking_port_v2.pihole_port",
            "module.homelab.openstack_networking_secgroup_v2.blueteam_homelab_secgroup",
            "module.homelab.openstack_networking_secgroup_v2.blueteam_jumpbox_secgroup",
            "module.homelab.openstack_networking_subnet_v2.blueteam_homelab_subnet"
          ]
        }
      ]
    },
    {
      "module": "module.homelab",
      "mode": "managed",
      "type": "openstack_compute_instance_v2",
      "name": "team_jumpbox_instance",
      "provider": "provider[\"registry.terraform.io/terraform-provider-openstack/openstack\"]",
      "instances": [
        {
          "status": "tainted",
          "schema_version": 0,
          "attributes": {
            "access_ip_v4": null,
            "access_ip_v6": null,
            "admin_pass": null,
            "all_metadata": null,
            "all_tags": [],
            "availability_zone": null,
            "availability_zone_hints": null,
            "block_device": [
              {
                "boot_index": 0,
                "delete_on_termination": true,
                "destination_type": "volume",
                "device_type": "",
                "disk_bus": "",
                "guest_format": "",
                "source_type": "volume",
                "uuid": "fa03e2de-3681-4e1c-938f-7ccb16a8bd70",
                "volume_size": 30,
                "volume_type": ""
              }
            ],
            "config_drive": null,
            "flavor_id": "5f964abc-866f-4d79-8aae-f9460cfb28d7",
            "flavor_name": null,
            "floating_ip": null,
            "force_delete": false,
            "id": "571987a4-ede3-4c15-b48c-8cc2385e7a99",
            "image_id": null,
            "image_name": null,
            "key_pair": null,
            "metadata": null,
            "name": "jumpbox.blueteam.thanksgiving.dinner",
            "network": [
              {
                "access_network": false,
                "fixed_ip_v4": "",
                "fixed_ip_v6": "",
                "floating_ip": "",
                "mac": "",
                "name": "",
                "port": "2992c3b0-e73c-49f6-94fe-deded1f7df18",
                "uuid": ""
              },
              {
                "access_network": false,
                "fixed_ip_v4": "",
                "fixed_ip_v6": "",
                "floating_ip": "",
                "mac": "",
                "name": "",
                "port": "242bf460-71ed-468e-a012-53462061aa6f",
                "uuid": ""
              }
            ],
            "network_mode": null,
            "personality": [],
            "power_state": "active",
            "region": null,
            "scheduler_hints": [],
            "security_groups": [],
            "stop_before_destroy": false,
            "tags": [
              "homelab",
              "jumpbox",
              "project-ThanksgivingThrowdown-blueteam",
              "project-management"
            ],
            "timeouts": null,
            "user_data": null,
            "vendor_options": [],
            "volume": []
          },
          "sensitive_attributes": [],
          "private": "eyJlMmJmYjczMC1lY2FhLTExZTYtOGY4OC0zNDM2M2JjN2M0YzAiOnsiY3JlYXRlIjoxODAwMDAwMDAwMDAwLCJkZWxldGUiOjE4MDAwMDAwMDAwMDAsInVwZGF0ZSI6MTgwMDAwMDAwMDAwMH19",
          "dependencies": [
            "data.openstack_compute_flavor_v2.flavor_linux_small",
            "data.openstack_images_image_v2.image_linux_ubuntu",
            "module.homelab.data.openstack_identity_project_v3.management_project",
            "module.homelab.data.openstack_networking_network_v2.management_network",
            "module.homelab.data.openstack_networking_secgroup_v2.default_secgroup",
            "module.homelab.openstack_blockstorage_volume_v3.jumpbox_volume",
            "module.homelab.openstack_networking_network_v2.blueteam_homelab",
            "module.homelab.openstack_networking_port_v2.dc_port",
            "module.homelab.openstack_networking_port_v2.jumpbox_homelab_port",
            "module.homelab.openstack_networking_port_v2.jumpbox_management_port",
            "module.homelab.openstack_networking_port_v2.media_port",
            "module.homelab.openstack_networking_port_v2.pc_port",
            "module.homelab.openstack_networking_port_v2.pihole_port",
            "module.homelab.openstack_networking_secgroup_v2.blueteam_homelab_secgroup",
            "module.homelab.openstack_networking_secgroup_v2.blueteam_jumpbox_secgroup",
            "module.homelab.openstack_networking_subnet_v2.blueteam_homelab_subnet"
          ]
        }
      ]
    },
    {
      "module": "module.homelab",
      "mode": "managed",
      "type": "openstack_networking_network_v2",
      "name": "blueteam_homelab",
      "provider": "provider[\"registry.terraform.io/terraform-provider-openstack/openstack\"]",
      "instances": [
        {
          "schema_version": 0,
          "attributes": {
            "admin_state_up": true,
            "all_tags": [],
            "availability_zone_hints": [],
            "description": "",
            "dns_domain": "",
            "external": false,
            "id": "945ea9d1-55fd-48a7-b974-ed14c8724406",
            "mtu": 8942,
            "name": "Blueteam Homelab",
            "port_security_enabled": true,
            "qos_policy_id": "",
            "region": "",
            "segments": [],
            "shared": false,
            "tags": null,
            "tenant_id": "e7e474215e334ca782a7f15bad62f6c4",
            "timeouts": null,
            "transparent_vlan": false,
            "value_specs": null
          },
          "sensitive_attributes": [],
          "private": "eyJlMmJmYjczMC1lY2FhLTExZTYtOGY4OC0zNDM2M2JjN2M0YzAiOnsiY3JlYXRlIjo2MDAwMDAwMDAwMDAsImRlbGV0ZSI6NjAwMDAwMDAwMDAwfX0="
        }
      ]
    },
    {
      "module": "module.homelab",
      "mode": "managed",
      "type": "openstack_networking_port_v2",
      "name": "blueteam_homelab_subnet_port",
      "provider": "provider[\"registry.terraform.io/terraform-provider-openstack/openstack\"]",
      "instances": [
        {
          "schema_version": 0,
          "attributes": {
            "admin_state_up": true,
            "all_fixed_ips": [
              "10.1.0.254"
            ],
            "all_security_group_ids": [],
            "all_tags": [],
            "allowed_address_pairs": [],
            "binding": [
              {
                "host_id": "",
                "profile": "",
                "vif_details": {},
                "vif_type": "",
                "vnic_type": "normal"
              }
            ],
            "description": "",
            "device_id": "",
            "device_owner": "",
            "dns_assignment": [],
            "dns_name": "",
            "extra_dhcp_option": [],
            "fixed_ip": [
              {
                "ip_address": "10.1.0.254",
                "subnet_id": "9ff6c75b-03e5-4c80-ac02-b104cb79c8ee"
              }
            ],
            "id": "0b491cd3-a80a-410e-9d06-cad1a407215a",
            "mac_address": "fa:16:3e:e9:17:43",
            "name": "Blueteam Homelab Port",
            "network_id": "945ea9d1-55fd-48a7-b974-ed14c8724406",
            "no_fixed_ip": null,
            "no_security_groups": null,
            "port_security_enabled": false,
            "qos_policy_id": "",
            "region": "",
            "security_group_ids": null,
            "tags": null,
            "tenant_id": "e7e474215e334ca782a7f15bad62f6c4",
            "timeouts": null,
            "value_specs": null
          },
          "sensitive_attributes": [],
          "private": "eyJlMmJmYjczMC1lY2FhLTExZTYtOGY4OC0zNDM2M2JjN2M0YzAiOnsiY3JlYXRlIjo2MDAwMDAwMDAwMDAsImRlbGV0ZSI6NjAwMDAwMDAwMDAwfX0=",
          "dependencies": [
            "module.homelab.openstack_networking_network_v2.blueteam_homelab",
            "module.homelab.openstack_networking_subnet_v2.blueteam_homelab_subnet"
          ]
        }
      ]
    },
    {
      "module": "module.homelab",
      "mode": "managed",
      "type": "openstack_networking_port_v2",
      "name": "dc_port",
      "provider": "provider[\"registry.terraform.io/terraform-provider-openstack/openstack\"]",
      "instances": [
        {
          "schema_version": 0,
          "attributes": {
            "admin_state_up": true,
            "all_fixed_ips": [
              "10.1.0.1"
            ],
            "all_security_group_ids": [
              "23f0b9f4-84b0-4ba2-9f8c-a68a86fd011f",
              "f4e3b959-315e-4be4-8f49-20f904a81b52"
            ],
            "all_tags": [],
            "allowed_address_pairs": [],
            "binding": [
              {
                "host_id": "",
                "profile": "",
                "vif_details": {},
                "vif_type": "",
                "vnic_type": "normal"
              }
            ],
            "description": "",
            "device_id": "",
            "device_owner": "",
            "dns_assignment": [],
            "dns_name": "",
            "extra_dhcp_option": [],
            "fixed_ip": [
              {
                "ip_address": "10.1.0.1",
                "subnet_id": "9ff6c75b-03e5-4c80-ac02-b104cb79c8ee"
              }
            ],
            "id": "cc8b0301-c062-4dfe-92c5-1c7fcad4097f",
            "mac_address": "fa:16:3e:a6:db:6e",
            "name": "Blueteam Homelab Domain Controller",
            "network_id": "945ea9d1-55fd-48a7-b974-ed14c8724406",
            "no_fixed_ip": null,
            "no_security_groups": null,
            "port_security_enabled": true,
            "qos_policy_id": "",
            "region": "",
            "security_group_ids": [
              "23f0b9f4-84b0-4ba2-9f8c-a68a86fd011f",
              "f4e3b959-315e-4be4-8f49-20f904a81b52"
            ],
            "tags": null,
            "tenant_id": "e7e474215e334ca782a7f15bad62f6c4",
            "timeouts": null,
            "value_specs": null
          },
          "sensitive_attributes": [],
          "private": "eyJlMmJmYjczMC1lY2FhLTExZTYtOGY4OC0zNDM2M2JjN2M0YzAiOnsiY3JlYXRlIjo2MDAwMDAwMDAwMDAsImRlbGV0ZSI6NjAwMDAwMDAwMDAwfX0=",
          "dependencies": [
            "module.homelab.data.openstack_identity_project_v3.management_project",
            "module.homelab.data.openstack_networking_secgroup_v2.default_secgroup",
            "module.homelab.openstack_networking_network_v2.blueteam_homelab",
            "module.homelab.openstack_networking_secgroup_v2.blueteam_homelab_secgroup",
            "module.homelab.openstack_networking_secgroup_v2.blueteam_jumpbox_secgroup",
            "module.homelab.openstack_networking_subnet_v2.blueteam_homelab_subnet"
          ]
        }
      ]
    },
    {
      "module": "module.homelab",
      "mode": "managed",
      "type": "openstack_networking_port_v2",
      "name": "jumpbox_homelab_port",
      "provider": "provider[\"registry.terraform.io/terraform-provider-openstack/openstack\"]",
      "instances": [
        {
          "schema_version": 0,
          "attributes": {
            "admin_state_up": true,
            "all_fixed_ips": [
              "10.1.0.100"
            ],
            "all_security_group_ids": [
              "23f0b9f4-84b0-4ba2-9f8c-a68a86fd011f",
              "e37eb26b-45d6-402d-88f3-d3484f44222b"
            ],
            "all_tags": [],
            "allowed_address_pairs": [],
            "binding": [
              {
                "host_id": "",
                "profile": "",
                "vif_details": {},
                "vif_type": "",
                "vnic_type": "normal"
              }
            ],
            "description": "",
            "device_id": "",
            "device_owner": "",
            "dns_assignment": [],
            "dns_name": "",
            "extra_dhcp_option": [],
            "fixed_ip": [
              {
                "ip_address": "10.1.0.100",
                "subnet_id": "9ff6c75b-03e5-4c80-ac02-b104cb79c8ee"
              }
            ],
            "id": "2992c3b0-e73c-49f6-94fe-deded1f7df18",
            "mac_address": "fa:16:3e:c3:be:93",
            "name": "Blueteam Jumpbox Homelab",
            "network_id": "945ea9d1-55fd-48a7-b974-ed14c8724406",
            "no_fixed_ip": null,
            "no_security_groups": null,
            "port_security_enabled": true,
            "qos_policy_id": "",
            "region": "",
            "security_group_ids": [
              "23f0b9f4-84b0-4ba2-9f8c-a68a86fd011f",
              "e37eb26b-45d6-402d-88f3-d3484f44222b"
            ],
            "tags": null,
            "tenant_id": "e7e474215e334ca782a7f15bad62f6c4",
            "timeouts": null,
            "value_specs": null
          },
          "sensitive_attributes": [],
          "private": "eyJlMmJmYjczMC1lY2FhLTExZTYtOGY4OC0zNDM2M2JjN2M0YzAiOnsiY3JlYXRlIjo2MDAwMDAwMDAwMDAsImRlbGV0ZSI6NjAwMDAwMDAwMDAwfX0=",
          "dependencies": [
            "module.homelab.data.openstack_identity_project_v3.management_project",
            "module.homelab.data.openstack_networking_secgroup_v2.default_secgroup",
            "module.homelab.openstack_networking_network_v2.blueteam_homelab",
            "module.homelab.openstack_networking_secgroup_v2.blueteam_homelab_secgroup",
            "module.homelab.openstack_networking_secgroup_v2.blueteam_jumpbox_secgroup",
            "module.homelab.openstack_networking_subnet_v2.blueteam_homelab_subnet"
          ]
        }
      ]
    },
    {
      "module": "module.homelab",
      "mode": "managed",
      "type": "openstack_networking_port_v2",
      "name": "jumpbox_management_port",
      "provider": "provider[\"registry.terraform.io/terraform-provider-openstack/openstack\"]",
      "instances": [
        {
          "schema_version": 0,
          "attributes": {
            "admin_state_up": true,
            "all_fixed_ips": [
              "10.100.0.209"
            ],
            "all_security_group_ids": [
              "23f0b9f4-84b0-4ba2-9f8c-a68a86fd011f",
              "e37eb26b-45d6-402d-88f3-d3484f44222b"
            ],
            "all_tags": [],
            "allowed_address_pairs": [],
            "binding": [
              {
                "host_id": "",
                "profile": "",
                "vif_details": {},
                "vif_type": "",
                "vnic_type": "normal"
              }
            ],
            "description": "",
            "device_id": "",
            "device_owner": "",
            "dns_assignment": [],
            "dns_name": "",
            "extra_dhcp_option": [],
            "fixed_ip": [],
            "id": "242bf460-71ed-468e-a012-53462061aa6f",
            "mac_address": "fa:16:3e:96:a6:86",
            "name": "Blueteam Jumpbox Management",
            "network_id": "8480d1fc-89db-4896-a09d-64302b453ffd",
            "no_fixed_ip": null,
            "no_security_groups": null,
            "port_security_enabled": true,
            "qos_policy_id": "",
            "region": "",
            "security_group_ids": [
              "23f0b9f4-84b0-4ba2-9f8c-a68a86fd011f",
              "e37eb26b-45d6-402d-88f3-d3484f44222b"
            ],
            "tags": null,
            "tenant_id": "e7e474215e334ca782a7f15bad62f6c4",
            "timeouts": null,
            "value_specs": null
          },
          "sensitive_attributes": [],
          "private": "eyJlMmJmYjczMC1lY2FhLTExZTYtOGY4OC0zNDM2M2JjN2M0YzAiOnsiY3JlYXRlIjo2MDAwMDAwMDAwMDAsImRlbGV0ZSI6NjAwMDAwMDAwMDAwfX0=",
          "dependencies": [
            "module.homelab.data.openstack_identity_project_v3.management_project",
            "module.homelab.data.openstack_networking_network_v2.management_network",
            "module.homelab.data.openstack_networking_secgroup_v2.default_secgroup",
            "module.homelab.openstack_networking_secgroup_v2.blueteam_homelab_secgroup",
            "module.homelab.openstack_networking_secgroup_v2.blueteam_jumpbox_secgroup"
          ]
        }
      ]
    },
    {
      "module": "module.homelab",
      "mode": "managed",
      "type": "openstack_networking_port_v2",
      "name": "media_port",
      "provider": "provider[\"registry.terraform.io/terraform-provider-openstack/openstack\"]",
      "instances": [
        {
          "schema_version": 0,
          "attributes": {
            "admin_state_up": true,
            "all_fixed_ips": [
              "10.1.0.3"
            ],
            "all_security_group_ids": [
              "23f0b9f4-84b0-4ba2-9f8c-a68a86fd011f",
              "f4e3b959-315e-4be4-8f49-20f904a81b52"
            ],
            "all_tags": [],
            "allowed_address_pairs": [],
            "binding": [
              {
                "host_id": "",
                "profile": "",
                "vif_details": {},
                "vif_type": "",
                "vnic_type": "normal"
              }
            ],
            "description": "",
            "device_id": "",
            "device_owner": "",
            "dns_assignment": [],
            "dns_name": "",
            "extra_dhcp_option": [],
            "fixed_ip": [
              {
                "ip_address": "10.1.0.3",
                "subnet_id": "9ff6c75b-03e5-4c80-ac02-b104cb79c8ee"
              }
            ],
            "id": "6ebdf766-fe56-4480-b6ff-0e50f2f9853d",
            "mac_address": "fa:16:3e:4b:00:8f",
            "name": "Blueteam Homelab Media",
            "network_id": "945ea9d1-55fd-48a7-b974-ed14c8724406",
            "no_fixed_ip": null,
            "no_security_groups": null,
            "port_security_enabled": true,
            "qos_policy_id": "",
            "region": "",
            "security_group_ids": [
              "23f0b9f4-84b0-4ba2-9f8c-a68a86fd011f",
              "f4e3b959-315e-4be4-8f49-20f904a81b52"
            ],
            "tags": null,
            "tenant_id": "e7e474215e334ca782a7f15bad62f6c4",
            "timeouts": null,
            "value_specs": null
          },
          "sensitive_attributes": [],
          "private": "eyJlMmJmYjczMC1lY2FhLTExZTYtOGY4OC0zNDM2M2JjN2M0YzAiOnsiY3JlYXRlIjo2MDAwMDAwMDAwMDAsImRlbGV0ZSI6NjAwMDAwMDAwMDAwfX0=",
          "dependencies": [
            "module.homelab.data.openstack_identity_project_v3.management_project",
            "module.homelab.data.openstack_networking_secgroup_v2.default_secgroup",
            "module.homelab.openstack_networking_network_v2.blueteam_homelab",
            "module.homelab.openstack_networking_secgroup_v2.blueteam_homelab_secgroup",
            "module.homelab.openstack_networking_secgroup_v2.blueteam_jumpbox_secgroup",
            "module.homelab.openstack_networking_subnet_v2.blueteam_homelab_subnet"
          ]
        }
      ]
    },
    {
      "module": "module.homelab",
      "mode": "managed",
      "type": "openstack_networking_port_v2",
      "name": "pc_port",
      "provider": "provider[\"registry.terraform.io/terraform-provider-openstack/openstack\"]",
      "instances": [
        {
          "schema_version": 0,
          "attributes": {
            "admin_state_up": true,
            "all_fixed_ips": [
              "10.1.0.2"
            ],
            "all_security_group_ids": [
              "23f0b9f4-84b0-4ba2-9f8c-a68a86fd011f",
              "f4e3b959-315e-4be4-8f49-20f904a81b52"
            ],
            "all_tags": [],
            "allowed_address_pairs": [],
            "binding": [
              {
                "host_id": "",
                "profile": "",
                "vif_details": {},
                "vif_type": "",
                "vnic_type": "normal"
              }
            ],
            "description": "",
            "device_id": "",
            "device_owner": "",
            "dns_assignment": [],
            "dns_name": "",
            "extra_dhcp_option": [],
            "fixed_ip": [
              {
                "ip_address": "10.1.0.2",
                "subnet_id": "9ff6c75b-03e5-4c80-ac02-b104cb79c8ee"
              }
            ],
            "id": "1fa2289c-48ce-42a2-9b31-3191b8806008",
            "mac_address": "fa:16:3e:00:9d:aa",
            "name": "Blueteam Homelab Personal Computer",
            "network_id": "945ea9d1-55fd-48a7-b974-ed14c8724406",
            "no_fixed_ip": null,
            "no_security_groups": null,
            "port_security_enabled": true,
            "qos_policy_id": "",
            "region": "",
            "security_group_ids": [
              "23f0b9f4-84b0-4ba2-9f8c-a68a86fd011f",
              "f4e3b959-315e-4be4-8f49-20f904a81b52"
            ],
            "tags": null,
            "tenant_id": "e7e474215e334ca782a7f15bad62f6c4",
            "timeouts": null,
            "value_specs": null
          },
          "sensitive_attributes": [],
          "private": "eyJlMmJmYjczMC1lY2FhLTExZTYtOGY4OC0zNDM2M2JjN2M0YzAiOnsiY3JlYXRlIjo2MDAwMDAwMDAwMDAsImRlbGV0ZSI6NjAwMDAwMDAwMDAwfX0=",
          "dependencies": [
            "module.homelab.data.openstack_identity_project_v3.management_project",
            "module.homelab.data.openstack_networking_secgroup_v2.default_secgroup",
            "module.homelab.openstack_networking_network_v2.blueteam_homelab",
            "module.homelab.openstack_networking_secgroup_v2.blueteam_homelab_secgroup",
            "module.homelab.openstack_networking_secgroup_v2.blueteam_jumpbox_secgroup",
            "module.homelab.openstack_networking_subnet_v2.blueteam_homelab_subnet"
          ]
        }
      ]
    },
    {
      "module": "module.homelab",
      "mode": "managed",
      "type": "openstack_networking_port_v2",
      "name": "pihole_port",
      "provider": "provider[\"registry.terraform.io/terraform-provider-openstack/openstack\"]",
      "instances": [
        {
          "schema_version": 0,
          "attributes": {
            "admin_state_up": true,
            "all_fixed_ips": [
              "10.1.0.4"
            ],
            "all_security_group_ids": [
              "23f0b9f4-84b0-4ba2-9f8c-a68a86fd011f",
              "f4e3b959-315e-4be4-8f49-20f904a81b52"
            ],
            "all_tags": [],
            "allowed_address_pairs": [],
            "binding": [
              {
                "host_id": "",
                "profile": "",
                "vif_details": {},
                "vif_type": "",
                "vnic_type": "normal"
              }
            ],
            "description": "",
            "device_id": "",
            "device_owner": "",
            "dns_assignment": [],
            "dns_name": "",
            "extra_dhcp_option": [],
            "fixed_ip": [
              {
                "ip_address": "10.1.0.4",
                "subnet_id": "9ff6c75b-03e5-4c80-ac02-b104cb79c8ee"
              }
            ],
            "id": "7d861ef7-d29f-4520-bb0f-f57adeb55d55",
            "mac_address": "fa:16:3e:ad:b1:43",
            "name": "Blueteam Homelab Pihole",
            "network_id": "945ea9d1-55fd-48a7-b974-ed14c8724406",
            "no_fixed_ip": null,
            "no_security_groups": null,
            "port_security_enabled": true,
            "qos_policy_id": "",
            "region": "",
            "security_group_ids": [
              "23f0b9f4-84b0-4ba2-9f8c-a68a86fd011f",
              "f4e3b959-315e-4be4-8f49-20f904a81b52"
            ],
            "tags": null,
            "tenant_id": "e7e474215e334ca782a7f15bad62f6c4",
            "timeouts": null,
            "value_specs": null
          },
          "sensitive_attributes": [],
          "private": "eyJlMmJmYjczMC1lY2FhLTExZTYtOGY4OC0zNDM2M2JjN2M0YzAiOnsiY3JlYXRlIjo2MDAwMDAwMDAwMDAsImRlbGV0ZSI6NjAwMDAwMDAwMDAwfX0=",
          "dependencies": [
            "module.homelab.data.openstack_identity_project_v3.management_project",
            "module.homelab.data.openstack_networking_secgroup_v2.default_secgroup",
            "module.homelab.openstack_networking_network_v2.blueteam_homelab",
            "module.homelab.openstack_networking_secgroup_v2.blueteam_homelab_secgroup",
            "module.homelab.openstack_networking_secgroup_v2.blueteam_jumpbox_secgroup",
            "module.homelab.openstack_networking_subnet_v2.blueteam_homelab_subnet"
          ]
        }
      ]
    },
    {
      "module": "module.homelab",
      "mode": "managed",
      "type": "openstack_networking_router_interface_v2",
      "name": "blueteam_homelab_interface",
      "provider": "provider[\"registry.terraform.io/terraform-provider-openstack/openstack\"]",
      "instances": [
        {
          "schema_version": 0,
          "attributes": {
            "id": "0b491cd3-a80a-410e-9d06-cad1a407215a",
            "port_id": "0b491cd3-a80a-410e-9d06-cad1a407215a",
            "region": "",
            "router_id": "f3a82523-42b7-44fa-89f2-b73f9dea71ee",
            "subnet_id": "9ff6c75b-03e5-4c80-ac02-b104cb79c8ee",
            "timeouts": null
          },
          "sensitive_attributes": [],
          "private": "eyJlMmJmYjczMC1lY2FhLTExZTYtOGY4OC0zNDM2M2JjN2M0YzAiOnsiY3JlYXRlIjo2MDAwMDAwMDAwMDAsImRlbGV0ZSI6NjAwMDAwMDAwMDAwfX0=",
          "dependencies": [
            "module.homelab.data.openstack_networking_router_v2.core_router",
            "module.homelab.openstack_networking_network_v2.blueteam_homelab",
            "module.homelab.openstack_networking_port_v2.blueteam_homelab_subnet_port",
            "module.homelab.openstack_networking_subnet_v2.blueteam_homelab_subnet"
          ]
        }
      ]
    },
    {
      "module": "module.homelab",
      "mode": "managed",
      "type": "openstack_networking_secgroup_rule_v2",
      "name": "blueteam_homelab_secgroup_rule",
      "provider": "provider[\"registry.terraform.io/terraform-provider-openstack/openstack\"]",
      "instances": [
        {
          "index_key": "ssh",
          "schema_version": 0,
          "attributes": {
            "description": "ssh",
            "direction": "ingress",
            "ethertype": "IPv4",
            "id": "0db0fa06-c037-490b-84e8-40243b38b353",
            "port_range_max": 22,
            "port_range_min": 22,
            "protocol": "tcp",
            "region": "",
            "remote_group_id": "",
            "remote_ip_prefix": "",
            "security_group_id": "f4e3b959-315e-4be4-8f49-20f904a81b52",
            "tenant_id": "e7e474215e334ca782a7f15bad62f6c4",
            "timeouts": null
          },
          "sensitive_attributes": [],
          "private": "eyJlMmJmYjczMC1lY2FhLTExZTYtOGY4OC0zNDM2M2JjN2M0YzAiOnsiZGVsZXRlIjo2MDAwMDAwMDAwMDB9fQ==",
          "dependencies": [
            "module.homelab.data.openstack_identity_project_v3.management_project",
            "module.homelab.openstack_networking_secgroup_v2.blueteam_homelab_secgroup"
          ]
        }
      ]
    },
    {
      "module": "module.homelab",
      "mode": "managed",
      "type": "openstack_networking_secgroup_rule_v2",
      "name": "redteam_jumpbox_secgroup_rule",
      "provider": "provider[\"registry.terraform.io/terraform-provider-openstack/openstack\"]",
      "instances": [
        {
          "index_key": "ssh",
          "schema_version": 0,
          "attributes": {
            "description": "ssh",
            "direction": "ingress",
            "ethertype": "IPv4",
            "id": "e474fdee-a5e8-423d-baed-7e0cebeb2bae",
            "port_range_max": 22,
            "port_range_min": 22,
            "protocol": "tcp",
            "region": "",
            "remote_group_id": "",
            "remote_ip_prefix": "",
            "security_group_id": "e37eb26b-45d6-402d-88f3-d3484f44222b",
            "tenant_id": "e7e474215e334ca782a7f15bad62f6c4",
            "timeouts": null
          },
          "sensitive_attributes": [],
          "private": "eyJlMmJmYjczMC1lY2FhLTExZTYtOGY4OC0zNDM2M2JjN2M0YzAiOnsiZGVsZXRlIjo2MDAwMDAwMDAwMDB9fQ==",
          "dependencies": [
            "module.homelab.data.openstack_identity_project_v3.management_project",
            "module.homelab.openstack_networking_secgroup_v2.blueteam_jumpbox_secgroup"
          ]
        }
      ]
    },
    {
      "module": "module.homelab",
      "mode": "managed",
      "type": "openstack_networking_secgroup_v2",
      "name": "blueteam_homelab_secgroup",
      "provider": "provider[\"registry.terraform.io/terraform-provider-openstack/openstack\"]",
      "instances": [
        {
          "schema_version": 0,
          "attributes": {
            "all_tags": [],
            "delete_default_rules": null,
            "description": "",
            "id": "f4e3b959-315e-4be4-8f49-20f904a81b52",
            "name": "Blueteam Homelab Secgroup",
            "region": "",
            "tags": null,
            "tenant_id": "e7e474215e334ca782a7f15bad62f6c4",
            "timeouts": null
          },
          "sensitive_attributes": [],
          "private": "eyJlMmJmYjczMC1lY2FhLTExZTYtOGY4OC0zNDM2M2JjN2M0YzAiOnsiZGVsZXRlIjo2MDAwMDAwMDAwMDB9fQ==",
          "dependencies": [
            "module.homelab.data.openstack_identity_project_v3.management_project"
          ]
        }
      ]
    },
    {
      "module": "module.homelab",
      "mode": "managed",
      "type": "openstack_networking_secgroup_v2",
      "name": "blueteam_jumpbox_secgroup",
      "provider": "provider[\"registry.terraform.io/terraform-provider-openstack/openstack\"]",
      "instances": [
        {
          "schema_version": 0,
          "attributes": {
            "all_tags": [],
            "delete_default_rules": null,
            "description": "",
            "id": "e37eb26b-45d6-402d-88f3-d3484f44222b",
            "name": "Blueteam Jumpbox Secgroup",
            "region": "",
            "tags": null,
            "tenant_id": "e7e474215e334ca782a7f15bad62f6c4",
            "timeouts": null
          },
          "sensitive_attributes": [],
          "private": "eyJlMmJmYjczMC1lY2FhLTExZTYtOGY4OC0zNDM2M2JjN2M0YzAiOnsiZGVsZXRlIjo2MDAwMDAwMDAwMDB9fQ==",
          "dependencies": [
            "module.homelab.data.openstack_identity_project_v3.management_project"
          ]
        }
      ]
    },
    {
      "module": "module.homelab",
      "mode": "managed",
      "type": "openstack_networking_subnet_v2",
      "name": "blueteam_homelab_subnet",
      "provider": "provider[\"registry.terraform.io/terraform-provider-openstack/openstack\"]",
      "instances": [
        {
          "schema_version": 0,
          "attributes": {
            "all_tags": [],
            "allocation_pool": [
              {
                "end": "10.1.0.250",
                "start": "10.1.0.200"
              }
            ],
            "allocation_pools": [
              {
                "end": "10.1.0.250",
                "start": "10.1.0.200"
              }
            ],
            "cidr": "10.1.0.0/24",
            "description": "",
            "dns_nameservers": [
              "1.1.1.1",
              "1.0.0.1"
            ],
            "enable_dhcp": true,
            "gateway_ip": "10.1.0.254",
            "host_routes": [],
            "id": "9ff6c75b-03e5-4c80-ac02-b104cb79c8ee",
            "ip_version": 4,
            "ipv6_address_mode": "",
            "ipv6_ra_mode": "",
            "name": "Blueteam Homelab Subnet",
            "network_id": "945ea9d1-55fd-48a7-b974-ed14c8724406",
            "no_gateway": false,
            "prefix_length": null,
            "region": "",
            "subnetpool_id": "",
            "tags": null,
            "tenant_id": "e7e474215e334ca782a7f15bad62f6c4",
            "timeouts": null,
            "value_specs": null
          },
          "sensitive_attributes": [],
          "private": "eyJlMmJmYjczMC1lY2FhLTExZTYtOGY4OC0zNDM2M2JjN2M0YzAiOnsiY3JlYXRlIjo2MDAwMDAwMDAwMDAsImRlbGV0ZSI6NjAwMDAwMDAwMDAwfX0=",
          "dependencies": [
            "module.homelab.openstack_networking_network_v2.blueteam_homelab"
          ]
        }
      ]
    },
    {
      "module": "module.kitchen",
      "mode": "data",
      "type": "openstack_identity_project_v3",
      "name": "management_project",
      "provider": "provider[\"registry.terraform.io/terraform-provider-openstack/openstack\"]",
      "instances": [
        {
          "schema_version": 0,
          "attributes": {
            "description": "Vaughn, Woerpel Personal Project",
            "domain_id": "default",
            "enabled": true,
            "id": "e7e474215e334ca782a7f15bad62f6c4",
            "is_domain": false,
            "name": "vww9966",
            "parent_id": "default",
            "region": null,
            "tags": []
          },
          "sensitive_attributes": []
        }
      ]
    },
    {
      "module": "module.kitchen",
      "mode": "data",
      "type": "openstack_networking_router_v2",
      "name": "core_router",
      "provider": "provider[\"registry.terraform.io/terraform-provider-openstack/openstack\"]",
      "instances": [
        {
          "schema_version": 0,
          "attributes": {
            "admin_state_up": true,
            "all_tags": [],
            "availability_zone_hints": [],
            "description": "",
            "distributed": false,
            "enable_snat": true,
            "external_fixed_ip": [
              {
                "ip_address": "129.21.249.113",
                "subnet_id": "69f14ecc-2bad-412e-abf1-24c90da9be5e"
              }
            ],
            "external_network_id": "d96988a6-c388-4032-8067-0b89d572cad0",
            "id": "f3a82523-42b7-44fa-89f2-b73f9dea71ee",
            "name": "Core Router",
            "region": "",
            "router_id": null,
            "status": "ACTIVE",
            "tags": null,
            "tenant_id": "e7e474215e334ca782a7f15bad62f6c4"
          },
          "sensitive_attributes": []
        }
      ]
    },
    {
      "module": "module.kitchen",
      "mode": "data",
      "type": "openstack_networking_secgroup_v2",
      "name": "default_secgroup",
      "provider": "provider[\"registry.terraform.io/terraform-provider-openstack/openstack\"]",
      "instances": [
        {
          "schema_version": 0,
          "attributes": {
            "all_tags": [],
            "description": "Default security group",
            "id": "23f0b9f4-84b0-4ba2-9f8c-a68a86fd011f",
            "name": "default",
            "region": "",
            "secgroup_id": "23f0b9f4-84b0-4ba2-9f8c-a68a86fd011f",
            "tags": null,
            "tenant_id": "e7e474215e334ca782a7f15bad62f6c4"
          },
          "sensitive_attributes": []
        }
      ]
    },
    {
      "module": "module.kitchen",
      "mode": "managed",
      "type": "openstack_blockstorage_volume_v3",
      "name": "team_volumes",
      "provider": "provider[\"registry.terraform.io/terraform-provider-openstack/openstack\"]",
      "instances": [
        {
          "index_key": "cabinet",
          "schema_version": 0,
          "attributes": {
            "attachment": [],
            "availability_zone": "nova",
            "consistency_group_id": null,
            "description": "",
            "enable_online_resize": null,
            "id": "9c34ea94-a506-4666-940f-ffd867ae07df",
            "image_id": "71a5a3e4-75a5-4962-b0b0-628e8ddf76f5",
            "metadata": {},
            "multiattach": null,
            "name": "cabinet.blueteam.thanksgiving.dinner-volume",
            "region": "",
            "scheduler_hints": [],
            "size": 20,
            "snapshot_id": "",
            "source_replica": null,
            "source_vol_id": "",
            "timeouts": {
              "create": "30m",
              "delete": null
            },
            "volume_type": "__DEFAULT__"
          },
          "sensitive_attributes": [],
          "private": "eyJlMmJmYjczMC1lY2FhLTExZTYtOGY4OC0zNDM2M2JjN2M0YzAiOnsiY3JlYXRlIjoxODAwMDAwMDAwMDAwLCJkZWxldGUiOjYwMDAwMDAwMDAwMH19",
          "dependencies": [
            "data.openstack_compute_flavor_v2.flavor_linux_small",
            "data.openstack_images_image_v2.image_linux_openwrt"
          ]
        },
        {
          "index_key": "fridge",
          "schema_version": 0,
          "attributes": {
            "attachment": [],
            "availability_zone": "nova",
            "consistency_group_id": null,
            "description": "",
            "enable_online_resize": null,
            "id": "7ad535e4-63fb-474e-bf64-2cad851d0d6c",
            "image_id": "71a5a3e4-75a5-4962-b0b0-628e8ddf76f5",
            "metadata": {},
            "multiattach": null,
            "name": "fridge.blueteam.thanksgiving.dinner-volume",
            "region": "",
            "scheduler_hints": [],
            "size": 20,
            "snapshot_id": "",
            "source_replica": null,
            "source_vol_id": "",
            "timeouts": {
              "create": "30m",
              "delete": null
            },
            "volume_type": "__DEFAULT__"
          },
          "sensitive_attributes": [],
          "private": "eyJlMmJmYjczMC1lY2FhLTExZTYtOGY4OC0zNDM2M2JjN2M0YzAiOnsiY3JlYXRlIjoxODAwMDAwMDAwMDAwLCJkZWxldGUiOjYwMDAwMDAwMDAwMH19",
          "dependencies": [
            "data.openstack_compute_flavor_v2.flavor_linux_small",
            "data.openstack_images_image_v2.image_linux_openwrt"
          ]
        },
        {
          "index_key": "lights",
          "schema_version": 0,
          "attributes": {
            "attachment": [],
            "availability_zone": "nova",
            "consistency_group_id": null,
            "description": "",
            "enable_online_resize": null,
            "id": "b52c27cc-b4e5-4ca0-89f5-11f1da3ae3c5",
            "image_id": "71a5a3e4-75a5-4962-b0b0-628e8ddf76f5",
            "metadata": {},
            "multiattach": null,
            "name": "lights.blueteam.thanksgiving.dinner-volume",
            "region": "",
            "scheduler_hints": [],
            "size": 20,
            "snapshot_id": "",
            "source_replica": null,
            "source_vol_id": "",
            "timeouts": {
              "create": "30m",
              "delete": null
            },
            "volume_type": "__DEFAULT__"
          },
          "sensitive_attributes": [],
          "private": "eyJlMmJmYjczMC1lY2FhLTExZTYtOGY4OC0zNDM2M2JjN2M0YzAiOnsiY3JlYXRlIjoxODAwMDAwMDAwMDAwLCJkZWxldGUiOjYwMDAwMDAwMDAwMH19",
          "dependencies": [
            "data.openstack_compute_flavor_v2.flavor_linux_small",
            "data.openstack_images_image_v2.image_linux_openwrt"
          ]
        },
        {
          "index_key": "oven",
          "schema_version": 0,
          "attributes": {
            "attachment": [],
            "availability_zone": "nova",
            "consistency_group_id": null,
            "description": "",
            "enable_online_resize": null,
            "id": "9674d281-620c-4e15-8f9f-99c417d6ae00",
            "image_id": "71a5a3e4-75a5-4962-b0b0-628e8ddf76f5",
            "metadata": {},
            "multiattach": null,
            "name": "oven.blueteam.thanksgiving.dinner-volume",
            "region": "",
            "scheduler_hints": [],
            "size": 20,
            "snapshot_id": "",
            "source_replica": null,
            "source_vol_id": "",
            "timeouts": {
              "create": "30m",
              "delete": null
            },
            "volume_type": "__DEFAULT__"
          },
          "sensitive_attributes": [],
          "private": "eyJlMmJmYjczMC1lY2FhLTExZTYtOGY4OC0zNDM2M2JjN2M0YzAiOnsiY3JlYXRlIjoxODAwMDAwMDAwMDAwLCJkZWxldGUiOjYwMDAwMDAwMDAwMH19",
          "dependencies": [
            "data.openstack_compute_flavor_v2.flavor_linux_small",
            "data.openstack_images_image_v2.image_linux_openwrt"
          ]
        }
      ]
    },
    {
      "module": "module.kitchen",
      "mode": "managed",
      "type": "openstack_compute_instance_v2",
      "name": "team_kitchen_instance",
      "provider": "provider[\"registry.terraform.io/terraform-provider-openstack/openstack\"]",
      "instances": [
        {
          "index_key": "cabinet",
          "schema_version": 0,
          "attributes": {
            "access_ip_v4": "10.2.0.2",
            "access_ip_v6": "",
            "admin_pass": null,
            "all_metadata": {},
            "all_tags": [
              "blueteam-cabinet",
              "kitchen",
              "project-ThanksgivingThrowdown-blueteam",
              "project-management"
            ],
            "availability_zone": "host02",
            "availability_zone_hints": null,
            "block_device": [
              {
                "boot_index": 0,
                "delete_on_termination": true,
                "destination_type": "volume",
                "device_type": "",
                "disk_bus": "",
                "guest_format": "",
                "source_type": "volume",
                "uuid": "9c34ea94-a506-4666-940f-ffd867ae07df",
                "volume_size": 20,
                "volume_type": ""
              }
            ],
            "config_drive": null,
            "flavor_id": "5f964abc-866f-4d79-8aae-f9460cfb28d7",
            "flavor_name": "small",
            "floating_ip": null,
            "force_delete": false,
            "id": "6a42b093-85dc-4532-a861-f0454b3e0207",
            "image_id": "Attempt to boot from volume - no image supplied",
            "image_name": null,
            "key_pair": "",
            "metadata": null,
            "name": "cabinet.blueteam.thanksgiving.dinner",
            "network": [
              {
                "access_network": false,
                "fixed_ip_v4": "10.2.0.2",
                "fixed_ip_v6": "",
                "floating_ip": "",
                "mac": "fa:16:3e:79:46:2d",
                "name": "Blueteam Kitchen",
                "port": "5fa6f32d-6a26-4420-a2dc-370f37c3ea42",
                "uuid": "34804e07-f9ad-4f53-99ee-e754a65e96d9"
              }
            ],
            "network_mode": null,
            "personality": [],
            "power_state": "active",
            "region": "",
            "scheduler_hints": [],
            "security_groups": [
              "Blueteam Kitchen Secgroup",
              "default"
            ],
            "stop_before_destroy": false,
            "tags": [
              "blueteam-cabinet",
              "kitchen",
              "project-ThanksgivingThrowdown-blueteam",
              "project-management"
            ],
            "timeouts": null,
            "user_data": null,
            "vendor_options": [],
            "volume": []
          },
          "sensitive_attributes": [],
          "private": "eyJlMmJmYjczMC1lY2FhLTExZTYtOGY4OC0zNDM2M2JjN2M0YzAiOnsiY3JlYXRlIjoxODAwMDAwMDAwMDAwLCJkZWxldGUiOjE4MDAwMDAwMDAwMDAsInVwZGF0ZSI6MTgwMDAwMDAwMDAwMH19",
          "dependencies": [
            "data.openstack_compute_flavor_v2.flavor_linux_small",
            "data.openstack_images_image_v2.image_linux_openwrt",
            "module.kitchen.data.openstack_identity_project_v3.management_project",
            "module.kitchen.data.openstack_networking_secgroup_v2.default_secgroup",
            "module.kitchen.openstack_blockstorage_volume_v3.team_volumes",
            "module.kitchen.openstack_networking_network_v2.blueteam_kitchen",
            "module.kitchen.openstack_networking_port_v2.cabinet_port",
            "module.kitchen.openstack_networking_port_v2.freezer_port",
            "module.kitchen.openstack_networking_port_v2.fridge_port",
            "module.kitchen.openstack_networking_port_v2.lights_port",
            "module.kitchen.openstack_networking_port_v2.oven_port",
            "module.kitchen.openstack_networking_secgroup_v2.blueteam_kitchen_secgroup",
            "module.kitchen.openstack_networking_subnet_v2.blueteam_kitchen_subnet"
          ]
        },
        {
          "index_key": "fridge",
          "schema_version": 0,
          "attributes": {
            "access_ip_v4": "10.2.0.1",
            "access_ip_v6": "",
            "admin_pass": null,
            "all_metadata": {},
            "all_tags": [
              "blueteam-fridge",
              "kitchen",
              "project-ThanksgivingThrowdown-blueteam",
              "project-management"
            ],
            "availability_zone": "host02",
            "availability_zone_hints": null,
            "block_device": [
              {
                "boot_index": 0,
                "delete_on_termination": true,
                "destination_type": "volume",
                "device_type": "",
                "disk_bus": "",
                "guest_format": "",
                "source_type": "volume",
                "uuid": "7ad535e4-63fb-474e-bf64-2cad851d0d6c",
                "volume_size": 20,
                "volume_type": ""
              }
            ],
            "config_drive": null,
            "flavor_id": "5f964abc-866f-4d79-8aae-f9460cfb28d7",
            "flavor_name": "small",
            "floating_ip": null,
            "force_delete": false,
            "id": "f4b0cc1b-70a5-4670-bb4b-1c721edc19f3",
            "image_id": "Attempt to boot from volume - no image supplied",
            "image_name": null,
            "key_pair": "",
            "metadata": null,
            "name": "fridge.blueteam.thanksgiving.dinner",
            "network": [
              {
                "access_network": false,
                "fixed_ip_v4": "10.2.0.1",
                "fixed_ip_v6": "",
                "floating_ip": "",
                "mac": "fa:16:3e:ff:83:60",
                "name": "Blueteam Kitchen",
                "port": "b84f55fc-7f60-45de-ba0c-dfd6d4773ca4",
                "uuid": "34804e07-f9ad-4f53-99ee-e754a65e96d9"
              }
            ],
            "network_mode": null,
            "personality": [],
            "power_state": "active",
            "region": "",
            "scheduler_hints": [],
            "security_groups": [
              "Blueteam Kitchen Secgroup",
              "default"
            ],
            "stop_before_destroy": false,
            "tags": [
              "blueteam-fridge",
              "kitchen",
              "project-ThanksgivingThrowdown-blueteam",
              "project-management"
            ],
            "timeouts": null,
            "user_data": null,
            "vendor_options": [],
            "volume": []
          },
          "sensitive_attributes": [],
          "private": "eyJlMmJmYjczMC1lY2FhLTExZTYtOGY4OC0zNDM2M2JjN2M0YzAiOnsiY3JlYXRlIjoxODAwMDAwMDAwMDAwLCJkZWxldGUiOjE4MDAwMDAwMDAwMDAsInVwZGF0ZSI6MTgwMDAwMDAwMDAwMH19",
          "dependencies": [
            "data.openstack_compute_flavor_v2.flavor_linux_small",
            "data.openstack_images_image_v2.image_linux_openwrt",
            "module.kitchen.data.openstack_identity_project_v3.management_project",
            "module.kitchen.data.openstack_networking_secgroup_v2.default_secgroup",
            "module.kitchen.openstack_blockstorage_volume_v3.team_volumes",
            "module.kitchen.openstack_networking_network_v2.blueteam_kitchen",
            "module.kitchen.openstack_networking_port_v2.cabinet_port",
            "module.kitchen.openstack_networking_port_v2.freezer_port",
            "module.kitchen.openstack_networking_port_v2.fridge_port",
            "module.kitchen.openstack_networking_port_v2.lights_port",
            "module.kitchen.openstack_networking_port_v2.oven_port",
            "module.kitchen.openstack_networking_secgroup_v2.blueteam_kitchen_secgroup",
            "module.kitchen.openstack_networking_subnet_v2.blueteam_kitchen_subnet"
          ]
        },
        {
          "index_key": "lights",
          "schema_version": 0,
          "attributes": {
            "access_ip_v4": "10.2.0.4",
            "access_ip_v6": "",
            "admin_pass": null,
            "all_metadata": {},
            "all_tags": [
              "blueteam-lights",
              "kitchen",
              "project-ThanksgivingThrowdown-blueteam",
              "project-management"
            ],
            "availability_zone": "host02",
            "availability_zone_hints": null,
            "block_device": [
              {
                "boot_index": 0,
                "delete_on_termination": true,
                "destination_type": "volume",
                "device_type": "",
                "disk_bus": "",
                "guest_format": "",
                "source_type": "volume",
                "uuid": "b52c27cc-b4e5-4ca0-89f5-11f1da3ae3c5",
                "volume_size": 20,
                "volume_type": ""
              }
            ],
            "config_drive": null,
            "flavor_id": "5f964abc-866f-4d79-8aae-f9460cfb28d7",
            "flavor_name": "small",
            "floating_ip": null,
            "force_delete": false,
            "id": "ec838a89-d84c-4a68-810c-10bed5c8c897",
            "image_id": "Attempt to boot from volume - no image supplied",
            "image_name": null,
            "key_pair": "",
            "metadata": null,
            "name": "lights.blueteam.thanksgiving.dinner",
            "network": [
              {
                "access_network": false,
                "fixed_ip_v4": "10.2.0.4",
                "fixed_ip_v6": "",
                "floating_ip": "",
                "mac": "fa:16:3e:b6:ed:a9",
                "name": "Blueteam Kitchen",
                "port": "490d54ad-6f8e-444f-bd26-4188e18d9ccc",
                "uuid": "34804e07-f9ad-4f53-99ee-e754a65e96d9"
              }
            ],
            "network_mode": null,
            "personality": [],
            "power_state": "active",
            "region": "",
            "scheduler_hints": [],
            "security_groups": [
              "Blueteam Kitchen Secgroup",
              "default"
            ],
            "stop_before_destroy": false,
            "tags": [
              "blueteam-lights",
              "kitchen",
              "project-ThanksgivingThrowdown-blueteam",
              "project-management"
            ],
            "timeouts": null,
            "user_data": null,
            "vendor_options": [],
            "volume": []
          },
          "sensitive_attributes": [],
          "private": "eyJlMmJmYjczMC1lY2FhLTExZTYtOGY4OC0zNDM2M2JjN2M0YzAiOnsiY3JlYXRlIjoxODAwMDAwMDAwMDAwLCJkZWxldGUiOjE4MDAwMDAwMDAwMDAsInVwZGF0ZSI6MTgwMDAwMDAwMDAwMH19",
          "dependencies": [
            "data.openstack_compute_flavor_v2.flavor_linux_small",
            "data.openstack_images_image_v2.image_linux_openwrt",
            "module.kitchen.data.openstack_identity_project_v3.management_project",
            "module.kitchen.data.openstack_networking_secgroup_v2.default_secgroup",
            "module.kitchen.openstack_blockstorage_volume_v3.team_volumes",
            "module.kitchen.openstack_networking_network_v2.blueteam_kitchen",
            "module.kitchen.openstack_networking_port_v2.cabinet_port",
            "module.kitchen.openstack_networking_port_v2.freezer_port",
            "module.kitchen.openstack_networking_port_v2.fridge_port",
            "module.kitchen.openstack_networking_port_v2.lights_port",
            "module.kitchen.openstack_networking_port_v2.oven_port",
            "module.kitchen.openstack_networking_secgroup_v2.blueteam_kitchen_secgroup",
            "module.kitchen.openstack_networking_subnet_v2.blueteam_kitchen_subnet"
          ]
        },
        {
          "index_key": "oven",
          "schema_version": 0,
          "attributes": {
            "access_ip_v4": "10.2.0.3",
            "access_ip_v6": "",
            "admin_pass": null,
            "all_metadata": {},
            "all_tags": [
              "blueteam-oven",
              "kitchen",
              "project-ThanksgivingThrowdown-blueteam",
              "project-management"
            ],
            "availability_zone": "host02",
            "availability_zone_hints": null,
            "block_device": [
              {
                "boot_index": 0,
                "delete_on_termination": true,
                "destination_type": "volume",
                "device_type": "",
                "disk_bus": "",
                "guest_format": "",
                "source_type": "volume",
                "uuid": "9674d281-620c-4e15-8f9f-99c417d6ae00",
                "volume_size": 20,
                "volume_type": ""
              }
            ],
            "config_drive": null,
            "flavor_id": "5f964abc-866f-4d79-8aae-f9460cfb28d7",
            "flavor_name": "small",
            "floating_ip": null,
            "force_delete": false,
            "id": "0ec02d79-b519-46c4-ba07-88f984f77ebe",
            "image_id": "Attempt to boot from volume - no image supplied",
            "image_name": null,
            "key_pair": "",
            "metadata": null,
            "name": "oven.blueteam.thanksgiving.dinner",
            "network": [
              {
                "access_network": false,
                "fixed_ip_v4": "10.2.0.3",
                "fixed_ip_v6": "",
                "floating_ip": "",
                "mac": "fa:16:3e:77:8c:e6",
                "name": "Blueteam Kitchen",
                "port": "237d6838-9fe5-4e03-85a4-2ecd0898bd89",
                "uuid": "34804e07-f9ad-4f53-99ee-e754a65e96d9"
              }
            ],
            "network_mode": null,
            "personality": [],
            "power_state": "active",
            "region": "",
            "scheduler_hints": [],
            "security_groups": [
              "Blueteam Kitchen Secgroup",
              "default"
            ],
            "stop_before_destroy": false,
            "tags": [
              "blueteam-oven",
              "kitchen",
              "project-ThanksgivingThrowdown-blueteam",
              "project-management"
            ],
            "timeouts": null,
            "user_data": null,
            "vendor_options": [],
            "volume": []
          },
          "sensitive_attributes": [],
          "private": "eyJlMmJmYjczMC1lY2FhLTExZTYtOGY4OC0zNDM2M2JjN2M0YzAiOnsiY3JlYXRlIjoxODAwMDAwMDAwMDAwLCJkZWxldGUiOjE4MDAwMDAwMDAwMDAsInVwZGF0ZSI6MTgwMDAwMDAwMDAwMH19",
          "dependencies": [
            "data.openstack_compute_flavor_v2.flavor_linux_small",
            "data.openstack_images_image_v2.image_linux_openwrt",
            "module.kitchen.data.openstack_identity_project_v3.management_project",
            "module.kitchen.data.openstack_networking_secgroup_v2.default_secgroup",
            "module.kitchen.openstack_blockstorage_volume_v3.team_volumes",
            "module.kitchen.openstack_networking_network_v2.blueteam_kitchen",
            "module.kitchen.openstack_networking_port_v2.cabinet_port",
            "module.kitchen.openstack_networking_port_v2.freezer_port",
            "module.kitchen.openstack_networking_port_v2.fridge_port",
            "module.kitchen.openstack_networking_port_v2.lights_port",
            "module.kitchen.openstack_networking_port_v2.oven_port",
            "module.kitchen.openstack_networking_secgroup_v2.blueteam_kitchen_secgroup",
            "module.kitchen.openstack_networking_subnet_v2.blueteam_kitchen_subnet"
          ]
        }
      ]
    },
    {
      "module": "module.kitchen",
      "mode": "managed",
      "type": "openstack_networking_network_v2",
      "name": "blueteam_kitchen",
      "provider": "provider[\"registry.terraform.io/terraform-provider-openstack/openstack\"]",
      "instances": [
        {
          "schema_version": 0,
          "attributes": {
            "admin_state_up": true,
            "all_tags": [],
            "availability_zone_hints": [],
            "description": "",
            "dns_domain": "",
            "external": false,
            "id": "34804e07-f9ad-4f53-99ee-e754a65e96d9",
            "mtu": 8942,
            "name": "Blueteam Kitchen",
            "port_security_enabled": true,
            "qos_policy_id": "",
            "region": "",
            "segments": [],
            "shared": false,
            "tags": null,
            "tenant_id": "e7e474215e334ca782a7f15bad62f6c4",
            "timeouts": null,
            "transparent_vlan": false,
            "value_specs": null
          },
          "sensitive_attributes": [],
          "private": "eyJlMmJmYjczMC1lY2FhLTExZTYtOGY4OC0zNDM2M2JjN2M0YzAiOnsiY3JlYXRlIjo2MDAwMDAwMDAwMDAsImRlbGV0ZSI6NjAwMDAwMDAwMDAwfX0="
        }
      ]
    },
    {
      "module": "module.kitchen",
      "mode": "managed",
      "type": "openstack_networking_port_v2",
      "name": "blueteam_kitchen_subnet_port",
      "provider": "provider[\"registry.terraform.io/terraform-provider-openstack/openstack\"]",
      "instances": [
        {
          "schema_version": 0,
          "attributes": {
            "admin_state_up": true,
            "all_fixed_ips": [
              "10.2.0.254"
            ],
            "all_security_group_ids": [],
            "all_tags": [],
            "allowed_address_pairs": [],
            "binding": [
              {
                "host_id": "",
                "profile": "",
                "vif_details": {},
                "vif_type": "",
                "vnic_type": "normal"
              }
            ],
            "description": "",
            "device_id": "",
            "device_owner": "",
            "dns_assignment": [],
            "dns_name": "",
            "extra_dhcp_option": [],
            "fixed_ip": [
              {
                "ip_address": "10.2.0.254",
                "subnet_id": "ee0c03be-6ef1-4613-9395-0b580e18b9c9"
              }
            ],
            "id": "a9e83909-f512-466c-8947-11d4cb07c32c",
            "mac_address": "fa:16:3e:07:38:d2",
            "name": "Blueteam Kitchen Port",
            "network_id": "34804e07-f9ad-4f53-99ee-e754a65e96d9",
            "no_fixed_ip": null,
            "no_security_groups": null,
            "port_security_enabled": false,
            "qos_policy_id": "",
            "region": "",
            "security_group_ids": null,
            "tags": null,
            "tenant_id": "e7e474215e334ca782a7f15bad62f6c4",
            "timeouts": null,
            "value_specs": null
          },
          "sensitive_attributes": [],
          "private": "eyJlMmJmYjczMC1lY2FhLTExZTYtOGY4OC0zNDM2M2JjN2M0YzAiOnsiY3JlYXRlIjo2MDAwMDAwMDAwMDAsImRlbGV0ZSI6NjAwMDAwMDAwMDAwfX0=",
          "dependencies": [
            "module.kitchen.openstack_networking_network_v2.blueteam_kitchen",
            "module.kitchen.openstack_networking_subnet_v2.blueteam_kitchen_subnet"
          ]
        }
      ]
    },
    {
      "module": "module.kitchen",
      "mode": "managed",
      "type": "openstack_networking_port_v2",
      "name": "cabinet_port",
      "provider": "provider[\"registry.terraform.io/terraform-provider-openstack/openstack\"]",
      "instances": [
        {
          "schema_version": 0,
          "attributes": {
            "admin_state_up": true,
            "all_fixed_ips": [
              "10.2.0.2"
            ],
            "all_security_group_ids": [
              "23f0b9f4-84b0-4ba2-9f8c-a68a86fd011f",
              "bcbf4612-181d-4035-8db5-73ee0a9c0b44"
            ],
            "all_tags": [],
            "allowed_address_pairs": [],
            "binding": [
              {
                "host_id": "",
                "profile": "",
                "vif_details": {},
                "vif_type": "",
                "vnic_type": "normal"
              }
            ],
            "description": "",
            "device_id": "",
            "device_owner": "",
            "dns_assignment": [],
            "dns_name": "",
            "extra_dhcp_option": [],
            "fixed_ip": [
              {
                "ip_address": "10.2.0.2",
                "subnet_id": "ee0c03be-6ef1-4613-9395-0b580e18b9c9"
              }
            ],
            "id": "5fa6f32d-6a26-4420-a2dc-370f37c3ea42",
            "mac_address": "fa:16:3e:79:46:2d",
            "name": "Blueteam Kitchen Cabinet",
            "network_id": "34804e07-f9ad-4f53-99ee-e754a65e96d9",
            "no_fixed_ip": null,
            "no_security_groups": null,
            "port_security_enabled": true,
            "qos_policy_id": "",
            "region": "",
            "security_group_ids": [
              "23f0b9f4-84b0-4ba2-9f8c-a68a86fd011f",
              "bcbf4612-181d-4035-8db5-73ee0a9c0b44"
            ],
            "tags": null,
            "tenant_id": "e7e474215e334ca782a7f15bad62f6c4",
            "timeouts": null,
            "value_specs": null
          },
          "sensitive_attributes": [],
          "private": "eyJlMmJmYjczMC1lY2FhLTExZTYtOGY4OC0zNDM2M2JjN2M0YzAiOnsiY3JlYXRlIjo2MDAwMDAwMDAwMDAsImRlbGV0ZSI6NjAwMDAwMDAwMDAwfX0=",
          "dependencies": [
            "module.kitchen.data.openstack_identity_project_v3.management_project",
            "module.kitchen.data.openstack_networking_secgroup_v2.default_secgroup",
            "module.kitchen.openstack_networking_network_v2.blueteam_kitchen",
            "module.kitchen.openstack_networking_secgroup_v2.blueteam_kitchen_secgroup",
            "module.kitchen.openstack_networking_subnet_v2.blueteam_kitchen_subnet"
          ]
        }
      ]
    },
    {
      "module": "module.kitchen",
      "mode": "managed",
      "type": "openstack_networking_port_v2",
      "name": "freezer_port",
      "provider": "provider[\"registry.terraform.io/terraform-provider-openstack/openstack\"]",
      "instances": [
        {
          "schema_version": 0,
          "attributes": {
            "admin_state_up": true,
            "all_fixed_ips": [
              "10.2.0.5"
            ],
            "all_security_group_ids": [
              "23f0b9f4-84b0-4ba2-9f8c-a68a86fd011f",
              "bcbf4612-181d-4035-8db5-73ee0a9c0b44"
            ],
            "all_tags": [],
            "allowed_address_pairs": [],
            "binding": [
              {
                "host_id": "",
                "profile": "",
                "vif_details": {},
                "vif_type": "",
                "vnic_type": "normal"
              }
            ],
            "description": "",
            "device_id": "",
            "device_owner": "",
            "dns_assignment": [],
            "dns_name": "",
            "extra_dhcp_option": [],
            "fixed_ip": [
              {
                "ip_address": "10.2.0.5",
                "subnet_id": "ee0c03be-6ef1-4613-9395-0b580e18b9c9"
              }
            ],
            "id": "73fa8559-8495-4235-ba91-84025ea93219",
            "mac_address": "fa:16:3e:26:41:0a",
            "name": "Blueteam Kitchen Freezer",
            "network_id": "34804e07-f9ad-4f53-99ee-e754a65e96d9",
            "no_fixed_ip": null,
            "no_security_groups": null,
            "port_security_enabled": true,
            "qos_policy_id": "",
            "region": "",
            "security_group_ids": [
              "23f0b9f4-84b0-4ba2-9f8c-a68a86fd011f",
              "bcbf4612-181d-4035-8db5-73ee0a9c0b44"
            ],
            "tags": null,
            "tenant_id": "e7e474215e334ca782a7f15bad62f6c4",
            "timeouts": null,
            "value_specs": null
          },
          "sensitive_attributes": [],
          "private": "eyJlMmJmYjczMC1lY2FhLTExZTYtOGY4OC0zNDM2M2JjN2M0YzAiOnsiY3JlYXRlIjo2MDAwMDAwMDAwMDAsImRlbGV0ZSI6NjAwMDAwMDAwMDAwfX0=",
          "dependencies": [
            "module.kitchen.data.openstack_identity_project_v3.management_project",
            "module.kitchen.data.openstack_networking_secgroup_v2.default_secgroup",
            "module.kitchen.openstack_networking_network_v2.blueteam_kitchen",
            "module.kitchen.openstack_networking_secgroup_v2.blueteam_kitchen_secgroup",
            "module.kitchen.openstack_networking_subnet_v2.blueteam_kitchen_subnet"
          ]
        }
      ]
    },
    {
      "module": "module.kitchen",
      "mode": "managed",
      "type": "openstack_networking_port_v2",
      "name": "fridge_port",
      "provider": "provider[\"registry.terraform.io/terraform-provider-openstack/openstack\"]",
      "instances": [
        {
          "schema_version": 0,
          "attributes": {
            "admin_state_up": true,
            "all_fixed_ips": [
              "10.2.0.1"
            ],
            "all_security_group_ids": [
              "23f0b9f4-84b0-4ba2-9f8c-a68a86fd011f",
              "bcbf4612-181d-4035-8db5-73ee0a9c0b44"
            ],
            "all_tags": [],
            "allowed_address_pairs": [],
            "binding": [
              {
                "host_id": "",
                "profile": "",
                "vif_details": {},
                "vif_type": "",
                "vnic_type": "normal"
              }
            ],
            "description": "",
            "device_id": "",
            "device_owner": "",
            "dns_assignment": [],
            "dns_name": "",
            "extra_dhcp_option": [],
            "fixed_ip": [
              {
                "ip_address": "10.2.0.1",
                "subnet_id": "ee0c03be-6ef1-4613-9395-0b580e18b9c9"
              }
            ],
            "id": "b84f55fc-7f60-45de-ba0c-dfd6d4773ca4",
            "mac_address": "fa:16:3e:ff:83:60",
            "name": "Blueteam Kitchen Fridge",
            "network_id": "34804e07-f9ad-4f53-99ee-e754a65e96d9",
            "no_fixed_ip": null,
            "no_security_groups": null,
            "port_security_enabled": true,
            "qos_policy_id": "",
            "region": "",
            "security_group_ids": [
              "23f0b9f4-84b0-4ba2-9f8c-a68a86fd011f",
              "bcbf4612-181d-4035-8db5-73ee0a9c0b44"
            ],
            "tags": null,
            "tenant_id": "e7e474215e334ca782a7f15bad62f6c4",
            "timeouts": null,
            "value_specs": null
          },
          "sensitive_attributes": [],
          "private": "eyJlMmJmYjczMC1lY2FhLTExZTYtOGY4OC0zNDM2M2JjN2M0YzAiOnsiY3JlYXRlIjo2MDAwMDAwMDAwMDAsImRlbGV0ZSI6NjAwMDAwMDAwMDAwfX0=",
          "dependencies": [
            "module.kitchen.data.openstack_identity_project_v3.management_project",
            "module.kitchen.data.openstack_networking_secgroup_v2.default_secgroup",
            "module.kitchen.openstack_networking_network_v2.blueteam_kitchen",
            "module.kitchen.openstack_networking_secgroup_v2.blueteam_kitchen_secgroup",
            "module.kitchen.openstack_networking_subnet_v2.blueteam_kitchen_subnet"
          ]
        }
      ]
    },
    {
      "module": "module.kitchen",
      "mode": "managed",
      "type": "openstack_networking_port_v2",
      "name": "lights_port",
      "provider": "provider[\"registry.terraform.io/terraform-provider-openstack/openstack\"]",
      "instances": [
        {
          "schema_version": 0,
          "attributes": {
            "admin_state_up": true,
            "all_fixed_ips": [
              "10.2.0.4"
            ],
            "all_security_group_ids": [
              "23f0b9f4-84b0-4ba2-9f8c-a68a86fd011f",
              "bcbf4612-181d-4035-8db5-73ee0a9c0b44"
            ],
            "all_tags": [],
            "allowed_address_pairs": [],
            "binding": [
              {
                "host_id": "",
                "profile": "",
                "vif_details": {},
                "vif_type": "",
                "vnic_type": "normal"
              }
            ],
            "description": "",
            "device_id": "",
            "device_owner": "",
            "dns_assignment": [],
            "dns_name": "",
            "extra_dhcp_option": [],
            "fixed_ip": [
              {
                "ip_address": "10.2.0.4",
                "subnet_id": "ee0c03be-6ef1-4613-9395-0b580e18b9c9"
              }
            ],
            "id": "490d54ad-6f8e-444f-bd26-4188e18d9ccc",
            "mac_address": "fa:16:3e:b6:ed:a9",
            "name": "Blueteam Kitchen Lights",
            "network_id": "34804e07-f9ad-4f53-99ee-e754a65e96d9",
            "no_fixed_ip": null,
            "no_security_groups": null,
            "port_security_enabled": true,
            "qos_policy_id": "",
            "region": "",
            "security_group_ids": [
              "23f0b9f4-84b0-4ba2-9f8c-a68a86fd011f",
              "bcbf4612-181d-4035-8db5-73ee0a9c0b44"
            ],
            "tags": null,
            "tenant_id": "e7e474215e334ca782a7f15bad62f6c4",
            "timeouts": null,
            "value_specs": null
          },
          "sensitive_attributes": [],
          "private": "eyJlMmJmYjczMC1lY2FhLTExZTYtOGY4OC0zNDM2M2JjN2M0YzAiOnsiY3JlYXRlIjo2MDAwMDAwMDAwMDAsImRlbGV0ZSI6NjAwMDAwMDAwMDAwfX0=",
          "dependencies": [
            "module.kitchen.data.openstack_identity_project_v3.management_project",
            "module.kitchen.data.openstack_networking_secgroup_v2.default_secgroup",
            "module.kitchen.openstack_networking_network_v2.blueteam_kitchen",
            "module.kitchen.openstack_networking_secgroup_v2.blueteam_kitchen_secgroup",
            "module.kitchen.openstack_networking_subnet_v2.blueteam_kitchen_subnet"
          ]
        }
      ]
    },
    {
      "module": "module.kitchen",
      "mode": "managed",
      "type": "openstack_networking_port_v2",
      "name": "oven_port",
      "provider": "provider[\"registry.terraform.io/terraform-provider-openstack/openstack\"]",
      "instances": [
        {
          "schema_version": 0,
          "attributes": {
            "admin_state_up": true,
            "all_fixed_ips": [
              "10.2.0.3"
            ],
            "all_security_group_ids": [
              "23f0b9f4-84b0-4ba2-9f8c-a68a86fd011f",
              "bcbf4612-181d-4035-8db5-73ee0a9c0b44"
            ],
            "all_tags": [],
            "allowed_address_pairs": [],
            "binding": [
              {
                "host_id": "",
                "profile": "",
                "vif_details": {},
                "vif_type": "",
                "vnic_type": "normal"
              }
            ],
            "description": "",
            "device_id": "",
            "device_owner": "",
            "dns_assignment": [],
            "dns_name": "",
            "extra_dhcp_option": [],
            "fixed_ip": [
              {
                "ip_address": "10.2.0.3",
                "subnet_id": "ee0c03be-6ef1-4613-9395-0b580e18b9c9"
              }
            ],
            "id": "237d6838-9fe5-4e03-85a4-2ecd0898bd89",
            "mac_address": "fa:16:3e:77:8c:e6",
            "name": "Blueteam Kitchen Oven",
            "network_id": "34804e07-f9ad-4f53-99ee-e754a65e96d9",
            "no_fixed_ip": null,
            "no_security_groups": null,
            "port_security_enabled": true,
            "qos_policy_id": "",
            "region": "",
            "security_group_ids": [
              "23f0b9f4-84b0-4ba2-9f8c-a68a86fd011f",
              "bcbf4612-181d-4035-8db5-73ee0a9c0b44"
            ],
            "tags": null,
            "tenant_id": "e7e474215e334ca782a7f15bad62f6c4",
            "timeouts": null,
            "value_specs": null
          },
          "sensitive_attributes": [],
          "private": "eyJlMmJmYjczMC1lY2FhLTExZTYtOGY4OC0zNDM2M2JjN2M0YzAiOnsiY3JlYXRlIjo2MDAwMDAwMDAwMDAsImRlbGV0ZSI6NjAwMDAwMDAwMDAwfX0=",
          "dependencies": [
            "module.kitchen.data.openstack_identity_project_v3.management_project",
            "module.kitchen.data.openstack_networking_secgroup_v2.default_secgroup",
            "module.kitchen.openstack_networking_network_v2.blueteam_kitchen",
            "module.kitchen.openstack_networking_secgroup_v2.blueteam_kitchen_secgroup",
            "module.kitchen.openstack_networking_subnet_v2.blueteam_kitchen_subnet"
          ]
        }
      ]
    },
    {
      "module": "module.kitchen",
      "mode": "managed",
      "type": "openstack_networking_router_interface_v2",
      "name": "blueteam_kitchen_interface",
      "provider": "provider[\"registry.terraform.io/terraform-provider-openstack/openstack\"]",
      "instances": [
        {
          "schema_version": 0,
          "attributes": {
            "id": "a9e83909-f512-466c-8947-11d4cb07c32c",
            "port_id": "a9e83909-f512-466c-8947-11d4cb07c32c",
            "region": "",
            "router_id": "f3a82523-42b7-44fa-89f2-b73f9dea71ee",
            "subnet_id": "ee0c03be-6ef1-4613-9395-0b580e18b9c9",
            "timeouts": null
          },
          "sensitive_attributes": [],
          "private": "eyJlMmJmYjczMC1lY2FhLTExZTYtOGY4OC0zNDM2M2JjN2M0YzAiOnsiY3JlYXRlIjo2MDAwMDAwMDAwMDAsImRlbGV0ZSI6NjAwMDAwMDAwMDAwfX0=",
          "dependencies": [
            "module.kitchen.data.openstack_networking_router_v2.core_router",
            "module.kitchen.openstack_networking_network_v2.blueteam_kitchen",
            "module.kitchen.openstack_networking_port_v2.blueteam_kitchen_subnet_port",
            "module.kitchen.openstack_networking_subnet_v2.blueteam_kitchen_subnet"
          ]
        }
      ]
    },
    {
      "module": "module.kitchen",
      "mode": "managed",
      "type": "openstack_networking_secgroup_rule_v2",
      "name": "blueteam_kitchen_secgroup_rule",
      "provider": "provider[\"registry.terraform.io/terraform-provider-openstack/openstack\"]",
      "instances": [
        {
          "index_key": "http",
          "schema_version": 0,
          "attributes": {
            "description": "http",
            "direction": "ingress",
            "ethertype": "IPv4",
            "id": "d870f190-78b5-479f-bad1-e815a970482a",
            "port_range_max": 80,
            "port_range_min": 80,
            "protocol": "tcp",
            "region": "",
            "remote_group_id": "",
            "remote_ip_prefix": "",
            "security_group_id": "bcbf4612-181d-4035-8db5-73ee0a9c0b44",
            "tenant_id": "e7e474215e334ca782a7f15bad62f6c4",
            "timeouts": null
          },
          "sensitive_attributes": [],
          "private": "eyJlMmJmYjczMC1lY2FhLTExZTYtOGY4OC0zNDM2M2JjN2M0YzAiOnsiZGVsZXRlIjo2MDAwMDAwMDAwMDB9fQ==",
          "dependencies": [
            "module.kitchen.data.openstack_identity_project_v3.management_project",
            "module.kitchen.openstack_networking_secgroup_v2.blueteam_kitchen_secgroup"
          ]
        },
        {
          "index_key": "ssh",
          "schema_version": 0,
          "attributes": {
            "description": "ssh",
            "direction": "ingress",
            "ethertype": "IPv4",
            "id": "00937d7c-a88a-4d49-b492-fc0481685f88",
            "port_range_max": 22,
            "port_range_min": 22,
            "protocol": "tcp",
            "region": "",
            "remote_group_id": "",
            "remote_ip_prefix": "",
            "security_group_id": "bcbf4612-181d-4035-8db5-73ee0a9c0b44",
            "tenant_id": "e7e474215e334ca782a7f15bad62f6c4",
            "timeouts": null
          },
          "sensitive_attributes": [],
          "private": "eyJlMmJmYjczMC1lY2FhLTExZTYtOGY4OC0zNDM2M2JjN2M0YzAiOnsiZGVsZXRlIjo2MDAwMDAwMDAwMDB9fQ==",
          "dependencies": [
            "module.kitchen.data.openstack_identity_project_v3.management_project",
            "module.kitchen.openstack_networking_secgroup_v2.blueteam_kitchen_secgroup"
          ]
        }
      ]
    },
    {
      "module": "module.kitchen",
      "mode": "managed",
      "type": "openstack_networking_secgroup_v2",
      "name": "blueteam_kitchen_secgroup",
      "provider": "provider[\"registry.terraform.io/terraform-provider-openstack/openstack\"]",
      "instances": [
        {
          "schema_version": 0,
          "attributes": {
            "all_tags": [],
            "delete_default_rules": null,
            "description": "",
            "id": "bcbf4612-181d-4035-8db5-73ee0a9c0b44",
            "name": "Blueteam Kitchen Secgroup",
            "region": "",
            "tags": null,
            "tenant_id": "e7e474215e334ca782a7f15bad62f6c4",
            "timeouts": null
          },
          "sensitive_attributes": [],
          "private": "eyJlMmJmYjczMC1lY2FhLTExZTYtOGY4OC0zNDM2M2JjN2M0YzAiOnsiZGVsZXRlIjo2MDAwMDAwMDAwMDB9fQ==",
          "dependencies": [
            "module.kitchen.data.openstack_identity_project_v3.management_project"
          ]
        }
      ]
    },
    {
      "module": "module.kitchen",
      "mode": "managed",
      "type": "openstack_networking_subnet_v2",
      "name": "blueteam_kitchen_subnet",
      "provider": "provider[\"registry.terraform.io/terraform-provider-openstack/openstack\"]",
      "instances": [
        {
          "schema_version": 0,
          "attributes": {
            "all_tags": [],
            "allocation_pool": [
              {
                "end": "10.2.0.250",
                "start": "10.2.0.200"
              }
            ],
            "allocation_pools": [
              {
                "end": "10.2.0.250",
                "start": "10.2.0.200"
              }
            ],
            "cidr": "10.2.0.0/24",
            "description": "",
            "dns_nameservers": [
              "1.1.1.1",
              "1.0.0.1"
            ],
            "enable_dhcp": true,
            "gateway_ip": "10.2.0.254",
            "host_routes": [],
            "id": "ee0c03be-6ef1-4613-9395-0b580e18b9c9",
            "ip_version": 4,
            "ipv6_address_mode": "",
            "ipv6_ra_mode": "",
            "name": "Blueteam Kitchen Subnet",
            "network_id": "34804e07-f9ad-4f53-99ee-e754a65e96d9",
            "no_gateway": false,
            "prefix_length": null,
            "region": "",
            "subnetpool_id": "",
            "tags": null,
            "tenant_id": "e7e474215e334ca782a7f15bad62f6c4",
            "timeouts": null,
            "value_specs": null
          },
          "sensitive_attributes": [],
          "private": "eyJlMmJmYjczMC1lY2FhLTExZTYtOGY4OC0zNDM2M2JjN2M0YzAiOnsiY3JlYXRlIjo2MDAwMDAwMDAwMDAsImRlbGV0ZSI6NjAwMDAwMDAwMDAwfX0=",
          "dependencies": [
            "module.kitchen.openstack_networking_network_v2.blueteam_kitchen"
          ]
        }
      ]
    }
  ],
  "check_results": null
}
