{
  "version": 4,
  "terraform_version": "1.5.6",
  "serial": 2863,
  "lineage": "939fc0ea-25b1-1cc4-da73-31eaf488fce9",
  "outputs": {},
  "resources": [
    {
      "mode": "data",
      "type": "openstack_compute_flavor_v2",
      "name": "flavor_linux_medium",
      "provider": "provider[\"registry.terraform.io/terraform-provider-openstack/openstack\"]",
      "instances": [
        {
          "schema_version": 0,
          "attributes": {
            "disk": 40,
            "extra_specs": {},
            "flavor_id": "5f964abc-866f-4d79-8aae-f9460cfb28d7",
            "id": "5f964abc-866f-4d79-8aae-f9460cfb28d7",
            "is_public": true,
            "min_disk": null,
            "min_ram": null,
            "name": "small",
            "ram": 1024,
            "region": null,
            "rx_tx_factor": 1,
            "swap": 0,
            "vcpus": 2
          },
          "sensitive_attributes": []
        }
      ]
    },
    {
      "mode": "data",
      "type": "openstack_compute_flavor_v2",
      "name": "flavor_linux_small",
      "provider": "provider[\"registry.terraform.io/terraform-provider-openstack/openstack\"]",
      "instances": [
        {
          "schema_version": 0,
          "attributes": {
            "disk": 40,
            "extra_specs": {},
            "flavor_id": "5f964abc-866f-4d79-8aae-f9460cfb28d7",
            "id": "5f964abc-866f-4d79-8aae-f9460cfb28d7",
            "is_public": true,
            "min_disk": null,
            "min_ram": null,
            "name": "small",
            "ram": 1024,
            "region": null,
            "rx_tx_factor": 1,
            "swap": 0,
            "vcpus": 2
          },
          "sensitive_attributes": []
        }
      ]
    },
    {
      "mode": "data",
      "type": "openstack_compute_flavor_v2",
      "name": "flavor_linux_tiny",
      "provider": "provider[\"registry.terraform.io/terraform-provider-openstack/openstack\"]",
      "instances": [
        {
          "schema_version": 0,
          "attributes": {
            "disk": 40,
            "extra_specs": {},
            "flavor_id": "c992e0ef-8070-4d97-b54b-139ce7ceeebb",
            "id": "c992e0ef-8070-4d97-b54b-139ce7ceeebb",
            "is_public": true,
            "min_disk": null,
            "min_ram": null,
            "name": "tiny",
            "ram": 512,
            "region": null,
            "rx_tx_factor": 1,
            "swap": 0,
            "vcpus": 2
          },
          "sensitive_attributes": []
        }
      ]
    },
    {
      "mode": "data",
      "type": "openstack_compute_flavor_v2",
      "name": "flavor_windows_medium",
      "provider": "provider[\"registry.terraform.io/terraform-provider-openstack/openstack\"]",
      "instances": [
        {
          "schema_version": 0,
          "attributes": {
            "disk": 40,
            "extra_specs": {},
            "flavor_id": "0d282a6d-d770-4f46-b059-5ca291489578",
            "id": "0d282a6d-d770-4f46-b059-5ca291489578",
            "is_public": true,
            "min_disk": null,
            "min_ram": null,
            "name": "medium",
            "ram": 4096,
            "region": null,
            "rx_tx_factor": 1,
            "swap": 0,
            "vcpus": 4
          },
          "sensitive_attributes": []
        }
      ]
    },
    {
      "mode": "data",
      "type": "openstack_compute_flavor_v2",
      "name": "flavor_windows_small",
      "provider": "provider[\"registry.terraform.io/terraform-provider-openstack/openstack\"]",
      "instances": [
        {
          "schema_version": 0,
          "attributes": {
            "disk": 40,
            "extra_specs": {},
            "flavor_id": "5f964abc-866f-4d79-8aae-f9460cfb28d7",
            "id": "5f964abc-866f-4d79-8aae-f9460cfb28d7",
            "is_public": true,
            "min_disk": null,
            "min_ram": null,
            "name": "small",
            "ram": 1024,
            "region": null,
            "rx_tx_factor": 1,
            "swap": 0,
            "vcpus": 2
          },
          "sensitive_attributes": []
        }
      ]
    },
    {
      "mode": "data",
      "type": "openstack_identity_project_v3",
      "name": "management_project",
      "provider": "provider[\"registry.terraform.io/terraform-provider-openstack/openstack\"]",
      "instances": [
        {
          "schema_version": 0,
          "attributes": {
            "description": "Project to build infrastructure for competition",
            "domain_id": "default",
            "enabled": true,
            "id": "a04419c07de1428ba9f58093b1b52ef3",
            "is_domain": false,
            "name": "charlie-infra",
            "parent_id": "default",
            "region": null,
            "tags": []
          },
          "sensitive_attributes": []
        }
      ]
    },
    {
      "mode": "data",
      "type": "openstack_images_image_v2",
      "name": "image_linux_debian",
      "provider": "provider[\"registry.terraform.io/terraform-provider-openstack/openstack\"]",
      "instances": [
        {
          "schema_version": 0,
          "attributes": {
            "checksum": "4c6bbc26e8b5545baaa23881e0f10f7b",
            "container_format": "bare",
            "created_at": "2023-03-06T18:34:22Z",
            "disk_format": "raw",
            "file": "/v2/images/d39d1072-5525-4543-bb7d-99e40ddfbda6/file",
            "hidden": false,
            "id": "d39d1072-5525-4543-bb7d-99e40ddfbda6",
            "member_status": null,
            "metadata": {},
            "min_disk_gb": 0,
            "min_ram_mb": 0,
            "most_recent": false,
            "name": "DebianBookworm12",
            "owner": "a69aa169729a4dbea0d9b9683072260d",
            "properties": {
              "direct_url": "rbd://bd7939e4-b236-11ed-a05f-be894137183b/images/d39d1072-5525-4543-bb7d-99e40ddfbda6/snap",
              "os_hash_algo": "sha512",
              "os_hash_value": "3354faa4626266f47a4ce9623345c3e0a5d4c70a8b56941809b9259aefdb1cd6b7c0aa7d4efeb2504c4ff1965caf22757d44c199a2698f26930684adce297cb7",
              "owner_specified.openstack.md5": "",
              "owner_specified.openstack.object": "images/DebianBookworm12",
              "owner_specified.openstack.sha256": "",
              "stores": "rbd"
            },
            "protected": false,
            "region": "",
            "schema": "/v2/schemas/image",
            "size_bytes": 2147483648,
            "size_max": null,
            "size_min": null,
            "sort_direction": "asc",
            "sort_key": "name",
            "tag": null,
            "tags": [],
            "updated_at": "2023-03-06T18:34:39Z",
            "visibility": "public"
          },
          "sensitive_attributes": []
        }
      ]
    },
    {
      "mode": "data",
      "type": "openstack_images_image_v2",
      "name": "image_linux_openwrt",
      "provider": "provider[\"registry.terraform.io/terraform-provider-openstack/openstack\"]",
      "instances": [
        {
          "schema_version": 0,
          "attributes": {
            "checksum": "4775b8e4ea05f610fa5c85188db748ba",
            "container_format": "bare",
            "created_at": "2023-10-28T02:34:14Z",
            "disk_format": "raw",
            "file": "/v2/images/5b9a2ab5-215b-4425-aaa9-32b4fcbe1955/file",
            "hidden": false,
            "id": "5b9a2ab5-215b-4425-aaa9-32b4fcbe1955",
            "member_status": null,
            "metadata": {},
            "min_disk_gb": 0,
            "min_ram_mb": 0,
            "most_recent": false,
            "name": "OpenChefDHCP",
            "owner": "a04419c07de1428ba9f58093b1b52ef3",
            "properties": {
              "description": "Open Chef with DHCP enabled",
              "direct_url": "rbd://bd7939e4-b236-11ed-a05f-be894137183b/images/5b9a2ab5-215b-4425-aaa9-32b4fcbe1955/snap",
              "os_hash_algo": "sha512",
              "os_hash_value": "2fe61faeb6c9412e7efa58c209e8dde8afec9bf1435555f3810f2777fb99ff8514e076710743a64ea6152fd62dd9d71633b7ee0ef5f854710426858b6629b226",
              "stores": "rbd"
            },
            "protected": false,
            "region": "",
            "schema": "/v2/schemas/image",
            "size_bytes": 126353408,
            "size_max": null,
            "size_min": null,
            "sort_direction": "asc",
            "sort_key": "name",
            "tag": null,
            "tags": [],
            "updated_at": "2023-10-28T02:34:18Z",
            "visibility": "shared"
          },
          "sensitive_attributes": []
        }
      ]
    },
    {
      "mode": "data",
      "type": "openstack_images_image_v2",
      "name": "image_linux_raspios",
      "provider": "provider[\"registry.terraform.io/terraform-provider-openstack/openstack\"]",
      "instances": [
        {
          "schema_version": 0,
          "attributes": {
            "checksum": "2b39ceceafda66acc79e009a4bf85db6",
            "container_format": "bare",
            "created_at": "2023-10-26T03:16:59Z",
            "disk_format": "raw",
            "file": "/v2/images/ef1134d1-d312-4791-8803-1044a5374b1b/file",
            "hidden": false,
            "id": "ef1134d1-d312-4791-8803-1044a5374b1b",
            "member_status": null,
            "metadata": {},
            "min_disk_gb": 0,
            "min_ram_mb": 0,
            "most_recent": false,
            "name": "RaspiOSConfigured",
            "owner": "a04419c07de1428ba9f58093b1b52ef3",
            "properties": {
              "direct_url": "rbd://bd7939e4-b236-11ed-a05f-be894137183b/images/ef1134d1-d312-4791-8803-1044a5374b1b/snap",
              "os_hash_algo": "sha512",
              "os_hash_value": "4434777568078eac7dbae9bda196f646170a88f5d609f2b5c7e393d4b6b95dceeb3c9617d0cd8c660b6b54ba222f93d2c600e65edbf5e09ba6a572414be1d0ff",
              "owner_specified.openstack.md5": "",
              "owner_specified.openstack.object": "images/RaspiOSConfigured",
              "owner_specified.openstack.sha256": "",
              "stores": "rbd"
            },
            "protected": false,
            "region": "",
            "schema": "/v2/schemas/image",
            "size_bytes": 21474836480,
            "size_max": null,
            "size_min": null,
            "sort_direction": "asc",
            "sort_key": "name",
            "tag": null,
            "tags": [],
            "updated_at": "2023-10-26T04:17:05Z",
            "visibility": "shared"
          },
          "sensitive_attributes": []
        }
      ]
    },
    {
      "mode": "data",
      "type": "openstack_images_image_v2",
      "name": "image_linux_ubuntu",
      "provider": "provider[\"registry.terraform.io/terraform-provider-openstack/openstack\"]",
      "instances": [
        {
          "schema_version": 0,
          "attributes": {
            "checksum": "6cc46ebe49acefe98bccb967d6b13e7d",
            "container_format": "bare",
            "created_at": "2023-02-23T22:38:21Z",
            "disk_format": "raw",
            "file": "/v2/images/f19eb19d-2bd0-4c73-9e9e-88f3e94d8646/file",
            "hidden": false,
            "id": "f19eb19d-2bd0-4c73-9e9e-88f3e94d8646",
            "member_status": null,
            "metadata": {},
            "min_disk_gb": 0,
            "min_ram_mb": 0,
            "most_recent": false,
            "name": "UbuntuJammy2204",
            "owner": "a69aa169729a4dbea0d9b9683072260d",
            "properties": {
              "direct_url": "rbd://bd7939e4-b236-11ed-a05f-be894137183b/images/f19eb19d-2bd0-4c73-9e9e-88f3e94d8646/snap",
              "os_hash_algo": "sha512",
              "os_hash_value": "bf0ba0d66a5f6653d131afe63ffdf40aff429d9b43ac78363f775e41b6d4cac57157b99409817b79cc0a3d075d919d38f572bc3162cd2d2f4ecd94c49d3af94c",
              "owner_specified.openstack.md5": "",
              "owner_specified.openstack.object": "images/UbuntuJammy2204",
              "owner_specified.openstack.sha256": "",
              "stores": "rbd"
            },
            "protected": false,
            "region": "",
            "schema": "/v2/schemas/image",
            "size_bytes": 2361393152,
            "size_max": null,
            "size_min": null,
            "sort_direction": "asc",
            "sort_key": "name",
            "tag": null,
            "tags": [],
            "updated_at": "2023-02-23T22:38:41Z",
            "visibility": "public"
          },
          "sensitive_attributes": []
        }
      ]
    },
    {
      "mode": "data",
      "type": "openstack_images_image_v2",
      "name": "image_windows_10",
      "provider": "provider[\"registry.terraform.io/terraform-provider-openstack/openstack\"]",
      "instances": [
        {
          "schema_version": 0,
          "attributes": {
            "checksum": "e4deff5229b50d5fb492c10cae33d0e7",
            "container_format": "bare",
            "created_at": "2023-02-23T23:30:49Z",
            "disk_format": "raw",
            "file": "/v2/images/a1a23bf0-a885-4a65-9628-eb547ac5b26e/file",
            "hidden": false,
            "id": "a1a23bf0-a885-4a65-9628-eb547ac5b26e",
            "member_status": null,
            "metadata": {},
            "min_disk_gb": 0,
            "min_ram_mb": 0,
            "most_recent": false,
            "name": "Win10-21H2",
            "owner": "a69aa169729a4dbea0d9b9683072260d",
            "properties": {
              "direct_url": "rbd://bd7939e4-b236-11ed-a05f-be894137183b/images/a1a23bf0-a885-4a65-9628-eb547ac5b26e/snap",
              "hw_cpu_max_sockets": "1",
              "hw_qemu_guest_agent": "yes",
              "os_hash_algo": "sha512",
              "os_hash_value": "9b983422122d62398e7ca82ad0168cdaabada276cbb692cb8fcb99c7eeb8c6d27992378eb122ce1a0cb658aa1848a3e7a1ab3db50ff3df264b99eb8163373b91",
              "owner_specified.openstack.md5": "",
              "owner_specified.openstack.object": "images/Win10-21H2",
              "owner_specified.openstack.sha256": "",
              "stores": "rbd"
            },
            "protected": false,
            "region": "",
            "schema": "/v2/schemas/image",
            "size_bytes": 21476933632,
            "size_max": null,
            "size_min": null,
            "sort_direction": "asc",
            "sort_key": "name",
            "tag": null,
            "tags": [],
            "updated_at": "2023-03-06T00:22:48Z",
            "visibility": "public"
          },
          "sensitive_attributes": []
        }
      ]
    },
    {
      "mode": "data",
      "type": "openstack_images_image_v2",
      "name": "image_windows_2019",
      "provider": "provider[\"registry.terraform.io/terraform-provider-openstack/openstack\"]",
      "instances": [
        {
          "schema_version": 0,
          "attributes": {
            "checksum": "35752336cb4d13411bb3f96fe61aaa70",
            "container_format": "bare",
            "created_at": "2023-02-23T23:51:51Z",
            "disk_format": "raw",
            "file": "/v2/images/7c4e8ad9-113f-4370-b387-0c55b99f410f/file",
            "hidden": false,
            "id": "7c4e8ad9-113f-4370-b387-0c55b99f410f",
            "member_status": null,
            "metadata": {},
            "min_disk_gb": 0,
            "min_ram_mb": 0,
            "most_recent": false,
            "name": "WinSrv2019-17763-2022",
            "owner": "a69aa169729a4dbea0d9b9683072260d",
            "properties": {
              "direct_url": "rbd://bd7939e4-b236-11ed-a05f-be894137183b/images/7c4e8ad9-113f-4370-b387-0c55b99f410f/snap",
              "hw_cpu_max_sockets": "1",
              "hw_qemu_guest_agent": "yes",
              "os_hash_algo": "sha512",
              "os_hash_value": "35db0b0822808e817f5292cdaffe6fb234bf27cce91b1bce2afb2377c6669c60762adc6c158cb0c166ab103cf4332130b1848f5d439778e474e23e656647928e",
              "owner_specified.openstack.md5": "",
              "owner_specified.openstack.object": "images/WinSrv2019-17763-2022",
              "owner_specified.openstack.sha256": "",
              "stores": "rbd"
            },
            "protected": false,
            "region": "",
            "schema": "/v2/schemas/image",
            "size_bytes": 12886999040,
            "size_max": null,
            "size_min": null,
            "sort_direction": "asc",
            "sort_key": "name",
            "tag": null,
            "tags": [],
            "updated_at": "2023-03-06T00:22:52Z",
            "visibility": "public"
          },
          "sensitive_attributes": []
        }
      ]
    },
    {
      "mode": "data",
      "type": "openstack_networking_network_v2",
      "name": "external_network",
      "provider": "provider[\"registry.terraform.io/terraform-provider-openstack/openstack\"]",
      "instances": [
        {
          "schema_version": 0,
          "attributes": {
            "admin_state_up": "true",
            "all_tags": [],
            "availability_zone_hints": [],
            "description": "",
            "dns_domain": "",
            "external": true,
            "id": "d96988a6-c388-4032-8067-0b89d572cad0",
            "matching_subnet_cidr": null,
            "mtu": 1500,
            "name": "external249",
            "network_id": null,
            "region": "",
            "shared": "false",
            "status": null,
            "subnets": [
              "69f14ecc-2bad-412e-abf1-24c90da9be5e"
            ],
            "tags": null,
            "tenant_id": "a69aa169729a4dbea0d9b9683072260d",
            "transparent_vlan": false
          },
          "sensitive_attributes": []
        }
      ]
    },
    {
      "module": "module.homelab",
      "mode": "data",
      "type": "openstack_identity_project_v3",
      "name": "management_project",
      "provider": "provider[\"registry.terraform.io/terraform-provider-openstack/openstack\"]",
      "instances": [
        {
          "schema_version": 0,
          "attributes": {
            "description": "Project to build infrastructure for competition",
            "domain_id": "default",
            "enabled": true,
            "id": "a04419c07de1428ba9f58093b1b52ef3",
            "is_domain": false,
            "name": "charlie-infra",
            "parent_id": "default",
            "region": null,
            "tags": []
          },
          "sensitive_attributes": []
        }
      ]
    },
    {
      "module": "module.homelab",
      "mode": "data",
      "type": "openstack_networking_network_v2",
      "name": "competition_cloud_network",
      "provider": "provider[\"registry.terraform.io/terraform-provider-openstack/openstack\"]",
      "instances": [
        {
          "schema_version": 0,
          "attributes": {
            "admin_state_up": "true",
            "all_tags": [],
            "availability_zone_hints": [],
            "description": "",
            "dns_domain": "",
            "external": false,
            "id": "0563761b-dfcd-42bd-8c22-5b1ec0ecff34",
            "matching_subnet_cidr": null,
            "mtu": 8942,
            "name": "Competition Cloud Network",
            "network_id": null,
            "region": "",
            "shared": "false",
            "status": null,
            "subnets": [
              "a2d83ef6-a1a8-4e3c-a821-107fd9fc96a5"
            ],
            "tags": null,
            "tenant_id": "a04419c07de1428ba9f58093b1b52ef3",
            "transparent_vlan": false
          },
          "sensitive_attributes": []
        }
      ]
    },
    {
      "module": "module.homelab",
      "mode": "data",
      "type": "openstack_networking_router_v2",
      "name": "core_router",
      "provider": "provider[\"registry.terraform.io/terraform-provider-openstack/openstack\"]",
      "instances": [
        {
          "schema_version": 0,
          "attributes": {
            "admin_state_up": true,
            "all_tags": [],
            "availability_zone_hints": [],
            "description": "",
            "distributed": false,
            "enable_snat": true,
            "external_fixed_ip": [
              {
                "ip_address": "129.21.249.186",
                "subnet_id": "69f14ecc-2bad-412e-abf1-24c90da9be5e"
              }
            ],
            "external_network_id": "d96988a6-c388-4032-8067-0b89d572cad0",
            "id": "b7ac7325-5564-45b0-a821-4eb1bde51abd",
            "name": "Core Router",
            "region": "",
            "router_id": null,
            "status": "ACTIVE",
            "tags": null,
            "tenant_id": "a04419c07de1428ba9f58093b1b52ef3"
          },
          "sensitive_attributes": []
        }
      ]
    },
    {
      "module": "module.homelab",
      "mode": "data",
      "type": "openstack_networking_secgroup_v2",
      "name": "default_secgroup",
      "provider": "provider[\"registry.terraform.io/terraform-provider-openstack/openstack\"]",
      "instances": [
        {
          "schema_version": 0,
          "attributes": {
            "all_tags": [],
            "description": "Default security group",
            "id": "df7d77a2-adf9-433c-9e4f-240ebebb8ed5",
            "name": "default",
            "region": "",
            "secgroup_id": "df7d77a2-adf9-433c-9e4f-240ebebb8ed5",
            "tags": null,
            "tenant_id": "a04419c07de1428ba9f58093b1b52ef3"
          },
          "sensitive_attributes": []
        }
      ]
    },
    {
      "module": "module.homelab",
      "mode": "data",
      "type": "openstack_networking_subnet_v2",
      "name": "management_subnet",
      "provider": "provider[\"registry.terraform.io/terraform-provider-openstack/openstack\"]",
      "instances": [
        {
          "schema_version": 0,
          "attributes": {
            "all_tags": [],
            "allocation_pools": [
              {
                "end": "10.100.0.250",
                "start": "10.100.0.200"
              }
            ],
            "cidr": "10.100.0.0/24",
            "description": "",
            "dhcp_disabled": null,
            "dhcp_enabled": null,
            "dns_nameservers": [
              "1.0.0.1",
              "1.1.1.1",
              "10.100.0.3"
            ],
            "enable_dhcp": true,
            "gateway_ip": "10.100.0.254",
            "host_routes": [],
            "id": "a2d83ef6-a1a8-4e3c-a821-107fd9fc96a5",
            "ip_version": 4,
            "ipv6_address_mode": "",
            "ipv6_ra_mode": "",
            "name": "Management Subnet",
            "network_id": "0563761b-dfcd-42bd-8c22-5b1ec0ecff34",
            "region": "",
            "subnet_id": null,
            "subnetpool_id": "",
            "tags": null,
            "tenant_id": "a04419c07de1428ba9f58093b1b52ef3"
          },
          "sensitive_attributes": []
        }
      ]
    },
    {
      "module": "module.homelab",
      "mode": "managed",
      "type": "openstack_blockstorage_volume_v3",
      "name": "team_volumes",
      "provider": "provider[\"registry.terraform.io/terraform-provider-openstack/openstack\"]",
      "instances": [
        {
          "index_key": "dc",
          "schema_version": 0,
          "attributes": {
            "attachment": [],
            "availability_zone": "nova",
            "consistency_group_id": null,
            "description": "",
            "enable_online_resize": null,
            "id": "7b5a7ab0-7e0c-4b67-b48c-b6367194222f",
            "image_id": "7c4e8ad9-113f-4370-b387-0c55b99f410f",
            "metadata": {},
            "multiattach": null,
            "name": "dc.blueteam.thanksgiving.dinner-volume",
            "region": "",
            "scheduler_hints": [],
            "size": 80,
            "snapshot_id": "",
            "source_replica": null,
            "source_vol_id": "",
            "timeouts": {
              "create": "30m",
              "delete": null
            },
            "volume_type": "__DEFAULT__"
          },
          "sensitive_attributes": [],
          "private": "eyJlMmJmYjczMC1lY2FhLTExZTYtOGY4OC0zNDM2M2JjN2M0YzAiOnsiY3JlYXRlIjoxODAwMDAwMDAwMDAwLCJkZWxldGUiOjYwMDAwMDAwMDAwMH19",
          "dependencies": [
            "data.openstack_compute_flavor_v2.flavor_linux_small",
            "data.openstack_compute_flavor_v2.flavor_windows_medium",
            "data.openstack_images_image_v2.image_linux_raspios",
            "data.openstack_images_image_v2.image_linux_ubuntu",
            "data.openstack_images_image_v2.image_windows_10",
            "data.openstack_images_image_v2.image_windows_2019"
          ]
        },
        {
          "index_key": "media",
          "schema_version": 0,
          "attributes": {
            "attachment": [],
            "availability_zone": "nova",
            "consistency_group_id": null,
            "description": "",
            "enable_online_resize": null,
            "id": "04415a8c-482f-4f34-a5a1-17c16c4c4960",
            "image_id": "f19eb19d-2bd0-4c73-9e9e-88f3e94d8646",
            "metadata": {},
            "multiattach": null,
            "name": "media.blueteam.thanksgiving.dinner-volume",
            "region": "",
            "scheduler_hints": [],
            "size": 30,
            "snapshot_id": "",
            "source_replica": null,
            "source_vol_id": "",
            "timeouts": {
              "create": "30m",
              "delete": null
            },
            "volume_type": "__DEFAULT__"
          },
          "sensitive_attributes": [],
          "private": "eyJlMmJmYjczMC1lY2FhLTExZTYtOGY4OC0zNDM2M2JjN2M0YzAiOnsiY3JlYXRlIjoxODAwMDAwMDAwMDAwLCJkZWxldGUiOjYwMDAwMDAwMDAwMH19",
          "dependencies": [
            "data.openstack_compute_flavor_v2.flavor_linux_small",
            "data.openstack_compute_flavor_v2.flavor_windows_medium",
            "data.openstack_images_image_v2.image_linux_raspios",
            "data.openstack_images_image_v2.image_linux_ubuntu",
            "data.openstack_images_image_v2.image_windows_10",
            "data.openstack_images_image_v2.image_windows_2019"
          ]
        },
        {
          "index_key": "pc",
          "schema_version": 0,
          "attributes": {
            "attachment": [],
            "availability_zone": "nova",
            "consistency_group_id": null,
            "description": "",
            "enable_online_resize": null,
            "id": "651734ec-d473-46fa-998a-622487c746d6",
            "image_id": "a1a23bf0-a885-4a65-9628-eb547ac5b26e",
            "metadata": {},
            "multiattach": null,
            "name": "pc.blueteam.thanksgiving.dinner-volume",
            "region": "",
            "scheduler_hints": [],
            "size": 45,
            "snapshot_id": "",
            "source_replica": null,
            "source_vol_id": "",
            "timeouts": {
              "create": "30m",
              "delete": null
            },
            "volume_type": "__DEFAULT__"
          },
          "sensitive_attributes": [],
          "private": "eyJlMmJmYjczMC1lY2FhLTExZTYtOGY4OC0zNDM2M2JjN2M0YzAiOnsiY3JlYXRlIjoxODAwMDAwMDAwMDAwLCJkZWxldGUiOjYwMDAwMDAwMDAwMH19",
          "dependencies": [
            "data.openstack_compute_flavor_v2.flavor_linux_small",
            "data.openstack_compute_flavor_v2.flavor_windows_medium",
            "data.openstack_images_image_v2.image_linux_raspios",
            "data.openstack_images_image_v2.image_linux_ubuntu",
            "data.openstack_images_image_v2.image_windows_10",
            "data.openstack_images_image_v2.image_windows_2019"
          ]
        },
        {
          "index_key": "pihole",
          "schema_version": 0,
          "attributes": {
            "attachment": [],
            "availability_zone": "nova",
            "consistency_group_id": null,
            "description": "",
            "enable_online_resize": null,
            "id": "f925ef20-1448-49a9-bd5e-aa180afcafc5",
            "image_id": "ef1134d1-d312-4791-8803-1044a5374b1b",
            "metadata": {},
            "multiattach": null,
            "name": "pihole.blueteam.thanksgiving.dinner-volume",
            "region": "",
            "scheduler_hints": [],
            "size": 30,
            "snapshot_id": "",
            "source_replica": null,
            "source_vol_id": "",
            "timeouts": {
              "create": "30m",
              "delete": null
            },
            "volume_type": "__DEFAULT__"
          },
          "sensitive_attributes": [],
          "private": "eyJlMmJmYjczMC1lY2FhLTExZTYtOGY4OC0zNDM2M2JjN2M0YzAiOnsiY3JlYXRlIjoxODAwMDAwMDAwMDAwLCJkZWxldGUiOjYwMDAwMDAwMDAwMH19",
          "dependencies": [
            "data.openstack_compute_flavor_v2.flavor_linux_small",
            "data.openstack_compute_flavor_v2.flavor_windows_medium",
            "data.openstack_images_image_v2.image_linux_raspios",
            "data.openstack_images_image_v2.image_linux_ubuntu",
            "data.openstack_images_image_v2.image_windows_10",
            "data.openstack_images_image_v2.image_windows_2019"
          ]
        }
      ]
    },
    {
      "module": "module.homelab",
      "mode": "managed",
      "type": "openstack_compute_instance_v2",
      "name": "team_homelab_instance",
      "provider": "provider[\"registry.terraform.io/terraform-provider-openstack/openstack\"]",
      "instances": [
        {
          "index_key": "dc",
          "schema_version": 0,
          "attributes": {
            "access_ip_v4": "10.1.0.1",
            "access_ip_v6": "",
            "admin_pass": null,
            "all_metadata": {},
            "all_tags": [
              "blueteam-dc",
              "homelab",
              "project-ThanksgivingThrowdown-blueteam",
              "project-management"
            ],
            "availability_zone": "host07",
            "availability_zone_hints": null,
            "block_device": [
              {
                "boot_index": 0,
                "delete_on_termination": true,
                "destination_type": "volume",
                "device_type": "",
                "disk_bus": "",
                "guest_format": "",
                "source_type": "volume",
                "uuid": "7b5a7ab0-7e0c-4b67-b48c-b6367194222f",
                "volume_size": 80,
                "volume_type": ""
              }
            ],
            "config_drive": null,
            "flavor_id": "0d282a6d-d770-4f46-b059-5ca291489578",
            "flavor_name": "medium",
            "floating_ip": null,
            "force_delete": false,
            "id": "3c7049c5-5dd0-4696-b5c4-75cc95e04f56",
            "image_id": "Attempt to boot from volume - no image supplied",
            "image_name": null,
            "key_pair": "",
            "metadata": null,
            "name": "dc.blueteam.thanksgiving.dinner",
            "network": [
              {
                "access_network": false,
                "fixed_ip_v4": "10.1.0.1",
                "fixed_ip_v6": "",
                "floating_ip": "",
                "mac": "fa:16:3e:15:8f:55",
                "name": "Blueteam Homelab",
                "port": "a9bd823f-e7f5-471d-9dd9-2908592860e3",
                "uuid": "da40ad0e-661a-4400-9d12-bc5bd9f62b8e"
              }
            ],
            "network_mode": null,
            "personality": [],
            "power_state": "active",
            "region": "",
            "scheduler_hints": [],
            "security_groups": [
              "Blueteam Homelab Secgroup",
              "default"
            ],
            "stop_before_destroy": false,
            "tags": [
              "blueteam-dc",
              "homelab",
              "project-ThanksgivingThrowdown-blueteam",
              "project-management"
            ],
            "timeouts": null,
            "user_data": "6ad8d2d12965f92d5c9a9200af1c54d7f3374611",
            "vendor_options": [],
            "volume": []
          },
          "sensitive_attributes": [],
          "private": "eyJlMmJmYjczMC1lY2FhLTExZTYtOGY4OC0zNDM2M2JjN2M0YzAiOnsiY3JlYXRlIjoxODAwMDAwMDAwMDAwLCJkZWxldGUiOjE4MDAwMDAwMDAwMDAsInVwZGF0ZSI6MTgwMDAwMDAwMDAwMH19",
          "dependencies": [
            "data.openstack_compute_flavor_v2.flavor_linux_small",
            "data.openstack_compute_flavor_v2.flavor_windows_medium",
            "data.openstack_images_image_v2.image_linux_raspios",
            "data.openstack_images_image_v2.image_linux_ubuntu",
            "data.openstack_images_image_v2.image_windows_10",
            "data.openstack_images_image_v2.image_windows_2019",
            "module.homelab.data.openstack_identity_project_v3.management_project",
            "module.homelab.data.openstack_networking_secgroup_v2.default_secgroup",
            "module.homelab.openstack_blockstorage_volume_v3.team_volumes",
            "module.homelab.openstack_networking_network_v2.blueteam_homelab",
            "module.homelab.openstack_networking_port_v2.dc_port",
            "module.homelab.openstack_networking_port_v2.media_port",
            "module.homelab.openstack_networking_port_v2.pc_port",
            "module.homelab.openstack_networking_port_v2.pihole_port",
            "module.homelab.openstack_networking_secgroup_v2.blueteam_homelab_secgroup",
            "module.homelab.openstack_networking_secgroup_v2.blueteam_jumpbox_secgroup",
            "module.homelab.openstack_networking_subnet_v2.blueteam_homelab_subnet"
          ]
        },
        {
          "index_key": "media",
          "schema_version": 0,
          "attributes": {
            "access_ip_v4": "10.1.0.3",
            "access_ip_v6": "",
            "admin_pass": null,
            "all_metadata": {},
            "all_tags": [
              "blueteam-media",
              "homelab",
              "project-ThanksgivingThrowdown-blueteam",
              "project-management"
            ],
            "availability_zone": "host07",
            "availability_zone_hints": null,
            "block_device": [
              {
                "boot_index": 0,
                "delete_on_termination": true,
                "destination_type": "volume",
                "device_type": "",
                "disk_bus": "",
                "guest_format": "",
                "source_type": "volume",
                "uuid": "04415a8c-482f-4f34-a5a1-17c16c4c4960",
                "volume_size": 30,
                "volume_type": ""
              }
            ],
            "config_drive": null,
            "flavor_id": "5f964abc-866f-4d79-8aae-f9460cfb28d7",
            "flavor_name": "small",
            "floating_ip": null,
            "force_delete": false,
            "id": "cf392f9a-9499-4595-8495-b4533190082f",
            "image_id": "Attempt to boot from volume - no image supplied",
            "image_name": null,
            "key_pair": "",
            "metadata": null,
            "name": "media.blueteam.thanksgiving.dinner",
            "network": [
              {
                "access_network": false,
                "fixed_ip_v4": "10.1.0.3",
                "fixed_ip_v6": "",
                "floating_ip": "",
                "mac": "fa:16:3e:48:8c:ca",
                "name": "Blueteam Homelab",
                "port": "693d1f0b-358e-4252-b90a-6c9902c6e4e5",
                "uuid": "da40ad0e-661a-4400-9d12-bc5bd9f62b8e"
              }
            ],
            "network_mode": null,
            "personality": [],
            "power_state": "active",
            "region": "",
            "scheduler_hints": [],
            "security_groups": [
              "Blueteam Homelab Secgroup",
              "default"
            ],
            "stop_before_destroy": false,
            "tags": [
              "blueteam-media",
              "homelab",
              "project-ThanksgivingThrowdown-blueteam",
              "project-management"
            ],
            "timeouts": null,
            "user_data": "1a13ecc5c9fc871e931b4762542b05e98d7753cd",
            "vendor_options": [],
            "volume": []
          },
          "sensitive_attributes": [],
          "private": "eyJlMmJmYjczMC1lY2FhLTExZTYtOGY4OC0zNDM2M2JjN2M0YzAiOnsiY3JlYXRlIjoxODAwMDAwMDAwMDAwLCJkZWxldGUiOjE4MDAwMDAwMDAwMDAsInVwZGF0ZSI6MTgwMDAwMDAwMDAwMH19",
          "dependencies": [
            "data.openstack_compute_flavor_v2.flavor_linux_small",
            "data.openstack_compute_flavor_v2.flavor_windows_medium",
            "data.openstack_images_image_v2.image_linux_raspios",
            "data.openstack_images_image_v2.image_linux_ubuntu",
            "data.openstack_images_image_v2.image_windows_10",
            "data.openstack_images_image_v2.image_windows_2019",
            "module.homelab.data.openstack_identity_project_v3.management_project",
            "module.homelab.data.openstack_networking_secgroup_v2.default_secgroup",
            "module.homelab.openstack_blockstorage_volume_v3.team_volumes",
            "module.homelab.openstack_networking_network_v2.blueteam_homelab",
            "module.homelab.openstack_networking_port_v2.dc_port",
            "module.homelab.openstack_networking_port_v2.media_port",
            "module.homelab.openstack_networking_port_v2.pc_port",
            "module.homelab.openstack_networking_port_v2.pihole_port",
            "module.homelab.openstack_networking_secgroup_v2.blueteam_homelab_secgroup",
            "module.homelab.openstack_networking_secgroup_v2.blueteam_jumpbox_secgroup",
            "module.homelab.openstack_networking_subnet_v2.blueteam_homelab_subnet"
          ]
        },
        {
          "index_key": "pc",
          "schema_version": 0,
          "attributes": {
            "access_ip_v4": "10.1.0.2",
            "access_ip_v6": "",
            "admin_pass": null,
            "all_metadata": {},
            "all_tags": [
              "blueteam-pc",
              "homelab",
              "project-ThanksgivingThrowdown-blueteam",
              "project-management"
            ],
            "availability_zone": "host07",
            "availability_zone_hints": null,
            "block_device": [
              {
                "boot_index": 0,
                "delete_on_termination": true,
                "destination_type": "volume",
                "device_type": "",
                "disk_bus": "",
                "guest_format": "",
                "source_type": "volume",
                "uuid": "651734ec-d473-46fa-998a-622487c746d6",
                "volume_size": 45,
                "volume_type": ""
              }
            ],
            "config_drive": null,
            "flavor_id": "0d282a6d-d770-4f46-b059-5ca291489578",
            "flavor_name": "medium",
            "floating_ip": null,
            "force_delete": false,
            "id": "a12260f7-0167-44fc-a84e-4d37d41b9b9b",
            "image_id": "Attempt to boot from volume - no image supplied",
            "image_name": null,
            "key_pair": "",
            "metadata": null,
            "name": "pc.blueteam.thanksgiving.dinner",
            "network": [
              {
                "access_network": false,
                "fixed_ip_v4": "10.1.0.2",
                "fixed_ip_v6": "",
                "floating_ip": "",
                "mac": "fa:16:3e:6e:23:29",
                "name": "Blueteam Homelab",
                "port": "ae70a836-f1c4-4e95-82be-7b783877fc8c",
                "uuid": "da40ad0e-661a-4400-9d12-bc5bd9f62b8e"
              }
            ],
            "network_mode": null,
            "personality": [],
            "power_state": "active",
            "region": "",
            "scheduler_hints": [],
            "security_groups": [
              "Blueteam Homelab Secgroup",
              "default"
            ],
            "stop_before_destroy": false,
            "tags": [
              "blueteam-pc",
              "homelab",
              "project-ThanksgivingThrowdown-blueteam",
              "project-management"
            ],
            "timeouts": null,
            "user_data": "6ad8d2d12965f92d5c9a9200af1c54d7f3374611",
            "vendor_options": [],
            "volume": []
          },
          "sensitive_attributes": [],
          "private": "eyJlMmJmYjczMC1lY2FhLTExZTYtOGY4OC0zNDM2M2JjN2M0YzAiOnsiY3JlYXRlIjoxODAwMDAwMDAwMDAwLCJkZWxldGUiOjE4MDAwMDAwMDAwMDAsInVwZGF0ZSI6MTgwMDAwMDAwMDAwMH19",
          "dependencies": [
            "data.openstack_compute_flavor_v2.flavor_linux_small",
            "data.openstack_compute_flavor_v2.flavor_windows_medium",
            "data.openstack_images_image_v2.image_linux_raspios",
            "data.openstack_images_image_v2.image_linux_ubuntu",
            "data.openstack_images_image_v2.image_windows_10",
            "data.openstack_images_image_v2.image_windows_2019",
            "module.homelab.data.openstack_identity_project_v3.management_project",
            "module.homelab.data.openstack_networking_secgroup_v2.default_secgroup",
            "module.homelab.openstack_blockstorage_volume_v3.team_volumes",
            "module.homelab.openstack_networking_network_v2.blueteam_homelab",
            "module.homelab.openstack_networking_port_v2.dc_port",
            "module.homelab.openstack_networking_port_v2.media_port",
            "module.homelab.openstack_networking_port_v2.pc_port",
            "module.homelab.openstack_networking_port_v2.pihole_port",
            "module.homelab.openstack_networking_secgroup_v2.blueteam_homelab_secgroup",
            "module.homelab.openstack_networking_secgroup_v2.blueteam_jumpbox_secgroup",
            "module.homelab.openstack_networking_subnet_v2.blueteam_homelab_subnet"
          ]
        },
        {
          "index_key": "pihole",
          "schema_version": 0,
          "attributes": {
            "access_ip_v4": "10.1.0.4",
            "access_ip_v6": "",
            "admin_pass": null,
            "all_metadata": {},
            "all_tags": [
              "blueteam-pihole",
              "homelab",
              "project-ThanksgivingThrowdown-blueteam",
              "project-management"
            ],
            "availability_zone": "host07",
            "availability_zone_hints": null,
            "block_device": [
              {
                "boot_index": 0,
                "delete_on_termination": true,
                "destination_type": "volume",
                "device_type": "",
                "disk_bus": "",
                "guest_format": "",
                "source_type": "volume",
                "uuid": "f925ef20-1448-49a9-bd5e-aa180afcafc5",
                "volume_size": 30,
                "volume_type": ""
              }
            ],
            "config_drive": null,
            "flavor_id": "5f964abc-866f-4d79-8aae-f9460cfb28d7",
            "flavor_name": "small",
            "floating_ip": null,
            "force_delete": false,
            "id": "25a67037-acb9-411e-93b2-80dae7e806f3",
            "image_id": "Attempt to boot from volume - no image supplied",
            "image_name": null,
            "key_pair": "",
            "metadata": null,
            "name": "pihole.blueteam.thanksgiving.dinner",
            "network": [
              {
                "access_network": false,
                "fixed_ip_v4": "10.1.0.4",
                "fixed_ip_v6": "",
                "floating_ip": "",
                "mac": "fa:16:3e:67:be:1e",
                "name": "Blueteam Homelab",
                "port": "6e0c7036-f3af-47e6-a9da-80776cdf73fb",
                "uuid": "da40ad0e-661a-4400-9d12-bc5bd9f62b8e"
              }
            ],
            "network_mode": null,
            "personality": [],
            "power_state": "active",
            "region": "",
            "scheduler_hints": [],
            "security_groups": [
              "Blueteam Homelab Secgroup",
              "default"
            ],
            "stop_before_destroy": false,
            "tags": [
              "blueteam-pihole",
              "homelab",
              "project-ThanksgivingThrowdown-blueteam",
              "project-management"
            ],
            "timeouts": null,
            "user_data": null,
            "vendor_options": [],
            "volume": []
          },
          "sensitive_attributes": [],
          "private": "eyJlMmJmYjczMC1lY2FhLTExZTYtOGY4OC0zNDM2M2JjN2M0YzAiOnsiY3JlYXRlIjoxODAwMDAwMDAwMDAwLCJkZWxldGUiOjE4MDAwMDAwMDAwMDAsInVwZGF0ZSI6MTgwMDAwMDAwMDAwMH19",
          "dependencies": [
            "data.openstack_compute_flavor_v2.flavor_linux_small",
            "data.openstack_compute_flavor_v2.flavor_windows_medium",
            "data.openstack_images_image_v2.image_linux_raspios",
            "data.openstack_images_image_v2.image_linux_ubuntu",
            "data.openstack_images_image_v2.image_windows_10",
            "data.openstack_images_image_v2.image_windows_2019",
            "module.homelab.data.openstack_identity_project_v3.management_project",
            "module.homelab.data.openstack_networking_secgroup_v2.default_secgroup",
            "module.homelab.openstack_blockstorage_volume_v3.team_volumes",
            "module.homelab.openstack_networking_network_v2.blueteam_homelab",
            "module.homelab.openstack_networking_port_v2.dc_port",
            "module.homelab.openstack_networking_port_v2.media_port",
            "module.homelab.openstack_networking_port_v2.pc_port",
            "module.homelab.openstack_networking_port_v2.pihole_port",
            "module.homelab.openstack_networking_secgroup_v2.blueteam_homelab_secgroup",
            "module.homelab.openstack_networking_secgroup_v2.blueteam_jumpbox_secgroup",
            "module.homelab.openstack_networking_subnet_v2.blueteam_homelab_subnet"
          ]
        }
      ]
    },
    {
      "module": "module.homelab",
      "mode": "managed",
      "type": "openstack_networking_network_v2",
      "name": "blueteam_homelab",
      "provider": "provider[\"registry.terraform.io/terraform-provider-openstack/openstack\"]",
      "instances": [
        {
          "schema_version": 0,
          "attributes": {
            "admin_state_up": true,
            "all_tags": [],
            "availability_zone_hints": [],
            "description": "",
            "dns_domain": "",
            "external": false,
            "id": "da40ad0e-661a-4400-9d12-bc5bd9f62b8e",
            "mtu": 8942,
            "name": "Blueteam Homelab",
            "port_security_enabled": true,
            "qos_policy_id": "",
            "region": "",
            "segments": [],
            "shared": false,
            "tags": null,
            "tenant_id": "a04419c07de1428ba9f58093b1b52ef3",
            "timeouts": null,
            "transparent_vlan": false,
            "value_specs": null
          },
          "sensitive_attributes": [],
          "private": "eyJlMmJmYjczMC1lY2FhLTExZTYtOGY4OC0zNDM2M2JjN2M0YzAiOnsiY3JlYXRlIjo2MDAwMDAwMDAwMDAsImRlbGV0ZSI6NjAwMDAwMDAwMDAwfX0="
        }
      ]
    },
    {
      "module": "module.homelab",
      "mode": "managed",
      "type": "openstack_networking_port_v2",
      "name": "blueteam_homelab_subnet_port",
      "provider": "provider[\"registry.terraform.io/terraform-provider-openstack/openstack\"]",
      "instances": [
        {
          "schema_version": 0,
          "attributes": {
            "admin_state_up": true,
            "all_fixed_ips": [
              "10.1.0.254"
            ],
            "all_security_group_ids": [],
            "all_tags": [],
            "allowed_address_pairs": [],
            "binding": [
              {
                "host_id": "",
                "profile": "",
                "vif_details": {},
                "vif_type": "",
                "vnic_type": "normal"
              }
            ],
            "description": "",
            "device_id": "",
            "device_owner": "",
            "dns_assignment": [],
            "dns_name": "",
            "extra_dhcp_option": [],
            "fixed_ip": [
              {
                "ip_address": "10.1.0.254",
                "subnet_id": "6e4965a6-dcf4-4003-ac8a-cb861a6257e0"
              }
            ],
            "id": "265366f8-cb7d-4a24-885f-47e44b095907",
            "mac_address": "fa:16:3e:52:5b:92",
            "name": "Blueteam Homelab Port",
            "network_id": "da40ad0e-661a-4400-9d12-bc5bd9f62b8e",
            "no_fixed_ip": null,
            "no_security_groups": null,
            "port_security_enabled": false,
            "qos_policy_id": "",
            "region": "",
            "security_group_ids": null,
            "tags": null,
            "tenant_id": "a04419c07de1428ba9f58093b1b52ef3",
            "timeouts": null,
            "value_specs": null
          },
          "sensitive_attributes": [],
          "private": "eyJlMmJmYjczMC1lY2FhLTExZTYtOGY4OC0zNDM2M2JjN2M0YzAiOnsiY3JlYXRlIjo2MDAwMDAwMDAwMDAsImRlbGV0ZSI6NjAwMDAwMDAwMDAwfX0=",
          "dependencies": [
            "module.homelab.openstack_networking_network_v2.blueteam_homelab",
            "module.homelab.openstack_networking_subnet_v2.blueteam_homelab_subnet"
          ]
        }
      ]
    },
    {
      "module": "module.homelab",
      "mode": "managed",
      "type": "openstack_networking_port_v2",
      "name": "dc_port",
      "provider": "provider[\"registry.terraform.io/terraform-provider-openstack/openstack\"]",
      "instances": [
        {
          "schema_version": 0,
          "attributes": {
            "admin_state_up": true,
            "all_fixed_ips": [
              "10.1.0.1"
            ],
            "all_security_group_ids": [
              "db1e598e-c366-4628-9d9c-c57ee7e55f8e",
              "df7d77a2-adf9-433c-9e4f-240ebebb8ed5"
            ],
            "all_tags": [],
            "allowed_address_pairs": [],
            "binding": [
              {
                "host_id": "",
                "profile": "",
                "vif_details": {},
                "vif_type": "",
                "vnic_type": "normal"
              }
            ],
            "description": "",
            "device_id": "",
            "device_owner": "",
            "dns_assignment": [],
            "dns_name": "",
            "extra_dhcp_option": [],
            "fixed_ip": [
              {
                "ip_address": "10.1.0.1",
                "subnet_id": "6e4965a6-dcf4-4003-ac8a-cb861a6257e0"
              }
            ],
            "id": "a9bd823f-e7f5-471d-9dd9-2908592860e3",
            "mac_address": "fa:16:3e:15:8f:55",
            "name": "Blueteam Homelab Domain Controller",
            "network_id": "da40ad0e-661a-4400-9d12-bc5bd9f62b8e",
            "no_fixed_ip": null,
            "no_security_groups": null,
            "port_security_enabled": true,
            "qos_policy_id": "",
            "region": "",
            "security_group_ids": [
              "db1e598e-c366-4628-9d9c-c57ee7e55f8e",
              "df7d77a2-adf9-433c-9e4f-240ebebb8ed5"
            ],
            "tags": null,
            "tenant_id": "a04419c07de1428ba9f58093b1b52ef3",
            "timeouts": null,
            "value_specs": null
          },
          "sensitive_attributes": [],
          "private": "eyJlMmJmYjczMC1lY2FhLTExZTYtOGY4OC0zNDM2M2JjN2M0YzAiOnsiY3JlYXRlIjo2MDAwMDAwMDAwMDAsImRlbGV0ZSI6NjAwMDAwMDAwMDAwfX0=",
          "dependencies": [
            "module.homelab.data.openstack_identity_project_v3.management_project",
            "module.homelab.data.openstack_networking_secgroup_v2.default_secgroup",
            "module.homelab.openstack_networking_network_v2.blueteam_homelab",
            "module.homelab.openstack_networking_secgroup_v2.blueteam_homelab_secgroup",
            "module.homelab.openstack_networking_secgroup_v2.blueteam_jumpbox_secgroup",
            "module.homelab.openstack_networking_subnet_v2.blueteam_homelab_subnet"
          ]
        }
      ]
    },
    {
      "module": "module.homelab",
      "mode": "managed",
      "type": "openstack_networking_port_v2",
      "name": "media_port",
      "provider": "provider[\"registry.terraform.io/terraform-provider-openstack/openstack\"]",
      "instances": [
        {
          "schema_version": 0,
          "attributes": {
            "admin_state_up": true,
            "all_fixed_ips": [
              "10.1.0.3"
            ],
            "all_security_group_ids": [
              "db1e598e-c366-4628-9d9c-c57ee7e55f8e",
              "df7d77a2-adf9-433c-9e4f-240ebebb8ed5"
            ],
            "all_tags": [],
            "allowed_address_pairs": [],
            "binding": [
              {
                "host_id": "",
                "profile": "",
                "vif_details": {},
                "vif_type": "",
                "vnic_type": "normal"
              }
            ],
            "description": "",
            "device_id": "",
            "device_owner": "",
            "dns_assignment": [],
            "dns_name": "",
            "extra_dhcp_option": [],
            "fixed_ip": [
              {
                "ip_address": "10.1.0.3",
                "subnet_id": "6e4965a6-dcf4-4003-ac8a-cb861a6257e0"
              }
            ],
            "id": "693d1f0b-358e-4252-b90a-6c9902c6e4e5",
            "mac_address": "fa:16:3e:48:8c:ca",
            "name": "Blueteam Homelab Media",
            "network_id": "da40ad0e-661a-4400-9d12-bc5bd9f62b8e",
            "no_fixed_ip": null,
            "no_security_groups": null,
            "port_security_enabled": true,
            "qos_policy_id": "",
            "region": "",
            "security_group_ids": [
              "db1e598e-c366-4628-9d9c-c57ee7e55f8e",
              "df7d77a2-adf9-433c-9e4f-240ebebb8ed5"
            ],
            "tags": null,
            "tenant_id": "a04419c07de1428ba9f58093b1b52ef3",
            "timeouts": null,
            "value_specs": null
          },
          "sensitive_attributes": [],
          "private": "eyJlMmJmYjczMC1lY2FhLTExZTYtOGY4OC0zNDM2M2JjN2M0YzAiOnsiY3JlYXRlIjo2MDAwMDAwMDAwMDAsImRlbGV0ZSI6NjAwMDAwMDAwMDAwfX0=",
          "dependencies": [
            "module.homelab.data.openstack_identity_project_v3.management_project",
            "module.homelab.data.openstack_networking_secgroup_v2.default_secgroup",
            "module.homelab.openstack_networking_network_v2.blueteam_homelab",
            "module.homelab.openstack_networking_secgroup_v2.blueteam_homelab_secgroup",
            "module.homelab.openstack_networking_secgroup_v2.blueteam_jumpbox_secgroup",
            "module.homelab.openstack_networking_subnet_v2.blueteam_homelab_subnet"
          ]
        }
      ]
    },
    {
      "module": "module.homelab",
      "mode": "managed",
      "type": "openstack_networking_port_v2",
      "name": "pc_port",
      "provider": "provider[\"registry.terraform.io/terraform-provider-openstack/openstack\"]",
      "instances": [
        {
          "schema_version": 0,
          "attributes": {
            "admin_state_up": true,
            "all_fixed_ips": [
              "10.1.0.2"
            ],
            "all_security_group_ids": [
              "db1e598e-c366-4628-9d9c-c57ee7e55f8e",
              "df7d77a2-adf9-433c-9e4f-240ebebb8ed5"
            ],
            "all_tags": [],
            "allowed_address_pairs": [],
            "binding": [
              {
                "host_id": "",
                "profile": "",
                "vif_details": {},
                "vif_type": "",
                "vnic_type": "normal"
              }
            ],
            "description": "",
            "device_id": "",
            "device_owner": "",
            "dns_assignment": [],
            "dns_name": "",
            "extra_dhcp_option": [],
            "fixed_ip": [
              {
                "ip_address": "10.1.0.2",
                "subnet_id": "6e4965a6-dcf4-4003-ac8a-cb861a6257e0"
              }
            ],
            "id": "ae70a836-f1c4-4e95-82be-7b783877fc8c",
            "mac_address": "fa:16:3e:6e:23:29",
            "name": "Blueteam Homelab Personal Computer",
            "network_id": "da40ad0e-661a-4400-9d12-bc5bd9f62b8e",
            "no_fixed_ip": null,
            "no_security_groups": null,
            "port_security_enabled": true,
            "qos_policy_id": "",
            "region": "",
            "security_group_ids": [
              "db1e598e-c366-4628-9d9c-c57ee7e55f8e",
              "df7d77a2-adf9-433c-9e4f-240ebebb8ed5"
            ],
            "tags": null,
            "tenant_id": "a04419c07de1428ba9f58093b1b52ef3",
            "timeouts": null,
            "value_specs": null
          },
          "sensitive_attributes": [],
          "private": "eyJlMmJmYjczMC1lY2FhLTExZTYtOGY4OC0zNDM2M2JjN2M0YzAiOnsiY3JlYXRlIjo2MDAwMDAwMDAwMDAsImRlbGV0ZSI6NjAwMDAwMDAwMDAwfX0=",
          "dependencies": [
            "module.homelab.data.openstack_identity_project_v3.management_project",
            "module.homelab.data.openstack_networking_secgroup_v2.default_secgroup",
            "module.homelab.openstack_networking_network_v2.blueteam_homelab",
            "module.homelab.openstack_networking_secgroup_v2.blueteam_homelab_secgroup",
            "module.homelab.openstack_networking_secgroup_v2.blueteam_jumpbox_secgroup",
            "module.homelab.openstack_networking_subnet_v2.blueteam_homelab_subnet"
          ]
        }
      ]
    },
    {
      "module": "module.homelab",
      "mode": "managed",
      "type": "openstack_networking_port_v2",
      "name": "pihole_port",
      "provider": "provider[\"registry.terraform.io/terraform-provider-openstack/openstack\"]",
      "instances": [
        {
          "schema_version": 0,
          "attributes": {
            "admin_state_up": true,
            "all_fixed_ips": [
              "10.1.0.4"
            ],
            "all_security_group_ids": [
              "db1e598e-c366-4628-9d9c-c57ee7e55f8e",
              "df7d77a2-adf9-433c-9e4f-240ebebb8ed5"
            ],
            "all_tags": [],
            "allowed_address_pairs": [],
            "binding": [
              {
                "host_id": "",
                "profile": "",
                "vif_details": {},
                "vif_type": "",
                "vnic_type": "normal"
              }
            ],
            "description": "",
            "device_id": "",
            "device_owner": "",
            "dns_assignment": [],
            "dns_name": "",
            "extra_dhcp_option": [],
            "fixed_ip": [
              {
                "ip_address": "10.1.0.4",
                "subnet_id": "6e4965a6-dcf4-4003-ac8a-cb861a6257e0"
              }
            ],
            "id": "6e0c7036-f3af-47e6-a9da-80776cdf73fb",
            "mac_address": "fa:16:3e:67:be:1e",
            "name": "Blueteam Homelab Pihole",
            "network_id": "da40ad0e-661a-4400-9d12-bc5bd9f62b8e",
            "no_fixed_ip": null,
            "no_security_groups": null,
            "port_security_enabled": true,
            "qos_policy_id": "",
            "region": "",
            "security_group_ids": [
              "db1e598e-c366-4628-9d9c-c57ee7e55f8e",
              "df7d77a2-adf9-433c-9e4f-240ebebb8ed5"
            ],
            "tags": null,
            "tenant_id": "a04419c07de1428ba9f58093b1b52ef3",
            "timeouts": null,
            "value_specs": null
          },
          "sensitive_attributes": [],
          "private": "eyJlMmJmYjczMC1lY2FhLTExZTYtOGY4OC0zNDM2M2JjN2M0YzAiOnsiY3JlYXRlIjo2MDAwMDAwMDAwMDAsImRlbGV0ZSI6NjAwMDAwMDAwMDAwfX0=",
          "dependencies": [
            "module.homelab.data.openstack_identity_project_v3.management_project",
            "module.homelab.data.openstack_networking_secgroup_v2.default_secgroup",
            "module.homelab.openstack_networking_network_v2.blueteam_homelab",
            "module.homelab.openstack_networking_secgroup_v2.blueteam_homelab_secgroup",
            "module.homelab.openstack_networking_secgroup_v2.blueteam_jumpbox_secgroup",
            "module.homelab.openstack_networking_subnet_v2.blueteam_homelab_subnet"
          ]
        }
      ]
    },
    {
      "module": "module.homelab",
      "mode": "managed",
      "type": "openstack_networking_router_interface_v2",
      "name": "blueteam_homelab_interface",
      "provider": "provider[\"registry.terraform.io/terraform-provider-openstack/openstack\"]",
      "instances": [
        {
          "schema_version": 0,
          "attributes": {
            "id": "265366f8-cb7d-4a24-885f-47e44b095907",
            "port_id": "265366f8-cb7d-4a24-885f-47e44b095907",
            "region": "",
            "router_id": "b7ac7325-5564-45b0-a821-4eb1bde51abd",
            "subnet_id": "6e4965a6-dcf4-4003-ac8a-cb861a6257e0",
            "timeouts": null
          },
          "sensitive_attributes": [],
          "private": "eyJlMmJmYjczMC1lY2FhLTExZTYtOGY4OC0zNDM2M2JjN2M0YzAiOnsiY3JlYXRlIjo2MDAwMDAwMDAwMDAsImRlbGV0ZSI6NjAwMDAwMDAwMDAwfX0=",
          "dependencies": [
            "module.homelab.data.openstack_networking_router_v2.core_router",
            "module.homelab.openstack_networking_network_v2.blueteam_homelab",
            "module.homelab.openstack_networking_port_v2.blueteam_homelab_subnet_port",
            "module.homelab.openstack_networking_subnet_v2.blueteam_homelab_subnet"
          ]
        }
      ]
    },
    {
      "module": "module.homelab",
      "mode": "managed",
      "type": "openstack_networking_secgroup_rule_v2",
      "name": "blueteam_homelab_secgroup_rule",
      "provider": "provider[\"registry.terraform.io/terraform-provider-openstack/openstack\"]",
      "instances": [
        {
          "index_key": "ssh",
          "schema_version": 0,
          "attributes": {
            "description": "ssh",
            "direction": "ingress",
            "ethertype": "IPv4",
            "id": "6ff06d4d-af12-4c31-9428-bbdb8a61a469",
            "port_range_max": 22,
            "port_range_min": 22,
            "protocol": "tcp",
            "region": "",
            "remote_group_id": "",
            "remote_ip_prefix": "",
            "security_group_id": "db1e598e-c366-4628-9d9c-c57ee7e55f8e",
            "tenant_id": "a04419c07de1428ba9f58093b1b52ef3",
            "timeouts": null
          },
          "sensitive_attributes": [],
          "private": "eyJlMmJmYjczMC1lY2FhLTExZTYtOGY4OC0zNDM2M2JjN2M0YzAiOnsiZGVsZXRlIjo2MDAwMDAwMDAwMDB9fQ==",
          "dependencies": [
            "module.homelab.data.openstack_identity_project_v3.management_project",
            "module.homelab.openstack_networking_secgroup_v2.blueteam_homelab_secgroup"
          ]
        }
      ]
    },
    {
      "module": "module.homelab",
      "mode": "managed",
      "type": "openstack_networking_secgroup_rule_v2",
      "name": "redteam_jumpbox_secgroup_rule",
      "provider": "provider[\"registry.terraform.io/terraform-provider-openstack/openstack\"]",
      "instances": [
        {
          "index_key": "ssh",
          "schema_version": 0,
          "attributes": {
            "description": "ssh",
            "direction": "ingress",
            "ethertype": "IPv4",
            "id": "317012ad-f7a3-461d-ad67-3d59d5e68e16",
            "port_range_max": 22,
            "port_range_min": 22,
            "protocol": "tcp",
            "region": "",
            "remote_group_id": "",
            "remote_ip_prefix": "",
            "security_group_id": "a49976cf-acfd-446c-a63f-473bc37d26d6",
            "tenant_id": "a04419c07de1428ba9f58093b1b52ef3",
            "timeouts": null
          },
          "sensitive_attributes": [],
          "private": "eyJlMmJmYjczMC1lY2FhLTExZTYtOGY4OC0zNDM2M2JjN2M0YzAiOnsiZGVsZXRlIjo2MDAwMDAwMDAwMDB9fQ==",
          "dependencies": [
            "module.homelab.data.openstack_identity_project_v3.management_project",
            "module.homelab.openstack_networking_secgroup_v2.blueteam_jumpbox_secgroup"
          ]
        }
      ]
    },
    {
      "module": "module.homelab",
      "mode": "managed",
      "type": "openstack_networking_secgroup_v2",
      "name": "blueteam_homelab_secgroup",
      "provider": "provider[\"registry.terraform.io/terraform-provider-openstack/openstack\"]",
      "instances": [
        {
          "schema_version": 0,
          "attributes": {
            "all_tags": [],
            "delete_default_rules": null,
            "description": "",
            "id": "db1e598e-c366-4628-9d9c-c57ee7e55f8e",
            "name": "Blueteam Homelab Secgroup",
            "region": "",
            "tags": null,
            "tenant_id": "a04419c07de1428ba9f58093b1b52ef3",
            "timeouts": null
          },
          "sensitive_attributes": [],
          "private": "eyJlMmJmYjczMC1lY2FhLTExZTYtOGY4OC0zNDM2M2JjN2M0YzAiOnsiZGVsZXRlIjo2MDAwMDAwMDAwMDB9fQ==",
          "dependencies": [
            "module.homelab.data.openstack_identity_project_v3.management_project"
          ]
        }
      ]
    },
    {
      "module": "module.homelab",
      "mode": "managed",
      "type": "openstack_networking_secgroup_v2",
      "name": "blueteam_jumpbox_secgroup",
      "provider": "provider[\"registry.terraform.io/terraform-provider-openstack/openstack\"]",
      "instances": [
        {
          "schema_version": 0,
          "attributes": {
            "all_tags": [],
            "delete_default_rules": null,
            "description": "",
            "id": "a49976cf-acfd-446c-a63f-473bc37d26d6",
            "name": "Blueteam Jumpbox Secgroup",
            "region": "",
            "tags": null,
            "tenant_id": "a04419c07de1428ba9f58093b1b52ef3",
            "timeouts": null
          },
          "sensitive_attributes": [],
          "private": "eyJlMmJmYjczMC1lY2FhLTExZTYtOGY4OC0zNDM2M2JjN2M0YzAiOnsiZGVsZXRlIjo2MDAwMDAwMDAwMDB9fQ==",
          "dependencies": [
            "module.homelab.data.openstack_identity_project_v3.management_project"
          ]
        }
      ]
    },
    {
      "module": "module.homelab",
      "mode": "managed",
      "type": "openstack_networking_subnet_v2",
      "name": "blueteam_homelab_subnet",
      "provider": "provider[\"registry.terraform.io/terraform-provider-openstack/openstack\"]",
      "instances": [
        {
          "schema_version": 0,
          "attributes": {
            "all_tags": [],
            "allocation_pool": [
              {
                "end": "10.1.0.250",
                "start": "10.1.0.200"
              }
            ],
            "allocation_pools": [
              {
                "end": "10.1.0.250",
                "start": "10.1.0.200"
              }
            ],
            "cidr": "10.1.0.0/24",
            "description": "",
            "dns_nameservers": [
              "10.100.0.3",
              "1.1.1.1",
              "1.0.0.1"
            ],
            "enable_dhcp": true,
            "gateway_ip": "10.1.0.254",
            "host_routes": [],
            "id": "6e4965a6-dcf4-4003-ac8a-cb861a6257e0",
            "ip_version": 4,
            "ipv6_address_mode": "",
            "ipv6_ra_mode": "",
            "name": "Blueteam Homelab Subnet",
            "network_id": "da40ad0e-661a-4400-9d12-bc5bd9f62b8e",
            "no_gateway": false,
            "prefix_length": null,
            "region": "",
            "subnetpool_id": "",
            "tags": null,
            "tenant_id": "a04419c07de1428ba9f58093b1b52ef3",
            "timeouts": null,
            "value_specs": null
          },
          "sensitive_attributes": [],
          "private": "eyJlMmJmYjczMC1lY2FhLTExZTYtOGY4OC0zNDM2M2JjN2M0YzAiOnsiY3JlYXRlIjo2MDAwMDAwMDAwMDAsImRlbGV0ZSI6NjAwMDAwMDAwMDAwfX0=",
          "dependencies": [
            "module.homelab.openstack_networking_network_v2.blueteam_homelab"
          ]
        }
      ]
    },
    {
      "module": "module.kitchen",
      "mode": "data",
      "type": "openstack_identity_project_v3",
      "name": "management_project",
      "provider": "provider[\"registry.terraform.io/terraform-provider-openstack/openstack\"]",
      "instances": [
        {
          "schema_version": 0,
          "attributes": {
            "description": "Project to build infrastructure for competition",
            "domain_id": "default",
            "enabled": true,
            "id": "a04419c07de1428ba9f58093b1b52ef3",
            "is_domain": false,
            "name": "charlie-infra",
            "parent_id": "default",
            "region": null,
            "tags": []
          },
          "sensitive_attributes": []
        }
      ]
    },
    {
      "module": "module.kitchen",
      "mode": "data",
      "type": "openstack_networking_network_v2",
      "name": "competition_cloud_network",
      "provider": "provider[\"registry.terraform.io/terraform-provider-openstack/openstack\"]",
      "instances": [
        {
          "schema_version": 0,
          "attributes": {
            "admin_state_up": "true",
            "all_tags": [],
            "availability_zone_hints": [],
            "description": "",
            "dns_domain": "",
            "external": false,
            "id": "0563761b-dfcd-42bd-8c22-5b1ec0ecff34",
            "matching_subnet_cidr": null,
            "mtu": 8942,
            "name": "Competition Cloud Network",
            "network_id": null,
            "region": "",
            "shared": "false",
            "status": null,
            "subnets": [
              "a2d83ef6-a1a8-4e3c-a821-107fd9fc96a5"
            ],
            "tags": null,
            "tenant_id": "a04419c07de1428ba9f58093b1b52ef3",
            "transparent_vlan": false
          },
          "sensitive_attributes": []
        }
      ]
    },
    {
      "module": "module.kitchen",
      "mode": "data",
      "type": "openstack_networking_router_v2",
      "name": "core_router",
      "provider": "provider[\"registry.terraform.io/terraform-provider-openstack/openstack\"]",
      "instances": [
        {
          "schema_version": 0,
          "attributes": {
            "admin_state_up": true,
            "all_tags": [],
            "availability_zone_hints": [],
            "description": "",
            "distributed": false,
            "enable_snat": true,
            "external_fixed_ip": [
              {
                "ip_address": "129.21.249.186",
                "subnet_id": "69f14ecc-2bad-412e-abf1-24c90da9be5e"
              }
            ],
            "external_network_id": "d96988a6-c388-4032-8067-0b89d572cad0",
            "id": "b7ac7325-5564-45b0-a821-4eb1bde51abd",
            "name": "Core Router",
            "region": "",
            "router_id": null,
            "status": "ACTIVE",
            "tags": null,
            "tenant_id": "a04419c07de1428ba9f58093b1b52ef3"
          },
          "sensitive_attributes": []
        }
      ]
    },
    {
      "module": "module.kitchen",
      "mode": "data",
      "type": "openstack_networking_secgroup_v2",
      "name": "default_secgroup",
      "provider": "provider[\"registry.terraform.io/terraform-provider-openstack/openstack\"]",
      "instances": [
        {
          "schema_version": 0,
          "attributes": {
            "all_tags": [],
            "description": "Default security group",
            "id": "df7d77a2-adf9-433c-9e4f-240ebebb8ed5",
            "name": "default",
            "region": "",
            "secgroup_id": "df7d77a2-adf9-433c-9e4f-240ebebb8ed5",
            "tags": null,
            "tenant_id": "a04419c07de1428ba9f58093b1b52ef3"
          },
          "sensitive_attributes": []
        }
      ]
    },
    {
      "module": "module.kitchen",
      "mode": "managed",
      "type": "openstack_blockstorage_volume_v3",
      "name": "team_volumes",
      "provider": "provider[\"registry.terraform.io/terraform-provider-openstack/openstack\"]",
      "instances": [
        {
          "index_key": "cabinet",
          "schema_version": 0,
          "attributes": {
            "attachment": [],
            "availability_zone": "nova",
            "consistency_group_id": null,
            "description": "",
            "enable_online_resize": null,
            "id": "92b6e6f5-9e34-4828-9522-98af8e350fd4",
            "image_id": "5b9a2ab5-215b-4425-aaa9-32b4fcbe1955",
            "metadata": {},
            "multiattach": null,
            "name": "cabinet.blueteam.thanksgiving.dinner-volume",
            "region": "",
            "scheduler_hints": [],
            "size": 20,
            "snapshot_id": "",
            "source_replica": null,
            "source_vol_id": "",
            "timeouts": {
              "create": "30m",
              "delete": null
            },
            "volume_type": "__DEFAULT__"
          },
          "sensitive_attributes": [],
          "private": "eyJlMmJmYjczMC1lY2FhLTExZTYtOGY4OC0zNDM2M2JjN2M0YzAiOnsiY3JlYXRlIjoxODAwMDAwMDAwMDAwLCJkZWxldGUiOjYwMDAwMDAwMDAwMH19",
          "dependencies": [
            "data.openstack_compute_flavor_v2.flavor_linux_tiny",
            "data.openstack_images_image_v2.image_linux_openwrt"
          ]
        },
        {
          "index_key": "freezer",
          "schema_version": 0,
          "attributes": {
            "attachment": [],
            "availability_zone": "nova",
            "consistency_group_id": null,
            "description": "",
            "enable_online_resize": null,
            "id": "3d56d379-87c0-43cb-b4c2-bdbae15b9f12",
            "image_id": "5b9a2ab5-215b-4425-aaa9-32b4fcbe1955",
            "metadata": {},
            "multiattach": null,
            "name": "freezer.blueteam.thanksgiving.dinner-volume",
            "region": "",
            "scheduler_hints": [],
            "size": 20,
            "snapshot_id": "",
            "source_replica": null,
            "source_vol_id": "",
            "timeouts": {
              "create": "30m",
              "delete": null
            },
            "volume_type": "__DEFAULT__"
          },
          "sensitive_attributes": [],
          "private": "eyJlMmJmYjczMC1lY2FhLTExZTYtOGY4OC0zNDM2M2JjN2M0YzAiOnsiY3JlYXRlIjoxODAwMDAwMDAwMDAwLCJkZWxldGUiOjYwMDAwMDAwMDAwMH19",
          "dependencies": [
            "data.openstack_compute_flavor_v2.flavor_linux_tiny",
            "data.openstack_images_image_v2.image_linux_openwrt"
          ]
        },
        {
          "index_key": "fridge",
          "schema_version": 0,
          "attributes": {
            "attachment": [],
            "availability_zone": "nova",
            "consistency_group_id": null,
            "description": "",
            "enable_online_resize": null,
            "id": "d01f52bb-cd71-4b7e-89be-55cfd5f74347",
            "image_id": "5b9a2ab5-215b-4425-aaa9-32b4fcbe1955",
            "metadata": {},
            "multiattach": null,
            "name": "fridge.blueteam.thanksgiving.dinner-volume",
            "region": "",
            "scheduler_hints": [],
            "size": 20,
            "snapshot_id": "",
            "source_replica": null,
            "source_vol_id": "",
            "timeouts": {
              "create": "30m",
              "delete": null
            },
            "volume_type": "__DEFAULT__"
          },
          "sensitive_attributes": [],
          "private": "eyJlMmJmYjczMC1lY2FhLTExZTYtOGY4OC0zNDM2M2JjN2M0YzAiOnsiY3JlYXRlIjoxODAwMDAwMDAwMDAwLCJkZWxldGUiOjYwMDAwMDAwMDAwMH19",
          "dependencies": [
            "data.openstack_compute_flavor_v2.flavor_linux_tiny",
            "data.openstack_images_image_v2.image_linux_openwrt"
          ]
        },
        {
          "index_key": "lights",
          "schema_version": 0,
          "attributes": {
            "attachment": [],
            "availability_zone": "nova",
            "consistency_group_id": null,
            "description": "",
            "enable_online_resize": null,
            "id": "8ec88136-6da4-4ddd-90ff-09a8024a78f4",
            "image_id": "5b9a2ab5-215b-4425-aaa9-32b4fcbe1955",
            "metadata": {},
            "multiattach": null,
            "name": "lights.blueteam.thanksgiving.dinner-volume",
            "region": "",
            "scheduler_hints": [],
            "size": 20,
            "snapshot_id": "",
            "source_replica": null,
            "source_vol_id": "",
            "timeouts": {
              "create": "30m",
              "delete": null
            },
            "volume_type": "__DEFAULT__"
          },
          "sensitive_attributes": [],
          "private": "eyJlMmJmYjczMC1lY2FhLTExZTYtOGY4OC0zNDM2M2JjN2M0YzAiOnsiY3JlYXRlIjoxODAwMDAwMDAwMDAwLCJkZWxldGUiOjYwMDAwMDAwMDAwMH19",
          "dependencies": [
            "data.openstack_compute_flavor_v2.flavor_linux_tiny",
            "data.openstack_images_image_v2.image_linux_openwrt"
          ]
        },
        {
          "index_key": "oven",
          "schema_version": 0,
          "attributes": {
            "attachment": [],
            "availability_zone": "nova",
            "consistency_group_id": null,
            "description": "",
            "enable_online_resize": null,
            "id": "03f023a7-1496-4724-93bc-05bce9de4a0c",
            "image_id": "5b9a2ab5-215b-4425-aaa9-32b4fcbe1955",
            "metadata": {},
            "multiattach": null,
            "name": "oven.blueteam.thanksgiving.dinner-volume",
            "region": "",
            "scheduler_hints": [],
            "size": 20,
            "snapshot_id": "",
            "source_replica": null,
            "source_vol_id": "",
            "timeouts": {
              "create": "30m",
              "delete": null
            },
            "volume_type": "__DEFAULT__"
          },
          "sensitive_attributes": [],
          "private": "eyJlMmJmYjczMC1lY2FhLTExZTYtOGY4OC0zNDM2M2JjN2M0YzAiOnsiY3JlYXRlIjoxODAwMDAwMDAwMDAwLCJkZWxldGUiOjYwMDAwMDAwMDAwMH19",
          "dependencies": [
            "data.openstack_compute_flavor_v2.flavor_linux_tiny",
            "data.openstack_images_image_v2.image_linux_openwrt"
          ]
        }
      ]
    },
    {
      "module": "module.kitchen",
      "mode": "managed",
      "type": "openstack_compute_instance_v2",
      "name": "team_kitchen_instance",
      "provider": "provider[\"registry.terraform.io/terraform-provider-openstack/openstack\"]",
      "instances": [
        {
          "index_key": "cabinet",
          "schema_version": 0,
          "attributes": {
            "access_ip_v4": "10.2.0.2",
            "access_ip_v6": "",
            "admin_pass": null,
            "all_metadata": {},
            "all_tags": [
              "blueteam-cabinet",
              "kitchen",
              "project-ThanksgivingThrowdown-blueteam",
              "project-management"
            ],
            "availability_zone": "host08",
            "availability_zone_hints": null,
            "block_device": [
              {
                "boot_index": 0,
                "delete_on_termination": true,
                "destination_type": "volume",
                "device_type": "",
                "disk_bus": "",
                "guest_format": "",
                "source_type": "volume",
                "uuid": "92b6e6f5-9e34-4828-9522-98af8e350fd4",
                "volume_size": 20,
                "volume_type": ""
              }
            ],
            "config_drive": null,
            "flavor_id": "c992e0ef-8070-4d97-b54b-139ce7ceeebb",
            "flavor_name": "tiny",
            "floating_ip": null,
            "force_delete": false,
            "id": "ad2a9ebb-80ec-4d35-b7a1-4dede8a2744a",
            "image_id": "Attempt to boot from volume - no image supplied",
            "image_name": null,
            "key_pair": "",
            "metadata": null,
            "name": "cabinet.blueteam.thanksgiving.dinner",
            "network": [
              {
                "access_network": false,
                "fixed_ip_v4": "10.2.0.2",
                "fixed_ip_v6": "",
                "floating_ip": "",
                "mac": "fa:16:3e:55:d3:c9",
                "name": "Competition Cloud Network",
                "port": "adfb84f4-f80f-46e1-8f69-feb811770dcf",
                "uuid": "0563761b-dfcd-42bd-8c22-5b1ec0ecff34"
              }
            ],
            "network_mode": null,
            "personality": [],
            "power_state": "active",
            "region": "",
            "scheduler_hints": [],
            "security_groups": [
              "Blueteam Kitchen Secgroup",
              "default"
            ],
            "stop_before_destroy": false,
            "tags": [
              "blueteam-cabinet",
              "kitchen",
              "project-ThanksgivingThrowdown-blueteam",
              "project-management"
            ],
            "timeouts": null,
            "user_data": null,
            "vendor_options": [],
            "volume": []
          },
          "sensitive_attributes": [],
          "private": "eyJlMmJmYjczMC1lY2FhLTExZTYtOGY4OC0zNDM2M2JjN2M0YzAiOnsiY3JlYXRlIjoxODAwMDAwMDAwMDAwLCJkZWxldGUiOjE4MDAwMDAwMDAwMDAsInVwZGF0ZSI6MTgwMDAwMDAwMDAwMH19",
          "dependencies": [
            "data.openstack_compute_flavor_v2.flavor_linux_tiny",
            "data.openstack_images_image_v2.image_linux_openwrt",
            "module.kitchen.data.openstack_identity_project_v3.management_project",
            "module.kitchen.data.openstack_networking_network_v2.competition_cloud_network",
            "module.kitchen.data.openstack_networking_secgroup_v2.default_secgroup",
            "module.kitchen.openstack_blockstorage_volume_v3.team_volumes",
            "module.kitchen.openstack_networking_port_v2.cabinet_port",
            "module.kitchen.openstack_networking_port_v2.freezer_port",
            "module.kitchen.openstack_networking_port_v2.fridge_port",
            "module.kitchen.openstack_networking_port_v2.lights_port",
            "module.kitchen.openstack_networking_port_v2.oven_port",
            "module.kitchen.openstack_networking_secgroup_v2.blueteam_kitchen_secgroup",
            "module.kitchen.openstack_networking_subnet_v2.blueteam_kitchen_subnet"
          ]
        },
        {
          "index_key": "freezer",
          "schema_version": 0,
          "attributes": {
            "access_ip_v4": "10.2.0.5",
            "access_ip_v6": "",
            "admin_pass": null,
            "all_metadata": {},
            "all_tags": [
              "blueteam-freezer",
              "kitchen",
              "project-ThanksgivingThrowdown-blueteam",
              "project-management"
            ],
            "availability_zone": "host08",
            "availability_zone_hints": null,
            "block_device": [
              {
                "boot_index": 0,
                "delete_on_termination": true,
                "destination_type": "volume",
                "device_type": "",
                "disk_bus": "",
                "guest_format": "",
                "source_type": "volume",
                "uuid": "3d56d379-87c0-43cb-b4c2-bdbae15b9f12",
                "volume_size": 20,
                "volume_type": ""
              }
            ],
            "config_drive": null,
            "flavor_id": "c992e0ef-8070-4d97-b54b-139ce7ceeebb",
            "flavor_name": "tiny",
            "floating_ip": null,
            "force_delete": false,
            "id": "dddea4e5-491b-478e-8ff8-687461fde2c0",
            "image_id": "Attempt to boot from volume - no image supplied",
            "image_name": null,
            "key_pair": "",
            "metadata": null,
            "name": "freezer.blueteam.thanksgiving.dinner",
            "network": [
              {
                "access_network": false,
                "fixed_ip_v4": "10.2.0.5",
                "fixed_ip_v6": "",
                "floating_ip": "",
                "mac": "fa:16:3e:6a:7e:75",
                "name": "Competition Cloud Network",
                "port": "6e539cc7-da83-4e08-9817-d0fd809d1f03",
                "uuid": "0563761b-dfcd-42bd-8c22-5b1ec0ecff34"
              }
            ],
            "network_mode": null,
            "personality": [],
            "power_state": "active",
            "region": "",
            "scheduler_hints": [],
            "security_groups": [
              "Blueteam Kitchen Secgroup",
              "default"
            ],
            "stop_before_destroy": false,
            "tags": [
              "blueteam-freezer",
              "kitchen",
              "project-ThanksgivingThrowdown-blueteam",
              "project-management"
            ],
            "timeouts": null,
            "user_data": null,
            "vendor_options": [],
            "volume": []
          },
          "sensitive_attributes": [],
          "private": "eyJlMmJmYjczMC1lY2FhLTExZTYtOGY4OC0zNDM2M2JjN2M0YzAiOnsiY3JlYXRlIjoxODAwMDAwMDAwMDAwLCJkZWxldGUiOjE4MDAwMDAwMDAwMDAsInVwZGF0ZSI6MTgwMDAwMDAwMDAwMH19",
          "dependencies": [
            "data.openstack_compute_flavor_v2.flavor_linux_tiny",
            "data.openstack_images_image_v2.image_linux_openwrt",
            "module.kitchen.data.openstack_identity_project_v3.management_project",
            "module.kitchen.data.openstack_networking_network_v2.competition_cloud_network",
            "module.kitchen.data.openstack_networking_secgroup_v2.default_secgroup",
            "module.kitchen.openstack_blockstorage_volume_v3.team_volumes",
            "module.kitchen.openstack_networking_port_v2.cabinet_port",
            "module.kitchen.openstack_networking_port_v2.freezer_port",
            "module.kitchen.openstack_networking_port_v2.fridge_port",
            "module.kitchen.openstack_networking_port_v2.lights_port",
            "module.kitchen.openstack_networking_port_v2.oven_port",
            "module.kitchen.openstack_networking_secgroup_v2.blueteam_kitchen_secgroup",
            "module.kitchen.openstack_networking_subnet_v2.blueteam_kitchen_subnet"
          ]
        },
        {
          "index_key": "fridge",
          "schema_version": 0,
          "attributes": {
            "access_ip_v4": "10.2.0.1",
            "access_ip_v6": "",
            "admin_pass": null,
            "all_metadata": {},
            "all_tags": [
              "blueteam-fridge",
              "kitchen",
              "project-ThanksgivingThrowdown-blueteam",
              "project-management"
            ],
            "availability_zone": "host08",
            "availability_zone_hints": null,
            "block_device": [
              {
                "boot_index": 0,
                "delete_on_termination": true,
                "destination_type": "volume",
                "device_type": "",
                "disk_bus": "",
                "guest_format": "",
                "source_type": "volume",
                "uuid": "d01f52bb-cd71-4b7e-89be-55cfd5f74347",
                "volume_size": 20,
                "volume_type": ""
              }
            ],
            "config_drive": null,
            "flavor_id": "c992e0ef-8070-4d97-b54b-139ce7ceeebb",
            "flavor_name": "tiny",
            "floating_ip": null,
            "force_delete": false,
            "id": "9b927004-2496-4e90-82a8-397d5a192394",
            "image_id": "Attempt to boot from volume - no image supplied",
            "image_name": null,
            "key_pair": "",
            "metadata": null,
            "name": "fridge.blueteam.thanksgiving.dinner",
            "network": [
              {
                "access_network": false,
                "fixed_ip_v4": "10.2.0.1",
                "fixed_ip_v6": "",
                "floating_ip": "",
                "mac": "fa:16:3e:73:b8:b4",
                "name": "Competition Cloud Network",
                "port": "6504d21c-f68e-4dcc-8ceb-29caae3074ab",
                "uuid": "0563761b-dfcd-42bd-8c22-5b1ec0ecff34"
              }
            ],
            "network_mode": null,
            "personality": [],
            "power_state": "active",
            "region": "",
            "scheduler_hints": [],
            "security_groups": [
              "Blueteam Kitchen Secgroup",
              "default"
            ],
            "stop_before_destroy": false,
            "tags": [
              "blueteam-fridge",
              "kitchen",
              "project-ThanksgivingThrowdown-blueteam",
              "project-management"
            ],
            "timeouts": null,
            "user_data": null,
            "vendor_options": [],
            "volume": []
          },
          "sensitive_attributes": [],
          "private": "eyJlMmJmYjczMC1lY2FhLTExZTYtOGY4OC0zNDM2M2JjN2M0YzAiOnsiY3JlYXRlIjoxODAwMDAwMDAwMDAwLCJkZWxldGUiOjE4MDAwMDAwMDAwMDAsInVwZGF0ZSI6MTgwMDAwMDAwMDAwMH19",
          "dependencies": [
            "data.openstack_compute_flavor_v2.flavor_linux_tiny",
            "data.openstack_images_image_v2.image_linux_openwrt",
            "module.kitchen.data.openstack_identity_project_v3.management_project",
            "module.kitchen.data.openstack_networking_network_v2.competition_cloud_network",
            "module.kitchen.data.openstack_networking_secgroup_v2.default_secgroup",
            "module.kitchen.openstack_blockstorage_volume_v3.team_volumes",
            "module.kitchen.openstack_networking_port_v2.cabinet_port",
            "module.kitchen.openstack_networking_port_v2.freezer_port",
            "module.kitchen.openstack_networking_port_v2.fridge_port",
            "module.kitchen.openstack_networking_port_v2.lights_port",
            "module.kitchen.openstack_networking_port_v2.oven_port",
            "module.kitchen.openstack_networking_secgroup_v2.blueteam_kitchen_secgroup",
            "module.kitchen.openstack_networking_subnet_v2.blueteam_kitchen_subnet"
          ]
        },
        {
          "index_key": "lights",
          "schema_version": 0,
          "attributes": {
            "access_ip_v4": "10.2.0.4",
            "access_ip_v6": "",
            "admin_pass": null,
            "all_metadata": {},
            "all_tags": [
              "blueteam-lights",
              "kitchen",
              "project-ThanksgivingThrowdown-blueteam",
              "project-management"
            ],
            "availability_zone": "host08",
            "availability_zone_hints": null,
            "block_device": [
              {
                "boot_index": 0,
                "delete_on_termination": true,
                "destination_type": "volume",
                "device_type": "",
                "disk_bus": "",
                "guest_format": "",
                "source_type": "volume",
                "uuid": "8ec88136-6da4-4ddd-90ff-09a8024a78f4",
                "volume_size": 20,
                "volume_type": ""
              }
            ],
            "config_drive": null,
            "flavor_id": "c992e0ef-8070-4d97-b54b-139ce7ceeebb",
            "flavor_name": "tiny",
            "floating_ip": null,
            "force_delete": false,
            "id": "fcaff967-7619-4c0d-b832-095c6fec7bd2",
            "image_id": "Attempt to boot from volume - no image supplied",
            "image_name": null,
            "key_pair": "",
            "metadata": null,
            "name": "lights.blueteam.thanksgiving.dinner",
            "network": [
              {
                "access_network": false,
                "fixed_ip_v4": "10.2.0.4",
                "fixed_ip_v6": "",
                "floating_ip": "",
                "mac": "fa:16:3e:a0:d4:44",
                "name": "Competition Cloud Network",
                "port": "11766a83-aad7-4b6f-9d7e-29579a6d561d",
                "uuid": "0563761b-dfcd-42bd-8c22-5b1ec0ecff34"
              }
            ],
            "network_mode": null,
            "personality": [],
            "power_state": "active",
            "region": "",
            "scheduler_hints": [],
            "security_groups": [
              "Blueteam Kitchen Secgroup",
              "default"
            ],
            "stop_before_destroy": false,
            "tags": [
              "blueteam-lights",
              "kitchen",
              "project-ThanksgivingThrowdown-blueteam",
              "project-management"
            ],
            "timeouts": null,
            "user_data": null,
            "vendor_options": [],
            "volume": []
          },
          "sensitive_attributes": [],
          "private": "eyJlMmJmYjczMC1lY2FhLTExZTYtOGY4OC0zNDM2M2JjN2M0YzAiOnsiY3JlYXRlIjoxODAwMDAwMDAwMDAwLCJkZWxldGUiOjE4MDAwMDAwMDAwMDAsInVwZGF0ZSI6MTgwMDAwMDAwMDAwMH19",
          "dependencies": [
            "data.openstack_compute_flavor_v2.flavor_linux_tiny",
            "data.openstack_images_image_v2.image_linux_openwrt",
            "module.kitchen.data.openstack_identity_project_v3.management_project",
            "module.kitchen.data.openstack_networking_network_v2.competition_cloud_network",
            "module.kitchen.data.openstack_networking_secgroup_v2.default_secgroup",
            "module.kitchen.openstack_blockstorage_volume_v3.team_volumes",
            "module.kitchen.openstack_networking_port_v2.cabinet_port",
            "module.kitchen.openstack_networking_port_v2.freezer_port",
            "module.kitchen.openstack_networking_port_v2.fridge_port",
            "module.kitchen.openstack_networking_port_v2.lights_port",
            "module.kitchen.openstack_networking_port_v2.oven_port",
            "module.kitchen.openstack_networking_secgroup_v2.blueteam_kitchen_secgroup",
            "module.kitchen.openstack_networking_subnet_v2.blueteam_kitchen_subnet"
          ]
        },
        {
          "index_key": "oven",
          "schema_version": 0,
          "attributes": {
            "access_ip_v4": "10.2.0.3",
            "access_ip_v6": "",
            "admin_pass": null,
            "all_metadata": {},
            "all_tags": [
              "blueteam-oven",
              "kitchen",
              "project-ThanksgivingThrowdown-blueteam",
              "project-management"
            ],
            "availability_zone": "host08",
            "availability_zone_hints": null,
            "block_device": [
              {
                "boot_index": 0,
                "delete_on_termination": true,
                "destination_type": "volume",
                "device_type": "",
                "disk_bus": "",
                "guest_format": "",
                "source_type": "volume",
                "uuid": "03f023a7-1496-4724-93bc-05bce9de4a0c",
                "volume_size": 20,
                "volume_type": ""
              }
            ],
            "config_drive": null,
            "flavor_id": "c992e0ef-8070-4d97-b54b-139ce7ceeebb",
            "flavor_name": "tiny",
            "floating_ip": null,
            "force_delete": false,
            "id": "0c538fe8-726b-4d2d-bfcb-c8fee2f4937f",
            "image_id": "Attempt to boot from volume - no image supplied",
            "image_name": null,
            "key_pair": "",
            "metadata": null,
            "name": "oven.blueteam.thanksgiving.dinner",
            "network": [
              {
                "access_network": false,
                "fixed_ip_v4": "10.2.0.3",
                "fixed_ip_v6": "",
                "floating_ip": "",
                "mac": "fa:16:3e:b3:25:d1",
                "name": "Competition Cloud Network",
                "port": "3647d38e-6f42-4cc9-9190-6eb1114a80e7",
                "uuid": "0563761b-dfcd-42bd-8c22-5b1ec0ecff34"
              }
            ],
            "network_mode": null,
            "personality": [],
            "power_state": "active",
            "region": "",
            "scheduler_hints": [],
            "security_groups": [
              "Blueteam Kitchen Secgroup",
              "default"
            ],
            "stop_before_destroy": false,
            "tags": [
              "blueteam-oven",
              "kitchen",
              "project-ThanksgivingThrowdown-blueteam",
              "project-management"
            ],
            "timeouts": null,
            "user_data": null,
            "vendor_options": [],
            "volume": []
          },
          "sensitive_attributes": [],
          "private": "eyJlMmJmYjczMC1lY2FhLTExZTYtOGY4OC0zNDM2M2JjN2M0YzAiOnsiY3JlYXRlIjoxODAwMDAwMDAwMDAwLCJkZWxldGUiOjE4MDAwMDAwMDAwMDAsInVwZGF0ZSI6MTgwMDAwMDAwMDAwMH19",
          "dependencies": [
            "data.openstack_compute_flavor_v2.flavor_linux_tiny",
            "data.openstack_images_image_v2.image_linux_openwrt",
            "module.kitchen.data.openstack_identity_project_v3.management_project",
            "module.kitchen.data.openstack_networking_network_v2.competition_cloud_network",
            "module.kitchen.data.openstack_networking_secgroup_v2.default_secgroup",
            "module.kitchen.openstack_blockstorage_volume_v3.team_volumes",
            "module.kitchen.openstack_networking_port_v2.cabinet_port",
            "module.kitchen.openstack_networking_port_v2.freezer_port",
            "module.kitchen.openstack_networking_port_v2.fridge_port",
            "module.kitchen.openstack_networking_port_v2.lights_port",
            "module.kitchen.openstack_networking_port_v2.oven_port",
            "module.kitchen.openstack_networking_secgroup_v2.blueteam_kitchen_secgroup",
            "module.kitchen.openstack_networking_subnet_v2.blueteam_kitchen_subnet"
          ]
        }
      ]
    },
    {
      "module": "module.kitchen",
      "mode": "managed",
      "type": "openstack_networking_port_v2",
      "name": "blueteam_kitchen_subnet_port",
      "provider": "provider[\"registry.terraform.io/terraform-provider-openstack/openstack\"]",
      "instances": [
        {
          "schema_version": 0,
          "attributes": {
            "admin_state_up": true,
            "all_fixed_ips": [
              "10.2.0.254"
            ],
            "all_security_group_ids": [],
            "all_tags": [],
            "allowed_address_pairs": [],
            "binding": [
              {
                "host_id": "",
                "profile": "",
                "vif_details": {},
                "vif_type": "",
                "vnic_type": "normal"
              }
            ],
            "description": "",
            "device_id": "",
            "device_owner": "",
            "dns_assignment": [],
            "dns_name": "",
            "extra_dhcp_option": [],
            "fixed_ip": [
              {
                "ip_address": "10.2.0.254",
                "subnet_id": "ae67b106-2016-4095-a336-daae1a2629ec"
              }
            ],
            "id": "860d04ac-fc9b-4134-b970-c79e460ae5ae",
            "mac_address": "fa:16:3e:50:db:e6",
            "name": "Blueteam Kitchen Port",
            "network_id": "0563761b-dfcd-42bd-8c22-5b1ec0ecff34",
            "no_fixed_ip": null,
            "no_security_groups": null,
            "port_security_enabled": false,
            "qos_policy_id": "",
            "region": "",
            "security_group_ids": null,
            "tags": null,
            "tenant_id": "a04419c07de1428ba9f58093b1b52ef3",
            "timeouts": null,
            "value_specs": null
          },
          "sensitive_attributes": [],
          "private": "eyJlMmJmYjczMC1lY2FhLTExZTYtOGY4OC0zNDM2M2JjN2M0YzAiOnsiY3JlYXRlIjo2MDAwMDAwMDAwMDAsImRlbGV0ZSI6NjAwMDAwMDAwMDAwfX0=",
          "dependencies": [
            "module.kitchen.data.openstack_networking_network_v2.competition_cloud_network",
            "module.kitchen.openstack_networking_subnet_v2.blueteam_kitchen_subnet"
          ]
        }
      ]
    },
    {
      "module": "module.kitchen",
      "mode": "managed",
      "type": "openstack_networking_port_v2",
      "name": "cabinet_port",
      "provider": "provider[\"registry.terraform.io/terraform-provider-openstack/openstack\"]",
      "instances": [
        {
          "schema_version": 0,
          "attributes": {
            "admin_state_up": true,
            "all_fixed_ips": [
              "10.2.0.2"
            ],
            "all_security_group_ids": [
              "3b8d2ec7-6926-448f-aabb-04df49781950",
              "df7d77a2-adf9-433c-9e4f-240ebebb8ed5"
            ],
            "all_tags": [],
            "allowed_address_pairs": [],
            "binding": [
              {
                "host_id": "",
                "profile": "",
                "vif_details": {},
                "vif_type": "",
                "vnic_type": "normal"
              }
            ],
            "description": "",
            "device_id": "",
            "device_owner": "",
            "dns_assignment": [],
            "dns_name": "",
            "extra_dhcp_option": [],
            "fixed_ip": [
              {
                "ip_address": "10.2.0.2",
                "subnet_id": "ae67b106-2016-4095-a336-daae1a2629ec"
              }
            ],
            "id": "adfb84f4-f80f-46e1-8f69-feb811770dcf",
            "mac_address": "fa:16:3e:55:d3:c9",
            "name": "Blueteam Kitchen Cabinet",
            "network_id": "0563761b-dfcd-42bd-8c22-5b1ec0ecff34",
            "no_fixed_ip": null,
            "no_security_groups": null,
            "port_security_enabled": true,
            "qos_policy_id": "",
            "region": "",
            "security_group_ids": [
              "3b8d2ec7-6926-448f-aabb-04df49781950",
              "df7d77a2-adf9-433c-9e4f-240ebebb8ed5"
            ],
            "tags": null,
            "tenant_id": "a04419c07de1428ba9f58093b1b52ef3",
            "timeouts": null,
            "value_specs": null
          },
          "sensitive_attributes": [],
          "private": "eyJlMmJmYjczMC1lY2FhLTExZTYtOGY4OC0zNDM2M2JjN2M0YzAiOnsiY3JlYXRlIjo2MDAwMDAwMDAwMDAsImRlbGV0ZSI6NjAwMDAwMDAwMDAwfX0=",
          "dependencies": [
            "module.kitchen.data.openstack_identity_project_v3.management_project",
            "module.kitchen.data.openstack_networking_network_v2.competition_cloud_network",
            "module.kitchen.data.openstack_networking_secgroup_v2.default_secgroup",
            "module.kitchen.openstack_networking_secgroup_v2.blueteam_kitchen_secgroup",
            "module.kitchen.openstack_networking_subnet_v2.blueteam_kitchen_subnet"
          ]
        }
      ]
    },
    {
      "module": "module.kitchen",
      "mode": "managed",
      "type": "openstack_networking_port_v2",
      "name": "freezer_port",
      "provider": "provider[\"registry.terraform.io/terraform-provider-openstack/openstack\"]",
      "instances": [
        {
          "schema_version": 0,
          "attributes": {
            "admin_state_up": true,
            "all_fixed_ips": [
              "10.2.0.5"
            ],
            "all_security_group_ids": [
              "3b8d2ec7-6926-448f-aabb-04df49781950",
              "df7d77a2-adf9-433c-9e4f-240ebebb8ed5"
            ],
            "all_tags": [],
            "allowed_address_pairs": [],
            "binding": [
              {
                "host_id": "",
                "profile": "",
                "vif_details": {},
                "vif_type": "",
                "vnic_type": "normal"
              }
            ],
            "description": "",
            "device_id": "",
            "device_owner": "",
            "dns_assignment": [],
            "dns_name": "",
            "extra_dhcp_option": [],
            "fixed_ip": [
              {
                "ip_address": "10.2.0.5",
                "subnet_id": "ae67b106-2016-4095-a336-daae1a2629ec"
              }
            ],
            "id": "6e539cc7-da83-4e08-9817-d0fd809d1f03",
            "mac_address": "fa:16:3e:6a:7e:75",
            "name": "Blueteam Kitchen Freezer",
            "network_id": "0563761b-dfcd-42bd-8c22-5b1ec0ecff34",
            "no_fixed_ip": null,
            "no_security_groups": null,
            "port_security_enabled": true,
            "qos_policy_id": "",
            "region": "",
            "security_group_ids": [
              "3b8d2ec7-6926-448f-aabb-04df49781950",
              "df7d77a2-adf9-433c-9e4f-240ebebb8ed5"
            ],
            "tags": null,
            "tenant_id": "a04419c07de1428ba9f58093b1b52ef3",
            "timeouts": null,
            "value_specs": null
          },
          "sensitive_attributes": [],
          "private": "eyJlMmJmYjczMC1lY2FhLTExZTYtOGY4OC0zNDM2M2JjN2M0YzAiOnsiY3JlYXRlIjo2MDAwMDAwMDAwMDAsImRlbGV0ZSI6NjAwMDAwMDAwMDAwfX0=",
          "dependencies": [
            "module.kitchen.data.openstack_identity_project_v3.management_project",
            "module.kitchen.data.openstack_networking_network_v2.competition_cloud_network",
            "module.kitchen.data.openstack_networking_secgroup_v2.default_secgroup",
            "module.kitchen.openstack_networking_secgroup_v2.blueteam_kitchen_secgroup",
            "module.kitchen.openstack_networking_subnet_v2.blueteam_kitchen_subnet"
          ]
        }
      ]
    },
    {
      "module": "module.kitchen",
      "mode": "managed",
      "type": "openstack_networking_port_v2",
      "name": "fridge_port",
      "provider": "provider[\"registry.terraform.io/terraform-provider-openstack/openstack\"]",
      "instances": [
        {
          "schema_version": 0,
          "attributes": {
            "admin_state_up": true,
            "all_fixed_ips": [
              "10.2.0.1"
            ],
            "all_security_group_ids": [
              "3b8d2ec7-6926-448f-aabb-04df49781950",
              "df7d77a2-adf9-433c-9e4f-240ebebb8ed5"
            ],
            "all_tags": [],
            "allowed_address_pairs": [],
            "binding": [
              {
                "host_id": "",
                "profile": "",
                "vif_details": {},
                "vif_type": "",
                "vnic_type": "normal"
              }
            ],
            "description": "",
            "device_id": "",
            "device_owner": "",
            "dns_assignment": [],
            "dns_name": "",
            "extra_dhcp_option": [],
            "fixed_ip": [
              {
                "ip_address": "10.2.0.1",
                "subnet_id": "ae67b106-2016-4095-a336-daae1a2629ec"
              }
            ],
            "id": "6504d21c-f68e-4dcc-8ceb-29caae3074ab",
            "mac_address": "fa:16:3e:73:b8:b4",
            "name": "Blueteam Kitchen Fridge",
            "network_id": "0563761b-dfcd-42bd-8c22-5b1ec0ecff34",
            "no_fixed_ip": null,
            "no_security_groups": null,
            "port_security_enabled": true,
            "qos_policy_id": "",
            "region": "",
            "security_group_ids": [
              "3b8d2ec7-6926-448f-aabb-04df49781950",
              "df7d77a2-adf9-433c-9e4f-240ebebb8ed5"
            ],
            "tags": null,
            "tenant_id": "a04419c07de1428ba9f58093b1b52ef3",
            "timeouts": null,
            "value_specs": null
          },
          "sensitive_attributes": [],
          "private": "eyJlMmJmYjczMC1lY2FhLTExZTYtOGY4OC0zNDM2M2JjN2M0YzAiOnsiY3JlYXRlIjo2MDAwMDAwMDAwMDAsImRlbGV0ZSI6NjAwMDAwMDAwMDAwfX0=",
          "dependencies": [
            "module.kitchen.data.openstack_identity_project_v3.management_project",
            "module.kitchen.data.openstack_networking_network_v2.competition_cloud_network",
            "module.kitchen.data.openstack_networking_secgroup_v2.default_secgroup",
            "module.kitchen.openstack_networking_secgroup_v2.blueteam_kitchen_secgroup",
            "module.kitchen.openstack_networking_subnet_v2.blueteam_kitchen_subnet"
          ]
        }
      ]
    },
    {
      "module": "module.kitchen",
      "mode": "managed",
      "type": "openstack_networking_port_v2",
      "name": "lights_port",
      "provider": "provider[\"registry.terraform.io/terraform-provider-openstack/openstack\"]",
      "instances": [
        {
          "schema_version": 0,
          "attributes": {
            "admin_state_up": true,
            "all_fixed_ips": [
              "10.2.0.4"
            ],
            "all_security_group_ids": [
              "3b8d2ec7-6926-448f-aabb-04df49781950",
              "df7d77a2-adf9-433c-9e4f-240ebebb8ed5"
            ],
            "all_tags": [],
            "allowed_address_pairs": [],
            "binding": [
              {
                "host_id": "",
                "profile": "",
                "vif_details": {},
                "vif_type": "",
                "vnic_type": "normal"
              }
            ],
            "description": "",
            "device_id": "",
            "device_owner": "",
            "dns_assignment": [],
            "dns_name": "",
            "extra_dhcp_option": [],
            "fixed_ip": [
              {
                "ip_address": "10.2.0.4",
                "subnet_id": "ae67b106-2016-4095-a336-daae1a2629ec"
              }
            ],
            "id": "11766a83-aad7-4b6f-9d7e-29579a6d561d",
            "mac_address": "fa:16:3e:a0:d4:44",
            "name": "Blueteam Kitchen Lights",
            "network_id": "0563761b-dfcd-42bd-8c22-5b1ec0ecff34",
            "no_fixed_ip": null,
            "no_security_groups": null,
            "port_security_enabled": true,
            "qos_policy_id": "",
            "region": "",
            "security_group_ids": [
              "3b8d2ec7-6926-448f-aabb-04df49781950",
              "df7d77a2-adf9-433c-9e4f-240ebebb8ed5"
            ],
            "tags": null,
            "tenant_id": "a04419c07de1428ba9f58093b1b52ef3",
            "timeouts": null,
            "value_specs": null
          },
          "sensitive_attributes": [],
          "private": "eyJlMmJmYjczMC1lY2FhLTExZTYtOGY4OC0zNDM2M2JjN2M0YzAiOnsiY3JlYXRlIjo2MDAwMDAwMDAwMDAsImRlbGV0ZSI6NjAwMDAwMDAwMDAwfX0=",
          "dependencies": [
            "module.kitchen.data.openstack_identity_project_v3.management_project",
            "module.kitchen.data.openstack_networking_network_v2.competition_cloud_network",
            "module.kitchen.data.openstack_networking_secgroup_v2.default_secgroup",
            "module.kitchen.openstack_networking_secgroup_v2.blueteam_kitchen_secgroup",
            "module.kitchen.openstack_networking_subnet_v2.blueteam_kitchen_subnet"
          ]
        }
      ]
    },
    {
      "module": "module.kitchen",
      "mode": "managed",
      "type": "openstack_networking_port_v2",
      "name": "oven_port",
      "provider": "provider[\"registry.terraform.io/terraform-provider-openstack/openstack\"]",
      "instances": [
        {
          "schema_version": 0,
          "attributes": {
            "admin_state_up": true,
            "all_fixed_ips": [
              "10.2.0.3"
            ],
            "all_security_group_ids": [
              "3b8d2ec7-6926-448f-aabb-04df49781950",
              "df7d77a2-adf9-433c-9e4f-240ebebb8ed5"
            ],
            "all_tags": [],
            "allowed_address_pairs": [],
            "binding": [
              {
                "host_id": "",
                "profile": "",
                "vif_details": {},
                "vif_type": "",
                "vnic_type": "normal"
              }
            ],
            "description": "",
            "device_id": "",
            "device_owner": "",
            "dns_assignment": [],
            "dns_name": "",
            "extra_dhcp_option": [],
            "fixed_ip": [
              {
                "ip_address": "10.2.0.3",
                "subnet_id": "ae67b106-2016-4095-a336-daae1a2629ec"
              }
            ],
            "id": "3647d38e-6f42-4cc9-9190-6eb1114a80e7",
            "mac_address": "fa:16:3e:b3:25:d1",
            "name": "Blueteam Kitchen Oven",
            "network_id": "0563761b-dfcd-42bd-8c22-5b1ec0ecff34",
            "no_fixed_ip": null,
            "no_security_groups": null,
            "port_security_enabled": true,
            "qos_policy_id": "",
            "region": "",
            "security_group_ids": [
              "3b8d2ec7-6926-448f-aabb-04df49781950",
              "df7d77a2-adf9-433c-9e4f-240ebebb8ed5"
            ],
            "tags": null,
            "tenant_id": "a04419c07de1428ba9f58093b1b52ef3",
            "timeouts": null,
            "value_specs": null
          },
          "sensitive_attributes": [],
          "private": "eyJlMmJmYjczMC1lY2FhLTExZTYtOGY4OC0zNDM2M2JjN2M0YzAiOnsiY3JlYXRlIjo2MDAwMDAwMDAwMDAsImRlbGV0ZSI6NjAwMDAwMDAwMDAwfX0=",
          "dependencies": [
            "module.kitchen.data.openstack_identity_project_v3.management_project",
            "module.kitchen.data.openstack_networking_network_v2.competition_cloud_network",
            "module.kitchen.data.openstack_networking_secgroup_v2.default_secgroup",
            "module.kitchen.openstack_networking_secgroup_v2.blueteam_kitchen_secgroup",
            "module.kitchen.openstack_networking_subnet_v2.blueteam_kitchen_subnet"
          ]
        }
      ]
    },
    {
      "module": "module.kitchen",
      "mode": "managed",
      "type": "openstack_networking_router_interface_v2",
      "name": "blueteam_kitchen_interface",
      "provider": "provider[\"registry.terraform.io/terraform-provider-openstack/openstack\"]",
      "instances": [
        {
          "schema_version": 0,
          "attributes": {
            "id": "860d04ac-fc9b-4134-b970-c79e460ae5ae",
            "port_id": "860d04ac-fc9b-4134-b970-c79e460ae5ae",
            "region": "",
            "router_id": "b7ac7325-5564-45b0-a821-4eb1bde51abd",
            "subnet_id": "ae67b106-2016-4095-a336-daae1a2629ec",
            "timeouts": null
          },
          "sensitive_attributes": [],
          "private": "eyJlMmJmYjczMC1lY2FhLTExZTYtOGY4OC0zNDM2M2JjN2M0YzAiOnsiY3JlYXRlIjo2MDAwMDAwMDAwMDAsImRlbGV0ZSI6NjAwMDAwMDAwMDAwfX0=",
          "dependencies": [
            "module.kitchen.data.openstack_networking_network_v2.competition_cloud_network",
            "module.kitchen.data.openstack_networking_router_v2.core_router",
            "module.kitchen.openstack_networking_port_v2.blueteam_kitchen_subnet_port",
            "module.kitchen.openstack_networking_subnet_v2.blueteam_kitchen_subnet"
          ]
        }
      ]
    },
    {
      "module": "module.kitchen",
      "mode": "managed",
      "type": "openstack_networking_secgroup_rule_v2",
      "name": "blueteam_kitchen_secgroup_rule",
      "provider": "provider[\"registry.terraform.io/terraform-provider-openstack/openstack\"]",
      "instances": [
        {
          "index_key": "http",
          "schema_version": 0,
          "attributes": {
            "description": "http",
            "direction": "ingress",
            "ethertype": "IPv4",
            "id": "90163372-fc91-442b-935b-c924464d8624",
            "port_range_max": 80,
            "port_range_min": 80,
            "protocol": "tcp",
            "region": "",
            "remote_group_id": "",
            "remote_ip_prefix": "",
            "security_group_id": "3b8d2ec7-6926-448f-aabb-04df49781950",
            "tenant_id": "a04419c07de1428ba9f58093b1b52ef3",
            "timeouts": null
          },
          "sensitive_attributes": [],
          "private": "eyJlMmJmYjczMC1lY2FhLTExZTYtOGY4OC0zNDM2M2JjN2M0YzAiOnsiZGVsZXRlIjo2MDAwMDAwMDAwMDB9fQ==",
          "dependencies": [
            "module.kitchen.data.openstack_identity_project_v3.management_project",
            "module.kitchen.openstack_networking_secgroup_v2.blueteam_kitchen_secgroup"
          ]
        },
        {
          "index_key": "ssh",
          "schema_version": 0,
          "attributes": {
            "description": "ssh",
            "direction": "ingress",
            "ethertype": "IPv4",
            "id": "a43330ae-7b66-4963-bdf3-7b0ca1a34aee",
            "port_range_max": 22,
            "port_range_min": 22,
            "protocol": "tcp",
            "region": "",
            "remote_group_id": "",
            "remote_ip_prefix": "",
            "security_group_id": "3b8d2ec7-6926-448f-aabb-04df49781950",
            "tenant_id": "a04419c07de1428ba9f58093b1b52ef3",
            "timeouts": null
          },
          "sensitive_attributes": [],
          "private": "eyJlMmJmYjczMC1lY2FhLTExZTYtOGY4OC0zNDM2M2JjN2M0YzAiOnsiZGVsZXRlIjo2MDAwMDAwMDAwMDB9fQ==",
          "dependencies": [
            "module.kitchen.data.openstack_identity_project_v3.management_project",
            "module.kitchen.openstack_networking_secgroup_v2.blueteam_kitchen_secgroup"
          ]
        }
      ]
    },
    {
      "module": "module.kitchen",
      "mode": "managed",
      "type": "openstack_networking_secgroup_v2",
      "name": "blueteam_kitchen_secgroup",
      "provider": "provider[\"registry.terraform.io/terraform-provider-openstack/openstack\"]",
      "instances": [
        {
          "schema_version": 0,
          "attributes": {
            "all_tags": [],
            "delete_default_rules": null,
            "description": "",
            "id": "3b8d2ec7-6926-448f-aabb-04df49781950",
            "name": "Blueteam Kitchen Secgroup",
            "region": "",
            "tags": null,
            "tenant_id": "a04419c07de1428ba9f58093b1b52ef3",
            "timeouts": null
          },
          "sensitive_attributes": [],
          "private": "eyJlMmJmYjczMC1lY2FhLTExZTYtOGY4OC0zNDM2M2JjN2M0YzAiOnsiZGVsZXRlIjo2MDAwMDAwMDAwMDB9fQ==",
          "dependencies": [
            "module.kitchen.data.openstack_identity_project_v3.management_project"
          ]
        }
      ]
    },
    {
      "module": "module.kitchen",
      "mode": "managed",
      "type": "openstack_networking_subnet_v2",
      "name": "blueteam_kitchen_subnet",
      "provider": "provider[\"registry.terraform.io/terraform-provider-openstack/openstack\"]",
      "instances": [
        {
          "schema_version": 0,
          "attributes": {
            "all_tags": [],
            "allocation_pool": [
              {
                "end": "10.2.0.250",
                "start": "10.2.0.200"
              }
            ],
            "allocation_pools": [
              {
                "end": "10.2.0.250",
                "start": "10.2.0.200"
              }
            ],
            "cidr": "10.2.0.0/24",
            "description": "",
            "dns_nameservers": [
              "10.100.0.3",
              "1.1.1.1",
              "1.0.0.1"
            ],
            "enable_dhcp": true,
            "gateway_ip": "10.2.0.254",
            "host_routes": [],
            "id": "ae67b106-2016-4095-a336-daae1a2629ec",
            "ip_version": 4,
            "ipv6_address_mode": "",
            "ipv6_ra_mode": "",
            "name": "Blueteam Kitchen Subnet",
            "network_id": "0563761b-dfcd-42bd-8c22-5b1ec0ecff34",
            "no_gateway": false,
            "prefix_length": null,
            "region": "",
            "subnetpool_id": "",
            "tags": null,
            "tenant_id": "a04419c07de1428ba9f58093b1b52ef3",
            "timeouts": null,
            "value_specs": null
          },
          "sensitive_attributes": [],
          "private": "eyJlMmJmYjczMC1lY2FhLTExZTYtOGY4OC0zNDM2M2JjN2M0YzAiOnsiY3JlYXRlIjo2MDAwMDAwMDAwMDAsImRlbGV0ZSI6NjAwMDAwMDAwMDAwfX0=",
          "dependencies": [
            "module.kitchen.data.openstack_networking_network_v2.competition_cloud_network"
          ]
        }
      ]
    }
  ],
  "check_results": null
}
