{
  "version": 4,
  "terraform_version": "1.5.7",
  "serial": 3193,
  "lineage": "939fc0ea-25b1-1cc4-da73-31eaf488fce9",
  "outputs": {},
  "resources": [
    {
      "mode": "data",
      "type": "openstack_compute_flavor_v2",
      "name": "flavor_linux_medium",
      "provider": "provider[\"registry.terraform.io/terraform-provider-openstack/openstack\"]",
      "instances": [
        {
          "schema_version": 0,
          "attributes": {
            "disk": 40,
            "extra_specs": {},
            "flavor_id": "5f964abc-866f-4d79-8aae-f9460cfb28d7",
            "id": "5f964abc-866f-4d79-8aae-f9460cfb28d7",
            "is_public": true,
            "min_disk": null,
            "min_ram": null,
            "name": "small",
            "ram": 1024,
            "region": null,
            "rx_tx_factor": 1,
            "swap": 0,
            "vcpus": 2
          },
          "sensitive_attributes": []
        }
      ]
    },
    {
      "mode": "data",
      "type": "openstack_compute_flavor_v2",
      "name": "flavor_linux_small",
      "provider": "provider[\"registry.terraform.io/terraform-provider-openstack/openstack\"]",
      "instances": [
        {
          "schema_version": 0,
          "attributes": {
            "disk": 40,
            "extra_specs": {},
            "flavor_id": "5f964abc-866f-4d79-8aae-f9460cfb28d7",
            "id": "5f964abc-866f-4d79-8aae-f9460cfb28d7",
            "is_public": true,
            "min_disk": null,
            "min_ram": null,
            "name": "small",
            "ram": 1024,
            "region": null,
            "rx_tx_factor": 1,
            "swap": 0,
            "vcpus": 2
          },
          "sensitive_attributes": []
        }
      ]
    },
    {
      "mode": "data",
      "type": "openstack_compute_flavor_v2",
      "name": "flavor_linux_tiny",
      "provider": "provider[\"registry.terraform.io/terraform-provider-openstack/openstack\"]",
      "instances": [
        {
          "schema_version": 0,
          "attributes": {
            "disk": 40,
            "extra_specs": {},
            "flavor_id": "c992e0ef-8070-4d97-b54b-139ce7ceeebb",
            "id": "c992e0ef-8070-4d97-b54b-139ce7ceeebb",
            "is_public": true,
            "min_disk": null,
            "min_ram": null,
            "name": "tiny",
            "ram": 512,
            "region": null,
            "rx_tx_factor": 1,
            "swap": 0,
            "vcpus": 2
          },
          "sensitive_attributes": []
        }
      ]
    },
    {
      "mode": "data",
      "type": "openstack_compute_flavor_v2",
      "name": "flavor_windows_medium",
      "provider": "provider[\"registry.terraform.io/terraform-provider-openstack/openstack\"]",
      "instances": [
        {
          "schema_version": 0,
          "attributes": {
            "disk": 40,
            "extra_specs": {},
            "flavor_id": "0d282a6d-d770-4f46-b059-5ca291489578",
            "id": "0d282a6d-d770-4f46-b059-5ca291489578",
            "is_public": true,
            "min_disk": null,
            "min_ram": null,
            "name": "medium",
            "ram": 4096,
            "region": null,
            "rx_tx_factor": 1,
            "swap": 0,
            "vcpus": 4
          },
          "sensitive_attributes": []
        }
      ]
    },
    {
      "mode": "data",
      "type": "openstack_compute_flavor_v2",
      "name": "flavor_windows_small",
      "provider": "provider[\"registry.terraform.io/terraform-provider-openstack/openstack\"]",
      "instances": [
        {
          "schema_version": 0,
          "attributes": {
            "disk": 40,
            "extra_specs": {},
            "flavor_id": "5f964abc-866f-4d79-8aae-f9460cfb28d7",
            "id": "5f964abc-866f-4d79-8aae-f9460cfb28d7",
            "is_public": true,
            "min_disk": null,
            "min_ram": null,
            "name": "small",
            "ram": 1024,
            "region": null,
            "rx_tx_factor": 1,
            "swap": 0,
            "vcpus": 2
          },
          "sensitive_attributes": []
        }
      ]
    },
    {
      "mode": "data",
      "type": "openstack_identity_project_v3",
      "name": "management_project",
      "provider": "provider[\"registry.terraform.io/terraform-provider-openstack/openstack\"]",
      "instances": [
        {
          "schema_version": 0,
          "attributes": {
            "description": "Project to build infrastructure for competition",
            "domain_id": "default",
            "enabled": true,
            "id": "a04419c07de1428ba9f58093b1b52ef3",
            "is_domain": false,
            "name": "charlie-infra",
            "parent_id": "default",
            "region": null,
            "tags": []
          },
          "sensitive_attributes": []
        }
      ]
    },
    {
      "mode": "data",
      "type": "openstack_images_image_v2",
      "name": "image_linux_debian",
      "provider": "provider[\"registry.terraform.io/terraform-provider-openstack/openstack\"]",
      "instances": [
        {
          "schema_version": 0,
          "attributes": {
            "checksum": "4c6bbc26e8b5545baaa23881e0f10f7b",
            "container_format": "bare",
            "created_at": "2023-03-06T18:34:22Z",
            "disk_format": "raw",
            "file": "/v2/images/d39d1072-5525-4543-bb7d-99e40ddfbda6/file",
            "hidden": false,
            "id": "d39d1072-5525-4543-bb7d-99e40ddfbda6",
            "member_status": null,
            "metadata": {},
            "min_disk_gb": 0,
            "min_ram_mb": 0,
            "most_recent": false,
            "name": "DebianBookworm12",
            "owner": "a69aa169729a4dbea0d9b9683072260d",
            "properties": {
              "direct_url": "rbd://bd7939e4-b236-11ed-a05f-be894137183b/images/d39d1072-5525-4543-bb7d-99e40ddfbda6/snap",
              "os_hash_algo": "sha512",
              "os_hash_value": "3354faa4626266f47a4ce9623345c3e0a5d4c70a8b56941809b9259aefdb1cd6b7c0aa7d4efeb2504c4ff1965caf22757d44c199a2698f26930684adce297cb7",
              "owner_specified.openstack.md5": "",
              "owner_specified.openstack.object": "images/DebianBookworm12",
              "owner_specified.openstack.sha256": "",
              "stores": "rbd"
            },
            "protected": false,
            "region": "",
            "schema": "/v2/schemas/image",
            "size_bytes": 2147483648,
            "size_max": null,
            "size_min": null,
            "sort_direction": "asc",
            "sort_key": "name",
            "tag": null,
            "tags": [],
            "updated_at": "2023-03-06T18:34:39Z",
            "visibility": "public"
          },
          "sensitive_attributes": []
        }
      ]
    },
    {
      "mode": "data",
      "type": "openstack_images_image_v2",
      "name": "image_linux_openwrt",
      "provider": "provider[\"registry.terraform.io/terraform-provider-openstack/openstack\"]",
      "instances": [
        {
          "schema_version": 0,
          "attributes": {
            "checksum": "4775b8e4ea05f610fa5c85188db748ba",
            "container_format": "bare",
            "created_at": "2023-10-28T02:34:14Z",
            "disk_format": "raw",
            "file": "/v2/images/5b9a2ab5-215b-4425-aaa9-32b4fcbe1955/file",
            "hidden": false,
            "id": "5b9a2ab5-215b-4425-aaa9-32b4fcbe1955",
            "member_status": null,
            "metadata": {},
            "min_disk_gb": 0,
            "min_ram_mb": 0,
            "most_recent": false,
            "name": "OpenChefDHCP",
            "owner": "a04419c07de1428ba9f58093b1b52ef3",
            "properties": {
              "description": "Open Chef with DHCP enabled",
              "direct_url": "rbd://bd7939e4-b236-11ed-a05f-be894137183b/images/5b9a2ab5-215b-4425-aaa9-32b4fcbe1955/snap",
              "os_hash_algo": "sha512",
              "os_hash_value": "2fe61faeb6c9412e7efa58c209e8dde8afec9bf1435555f3810f2777fb99ff8514e076710743a64ea6152fd62dd9d71633b7ee0ef5f854710426858b6629b226",
              "stores": "rbd"
            },
            "protected": false,
            "region": "",
            "schema": "/v2/schemas/image",
            "size_bytes": 126353408,
            "size_max": null,
            "size_min": null,
            "sort_direction": "asc",
            "sort_key": "name",
            "tag": null,
            "tags": [],
            "updated_at": "2023-10-28T02:34:18Z",
            "visibility": "shared"
          },
          "sensitive_attributes": []
        }
      ]
    },
    {
      "mode": "data",
      "type": "openstack_images_image_v2",
      "name": "image_linux_raspios",
      "provider": "provider[\"registry.terraform.io/terraform-provider-openstack/openstack\"]",
      "instances": [
        {
          "schema_version": 0,
          "attributes": {
            "checksum": "fb3e55dfa09531ef4b8d35d1eb8b06d3",
            "container_format": "bare",
            "created_at": "2023-10-30T19:52:08Z",
            "disk_format": "raw",
            "file": "/v2/images/aa591744-497b-41d2-80d8-4012e19d6864/file",
            "hidden": false,
            "id": "aa591744-497b-41d2-80d8-4012e19d6864",
            "member_status": null,
            "metadata": {},
            "min_disk_gb": 0,
            "min_ram_mb": 0,
            "most_recent": false,
            "name": "RaspberryPiCloud",
            "owner": "a04419c07de1428ba9f58093b1b52ef3",
            "properties": {
              "direct_url": "rbd://bd7939e4-b236-11ed-a05f-be894137183b/images/aa591744-497b-41d2-80d8-4012e19d6864/snap",
              "os_hash_algo": "sha512",
              "os_hash_value": "669f0b536f15da7fa042b525ca5015f6a24f1f58b74755cb3766aaf480e5810e50b4ed5951af9b112f91c8884db9b802603c9db3145edf44adf70678bcd999ec",
              "owner_specified.openstack.md5": "",
              "owner_specified.openstack.object": "images/RaspberryPiCloud",
              "owner_specified.openstack.sha256": "",
              "stores": "rbd"
            },
            "protected": false,
            "region": "",
            "schema": "/v2/schemas/image",
            "size_bytes": 21474836480,
            "size_max": null,
            "size_min": null,
            "sort_direction": "asc",
            "sort_key": "name",
            "tag": null,
            "tags": [],
            "updated_at": "2023-10-30T20:10:52Z",
            "visibility": "shared"
          },
          "sensitive_attributes": []
        }
      ]
    },
    {
      "mode": "data",
      "type": "openstack_images_image_v2",
      "name": "image_linux_ubuntu",
      "provider": "provider[\"registry.terraform.io/terraform-provider-openstack/openstack\"]",
      "instances": [
        {
          "schema_version": 0,
          "attributes": {
            "checksum": "46d8560be0fb05837176970255e5ebf5",
            "container_format": "bare",
            "created_at": "2023-03-14T20:48:03Z",
            "disk_format": "raw",
            "file": "/v2/images/68a4ff73-fa5f-4e35-8abf-5f4b459b0f2c/file",
            "hidden": false,
            "id": "68a4ff73-fa5f-4e35-8abf-5f4b459b0f2c",
            "member_status": null,
            "metadata": {},
            "min_disk_gb": 0,
            "min_ram_mb": 0,
            "most_recent": false,
            "name": "UbuntuJammy2204-Desktop",
            "owner": "a69aa169729a4dbea0d9b9683072260d",
            "properties": {
              "direct_url": "rbd://bd7939e4-b236-11ed-a05f-be894137183b/images/68a4ff73-fa5f-4e35-8abf-5f4b459b0f2c/snap",
              "os_hash_algo": "sha512",
              "os_hash_value": "309d566b3bf62b7bc1521e9a0229576addbc36a74c42dc7e8b4c83e949b79dcf0afb43a2133ae50785182ee202b6186dd33eb453e35596f10b8396e7e2e71728",
              "owner_specified.openstack.md5": "",
              "owner_specified.openstack.object": "images/UbuntuJammy2204-Desktop",
              "owner_specified.openstack.sha256": "",
              "stores": "rbd"
            },
            "protected": false,
            "region": "",
            "schema": "/v2/schemas/image",
            "size_bytes": 26843545600,
            "size_max": null,
            "size_min": null,
            "sort_direction": "asc",
            "sort_key": "name",
            "tag": null,
            "tags": [],
            "updated_at": "2023-03-14T20:51:31Z",
            "visibility": "public"
          },
          "sensitive_attributes": []
        }
      ]
    },
    {
      "mode": "data",
      "type": "openstack_images_image_v2",
      "name": "image_windows_10",
      "provider": "provider[\"registry.terraform.io/terraform-provider-openstack/openstack\"]",
      "instances": [
        {
          "schema_version": 0,
          "attributes": {
            "checksum": "e4deff5229b50d5fb492c10cae33d0e7",
            "container_format": "bare",
            "created_at": "2023-02-23T23:30:49Z",
            "disk_format": "raw",
            "file": "/v2/images/a1a23bf0-a885-4a65-9628-eb547ac5b26e/file",
            "hidden": false,
            "id": "a1a23bf0-a885-4a65-9628-eb547ac5b26e",
            "member_status": null,
            "metadata": {},
            "min_disk_gb": 0,
            "min_ram_mb": 0,
            "most_recent": false,
            "name": "Win10-21H2",
            "owner": "a69aa169729a4dbea0d9b9683072260d",
            "properties": {
              "direct_url": "rbd://bd7939e4-b236-11ed-a05f-be894137183b/images/a1a23bf0-a885-4a65-9628-eb547ac5b26e/snap",
              "hw_cpu_max_sockets": "1",
              "hw_qemu_guest_agent": "yes",
              "os_hash_algo": "sha512",
              "os_hash_value": "9b983422122d62398e7ca82ad0168cdaabada276cbb692cb8fcb99c7eeb8c6d27992378eb122ce1a0cb658aa1848a3e7a1ab3db50ff3df264b99eb8163373b91",
              "owner_specified.openstack.md5": "",
              "owner_specified.openstack.object": "images/Win10-21H2",
              "owner_specified.openstack.sha256": "",
              "stores": "rbd"
            },
            "protected": false,
            "region": "",
            "schema": "/v2/schemas/image",
            "size_bytes": 21476933632,
            "size_max": null,
            "size_min": null,
            "sort_direction": "asc",
            "sort_key": "name",
            "tag": null,
            "tags": [],
            "updated_at": "2023-03-06T00:22:48Z",
            "visibility": "public"
          },
          "sensitive_attributes": []
        }
      ]
    },
    {
      "mode": "data",
      "type": "openstack_images_image_v2",
      "name": "image_windows_2019",
      "provider": "provider[\"registry.terraform.io/terraform-provider-openstack/openstack\"]",
      "instances": [
        {
          "schema_version": 0,
          "attributes": {
            "checksum": "35752336cb4d13411bb3f96fe61aaa70",
            "container_format": "bare",
            "created_at": "2023-02-23T23:51:51Z",
            "disk_format": "raw",
            "file": "/v2/images/7c4e8ad9-113f-4370-b387-0c55b99f410f/file",
            "hidden": false,
            "id": "7c4e8ad9-113f-4370-b387-0c55b99f410f",
            "member_status": null,
            "metadata": {},
            "min_disk_gb": 0,
            "min_ram_mb": 0,
            "most_recent": false,
            "name": "WinSrv2019-17763-2022",
            "owner": "a69aa169729a4dbea0d9b9683072260d",
            "properties": {
              "direct_url": "rbd://bd7939e4-b236-11ed-a05f-be894137183b/images/7c4e8ad9-113f-4370-b387-0c55b99f410f/snap",
              "hw_cpu_max_sockets": "1",
              "hw_qemu_guest_agent": "yes",
              "os_hash_algo": "sha512",
              "os_hash_value": "35db0b0822808e817f5292cdaffe6fb234bf27cce91b1bce2afb2377c6669c60762adc6c158cb0c166ab103cf4332130b1848f5d439778e474e23e656647928e",
              "owner_specified.openstack.md5": "",
              "owner_specified.openstack.object": "images/WinSrv2019-17763-2022",
              "owner_specified.openstack.sha256": "",
              "stores": "rbd"
            },
            "protected": false,
            "region": "",
            "schema": "/v2/schemas/image",
            "size_bytes": 12886999040,
            "size_max": null,
            "size_min": null,
            "sort_direction": "asc",
            "sort_key": "name",
            "tag": null,
            "tags": [],
            "updated_at": "2023-03-06T00:22:52Z",
            "visibility": "public"
          },
          "sensitive_attributes": []
        }
      ]
    },
    {
      "mode": "data",
      "type": "openstack_networking_network_v2",
      "name": "external_network",
      "provider": "provider[\"registry.terraform.io/terraform-provider-openstack/openstack\"]",
      "instances": [
        {
          "schema_version": 0,
          "attributes": {
            "admin_state_up": "true",
            "all_tags": [],
            "availability_zone_hints": [],
            "description": "",
            "dns_domain": "",
            "external": true,
            "id": "d96988a6-c388-4032-8067-0b89d572cad0",
            "matching_subnet_cidr": null,
            "mtu": 1500,
            "name": "external249",
            "network_id": null,
            "region": "",
            "shared": "false",
            "status": null,
            "subnets": [
              "69f14ecc-2bad-412e-abf1-24c90da9be5e"
            ],
            "tags": null,
            "tenant_id": "a69aa169729a4dbea0d9b9683072260d",
            "transparent_vlan": false
          },
          "sensitive_attributes": []
        }
      ]
    },
    {
      "module": "module.homelab",
      "mode": "data",
      "type": "openstack_identity_project_v3",
      "name": "management_project",
      "provider": "provider[\"registry.terraform.io/terraform-provider-openstack/openstack\"]",
      "instances": [
        {
          "schema_version": 0,
          "attributes": {
            "description": "Project to build infrastructure for competition",
            "domain_id": "default",
            "enabled": true,
            "id": "a04419c07de1428ba9f58093b1b52ef3",
            "is_domain": false,
            "name": "charlie-infra",
            "parent_id": "default",
            "region": null,
            "tags": []
          },
          "sensitive_attributes": []
        }
      ]
    },
    {
      "module": "module.homelab",
      "mode": "data",
      "type": "openstack_networking_network_v2",
      "name": "competition_cloud_network",
      "provider": "provider[\"registry.terraform.io/terraform-provider-openstack/openstack\"]",
      "instances": [
        {
          "schema_version": 0,
          "attributes": {
            "admin_state_up": "true",
            "all_tags": [],
            "availability_zone_hints": [],
            "description": "",
            "dns_domain": "",
            "external": false,
            "id": "bd7b1cc0-4f64-4dd4-a0e7-4e8a29290d3a",
            "matching_subnet_cidr": null,
            "mtu": 8942,
            "name": "Competition Cloud Network",
            "network_id": null,
            "region": "",
            "shared": "false",
            "status": null,
            "subnets": [
              "0844b10d-3370-435f-9a59-e88cd02fcf74",
              "b9449b96-0d88-4376-91c8-3568d6a0b9e7",
              "d340b11c-b231-4473-aa71-3cb10e595d0c"
            ],
            "tags": null,
            "tenant_id": "a04419c07de1428ba9f58093b1b52ef3",
            "transparent_vlan": false
          },
          "sensitive_attributes": []
        }
      ]
    },
    {
      "module": "module.homelab",
      "mode": "data",
      "type": "openstack_networking_router_v2",
      "name": "core_router",
      "provider": "provider[\"registry.terraform.io/terraform-provider-openstack/openstack\"]",
      "instances": [
        {
          "schema_version": 0,
          "attributes": {
            "admin_state_up": true,
            "all_tags": [],
            "availability_zone_hints": [],
            "description": "",
            "distributed": false,
            "enable_snat": true,
            "external_fixed_ip": [
              {
                "ip_address": "129.21.249.50",
                "subnet_id": "69f14ecc-2bad-412e-abf1-24c90da9be5e"
              }
            ],
            "external_network_id": "d96988a6-c388-4032-8067-0b89d572cad0",
            "id": "f8621c1f-8a35-4687-aab8-8769c79a9733",
            "name": "Core Router",
            "region": "",
            "router_id": null,
            "status": "ACTIVE",
            "tags": null,
            "tenant_id": "a04419c07de1428ba9f58093b1b52ef3"
          },
          "sensitive_attributes": []
        }
      ]
    },
    {
      "module": "module.homelab",
      "mode": "data",
      "type": "openstack_networking_secgroup_v2",
      "name": "default_secgroup",
      "provider": "provider[\"registry.terraform.io/terraform-provider-openstack/openstack\"]",
      "instances": [
        {
          "schema_version": 0,
          "attributes": {
            "all_tags": [],
            "description": "Default security group",
            "id": "df7d77a2-adf9-433c-9e4f-240ebebb8ed5",
            "name": "default",
            "region": "",
            "secgroup_id": "df7d77a2-adf9-433c-9e4f-240ebebb8ed5",
            "tags": null,
            "tenant_id": "a04419c07de1428ba9f58093b1b52ef3"
          },
          "sensitive_attributes": []
        }
      ]
    },
    {
      "module": "module.homelab",
      "mode": "data",
      "type": "openstack_networking_subnet_v2",
      "name": "management_subnet",
      "provider": "provider[\"registry.terraform.io/terraform-provider-openstack/openstack\"]",
      "instances": [
        {
          "schema_version": 0,
          "attributes": {
            "all_tags": [],
            "allocation_pools": [
              {
                "end": "10.100.0.250",
                "start": "10.100.0.200"
              }
            ],
            "cidr": "10.100.0.0/24",
            "description": "",
            "dhcp_disabled": null,
            "dhcp_enabled": null,
            "dns_nameservers": [
              "1.0.0.1",
              "1.1.1.1",
              "10.100.0.3"
            ],
            "enable_dhcp": true,
            "gateway_ip": "10.100.0.254",
            "host_routes": [],
            "id": "b9449b96-0d88-4376-91c8-3568d6a0b9e7",
            "ip_version": 4,
            "ipv6_address_mode": "",
            "ipv6_ra_mode": "",
            "name": "Management Subnet",
            "network_id": "bd7b1cc0-4f64-4dd4-a0e7-4e8a29290d3a",
            "region": "",
            "subnet_id": null,
            "subnetpool_id": "",
            "tags": null,
            "tenant_id": "a04419c07de1428ba9f58093b1b52ef3"
          },
          "sensitive_attributes": []
        }
      ]
    },
    {
      "module": "module.homelab",
      "mode": "managed",
      "type": "openstack_blockstorage_volume_v3",
      "name": "team_volumes",
      "provider": "provider[\"registry.terraform.io/terraform-provider-openstack/openstack\"]",
      "instances": [
        {
          "index_key": "dc",
          "schema_version": 0,
          "attributes": {
            "attachment": [
              {
                "device": "/dev/vda",
                "id": "33a3e0ed-abe5-4593-a552-ac1655e14dad",
                "instance_id": "c74699c8-342f-4b02-8a3d-82c2ed2f35c9"
              }
            ],
            "availability_zone": "nova",
            "consistency_group_id": null,
            "description": "",
            "enable_online_resize": null,
            "id": "33a3e0ed-abe5-4593-a552-ac1655e14dad",
            "image_id": "7c4e8ad9-113f-4370-b387-0c55b99f410f",
            "metadata": {},
            "multiattach": null,
            "name": "dc.blueteam.thanksgiving.dinner-volume",
            "region": "gibson",
            "scheduler_hints": [],
            "size": 80,
            "snapshot_id": "",
            "source_replica": null,
            "source_vol_id": "",
            "timeouts": {
              "create": "30m",
              "delete": null
            },
            "volume_type": "__DEFAULT__"
          },
          "sensitive_attributes": [],
          "private": "eyJlMmJmYjczMC1lY2FhLTExZTYtOGY4OC0zNDM2M2JjN2M0YzAiOnsiY3JlYXRlIjoxODAwMDAwMDAwMDAwLCJkZWxldGUiOjYwMDAwMDAwMDAwMH19",
          "dependencies": [
            "data.openstack_compute_flavor_v2.flavor_linux_small",
            "data.openstack_compute_flavor_v2.flavor_windows_medium",
            "data.openstack_images_image_v2.image_linux_raspios",
            "data.openstack_images_image_v2.image_linux_ubuntu",
            "data.openstack_images_image_v2.image_windows_10",
            "data.openstack_images_image_v2.image_windows_2019"
          ]
        },
        {
          "index_key": "media",
          "schema_version": 0,
          "attributes": {
            "attachment": [
              {
                "device": "/dev/vda",
                "id": "3f9c30f1-2510-4461-a342-e01aa392f912",
                "instance_id": "b6d686f0-281c-4913-b89c-643135e79458"
              }
            ],
            "availability_zone": "nova",
            "consistency_group_id": null,
            "description": "",
            "enable_online_resize": null,
            "id": "3f9c30f1-2510-4461-a342-e01aa392f912",
            "image_id": "68a4ff73-fa5f-4e35-8abf-5f4b459b0f2c",
            "metadata": {},
            "multiattach": null,
            "name": "media.blueteam.thanksgiving.dinner-volume",
            "region": "gibson",
            "scheduler_hints": [],
            "size": 30,
            "snapshot_id": "",
            "source_replica": null,
            "source_vol_id": "",
            "timeouts": {
              "create": "30m",
              "delete": null
            },
            "volume_type": "__DEFAULT__"
          },
          "sensitive_attributes": [],
          "private": "eyJlMmJmYjczMC1lY2FhLTExZTYtOGY4OC0zNDM2M2JjN2M0YzAiOnsiY3JlYXRlIjoxODAwMDAwMDAwMDAwLCJkZWxldGUiOjYwMDAwMDAwMDAwMH19",
          "dependencies": [
            "data.openstack_compute_flavor_v2.flavor_linux_small",
            "data.openstack_compute_flavor_v2.flavor_windows_medium",
            "data.openstack_images_image_v2.image_linux_raspios",
            "data.openstack_images_image_v2.image_linux_ubuntu",
            "data.openstack_images_image_v2.image_windows_10",
            "data.openstack_images_image_v2.image_windows_2019"
          ]
        },
        {
          "index_key": "pc",
          "schema_version": 0,
          "attributes": {
            "attachment": [
              {
                "device": "/dev/vda",
                "id": "d85be7d8-d8df-4e60-be10-b5cd6bb66033",
                "instance_id": "83de3a5d-ac43-4d55-8d77-f52e4e9728df"
              }
            ],
            "availability_zone": "nova",
            "consistency_group_id": null,
            "description": "",
            "enable_online_resize": null,
            "id": "d85be7d8-d8df-4e60-be10-b5cd6bb66033",
            "image_id": "a1a23bf0-a885-4a65-9628-eb547ac5b26e",
            "metadata": {},
            "multiattach": null,
            "name": "pc.blueteam.thanksgiving.dinner-volume",
            "region": "gibson",
            "scheduler_hints": [],
            "size": 45,
            "snapshot_id": "",
            "source_replica": null,
            "source_vol_id": "",
            "timeouts": {
              "create": "30m",
              "delete": null
            },
            "volume_type": "__DEFAULT__"
          },
          "sensitive_attributes": [],
          "private": "eyJlMmJmYjczMC1lY2FhLTExZTYtOGY4OC0zNDM2M2JjN2M0YzAiOnsiY3JlYXRlIjoxODAwMDAwMDAwMDAwLCJkZWxldGUiOjYwMDAwMDAwMDAwMH19",
          "dependencies": [
            "data.openstack_compute_flavor_v2.flavor_linux_small",
            "data.openstack_compute_flavor_v2.flavor_windows_medium",
            "data.openstack_images_image_v2.image_linux_raspios",
            "data.openstack_images_image_v2.image_linux_ubuntu",
            "data.openstack_images_image_v2.image_windows_10",
            "data.openstack_images_image_v2.image_windows_2019"
          ]
        },
        {
          "index_key": "pihole",
          "schema_version": 0,
          "attributes": {
            "attachment": [],
            "availability_zone": "nova",
            "consistency_group_id": null,
            "description": "",
            "enable_online_resize": null,
            "id": "163cfaa8-7399-498d-846c-b3137b1dcac5",
            "image_id": "aa591744-497b-41d2-80d8-4012e19d6864",
            "metadata": {},
            "multiattach": null,
            "name": "pihole.blueteam.thanksgiving.dinner-volume",
            "region": "",
            "scheduler_hints": [],
            "size": 30,
            "snapshot_id": "",
            "source_replica": null,
            "source_vol_id": "",
            "timeouts": {
              "create": "30m",
              "delete": null
            },
            "volume_type": "__DEFAULT__"
          },
          "sensitive_attributes": [],
          "private": "eyJlMmJmYjczMC1lY2FhLTExZTYtOGY4OC0zNDM2M2JjN2M0YzAiOnsiY3JlYXRlIjoxODAwMDAwMDAwMDAwLCJkZWxldGUiOjYwMDAwMDAwMDAwMH19",
          "dependencies": [
            "data.openstack_compute_flavor_v2.flavor_linux_small",
            "data.openstack_compute_flavor_v2.flavor_windows_medium",
            "data.openstack_images_image_v2.image_linux_raspios",
            "data.openstack_images_image_v2.image_linux_ubuntu",
            "data.openstack_images_image_v2.image_windows_10",
            "data.openstack_images_image_v2.image_windows_2019"
          ]
        },
        {
          "index_key": "web",
          "schema_version": 0,
          "attributes": {
            "attachment": [
              {
                "device": "/dev/vda",
                "id": "61fcecee-9b5e-4896-a3a9-2f079e7c0941",
                "instance_id": "9842d7b7-c8d1-4b66-a9c7-8ab43e87db40"
              }
            ],
            "availability_zone": "nova",
            "consistency_group_id": null,
            "description": "",
            "enable_online_resize": null,
            "id": "61fcecee-9b5e-4896-a3a9-2f079e7c0941",
            "image_id": "68a4ff73-fa5f-4e35-8abf-5f4b459b0f2c",
            "metadata": {},
            "multiattach": null,
            "name": "web.blueteam.thanksgiving.dinner-volume",
            "region": "gibson",
            "scheduler_hints": [],
            "size": 30,
            "snapshot_id": "",
            "source_replica": null,
            "source_vol_id": "",
            "timeouts": {
              "create": "30m",
              "delete": null
            },
            "volume_type": "__DEFAULT__"
          },
          "sensitive_attributes": [],
          "private": "eyJlMmJmYjczMC1lY2FhLTExZTYtOGY4OC0zNDM2M2JjN2M0YzAiOnsiY3JlYXRlIjoxODAwMDAwMDAwMDAwLCJkZWxldGUiOjYwMDAwMDAwMDAwMH19",
          "dependencies": [
            "data.openstack_compute_flavor_v2.flavor_linux_small",
            "data.openstack_compute_flavor_v2.flavor_windows_medium",
            "data.openstack_images_image_v2.image_linux_raspios",
            "data.openstack_images_image_v2.image_linux_ubuntu",
            "data.openstack_images_image_v2.image_windows_10",
            "data.openstack_images_image_v2.image_windows_2019"
          ]
        }
      ]
    },
    {
      "module": "module.homelab",
      "mode": "managed",
      "type": "openstack_compute_instance_v2",
      "name": "team_homelab_instance",
      "provider": "provider[\"registry.terraform.io/terraform-provider-openstack/openstack\"]",
      "instances": [
        {
          "index_key": "dc",
          "schema_version": 0,
          "attributes": {
            "access_ip_v4": "10.1.0.1",
            "access_ip_v6": "",
            "admin_pass": null,
            "all_metadata": {},
            "all_tags": [
              "blueteam-dc",
              "homelab",
              "project-ThanksgivingThrowdown-blueteam",
              "project-management"
            ],
            "availability_zone": "host07",
            "availability_zone_hints": null,
            "block_device": [
              {
                "boot_index": 0,
                "delete_on_termination": true,
                "destination_type": "volume",
                "device_type": "",
                "disk_bus": "",
                "guest_format": "",
                "source_type": "volume",
                "uuid": "33a3e0ed-abe5-4593-a552-ac1655e14dad",
                "volume_size": 80,
                "volume_type": ""
              }
            ],
            "config_drive": null,
            "flavor_id": "0d282a6d-d770-4f46-b059-5ca291489578",
            "flavor_name": "medium",
            "floating_ip": null,
            "force_delete": false,
            "id": "c74699c8-342f-4b02-8a3d-82c2ed2f35c9",
            "image_id": "Attempt to boot from volume - no image supplied",
            "image_name": null,
            "key_pair": "",
            "metadata": null,
            "name": "dc.blueteam.thanksgiving.dinner",
            "network": [
              {
                "access_network": false,
                "fixed_ip_v4": "10.1.0.1",
                "fixed_ip_v6": "",
                "floating_ip": "",
                "mac": "fa:16:3e:c6:e8:af",
                "name": "Blueteam Homelab",
                "port": "a1824f4b-5cec-4531-801e-760edf8a62a9",
                "uuid": "934b4cd2-7e5b-4762-87d6-244fdf8257c8"
              }
            ],
            "network_mode": null,
            "personality": [],
            "power_state": "active",
            "region": "gibson",
            "scheduler_hints": [],
            "security_groups": [
              "Blueteam Homelab Secgroup",
              "default"
            ],
            "stop_before_destroy": false,
            "tags": [
              "blueteam-dc",
              "homelab",
              "project-ThanksgivingThrowdown-blueteam",
              "project-management"
            ],
            "timeouts": null,
            "user_data": "d7d1432278e023f6bb64cbc584648cdc3f0c40f6",
            "vendor_options": [],
            "volume": []
          },
          "sensitive_attributes": [],
          "private": "eyJlMmJmYjczMC1lY2FhLTExZTYtOGY4OC0zNDM2M2JjN2M0YzAiOnsiY3JlYXRlIjoxODAwMDAwMDAwMDAwLCJkZWxldGUiOjE4MDAwMDAwMDAwMDAsInVwZGF0ZSI6MTgwMDAwMDAwMDAwMH19",
          "dependencies": [
            "data.openstack_compute_flavor_v2.flavor_linux_small",
            "data.openstack_compute_flavor_v2.flavor_windows_medium",
            "data.openstack_images_image_v2.image_linux_raspios",
            "data.openstack_images_image_v2.image_linux_ubuntu",
            "data.openstack_images_image_v2.image_windows_10",
            "data.openstack_images_image_v2.image_windows_2019",
            "module.homelab.data.openstack_identity_project_v3.management_project",
            "module.homelab.data.openstack_networking_secgroup_v2.default_secgroup",
            "module.homelab.openstack_blockstorage_volume_v3.team_volumes",
            "module.homelab.openstack_networking_network_v2.blueteam_homelab",
            "module.homelab.openstack_networking_port_v2.dc_port",
            "module.homelab.openstack_networking_port_v2.media_port",
            "module.homelab.openstack_networking_port_v2.pc_port",
            "module.homelab.openstack_networking_port_v2.pihole_port",
            "module.homelab.openstack_networking_port_v2.web_port",
            "module.homelab.openstack_networking_secgroup_v2.blueteam_homelab_secgroup",
            "module.homelab.openstack_networking_secgroup_v2.blueteam_jumpbox_secgroup",
            "module.homelab.openstack_networking_subnet_v2.blueteam_homelab_subnet"
          ]
        },
        {
          "index_key": "media",
          "schema_version": 0,
          "attributes": {
            "access_ip_v4": "10.1.0.3",
            "access_ip_v6": "",
            "admin_pass": null,
            "all_metadata": {},
            "all_tags": [
              "blueteam-media",
              "homelab",
              "project-ThanksgivingThrowdown-blueteam",
              "project-management"
            ],
            "availability_zone": "host07",
            "availability_zone_hints": null,
            "block_device": [
              {
                "boot_index": 0,
                "delete_on_termination": true,
                "destination_type": "volume",
                "device_type": "",
                "disk_bus": "",
                "guest_format": "",
                "source_type": "volume",
                "uuid": "3f9c30f1-2510-4461-a342-e01aa392f912",
                "volume_size": 30,
                "volume_type": ""
              }
            ],
            "config_drive": null,
            "flavor_id": "5f964abc-866f-4d79-8aae-f9460cfb28d7",
            "flavor_name": "small",
            "floating_ip": null,
            "force_delete": false,
            "id": "b6d686f0-281c-4913-b89c-643135e79458",
            "image_id": "Attempt to boot from volume - no image supplied",
            "image_name": null,
            "key_pair": "",
            "metadata": null,
            "name": "media.blueteam.thanksgiving.dinner",
            "network": [
              {
                "access_network": false,
                "fixed_ip_v4": "10.1.0.3",
                "fixed_ip_v6": "",
                "floating_ip": "",
                "mac": "fa:16:3e:76:14:8f",
                "name": "Blueteam Homelab",
                "port": "39fcb505-4e0a-4a66-ac46-c7fbf7e04767",
                "uuid": "934b4cd2-7e5b-4762-87d6-244fdf8257c8"
              }
            ],
            "network_mode": null,
            "personality": [],
            "power_state": "active",
            "region": "gibson",
            "scheduler_hints": [],
            "security_groups": [
              "Blueteam Homelab Secgroup",
              "default"
            ],
            "stop_before_destroy": false,
            "tags": [
              "blueteam-media",
              "homelab",
              "project-ThanksgivingThrowdown-blueteam",
              "project-management"
            ],
            "timeouts": null,
            "user_data": "05e0dc41b7f790345db34c21b2584c5f24b721c0",
            "vendor_options": [],
            "volume": []
          },
          "sensitive_attributes": [],
          "private": "eyJlMmJmYjczMC1lY2FhLTExZTYtOGY4OC0zNDM2M2JjN2M0YzAiOnsiY3JlYXRlIjoxODAwMDAwMDAwMDAwLCJkZWxldGUiOjE4MDAwMDAwMDAwMDAsInVwZGF0ZSI6MTgwMDAwMDAwMDAwMH19",
          "dependencies": [
            "data.openstack_compute_flavor_v2.flavor_linux_small",
            "data.openstack_compute_flavor_v2.flavor_windows_medium",
            "data.openstack_images_image_v2.image_linux_raspios",
            "data.openstack_images_image_v2.image_linux_ubuntu",
            "data.openstack_images_image_v2.image_windows_10",
            "data.openstack_images_image_v2.image_windows_2019",
            "module.homelab.data.openstack_identity_project_v3.management_project",
            "module.homelab.data.openstack_networking_secgroup_v2.default_secgroup",
            "module.homelab.openstack_blockstorage_volume_v3.team_volumes",
            "module.homelab.openstack_networking_network_v2.blueteam_homelab",
            "module.homelab.openstack_networking_port_v2.dc_port",
            "module.homelab.openstack_networking_port_v2.media_port",
            "module.homelab.openstack_networking_port_v2.pc_port",
            "module.homelab.openstack_networking_port_v2.pihole_port",
            "module.homelab.openstack_networking_port_v2.web_port",
            "module.homelab.openstack_networking_secgroup_v2.blueteam_homelab_secgroup",
            "module.homelab.openstack_networking_secgroup_v2.blueteam_jumpbox_secgroup",
            "module.homelab.openstack_networking_subnet_v2.blueteam_homelab_subnet"
          ]
        },
        {
          "index_key": "pc",
          "schema_version": 0,
          "attributes": {
            "access_ip_v4": "10.1.0.2",
            "access_ip_v6": "",
            "admin_pass": null,
            "all_metadata": {},
            "all_tags": [
              "blueteam-pc",
              "homelab",
              "project-ThanksgivingThrowdown-blueteam",
              "project-management"
            ],
            "availability_zone": "host07",
            "availability_zone_hints": null,
            "block_device": [
              {
                "boot_index": 0,
                "delete_on_termination": true,
                "destination_type": "volume",
                "device_type": "",
                "disk_bus": "",
                "guest_format": "",
                "source_type": "volume",
                "uuid": "d85be7d8-d8df-4e60-be10-b5cd6bb66033",
                "volume_size": 45,
                "volume_type": ""
              }
            ],
            "config_drive": null,
            "flavor_id": "0d282a6d-d770-4f46-b059-5ca291489578",
            "flavor_name": "medium",
            "floating_ip": null,
            "force_delete": false,
            "id": "83de3a5d-ac43-4d55-8d77-f52e4e9728df",
            "image_id": "Attempt to boot from volume - no image supplied",
            "image_name": null,
            "key_pair": "",
            "metadata": null,
            "name": "pc.blueteam.thanksgiving.dinner",
            "network": [
              {
                "access_network": false,
                "fixed_ip_v4": "10.1.0.2",
                "fixed_ip_v6": "",
                "floating_ip": "",
                "mac": "fa:16:3e:f5:cf:09",
                "name": "Blueteam Homelab",
                "port": "52254ed1-b001-493c-b6b2-45206c7779e1",
                "uuid": "934b4cd2-7e5b-4762-87d6-244fdf8257c8"
              }
            ],
            "network_mode": null,
            "personality": [],
            "power_state": "active",
            "region": "gibson",
            "scheduler_hints": [],
            "security_groups": [
              "Blueteam Homelab Secgroup",
              "default"
            ],
            "stop_before_destroy": false,
            "tags": [
              "blueteam-pc",
              "homelab",
              "project-ThanksgivingThrowdown-blueteam",
              "project-management"
            ],
            "timeouts": null,
            "user_data": "d7d1432278e023f6bb64cbc584648cdc3f0c40f6",
            "vendor_options": [],
            "volume": []
          },
          "sensitive_attributes": [],
          "private": "eyJlMmJmYjczMC1lY2FhLTExZTYtOGY4OC0zNDM2M2JjN2M0YzAiOnsiY3JlYXRlIjoxODAwMDAwMDAwMDAwLCJkZWxldGUiOjE4MDAwMDAwMDAwMDAsInVwZGF0ZSI6MTgwMDAwMDAwMDAwMH19",
          "dependencies": [
            "data.openstack_compute_flavor_v2.flavor_linux_small",
            "data.openstack_compute_flavor_v2.flavor_windows_medium",
            "data.openstack_images_image_v2.image_linux_raspios",
            "data.openstack_images_image_v2.image_linux_ubuntu",
            "data.openstack_images_image_v2.image_windows_10",
            "data.openstack_images_image_v2.image_windows_2019",
            "module.homelab.data.openstack_identity_project_v3.management_project",
            "module.homelab.data.openstack_networking_secgroup_v2.default_secgroup",
            "module.homelab.openstack_blockstorage_volume_v3.team_volumes",
            "module.homelab.openstack_networking_network_v2.blueteam_homelab",
            "module.homelab.openstack_networking_port_v2.dc_port",
            "module.homelab.openstack_networking_port_v2.media_port",
            "module.homelab.openstack_networking_port_v2.pc_port",
            "module.homelab.openstack_networking_port_v2.pihole_port",
            "module.homelab.openstack_networking_port_v2.web_port",
            "module.homelab.openstack_networking_secgroup_v2.blueteam_homelab_secgroup",
            "module.homelab.openstack_networking_secgroup_v2.blueteam_jumpbox_secgroup",
            "module.homelab.openstack_networking_subnet_v2.blueteam_homelab_subnet"
          ]
        },
        {
          "index_key": "pihole",
          "schema_version": 0,
          "attributes": {
            "access_ip_v4": "10.1.0.5",
            "access_ip_v6": "",
            "admin_pass": null,
            "all_metadata": {},
            "all_tags": [
              "blueteam-pihole",
              "homelab",
              "project-ThanksgivingThrowdown-blueteam",
              "project-management"
            ],
            "availability_zone": "host06",
            "availability_zone_hints": null,
            "block_device": [
              {
                "boot_index": 0,
                "delete_on_termination": true,
                "destination_type": "volume",
                "device_type": "",
                "disk_bus": "",
                "guest_format": "",
                "source_type": "volume",
                "uuid": "163cfaa8-7399-498d-846c-b3137b1dcac5",
                "volume_size": 30,
                "volume_type": ""
              }
            ],
            "config_drive": null,
            "flavor_id": "5f964abc-866f-4d79-8aae-f9460cfb28d7",
            "flavor_name": "small",
            "floating_ip": null,
            "force_delete": false,
            "id": "7206b012-6405-4a45-967f-52dfa7496bd2",
            "image_id": "Attempt to boot from volume - no image supplied",
            "image_name": null,
            "key_pair": "",
            "metadata": null,
            "name": "pihole.blueteam.thanksgiving.dinner",
            "network": [
              {
                "access_network": false,
                "fixed_ip_v4": "10.1.0.5",
                "fixed_ip_v6": "",
                "floating_ip": "",
                "mac": "fa:16:3e:01:f3:a7",
                "name": "Blueteam Homelab",
                "port": "61a7aa98-cba4-408c-972f-7e99f9a93896",
                "uuid": "934b4cd2-7e5b-4762-87d6-244fdf8257c8"
              }
            ],
            "network_mode": null,
            "personality": [],
            "power_state": "active",
            "region": "",
            "scheduler_hints": [],
            "security_groups": [
              "Blueteam Homelab Secgroup",
              "default"
            ],
            "stop_before_destroy": false,
            "tags": [
              "blueteam-pihole",
              "homelab",
              "project-ThanksgivingThrowdown-blueteam",
              "project-management"
            ],
            "timeouts": null,
            "user_data": "d0049a54ffb649f57b6ee378069694dac5e27ed0",
            "vendor_options": [],
            "volume": []
          },
          "sensitive_attributes": [],
          "private": "eyJlMmJmYjczMC1lY2FhLTExZTYtOGY4OC0zNDM2M2JjN2M0YzAiOnsiY3JlYXRlIjoxODAwMDAwMDAwMDAwLCJkZWxldGUiOjE4MDAwMDAwMDAwMDAsInVwZGF0ZSI6MTgwMDAwMDAwMDAwMH19",
          "dependencies": [
            "data.openstack_compute_flavor_v2.flavor_linux_small",
            "data.openstack_compute_flavor_v2.flavor_windows_medium",
            "data.openstack_images_image_v2.image_linux_raspios",
            "data.openstack_images_image_v2.image_linux_ubuntu",
            "data.openstack_images_image_v2.image_windows_10",
            "data.openstack_images_image_v2.image_windows_2019",
            "module.homelab.openstack_blockstorage_volume_v3.team_volumes",
            "module.homelab.openstack_networking_port_v2.dc_port",
            "module.homelab.openstack_networking_port_v2.media_port",
            "module.homelab.openstack_networking_port_v2.pc_port",
            "module.homelab.openstack_networking_port_v2.pihole_port",
            "module.homelab.openstack_networking_port_v2.web_port",
            "module.homelab.openstack_networking_subnet_v2.blueteam_homelab_subnet"
          ]
        },
        {
          "index_key": "web",
          "schema_version": 0,
          "attributes": {
            "access_ip_v4": "10.1.0.4",
            "access_ip_v6": "",
            "admin_pass": null,
            "all_metadata": {},
            "all_tags": [
              "blueteam-web",
              "homelab",
              "project-ThanksgivingThrowdown-blueteam",
              "project-management"
            ],
            "availability_zone": "host07",
            "availability_zone_hints": null,
            "block_device": [
              {
                "boot_index": 0,
                "delete_on_termination": true,
                "destination_type": "volume",
                "device_type": "",
                "disk_bus": "",
                "guest_format": "",
                "source_type": "volume",
                "uuid": "61fcecee-9b5e-4896-a3a9-2f079e7c0941",
                "volume_size": 30,
                "volume_type": ""
              }
            ],
            "config_drive": null,
            "flavor_id": "5f964abc-866f-4d79-8aae-f9460cfb28d7",
            "flavor_name": "small",
            "floating_ip": null,
            "force_delete": false,
            "id": "9842d7b7-c8d1-4b66-a9c7-8ab43e87db40",
            "image_id": "Attempt to boot from volume - no image supplied",
            "image_name": null,
            "key_pair": "",
            "metadata": null,
            "name": "web.blueteam.thanksgiving.dinner",
            "network": [
              {
                "access_network": false,
                "fixed_ip_v4": "10.1.0.4",
                "fixed_ip_v6": "",
                "floating_ip": "",
                "mac": "fa:16:3e:a7:be:1a",
                "name": "Blueteam Homelab",
                "port": "2d816def-29f5-48ff-9096-d407e7e7cb4c",
                "uuid": "934b4cd2-7e5b-4762-87d6-244fdf8257c8"
              }
            ],
            "network_mode": null,
            "personality": [],
            "power_state": "active",
            "region": "gibson",
            "scheduler_hints": [],
            "security_groups": [
              "Blueteam Homelab Secgroup",
              "default"
            ],
            "stop_before_destroy": false,
            "tags": [
              "blueteam-web",
              "homelab",
              "project-ThanksgivingThrowdown-blueteam",
              "project-management"
            ],
            "timeouts": null,
            "user_data": "05e0dc41b7f790345db34c21b2584c5f24b721c0",
            "vendor_options": [],
            "volume": []
          },
          "sensitive_attributes": [],
          "private": "eyJlMmJmYjczMC1lY2FhLTExZTYtOGY4OC0zNDM2M2JjN2M0YzAiOnsiY3JlYXRlIjoxODAwMDAwMDAwMDAwLCJkZWxldGUiOjE4MDAwMDAwMDAwMDAsInVwZGF0ZSI6MTgwMDAwMDAwMDAwMH19",
          "dependencies": [
            "data.openstack_compute_flavor_v2.flavor_linux_small",
            "data.openstack_compute_flavor_v2.flavor_windows_medium",
            "data.openstack_images_image_v2.image_linux_raspios",
            "data.openstack_images_image_v2.image_linux_ubuntu",
            "data.openstack_images_image_v2.image_windows_10",
            "data.openstack_images_image_v2.image_windows_2019",
            "module.homelab.data.openstack_identity_project_v3.management_project",
            "module.homelab.data.openstack_networking_secgroup_v2.default_secgroup",
            "module.homelab.openstack_blockstorage_volume_v3.team_volumes",
            "module.homelab.openstack_networking_network_v2.blueteam_homelab",
            "module.homelab.openstack_networking_port_v2.dc_port",
            "module.homelab.openstack_networking_port_v2.media_port",
            "module.homelab.openstack_networking_port_v2.pc_port",
            "module.homelab.openstack_networking_port_v2.pihole_port",
            "module.homelab.openstack_networking_port_v2.web_port",
            "module.homelab.openstack_networking_secgroup_v2.blueteam_homelab_secgroup",
            "module.homelab.openstack_networking_secgroup_v2.blueteam_jumpbox_secgroup",
            "module.homelab.openstack_networking_subnet_v2.blueteam_homelab_subnet"
          ]
        }
      ]
    },
    {
      "module": "module.homelab",
      "mode": "managed",
      "type": "openstack_networking_network_v2",
      "name": "blueteam_homelab",
      "provider": "provider[\"registry.terraform.io/terraform-provider-openstack/openstack\"]",
      "instances": [
        {
          "schema_version": 0,
          "attributes": {
            "admin_state_up": true,
            "all_tags": [],
            "availability_zone_hints": [],
            "description": "",
            "dns_domain": "",
            "external": false,
            "id": "934b4cd2-7e5b-4762-87d6-244fdf8257c8",
            "mtu": 8942,
            "name": "Blueteam Homelab",
            "port_security_enabled": true,
            "qos_policy_id": "",
            "region": "gibson",
            "segments": [],
            "shared": false,
            "tags": [],
            "tenant_id": "a04419c07de1428ba9f58093b1b52ef3",
            "timeouts": null,
            "transparent_vlan": false,
            "value_specs": null
          },
          "sensitive_attributes": [],
          "private": "eyJlMmJmYjczMC1lY2FhLTExZTYtOGY4OC0zNDM2M2JjN2M0YzAiOnsiY3JlYXRlIjo2MDAwMDAwMDAwMDAsImRlbGV0ZSI6NjAwMDAwMDAwMDAwfX0="
        }
      ]
    },
    {
      "module": "module.homelab",
      "mode": "managed",
      "type": "openstack_networking_port_v2",
      "name": "blueteam_homelab_subnet_port",
      "provider": "provider[\"registry.terraform.io/terraform-provider-openstack/openstack\"]",
      "instances": [
        {
          "schema_version": 0,
          "attributes": {
            "admin_state_up": true,
            "all_fixed_ips": [
              "10.1.0.254"
            ],
            "all_security_group_ids": [],
            "all_tags": [],
            "allowed_address_pairs": [],
            "binding": [
              {
                "host_id": "",
                "profile": "",
                "vif_details": {},
                "vif_type": "",
                "vnic_type": "normal"
              }
            ],
            "description": "",
            "device_id": "f8621c1f-8a35-4687-aab8-8769c79a9733",
            "device_owner": "network:router_interface",
            "dns_assignment": [],
            "dns_name": "",
            "extra_dhcp_option": [],
            "fixed_ip": [
              {
                "ip_address": "10.1.0.254",
                "subnet_id": "729d67a7-1bef-4fde-950f-d057e4383933"
              }
            ],
            "id": "23213c26-adce-47b9-a20c-6707cc38211b",
            "mac_address": "fa:16:3e:9e:0f:d8",
            "name": "Blueteam Homelab Port",
            "network_id": "934b4cd2-7e5b-4762-87d6-244fdf8257c8",
            "no_fixed_ip": null,
            "no_security_groups": null,
            "port_security_enabled": false,
            "qos_policy_id": "",
            "region": "gibson",
            "security_group_ids": null,
            "tags": [],
            "tenant_id": "a04419c07de1428ba9f58093b1b52ef3",
            "timeouts": null,
            "value_specs": null
          },
          "sensitive_attributes": [],
          "private": "eyJlMmJmYjczMC1lY2FhLTExZTYtOGY4OC0zNDM2M2JjN2M0YzAiOnsiY3JlYXRlIjo2MDAwMDAwMDAwMDAsImRlbGV0ZSI6NjAwMDAwMDAwMDAwfX0=",
          "dependencies": [
            "module.homelab.openstack_networking_network_v2.blueteam_homelab",
            "module.homelab.openstack_networking_subnet_v2.blueteam_homelab_subnet"
          ]
        }
      ]
    },
    {
      "module": "module.homelab",
      "mode": "managed",
      "type": "openstack_networking_port_v2",
      "name": "dc_port",
      "provider": "provider[\"registry.terraform.io/terraform-provider-openstack/openstack\"]",
      "instances": [
        {
          "schema_version": 0,
          "attributes": {
            "admin_state_up": true,
            "all_fixed_ips": [
              "10.1.0.1"
            ],
            "all_security_group_ids": [
              "27452c75-1554-490a-a277-188f632855a3",
              "df7d77a2-adf9-433c-9e4f-240ebebb8ed5"
            ],
            "all_tags": [],
            "allowed_address_pairs": [],
            "binding": [
              {
                "host_id": "",
                "profile": "",
                "vif_details": {},
                "vif_type": "",
                "vnic_type": "normal"
              }
            ],
            "description": "",
            "device_id": "c74699c8-342f-4b02-8a3d-82c2ed2f35c9",
            "device_owner": "compute:host07",
            "dns_assignment": [],
            "dns_name": "",
            "extra_dhcp_option": [],
            "fixed_ip": [
              {
                "ip_address": "10.1.0.1",
                "subnet_id": "729d67a7-1bef-4fde-950f-d057e4383933"
              }
            ],
            "id": "a1824f4b-5cec-4531-801e-760edf8a62a9",
            "mac_address": "fa:16:3e:c6:e8:af",
            "name": "Blueteam Homelab Domain Controller",
            "network_id": "934b4cd2-7e5b-4762-87d6-244fdf8257c8",
            "no_fixed_ip": null,
            "no_security_groups": null,
            "port_security_enabled": true,
            "qos_policy_id": "",
            "region": "gibson",
            "security_group_ids": [
              "27452c75-1554-490a-a277-188f632855a3",
              "df7d77a2-adf9-433c-9e4f-240ebebb8ed5"
            ],
            "tags": [],
            "tenant_id": "a04419c07de1428ba9f58093b1b52ef3",
            "timeouts": null,
            "value_specs": null
          },
          "sensitive_attributes": [],
          "private": "eyJlMmJmYjczMC1lY2FhLTExZTYtOGY4OC0zNDM2M2JjN2M0YzAiOnsiY3JlYXRlIjo2MDAwMDAwMDAwMDAsImRlbGV0ZSI6NjAwMDAwMDAwMDAwfX0=",
          "dependencies": [
            "module.homelab.data.openstack_identity_project_v3.management_project",
            "module.homelab.data.openstack_networking_secgroup_v2.default_secgroup",
            "module.homelab.openstack_networking_network_v2.blueteam_homelab",
            "module.homelab.openstack_networking_secgroup_v2.blueteam_homelab_secgroup",
            "module.homelab.openstack_networking_secgroup_v2.blueteam_jumpbox_secgroup",
            "module.homelab.openstack_networking_subnet_v2.blueteam_homelab_subnet"
          ]
        }
      ]
    },
    {
      "module": "module.homelab",
      "mode": "managed",
      "type": "openstack_networking_port_v2",
      "name": "media_port",
      "provider": "provider[\"registry.terraform.io/terraform-provider-openstack/openstack\"]",
      "instances": [
        {
          "schema_version": 0,
          "attributes": {
            "admin_state_up": true,
            "all_fixed_ips": [
              "10.1.0.3"
            ],
            "all_security_group_ids": [
              "27452c75-1554-490a-a277-188f632855a3",
              "df7d77a2-adf9-433c-9e4f-240ebebb8ed5"
            ],
            "all_tags": [],
            "allowed_address_pairs": [],
            "binding": [
              {
                "host_id": "",
                "profile": "",
                "vif_details": {},
                "vif_type": "",
                "vnic_type": "normal"
              }
            ],
            "description": "",
            "device_id": "b6d686f0-281c-4913-b89c-643135e79458",
            "device_owner": "compute:host07",
            "dns_assignment": [],
            "dns_name": "",
            "extra_dhcp_option": [],
            "fixed_ip": [
              {
                "ip_address": "10.1.0.3",
                "subnet_id": "729d67a7-1bef-4fde-950f-d057e4383933"
              }
            ],
            "id": "39fcb505-4e0a-4a66-ac46-c7fbf7e04767",
            "mac_address": "fa:16:3e:76:14:8f",
            "name": "Blueteam Homelab Media",
            "network_id": "934b4cd2-7e5b-4762-87d6-244fdf8257c8",
            "no_fixed_ip": null,
            "no_security_groups": null,
            "port_security_enabled": true,
            "qos_policy_id": "",
            "region": "gibson",
            "security_group_ids": [
              "27452c75-1554-490a-a277-188f632855a3",
              "df7d77a2-adf9-433c-9e4f-240ebebb8ed5"
            ],
            "tags": [],
            "tenant_id": "a04419c07de1428ba9f58093b1b52ef3",
            "timeouts": null,
            "value_specs": null
          },
          "sensitive_attributes": [],
          "private": "eyJlMmJmYjczMC1lY2FhLTExZTYtOGY4OC0zNDM2M2JjN2M0YzAiOnsiY3JlYXRlIjo2MDAwMDAwMDAwMDAsImRlbGV0ZSI6NjAwMDAwMDAwMDAwfX0=",
          "dependencies": [
            "module.homelab.data.openstack_identity_project_v3.management_project",
            "module.homelab.data.openstack_networking_secgroup_v2.default_secgroup",
            "module.homelab.openstack_networking_network_v2.blueteam_homelab",
            "module.homelab.openstack_networking_secgroup_v2.blueteam_homelab_secgroup",
            "module.homelab.openstack_networking_secgroup_v2.blueteam_jumpbox_secgroup",
            "module.homelab.openstack_networking_subnet_v2.blueteam_homelab_subnet"
          ]
        }
      ]
    },
    {
      "module": "module.homelab",
      "mode": "managed",
      "type": "openstack_networking_port_v2",
      "name": "pc_port",
      "provider": "provider[\"registry.terraform.io/terraform-provider-openstack/openstack\"]",
      "instances": [
        {
          "schema_version": 0,
          "attributes": {
            "admin_state_up": true,
            "all_fixed_ips": [
              "10.1.0.2"
            ],
            "all_security_group_ids": [
              "27452c75-1554-490a-a277-188f632855a3",
              "df7d77a2-adf9-433c-9e4f-240ebebb8ed5"
            ],
            "all_tags": [],
            "allowed_address_pairs": [],
            "binding": [
              {
                "host_id": "",
                "profile": "",
                "vif_details": {},
                "vif_type": "",
                "vnic_type": "normal"
              }
            ],
            "description": "",
            "device_id": "83de3a5d-ac43-4d55-8d77-f52e4e9728df",
            "device_owner": "compute:host07",
            "dns_assignment": [],
            "dns_name": "",
            "extra_dhcp_option": [],
            "fixed_ip": [
              {
                "ip_address": "10.1.0.2",
                "subnet_id": "729d67a7-1bef-4fde-950f-d057e4383933"
              }
            ],
            "id": "52254ed1-b001-493c-b6b2-45206c7779e1",
            "mac_address": "fa:16:3e:f5:cf:09",
            "name": "Blueteam Homelab Personal Computer",
            "network_id": "934b4cd2-7e5b-4762-87d6-244fdf8257c8",
            "no_fixed_ip": null,
            "no_security_groups": null,
            "port_security_enabled": true,
            "qos_policy_id": "",
            "region": "gibson",
            "security_group_ids": [
              "27452c75-1554-490a-a277-188f632855a3",
              "df7d77a2-adf9-433c-9e4f-240ebebb8ed5"
            ],
            "tags": [],
            "tenant_id": "a04419c07de1428ba9f58093b1b52ef3",
            "timeouts": null,
            "value_specs": null
          },
          "sensitive_attributes": [],
          "private": "eyJlMmJmYjczMC1lY2FhLTExZTYtOGY4OC0zNDM2M2JjN2M0YzAiOnsiY3JlYXRlIjo2MDAwMDAwMDAwMDAsImRlbGV0ZSI6NjAwMDAwMDAwMDAwfX0=",
          "dependencies": [
            "module.homelab.data.openstack_identity_project_v3.management_project",
            "module.homelab.data.openstack_networking_secgroup_v2.default_secgroup",
            "module.homelab.openstack_networking_network_v2.blueteam_homelab",
            "module.homelab.openstack_networking_secgroup_v2.blueteam_homelab_secgroup",
            "module.homelab.openstack_networking_secgroup_v2.blueteam_jumpbox_secgroup",
            "module.homelab.openstack_networking_subnet_v2.blueteam_homelab_subnet"
          ]
        }
      ]
    },
    {
      "module": "module.homelab",
      "mode": "managed",
      "type": "openstack_networking_port_v2",
      "name": "pihole_port",
      "provider": "provider[\"registry.terraform.io/terraform-provider-openstack/openstack\"]",
      "instances": [
        {
          "schema_version": 0,
          "attributes": {
            "admin_state_up": true,
            "all_fixed_ips": [
              "10.1.0.5"
            ],
            "all_security_group_ids": [
              "27452c75-1554-490a-a277-188f632855a3",
              "df7d77a2-adf9-433c-9e4f-240ebebb8ed5"
            ],
            "all_tags": [],
            "allowed_address_pairs": [],
            "binding": [
              {
                "host_id": "",
                "profile": "",
                "vif_details": {},
                "vif_type": "",
                "vnic_type": "normal"
              }
            ],
            "description": "",
            "device_id": "",
            "device_owner": "",
            "dns_assignment": [],
            "dns_name": "",
            "extra_dhcp_option": [],
            "fixed_ip": [
              {
                "ip_address": "10.1.0.5",
                "subnet_id": "729d67a7-1bef-4fde-950f-d057e4383933"
              }
            ],
            "id": "61a7aa98-cba4-408c-972f-7e99f9a93896",
            "mac_address": "fa:16:3e:01:f3:a7",
            "name": "Blueteam Homelab Pihole",
            "network_id": "934b4cd2-7e5b-4762-87d6-244fdf8257c8",
            "no_fixed_ip": null,
            "no_security_groups": null,
            "port_security_enabled": true,
            "qos_policy_id": "",
            "region": "gibson",
            "security_group_ids": [
              "27452c75-1554-490a-a277-188f632855a3",
              "df7d77a2-adf9-433c-9e4f-240ebebb8ed5"
            ],
            "tags": [],
            "tenant_id": "a04419c07de1428ba9f58093b1b52ef3",
            "timeouts": null,
            "value_specs": null
          },
          "sensitive_attributes": [],
          "private": "eyJlMmJmYjczMC1lY2FhLTExZTYtOGY4OC0zNDM2M2JjN2M0YzAiOnsiY3JlYXRlIjo2MDAwMDAwMDAwMDAsImRlbGV0ZSI6NjAwMDAwMDAwMDAwfX0=",
          "dependencies": [
            "module.homelab.data.openstack_identity_project_v3.management_project",
            "module.homelab.data.openstack_networking_secgroup_v2.default_secgroup",
            "module.homelab.openstack_networking_network_v2.blueteam_homelab",
            "module.homelab.openstack_networking_secgroup_v2.blueteam_homelab_secgroup",
            "module.homelab.openstack_networking_secgroup_v2.blueteam_jumpbox_secgroup",
            "module.homelab.openstack_networking_subnet_v2.blueteam_homelab_subnet"
          ]
        }
      ]
    },
    {
      "module": "module.homelab",
      "mode": "managed",
      "type": "openstack_networking_port_v2",
      "name": "web_port",
      "provider": "provider[\"registry.terraform.io/terraform-provider-openstack/openstack\"]",
      "instances": [
        {
          "schema_version": 0,
          "attributes": {
            "admin_state_up": true,
            "all_fixed_ips": [
              "10.1.0.4"
            ],
            "all_security_group_ids": [
              "27452c75-1554-490a-a277-188f632855a3",
              "df7d77a2-adf9-433c-9e4f-240ebebb8ed5"
            ],
            "all_tags": [],
            "allowed_address_pairs": [],
            "binding": [
              {
                "host_id": "",
                "profile": "",
                "vif_details": {},
                "vif_type": "",
                "vnic_type": "normal"
              }
            ],
            "description": "",
            "device_id": "9842d7b7-c8d1-4b66-a9c7-8ab43e87db40",
            "device_owner": "compute:host07",
            "dns_assignment": [],
            "dns_name": "",
            "extra_dhcp_option": [],
            "fixed_ip": [
              {
                "ip_address": "10.1.0.4",
                "subnet_id": "729d67a7-1bef-4fde-950f-d057e4383933"
              }
            ],
            "id": "2d816def-29f5-48ff-9096-d407e7e7cb4c",
            "mac_address": "fa:16:3e:a7:be:1a",
            "name": "Blueteam Homelab Web",
            "network_id": "934b4cd2-7e5b-4762-87d6-244fdf8257c8",
            "no_fixed_ip": null,
            "no_security_groups": null,
            "port_security_enabled": true,
            "qos_policy_id": "",
            "region": "gibson",
            "security_group_ids": [
              "27452c75-1554-490a-a277-188f632855a3",
              "df7d77a2-adf9-433c-9e4f-240ebebb8ed5"
            ],
            "tags": [],
            "tenant_id": "a04419c07de1428ba9f58093b1b52ef3",
            "timeouts": null,
            "value_specs": null
          },
          "sensitive_attributes": [],
          "private": "eyJlMmJmYjczMC1lY2FhLTExZTYtOGY4OC0zNDM2M2JjN2M0YzAiOnsiY3JlYXRlIjo2MDAwMDAwMDAwMDAsImRlbGV0ZSI6NjAwMDAwMDAwMDAwfX0=",
          "dependencies": [
            "module.homelab.data.openstack_identity_project_v3.management_project",
            "module.homelab.data.openstack_networking_secgroup_v2.default_secgroup",
            "module.homelab.openstack_networking_network_v2.blueteam_homelab",
            "module.homelab.openstack_networking_secgroup_v2.blueteam_homelab_secgroup",
            "module.homelab.openstack_networking_secgroup_v2.blueteam_jumpbox_secgroup",
            "module.homelab.openstack_networking_subnet_v2.blueteam_homelab_subnet"
          ]
        }
      ]
    },
    {
      "module": "module.homelab",
      "mode": "managed",
      "type": "openstack_networking_router_interface_v2",
      "name": "blueteam_homelab_interface",
      "provider": "provider[\"registry.terraform.io/terraform-provider-openstack/openstack\"]",
      "instances": [
        {
          "schema_version": 0,
          "attributes": {
            "id": "23213c26-adce-47b9-a20c-6707cc38211b",
            "port_id": "23213c26-adce-47b9-a20c-6707cc38211b",
            "region": "gibson",
            "router_id": "f8621c1f-8a35-4687-aab8-8769c79a9733",
            "subnet_id": "729d67a7-1bef-4fde-950f-d057e4383933",
            "timeouts": null
          },
          "sensitive_attributes": [],
          "private": "eyJlMmJmYjczMC1lY2FhLTExZTYtOGY4OC0zNDM2M2JjN2M0YzAiOnsiY3JlYXRlIjo2MDAwMDAwMDAwMDAsImRlbGV0ZSI6NjAwMDAwMDAwMDAwfX0=",
          "dependencies": [
            "module.homelab.data.openstack_networking_router_v2.core_router",
            "module.homelab.openstack_networking_network_v2.blueteam_homelab",
            "module.homelab.openstack_networking_port_v2.blueteam_homelab_subnet_port",
            "module.homelab.openstack_networking_subnet_v2.blueteam_homelab_subnet"
          ]
        }
      ]
    },
    {
      "module": "module.homelab",
      "mode": "managed",
      "type": "openstack_networking_secgroup_rule_v2",
      "name": "blueteam_homelab_secgroup_rule",
      "provider": "provider[\"registry.terraform.io/terraform-provider-openstack/openstack\"]",
      "instances": [
        {
          "index_key": "ssh",
          "schema_version": 0,
          "attributes": {
            "description": "ssh",
            "direction": "ingress",
            "ethertype": "IPv4",
            "id": "1a1a0a5e-95ae-4a53-8f58-e5188629d74c",
            "port_range_max": 22,
            "port_range_min": 22,
            "protocol": "tcp",
            "region": "gibson",
            "remote_group_id": "",
            "remote_ip_prefix": "",
            "security_group_id": "27452c75-1554-490a-a277-188f632855a3",
            "tenant_id": "a04419c07de1428ba9f58093b1b52ef3",
            "timeouts": null
          },
          "sensitive_attributes": [],
          "private": "eyJlMmJmYjczMC1lY2FhLTExZTYtOGY4OC0zNDM2M2JjN2M0YzAiOnsiZGVsZXRlIjo2MDAwMDAwMDAwMDB9fQ==",
          "dependencies": [
            "module.homelab.data.openstack_identity_project_v3.management_project",
            "module.homelab.openstack_networking_secgroup_v2.blueteam_homelab_secgroup"
          ]
        }
      ]
    },
    {
      "module": "module.homelab",
      "mode": "managed",
      "type": "openstack_networking_secgroup_rule_v2",
      "name": "redteam_jumpbox_secgroup_rule",
      "provider": "provider[\"registry.terraform.io/terraform-provider-openstack/openstack\"]",
      "instances": [
        {
          "index_key": "ssh",
          "schema_version": 0,
          "attributes": {
            "description": "ssh",
            "direction": "ingress",
            "ethertype": "IPv4",
            "id": "cacb848d-12b0-40a1-9df4-aedea8d42df8",
            "port_range_max": 22,
            "port_range_min": 22,
            "protocol": "tcp",
            "region": "gibson",
            "remote_group_id": "",
            "remote_ip_prefix": "",
            "security_group_id": "f490c324-0287-4696-9e01-704fb9c45daa",
            "tenant_id": "a04419c07de1428ba9f58093b1b52ef3",
            "timeouts": null
          },
          "sensitive_attributes": [],
          "private": "eyJlMmJmYjczMC1lY2FhLTExZTYtOGY4OC0zNDM2M2JjN2M0YzAiOnsiZGVsZXRlIjo2MDAwMDAwMDAwMDB9fQ==",
          "dependencies": [
            "module.homelab.data.openstack_identity_project_v3.management_project",
            "module.homelab.openstack_networking_secgroup_v2.blueteam_jumpbox_secgroup"
          ]
        }
      ]
    },
    {
      "module": "module.homelab",
      "mode": "managed",
      "type": "openstack_networking_secgroup_v2",
      "name": "blueteam_homelab_secgroup",
      "provider": "provider[\"registry.terraform.io/terraform-provider-openstack/openstack\"]",
      "instances": [
        {
          "schema_version": 0,
          "attributes": {
            "all_tags": [],
            "delete_default_rules": null,
            "description": "",
            "id": "27452c75-1554-490a-a277-188f632855a3",
            "name": "Blueteam Homelab Secgroup",
            "region": "gibson",
            "tags": [],
            "tenant_id": "a04419c07de1428ba9f58093b1b52ef3",
            "timeouts": null
          },
          "sensitive_attributes": [],
          "private": "eyJlMmJmYjczMC1lY2FhLTExZTYtOGY4OC0zNDM2M2JjN2M0YzAiOnsiZGVsZXRlIjo2MDAwMDAwMDAwMDB9fQ==",
          "dependencies": [
            "module.homelab.data.openstack_identity_project_v3.management_project"
          ]
        }
      ]
    },
    {
      "module": "module.homelab",
      "mode": "managed",
      "type": "openstack_networking_secgroup_v2",
      "name": "blueteam_jumpbox_secgroup",
      "provider": "provider[\"registry.terraform.io/terraform-provider-openstack/openstack\"]",
      "instances": [
        {
          "schema_version": 0,
          "attributes": {
            "all_tags": [],
            "delete_default_rules": null,
            "description": "",
            "id": "f490c324-0287-4696-9e01-704fb9c45daa",
            "name": "Blueteam Jumpbox Secgroup",
            "region": "gibson",
            "tags": [],
            "tenant_id": "a04419c07de1428ba9f58093b1b52ef3",
            "timeouts": null
          },
          "sensitive_attributes": [],
          "private": "eyJlMmJmYjczMC1lY2FhLTExZTYtOGY4OC0zNDM2M2JjN2M0YzAiOnsiZGVsZXRlIjo2MDAwMDAwMDAwMDB9fQ==",
          "dependencies": [
            "module.homelab.data.openstack_identity_project_v3.management_project"
          ]
        }
      ]
    },
    {
      "module": "module.homelab",
      "mode": "managed",
      "type": "openstack_networking_subnet_v2",
      "name": "blueteam_homelab_subnet",
      "provider": "provider[\"registry.terraform.io/terraform-provider-openstack/openstack\"]",
      "instances": [
        {
          "schema_version": 0,
          "attributes": {
            "all_tags": [],
            "allocation_pool": [
              {
                "end": "10.1.0.250",
                "start": "10.1.0.200"
              }
            ],
            "allocation_pools": [
              {
                "end": "10.1.0.250",
                "start": "10.1.0.200"
              }
            ],
            "cidr": "10.1.0.0/24",
            "description": "",
            "dns_nameservers": [
              "10.100.0.3",
              "1.1.1.1",
              "1.0.0.1"
            ],
            "enable_dhcp": true,
            "gateway_ip": "10.1.0.254",
            "host_routes": [],
            "id": "729d67a7-1bef-4fde-950f-d057e4383933",
            "ip_version": 4,
            "ipv6_address_mode": "",
            "ipv6_ra_mode": "",
            "name": "Blueteam Homelab Subnet",
            "network_id": "934b4cd2-7e5b-4762-87d6-244fdf8257c8",
            "no_gateway": false,
            "prefix_length": null,
            "region": "gibson",
            "subnetpool_id": "",
            "tags": [],
            "tenant_id": "a04419c07de1428ba9f58093b1b52ef3",
            "timeouts": null,
            "value_specs": null
          },
          "sensitive_attributes": [],
          "private": "eyJlMmJmYjczMC1lY2FhLTExZTYtOGY4OC0zNDM2M2JjN2M0YzAiOnsiY3JlYXRlIjo2MDAwMDAwMDAwMDAsImRlbGV0ZSI6NjAwMDAwMDAwMDAwfX0=",
          "dependencies": [
            "module.homelab.openstack_networking_network_v2.blueteam_homelab"
          ]
        }
      ]
    },
    {
      "module": "module.kitchen",
      "mode": "data",
      "type": "openstack_identity_project_v3",
      "name": "management_project",
      "provider": "provider[\"registry.terraform.io/terraform-provider-openstack/openstack\"]",
      "instances": [
        {
          "schema_version": 0,
          "attributes": {
            "description": "Project to build infrastructure for competition",
            "domain_id": "default",
            "enabled": true,
            "id": "a04419c07de1428ba9f58093b1b52ef3",
            "is_domain": false,
            "name": "charlie-infra",
            "parent_id": "default",
            "region": null,
            "tags": []
          },
          "sensitive_attributes": []
        }
      ]
    },
    {
      "module": "module.kitchen",
      "mode": "data",
      "type": "openstack_networking_network_v2",
      "name": "competition_cloud_network",
      "provider": "provider[\"registry.terraform.io/terraform-provider-openstack/openstack\"]",
      "instances": [
        {
          "schema_version": 0,
          "attributes": {
            "admin_state_up": "true",
            "all_tags": [],
            "availability_zone_hints": [],
            "description": "",
            "dns_domain": "",
            "external": false,
            "id": "bd7b1cc0-4f64-4dd4-a0e7-4e8a29290d3a",
            "matching_subnet_cidr": null,
            "mtu": 8942,
            "name": "Competition Cloud Network",
            "network_id": null,
            "region": "",
            "shared": "false",
            "status": null,
            "subnets": [
              "b9449b96-0d88-4376-91c8-3568d6a0b9e7",
              "d340b11c-b231-4473-aa71-3cb10e595d0c",
              "e41984e3-1343-46f9-a374-b2a2eea454fb"
            ],
            "tags": null,
            "tenant_id": "a04419c07de1428ba9f58093b1b52ef3",
            "transparent_vlan": false
          },
          "sensitive_attributes": []
        }
      ]
    },
    {
      "module": "module.kitchen",
      "mode": "data",
      "type": "openstack_networking_router_v2",
      "name": "core_router",
      "provider": "provider[\"registry.terraform.io/terraform-provider-openstack/openstack\"]",
      "instances": [
        {
          "schema_version": 0,
          "attributes": {
            "admin_state_up": true,
            "all_tags": [],
            "availability_zone_hints": [],
            "description": "",
            "distributed": false,
            "enable_snat": true,
            "external_fixed_ip": [
              {
                "ip_address": "129.21.249.50",
                "subnet_id": "69f14ecc-2bad-412e-abf1-24c90da9be5e"
              }
            ],
            "external_network_id": "d96988a6-c388-4032-8067-0b89d572cad0",
            "id": "f8621c1f-8a35-4687-aab8-8769c79a9733",
            "name": "Core Router",
            "region": "",
            "router_id": null,
            "status": "ACTIVE",
            "tags": null,
            "tenant_id": "a04419c07de1428ba9f58093b1b52ef3"
          },
          "sensitive_attributes": []
        }
      ]
    },
    {
      "module": "module.kitchen",
      "mode": "data",
      "type": "openstack_networking_secgroup_v2",
      "name": "default_secgroup",
      "provider": "provider[\"registry.terraform.io/terraform-provider-openstack/openstack\"]",
      "instances": [
        {
          "schema_version": 0,
          "attributes": {
            "all_tags": [],
            "description": "Default security group",
            "id": "df7d77a2-adf9-433c-9e4f-240ebebb8ed5",
            "name": "default",
            "region": "",
            "secgroup_id": "df7d77a2-adf9-433c-9e4f-240ebebb8ed5",
            "tags": null,
            "tenant_id": "a04419c07de1428ba9f58093b1b52ef3"
          },
          "sensitive_attributes": []
        }
      ]
    },
    {
      "module": "module.kitchen",
      "mode": "managed",
      "type": "openstack_blockstorage_volume_v3",
      "name": "team_volumes",
      "provider": "provider[\"registry.terraform.io/terraform-provider-openstack/openstack\"]",
      "instances": [
        {
          "index_key": "cabinet",
          "schema_version": 0,
          "attributes": {
            "attachment": [],
            "availability_zone": "nova",
            "consistency_group_id": null,
            "description": "",
            "enable_online_resize": null,
            "id": "6a242c14-887e-476f-9037-3772c7bd3637",
            "image_id": "5b9a2ab5-215b-4425-aaa9-32b4fcbe1955",
            "metadata": {},
            "multiattach": null,
            "name": "cabinet.blueteam.thanksgiving.dinner-volume",
            "region": "",
            "scheduler_hints": [],
            "size": 20,
            "snapshot_id": "",
            "source_replica": null,
            "source_vol_id": "",
            "timeouts": {
              "create": "30m",
              "delete": null
            },
            "volume_type": "__DEFAULT__"
          },
          "sensitive_attributes": [],
          "private": "eyJlMmJmYjczMC1lY2FhLTExZTYtOGY4OC0zNDM2M2JjN2M0YzAiOnsiY3JlYXRlIjoxODAwMDAwMDAwMDAwLCJkZWxldGUiOjYwMDAwMDAwMDAwMH19",
          "dependencies": [
            "data.openstack_compute_flavor_v2.flavor_linux_tiny",
            "data.openstack_images_image_v2.image_linux_openwrt"
          ]
        },
        {
          "index_key": "freezer",
          "schema_version": 0,
          "attributes": {
            "attachment": [],
            "availability_zone": "nova",
            "consistency_group_id": null,
            "description": "",
            "enable_online_resize": null,
            "id": "600772ed-08ee-44a5-afd4-c56e406572ee",
            "image_id": "5b9a2ab5-215b-4425-aaa9-32b4fcbe1955",
            "metadata": {},
            "multiattach": null,
            "name": "freezer.blueteam.thanksgiving.dinner-volume",
            "region": "",
            "scheduler_hints": [],
            "size": 20,
            "snapshot_id": "",
            "source_replica": null,
            "source_vol_id": "",
            "timeouts": {
              "create": "30m",
              "delete": null
            },
            "volume_type": "__DEFAULT__"
          },
          "sensitive_attributes": [],
          "private": "eyJlMmJmYjczMC1lY2FhLTExZTYtOGY4OC0zNDM2M2JjN2M0YzAiOnsiY3JlYXRlIjoxODAwMDAwMDAwMDAwLCJkZWxldGUiOjYwMDAwMDAwMDAwMH19",
          "dependencies": [
            "data.openstack_compute_flavor_v2.flavor_linux_tiny",
            "data.openstack_images_image_v2.image_linux_openwrt"
          ]
        },
        {
          "index_key": "fridge",
          "schema_version": 0,
          "attributes": {
            "attachment": [],
            "availability_zone": "nova",
            "consistency_group_id": null,
            "description": "",
            "enable_online_resize": null,
            "id": "2ce8ad27-fad3-48b1-adb9-5ed20baaaa87",
            "image_id": "5b9a2ab5-215b-4425-aaa9-32b4fcbe1955",
            "metadata": {},
            "multiattach": null,
            "name": "fridge.blueteam.thanksgiving.dinner-volume",
            "region": "",
            "scheduler_hints": [],
            "size": 20,
            "snapshot_id": "",
            "source_replica": null,
            "source_vol_id": "",
            "timeouts": {
              "create": "30m",
              "delete": null
            },
            "volume_type": "__DEFAULT__"
          },
          "sensitive_attributes": [],
          "private": "eyJlMmJmYjczMC1lY2FhLTExZTYtOGY4OC0zNDM2M2JjN2M0YzAiOnsiY3JlYXRlIjoxODAwMDAwMDAwMDAwLCJkZWxldGUiOjYwMDAwMDAwMDAwMH19",
          "dependencies": [
            "data.openstack_compute_flavor_v2.flavor_linux_tiny",
            "data.openstack_images_image_v2.image_linux_openwrt"
          ]
        },
        {
          "index_key": "lights",
          "schema_version": 0,
          "attributes": {
            "attachment": [
              {
                "device": "/dev/vda",
                "id": "59e6969e-ced0-44ca-a969-3b037cf45c48",
                "instance_id": "a7b354c5-67ad-4f1b-b258-77ed723190f9"
              }
            ],
            "availability_zone": "nova",
            "consistency_group_id": null,
            "description": "",
            "enable_online_resize": null,
            "id": "59e6969e-ced0-44ca-a969-3b037cf45c48",
            "image_id": "5b9a2ab5-215b-4425-aaa9-32b4fcbe1955",
            "metadata": {},
            "multiattach": null,
            "name": "lights.blueteam.thanksgiving.dinner-volume",
            "region": "",
            "scheduler_hints": [],
            "size": 20,
            "snapshot_id": "",
            "source_replica": null,
            "source_vol_id": "",
            "timeouts": {
              "create": "30m",
              "delete": null
            },
            "volume_type": "__DEFAULT__"
          },
          "sensitive_attributes": [],
          "private": "eyJlMmJmYjczMC1lY2FhLTExZTYtOGY4OC0zNDM2M2JjN2M0YzAiOnsiY3JlYXRlIjoxODAwMDAwMDAwMDAwLCJkZWxldGUiOjYwMDAwMDAwMDAwMH19",
          "dependencies": [
            "data.openstack_compute_flavor_v2.flavor_linux_tiny",
            "data.openstack_images_image_v2.image_linux_openwrt"
          ]
        },
        {
          "index_key": "oven",
          "schema_version": 0,
          "attributes": {
            "attachment": [],
            "availability_zone": "nova",
            "consistency_group_id": null,
            "description": "",
            "enable_online_resize": null,
            "id": "30fd4015-a020-4d0c-ac53-1ada907f9cf7",
            "image_id": "5b9a2ab5-215b-4425-aaa9-32b4fcbe1955",
            "metadata": {},
            "multiattach": null,
            "name": "oven.blueteam.thanksgiving.dinner-volume",
            "region": "",
            "scheduler_hints": [],
            "size": 20,
            "snapshot_id": "",
            "source_replica": null,
            "source_vol_id": "",
            "timeouts": {
              "create": "30m",
              "delete": null
            },
            "volume_type": "__DEFAULT__"
          },
          "sensitive_attributes": [],
          "private": "eyJlMmJmYjczMC1lY2FhLTExZTYtOGY4OC0zNDM2M2JjN2M0YzAiOnsiY3JlYXRlIjoxODAwMDAwMDAwMDAwLCJkZWxldGUiOjYwMDAwMDAwMDAwMH19",
          "dependencies": [
            "data.openstack_compute_flavor_v2.flavor_linux_tiny",
            "data.openstack_images_image_v2.image_linux_openwrt"
          ]
        }
      ]
    },
    {
      "module": "module.kitchen",
      "mode": "managed",
      "type": "openstack_compute_instance_v2",
      "name": "team_kitchen_instance",
      "provider": "provider[\"registry.terraform.io/terraform-provider-openstack/openstack\"]",
      "instances": [
        {
          "index_key": "cabinet",
          "schema_version": 0,
          "attributes": {
            "access_ip_v4": "10.2.0.2",
            "access_ip_v6": "",
            "admin_pass": null,
            "all_metadata": {},
            "all_tags": [
              "blueteam-cabinet",
              "kitchen",
              "project-ThanksgivingThrowdown-blueteam",
              "project-management"
            ],
            "availability_zone": "host05",
            "availability_zone_hints": null,
            "block_device": [
              {
                "boot_index": 0,
                "delete_on_termination": true,
                "destination_type": "volume",
                "device_type": "",
                "disk_bus": "",
                "guest_format": "",
                "source_type": "volume",
                "uuid": "e1fdeeb0-1bf5-43ea-8a30-04d0ed48f540",
                "volume_size": 20,
                "volume_type": ""
              }
            ],
            "config_drive": null,
            "flavor_id": "c992e0ef-8070-4d97-b54b-139ce7ceeebb",
            "flavor_name": "tiny",
            "floating_ip": null,
            "force_delete": false,
            "id": "a46c1c07-41b8-4807-b87e-2e15a77b5362",
            "image_id": "Attempt to boot from volume - no image supplied",
            "image_name": null,
            "key_pair": "",
            "metadata": null,
            "name": "cabinet.blueteam.thanksgiving.dinner",
            "network": [
              {
                "access_network": false,
                "fixed_ip_v4": "10.2.0.2",
                "fixed_ip_v6": "",
                "floating_ip": "",
                "mac": "fa:16:3e:32:26:c1",
                "name": "Competition Cloud Network",
                "port": "cdd860ce-8b33-4a41-a484-b1cb61a3cd18",
                "uuid": "bd7b1cc0-4f64-4dd4-a0e7-4e8a29290d3a"
              }
            ],
            "network_mode": null,
            "personality": [],
            "power_state": "active",
            "region": "",
            "scheduler_hints": [],
            "security_groups": [
              "Blueteam Kitchen Secgroup",
              "default"
            ],
            "stop_before_destroy": false,
            "tags": [
              "blueteam-cabinet",
              "kitchen",
              "project-ThanksgivingThrowdown-blueteam",
              "project-management"
            ],
            "timeouts": null,
            "user_data": null,
            "vendor_options": [],
            "volume": []
          },
          "sensitive_attributes": [],
          "private": "eyJlMmJmYjczMC1lY2FhLTExZTYtOGY4OC0zNDM2M2JjN2M0YzAiOnsiY3JlYXRlIjoxODAwMDAwMDAwMDAwLCJkZWxldGUiOjE4MDAwMDAwMDAwMDAsInVwZGF0ZSI6MTgwMDAwMDAwMDAwMH19",
          "dependencies": [
            "data.openstack_compute_flavor_v2.flavor_linux_tiny",
            "data.openstack_images_image_v2.image_linux_openwrt",
            "module.kitchen.data.openstack_identity_project_v3.management_project",
            "module.kitchen.data.openstack_networking_network_v2.competition_cloud_network",
            "module.kitchen.data.openstack_networking_secgroup_v2.default_secgroup",
            "module.kitchen.openstack_blockstorage_volume_v3.team_volumes",
            "module.kitchen.openstack_networking_port_v2.cabinet_port",
            "module.kitchen.openstack_networking_port_v2.freezer_port",
            "module.kitchen.openstack_networking_port_v2.fridge_port",
            "module.kitchen.openstack_networking_port_v2.lights_port",
            "module.kitchen.openstack_networking_port_v2.oven_port",
            "module.kitchen.openstack_networking_secgroup_v2.blueteam_kitchen_secgroup",
            "module.kitchen.openstack_networking_subnet_v2.blueteam_kitchen_subnet"
          ]
        },
        {
          "index_key": "freezer",
          "schema_version": 0,
          "attributes": {
            "access_ip_v4": "10.2.0.5",
            "access_ip_v6": "",
            "admin_pass": null,
            "all_metadata": {},
            "all_tags": [
              "blueteam-freezer",
              "kitchen",
              "project-ThanksgivingThrowdown-blueteam",
              "project-management"
            ],
            "availability_zone": "host07",
            "availability_zone_hints": null,
            "block_device": [
              {
                "boot_index": 0,
                "delete_on_termination": true,
                "destination_type": "volume",
                "device_type": "",
                "disk_bus": "",
                "guest_format": "",
                "source_type": "volume",
                "uuid": "9f13f53d-f50c-416d-b668-dfa9f52b937a",
                "volume_size": 20,
                "volume_type": ""
              }
            ],
            "config_drive": null,
            "flavor_id": "c992e0ef-8070-4d97-b54b-139ce7ceeebb",
            "flavor_name": "tiny",
            "floating_ip": null,
            "force_delete": false,
            "id": "f533904d-ff50-4762-903d-143ee2d527da",
            "image_id": "Attempt to boot from volume - no image supplied",
            "image_name": null,
            "key_pair": "",
            "metadata": null,
            "name": "freezer.blueteam.thanksgiving.dinner",
            "network": [
              {
                "access_network": false,
                "fixed_ip_v4": "10.2.0.5",
                "fixed_ip_v6": "",
                "floating_ip": "",
                "mac": "fa:16:3e:7f:60:f5",
                "name": "Competition Cloud Network",
                "port": "edc6511e-0889-4290-a65d-d3727edd460d",
                "uuid": "bd7b1cc0-4f64-4dd4-a0e7-4e8a29290d3a"
              }
            ],
            "network_mode": null,
            "personality": [],
            "power_state": "active",
            "region": "gibson",
            "scheduler_hints": [],
            "security_groups": [
              "Blueteam Kitchen Secgroup",
              "default"
            ],
            "stop_before_destroy": false,
            "tags": [
              "blueteam-freezer",
              "kitchen",
              "project-ThanksgivingThrowdown-blueteam",
              "project-management"
            ],
            "timeouts": null,
            "user_data": null,
            "vendor_options": [],
            "volume": []
          },
          "sensitive_attributes": [],
          "private": "eyJlMmJmYjczMC1lY2FhLTExZTYtOGY4OC0zNDM2M2JjN2M0YzAiOnsiY3JlYXRlIjoxODAwMDAwMDAwMDAwLCJkZWxldGUiOjE4MDAwMDAwMDAwMDAsInVwZGF0ZSI6MTgwMDAwMDAwMDAwMH19",
          "dependencies": [
            "data.openstack_compute_flavor_v2.flavor_linux_tiny",
            "data.openstack_images_image_v2.image_linux_openwrt",
            "module.kitchen.data.openstack_identity_project_v3.management_project",
            "module.kitchen.data.openstack_networking_network_v2.competition_cloud_network",
            "module.kitchen.data.openstack_networking_secgroup_v2.default_secgroup",
            "module.kitchen.openstack_blockstorage_volume_v3.team_volumes",
            "module.kitchen.openstack_networking_port_v2.cabinet_port",
            "module.kitchen.openstack_networking_port_v2.freezer_port",
            "module.kitchen.openstack_networking_port_v2.fridge_port",
            "module.kitchen.openstack_networking_port_v2.lights_port",
            "module.kitchen.openstack_networking_port_v2.oven_port",
            "module.kitchen.openstack_networking_secgroup_v2.blueteam_kitchen_secgroup",
            "module.kitchen.openstack_networking_subnet_v2.blueteam_kitchen_subnet"
          ]
        },
        {
          "index_key": "fridge",
          "schema_version": 0,
          "attributes": {
            "access_ip_v4": "10.2.0.1",
            "access_ip_v6": "",
            "admin_pass": null,
            "all_metadata": {},
            "all_tags": [
              "blueteam-fridge",
              "kitchen",
              "project-ThanksgivingThrowdown-blueteam",
              "project-management"
            ],
            "availability_zone": "host07",
            "availability_zone_hints": null,
            "block_device": [
              {
                "boot_index": 0,
                "delete_on_termination": true,
                "destination_type": "volume",
                "device_type": "",
                "disk_bus": "",
                "guest_format": "",
                "source_type": "volume",
                "uuid": "dc0da96a-c127-4952-9218-03e436a08eb4",
                "volume_size": 20,
                "volume_type": ""
              }
            ],
            "config_drive": null,
            "flavor_id": "c992e0ef-8070-4d97-b54b-139ce7ceeebb",
            "flavor_name": "tiny",
            "floating_ip": null,
            "force_delete": false,
            "id": "1d95f792-4318-4889-8ddf-8eb949bb5258",
            "image_id": "Attempt to boot from volume - no image supplied",
            "image_name": null,
            "key_pair": "",
            "metadata": null,
            "name": "fridge.blueteam.thanksgiving.dinner",
            "network": [
              {
                "access_network": false,
                "fixed_ip_v4": "10.2.0.1",
                "fixed_ip_v6": "",
                "floating_ip": "",
                "mac": "fa:16:3e:f6:9f:7e",
                "name": "Competition Cloud Network",
                "port": "2846dc4e-5725-4ae8-bf9d-9b324a1183c0",
                "uuid": "bd7b1cc0-4f64-4dd4-a0e7-4e8a29290d3a"
              }
            ],
            "network_mode": null,
            "personality": [],
            "power_state": "active",
            "region": "gibson",
            "scheduler_hints": [],
            "security_groups": [
              "Blueteam Kitchen Secgroup",
              "default"
            ],
            "stop_before_destroy": false,
            "tags": [
              "blueteam-fridge",
              "kitchen",
              "project-ThanksgivingThrowdown-blueteam",
              "project-management"
            ],
            "timeouts": null,
            "user_data": null,
            "vendor_options": [],
            "volume": []
          },
          "sensitive_attributes": [],
          "private": "eyJlMmJmYjczMC1lY2FhLTExZTYtOGY4OC0zNDM2M2JjN2M0YzAiOnsiY3JlYXRlIjoxODAwMDAwMDAwMDAwLCJkZWxldGUiOjE4MDAwMDAwMDAwMDAsInVwZGF0ZSI6MTgwMDAwMDAwMDAwMH19",
          "dependencies": [
            "data.openstack_compute_flavor_v2.flavor_linux_tiny",
            "data.openstack_images_image_v2.image_linux_openwrt",
            "module.kitchen.data.openstack_identity_project_v3.management_project",
            "module.kitchen.data.openstack_networking_network_v2.competition_cloud_network",
            "module.kitchen.data.openstack_networking_secgroup_v2.default_secgroup",
            "module.kitchen.openstack_blockstorage_volume_v3.team_volumes",
            "module.kitchen.openstack_networking_port_v2.cabinet_port",
            "module.kitchen.openstack_networking_port_v2.freezer_port",
            "module.kitchen.openstack_networking_port_v2.fridge_port",
            "module.kitchen.openstack_networking_port_v2.lights_port",
            "module.kitchen.openstack_networking_port_v2.oven_port",
            "module.kitchen.openstack_networking_secgroup_v2.blueteam_kitchen_secgroup",
            "module.kitchen.openstack_networking_subnet_v2.blueteam_kitchen_subnet"
          ]
        },
        {
          "index_key": "oven",
          "schema_version": 0,
          "attributes": {
            "access_ip_v4": "10.2.0.3",
            "access_ip_v6": "",
            "admin_pass": null,
            "all_metadata": {},
            "all_tags": [
              "blueteam-oven",
              "kitchen",
              "project-ThanksgivingThrowdown-blueteam",
              "project-management"
            ],
            "availability_zone": "host07",
            "availability_zone_hints": null,
            "block_device": [
              {
                "boot_index": 0,
                "delete_on_termination": true,
                "destination_type": "volume",
                "device_type": "",
                "disk_bus": "",
                "guest_format": "",
                "source_type": "volume",
                "uuid": "74e7efa7-3123-4ef2-bf03-49512e50dc7f",
                "volume_size": 20,
                "volume_type": ""
              }
            ],
            "config_drive": null,
            "flavor_id": "c992e0ef-8070-4d97-b54b-139ce7ceeebb",
            "flavor_name": "tiny",
            "floating_ip": null,
            "force_delete": false,
            "id": "2a2ec709-5b4f-4d6e-bf81-bd1a6b4560bd",
            "image_id": "Attempt to boot from volume - no image supplied",
            "image_name": null,
            "key_pair": "",
            "metadata": null,
            "name": "oven.blueteam.thanksgiving.dinner",
            "network": [
              {
                "access_network": false,
                "fixed_ip_v4": "10.2.0.3",
                "fixed_ip_v6": "",
                "floating_ip": "",
                "mac": "fa:16:3e:02:1c:cc",
                "name": "Competition Cloud Network",
                "port": "ea111f3c-fc82-4b89-bbb8-069d12f86994",
                "uuid": "bd7b1cc0-4f64-4dd4-a0e7-4e8a29290d3a"
              }
            ],
            "network_mode": null,
            "personality": [],
            "power_state": "active",
            "region": "gibson",
            "scheduler_hints": [],
            "security_groups": [
              "Blueteam Kitchen Secgroup",
              "default"
            ],
            "stop_before_destroy": false,
            "tags": [
              "blueteam-oven",
              "kitchen",
              "project-ThanksgivingThrowdown-blueteam",
              "project-management"
            ],
            "timeouts": null,
            "user_data": null,
            "vendor_options": [],
            "volume": []
          },
          "sensitive_attributes": [],
          "private": "eyJlMmJmYjczMC1lY2FhLTExZTYtOGY4OC0zNDM2M2JjN2M0YzAiOnsiY3JlYXRlIjoxODAwMDAwMDAwMDAwLCJkZWxldGUiOjE4MDAwMDAwMDAwMDAsInVwZGF0ZSI6MTgwMDAwMDAwMDAwMH19",
          "dependencies": [
            "data.openstack_compute_flavor_v2.flavor_linux_tiny",
            "data.openstack_images_image_v2.image_linux_openwrt",
            "module.kitchen.data.openstack_identity_project_v3.management_project",
            "module.kitchen.data.openstack_networking_network_v2.competition_cloud_network",
            "module.kitchen.data.openstack_networking_secgroup_v2.default_secgroup",
            "module.kitchen.openstack_blockstorage_volume_v3.team_volumes",
            "module.kitchen.openstack_networking_port_v2.cabinet_port",
            "module.kitchen.openstack_networking_port_v2.freezer_port",
            "module.kitchen.openstack_networking_port_v2.fridge_port",
            "module.kitchen.openstack_networking_port_v2.lights_port",
            "module.kitchen.openstack_networking_port_v2.oven_port",
            "module.kitchen.openstack_networking_secgroup_v2.blueteam_kitchen_secgroup",
            "module.kitchen.openstack_networking_subnet_v2.blueteam_kitchen_subnet"
          ]
        }
      ]
    },
    {
      "module": "module.kitchen",
      "mode": "managed",
      "type": "openstack_networking_port_v2",
      "name": "blueteam_kitchen_subnet_port",
      "provider": "provider[\"registry.terraform.io/terraform-provider-openstack/openstack\"]",
      "instances": [
        {
          "schema_version": 0,
          "attributes": {
            "admin_state_up": true,
            "all_fixed_ips": [
              "10.2.0.254"
            ],
            "all_security_group_ids": [],
            "all_tags": [],
            "allowed_address_pairs": [],
            "binding": [
              {
                "host_id": "",
                "profile": "",
                "vif_details": {},
                "vif_type": "",
                "vnic_type": "normal"
              }
            ],
            "description": "",
            "device_id": "f8621c1f-8a35-4687-aab8-8769c79a9733",
            "device_owner": "network:router_interface",
            "dns_assignment": [],
            "dns_name": "",
            "extra_dhcp_option": [],
            "fixed_ip": [
              {
                "ip_address": "10.2.0.254",
                "subnet_id": "d340b11c-b231-4473-aa71-3cb10e595d0c"
              }
            ],
            "id": "f14522bb-cad0-434c-a409-51f91dc79bad",
            "mac_address": "fa:16:3e:dd:10:61",
            "name": "Blueteam Kitchen Port",
            "network_id": "bd7b1cc0-4f64-4dd4-a0e7-4e8a29290d3a",
            "no_fixed_ip": null,
            "no_security_groups": null,
            "port_security_enabled": false,
            "qos_policy_id": "",
            "region": "gibson",
            "security_group_ids": null,
            "tags": [],
            "tenant_id": "a04419c07de1428ba9f58093b1b52ef3",
            "timeouts": null,
            "value_specs": null
          },
          "sensitive_attributes": [],
          "private": "eyJlMmJmYjczMC1lY2FhLTExZTYtOGY4OC0zNDM2M2JjN2M0YzAiOnsiY3JlYXRlIjo2MDAwMDAwMDAwMDAsImRlbGV0ZSI6NjAwMDAwMDAwMDAwfX0=",
          "dependencies": [
            "module.kitchen.data.openstack_networking_network_v2.competition_cloud_network",
            "module.kitchen.openstack_networking_subnet_v2.blueteam_kitchen_subnet"
          ]
        }
      ]
    },
    {
      "module": "module.kitchen",
      "mode": "managed",
      "type": "openstack_networking_port_v2",
      "name": "cabinet_port",
      "provider": "provider[\"registry.terraform.io/terraform-provider-openstack/openstack\"]",
      "instances": [
        {
          "schema_version": 0,
          "attributes": {
            "admin_state_up": true,
            "all_fixed_ips": [
              "10.2.0.2"
            ],
            "all_security_group_ids": [
              "35b8681c-e7b9-4be6-94a0-40f481b21040",
              "df7d77a2-adf9-433c-9e4f-240ebebb8ed5"
            ],
            "all_tags": [],
            "allowed_address_pairs": [],
            "binding": [
              {
                "host_id": "",
                "profile": "",
                "vif_details": {},
                "vif_type": "",
                "vnic_type": "normal"
              }
            ],
            "description": "",
            "device_id": "9585a4eb-0bc1-4139-8223-b4894c463f6a",
            "device_owner": "compute:host05",
            "dns_assignment": [],
            "dns_name": "",
            "extra_dhcp_option": [],
            "fixed_ip": [
              {
                "ip_address": "10.2.0.2",
                "subnet_id": "d340b11c-b231-4473-aa71-3cb10e595d0c"
              }
            ],
            "id": "cdd860ce-8b33-4a41-a484-b1cb61a3cd18",
            "mac_address": "fa:16:3e:32:26:c1",
            "name": "Blueteam Kitchen Cabinet",
            "network_id": "bd7b1cc0-4f64-4dd4-a0e7-4e8a29290d3a",
            "no_fixed_ip": null,
            "no_security_groups": null,
            "port_security_enabled": true,
            "qos_policy_id": "",
            "region": "gibson",
            "security_group_ids": [
              "35b8681c-e7b9-4be6-94a0-40f481b21040",
              "df7d77a2-adf9-433c-9e4f-240ebebb8ed5"
            ],
            "tags": [],
            "tenant_id": "a04419c07de1428ba9f58093b1b52ef3",
            "timeouts": null,
            "value_specs": null
          },
          "sensitive_attributes": [],
          "private": "eyJlMmJmYjczMC1lY2FhLTExZTYtOGY4OC0zNDM2M2JjN2M0YzAiOnsiY3JlYXRlIjo2MDAwMDAwMDAwMDAsImRlbGV0ZSI6NjAwMDAwMDAwMDAwfX0=",
          "dependencies": [
            "module.kitchen.data.openstack_identity_project_v3.management_project",
            "module.kitchen.data.openstack_networking_network_v2.competition_cloud_network",
            "module.kitchen.data.openstack_networking_secgroup_v2.default_secgroup",
            "module.kitchen.openstack_networking_secgroup_v2.blueteam_kitchen_secgroup",
            "module.kitchen.openstack_networking_subnet_v2.blueteam_kitchen_subnet"
          ]
        }
      ]
    },
    {
      "module": "module.kitchen",
      "mode": "managed",
      "type": "openstack_networking_port_v2",
      "name": "freezer_port",
      "provider": "provider[\"registry.terraform.io/terraform-provider-openstack/openstack\"]",
      "instances": [
        {
          "schema_version": 0,
          "attributes": {
            "admin_state_up": true,
            "all_fixed_ips": [
              "10.2.0.5"
            ],
            "all_security_group_ids": [
              "35b8681c-e7b9-4be6-94a0-40f481b21040",
              "df7d77a2-adf9-433c-9e4f-240ebebb8ed5"
            ],
            "all_tags": [],
            "allowed_address_pairs": [],
            "binding": [
              {
                "host_id": "",
                "profile": "",
                "vif_details": {},
                "vif_type": "",
                "vnic_type": "normal"
              }
            ],
            "description": "",
            "device_id": "15488bca-5cd1-49ed-a61a-52e097dd5646",
            "device_owner": "compute:host05",
            "dns_assignment": [],
            "dns_name": "",
            "extra_dhcp_option": [],
            "fixed_ip": [
              {
                "ip_address": "10.2.0.5",
                "subnet_id": "d340b11c-b231-4473-aa71-3cb10e595d0c"
              }
            ],
            "id": "edc6511e-0889-4290-a65d-d3727edd460d",
            "mac_address": "fa:16:3e:7f:60:f5",
            "name": "Blueteam Kitchen Freezer",
            "network_id": "bd7b1cc0-4f64-4dd4-a0e7-4e8a29290d3a",
            "no_fixed_ip": null,
            "no_security_groups": null,
            "port_security_enabled": true,
            "qos_policy_id": "",
            "region": "gibson",
            "security_group_ids": [
              "35b8681c-e7b9-4be6-94a0-40f481b21040",
              "df7d77a2-adf9-433c-9e4f-240ebebb8ed5"
            ],
            "tags": [],
            "tenant_id": "a04419c07de1428ba9f58093b1b52ef3",
            "timeouts": null,
            "value_specs": null
          },
          "sensitive_attributes": [],
          "private": "eyJlMmJmYjczMC1lY2FhLTExZTYtOGY4OC0zNDM2M2JjN2M0YzAiOnsiY3JlYXRlIjo2MDAwMDAwMDAwMDAsImRlbGV0ZSI6NjAwMDAwMDAwMDAwfX0=",
          "dependencies": [
            "module.kitchen.data.openstack_identity_project_v3.management_project",
            "module.kitchen.data.openstack_networking_network_v2.competition_cloud_network",
            "module.kitchen.data.openstack_networking_secgroup_v2.default_secgroup",
            "module.kitchen.openstack_networking_secgroup_v2.blueteam_kitchen_secgroup",
            "module.kitchen.openstack_networking_subnet_v2.blueteam_kitchen_subnet"
          ]
        }
      ]
    },
    {
      "module": "module.kitchen",
      "mode": "managed",
      "type": "openstack_networking_port_v2",
      "name": "fridge_port",
      "provider": "provider[\"registry.terraform.io/terraform-provider-openstack/openstack\"]",
      "instances": [
        {
          "schema_version": 0,
          "attributes": {
            "admin_state_up": true,
            "all_fixed_ips": [
              "10.2.0.1"
            ],
            "all_security_group_ids": [
              "35b8681c-e7b9-4be6-94a0-40f481b21040",
              "df7d77a2-adf9-433c-9e4f-240ebebb8ed5"
            ],
            "all_tags": [],
            "allowed_address_pairs": [],
            "binding": [
              {
                "host_id": "",
                "profile": "",
                "vif_details": {},
                "vif_type": "",
                "vnic_type": "normal"
              }
            ],
            "description": "",
            "device_id": "2477b8b3-3f45-41ec-ab24-cead7f91017f",
            "device_owner": "compute:host05",
            "dns_assignment": [],
            "dns_name": "",
            "extra_dhcp_option": [],
            "fixed_ip": [
              {
                "ip_address": "10.2.0.1",
                "subnet_id": "d340b11c-b231-4473-aa71-3cb10e595d0c"
              }
            ],
            "id": "2846dc4e-5725-4ae8-bf9d-9b324a1183c0",
            "mac_address": "fa:16:3e:f6:9f:7e",
            "name": "Blueteam Kitchen Fridge",
            "network_id": "bd7b1cc0-4f64-4dd4-a0e7-4e8a29290d3a",
            "no_fixed_ip": null,
            "no_security_groups": null,
            "port_security_enabled": true,
            "qos_policy_id": "",
            "region": "gibson",
            "security_group_ids": [
              "35b8681c-e7b9-4be6-94a0-40f481b21040",
              "df7d77a2-adf9-433c-9e4f-240ebebb8ed5"
            ],
            "tags": [],
            "tenant_id": "a04419c07de1428ba9f58093b1b52ef3",
            "timeouts": null,
            "value_specs": null
          },
          "sensitive_attributes": [],
          "private": "eyJlMmJmYjczMC1lY2FhLTExZTYtOGY4OC0zNDM2M2JjN2M0YzAiOnsiY3JlYXRlIjo2MDAwMDAwMDAwMDAsImRlbGV0ZSI6NjAwMDAwMDAwMDAwfX0=",
          "dependencies": [
            "module.kitchen.data.openstack_identity_project_v3.management_project",
            "module.kitchen.data.openstack_networking_network_v2.competition_cloud_network",
            "module.kitchen.data.openstack_networking_secgroup_v2.default_secgroup",
            "module.kitchen.openstack_networking_secgroup_v2.blueteam_kitchen_secgroup",
            "module.kitchen.openstack_networking_subnet_v2.blueteam_kitchen_subnet"
          ]
        }
      ]
    },
    {
      "module": "module.kitchen",
      "mode": "managed",
      "type": "openstack_networking_port_v2",
      "name": "lights_port",
      "provider": "provider[\"registry.terraform.io/terraform-provider-openstack/openstack\"]",
      "instances": [
        {
          "schema_version": 0,
          "attributes": {
            "admin_state_up": true,
            "all_fixed_ips": [
              "10.2.0.4"
            ],
            "all_security_group_ids": [
              "35b8681c-e7b9-4be6-94a0-40f481b21040",
              "df7d77a2-adf9-433c-9e4f-240ebebb8ed5"
            ],
            "all_tags": [],
            "allowed_address_pairs": [],
            "binding": [
              {
                "host_id": "",
                "profile": "",
                "vif_details": {},
                "vif_type": "",
                "vnic_type": "normal"
              }
            ],
            "description": "",
            "device_id": "a7b354c5-67ad-4f1b-b258-77ed723190f9",
            "device_owner": "compute:host06",
            "dns_assignment": [],
            "dns_name": "",
            "extra_dhcp_option": [],
            "fixed_ip": [
              {
                "ip_address": "10.2.0.4",
                "subnet_id": "d340b11c-b231-4473-aa71-3cb10e595d0c"
              }
            ],
            "id": "119ee1df-926a-41d6-b6b7-ca79274e13bb",
            "mac_address": "fa:16:3e:1b:ab:e7",
            "name": "Blueteam Kitchen Lights",
            "network_id": "bd7b1cc0-4f64-4dd4-a0e7-4e8a29290d3a",
            "no_fixed_ip": null,
            "no_security_groups": null,
            "port_security_enabled": true,
            "qos_policy_id": "",
            "region": "gibson",
            "security_group_ids": [
              "35b8681c-e7b9-4be6-94a0-40f481b21040",
              "df7d77a2-adf9-433c-9e4f-240ebebb8ed5"
            ],
            "tags": [],
            "tenant_id": "a04419c07de1428ba9f58093b1b52ef3",
            "timeouts": null,
            "value_specs": null
          },
          "sensitive_attributes": [],
          "private": "eyJlMmJmYjczMC1lY2FhLTExZTYtOGY4OC0zNDM2M2JjN2M0YzAiOnsiY3JlYXRlIjo2MDAwMDAwMDAwMDAsImRlbGV0ZSI6NjAwMDAwMDAwMDAwfX0=",
          "dependencies": [
            "module.kitchen.data.openstack_identity_project_v3.management_project",
            "module.kitchen.data.openstack_networking_network_v2.competition_cloud_network",
            "module.kitchen.data.openstack_networking_secgroup_v2.default_secgroup",
            "module.kitchen.openstack_networking_secgroup_v2.blueteam_kitchen_secgroup",
            "module.kitchen.openstack_networking_subnet_v2.blueteam_kitchen_subnet"
          ]
        }
      ]
    },
    {
      "module": "module.kitchen",
      "mode": "managed",
      "type": "openstack_networking_port_v2",
      "name": "oven_port",
      "provider": "provider[\"registry.terraform.io/terraform-provider-openstack/openstack\"]",
      "instances": [
        {
          "schema_version": 0,
          "attributes": {
            "admin_state_up": true,
            "all_fixed_ips": [
              "10.2.0.3"
            ],
            "all_security_group_ids": [
              "35b8681c-e7b9-4be6-94a0-40f481b21040",
              "df7d77a2-adf9-433c-9e4f-240ebebb8ed5"
            ],
            "all_tags": [],
            "allowed_address_pairs": [],
            "binding": [
              {
                "host_id": "",
                "profile": "",
                "vif_details": {},
                "vif_type": "",
                "vnic_type": "normal"
              }
            ],
            "description": "",
            "device_id": "fa37c664-6dea-4a9a-b1ea-220ce0670fff",
            "device_owner": "compute:host06",
            "dns_assignment": [],
            "dns_name": "",
            "extra_dhcp_option": [],
            "fixed_ip": [
              {
                "ip_address": "10.2.0.3",
                "subnet_id": "d340b11c-b231-4473-aa71-3cb10e595d0c"
              }
            ],
            "id": "ea111f3c-fc82-4b89-bbb8-069d12f86994",
            "mac_address": "fa:16:3e:02:1c:cc",
            "name": "Blueteam Kitchen Oven",
            "network_id": "bd7b1cc0-4f64-4dd4-a0e7-4e8a29290d3a",
            "no_fixed_ip": null,
            "no_security_groups": null,
            "port_security_enabled": true,
            "qos_policy_id": "",
            "region": "gibson",
            "security_group_ids": [
              "35b8681c-e7b9-4be6-94a0-40f481b21040",
              "df7d77a2-adf9-433c-9e4f-240ebebb8ed5"
            ],
            "tags": [],
            "tenant_id": "a04419c07de1428ba9f58093b1b52ef3",
            "timeouts": null,
            "value_specs": null
          },
          "sensitive_attributes": [],
          "private": "eyJlMmJmYjczMC1lY2FhLTExZTYtOGY4OC0zNDM2M2JjN2M0YzAiOnsiY3JlYXRlIjo2MDAwMDAwMDAwMDAsImRlbGV0ZSI6NjAwMDAwMDAwMDAwfX0=",
          "dependencies": [
            "module.kitchen.data.openstack_identity_project_v3.management_project",
            "module.kitchen.data.openstack_networking_network_v2.competition_cloud_network",
            "module.kitchen.data.openstack_networking_secgroup_v2.default_secgroup",
            "module.kitchen.openstack_networking_secgroup_v2.blueteam_kitchen_secgroup",
            "module.kitchen.openstack_networking_subnet_v2.blueteam_kitchen_subnet"
          ]
        }
      ]
    },
    {
      "module": "module.kitchen",
      "mode": "managed",
      "type": "openstack_networking_router_interface_v2",
      "name": "blueteam_kitchen_interface",
      "provider": "provider[\"registry.terraform.io/terraform-provider-openstack/openstack\"]",
      "instances": [
        {
          "schema_version": 0,
          "attributes": {
            "id": "f14522bb-cad0-434c-a409-51f91dc79bad",
            "port_id": "f14522bb-cad0-434c-a409-51f91dc79bad",
            "region": "gibson",
            "router_id": "f8621c1f-8a35-4687-aab8-8769c79a9733",
            "subnet_id": "d340b11c-b231-4473-aa71-3cb10e595d0c",
            "timeouts": null
          },
          "sensitive_attributes": [],
          "private": "eyJlMmJmYjczMC1lY2FhLTExZTYtOGY4OC0zNDM2M2JjN2M0YzAiOnsiY3JlYXRlIjo2MDAwMDAwMDAwMDAsImRlbGV0ZSI6NjAwMDAwMDAwMDAwfX0=",
          "dependencies": [
            "module.kitchen.data.openstack_networking_network_v2.competition_cloud_network",
            "module.kitchen.data.openstack_networking_router_v2.core_router",
            "module.kitchen.openstack_networking_port_v2.blueteam_kitchen_subnet_port",
            "module.kitchen.openstack_networking_subnet_v2.blueteam_kitchen_subnet"
          ]
        }
      ]
    },
    {
      "module": "module.kitchen",
      "mode": "managed",
      "type": "openstack_networking_secgroup_rule_v2",
      "name": "blueteam_kitchen_secgroup_rule",
      "provider": "provider[\"registry.terraform.io/terraform-provider-openstack/openstack\"]",
      "instances": [
        {
          "index_key": "http",
          "schema_version": 0,
          "attributes": {
            "description": "http",
            "direction": "ingress",
            "ethertype": "IPv4",
            "id": "696a6773-f711-4771-929b-82e53d84264b",
            "port_range_max": 80,
            "port_range_min": 80,
            "protocol": "tcp",
            "region": "gibson",
            "remote_group_id": "",
            "remote_ip_prefix": "",
            "security_group_id": "35b8681c-e7b9-4be6-94a0-40f481b21040",
            "tenant_id": "a04419c07de1428ba9f58093b1b52ef3",
            "timeouts": null
          },
          "sensitive_attributes": [],
          "private": "eyJlMmJmYjczMC1lY2FhLTExZTYtOGY4OC0zNDM2M2JjN2M0YzAiOnsiZGVsZXRlIjo2MDAwMDAwMDAwMDB9fQ==",
          "dependencies": [
            "module.kitchen.data.openstack_identity_project_v3.management_project",
            "module.kitchen.openstack_networking_secgroup_v2.blueteam_kitchen_secgroup"
          ]
        },
        {
          "index_key": "ssh",
          "schema_version": 0,
          "attributes": {
            "description": "ssh",
            "direction": "ingress",
            "ethertype": "IPv4",
            "id": "94ca20d0-d7cc-40df-9eb2-45e8e6d4b644",
            "port_range_max": 22,
            "port_range_min": 22,
            "protocol": "tcp",
            "region": "gibson",
            "remote_group_id": "",
            "remote_ip_prefix": "",
            "security_group_id": "35b8681c-e7b9-4be6-94a0-40f481b21040",
            "tenant_id": "a04419c07de1428ba9f58093b1b52ef3",
            "timeouts": null
          },
          "sensitive_attributes": [],
          "private": "eyJlMmJmYjczMC1lY2FhLTExZTYtOGY4OC0zNDM2M2JjN2M0YzAiOnsiZGVsZXRlIjo2MDAwMDAwMDAwMDB9fQ==",
          "dependencies": [
            "module.kitchen.data.openstack_identity_project_v3.management_project",
            "module.kitchen.openstack_networking_secgroup_v2.blueteam_kitchen_secgroup"
          ]
        }
      ]
    },
    {
      "module": "module.kitchen",
      "mode": "managed",
      "type": "openstack_networking_secgroup_v2",
      "name": "blueteam_kitchen_secgroup",
      "provider": "provider[\"registry.terraform.io/terraform-provider-openstack/openstack\"]",
      "instances": [
        {
          "schema_version": 0,
          "attributes": {
            "all_tags": [],
            "delete_default_rules": null,
            "description": "",
            "id": "35b8681c-e7b9-4be6-94a0-40f481b21040",
            "name": "Blueteam Kitchen Secgroup",
            "region": "gibson",
            "tags": [],
            "tenant_id": "a04419c07de1428ba9f58093b1b52ef3",
            "timeouts": null
          },
          "sensitive_attributes": [],
          "private": "eyJlMmJmYjczMC1lY2FhLTExZTYtOGY4OC0zNDM2M2JjN2M0YzAiOnsiZGVsZXRlIjo2MDAwMDAwMDAwMDB9fQ==",
          "dependencies": [
            "module.kitchen.data.openstack_identity_project_v3.management_project"
          ]
        }
      ]
    },
    {
      "module": "module.kitchen",
      "mode": "managed",
      "type": "openstack_networking_subnet_v2",
      "name": "blueteam_kitchen_subnet",
      "provider": "provider[\"registry.terraform.io/terraform-provider-openstack/openstack\"]",
      "instances": [
        {
          "schema_version": 0,
          "attributes": {
            "all_tags": [],
            "allocation_pool": [
              {
                "end": "10.2.0.250",
                "start": "10.2.0.200"
              }
            ],
            "allocation_pools": [
              {
                "end": "10.2.0.250",
                "start": "10.2.0.200"
              }
            ],
            "cidr": "10.2.0.0/24",
            "description": "",
            "dns_nameservers": [
              "10.100.0.3",
              "1.1.1.1",
              "1.0.0.1"
            ],
            "enable_dhcp": true,
            "gateway_ip": "10.2.0.254",
            "host_routes": [],
            "id": "d340b11c-b231-4473-aa71-3cb10e595d0c",
            "ip_version": 4,
            "ipv6_address_mode": "",
            "ipv6_ra_mode": "",
            "name": "Blueteam Kitchen Subnet",
            "network_id": "bd7b1cc0-4f64-4dd4-a0e7-4e8a29290d3a",
            "no_gateway": false,
            "prefix_length": null,
            "region": "gibson",
            "subnetpool_id": "",
            "tags": [],
            "tenant_id": "a04419c07de1428ba9f58093b1b52ef3",
            "timeouts": null,
            "value_specs": null
          },
          "sensitive_attributes": [],
          "private": "eyJlMmJmYjczMC1lY2FhLTExZTYtOGY4OC0zNDM2M2JjN2M0YzAiOnsiY3JlYXRlIjo2MDAwMDAwMDAwMDAsImRlbGV0ZSI6NjAwMDAwMDAwMDAwfX0=",
          "dependencies": [
            "module.kitchen.data.openstack_networking_network_v2.competition_cloud_network"
          ]
        }
      ]
    }
  ],
  "check_results": null
}
