{
  "version": 4,
  "terraform_version": "1.5.6",
  "serial": 614,
  "lineage": "574d4ee0-e65e-4916-9107-7b9d6b5bb1cf",
  "outputs": {},
  "resources": [
    {
      "mode": "data",
      "type": "openstack_compute_flavor_v2",
      "name": "flavor_linux_medium",
      "provider": "provider[\"registry.terraform.io/terraform-provider-openstack/openstack\"]",
      "instances": [
        {
          "schema_version": 0,
          "attributes": {
            "disk": 40,
            "extra_specs": {},
            "flavor_id": "5f964abc-866f-4d79-8aae-f9460cfb28d7",
            "id": "5f964abc-866f-4d79-8aae-f9460cfb28d7",
            "is_public": true,
            "min_disk": null,
            "min_ram": null,
            "name": "small",
            "ram": 1024,
            "region": null,
            "rx_tx_factor": 1,
            "swap": 0,
            "vcpus": 2
          },
          "sensitive_attributes": []
        }
      ]
    },
    {
      "mode": "data",
      "type": "openstack_identity_project_v3",
      "name": "management_project",
      "provider": "provider[\"registry.terraform.io/terraform-provider-openstack/openstack\"]",
      "instances": [
        {
          "schema_version": 0,
          "attributes": {
            "description": "Vaughn, Woerpel Personal Project",
            "domain_id": "default",
            "enabled": true,
            "id": "e7e474215e334ca782a7f15bad62f6c4",
            "is_domain": false,
            "name": "vww9966",
            "parent_id": "default",
            "region": null,
            "tags": []
          },
          "sensitive_attributes": []
        }
      ]
    },
    {
      "mode": "data",
      "type": "openstack_images_image_v2",
      "name": "image_ubuntu_22",
      "provider": "provider[\"registry.terraform.io/terraform-provider-openstack/openstack\"]",
      "instances": [
        {
          "schema_version": 0,
          "attributes": {
            "checksum": "6cc46ebe49acefe98bccb967d6b13e7d",
            "container_format": "bare",
            "created_at": "2023-02-23T22:38:21Z",
            "disk_format": "raw",
            "file": "/v2/images/f19eb19d-2bd0-4c73-9e9e-88f3e94d8646/file",
            "hidden": false,
            "id": "f19eb19d-2bd0-4c73-9e9e-88f3e94d8646",
            "member_status": null,
            "metadata": {},
            "min_disk_gb": 0,
            "min_ram_mb": 0,
            "most_recent": false,
            "name": "UbuntuJammy2204",
            "owner": "a69aa169729a4dbea0d9b9683072260d",
            "properties": {
              "direct_url": "rbd://bd7939e4-b236-11ed-a05f-be894137183b/images/f19eb19d-2bd0-4c73-9e9e-88f3e94d8646/snap",
              "os_hash_algo": "sha512",
              "os_hash_value": "bf0ba0d66a5f6653d131afe63ffdf40aff429d9b43ac78363f775e41b6d4cac57157b99409817b79cc0a3d075d919d38f572bc3162cd2d2f4ecd94c49d3af94c",
              "owner_specified.openstack.md5": "",
              "owner_specified.openstack.object": "images/UbuntuJammy2204",
              "owner_specified.openstack.sha256": "",
              "stores": "rbd"
            },
            "protected": false,
            "region": "",
            "schema": "/v2/schemas/image",
            "size_bytes": 2361393152,
            "size_max": null,
            "size_min": null,
            "sort_direction": "asc",
            "sort_key": "name",
            "tag": null,
            "tags": [],
            "updated_at": "2023-02-23T22:38:41Z",
            "visibility": "public"
          },
          "sensitive_attributes": []
        }
      ]
    },
    {
      "mode": "data",
      "type": "openstack_networking_network_v2",
      "name": "external_network",
      "provider": "provider[\"registry.terraform.io/terraform-provider-openstack/openstack\"]",
      "instances": [
        {
          "schema_version": 0,
          "attributes": {
            "admin_state_up": "true",
            "all_tags": [],
            "availability_zone_hints": [],
            "description": "",
            "dns_domain": "",
            "external": true,
            "id": "d96988a6-c388-4032-8067-0b89d572cad0",
            "matching_subnet_cidr": null,
            "mtu": 1500,
            "name": "external249",
            "network_id": null,
            "region": "",
            "shared": "false",
            "status": null,
            "subnets": [
              "69f14ecc-2bad-412e-abf1-24c90da9be5e"
            ],
            "tags": null,
            "tenant_id": "a69aa169729a4dbea0d9b9683072260d",
            "transparent_vlan": false
          },
          "sensitive_attributes": []
        }
      ]
    },
    {
      "module": "module.comp_mgmt",
      "mode": "data",
      "type": "openstack_identity_project_v3",
      "name": "management_project",
      "provider": "provider[\"registry.terraform.io/terraform-provider-openstack/openstack\"]",
      "instances": [
        {
          "schema_version": 0,
          "attributes": {
            "description": "Vaughn, Woerpel Personal Project",
            "domain_id": "default",
            "enabled": true,
            "id": "e7e474215e334ca782a7f15bad62f6c4",
            "is_domain": false,
            "name": "vww9966",
            "parent_id": "default",
            "region": null,
            "tags": []
          },
          "sensitive_attributes": []
        }
      ]
    },
    {
      "module": "module.comp_mgmt",
      "mode": "data",
      "type": "openstack_networking_secgroup_v2",
      "name": "default_secgroup",
      "provider": "provider[\"registry.terraform.io/terraform-provider-openstack/openstack\"]",
      "instances": [
        {
          "schema_version": 0,
          "attributes": {
            "all_tags": [],
            "description": "Default security group",
            "id": "23f0b9f4-84b0-4ba2-9f8c-a68a86fd011f",
            "name": "default",
            "region": "",
            "secgroup_id": "23f0b9f4-84b0-4ba2-9f8c-a68a86fd011f",
            "tags": null,
            "tenant_id": "e7e474215e334ca782a7f15bad62f6c4"
          },
          "sensitive_attributes": []
        }
      ]
    },
    {
      "module": "module.comp_mgmt",
      "mode": "managed",
      "type": "openstack_compute_floatingip_associate_v2",
      "name": "public_instance_ip_associate",
      "provider": "provider[\"registry.terraform.io/terraform-provider-openstack/openstack\"]",
      "instances": [
        {
          "index_key": "deploy",
          "schema_version": 0,
          "attributes": {
            "fixed_ip": "",
            "floating_ip": "129.21.249.103",
            "id": "129.21.249.103/847793b8-909c-419f-921d-e4acfe49f018/",
            "instance_id": "847793b8-909c-419f-921d-e4acfe49f018",
            "region": "",
            "timeouts": null,
            "wait_until_associated": null
          },
          "sensitive_attributes": [],
          "private": "eyJlMmJmYjczMC1lY2FhLTExZTYtOGY4OC0zNDM2M2JjN2M0YzAiOnsiY3JlYXRlIjo2MDAwMDAwMDAwMDB9fQ==",
          "dependencies": [
            "data.openstack_compute_flavor_v2.flavor_linux_medium",
            "data.openstack_images_image_v2.image_ubuntu_22",
            "module.comp_mgmt.data.openstack_networking_secgroup_v2.default_secgroup",
            "module.comp_mgmt.openstack_compute_instance_v2.management_instance",
            "module.comp_mgmt.openstack_networking_floatingip_v2.public_ip",
            "module.comp_mgmt.openstack_networking_port_v2.deploy_port",
            "module.comp_mgmt.openstack_networking_port_v2.scoring_port",
            "module.comp_mgmt.openstack_networking_secgroup_v2.deploy_secgroup",
            "module.comp_mgmt.openstack_networking_secgroup_v2.null_secgroup",
            "module.comp_mgmt.openstack_networking_secgroup_v2.scorestack_secgroup",
            "module.comp_mgmt.openstack_networking_subnet_v2.management_subnet"
          ]
        }
      ]
    },
    {
      "module": "module.comp_mgmt",
      "mode": "managed",
      "type": "openstack_compute_instance_v2",
      "name": "management_instance",
      "provider": "provider[\"registry.terraform.io/terraform-provider-openstack/openstack\"]",
      "instances": [
        {
          "index_key": "deploy",
          "schema_version": 0,
          "attributes": {
            "access_ip_v4": "10.100.0.1",
            "access_ip_v6": "",
            "admin_pass": null,
            "all_metadata": {},
            "all_tags": [
              "mgmt-deploy",
              "project-ThanksgivingThrowdown-mgmt",
              "project-management"
            ],
            "availability_zone": "host02",
            "availability_zone_hints": null,
            "block_device": [
              {
                "boot_index": 0,
                "delete_on_termination": true,
                "destination_type": "volume",
                "device_type": "",
                "disk_bus": "",
                "guest_format": "",
                "source_type": "image",
                "uuid": "f19eb19d-2bd0-4c73-9e9e-88f3e94d8646",
                "volume_size": 20,
                "volume_type": ""
              }
            ],
            "config_drive": true,
            "flavor_id": "5f964abc-866f-4d79-8aae-f9460cfb28d7",
            "flavor_name": "small",
            "floating_ip": null,
            "force_delete": false,
            "id": "847793b8-909c-419f-921d-e4acfe49f018",
            "image_id": "Attempt to boot from volume - no image supplied",
            "image_name": null,
            "key_pair": "",
            "metadata": null,
            "name": "deploy.management.thanksgiving.dinner",
            "network": [
              {
                "access_network": false,
                "fixed_ip_v4": "10.100.0.1",
                "fixed_ip_v6": "",
                "floating_ip": "",
                "mac": "fa:16:3e:97:a4:81",
                "name": "Management Network",
                "port": "e85775e7-d3a7-477a-ace3-87274db5aeca",
                "uuid": "01f8c99a-f64f-4c04-96ea-52068d24f610"
              }
            ],
            "network_mode": null,
            "personality": [],
            "power_state": "active",
            "region": "",
            "scheduler_hints": [],
            "security_groups": [
              "aefd6394-063a-4fe0-9096-431277cae314",
              "default"
            ],
            "stop_before_destroy": false,
            "tags": [
              "mgmt-deploy",
              "project-ThanksgivingThrowdown-mgmt",
              "project-management"
            ],
            "timeouts": {
              "create": "10m",
              "delete": "10m",
              "update": null
            },
            "user_data": "3b84a9208391425c6388676407e6a363a0c5c4fc",
            "vendor_options": [],
            "volume": []
          },
          "sensitive_attributes": [],
          "private": "eyJlMmJmYjczMC1lY2FhLTExZTYtOGY4OC0zNDM2M2JjN2M0YzAiOnsiY3JlYXRlIjo2MDAwMDAwMDAwMDAsImRlbGV0ZSI6NjAwMDAwMDAwMDAwLCJ1cGRhdGUiOjE4MDAwMDAwMDAwMDB9fQ==",
          "dependencies": [
            "data.openstack_compute_flavor_v2.flavor_linux_medium",
            "data.openstack_images_image_v2.image_ubuntu_22",
            "module.comp_mgmt.data.openstack_networking_secgroup_v2.default_secgroup",
            "module.comp_mgmt.openstack_networking_port_v2.deploy_port",
            "module.comp_mgmt.openstack_networking_port_v2.scoring_port",
            "module.comp_mgmt.openstack_networking_secgroup_v2.deploy_secgroup",
            "module.comp_mgmt.openstack_networking_secgroup_v2.null_secgroup",
            "module.comp_mgmt.openstack_networking_secgroup_v2.scorestack_secgroup",
            "module.comp_mgmt.openstack_networking_subnet_v2.management_subnet"
          ]
        },
        {
          "index_key": "scoring",
          "schema_version": 0,
          "attributes": {
            "access_ip_v4": "10.100.0.2",
            "access_ip_v6": "",
            "admin_pass": null,
            "all_metadata": {},
            "all_tags": [
              "mgmt-scoring",
              "project-ThanksgivingThrowdown-mgmt",
              "project-management"
            ],
            "availability_zone": "host02",
            "availability_zone_hints": null,
            "block_device": [
              {
                "boot_index": 0,
                "delete_on_termination": true,
                "destination_type": "volume",
                "device_type": "",
                "disk_bus": "",
                "guest_format": "",
                "source_type": "image",
                "uuid": "f19eb19d-2bd0-4c73-9e9e-88f3e94d8646",
                "volume_size": 50,
                "volume_type": ""
              }
            ],
            "config_drive": true,
            "flavor_id": "5f964abc-866f-4d79-8aae-f9460cfb28d7",
            "flavor_name": "small",
            "floating_ip": null,
            "force_delete": false,
            "id": "af2ee284-de73-4e91-82cb-7fbdc9d8e894",
            "image_id": "Attempt to boot from volume - no image supplied",
            "image_name": null,
            "key_pair": "",
            "metadata": null,
            "name": "scoring.management.thanksgiving.dinner",
            "network": [
              {
                "access_network": false,
                "fixed_ip_v4": "10.100.0.2",
                "fixed_ip_v6": "",
                "floating_ip": "",
                "mac": "fa:16:3e:7d:8f:db",
                "name": "Management Network",
                "port": "c36725b7-404b-48de-a0a1-e53a8984c770",
                "uuid": "01f8c99a-f64f-4c04-96ea-52068d24f610"
              }
            ],
            "network_mode": null,
            "personality": [],
            "power_state": "active",
            "region": "",
            "scheduler_hints": [],
            "security_groups": [
              "a56ac629-5b5e-458e-81e6-ed49efb0a5f9",
              "default"
            ],
            "stop_before_destroy": false,
            "tags": [
              "mgmt-scoring",
              "project-ThanksgivingThrowdown-mgmt",
              "project-management"
            ],
            "timeouts": {
              "create": "10m",
              "delete": "10m",
              "update": null
            },
            "user_data": "3b84a9208391425c6388676407e6a363a0c5c4fc",
            "vendor_options": [],
            "volume": []
          },
          "sensitive_attributes": [],
          "private": "eyJlMmJmYjczMC1lY2FhLTExZTYtOGY4OC0zNDM2M2JjN2M0YzAiOnsiY3JlYXRlIjo2MDAwMDAwMDAwMDAsImRlbGV0ZSI6NjAwMDAwMDAwMDAwLCJ1cGRhdGUiOjE4MDAwMDAwMDAwMDB9fQ==",
          "dependencies": [
            "data.openstack_compute_flavor_v2.flavor_linux_medium",
            "data.openstack_images_image_v2.image_ubuntu_22",
            "module.comp_mgmt.data.openstack_networking_secgroup_v2.default_secgroup",
            "module.comp_mgmt.openstack_networking_port_v2.deploy_port",
            "module.comp_mgmt.openstack_networking_port_v2.scoring_port",
            "module.comp_mgmt.openstack_networking_secgroup_v2.deploy_secgroup",
            "module.comp_mgmt.openstack_networking_secgroup_v2.null_secgroup",
            "module.comp_mgmt.openstack_networking_secgroup_v2.scorestack_secgroup",
            "module.comp_mgmt.openstack_networking_subnet_v2.management_subnet"
          ]
        }
      ]
    },
    {
      "module": "module.comp_mgmt",
      "mode": "managed",
      "type": "openstack_networking_floatingip_v2",
      "name": "public_ip",
      "provider": "provider[\"registry.terraform.io/terraform-provider-openstack/openstack\"]",
      "instances": [
        {
          "index_key": "deploy",
          "schema_version": 0,
          "attributes": {
            "address": "129.21.249.103",
            "all_tags": [],
            "description": "",
            "dns_domain": "",
            "dns_name": "",
            "fixed_ip": "",
            "id": "ad727664-aa9f-4233-9b4f-e535ca522455",
            "pool": "external249",
            "port_id": "",
            "region": "",
            "subnet_id": null,
            "subnet_ids": null,
            "tags": null,
            "tenant_id": "e7e474215e334ca782a7f15bad62f6c4",
            "timeouts": null,
            "value_specs": null
          },
          "sensitive_attributes": [],
          "private": "eyJlMmJmYjczMC1lY2FhLTExZTYtOGY4OC0zNDM2M2JjN2M0YzAiOnsiY3JlYXRlIjo2MDAwMDAwMDAwMDAsImRlbGV0ZSI6NjAwMDAwMDAwMDAwfX0="
        }
      ]
    },
    {
      "module": "module.comp_mgmt",
      "mode": "managed",
      "type": "openstack_networking_network_v2",
      "name": "management_network",
      "provider": "provider[\"registry.terraform.io/terraform-provider-openstack/openstack\"]",
      "instances": [
        {
          "schema_version": 0,
          "attributes": {
            "admin_state_up": true,
            "all_tags": [],
            "availability_zone_hints": [],
            "description": "",
            "dns_domain": "",
            "external": false,
            "id": "01f8c99a-f64f-4c04-96ea-52068d24f610",
            "mtu": 8942,
            "name": "Management Network",
            "port_security_enabled": true,
            "qos_policy_id": "",
            "region": "",
            "segments": [],
            "shared": false,
            "tags": [],
            "tenant_id": "e7e474215e334ca782a7f15bad62f6c4",
            "timeouts": null,
            "transparent_vlan": false,
            "value_specs": null
          },
          "sensitive_attributes": [],
          "private": "eyJlMmJmYjczMC1lY2FhLTExZTYtOGY4OC0zNDM2M2JjN2M0YzAiOnsiY3JlYXRlIjo2MDAwMDAwMDAwMDAsImRlbGV0ZSI6NjAwMDAwMDAwMDAwfX0="
        }
      ]
    },
    {
      "module": "module.comp_mgmt",
      "mode": "managed",
      "type": "openstack_networking_port_v2",
      "name": "deploy_port",
      "provider": "provider[\"registry.terraform.io/terraform-provider-openstack/openstack\"]",
      "instances": [
        {
          "schema_version": 0,
          "attributes": {
            "admin_state_up": true,
            "all_fixed_ips": [
              "10.100.0.1"
            ],
            "all_security_group_ids": [
              "23f0b9f4-84b0-4ba2-9f8c-a68a86fd011f",
              "aefd6394-063a-4fe0-9096-431277cae314"
            ],
            "all_tags": [],
            "allowed_address_pairs": [],
            "binding": [
              {
                "host_id": "",
                "profile": "",
                "vif_details": {},
                "vif_type": "",
                "vnic_type": "normal"
              }
            ],
            "description": "",
            "device_id": "847793b8-909c-419f-921d-e4acfe49f018",
            "device_owner": "compute:host02",
            "dns_assignment": [],
            "dns_name": "",
            "extra_dhcp_option": [],
            "fixed_ip": [
              {
                "ip_address": "10.100.0.1",
                "subnet_id": "0ef2ab62-705e-4585-86b7-d7c2667942d4"
              }
            ],
            "id": "e85775e7-d3a7-477a-ace3-87274db5aeca",
            "mac_address": "fa:16:3e:97:a4:81",
            "name": "Deploy Port",
            "network_id": "01f8c99a-f64f-4c04-96ea-52068d24f610",
            "no_fixed_ip": null,
            "no_security_groups": null,
            "port_security_enabled": true,
            "qos_policy_id": "",
            "region": "",
            "security_group_ids": [
              "23f0b9f4-84b0-4ba2-9f8c-a68a86fd011f",
              "aefd6394-063a-4fe0-9096-431277cae314"
            ],
            "tags": [],
            "tenant_id": "e7e474215e334ca782a7f15bad62f6c4",
            "timeouts": null,
            "value_specs": null
          },
          "sensitive_attributes": [],
          "private": "eyJlMmJmYjczMC1lY2FhLTExZTYtOGY4OC0zNDM2M2JjN2M0YzAiOnsiY3JlYXRlIjo2MDAwMDAwMDAwMDAsImRlbGV0ZSI6NjAwMDAwMDAwMDAwfX0=",
          "dependencies": [
            "module.comp_mgmt.data.openstack_identity_project_v3.management_project",
            "module.comp_mgmt.data.openstack_networking_secgroup_v2.default_secgroup",
            "module.comp_mgmt.openstack_networking_network_v2.management_network",
            "module.comp_mgmt.openstack_networking_secgroup_v2.deploy_secgroup",
            "module.comp_mgmt.openstack_networking_secgroup_v2.null_secgroup",
            "module.comp_mgmt.openstack_networking_secgroup_v2.scorestack_secgroup",
            "module.comp_mgmt.openstack_networking_subnet_v2.management_subnet"
          ]
        }
      ]
    },
    {
      "module": "module.comp_mgmt",
      "mode": "managed",
      "type": "openstack_networking_port_v2",
      "name": "management_subnet_port",
      "provider": "provider[\"registry.terraform.io/terraform-provider-openstack/openstack\"]",
      "instances": [
        {
          "schema_version": 0,
          "attributes": {
            "admin_state_up": true,
            "all_fixed_ips": [
              "10.100.0.254"
            ],
            "all_security_group_ids": [],
            "all_tags": [],
            "allowed_address_pairs": [],
            "binding": [
              {
                "host_id": "",
                "profile": "",
                "vif_details": {},
                "vif_type": "",
                "vnic_type": "normal"
              }
            ],
            "description": "",
            "device_id": "01b446c9-5eae-4342-999c-0ee7a52a1d04",
            "device_owner": "network:router_interface",
            "dns_assignment": [],
            "dns_name": "",
            "extra_dhcp_option": [],
            "fixed_ip": [
              {
                "ip_address": "10.100.0.254",
                "subnet_id": "0ef2ab62-705e-4585-86b7-d7c2667942d4"
              }
            ],
            "id": "4e7a0f8d-687f-4ae1-83b3-271bddf75b81",
            "mac_address": "fa:16:3e:3c:f7:5f",
            "name": "Management Port",
            "network_id": "01f8c99a-f64f-4c04-96ea-52068d24f610",
            "no_fixed_ip": null,
            "no_security_groups": null,
            "port_security_enabled": false,
            "qos_policy_id": "",
            "region": "",
            "security_group_ids": null,
            "tags": [],
            "tenant_id": "e7e474215e334ca782a7f15bad62f6c4",
            "timeouts": null,
            "value_specs": null
          },
          "sensitive_attributes": [],
          "private": "eyJlMmJmYjczMC1lY2FhLTExZTYtOGY4OC0zNDM2M2JjN2M0YzAiOnsiY3JlYXRlIjo2MDAwMDAwMDAwMDAsImRlbGV0ZSI6NjAwMDAwMDAwMDAwfX0=",
          "dependencies": [
            "module.comp_mgmt.openstack_networking_network_v2.management_network",
            "module.comp_mgmt.openstack_networking_subnet_v2.management_subnet"
          ]
        }
      ]
    },
    {
      "module": "module.comp_mgmt",
      "mode": "managed",
      "type": "openstack_networking_port_v2",
      "name": "scoring_port",
      "provider": "provider[\"registry.terraform.io/terraform-provider-openstack/openstack\"]",
      "instances": [
        {
          "schema_version": 0,
          "attributes": {
            "admin_state_up": true,
            "all_fixed_ips": [
              "10.100.0.2"
            ],
            "all_security_group_ids": [
              "23f0b9f4-84b0-4ba2-9f8c-a68a86fd011f",
              "a56ac629-5b5e-458e-81e6-ed49efb0a5f9"
            ],
            "all_tags": [],
            "allowed_address_pairs": [],
            "binding": [
              {
                "host_id": "",
                "profile": "",
                "vif_details": {},
                "vif_type": "",
                "vnic_type": "normal"
              }
            ],
            "description": "",
            "device_id": "af2ee284-de73-4e91-82cb-7fbdc9d8e894",
            "device_owner": "compute:host02",
            "dns_assignment": [],
            "dns_name": "",
            "extra_dhcp_option": [],
            "fixed_ip": [
              {
                "ip_address": "10.100.0.2",
                "subnet_id": "0ef2ab62-705e-4585-86b7-d7c2667942d4"
              }
            ],
            "id": "c36725b7-404b-48de-a0a1-e53a8984c770",
            "mac_address": "fa:16:3e:7d:8f:db",
            "name": "Scoring Port",
            "network_id": "01f8c99a-f64f-4c04-96ea-52068d24f610",
            "no_fixed_ip": null,
            "no_security_groups": null,
            "port_security_enabled": true,
            "qos_policy_id": "",
            "region": "",
            "security_group_ids": [
              "23f0b9f4-84b0-4ba2-9f8c-a68a86fd011f",
              "a56ac629-5b5e-458e-81e6-ed49efb0a5f9"
            ],
            "tags": [],
            "tenant_id": "e7e474215e334ca782a7f15bad62f6c4",
            "timeouts": null,
            "value_specs": null
          },
          "sensitive_attributes": [],
          "private": "eyJlMmJmYjczMC1lY2FhLTExZTYtOGY4OC0zNDM2M2JjN2M0YzAiOnsiY3JlYXRlIjo2MDAwMDAwMDAwMDAsImRlbGV0ZSI6NjAwMDAwMDAwMDAwfX0=",
          "dependencies": [
            "module.comp_mgmt.data.openstack_identity_project_v3.management_project",
            "module.comp_mgmt.data.openstack_networking_secgroup_v2.default_secgroup",
            "module.comp_mgmt.openstack_networking_network_v2.management_network",
            "module.comp_mgmt.openstack_networking_secgroup_v2.deploy_secgroup",
            "module.comp_mgmt.openstack_networking_secgroup_v2.null_secgroup",
            "module.comp_mgmt.openstack_networking_secgroup_v2.scorestack_secgroup",
            "module.comp_mgmt.openstack_networking_subnet_v2.management_subnet"
          ]
        }
      ]
    },
    {
      "module": "module.comp_mgmt",
      "mode": "managed",
      "type": "openstack_networking_router_interface_v2",
      "name": "management_external_interface",
      "provider": "provider[\"registry.terraform.io/terraform-provider-openstack/openstack\"]",
      "instances": [
        {
          "schema_version": 0,
          "attributes": {
            "id": "4e7a0f8d-687f-4ae1-83b3-271bddf75b81",
            "port_id": "4e7a0f8d-687f-4ae1-83b3-271bddf75b81",
            "region": "",
            "router_id": "01b446c9-5eae-4342-999c-0ee7a52a1d04",
            "subnet_id": "0ef2ab62-705e-4585-86b7-d7c2667942d4",
            "timeouts": null
          },
          "sensitive_attributes": [],
          "private": "eyJlMmJmYjczMC1lY2FhLTExZTYtOGY4OC0zNDM2M2JjN2M0YzAiOnsiY3JlYXRlIjo2MDAwMDAwMDAwMDAsImRlbGV0ZSI6NjAwMDAwMDAwMDAwfX0=",
          "dependencies": [
            "data.openstack_networking_network_v2.external_network",
            "module.comp_mgmt.openstack_networking_network_v2.management_network",
            "module.comp_mgmt.openstack_networking_port_v2.management_subnet_port",
            "module.comp_mgmt.openstack_networking_router_v2.external_router",
            "module.comp_mgmt.openstack_networking_subnet_v2.management_subnet"
          ]
        }
      ]
    },
    {
      "module": "module.comp_mgmt",
      "mode": "managed",
      "type": "openstack_networking_router_v2",
      "name": "core_router",
      "provider": "provider[\"registry.terraform.io/terraform-provider-openstack/openstack\"]",
      "instances": [
        {
          "schema_version": 0,
          "attributes": {
            "admin_state_up": true,
            "all_tags": [],
            "availability_zone_hints": [],
            "description": "",
            "distributed": false,
            "enable_snat": true,
            "external_fixed_ip": [
              {
                "ip_address": "129.21.249.197",
                "subnet_id": "69f14ecc-2bad-412e-abf1-24c90da9be5e"
              }
            ],
            "external_gateway": "d96988a6-c388-4032-8067-0b89d572cad0",
            "external_network_id": "d96988a6-c388-4032-8067-0b89d572cad0",
            "external_subnet_ids": null,
            "id": "14484741-f755-4f88-bcef-5e753d2090ce",
            "name": "Core Router",
            "region": "",
            "tags": [],
            "tenant_id": "e7e474215e334ca782a7f15bad62f6c4",
            "timeouts": null,
            "value_specs": null,
            "vendor_options": []
          },
          "sensitive_attributes": [],
          "private": "eyJlMmJmYjczMC1lY2FhLTExZTYtOGY4OC0zNDM2M2JjN2M0YzAiOnsiY3JlYXRlIjo2MDAwMDAwMDAwMDAsImRlbGV0ZSI6NjAwMDAwMDAwMDAwfX0=",
          "dependencies": [
            "data.openstack_networking_network_v2.external_network"
          ]
        }
      ]
    },
    {
      "module": "module.comp_mgmt",
      "mode": "managed",
      "type": "openstack_networking_router_v2",
      "name": "external_router",
      "provider": "provider[\"registry.terraform.io/terraform-provider-openstack/openstack\"]",
      "instances": [
        {
          "schema_version": 0,
          "attributes": {
            "admin_state_up": true,
            "all_tags": [],
            "availability_zone_hints": [],
            "description": "",
            "distributed": false,
            "enable_snat": true,
            "external_fixed_ip": [
              {
                "ip_address": "129.21.249.181",
                "subnet_id": "69f14ecc-2bad-412e-abf1-24c90da9be5e"
              }
            ],
            "external_gateway": "d96988a6-c388-4032-8067-0b89d572cad0",
            "external_network_id": "d96988a6-c388-4032-8067-0b89d572cad0",
            "external_subnet_ids": null,
            "id": "01b446c9-5eae-4342-999c-0ee7a52a1d04",
            "name": "External Router",
            "region": "",
            "tags": [],
            "tenant_id": "e7e474215e334ca782a7f15bad62f6c4",
            "timeouts": null,
            "value_specs": null,
            "vendor_options": []
          },
          "sensitive_attributes": [],
          "private": "eyJlMmJmYjczMC1lY2FhLTExZTYtOGY4OC0zNDM2M2JjN2M0YzAiOnsiY3JlYXRlIjo2MDAwMDAwMDAwMDAsImRlbGV0ZSI6NjAwMDAwMDAwMDAwfX0=",
          "dependencies": [
            "data.openstack_networking_network_v2.external_network"
          ]
        }
      ]
    },
    {
      "module": "module.comp_mgmt",
      "mode": "managed",
      "type": "openstack_networking_secgroup_rule_v2",
      "name": "deploy_secgroup_rule",
      "provider": "provider[\"registry.terraform.io/terraform-provider-openstack/openstack\"]",
      "instances": [
        {
          "index_key": "ssh",
          "schema_version": 0,
          "attributes": {
            "description": "ssh",
            "direction": "ingress",
            "ethertype": "IPv4",
            "id": "7279f196-a01b-48fa-85e3-d08290e2342a",
            "port_range_max": 22,
            "port_range_min": 22,
            "protocol": "tcp",
            "region": "",
            "remote_group_id": "",
            "remote_ip_prefix": "",
            "security_group_id": "aefd6394-063a-4fe0-9096-431277cae314",
            "tenant_id": "e7e474215e334ca782a7f15bad62f6c4",
            "timeouts": null
          },
          "sensitive_attributes": [],
          "private": "eyJlMmJmYjczMC1lY2FhLTExZTYtOGY4OC0zNDM2M2JjN2M0YzAiOnsiZGVsZXRlIjo2MDAwMDAwMDAwMDB9fQ==",
          "dependencies": [
            "module.comp_mgmt.data.openstack_identity_project_v3.management_project",
            "module.comp_mgmt.openstack_networking_secgroup_v2.deploy_secgroup"
          ]
        }
      ]
    },
    {
      "module": "module.comp_mgmt",
      "mode": "managed",
      "type": "openstack_networking_secgroup_rule_v2",
      "name": "icmp_rule",
      "provider": "provider[\"registry.terraform.io/terraform-provider-openstack/openstack\"]",
      "instances": [
        {
          "index_key": "default",
          "schema_version": 0,
          "attributes": {
            "description": "icmp",
            "direction": "ingress",
            "ethertype": "IPv4",
            "id": "235279d9-a7ca-46a3-91e6-5e9c278cdc8c",
            "port_range_max": 0,
            "port_range_min": 0,
            "protocol": "icmp",
            "region": "",
            "remote_group_id": "",
            "remote_ip_prefix": "",
            "security_group_id": "23f0b9f4-84b0-4ba2-9f8c-a68a86fd011f",
            "tenant_id": "e7e474215e334ca782a7f15bad62f6c4",
            "timeouts": null
          },
          "sensitive_attributes": [],
          "private": "eyJlMmJmYjczMC1lY2FhLTExZTYtOGY4OC0zNDM2M2JjN2M0YzAiOnsiZGVsZXRlIjo2MDAwMDAwMDAwMDB9fQ==",
          "dependencies": [
            "module.comp_mgmt.data.openstack_identity_project_v3.management_project",
            "module.comp_mgmt.data.openstack_networking_secgroup_v2.default_secgroup",
            "module.comp_mgmt.openstack_networking_secgroup_v2.deploy_secgroup",
            "module.comp_mgmt.openstack_networking_secgroup_v2.null_secgroup",
            "module.comp_mgmt.openstack_networking_secgroup_v2.scorestack_secgroup"
          ]
        },
        {
          "index_key": "deploy",
          "schema_version": 0,
          "attributes": {
            "description": "icmp",
            "direction": "ingress",
            "ethertype": "IPv4",
            "id": "20ceee8c-f1f4-49ba-83bd-8d5f8febc955",
            "port_range_max": 0,
            "port_range_min": 0,
            "protocol": "icmp",
            "region": "",
            "remote_group_id": "",
            "remote_ip_prefix": "",
            "security_group_id": "aefd6394-063a-4fe0-9096-431277cae314",
            "tenant_id": "e7e474215e334ca782a7f15bad62f6c4",
            "timeouts": null
          },
          "sensitive_attributes": [],
          "private": "eyJlMmJmYjczMC1lY2FhLTExZTYtOGY4OC0zNDM2M2JjN2M0YzAiOnsiZGVsZXRlIjo2MDAwMDAwMDAwMDB9fQ==",
          "dependencies": [
            "module.comp_mgmt.data.openstack_identity_project_v3.management_project",
            "module.comp_mgmt.data.openstack_networking_secgroup_v2.default_secgroup",
            "module.comp_mgmt.openstack_networking_secgroup_v2.deploy_secgroup",
            "module.comp_mgmt.openstack_networking_secgroup_v2.null_secgroup",
            "module.comp_mgmt.openstack_networking_secgroup_v2.scorestack_secgroup"
          ]
        },
        {
          "index_key": "null",
          "schema_version": 0,
          "attributes": {
            "description": "icmp",
            "direction": "ingress",
            "ethertype": "IPv4",
            "id": "3d26ce31-0e06-49be-a4e9-e7519fba83fd",
            "port_range_max": 0,
            "port_range_min": 0,
            "protocol": "icmp",
            "region": "",
            "remote_group_id": "",
            "remote_ip_prefix": "",
            "security_group_id": "db7ff82e-15c9-4fc7-ab38-ce6fcd053c8f",
            "tenant_id": "e7e474215e334ca782a7f15bad62f6c4",
            "timeouts": null
          },
          "sensitive_attributes": [],
          "private": "eyJlMmJmYjczMC1lY2FhLTExZTYtOGY4OC0zNDM2M2JjN2M0YzAiOnsiZGVsZXRlIjo2MDAwMDAwMDAwMDB9fQ==",
          "dependencies": [
            "module.comp_mgmt.data.openstack_identity_project_v3.management_project",
            "module.comp_mgmt.data.openstack_networking_secgroup_v2.default_secgroup",
            "module.comp_mgmt.openstack_networking_secgroup_v2.deploy_secgroup",
            "module.comp_mgmt.openstack_networking_secgroup_v2.null_secgroup",
            "module.comp_mgmt.openstack_networking_secgroup_v2.scorestack_secgroup"
          ]
        },
        {
          "index_key": "scorestack",
          "schema_version": 0,
          "attributes": {
            "description": "icmp",
            "direction": "ingress",
            "ethertype": "IPv4",
            "id": "c9f1233e-c956-4690-9d9d-f826e2643d30",
            "port_range_max": 0,
            "port_range_min": 0,
            "protocol": "icmp",
            "region": "",
            "remote_group_id": "",
            "remote_ip_prefix": "",
            "security_group_id": "a56ac629-5b5e-458e-81e6-ed49efb0a5f9",
            "tenant_id": "e7e474215e334ca782a7f15bad62f6c4",
            "timeouts": null
          },
          "sensitive_attributes": [],
          "private": "eyJlMmJmYjczMC1lY2FhLTExZTYtOGY4OC0zNDM2M2JjN2M0YzAiOnsiZGVsZXRlIjo2MDAwMDAwMDAwMDB9fQ==",
          "dependencies": [
            "module.comp_mgmt.data.openstack_identity_project_v3.management_project",
            "module.comp_mgmt.data.openstack_networking_secgroup_v2.default_secgroup",
            "module.comp_mgmt.openstack_networking_secgroup_v2.deploy_secgroup",
            "module.comp_mgmt.openstack_networking_secgroup_v2.null_secgroup",
            "module.comp_mgmt.openstack_networking_secgroup_v2.scorestack_secgroup"
          ]
        }
      ]
    },
    {
      "module": "module.comp_mgmt",
      "mode": "managed",
      "type": "openstack_networking_secgroup_rule_v2",
      "name": "scorestack_secgroup_rule",
      "provider": "provider[\"registry.terraform.io/terraform-provider-openstack/openstack\"]",
      "instances": [
        {
          "index_key": "elasticsearch",
          "schema_version": 0,
          "attributes": {
            "description": "elasticsearch",
            "direction": "ingress",
            "ethertype": "IPv4",
            "id": "1da9e23c-2278-4ead-a7aa-c882105812f7",
            "port_range_max": 9200,
            "port_range_min": 9200,
            "protocol": "tcp",
            "region": "",
            "remote_group_id": "",
            "remote_ip_prefix": "",
            "security_group_id": "a56ac629-5b5e-458e-81e6-ed49efb0a5f9",
            "tenant_id": "e7e474215e334ca782a7f15bad62f6c4",
            "timeouts": null
          },
          "sensitive_attributes": [],
          "private": "eyJlMmJmYjczMC1lY2FhLTExZTYtOGY4OC0zNDM2M2JjN2M0YzAiOnsiZGVsZXRlIjo2MDAwMDAwMDAwMDB9fQ==",
          "dependencies": [
            "module.comp_mgmt.data.openstack_identity_project_v3.management_project",
            "module.comp_mgmt.openstack_networking_secgroup_v2.scorestack_secgroup"
          ]
        },
        {
          "index_key": "http",
          "schema_version": 0,
          "attributes": {
            "description": "http",
            "direction": "ingress",
            "ethertype": "IPv4",
            "id": "c44fea39-f6e0-48af-8cba-e39ecf1f746c",
            "port_range_max": 80,
            "port_range_min": 80,
            "protocol": "tcp",
            "region": "",
            "remote_group_id": "",
            "remote_ip_prefix": "",
            "security_group_id": "a56ac629-5b5e-458e-81e6-ed49efb0a5f9",
            "tenant_id": "e7e474215e334ca782a7f15bad62f6c4",
            "timeouts": null
          },
          "sensitive_attributes": [],
          "private": "eyJlMmJmYjczMC1lY2FhLTExZTYtOGY4OC0zNDM2M2JjN2M0YzAiOnsiZGVsZXRlIjo2MDAwMDAwMDAwMDB9fQ==",
          "dependencies": [
            "module.comp_mgmt.data.openstack_identity_project_v3.management_project",
            "module.comp_mgmt.openstack_networking_secgroup_v2.scorestack_secgroup"
          ]
        },
        {
          "index_key": "https",
          "schema_version": 0,
          "attributes": {
            "description": "https",
            "direction": "ingress",
            "ethertype": "IPv4",
            "id": "7dada2bd-d491-4c26-8907-91761289b340",
            "port_range_max": 443,
            "port_range_min": 443,
            "protocol": "tcp",
            "region": "",
            "remote_group_id": "",
            "remote_ip_prefix": "",
            "security_group_id": "a56ac629-5b5e-458e-81e6-ed49efb0a5f9",
            "tenant_id": "e7e474215e334ca782a7f15bad62f6c4",
            "timeouts": null
          },
          "sensitive_attributes": [],
          "private": "eyJlMmJmYjczMC1lY2FhLTExZTYtOGY4OC0zNDM2M2JjN2M0YzAiOnsiZGVsZXRlIjo2MDAwMDAwMDAwMDB9fQ==",
          "dependencies": [
            "module.comp_mgmt.data.openstack_identity_project_v3.management_project",
            "module.comp_mgmt.openstack_networking_secgroup_v2.scorestack_secgroup"
          ]
        },
        {
          "index_key": "kibana",
          "schema_version": 0,
          "attributes": {
            "description": "kibana",
            "direction": "ingress",
            "ethertype": "IPv4",
            "id": "345ca4fd-7355-4733-b389-4c0a6be578a2",
            "port_range_max": 5601,
            "port_range_min": 5601,
            "protocol": "tcp",
            "region": "",
            "remote_group_id": "",
            "remote_ip_prefix": "",
            "security_group_id": "a56ac629-5b5e-458e-81e6-ed49efb0a5f9",
            "tenant_id": "e7e474215e334ca782a7f15bad62f6c4",
            "timeouts": null
          },
          "sensitive_attributes": [],
          "private": "eyJlMmJmYjczMC1lY2FhLTExZTYtOGY4OC0zNDM2M2JjN2M0YzAiOnsiZGVsZXRlIjo2MDAwMDAwMDAwMDB9fQ==",
          "dependencies": [
            "module.comp_mgmt.data.openstack_identity_project_v3.management_project",
            "module.comp_mgmt.openstack_networking_secgroup_v2.scorestack_secgroup"
          ]
        },
        {
          "index_key": "logstash",
          "schema_version": 0,
          "attributes": {
            "description": "logstash",
            "direction": "ingress",
            "ethertype": "IPv4",
            "id": "97a867d1-0337-49f7-b08b-098a1fcdd0a9",
            "port_range_max": 5454,
            "port_range_min": 5454,
            "protocol": "tcp",
            "region": "",
            "remote_group_id": "",
            "remote_ip_prefix": "",
            "security_group_id": "a56ac629-5b5e-458e-81e6-ed49efb0a5f9",
            "tenant_id": "e7e474215e334ca782a7f15bad62f6c4",
            "timeouts": null
          },
          "sensitive_attributes": [],
          "private": "eyJlMmJmYjczMC1lY2FhLTExZTYtOGY4OC0zNDM2M2JjN2M0YzAiOnsiZGVsZXRlIjo2MDAwMDAwMDAwMDB9fQ==",
          "dependencies": [
            "module.comp_mgmt.data.openstack_identity_project_v3.management_project",
            "module.comp_mgmt.openstack_networking_secgroup_v2.scorestack_secgroup"
          ]
        },
        {
          "index_key": "ssh",
          "schema_version": 0,
          "attributes": {
            "description": "ssh",
            "direction": "ingress",
            "ethertype": "IPv4",
            "id": "2a437dc9-74d2-4cd0-82e5-206e3ba214ae",
            "port_range_max": 22,
            "port_range_min": 22,
            "protocol": "tcp",
            "region": "",
            "remote_group_id": "",
            "remote_ip_prefix": "",
            "security_group_id": "a56ac629-5b5e-458e-81e6-ed49efb0a5f9",
            "tenant_id": "e7e474215e334ca782a7f15bad62f6c4",
            "timeouts": null
          },
          "sensitive_attributes": [],
          "private": "eyJlMmJmYjczMC1lY2FhLTExZTYtOGY4OC0zNDM2M2JjN2M0YzAiOnsiZGVsZXRlIjo2MDAwMDAwMDAwMDB9fQ==",
          "dependencies": [
            "module.comp_mgmt.data.openstack_identity_project_v3.management_project",
            "module.comp_mgmt.openstack_networking_secgroup_v2.scorestack_secgroup"
          ]
        },
        {
          "index_key": "transport",
          "schema_version": 0,
          "attributes": {
            "description": "transport",
            "direction": "ingress",
            "ethertype": "IPv4",
            "id": "f56e98ee-16e5-4f1f-9c9f-13499e77f67e",
            "port_range_max": 9300,
            "port_range_min": 9300,
            "protocol": "tcp",
            "region": "",
            "remote_group_id": "",
            "remote_ip_prefix": "",
            "security_group_id": "a56ac629-5b5e-458e-81e6-ed49efb0a5f9",
            "tenant_id": "e7e474215e334ca782a7f15bad62f6c4",
            "timeouts": null
          },
          "sensitive_attributes": [],
          "private": "eyJlMmJmYjczMC1lY2FhLTExZTYtOGY4OC0zNDM2M2JjN2M0YzAiOnsiZGVsZXRlIjo2MDAwMDAwMDAwMDB9fQ==",
          "dependencies": [
            "module.comp_mgmt.data.openstack_identity_project_v3.management_project",
            "module.comp_mgmt.openstack_networking_secgroup_v2.scorestack_secgroup"
          ]
        }
      ]
    },
    {
      "module": "module.comp_mgmt",
      "mode": "managed",
      "type": "openstack_networking_secgroup_v2",
      "name": "deploy_secgroup",
      "provider": "provider[\"registry.terraform.io/terraform-provider-openstack/openstack\"]",
      "instances": [
        {
          "schema_version": 0,
          "attributes": {
            "all_tags": [],
            "delete_default_rules": null,
            "description": "",
            "id": "aefd6394-063a-4fe0-9096-431277cae314",
            "name": "Deploy Secgroup",
            "region": "",
            "tags": [],
            "tenant_id": "e7e474215e334ca782a7f15bad62f6c4",
            "timeouts": null
          },
          "sensitive_attributes": [],
          "private": "eyJlMmJmYjczMC1lY2FhLTExZTYtOGY4OC0zNDM2M2JjN2M0YzAiOnsiZGVsZXRlIjo2MDAwMDAwMDAwMDB9fQ==",
          "dependencies": [
            "module.comp_mgmt.data.openstack_identity_project_v3.management_project"
          ]
        }
      ]
    },
    {
      "module": "module.comp_mgmt",
      "mode": "managed",
      "type": "openstack_networking_secgroup_v2",
      "name": "null_secgroup",
      "provider": "provider[\"registry.terraform.io/terraform-provider-openstack/openstack\"]",
      "instances": [
        {
          "schema_version": 0,
          "attributes": {
            "all_tags": [],
            "delete_default_rules": null,
            "description": "",
            "id": "db7ff82e-15c9-4fc7-ab38-ce6fcd053c8f",
            "name": "Null Secgroup",
            "region": "",
            "tags": [],
            "tenant_id": "e7e474215e334ca782a7f15bad62f6c4",
            "timeouts": null
          },
          "sensitive_attributes": [],
          "private": "eyJlMmJmYjczMC1lY2FhLTExZTYtOGY4OC0zNDM2M2JjN2M0YzAiOnsiZGVsZXRlIjo2MDAwMDAwMDAwMDB9fQ==",
          "dependencies": [
            "module.comp_mgmt.data.openstack_identity_project_v3.management_project"
          ]
        }
      ]
    },
    {
      "module": "module.comp_mgmt",
      "mode": "managed",
      "type": "openstack_networking_secgroup_v2",
      "name": "scorestack_secgroup",
      "provider": "provider[\"registry.terraform.io/terraform-provider-openstack/openstack\"]",
      "instances": [
        {
          "schema_version": 0,
          "attributes": {
            "all_tags": [],
            "delete_default_rules": null,
            "description": "",
            "id": "a56ac629-5b5e-458e-81e6-ed49efb0a5f9",
            "name": "Scorestack Secgroup",
            "region": "",
            "tags": [],
            "tenant_id": "e7e474215e334ca782a7f15bad62f6c4",
            "timeouts": null
          },
          "sensitive_attributes": [],
          "private": "eyJlMmJmYjczMC1lY2FhLTExZTYtOGY4OC0zNDM2M2JjN2M0YzAiOnsiZGVsZXRlIjo2MDAwMDAwMDAwMDB9fQ==",
          "dependencies": [
            "module.comp_mgmt.data.openstack_identity_project_v3.management_project"
          ]
        }
      ]
    },
    {
      "module": "module.comp_mgmt",
      "mode": "managed",
      "type": "openstack_networking_subnet_v2",
      "name": "management_subnet",
      "provider": "provider[\"registry.terraform.io/terraform-provider-openstack/openstack\"]",
      "instances": [
        {
          "schema_version": 0,
          "attributes": {
            "all_tags": [],
            "allocation_pool": [
              {
                "end": "10.100.0.250",
                "start": "10.100.0.200"
              }
            ],
            "allocation_pools": [
              {
                "end": "10.100.0.250",
                "start": "10.100.0.200"
              }
            ],
            "cidr": "10.100.0.0/24",
            "description": "",
            "dns_nameservers": [
              "1.1.1.1",
              "1.0.0.1"
            ],
            "enable_dhcp": true,
            "gateway_ip": "10.100.0.254",
            "host_routes": [],
            "id": "0ef2ab62-705e-4585-86b7-d7c2667942d4",
            "ip_version": 4,
            "ipv6_address_mode": "",
            "ipv6_ra_mode": "",
            "name": "Management Subnet",
            "network_id": "01f8c99a-f64f-4c04-96ea-52068d24f610",
            "no_gateway": false,
            "prefix_length": null,
            "region": "",
            "subnetpool_id": "",
            "tags": [],
            "tenant_id": "e7e474215e334ca782a7f15bad62f6c4",
            "timeouts": null,
            "value_specs": null
          },
          "sensitive_attributes": [],
          "private": "eyJlMmJmYjczMC1lY2FhLTExZTYtOGY4OC0zNDM2M2JjN2M0YzAiOnsiY3JlYXRlIjo2MDAwMDAwMDAwMDAsImRlbGV0ZSI6NjAwMDAwMDAwMDAwfX0=",
          "dependencies": [
            "module.comp_mgmt.openstack_networking_network_v2.management_network"
          ]
        }
      ]
    }
  ],
  "check_results": null
}
