{
  "version": 4,
  "terraform_version": "1.5.7",
  "serial": 550,
  "lineage": "574d4ee0-e65e-4916-9107-7b9d6b5bb1cf",
  "outputs": {},
  "resources": [
    {
      "mode": "data",
      "type": "openstack_compute_flavor_v2",
      "name": "flavor_linux_medium",
      "provider": "provider[\"registry.terraform.io/terraform-provider-openstack/openstack\"]",
      "instances": [
        {
          "schema_version": 0,
          "attributes": {
            "disk": 40,
            "extra_specs": {},
            "flavor_id": "5f964abc-866f-4d79-8aae-f9460cfb28d7",
            "id": "5f964abc-866f-4d79-8aae-f9460cfb28d7",
            "is_public": true,
            "min_disk": null,
            "min_ram": null,
            "name": "small",
            "ram": 1024,
            "region": null,
            "rx_tx_factor": 1,
            "swap": 0,
            "vcpus": 2
          },
          "sensitive_attributes": []
        }
      ]
    },
    {
      "mode": "data",
      "type": "openstack_identity_project_v3",
      "name": "management_project",
      "provider": "provider[\"registry.terraform.io/terraform-provider-openstack/openstack\"]",
      "instances": [
        {
          "schema_version": 0,
          "attributes": {
            "description": "Vaughn, Woerpel Personal Project",
            "domain_id": "default",
            "enabled": true,
            "id": "e7e474215e334ca782a7f15bad62f6c4",
            "is_domain": false,
            "name": "vww9966",
            "parent_id": "default",
            "region": null,
            "tags": []
          },
          "sensitive_attributes": []
        }
      ]
    },
    {
      "mode": "data",
      "type": "openstack_images_image_v2",
      "name": "image_ubuntu_22",
      "provider": "provider[\"registry.terraform.io/terraform-provider-openstack/openstack\"]",
      "instances": [
        {
          "schema_version": 0,
          "attributes": {
            "checksum": "6cc46ebe49acefe98bccb967d6b13e7d",
            "container_format": "bare",
            "created_at": "2023-02-23T22:38:21Z",
            "disk_format": "raw",
            "file": "/v2/images/f19eb19d-2bd0-4c73-9e9e-88f3e94d8646/file",
            "hidden": false,
            "id": "f19eb19d-2bd0-4c73-9e9e-88f3e94d8646",
            "member_status": null,
            "metadata": {},
            "min_disk_gb": 0,
            "min_ram_mb": 0,
            "most_recent": false,
            "name": "UbuntuJammy2204",
            "owner": "a69aa169729a4dbea0d9b9683072260d",
            "properties": {
              "direct_url": "rbd://bd7939e4-b236-11ed-a05f-be894137183b/images/f19eb19d-2bd0-4c73-9e9e-88f3e94d8646/snap",
              "os_hash_algo": "sha512",
              "os_hash_value": "bf0ba0d66a5f6653d131afe63ffdf40aff429d9b43ac78363f775e41b6d4cac57157b99409817b79cc0a3d075d919d38f572bc3162cd2d2f4ecd94c49d3af94c",
              "owner_specified.openstack.md5": "",
              "owner_specified.openstack.object": "images/UbuntuJammy2204",
              "owner_specified.openstack.sha256": "",
              "stores": "rbd"
            },
            "protected": false,
            "region": "",
            "schema": "/v2/schemas/image",
            "size_bytes": 2361393152,
            "size_max": null,
            "size_min": null,
            "sort_direction": "asc",
            "sort_key": "name",
            "tag": null,
            "tags": [],
            "updated_at": "2023-02-23T22:38:41Z",
            "visibility": "public"
          },
          "sensitive_attributes": []
        }
      ]
    },
    {
      "mode": "data",
      "type": "openstack_networking_network_v2",
      "name": "external_network",
      "provider": "provider[\"registry.terraform.io/terraform-provider-openstack/openstack\"]",
      "instances": [
        {
          "schema_version": 0,
          "attributes": {
            "admin_state_up": "true",
            "all_tags": [],
            "availability_zone_hints": [],
            "description": "",
            "dns_domain": "",
            "external": true,
            "id": "d96988a6-c388-4032-8067-0b89d572cad0",
            "matching_subnet_cidr": null,
            "mtu": 1500,
            "name": "external249",
            "network_id": null,
            "region": "",
            "shared": "false",
            "status": null,
            "subnets": [
              "69f14ecc-2bad-412e-abf1-24c90da9be5e"
            ],
            "tags": null,
            "tenant_id": "a69aa169729a4dbea0d9b9683072260d",
            "transparent_vlan": false
          },
          "sensitive_attributes": []
        }
      ]
    },
    {
      "module": "module.comp_mgmt",
      "mode": "data",
      "type": "openstack_identity_project_v3",
      "name": "management_project",
      "provider": "provider[\"registry.terraform.io/terraform-provider-openstack/openstack\"]",
      "instances": [
        {
          "schema_version": 0,
          "attributes": {
            "description": "Vaughn, Woerpel Personal Project",
            "domain_id": "default",
            "enabled": true,
            "id": "e7e474215e334ca782a7f15bad62f6c4",
            "is_domain": false,
            "name": "vww9966",
            "parent_id": "default",
            "region": null,
            "tags": []
          },
          "sensitive_attributes": []
        }
      ]
    },
    {
      "module": "module.comp_mgmt",
      "mode": "data",
      "type": "openstack_networking_secgroup_v2",
      "name": "default_secgroup",
      "provider": "provider[\"registry.terraform.io/terraform-provider-openstack/openstack\"]",
      "instances": [
        {
          "schema_version": 0,
          "attributes": {
            "all_tags": [],
            "description": "Default security group",
            "id": "23f0b9f4-84b0-4ba2-9f8c-a68a86fd011f",
            "name": "default",
            "region": "",
            "secgroup_id": "23f0b9f4-84b0-4ba2-9f8c-a68a86fd011f",
            "tags": null,
            "tenant_id": "e7e474215e334ca782a7f15bad62f6c4"
          },
          "sensitive_attributes": []
        }
      ]
    },
    {
      "module": "module.comp_mgmt",
      "mode": "managed",
      "type": "openstack_compute_floatingip_associate_v2",
      "name": "public_instance_ip_associate",
      "provider": "provider[\"registry.terraform.io/terraform-provider-openstack/openstack\"]",
      "instances": [
        {
          "index_key": "deploy",
          "schema_version": 0,
          "attributes": {
            "fixed_ip": "",
            "floating_ip": "129.21.249.227",
            "id": "129.21.249.227/0084d93a-6d00-4633-b986-9f125e1339c7/",
            "instance_id": "0084d93a-6d00-4633-b986-9f125e1339c7",
            "region": "",
            "timeouts": null,
            "wait_until_associated": null
          },
          "sensitive_attributes": [],
          "private": "eyJlMmJmYjczMC1lY2FhLTExZTYtOGY4OC0zNDM2M2JjN2M0YzAiOnsiY3JlYXRlIjo2MDAwMDAwMDAwMDB9fQ==",
          "dependencies": [
            "data.openstack_compute_flavor_v2.flavor_linux_medium",
            "data.openstack_images_image_v2.image_ubuntu_22",
            "module.comp_mgmt.data.openstack_identity_project_v3.management_project",
            "module.comp_mgmt.data.openstack_networking_secgroup_v2.default_secgroup",
            "module.comp_mgmt.openstack_compute_instance_v2.management_instance",
            "module.comp_mgmt.openstack_networking_floatingip_v2.public_ip",
            "module.comp_mgmt.openstack_networking_network_v2.management_network",
            "module.comp_mgmt.openstack_networking_port_v2.deploy_port",
            "module.comp_mgmt.openstack_networking_port_v2.scoring_port",
            "module.comp_mgmt.openstack_networking_secgroup_v2.deploy_secgroup",
            "module.comp_mgmt.openstack_networking_secgroup_v2.null_secgroup",
            "module.comp_mgmt.openstack_networking_secgroup_v2.scorestack_secgroup",
            "module.comp_mgmt.openstack_networking_subnet_v2.management_subnet"
          ]
        }
      ]
    },
    {
      "module": "module.comp_mgmt",
      "mode": "managed",
      "type": "openstack_compute_instance_v2",
      "name": "management_instance",
      "provider": "provider[\"registry.terraform.io/terraform-provider-openstack/openstack\"]",
      "instances": [
        {
          "index_key": "deploy",
          "schema_version": 0,
          "attributes": {
            "access_ip_v4": "10.100.0.1",
            "access_ip_v6": "",
            "admin_pass": null,
            "all_metadata": {},
            "all_tags": [
              "mgmt-deploy",
              "project-ThanksgivingThrowdown-mgmt",
              "project-management"
            ],
            "availability_zone": "host02",
            "availability_zone_hints": null,
            "block_device": [
              {
                "boot_index": 0,
                "delete_on_termination": true,
                "destination_type": "volume",
                "device_type": "",
                "disk_bus": "",
                "guest_format": "",
                "source_type": "image",
                "uuid": "f19eb19d-2bd0-4c73-9e9e-88f3e94d8646",
                "volume_size": 20,
                "volume_type": ""
              }
            ],
            "config_drive": true,
            "flavor_id": "5f964abc-866f-4d79-8aae-f9460cfb28d7",
            "flavor_name": "small",
            "floating_ip": null,
            "force_delete": false,
            "id": "0084d93a-6d00-4633-b986-9f125e1339c7",
            "image_id": "Attempt to boot from volume - no image supplied",
            "image_name": null,
            "key_pair": "",
            "metadata": null,
            "name": "deploy.management.thanksgiving.dinner",
            "network": [
              {
                "access_network": false,
                "fixed_ip_v4": "10.100.0.1",
                "fixed_ip_v6": "",
                "floating_ip": "",
                "mac": "fa:16:3e:58:f6:b4",
                "name": "Management Network",
                "port": "689828b7-48a3-4fc1-b06b-00a8ea5a8b19",
                "uuid": "e56600b1-0aa0-4840-a43b-f6dae04738ee"
              }
            ],
            "network_mode": null,
            "personality": [],
            "power_state": "active",
            "region": "",
            "scheduler_hints": [],
            "security_groups": [
              "b3667b9e-33d2-4348-b3a1-2da414ebc5f1",
              "default"
            ],
            "stop_before_destroy": false,
            "tags": [
              "mgmt-deploy",
              "project-ThanksgivingThrowdown-mgmt",
              "project-management"
            ],
            "timeouts": {
              "create": "10m",
              "delete": "10m",
              "update": null
            },
            "user_data": "3b84a9208391425c6388676407e6a363a0c5c4fc",
            "vendor_options": [],
            "volume": []
          },
          "sensitive_attributes": [],
          "private": "eyJlMmJmYjczMC1lY2FhLTExZTYtOGY4OC0zNDM2M2JjN2M0YzAiOnsiY3JlYXRlIjo2MDAwMDAwMDAwMDAsImRlbGV0ZSI6NjAwMDAwMDAwMDAwLCJ1cGRhdGUiOjE4MDAwMDAwMDAwMDB9fQ==",
          "dependencies": [
            "data.openstack_compute_flavor_v2.flavor_linux_medium",
            "data.openstack_images_image_v2.image_ubuntu_22",
            "module.comp_mgmt.data.openstack_networking_secgroup_v2.default_secgroup",
            "module.comp_mgmt.openstack_networking_port_v2.deploy_port",
            "module.comp_mgmt.openstack_networking_port_v2.scoring_port",
            "module.comp_mgmt.openstack_networking_secgroup_v2.deploy_secgroup",
            "module.comp_mgmt.openstack_networking_secgroup_v2.null_secgroup",
            "module.comp_mgmt.openstack_networking_secgroup_v2.scorestack_secgroup",
            "module.comp_mgmt.openstack_networking_subnet_v2.management_subnet"
          ]
        },
        {
          "index_key": "scoring",
          "schema_version": 0,
          "attributes": {
            "access_ip_v4": "10.100.0.2",
            "access_ip_v6": "",
            "admin_pass": null,
            "all_metadata": {},
            "all_tags": [
              "mgmt-scoring",
              "project-ThanksgivingThrowdown-mgmt",
              "project-management"
            ],
            "availability_zone": "host02",
            "availability_zone_hints": null,
            "block_device": [
              {
                "boot_index": 0,
                "delete_on_termination": true,
                "destination_type": "volume",
                "device_type": "",
                "disk_bus": "",
                "guest_format": "",
                "source_type": "image",
                "uuid": "f19eb19d-2bd0-4c73-9e9e-88f3e94d8646",
                "volume_size": 50,
                "volume_type": ""
              }
            ],
            "config_drive": true,
            "flavor_id": "5f964abc-866f-4d79-8aae-f9460cfb28d7",
            "flavor_name": "small",
            "floating_ip": null,
            "force_delete": false,
            "id": "fa071ac9-f327-4f7d-bb2a-08cf3085b344",
            "image_id": "Attempt to boot from volume - no image supplied",
            "image_name": null,
            "key_pair": "",
            "metadata": null,
            "name": "scoring.management.thanksgiving.dinner",
            "network": [
              {
                "access_network": false,
                "fixed_ip_v4": "10.100.0.2",
                "fixed_ip_v6": "",
                "floating_ip": "",
                "mac": "fa:16:3e:fb:9e:ae",
                "name": "Management Network",
                "port": "035cb865-3d30-4b30-9a5f-b55a3abd044d",
                "uuid": "e56600b1-0aa0-4840-a43b-f6dae04738ee"
              }
            ],
            "network_mode": null,
            "personality": [],
            "power_state": "active",
            "region": "",
            "scheduler_hints": [],
            "security_groups": [
              "7c12f887-54c4-46a4-ae3f-edde4ee00a2e",
              "default"
            ],
            "stop_before_destroy": false,
            "tags": [
              "mgmt-scoring",
              "project-ThanksgivingThrowdown-mgmt",
              "project-management"
            ],
            "timeouts": {
              "create": "10m",
              "delete": "10m",
              "update": null
            },
            "user_data": "3b84a9208391425c6388676407e6a363a0c5c4fc",
            "vendor_options": [],
            "volume": []
          },
          "sensitive_attributes": [],
          "private": "eyJlMmJmYjczMC1lY2FhLTExZTYtOGY4OC0zNDM2M2JjN2M0YzAiOnsiY3JlYXRlIjo2MDAwMDAwMDAwMDAsImRlbGV0ZSI6NjAwMDAwMDAwMDAwLCJ1cGRhdGUiOjE4MDAwMDAwMDAwMDB9fQ==",
          "dependencies": [
            "data.openstack_compute_flavor_v2.flavor_linux_medium",
            "data.openstack_images_image_v2.image_ubuntu_22",
            "module.comp_mgmt.data.openstack_networking_secgroup_v2.default_secgroup",
            "module.comp_mgmt.openstack_networking_port_v2.deploy_port",
            "module.comp_mgmt.openstack_networking_port_v2.scoring_port",
            "module.comp_mgmt.openstack_networking_secgroup_v2.deploy_secgroup",
            "module.comp_mgmt.openstack_networking_secgroup_v2.null_secgroup",
            "module.comp_mgmt.openstack_networking_secgroup_v2.scorestack_secgroup",
            "module.comp_mgmt.openstack_networking_subnet_v2.management_subnet"
          ]
        }
      ]
    },
    {
      "module": "module.comp_mgmt",
      "mode": "managed",
      "type": "openstack_networking_floatingip_v2",
      "name": "public_ip",
      "provider": "provider[\"registry.terraform.io/terraform-provider-openstack/openstack\"]",
      "instances": [
        {
          "index_key": "deploy",
          "schema_version": 0,
          "attributes": {
            "address": "129.21.249.227",
            "all_tags": [],
            "description": "",
            "dns_domain": "",
            "dns_name": "",
            "fixed_ip": "10.100.0.1",
            "id": "83819703-8cb0-45d1-8480-f0065e5036a1",
            "pool": "external249",
            "port_id": "689828b7-48a3-4fc1-b06b-00a8ea5a8b19",
            "region": "",
            "subnet_id": null,
            "subnet_ids": null,
            "tags": [],
            "tenant_id": "e7e474215e334ca782a7f15bad62f6c4",
            "timeouts": null,
            "value_specs": null
          },
          "sensitive_attributes": [],
          "private": "eyJlMmJmYjczMC1lY2FhLTExZTYtOGY4OC0zNDM2M2JjN2M0YzAiOnsiY3JlYXRlIjo2MDAwMDAwMDAwMDAsImRlbGV0ZSI6NjAwMDAwMDAwMDAwfX0="
        }
      ]
    },
    {
      "module": "module.comp_mgmt",
      "mode": "managed",
      "type": "openstack_networking_network_v2",
      "name": "management_network",
      "provider": "provider[\"registry.terraform.io/terraform-provider-openstack/openstack\"]",
      "instances": [
        {
          "schema_version": 0,
          "attributes": {
            "admin_state_up": true,
            "all_tags": [],
            "availability_zone_hints": [],
            "description": "",
            "dns_domain": "",
            "external": false,
            "id": "e56600b1-0aa0-4840-a43b-f6dae04738ee",
            "mtu": 8942,
            "name": "Management Network",
            "port_security_enabled": true,
            "qos_policy_id": "",
            "region": "",
            "segments": [],
            "shared": false,
            "tags": [],
            "tenant_id": "e7e474215e334ca782a7f15bad62f6c4",
            "timeouts": null,
            "transparent_vlan": false,
            "value_specs": null
          },
          "sensitive_attributes": [],
          "private": "eyJlMmJmYjczMC1lY2FhLTExZTYtOGY4OC0zNDM2M2JjN2M0YzAiOnsiY3JlYXRlIjo2MDAwMDAwMDAwMDAsImRlbGV0ZSI6NjAwMDAwMDAwMDAwfX0="
        }
      ]
    },
    {
      "module": "module.comp_mgmt",
      "mode": "managed",
      "type": "openstack_networking_port_v2",
      "name": "deploy_port",
      "provider": "provider[\"registry.terraform.io/terraform-provider-openstack/openstack\"]",
      "instances": [
        {
          "schema_version": 0,
          "attributes": {
            "admin_state_up": true,
            "all_fixed_ips": [
              "10.100.0.1"
            ],
            "all_security_group_ids": [
              "23f0b9f4-84b0-4ba2-9f8c-a68a86fd011f",
              "b3667b9e-33d2-4348-b3a1-2da414ebc5f1"
            ],
            "all_tags": [],
            "allowed_address_pairs": [],
            "binding": [
              {
                "host_id": "",
                "profile": "",
                "vif_details": {},
                "vif_type": "",
                "vnic_type": "normal"
              }
            ],
            "description": "",
            "device_id": "0084d93a-6d00-4633-b986-9f125e1339c7",
            "device_owner": "compute:host02",
            "dns_assignment": [],
            "dns_name": "",
            "extra_dhcp_option": [],
            "fixed_ip": [
              {
                "ip_address": "10.100.0.1",
                "subnet_id": "279c6941-1063-4013-ac91-5e0b9880767d"
              }
            ],
            "id": "689828b7-48a3-4fc1-b06b-00a8ea5a8b19",
            "mac_address": "fa:16:3e:58:f6:b4",
            "name": "Deploy Port",
            "network_id": "e56600b1-0aa0-4840-a43b-f6dae04738ee",
            "no_fixed_ip": null,
            "no_security_groups": null,
            "port_security_enabled": true,
            "qos_policy_id": "",
            "region": "",
            "security_group_ids": [
              "23f0b9f4-84b0-4ba2-9f8c-a68a86fd011f",
              "b3667b9e-33d2-4348-b3a1-2da414ebc5f1"
            ],
            "tags": [],
            "tenant_id": "e7e474215e334ca782a7f15bad62f6c4",
            "timeouts": null,
            "value_specs": null
          },
          "sensitive_attributes": [],
          "private": "eyJlMmJmYjczMC1lY2FhLTExZTYtOGY4OC0zNDM2M2JjN2M0YzAiOnsiY3JlYXRlIjo2MDAwMDAwMDAwMDAsImRlbGV0ZSI6NjAwMDAwMDAwMDAwfX0=",
          "dependencies": [
            "module.comp_mgmt.data.openstack_identity_project_v3.management_project",
            "module.comp_mgmt.data.openstack_networking_secgroup_v2.default_secgroup",
            "module.comp_mgmt.openstack_networking_network_v2.management_network",
            "module.comp_mgmt.openstack_networking_secgroup_v2.deploy_secgroup",
            "module.comp_mgmt.openstack_networking_secgroup_v2.null_secgroup",
            "module.comp_mgmt.openstack_networking_secgroup_v2.scorestack_secgroup",
            "module.comp_mgmt.openstack_networking_subnet_v2.management_subnet"
          ]
        }
      ]
    },
    {
      "module": "module.comp_mgmt",
      "mode": "managed",
      "type": "openstack_networking_port_v2",
      "name": "management_subnet_port",
      "provider": "provider[\"registry.terraform.io/terraform-provider-openstack/openstack\"]",
      "instances": [
        {
          "schema_version": 0,
          "attributes": {
            "admin_state_up": true,
            "all_fixed_ips": [
              "10.100.0.254"
            ],
            "all_security_group_ids": [],
            "all_tags": [],
            "allowed_address_pairs": [],
            "binding": [
              {
                "host_id": "",
                "profile": "",
                "vif_details": {},
                "vif_type": "",
                "vnic_type": "normal"
              }
            ],
            "description": "",
            "device_id": "f75ca6ff-267f-420a-ae14-a741e3b81b0d",
            "device_owner": "network:router_interface",
            "dns_assignment": [],
            "dns_name": "",
            "extra_dhcp_option": [],
            "fixed_ip": [
              {
                "ip_address": "10.100.0.254",
                "subnet_id": "279c6941-1063-4013-ac91-5e0b9880767d"
              }
            ],
            "id": "39cf4f7a-5c21-4a78-bc52-e60020b263fd",
            "mac_address": "fa:16:3e:ab:d6:78",
            "name": "Management Subnet Port",
            "network_id": "e56600b1-0aa0-4840-a43b-f6dae04738ee",
            "no_fixed_ip": null,
            "no_security_groups": null,
            "port_security_enabled": false,
            "qos_policy_id": "",
            "region": "",
            "security_group_ids": null,
            "tags": [],
            "tenant_id": "e7e474215e334ca782a7f15bad62f6c4",
            "timeouts": null,
            "value_specs": null
          },
          "sensitive_attributes": [],
          "private": "eyJlMmJmYjczMC1lY2FhLTExZTYtOGY4OC0zNDM2M2JjN2M0YzAiOnsiY3JlYXRlIjo2MDAwMDAwMDAwMDAsImRlbGV0ZSI6NjAwMDAwMDAwMDAwfX0=",
          "dependencies": [
            "module.comp_mgmt.openstack_networking_network_v2.management_network",
            "module.comp_mgmt.openstack_networking_subnet_v2.management_subnet"
          ]
        }
      ]
    },
    {
      "module": "module.comp_mgmt",
      "mode": "managed",
      "type": "openstack_networking_port_v2",
      "name": "scoring_port",
      "provider": "provider[\"registry.terraform.io/terraform-provider-openstack/openstack\"]",
      "instances": [
        {
          "schema_version": 0,
          "attributes": {
            "admin_state_up": true,
            "all_fixed_ips": [
              "10.100.0.2"
            ],
            "all_security_group_ids": [
              "23f0b9f4-84b0-4ba2-9f8c-a68a86fd011f",
              "7c12f887-54c4-46a4-ae3f-edde4ee00a2e"
            ],
            "all_tags": [],
            "allowed_address_pairs": [],
            "binding": [
              {
                "host_id": "",
                "profile": "",
                "vif_details": {},
                "vif_type": "",
                "vnic_type": "normal"
              }
            ],
            "description": "",
            "device_id": "fa071ac9-f327-4f7d-bb2a-08cf3085b344",
            "device_owner": "compute:host02",
            "dns_assignment": [],
            "dns_name": "",
            "extra_dhcp_option": [],
            "fixed_ip": [
              {
                "ip_address": "10.100.0.2",
                "subnet_id": "279c6941-1063-4013-ac91-5e0b9880767d"
              }
            ],
            "id": "035cb865-3d30-4b30-9a5f-b55a3abd044d",
            "mac_address": "fa:16:3e:fb:9e:ae",
            "name": "Scoring Port",
            "network_id": "e56600b1-0aa0-4840-a43b-f6dae04738ee",
            "no_fixed_ip": null,
            "no_security_groups": null,
            "port_security_enabled": true,
            "qos_policy_id": "",
            "region": "",
            "security_group_ids": [
              "23f0b9f4-84b0-4ba2-9f8c-a68a86fd011f",
              "7c12f887-54c4-46a4-ae3f-edde4ee00a2e"
            ],
            "tags": [],
            "tenant_id": "e7e474215e334ca782a7f15bad62f6c4",
            "timeouts": null,
            "value_specs": null
          },
          "sensitive_attributes": [],
          "private": "eyJlMmJmYjczMC1lY2FhLTExZTYtOGY4OC0zNDM2M2JjN2M0YzAiOnsiY3JlYXRlIjo2MDAwMDAwMDAwMDAsImRlbGV0ZSI6NjAwMDAwMDAwMDAwfX0=",
          "dependencies": [
            "module.comp_mgmt.data.openstack_identity_project_v3.management_project",
            "module.comp_mgmt.data.openstack_networking_secgroup_v2.default_secgroup",
            "module.comp_mgmt.openstack_networking_network_v2.management_network",
            "module.comp_mgmt.openstack_networking_secgroup_v2.deploy_secgroup",
            "module.comp_mgmt.openstack_networking_secgroup_v2.null_secgroup",
            "module.comp_mgmt.openstack_networking_secgroup_v2.scorestack_secgroup",
            "module.comp_mgmt.openstack_networking_subnet_v2.management_subnet"
          ]
        }
      ]
    },
    {
      "module": "module.comp_mgmt",
      "mode": "managed",
      "type": "openstack_networking_router_interface_v2",
      "name": "management_external_interface",
      "provider": "provider[\"registry.terraform.io/terraform-provider-openstack/openstack\"]",
      "instances": [
        {
          "schema_version": 0,
          "attributes": {
            "id": "39cf4f7a-5c21-4a78-bc52-e60020b263fd",
            "port_id": "39cf4f7a-5c21-4a78-bc52-e60020b263fd",
            "region": "",
            "router_id": "f75ca6ff-267f-420a-ae14-a741e3b81b0d",
            "subnet_id": "279c6941-1063-4013-ac91-5e0b9880767d",
            "timeouts": null
          },
          "sensitive_attributes": [],
          "private": "eyJlMmJmYjczMC1lY2FhLTExZTYtOGY4OC0zNDM2M2JjN2M0YzAiOnsiY3JlYXRlIjo2MDAwMDAwMDAwMDAsImRlbGV0ZSI6NjAwMDAwMDAwMDAwfX0=",
          "dependencies": [
            "data.openstack_networking_network_v2.external_network",
            "module.comp_mgmt.openstack_networking_network_v2.management_network",
            "module.comp_mgmt.openstack_networking_port_v2.management_subnet_port",
            "module.comp_mgmt.openstack_networking_router_v2.external_router",
            "module.comp_mgmt.openstack_networking_subnet_v2.management_subnet"
          ]
        }
      ]
    },
    {
      "module": "module.comp_mgmt",
      "mode": "managed",
      "type": "openstack_networking_router_v2",
      "name": "core_router",
      "provider": "provider[\"registry.terraform.io/terraform-provider-openstack/openstack\"]",
      "instances": [
        {
          "schema_version": 0,
          "attributes": {
            "admin_state_up": true,
            "all_tags": [],
            "availability_zone_hints": [],
            "description": "",
            "distributed": false,
            "enable_snat": true,
            "external_fixed_ip": [
              {
                "ip_address": "129.21.249.218",
                "subnet_id": "69f14ecc-2bad-412e-abf1-24c90da9be5e"
              }
            ],
            "external_gateway": "d96988a6-c388-4032-8067-0b89d572cad0",
            "external_network_id": "d96988a6-c388-4032-8067-0b89d572cad0",
            "external_subnet_ids": null,
            "id": "e2c52bb2-affb-42b6-baa5-f8c67f7e63d9",
            "name": "Core Router",
            "region": "",
            "tags": [],
            "tenant_id": "e7e474215e334ca782a7f15bad62f6c4",
            "timeouts": null,
            "value_specs": null,
            "vendor_options": []
          },
          "sensitive_attributes": [],
          "private": "eyJlMmJmYjczMC1lY2FhLTExZTYtOGY4OC0zNDM2M2JjN2M0YzAiOnsiY3JlYXRlIjo2MDAwMDAwMDAwMDAsImRlbGV0ZSI6NjAwMDAwMDAwMDAwfX0=",
          "dependencies": [
            "data.openstack_networking_network_v2.external_network"
          ]
        }
      ]
    },
    {
      "module": "module.comp_mgmt",
      "mode": "managed",
      "type": "openstack_networking_router_v2",
      "name": "external_router",
      "provider": "provider[\"registry.terraform.io/terraform-provider-openstack/openstack\"]",
      "instances": [
        {
          "schema_version": 0,
          "attributes": {
            "admin_state_up": true,
            "all_tags": [],
            "availability_zone_hints": [],
            "description": "",
            "distributed": false,
            "enable_snat": true,
            "external_fixed_ip": [
              {
                "ip_address": "129.21.249.18",
                "subnet_id": "69f14ecc-2bad-412e-abf1-24c90da9be5e"
              }
            ],
            "external_gateway": "d96988a6-c388-4032-8067-0b89d572cad0",
            "external_network_id": "d96988a6-c388-4032-8067-0b89d572cad0",
            "external_subnet_ids": null,
            "id": "f75ca6ff-267f-420a-ae14-a741e3b81b0d",
            "name": "External Router",
            "region": "",
            "tags": [],
            "tenant_id": "e7e474215e334ca782a7f15bad62f6c4",
            "timeouts": null,
            "value_specs": null,
            "vendor_options": []
          },
          "sensitive_attributes": [],
          "private": "eyJlMmJmYjczMC1lY2FhLTExZTYtOGY4OC0zNDM2M2JjN2M0YzAiOnsiY3JlYXRlIjo2MDAwMDAwMDAwMDAsImRlbGV0ZSI6NjAwMDAwMDAwMDAwfX0=",
          "dependencies": [
            "data.openstack_networking_network_v2.external_network"
          ]
        }
      ]
    },
    {
      "module": "module.comp_mgmt",
      "mode": "managed",
      "type": "openstack_networking_secgroup_rule_v2",
      "name": "deploy_secgroup_rule",
      "provider": "provider[\"registry.terraform.io/terraform-provider-openstack/openstack\"]",
      "instances": [
        {
          "index_key": "ssh",
          "schema_version": 0,
          "attributes": {
            "description": "ssh",
            "direction": "ingress",
            "ethertype": "IPv4",
            "id": "22f8f05c-de79-4f47-bb21-9ca9e7046959",
            "port_range_max": 22,
            "port_range_min": 22,
            "protocol": "tcp",
            "region": "",
            "remote_group_id": "",
            "remote_ip_prefix": "",
            "security_group_id": "b3667b9e-33d2-4348-b3a1-2da414ebc5f1",
            "tenant_id": "e7e474215e334ca782a7f15bad62f6c4",
            "timeouts": null
          },
          "sensitive_attributes": [],
          "private": "eyJlMmJmYjczMC1lY2FhLTExZTYtOGY4OC0zNDM2M2JjN2M0YzAiOnsiZGVsZXRlIjo2MDAwMDAwMDAwMDB9fQ==",
          "dependencies": [
            "module.comp_mgmt.data.openstack_identity_project_v3.management_project",
            "module.comp_mgmt.openstack_networking_secgroup_v2.deploy_secgroup"
          ]
        }
      ]
    },
    {
      "module": "module.comp_mgmt",
      "mode": "managed",
      "type": "openstack_networking_secgroup_rule_v2",
      "name": "icmp_rule",
      "provider": "provider[\"registry.terraform.io/terraform-provider-openstack/openstack\"]",
      "instances": [
        {
          "index_key": "default",
          "schema_version": 0,
          "attributes": {
            "description": "icmp",
            "direction": "ingress",
            "ethertype": "IPv4",
            "id": "2872a518-5f1f-4d1a-b468-af19628dc03a",
            "port_range_max": 0,
            "port_range_min": 0,
            "protocol": "icmp",
            "region": "",
            "remote_group_id": "",
            "remote_ip_prefix": "",
            "security_group_id": "23f0b9f4-84b0-4ba2-9f8c-a68a86fd011f",
            "tenant_id": "e7e474215e334ca782a7f15bad62f6c4",
            "timeouts": null
          },
          "sensitive_attributes": [],
          "private": "eyJlMmJmYjczMC1lY2FhLTExZTYtOGY4OC0zNDM2M2JjN2M0YzAiOnsiZGVsZXRlIjo2MDAwMDAwMDAwMDB9fQ==",
          "dependencies": [
            "module.comp_mgmt.data.openstack_identity_project_v3.management_project",
            "module.comp_mgmt.data.openstack_networking_secgroup_v2.default_secgroup",
            "module.comp_mgmt.openstack_networking_secgroup_v2.deploy_secgroup",
            "module.comp_mgmt.openstack_networking_secgroup_v2.null_secgroup",
            "module.comp_mgmt.openstack_networking_secgroup_v2.scorestack_secgroup"
          ]
        },
        {
          "index_key": "deploy",
          "schema_version": 0,
          "attributes": {
            "description": "icmp",
            "direction": "ingress",
            "ethertype": "IPv4",
            "id": "321de099-8da8-4773-a2b4-de77c54c6782",
            "port_range_max": 0,
            "port_range_min": 0,
            "protocol": "icmp",
            "region": "",
            "remote_group_id": "",
            "remote_ip_prefix": "",
            "security_group_id": "b3667b9e-33d2-4348-b3a1-2da414ebc5f1",
            "tenant_id": "e7e474215e334ca782a7f15bad62f6c4",
            "timeouts": null
          },
          "sensitive_attributes": [],
          "private": "eyJlMmJmYjczMC1lY2FhLTExZTYtOGY4OC0zNDM2M2JjN2M0YzAiOnsiZGVsZXRlIjo2MDAwMDAwMDAwMDB9fQ==",
          "dependencies": [
            "module.comp_mgmt.data.openstack_identity_project_v3.management_project",
            "module.comp_mgmt.data.openstack_networking_secgroup_v2.default_secgroup",
            "module.comp_mgmt.openstack_networking_secgroup_v2.deploy_secgroup",
            "module.comp_mgmt.openstack_networking_secgroup_v2.null_secgroup",
            "module.comp_mgmt.openstack_networking_secgroup_v2.scorestack_secgroup"
          ]
        },
        {
          "index_key": "null",
          "schema_version": 0,
          "attributes": {
            "description": "icmp",
            "direction": "ingress",
            "ethertype": "IPv4",
            "id": "510c63f1-7df0-41f6-a7f3-92614b80cbd8",
            "port_range_max": 0,
            "port_range_min": 0,
            "protocol": "icmp",
            "region": "",
            "remote_group_id": "",
            "remote_ip_prefix": "",
            "security_group_id": "cbd66f8a-e46b-4a0e-8e4f-62629fa6c23a",
            "tenant_id": "e7e474215e334ca782a7f15bad62f6c4",
            "timeouts": null
          },
          "sensitive_attributes": [],
          "private": "eyJlMmJmYjczMC1lY2FhLTExZTYtOGY4OC0zNDM2M2JjN2M0YzAiOnsiZGVsZXRlIjo2MDAwMDAwMDAwMDB9fQ==",
          "dependencies": [
            "module.comp_mgmt.data.openstack_identity_project_v3.management_project",
            "module.comp_mgmt.data.openstack_networking_secgroup_v2.default_secgroup",
            "module.comp_mgmt.openstack_networking_secgroup_v2.deploy_secgroup",
            "module.comp_mgmt.openstack_networking_secgroup_v2.null_secgroup",
            "module.comp_mgmt.openstack_networking_secgroup_v2.scorestack_secgroup"
          ]
        },
        {
          "index_key": "scorestack",
          "schema_version": 0,
          "attributes": {
            "description": "icmp",
            "direction": "ingress",
            "ethertype": "IPv4",
            "id": "364d07f4-546b-489c-bf4b-a9067906c584",
            "port_range_max": 0,
            "port_range_min": 0,
            "protocol": "icmp",
            "region": "",
            "remote_group_id": "",
            "remote_ip_prefix": "",
            "security_group_id": "7c12f887-54c4-46a4-ae3f-edde4ee00a2e",
            "tenant_id": "e7e474215e334ca782a7f15bad62f6c4",
            "timeouts": null
          },
          "sensitive_attributes": [],
          "private": "eyJlMmJmYjczMC1lY2FhLTExZTYtOGY4OC0zNDM2M2JjN2M0YzAiOnsiZGVsZXRlIjo2MDAwMDAwMDAwMDB9fQ==",
          "dependencies": [
            "module.comp_mgmt.data.openstack_identity_project_v3.management_project",
            "module.comp_mgmt.data.openstack_networking_secgroup_v2.default_secgroup",
            "module.comp_mgmt.openstack_networking_secgroup_v2.deploy_secgroup",
            "module.comp_mgmt.openstack_networking_secgroup_v2.null_secgroup",
            "module.comp_mgmt.openstack_networking_secgroup_v2.scorestack_secgroup"
          ]
        }
      ]
    },
    {
      "module": "module.comp_mgmt",
      "mode": "managed",
      "type": "openstack_networking_secgroup_rule_v2",
      "name": "scorestack_secgroup_rule",
      "provider": "provider[\"registry.terraform.io/terraform-provider-openstack/openstack\"]",
      "instances": [
        {
          "index_key": "elasticsearch",
          "schema_version": 0,
          "attributes": {
            "description": "elasticsearch",
            "direction": "ingress",
            "ethertype": "IPv4",
            "id": "cb6837ec-ba77-4b68-b3d7-3cf93d3c55c6",
            "port_range_max": 9200,
            "port_range_min": 9200,
            "protocol": "tcp",
            "region": "",
            "remote_group_id": "",
            "remote_ip_prefix": "",
            "security_group_id": "7c12f887-54c4-46a4-ae3f-edde4ee00a2e",
            "tenant_id": "e7e474215e334ca782a7f15bad62f6c4",
            "timeouts": null
          },
          "sensitive_attributes": [],
          "private": "eyJlMmJmYjczMC1lY2FhLTExZTYtOGY4OC0zNDM2M2JjN2M0YzAiOnsiZGVsZXRlIjo2MDAwMDAwMDAwMDB9fQ==",
          "dependencies": [
            "module.comp_mgmt.data.openstack_identity_project_v3.management_project",
            "module.comp_mgmt.openstack_networking_secgroup_v2.scorestack_secgroup"
          ]
        },
        {
          "index_key": "http",
          "schema_version": 0,
          "attributes": {
            "description": "http",
            "direction": "ingress",
            "ethertype": "IPv4",
            "id": "d0247a46-5191-497e-a336-60eb666d1522",
            "port_range_max": 80,
            "port_range_min": 80,
            "protocol": "tcp",
            "region": "",
            "remote_group_id": "",
            "remote_ip_prefix": "",
            "security_group_id": "7c12f887-54c4-46a4-ae3f-edde4ee00a2e",
            "tenant_id": "e7e474215e334ca782a7f15bad62f6c4",
            "timeouts": null
          },
          "sensitive_attributes": [],
          "private": "eyJlMmJmYjczMC1lY2FhLTExZTYtOGY4OC0zNDM2M2JjN2M0YzAiOnsiZGVsZXRlIjo2MDAwMDAwMDAwMDB9fQ==",
          "dependencies": [
            "module.comp_mgmt.data.openstack_identity_project_v3.management_project",
            "module.comp_mgmt.openstack_networking_secgroup_v2.scorestack_secgroup"
          ]
        },
        {
          "index_key": "https",
          "schema_version": 0,
          "attributes": {
            "description": "https",
            "direction": "ingress",
            "ethertype": "IPv4",
            "id": "592da34f-b7d4-4bf2-b354-3df861b48ad4",
            "port_range_max": 443,
            "port_range_min": 443,
            "protocol": "tcp",
            "region": "",
            "remote_group_id": "",
            "remote_ip_prefix": "",
            "security_group_id": "7c12f887-54c4-46a4-ae3f-edde4ee00a2e",
            "tenant_id": "e7e474215e334ca782a7f15bad62f6c4",
            "timeouts": null
          },
          "sensitive_attributes": [],
          "private": "eyJlMmJmYjczMC1lY2FhLTExZTYtOGY4OC0zNDM2M2JjN2M0YzAiOnsiZGVsZXRlIjo2MDAwMDAwMDAwMDB9fQ==",
          "dependencies": [
            "module.comp_mgmt.data.openstack_identity_project_v3.management_project",
            "module.comp_mgmt.openstack_networking_secgroup_v2.scorestack_secgroup"
          ]
        },
        {
          "index_key": "kibana",
          "schema_version": 0,
          "attributes": {
            "description": "kibana",
            "direction": "ingress",
            "ethertype": "IPv4",
            "id": "e73e7a58-e3fd-41da-9e58-89c7c84d28eb",
            "port_range_max": 5601,
            "port_range_min": 5601,
            "protocol": "tcp",
            "region": "",
            "remote_group_id": "",
            "remote_ip_prefix": "",
            "security_group_id": "7c12f887-54c4-46a4-ae3f-edde4ee00a2e",
            "tenant_id": "e7e474215e334ca782a7f15bad62f6c4",
            "timeouts": null
          },
          "sensitive_attributes": [],
          "private": "eyJlMmJmYjczMC1lY2FhLTExZTYtOGY4OC0zNDM2M2JjN2M0YzAiOnsiZGVsZXRlIjo2MDAwMDAwMDAwMDB9fQ==",
          "dependencies": [
            "module.comp_mgmt.data.openstack_identity_project_v3.management_project",
            "module.comp_mgmt.openstack_networking_secgroup_v2.scorestack_secgroup"
          ]
        },
        {
          "index_key": "logstash",
          "schema_version": 0,
          "attributes": {
            "description": "logstash",
            "direction": "ingress",
            "ethertype": "IPv4",
            "id": "a8dfe724-ccb9-4ece-b634-47eea5e6a3bc",
            "port_range_max": 5454,
            "port_range_min": 5454,
            "protocol": "tcp",
            "region": "",
            "remote_group_id": "",
            "remote_ip_prefix": "",
            "security_group_id": "7c12f887-54c4-46a4-ae3f-edde4ee00a2e",
            "tenant_id": "e7e474215e334ca782a7f15bad62f6c4",
            "timeouts": null
          },
          "sensitive_attributes": [],
          "private": "eyJlMmJmYjczMC1lY2FhLTExZTYtOGY4OC0zNDM2M2JjN2M0YzAiOnsiZGVsZXRlIjo2MDAwMDAwMDAwMDB9fQ==",
          "dependencies": [
            "module.comp_mgmt.data.openstack_identity_project_v3.management_project",
            "module.comp_mgmt.openstack_networking_secgroup_v2.scorestack_secgroup"
          ]
        },
        {
          "index_key": "ssh",
          "schema_version": 0,
          "attributes": {
            "description": "ssh",
            "direction": "ingress",
            "ethertype": "IPv4",
            "id": "846dfe8d-ae74-469d-88cd-399641ec4cbf",
            "port_range_max": 22,
            "port_range_min": 22,
            "protocol": "tcp",
            "region": "",
            "remote_group_id": "",
            "remote_ip_prefix": "",
            "security_group_id": "7c12f887-54c4-46a4-ae3f-edde4ee00a2e",
            "tenant_id": "e7e474215e334ca782a7f15bad62f6c4",
            "timeouts": null
          },
          "sensitive_attributes": [],
          "private": "eyJlMmJmYjczMC1lY2FhLTExZTYtOGY4OC0zNDM2M2JjN2M0YzAiOnsiZGVsZXRlIjo2MDAwMDAwMDAwMDB9fQ==",
          "dependencies": [
            "module.comp_mgmt.data.openstack_identity_project_v3.management_project",
            "module.comp_mgmt.openstack_networking_secgroup_v2.scorestack_secgroup"
          ]
        },
        {
          "index_key": "transport",
          "schema_version": 0,
          "attributes": {
            "description": "transport",
            "direction": "ingress",
            "ethertype": "IPv4",
            "id": "a8649827-ee6f-4008-baf2-e89ca51f4584",
            "port_range_max": 9300,
            "port_range_min": 9300,
            "protocol": "tcp",
            "region": "",
            "remote_group_id": "",
            "remote_ip_prefix": "",
            "security_group_id": "7c12f887-54c4-46a4-ae3f-edde4ee00a2e",
            "tenant_id": "e7e474215e334ca782a7f15bad62f6c4",
            "timeouts": null
          },
          "sensitive_attributes": [],
          "private": "eyJlMmJmYjczMC1lY2FhLTExZTYtOGY4OC0zNDM2M2JjN2M0YzAiOnsiZGVsZXRlIjo2MDAwMDAwMDAwMDB9fQ==",
          "dependencies": [
            "module.comp_mgmt.data.openstack_identity_project_v3.management_project",
            "module.comp_mgmt.openstack_networking_secgroup_v2.scorestack_secgroup"
          ]
        }
      ]
    },
    {
      "module": "module.comp_mgmt",
      "mode": "managed",
      "type": "openstack_networking_secgroup_v2",
      "name": "deploy_secgroup",
      "provider": "provider[\"registry.terraform.io/terraform-provider-openstack/openstack\"]",
      "instances": [
        {
          "schema_version": 0,
          "attributes": {
            "all_tags": [],
            "delete_default_rules": null,
            "description": "",
            "id": "b3667b9e-33d2-4348-b3a1-2da414ebc5f1",
            "name": "Deploy Secgroup",
            "region": "",
            "tags": [],
            "tenant_id": "e7e474215e334ca782a7f15bad62f6c4",
            "timeouts": null
          },
          "sensitive_attributes": [],
          "private": "eyJlMmJmYjczMC1lY2FhLTExZTYtOGY4OC0zNDM2M2JjN2M0YzAiOnsiZGVsZXRlIjo2MDAwMDAwMDAwMDB9fQ==",
          "dependencies": [
            "module.comp_mgmt.data.openstack_identity_project_v3.management_project"
          ]
        }
      ]
    },
    {
      "module": "module.comp_mgmt",
      "mode": "managed",
      "type": "openstack_networking_secgroup_v2",
      "name": "null_secgroup",
      "provider": "provider[\"registry.terraform.io/terraform-provider-openstack/openstack\"]",
      "instances": [
        {
          "schema_version": 0,
          "attributes": {
            "all_tags": [],
            "delete_default_rules": null,
            "description": "",
            "id": "cbd66f8a-e46b-4a0e-8e4f-62629fa6c23a",
            "name": "Null Secgroup",
            "region": "",
            "tags": [],
            "tenant_id": "e7e474215e334ca782a7f15bad62f6c4",
            "timeouts": null
          },
          "sensitive_attributes": [],
          "private": "eyJlMmJmYjczMC1lY2FhLTExZTYtOGY4OC0zNDM2M2JjN2M0YzAiOnsiZGVsZXRlIjo2MDAwMDAwMDAwMDB9fQ==",
          "dependencies": [
            "module.comp_mgmt.data.openstack_identity_project_v3.management_project"
          ]
        }
      ]
    },
    {
      "module": "module.comp_mgmt",
      "mode": "managed",
      "type": "openstack_networking_secgroup_v2",
      "name": "scorestack_secgroup",
      "provider": "provider[\"registry.terraform.io/terraform-provider-openstack/openstack\"]",
      "instances": [
        {
          "schema_version": 0,
          "attributes": {
            "all_tags": [],
            "delete_default_rules": null,
            "description": "",
            "id": "7c12f887-54c4-46a4-ae3f-edde4ee00a2e",
            "name": "Scorestack Secgroup",
            "region": "",
            "tags": [],
            "tenant_id": "e7e474215e334ca782a7f15bad62f6c4",
            "timeouts": null
          },
          "sensitive_attributes": [],
          "private": "eyJlMmJmYjczMC1lY2FhLTExZTYtOGY4OC0zNDM2M2JjN2M0YzAiOnsiZGVsZXRlIjo2MDAwMDAwMDAwMDB9fQ==",
          "dependencies": [
            "module.comp_mgmt.data.openstack_identity_project_v3.management_project"
          ]
        }
      ]
    },
    {
      "module": "module.comp_mgmt",
      "mode": "managed",
      "type": "openstack_networking_subnet_v2",
      "name": "management_subnet",
      "provider": "provider[\"registry.terraform.io/terraform-provider-openstack/openstack\"]",
      "instances": [
        {
          "schema_version": 0,
          "attributes": {
            "all_tags": [],
            "allocation_pool": [
              {
                "end": "10.100.0.250",
                "start": "10.100.0.200"
              }
            ],
            "allocation_pools": [
              {
                "end": "10.100.0.250",
                "start": "10.100.0.200"
              }
            ],
            "cidr": "10.100.0.0/24",
            "description": "",
            "dns_nameservers": [
              "1.1.1.1",
              "1.0.0.1"
            ],
            "enable_dhcp": true,
            "gateway_ip": "10.100.0.254",
            "host_routes": [],
            "id": "279c6941-1063-4013-ac91-5e0b9880767d",
            "ip_version": 4,
            "ipv6_address_mode": "",
            "ipv6_ra_mode": "",
            "name": "Management Subnet",
            "network_id": "e56600b1-0aa0-4840-a43b-f6dae04738ee",
            "no_gateway": false,
            "prefix_length": null,
            "region": "",
            "subnetpool_id": "",
            "tags": [],
            "tenant_id": "e7e474215e334ca782a7f15bad62f6c4",
            "timeouts": null,
            "value_specs": null
          },
          "sensitive_attributes": [],
          "private": "eyJlMmJmYjczMC1lY2FhLTExZTYtOGY4OC0zNDM2M2JjN2M0YzAiOnsiY3JlYXRlIjo2MDAwMDAwMDAwMDAsImRlbGV0ZSI6NjAwMDAwMDAwMDAwfX0=",
          "dependencies": [
            "module.comp_mgmt.openstack_networking_network_v2.management_network"
          ]
        }
      ]
    }
  ],
  "check_results": null
}
