{
  "version": 4,
  "terraform_version": "1.5.7",
  "serial": 675,
  "lineage": "574d4ee0-e65e-4916-9107-7b9d6b5bb1cf",
  "outputs": {},
  "resources": [
    {
      "mode": "data",
      "type": "openstack_compute_flavor_v2",
      "name": "flavor_linux_medium",
      "provider": "provider[\"registry.terraform.io/terraform-provider-openstack/openstack\"]",
      "instances": [
        {
          "schema_version": 0,
          "attributes": {
            "disk": 40,
            "extra_specs": {},
            "flavor_id": "5f964abc-866f-4d79-8aae-f9460cfb28d7",
            "id": "5f964abc-866f-4d79-8aae-f9460cfb28d7",
            "is_public": true,
            "min_disk": null,
            "min_ram": null,
            "name": "small",
            "ram": 1024,
            "region": null,
            "rx_tx_factor": 1,
            "swap": 0,
            "vcpus": 2
          },
          "sensitive_attributes": []
        }
      ]
    },
    {
      "mode": "data",
      "type": "openstack_identity_project_v3",
      "name": "management_project",
      "provider": "provider[\"registry.terraform.io/terraform-provider-openstack/openstack\"]",
      "instances": [
        {
          "schema_version": 0,
          "attributes": {
            "description": "Vaughn, Woerpel Personal Project",
            "domain_id": "default",
            "enabled": true,
            "id": "e7e474215e334ca782a7f15bad62f6c4",
            "is_domain": false,
            "name": "vww9966",
            "parent_id": "default",
            "region": null,
            "tags": []
          },
          "sensitive_attributes": []
        }
      ]
    },
    {
      "mode": "data",
      "type": "openstack_images_image_v2",
      "name": "image_ubuntu_22",
      "provider": "provider[\"registry.terraform.io/terraform-provider-openstack/openstack\"]",
      "instances": [
        {
          "schema_version": 0,
          "attributes": {
            "checksum": "6cc46ebe49acefe98bccb967d6b13e7d",
            "container_format": "bare",
            "created_at": "2023-02-23T22:38:21Z",
            "disk_format": "raw",
            "file": "/v2/images/f19eb19d-2bd0-4c73-9e9e-88f3e94d8646/file",
            "hidden": false,
            "id": "f19eb19d-2bd0-4c73-9e9e-88f3e94d8646",
            "member_status": null,
            "metadata": {},
            "min_disk_gb": 0,
            "min_ram_mb": 0,
            "most_recent": false,
            "name": "UbuntuJammy2204",
            "owner": "a69aa169729a4dbea0d9b9683072260d",
            "properties": {
              "direct_url": "rbd://bd7939e4-b236-11ed-a05f-be894137183b/images/f19eb19d-2bd0-4c73-9e9e-88f3e94d8646/snap",
              "os_hash_algo": "sha512",
              "os_hash_value": "bf0ba0d66a5f6653d131afe63ffdf40aff429d9b43ac78363f775e41b6d4cac57157b99409817b79cc0a3d075d919d38f572bc3162cd2d2f4ecd94c49d3af94c",
              "owner_specified.openstack.md5": "",
              "owner_specified.openstack.object": "images/UbuntuJammy2204",
              "owner_specified.openstack.sha256": "",
              "stores": "rbd"
            },
            "protected": false,
            "region": "",
            "schema": "/v2/schemas/image",
            "size_bytes": 2361393152,
            "size_max": null,
            "size_min": null,
            "sort_direction": "asc",
            "sort_key": "name",
            "tag": null,
            "tags": [],
            "updated_at": "2023-02-23T22:38:41Z",
            "visibility": "public"
          },
          "sensitive_attributes": []
        }
      ]
    },
    {
      "mode": "data",
      "type": "openstack_networking_network_v2",
      "name": "external_network",
      "provider": "provider[\"registry.terraform.io/terraform-provider-openstack/openstack\"]",
      "instances": [
        {
          "schema_version": 0,
          "attributes": {
            "admin_state_up": "true",
            "all_tags": [],
            "availability_zone_hints": [],
            "description": "",
            "dns_domain": "",
            "external": true,
            "id": "d96988a6-c388-4032-8067-0b89d572cad0",
            "matching_subnet_cidr": null,
            "mtu": 1500,
            "name": "external249",
            "network_id": null,
            "region": "",
            "shared": "false",
            "status": null,
            "subnets": [
              "69f14ecc-2bad-412e-abf1-24c90da9be5e"
            ],
            "tags": null,
            "tenant_id": "a69aa169729a4dbea0d9b9683072260d",
            "transparent_vlan": false
          },
          "sensitive_attributes": []
        }
      ]
    },
    {
      "module": "module.comp_mgmt",
      "mode": "data",
      "type": "openstack_identity_project_v3",
      "name": "management_project",
      "provider": "provider[\"registry.terraform.io/terraform-provider-openstack/openstack\"]",
      "instances": [
        {
          "schema_version": 0,
          "attributes": {
            "description": "Vaughn, Woerpel Personal Project",
            "domain_id": "default",
            "enabled": true,
            "id": "e7e474215e334ca782a7f15bad62f6c4",
            "is_domain": false,
            "name": "vww9966",
            "parent_id": "default",
            "region": null,
            "tags": []
          },
          "sensitive_attributes": []
        }
      ]
    },
    {
      "module": "module.comp_mgmt",
      "mode": "data",
      "type": "openstack_networking_secgroup_v2",
      "name": "default_secgroup",
      "provider": "provider[\"registry.terraform.io/terraform-provider-openstack/openstack\"]",
      "instances": [
        {
          "schema_version": 0,
          "attributes": {
            "all_tags": [],
            "description": "Default security group",
            "id": "23f0b9f4-84b0-4ba2-9f8c-a68a86fd011f",
            "name": "default",
            "region": "",
            "secgroup_id": "23f0b9f4-84b0-4ba2-9f8c-a68a86fd011f",
            "tags": null,
            "tenant_id": "e7e474215e334ca782a7f15bad62f6c4"
          },
          "sensitive_attributes": []
        }
      ]
    },
    {
      "module": "module.comp_mgmt",
      "mode": "managed",
      "type": "openstack_compute_floatingip_associate_v2",
      "name": "public_instance_ip_associate",
      "provider": "provider[\"registry.terraform.io/terraform-provider-openstack/openstack\"]",
      "instances": [
        {
          "index_key": "deploy",
          "schema_version": 0,
          "attributes": {
            "fixed_ip": "",
            "floating_ip": "129.21.249.216",
            "id": "129.21.249.216/1e11c537-cf47-4d88-972e-297992fcf080/",
            "instance_id": "1e11c537-cf47-4d88-972e-297992fcf080",
            "region": "",
            "timeouts": null,
            "wait_until_associated": null
          },
          "sensitive_attributes": [],
          "private": "eyJlMmJmYjczMC1lY2FhLTExZTYtOGY4OC0zNDM2M2JjN2M0YzAiOnsiY3JlYXRlIjo2MDAwMDAwMDAwMDB9fQ==",
          "dependencies": [
            "data.openstack_compute_flavor_v2.flavor_linux_medium",
            "data.openstack_images_image_v2.image_ubuntu_22",
            "module.comp_mgmt.data.openstack_identity_project_v3.management_project",
            "module.comp_mgmt.data.openstack_networking_secgroup_v2.default_secgroup",
            "module.comp_mgmt.openstack_compute_instance_v2.management_instance",
            "module.comp_mgmt.openstack_networking_floatingip_v2.public_ip",
            "module.comp_mgmt.openstack_networking_network_v2.competition_cloud_network",
            "module.comp_mgmt.openstack_networking_port_v2.deploy_port",
            "module.comp_mgmt.openstack_networking_port_v2.scoring_port",
            "module.comp_mgmt.openstack_networking_secgroup_v2.deploy_secgroup",
            "module.comp_mgmt.openstack_networking_secgroup_v2.null_secgroup",
            "module.comp_mgmt.openstack_networking_secgroup_v2.scorestack_secgroup",
            "module.comp_mgmt.openstack_networking_subnet_v2.management_subnet"
          ]
        }
      ]
    },
    {
      "module": "module.comp_mgmt",
      "mode": "managed",
      "type": "openstack_compute_instance_v2",
      "name": "management_instance",
      "provider": "provider[\"registry.terraform.io/terraform-provider-openstack/openstack\"]",
      "instances": [
        {
          "index_key": "deploy",
          "schema_version": 0,
          "attributes": {
            "access_ip_v4": "10.100.0.1",
            "access_ip_v6": "",
            "admin_pass": null,
            "all_metadata": {},
            "all_tags": [
              "mgmt-deploy",
              "project-ThanksgivingThrowdown-mgmt",
              "project-management"
            ],
            "availability_zone": "host02",
            "availability_zone_hints": null,
            "block_device": [
              {
                "boot_index": 0,
                "delete_on_termination": true,
                "destination_type": "volume",
                "device_type": "",
                "disk_bus": "",
                "guest_format": "",
                "source_type": "image",
                "uuid": "f19eb19d-2bd0-4c73-9e9e-88f3e94d8646",
                "volume_size": 20,
                "volume_type": ""
              }
            ],
            "config_drive": true,
            "flavor_id": "5f964abc-866f-4d79-8aae-f9460cfb28d7",
            "flavor_name": "small",
            "floating_ip": null,
            "force_delete": false,
            "id": "1e11c537-cf47-4d88-972e-297992fcf080",
            "image_id": "Attempt to boot from volume - no image supplied",
            "image_name": null,
            "key_pair": "",
            "metadata": null,
            "name": "deploy.management.thanksgiving.dinner",
            "network": [
              {
                "access_network": false,
                "fixed_ip_v4": "10.100.0.1",
                "fixed_ip_v6": "",
                "floating_ip": "",
                "mac": "fa:16:3e:da:fd:5d",
                "name": "Competition Cloud Network",
                "port": "c2186e3a-e0b9-4b90-bec1-b98ed441c2ce",
                "uuid": "afcee8d3-e231-4571-8e7a-8ace4326e36a"
              }
            ],
            "network_mode": null,
            "personality": [],
            "power_state": "active",
            "region": "",
            "scheduler_hints": [],
            "security_groups": [
              "d2a92456-b8bd-40c1-9de2-c2680410a81c",
              "default"
            ],
            "stop_before_destroy": false,
            "tags": [
              "mgmt-deploy",
              "project-ThanksgivingThrowdown-mgmt",
              "project-management"
            ],
            "timeouts": {
              "create": "10m",
              "delete": "10m",
              "update": null
            },
            "user_data": "3b84a9208391425c6388676407e6a363a0c5c4fc",
            "vendor_options": [],
            "volume": []
          },
          "sensitive_attributes": [],
          "private": "eyJlMmJmYjczMC1lY2FhLTExZTYtOGY4OC0zNDM2M2JjN2M0YzAiOnsiY3JlYXRlIjo2MDAwMDAwMDAwMDAsImRlbGV0ZSI6NjAwMDAwMDAwMDAwLCJ1cGRhdGUiOjE4MDAwMDAwMDAwMDB9fQ==",
          "dependencies": [
            "data.openstack_compute_flavor_v2.flavor_linux_medium",
            "data.openstack_images_image_v2.image_ubuntu_22",
            "module.comp_mgmt.data.openstack_identity_project_v3.management_project",
            "module.comp_mgmt.data.openstack_networking_secgroup_v2.default_secgroup",
            "module.comp_mgmt.openstack_networking_network_v2.competition_cloud_network",
            "module.comp_mgmt.openstack_networking_port_v2.deploy_port",
            "module.comp_mgmt.openstack_networking_port_v2.scoring_port",
            "module.comp_mgmt.openstack_networking_secgroup_v2.deploy_secgroup",
            "module.comp_mgmt.openstack_networking_secgroup_v2.null_secgroup",
            "module.comp_mgmt.openstack_networking_secgroup_v2.scorestack_secgroup",
            "module.comp_mgmt.openstack_networking_subnet_v2.management_subnet"
          ]
        },
        {
          "index_key": "scoring",
          "schema_version": 0,
          "attributes": {
            "access_ip_v4": "10.100.0.2",
            "access_ip_v6": "",
            "admin_pass": null,
            "all_metadata": {},
            "all_tags": [
              "mgmt-scoring",
              "project-ThanksgivingThrowdown-mgmt",
              "project-management"
            ],
            "availability_zone": "host02",
            "availability_zone_hints": null,
            "block_device": [
              {
                "boot_index": 0,
                "delete_on_termination": true,
                "destination_type": "volume",
                "device_type": "",
                "disk_bus": "",
                "guest_format": "",
                "source_type": "image",
                "uuid": "f19eb19d-2bd0-4c73-9e9e-88f3e94d8646",
                "volume_size": 50,
                "volume_type": ""
              }
            ],
            "config_drive": true,
            "flavor_id": "5f964abc-866f-4d79-8aae-f9460cfb28d7",
            "flavor_name": "small",
            "floating_ip": null,
            "force_delete": false,
            "id": "d697f2ec-8a42-4d65-a962-da400f376096",
            "image_id": "Attempt to boot from volume - no image supplied",
            "image_name": null,
            "key_pair": "",
            "metadata": null,
            "name": "scoring.management.thanksgiving.dinner",
            "network": [
              {
                "access_network": false,
                "fixed_ip_v4": "10.100.0.2",
                "fixed_ip_v6": "",
                "floating_ip": "",
                "mac": "fa:16:3e:e5:fb:ae",
                "name": "Competition Cloud Network",
                "port": "a4525e77-9539-4cd7-9828-939ffbb70de6",
                "uuid": "afcee8d3-e231-4571-8e7a-8ace4326e36a"
              }
            ],
            "network_mode": null,
            "personality": [],
            "power_state": "active",
            "region": "",
            "scheduler_hints": [],
            "security_groups": [
              "d4459670-fd73-4ba4-9d9b-da9cd96edff9",
              "default"
            ],
            "stop_before_destroy": false,
            "tags": [
              "mgmt-scoring",
              "project-ThanksgivingThrowdown-mgmt",
              "project-management"
            ],
            "timeouts": {
              "create": "10m",
              "delete": "10m",
              "update": null
            },
            "user_data": "3b84a9208391425c6388676407e6a363a0c5c4fc",
            "vendor_options": [],
            "volume": []
          },
          "sensitive_attributes": [],
          "private": "eyJlMmJmYjczMC1lY2FhLTExZTYtOGY4OC0zNDM2M2JjN2M0YzAiOnsiY3JlYXRlIjo2MDAwMDAwMDAwMDAsImRlbGV0ZSI6NjAwMDAwMDAwMDAwLCJ1cGRhdGUiOjE4MDAwMDAwMDAwMDB9fQ==",
          "dependencies": [
            "data.openstack_compute_flavor_v2.flavor_linux_medium",
            "data.openstack_images_image_v2.image_ubuntu_22",
            "module.comp_mgmt.data.openstack_identity_project_v3.management_project",
            "module.comp_mgmt.data.openstack_networking_secgroup_v2.default_secgroup",
            "module.comp_mgmt.openstack_networking_network_v2.competition_cloud_network",
            "module.comp_mgmt.openstack_networking_port_v2.deploy_port",
            "module.comp_mgmt.openstack_networking_port_v2.scoring_port",
            "module.comp_mgmt.openstack_networking_secgroup_v2.deploy_secgroup",
            "module.comp_mgmt.openstack_networking_secgroup_v2.null_secgroup",
            "module.comp_mgmt.openstack_networking_secgroup_v2.scorestack_secgroup",
            "module.comp_mgmt.openstack_networking_subnet_v2.management_subnet"
          ]
        }
      ]
    },
    {
      "module": "module.comp_mgmt",
      "mode": "managed",
      "type": "openstack_networking_floatingip_v2",
      "name": "public_ip",
      "provider": "provider[\"registry.terraform.io/terraform-provider-openstack/openstack\"]",
      "instances": [
        {
          "index_key": "deploy",
          "schema_version": 0,
          "attributes": {
            "address": "129.21.249.216",
            "all_tags": [],
            "description": "",
            "dns_domain": "",
            "dns_name": "",
            "fixed_ip": "",
            "id": "282f61e4-e50c-41ee-b2f7-1da4c3c11ba0",
            "pool": "external249",
            "port_id": "",
            "region": "",
            "subnet_id": null,
            "subnet_ids": null,
            "tags": null,
            "tenant_id": "e7e474215e334ca782a7f15bad62f6c4",
            "timeouts": null,
            "value_specs": null
          },
          "sensitive_attributes": [],
          "private": "eyJlMmJmYjczMC1lY2FhLTExZTYtOGY4OC0zNDM2M2JjN2M0YzAiOnsiY3JlYXRlIjo2MDAwMDAwMDAwMDAsImRlbGV0ZSI6NjAwMDAwMDAwMDAwfX0="
        }
      ]
    },
    {
      "module": "module.comp_mgmt",
      "mode": "managed",
      "type": "openstack_networking_network_v2",
      "name": "competition_cloud_network",
      "provider": "provider[\"registry.terraform.io/terraform-provider-openstack/openstack\"]",
      "instances": [
        {
          "schema_version": 0,
          "attributes": {
            "admin_state_up": true,
            "all_tags": [],
            "availability_zone_hints": [],
            "description": "",
            "dns_domain": "",
            "external": false,
            "id": "afcee8d3-e231-4571-8e7a-8ace4326e36a",
            "mtu": 8942,
            "name": "Competition Cloud Network",
            "port_security_enabled": true,
            "qos_policy_id": "",
            "region": "",
            "segments": [],
            "shared": false,
            "tags": null,
            "tenant_id": "e7e474215e334ca782a7f15bad62f6c4",
            "timeouts": null,
            "transparent_vlan": false,
            "value_specs": null
          },
          "sensitive_attributes": [],
          "private": "eyJlMmJmYjczMC1lY2FhLTExZTYtOGY4OC0zNDM2M2JjN2M0YzAiOnsiY3JlYXRlIjo2MDAwMDAwMDAwMDAsImRlbGV0ZSI6NjAwMDAwMDAwMDAwfX0="
        }
      ]
    },
    {
      "module": "module.comp_mgmt",
      "mode": "managed",
      "type": "openstack_networking_port_v2",
      "name": "deploy_port",
      "provider": "provider[\"registry.terraform.io/terraform-provider-openstack/openstack\"]",
      "instances": [
        {
          "schema_version": 0,
          "attributes": {
            "admin_state_up": true,
            "all_fixed_ips": [
              "10.100.0.1"
            ],
            "all_security_group_ids": [
              "23f0b9f4-84b0-4ba2-9f8c-a68a86fd011f",
              "d2a92456-b8bd-40c1-9de2-c2680410a81c"
            ],
            "all_tags": [],
            "allowed_address_pairs": [],
            "binding": [
              {
                "host_id": "",
                "profile": "",
                "vif_details": {},
                "vif_type": "",
                "vnic_type": "normal"
              }
            ],
            "description": "",
            "device_id": "",
            "device_owner": "",
            "dns_assignment": [],
            "dns_name": "",
            "extra_dhcp_option": [],
            "fixed_ip": [
              {
                "ip_address": "10.100.0.1",
                "subnet_id": "406913f4-7ff3-46e1-b38e-1ae3e6e35e7e"
              }
            ],
            "id": "c2186e3a-e0b9-4b90-bec1-b98ed441c2ce",
            "mac_address": "fa:16:3e:da:fd:5d",
            "name": "Deploy Port",
            "network_id": "afcee8d3-e231-4571-8e7a-8ace4326e36a",
            "no_fixed_ip": null,
            "no_security_groups": null,
            "port_security_enabled": true,
            "qos_policy_id": "",
            "region": "",
            "security_group_ids": [
              "23f0b9f4-84b0-4ba2-9f8c-a68a86fd011f",
              "d2a92456-b8bd-40c1-9de2-c2680410a81c"
            ],
            "tags": null,
            "tenant_id": "e7e474215e334ca782a7f15bad62f6c4",
            "timeouts": null,
            "value_specs": null
          },
          "sensitive_attributes": [],
          "private": "eyJlMmJmYjczMC1lY2FhLTExZTYtOGY4OC0zNDM2M2JjN2M0YzAiOnsiY3JlYXRlIjo2MDAwMDAwMDAwMDAsImRlbGV0ZSI6NjAwMDAwMDAwMDAwfX0=",
          "dependencies": [
            "module.comp_mgmt.data.openstack_identity_project_v3.management_project",
            "module.comp_mgmt.data.openstack_networking_secgroup_v2.default_secgroup",
            "module.comp_mgmt.openstack_networking_network_v2.competition_cloud_network",
            "module.comp_mgmt.openstack_networking_secgroup_v2.deploy_secgroup",
            "module.comp_mgmt.openstack_networking_secgroup_v2.null_secgroup",
            "module.comp_mgmt.openstack_networking_secgroup_v2.scorestack_secgroup",
            "module.comp_mgmt.openstack_networking_subnet_v2.management_subnet"
          ]
        }
      ]
    },
    {
      "module": "module.comp_mgmt",
      "mode": "managed",
      "type": "openstack_networking_port_v2",
      "name": "management_subnet_port",
      "provider": "provider[\"registry.terraform.io/terraform-provider-openstack/openstack\"]",
      "instances": [
        {
          "schema_version": 0,
          "attributes": {
            "admin_state_up": true,
            "all_fixed_ips": [
              "10.100.0.254"
            ],
            "all_security_group_ids": [],
            "all_tags": [],
            "allowed_address_pairs": [],
            "binding": [
              {
                "host_id": "",
                "profile": "",
                "vif_details": {},
                "vif_type": "",
                "vnic_type": "normal"
              }
            ],
            "description": "",
            "device_id": "",
            "device_owner": "",
            "dns_assignment": [],
            "dns_name": "",
            "extra_dhcp_option": [],
            "fixed_ip": [
              {
                "ip_address": "10.100.0.254",
                "subnet_id": "406913f4-7ff3-46e1-b38e-1ae3e6e35e7e"
              }
            ],
            "id": "de0a5f58-4625-4499-9038-38680a1e2fe0",
            "mac_address": "fa:16:3e:89:43:3a",
            "name": "Management Port",
            "network_id": "afcee8d3-e231-4571-8e7a-8ace4326e36a",
            "no_fixed_ip": null,
            "no_security_groups": null,
            "port_security_enabled": false,
            "qos_policy_id": "",
            "region": "",
            "security_group_ids": null,
            "tags": null,
            "tenant_id": "e7e474215e334ca782a7f15bad62f6c4",
            "timeouts": null,
            "value_specs": null
          },
          "sensitive_attributes": [],
          "private": "eyJlMmJmYjczMC1lY2FhLTExZTYtOGY4OC0zNDM2M2JjN2M0YzAiOnsiY3JlYXRlIjo2MDAwMDAwMDAwMDAsImRlbGV0ZSI6NjAwMDAwMDAwMDAwfX0=",
          "dependencies": [
            "module.comp_mgmt.openstack_networking_network_v2.competition_cloud_network",
            "module.comp_mgmt.openstack_networking_subnet_v2.management_subnet"
          ]
        }
      ]
    },
    {
      "module": "module.comp_mgmt",
      "mode": "managed",
      "type": "openstack_networking_port_v2",
      "name": "scoring_port",
      "provider": "provider[\"registry.terraform.io/terraform-provider-openstack/openstack\"]",
      "instances": [
        {
          "schema_version": 0,
          "attributes": {
            "admin_state_up": true,
            "all_fixed_ips": [
              "10.100.0.2"
            ],
            "all_security_group_ids": [
              "23f0b9f4-84b0-4ba2-9f8c-a68a86fd011f",
              "d4459670-fd73-4ba4-9d9b-da9cd96edff9"
            ],
            "all_tags": [],
            "allowed_address_pairs": [],
            "binding": [
              {
                "host_id": "",
                "profile": "",
                "vif_details": {},
                "vif_type": "",
                "vnic_type": "normal"
              }
            ],
            "description": "",
            "device_id": "",
            "device_owner": "",
            "dns_assignment": [],
            "dns_name": "",
            "extra_dhcp_option": [],
            "fixed_ip": [
              {
                "ip_address": "10.100.0.2",
                "subnet_id": "406913f4-7ff3-46e1-b38e-1ae3e6e35e7e"
              }
            ],
            "id": "a4525e77-9539-4cd7-9828-939ffbb70de6",
            "mac_address": "fa:16:3e:e5:fb:ae",
            "name": "Scoring Port",
            "network_id": "afcee8d3-e231-4571-8e7a-8ace4326e36a",
            "no_fixed_ip": null,
            "no_security_groups": null,
            "port_security_enabled": true,
            "qos_policy_id": "",
            "region": "",
            "security_group_ids": [
              "23f0b9f4-84b0-4ba2-9f8c-a68a86fd011f",
              "d4459670-fd73-4ba4-9d9b-da9cd96edff9"
            ],
            "tags": null,
            "tenant_id": "e7e474215e334ca782a7f15bad62f6c4",
            "timeouts": null,
            "value_specs": null
          },
          "sensitive_attributes": [],
          "private": "eyJlMmJmYjczMC1lY2FhLTExZTYtOGY4OC0zNDM2M2JjN2M0YzAiOnsiY3JlYXRlIjo2MDAwMDAwMDAwMDAsImRlbGV0ZSI6NjAwMDAwMDAwMDAwfX0=",
          "dependencies": [
            "module.comp_mgmt.data.openstack_identity_project_v3.management_project",
            "module.comp_mgmt.data.openstack_networking_secgroup_v2.default_secgroup",
            "module.comp_mgmt.openstack_networking_network_v2.competition_cloud_network",
            "module.comp_mgmt.openstack_networking_secgroup_v2.deploy_secgroup",
            "module.comp_mgmt.openstack_networking_secgroup_v2.null_secgroup",
            "module.comp_mgmt.openstack_networking_secgroup_v2.scorestack_secgroup",
            "module.comp_mgmt.openstack_networking_subnet_v2.management_subnet"
          ]
        }
      ]
    },
    {
      "module": "module.comp_mgmt",
      "mode": "managed",
      "type": "openstack_networking_router_interface_v2",
      "name": "management_external_interface",
      "provider": "provider[\"registry.terraform.io/terraform-provider-openstack/openstack\"]",
      "instances": [
        {
          "schema_version": 0,
          "attributes": {
            "id": "de0a5f58-4625-4499-9038-38680a1e2fe0",
            "port_id": "de0a5f58-4625-4499-9038-38680a1e2fe0",
            "region": "",
            "router_id": "801b98aa-d11d-4576-9ee8-41cbff4eb1ea",
            "subnet_id": "406913f4-7ff3-46e1-b38e-1ae3e6e35e7e",
            "timeouts": null
          },
          "sensitive_attributes": [],
          "private": "eyJlMmJmYjczMC1lY2FhLTExZTYtOGY4OC0zNDM2M2JjN2M0YzAiOnsiY3JlYXRlIjo2MDAwMDAwMDAwMDAsImRlbGV0ZSI6NjAwMDAwMDAwMDAwfX0=",
          "dependencies": [
            "data.openstack_networking_network_v2.external_network",
            "module.comp_mgmt.openstack_networking_network_v2.competition_cloud_network",
            "module.comp_mgmt.openstack_networking_port_v2.management_subnet_port",
            "module.comp_mgmt.openstack_networking_router_v2.core_router",
            "module.comp_mgmt.openstack_networking_subnet_v2.management_subnet"
          ]
        }
      ]
    },
    {
      "module": "module.comp_mgmt",
      "mode": "managed",
      "type": "openstack_networking_router_v2",
      "name": "core_router",
      "provider": "provider[\"registry.terraform.io/terraform-provider-openstack/openstack\"]",
      "instances": [
        {
          "schema_version": 0,
          "attributes": {
            "admin_state_up": true,
            "all_tags": [],
            "availability_zone_hints": [],
            "description": "",
            "distributed": false,
            "enable_snat": true,
            "external_fixed_ip": [
              {
                "ip_address": "129.21.249.88",
                "subnet_id": "69f14ecc-2bad-412e-abf1-24c90da9be5e"
              }
            ],
            "external_gateway": "d96988a6-c388-4032-8067-0b89d572cad0",
            "external_network_id": "d96988a6-c388-4032-8067-0b89d572cad0",
            "external_subnet_ids": null,
            "id": "801b98aa-d11d-4576-9ee8-41cbff4eb1ea",
            "name": "Core Router",
            "region": "",
            "tags": null,
            "tenant_id": "e7e474215e334ca782a7f15bad62f6c4",
            "timeouts": null,
            "value_specs": null,
            "vendor_options": []
          },
          "sensitive_attributes": [],
          "private": "eyJlMmJmYjczMC1lY2FhLTExZTYtOGY4OC0zNDM2M2JjN2M0YzAiOnsiY3JlYXRlIjo2MDAwMDAwMDAwMDAsImRlbGV0ZSI6NjAwMDAwMDAwMDAwfX0=",
          "dependencies": [
            "data.openstack_networking_network_v2.external_network"
          ]
        }
      ]
    },
    {
      "module": "module.comp_mgmt",
      "mode": "managed",
      "type": "openstack_networking_secgroup_rule_v2",
      "name": "deploy_secgroup_rule",
      "provider": "provider[\"registry.terraform.io/terraform-provider-openstack/openstack\"]",
      "instances": [
        {
          "index_key": "ssh",
          "schema_version": 0,
          "attributes": {
            "description": "ssh",
            "direction": "ingress",
            "ethertype": "IPv4",
            "id": "77fcb791-0cae-4528-89ab-53b7a4a78e61",
            "port_range_max": 22,
            "port_range_min": 22,
            "protocol": "tcp",
            "region": "",
            "remote_group_id": "",
            "remote_ip_prefix": "",
            "security_group_id": "d2a92456-b8bd-40c1-9de2-c2680410a81c",
            "tenant_id": "e7e474215e334ca782a7f15bad62f6c4",
            "timeouts": null
          },
          "sensitive_attributes": [],
          "private": "eyJlMmJmYjczMC1lY2FhLTExZTYtOGY4OC0zNDM2M2JjN2M0YzAiOnsiZGVsZXRlIjo2MDAwMDAwMDAwMDB9fQ==",
          "dependencies": [
            "module.comp_mgmt.data.openstack_identity_project_v3.management_project",
            "module.comp_mgmt.openstack_networking_secgroup_v2.deploy_secgroup"
          ]
        }
      ]
    },
    {
      "module": "module.comp_mgmt",
      "mode": "managed",
      "type": "openstack_networking_secgroup_rule_v2",
      "name": "icmp_rule",
      "provider": "provider[\"registry.terraform.io/terraform-provider-openstack/openstack\"]",
      "instances": [
        {
          "index_key": "default",
          "schema_version": 0,
          "attributes": {
            "description": "icmp",
            "direction": "ingress",
            "ethertype": "IPv4",
            "id": "a3cfbc88-1a5f-4634-8251-b30c9c384d16",
            "port_range_max": 0,
            "port_range_min": 0,
            "protocol": "icmp",
            "region": "",
            "remote_group_id": "",
            "remote_ip_prefix": "",
            "security_group_id": "23f0b9f4-84b0-4ba2-9f8c-a68a86fd011f",
            "tenant_id": "e7e474215e334ca782a7f15bad62f6c4",
            "timeouts": null
          },
          "sensitive_attributes": [],
          "private": "eyJlMmJmYjczMC1lY2FhLTExZTYtOGY4OC0zNDM2M2JjN2M0YzAiOnsiZGVsZXRlIjo2MDAwMDAwMDAwMDB9fQ==",
          "dependencies": [
            "module.comp_mgmt.data.openstack_identity_project_v3.management_project",
            "module.comp_mgmt.data.openstack_networking_secgroup_v2.default_secgroup",
            "module.comp_mgmt.openstack_networking_secgroup_v2.deploy_secgroup",
            "module.comp_mgmt.openstack_networking_secgroup_v2.null_secgroup",
            "module.comp_mgmt.openstack_networking_secgroup_v2.scorestack_secgroup"
          ]
        },
        {
          "index_key": "deploy",
          "schema_version": 0,
          "attributes": {
            "description": "icmp",
            "direction": "ingress",
            "ethertype": "IPv4",
            "id": "40507b3f-26d8-4b76-af4a-35cf4d073127",
            "port_range_max": 0,
            "port_range_min": 0,
            "protocol": "icmp",
            "region": "",
            "remote_group_id": "",
            "remote_ip_prefix": "",
            "security_group_id": "d2a92456-b8bd-40c1-9de2-c2680410a81c",
            "tenant_id": "e7e474215e334ca782a7f15bad62f6c4",
            "timeouts": null
          },
          "sensitive_attributes": [],
          "private": "eyJlMmJmYjczMC1lY2FhLTExZTYtOGY4OC0zNDM2M2JjN2M0YzAiOnsiZGVsZXRlIjo2MDAwMDAwMDAwMDB9fQ==",
          "dependencies": [
            "module.comp_mgmt.data.openstack_identity_project_v3.management_project",
            "module.comp_mgmt.data.openstack_networking_secgroup_v2.default_secgroup",
            "module.comp_mgmt.openstack_networking_secgroup_v2.deploy_secgroup",
            "module.comp_mgmt.openstack_networking_secgroup_v2.null_secgroup",
            "module.comp_mgmt.openstack_networking_secgroup_v2.scorestack_secgroup"
          ]
        },
        {
          "index_key": "null",
          "schema_version": 0,
          "attributes": {
            "description": "icmp",
            "direction": "ingress",
            "ethertype": "IPv4",
            "id": "f0f23092-d198-4180-9881-ebaa01baee9b",
            "port_range_max": 0,
            "port_range_min": 0,
            "protocol": "icmp",
            "region": "",
            "remote_group_id": "",
            "remote_ip_prefix": "",
            "security_group_id": "10221b4d-8719-402d-b35c-bf182084fb8c",
            "tenant_id": "e7e474215e334ca782a7f15bad62f6c4",
            "timeouts": null
          },
          "sensitive_attributes": [],
          "private": "eyJlMmJmYjczMC1lY2FhLTExZTYtOGY4OC0zNDM2M2JjN2M0YzAiOnsiZGVsZXRlIjo2MDAwMDAwMDAwMDB9fQ==",
          "dependencies": [
            "module.comp_mgmt.data.openstack_identity_project_v3.management_project",
            "module.comp_mgmt.data.openstack_networking_secgroup_v2.default_secgroup",
            "module.comp_mgmt.openstack_networking_secgroup_v2.deploy_secgroup",
            "module.comp_mgmt.openstack_networking_secgroup_v2.null_secgroup",
            "module.comp_mgmt.openstack_networking_secgroup_v2.scorestack_secgroup"
          ]
        },
        {
          "index_key": "scorestack",
          "schema_version": 0,
          "attributes": {
            "description": "icmp",
            "direction": "ingress",
            "ethertype": "IPv4",
            "id": "53088d88-807d-4344-be38-b09555bab58f",
            "port_range_max": 0,
            "port_range_min": 0,
            "protocol": "icmp",
            "region": "",
            "remote_group_id": "",
            "remote_ip_prefix": "",
            "security_group_id": "d4459670-fd73-4ba4-9d9b-da9cd96edff9",
            "tenant_id": "e7e474215e334ca782a7f15bad62f6c4",
            "timeouts": null
          },
          "sensitive_attributes": [],
          "private": "eyJlMmJmYjczMC1lY2FhLTExZTYtOGY4OC0zNDM2M2JjN2M0YzAiOnsiZGVsZXRlIjo2MDAwMDAwMDAwMDB9fQ==",
          "dependencies": [
            "module.comp_mgmt.data.openstack_identity_project_v3.management_project",
            "module.comp_mgmt.data.openstack_networking_secgroup_v2.default_secgroup",
            "module.comp_mgmt.openstack_networking_secgroup_v2.deploy_secgroup",
            "module.comp_mgmt.openstack_networking_secgroup_v2.null_secgroup",
            "module.comp_mgmt.openstack_networking_secgroup_v2.scorestack_secgroup"
          ]
        }
      ]
    },
    {
      "module": "module.comp_mgmt",
      "mode": "managed",
      "type": "openstack_networking_secgroup_rule_v2",
      "name": "scorestack_secgroup_rule",
      "provider": "provider[\"registry.terraform.io/terraform-provider-openstack/openstack\"]",
      "instances": [
        {
          "index_key": "elasticsearch",
          "schema_version": 0,
          "attributes": {
            "description": "elasticsearch",
            "direction": "ingress",
            "ethertype": "IPv4",
            "id": "1aa30aab-476b-4f64-966d-71ffc3475e9a",
            "port_range_max": 9200,
            "port_range_min": 9200,
            "protocol": "tcp",
            "region": "",
            "remote_group_id": "",
            "remote_ip_prefix": "",
            "security_group_id": "d4459670-fd73-4ba4-9d9b-da9cd96edff9",
            "tenant_id": "e7e474215e334ca782a7f15bad62f6c4",
            "timeouts": null
          },
          "sensitive_attributes": [],
          "private": "eyJlMmJmYjczMC1lY2FhLTExZTYtOGY4OC0zNDM2M2JjN2M0YzAiOnsiZGVsZXRlIjo2MDAwMDAwMDAwMDB9fQ==",
          "dependencies": [
            "module.comp_mgmt.data.openstack_identity_project_v3.management_project",
            "module.comp_mgmt.openstack_networking_secgroup_v2.scorestack_secgroup"
          ]
        },
        {
          "index_key": "http",
          "schema_version": 0,
          "attributes": {
            "description": "http",
            "direction": "ingress",
            "ethertype": "IPv4",
            "id": "4b435133-1e51-49e4-8e4c-a2bb5a07015b",
            "port_range_max": 80,
            "port_range_min": 80,
            "protocol": "tcp",
            "region": "",
            "remote_group_id": "",
            "remote_ip_prefix": "",
            "security_group_id": "d4459670-fd73-4ba4-9d9b-da9cd96edff9",
            "tenant_id": "e7e474215e334ca782a7f15bad62f6c4",
            "timeouts": null
          },
          "sensitive_attributes": [],
          "private": "eyJlMmJmYjczMC1lY2FhLTExZTYtOGY4OC0zNDM2M2JjN2M0YzAiOnsiZGVsZXRlIjo2MDAwMDAwMDAwMDB9fQ==",
          "dependencies": [
            "module.comp_mgmt.data.openstack_identity_project_v3.management_project",
            "module.comp_mgmt.openstack_networking_secgroup_v2.scorestack_secgroup"
          ]
        },
        {
          "index_key": "https",
          "schema_version": 0,
          "attributes": {
            "description": "https",
            "direction": "ingress",
            "ethertype": "IPv4",
            "id": "c363901f-e6fa-45d9-8eef-11b770e3b02c",
            "port_range_max": 443,
            "port_range_min": 443,
            "protocol": "tcp",
            "region": "",
            "remote_group_id": "",
            "remote_ip_prefix": "",
            "security_group_id": "d4459670-fd73-4ba4-9d9b-da9cd96edff9",
            "tenant_id": "e7e474215e334ca782a7f15bad62f6c4",
            "timeouts": null
          },
          "sensitive_attributes": [],
          "private": "eyJlMmJmYjczMC1lY2FhLTExZTYtOGY4OC0zNDM2M2JjN2M0YzAiOnsiZGVsZXRlIjo2MDAwMDAwMDAwMDB9fQ==",
          "dependencies": [
            "module.comp_mgmt.data.openstack_identity_project_v3.management_project",
            "module.comp_mgmt.openstack_networking_secgroup_v2.scorestack_secgroup"
          ]
        },
        {
          "index_key": "kibana",
          "schema_version": 0,
          "attributes": {
            "description": "kibana",
            "direction": "ingress",
            "ethertype": "IPv4",
            "id": "2b29daa9-3751-4564-aebf-f4c98ab75339",
            "port_range_max": 5601,
            "port_range_min": 5601,
            "protocol": "tcp",
            "region": "",
            "remote_group_id": "",
            "remote_ip_prefix": "",
            "security_group_id": "d4459670-fd73-4ba4-9d9b-da9cd96edff9",
            "tenant_id": "e7e474215e334ca782a7f15bad62f6c4",
            "timeouts": null
          },
          "sensitive_attributes": [],
          "private": "eyJlMmJmYjczMC1lY2FhLTExZTYtOGY4OC0zNDM2M2JjN2M0YzAiOnsiZGVsZXRlIjo2MDAwMDAwMDAwMDB9fQ==",
          "dependencies": [
            "module.comp_mgmt.data.openstack_identity_project_v3.management_project",
            "module.comp_mgmt.openstack_networking_secgroup_v2.scorestack_secgroup"
          ]
        },
        {
          "index_key": "logstash",
          "schema_version": 0,
          "attributes": {
            "description": "logstash",
            "direction": "ingress",
            "ethertype": "IPv4",
            "id": "b880fbc9-a329-4dbb-af7a-142e9048b686",
            "port_range_max": 5454,
            "port_range_min": 5454,
            "protocol": "tcp",
            "region": "",
            "remote_group_id": "",
            "remote_ip_prefix": "",
            "security_group_id": "d4459670-fd73-4ba4-9d9b-da9cd96edff9",
            "tenant_id": "e7e474215e334ca782a7f15bad62f6c4",
            "timeouts": null
          },
          "sensitive_attributes": [],
          "private": "eyJlMmJmYjczMC1lY2FhLTExZTYtOGY4OC0zNDM2M2JjN2M0YzAiOnsiZGVsZXRlIjo2MDAwMDAwMDAwMDB9fQ==",
          "dependencies": [
            "module.comp_mgmt.data.openstack_identity_project_v3.management_project",
            "module.comp_mgmt.openstack_networking_secgroup_v2.scorestack_secgroup"
          ]
        },
        {
          "index_key": "ssh",
          "schema_version": 0,
          "attributes": {
            "description": "ssh",
            "direction": "ingress",
            "ethertype": "IPv4",
            "id": "581029da-09aa-406c-9d1b-5523739796eb",
            "port_range_max": 22,
            "port_range_min": 22,
            "protocol": "tcp",
            "region": "",
            "remote_group_id": "",
            "remote_ip_prefix": "",
            "security_group_id": "d4459670-fd73-4ba4-9d9b-da9cd96edff9",
            "tenant_id": "e7e474215e334ca782a7f15bad62f6c4",
            "timeouts": null
          },
          "sensitive_attributes": [],
          "private": "eyJlMmJmYjczMC1lY2FhLTExZTYtOGY4OC0zNDM2M2JjN2M0YzAiOnsiZGVsZXRlIjo2MDAwMDAwMDAwMDB9fQ==",
          "dependencies": [
            "module.comp_mgmt.data.openstack_identity_project_v3.management_project",
            "module.comp_mgmt.openstack_networking_secgroup_v2.scorestack_secgroup"
          ]
        },
        {
          "index_key": "transport",
          "schema_version": 0,
          "attributes": {
            "description": "transport",
            "direction": "ingress",
            "ethertype": "IPv4",
            "id": "30f36870-4979-4c3d-a3f4-c72e26516c77",
            "port_range_max": 9300,
            "port_range_min": 9300,
            "protocol": "tcp",
            "region": "",
            "remote_group_id": "",
            "remote_ip_prefix": "",
            "security_group_id": "d4459670-fd73-4ba4-9d9b-da9cd96edff9",
            "tenant_id": "e7e474215e334ca782a7f15bad62f6c4",
            "timeouts": null
          },
          "sensitive_attributes": [],
          "private": "eyJlMmJmYjczMC1lY2FhLTExZTYtOGY4OC0zNDM2M2JjN2M0YzAiOnsiZGVsZXRlIjo2MDAwMDAwMDAwMDB9fQ==",
          "dependencies": [
            "module.comp_mgmt.data.openstack_identity_project_v3.management_project",
            "module.comp_mgmt.openstack_networking_secgroup_v2.scorestack_secgroup"
          ]
        }
      ]
    },
    {
      "module": "module.comp_mgmt",
      "mode": "managed",
      "type": "openstack_networking_secgroup_v2",
      "name": "deploy_secgroup",
      "provider": "provider[\"registry.terraform.io/terraform-provider-openstack/openstack\"]",
      "instances": [
        {
          "schema_version": 0,
          "attributes": {
            "all_tags": [],
            "delete_default_rules": null,
            "description": "",
            "id": "d2a92456-b8bd-40c1-9de2-c2680410a81c",
            "name": "Deploy Secgroup",
            "region": "",
            "tags": null,
            "tenant_id": "e7e474215e334ca782a7f15bad62f6c4",
            "timeouts": null
          },
          "sensitive_attributes": [],
          "private": "eyJlMmJmYjczMC1lY2FhLTExZTYtOGY4OC0zNDM2M2JjN2M0YzAiOnsiZGVsZXRlIjo2MDAwMDAwMDAwMDB9fQ==",
          "dependencies": [
            "module.comp_mgmt.data.openstack_identity_project_v3.management_project"
          ]
        }
      ]
    },
    {
      "module": "module.comp_mgmt",
      "mode": "managed",
      "type": "openstack_networking_secgroup_v2",
      "name": "null_secgroup",
      "provider": "provider[\"registry.terraform.io/terraform-provider-openstack/openstack\"]",
      "instances": [
        {
          "schema_version": 0,
          "attributes": {
            "all_tags": [],
            "delete_default_rules": null,
            "description": "",
            "id": "10221b4d-8719-402d-b35c-bf182084fb8c",
            "name": "Null Secgroup",
            "region": "",
            "tags": null,
            "tenant_id": "e7e474215e334ca782a7f15bad62f6c4",
            "timeouts": null
          },
          "sensitive_attributes": [],
          "private": "eyJlMmJmYjczMC1lY2FhLTExZTYtOGY4OC0zNDM2M2JjN2M0YzAiOnsiZGVsZXRlIjo2MDAwMDAwMDAwMDB9fQ==",
          "dependencies": [
            "module.comp_mgmt.data.openstack_identity_project_v3.management_project"
          ]
        }
      ]
    },
    {
      "module": "module.comp_mgmt",
      "mode": "managed",
      "type": "openstack_networking_secgroup_v2",
      "name": "scorestack_secgroup",
      "provider": "provider[\"registry.terraform.io/terraform-provider-openstack/openstack\"]",
      "instances": [
        {
          "schema_version": 0,
          "attributes": {
            "all_tags": [],
            "delete_default_rules": null,
            "description": "",
            "id": "d4459670-fd73-4ba4-9d9b-da9cd96edff9",
            "name": "Scorestack Secgroup",
            "region": "",
            "tags": null,
            "tenant_id": "e7e474215e334ca782a7f15bad62f6c4",
            "timeouts": null
          },
          "sensitive_attributes": [],
          "private": "eyJlMmJmYjczMC1lY2FhLTExZTYtOGY4OC0zNDM2M2JjN2M0YzAiOnsiZGVsZXRlIjo2MDAwMDAwMDAwMDB9fQ==",
          "dependencies": [
            "module.comp_mgmt.data.openstack_identity_project_v3.management_project"
          ]
        }
      ]
    },
    {
      "module": "module.comp_mgmt",
      "mode": "managed",
      "type": "openstack_networking_subnet_v2",
      "name": "management_subnet",
      "provider": "provider[\"registry.terraform.io/terraform-provider-openstack/openstack\"]",
      "instances": [
        {
          "schema_version": 0,
          "attributes": {
            "all_tags": [],
            "allocation_pool": [
              {
                "end": "10.100.0.250",
                "start": "10.100.0.200"
              }
            ],
            "allocation_pools": [
              {
                "end": "10.100.0.250",
                "start": "10.100.0.200"
              }
            ],
            "cidr": "10.100.0.0/24",
            "description": "",
            "dns_nameservers": [
              "1.1.1.1",
              "1.0.0.1"
            ],
            "enable_dhcp": true,
            "gateway_ip": "10.100.0.254",
            "host_routes": [],
            "id": "406913f4-7ff3-46e1-b38e-1ae3e6e35e7e",
            "ip_version": 4,
            "ipv6_address_mode": "",
            "ipv6_ra_mode": "",
            "name": "Management Subnet",
            "network_id": "afcee8d3-e231-4571-8e7a-8ace4326e36a",
            "no_gateway": false,
            "prefix_length": null,
            "region": "",
            "subnetpool_id": "",
            "tags": null,
            "tenant_id": "e7e474215e334ca782a7f15bad62f6c4",
            "timeouts": null,
            "value_specs": null
          },
          "sensitive_attributes": [],
          "private": "eyJlMmJmYjczMC1lY2FhLTExZTYtOGY4OC0zNDM2M2JjN2M0YzAiOnsiY3JlYXRlIjo2MDAwMDAwMDAwMDAsImRlbGV0ZSI6NjAwMDAwMDAwMDAwfX0=",
          "dependencies": [
            "module.comp_mgmt.openstack_networking_network_v2.competition_cloud_network"
          ]
        }
      ]
    }
  ],
  "check_results": null
}
