{
  "version": 4,
  "terraform_version": "1.5.7",
  "serial": 774,
  "lineage": "b177fcdf-2195-60da-fc6c-261f9da9093f",
  "outputs": {},
  "resources": [
    {
      "mode": "data",
      "type": "openstack_compute_flavor_v2",
      "name": "flavor_linux_medium",
      "provider": "provider[\"registry.terraform.io/terraform-provider-openstack/openstack\"]",
      "instances": [
        {
          "schema_version": 0,
          "attributes": {
            "disk": 40,
            "extra_specs": {},
            "flavor_id": "5f964abc-866f-4d79-8aae-f9460cfb28d7",
            "id": "5f964abc-866f-4d79-8aae-f9460cfb28d7",
            "is_public": true,
            "min_disk": null,
            "min_ram": null,
            "name": "small",
            "ram": 1024,
            "region": null,
            "rx_tx_factor": 1,
            "swap": 0,
            "vcpus": 2
          },
          "sensitive_attributes": []
        }
      ]
    },
    {
      "mode": "data",
      "type": "openstack_identity_project_v3",
      "name": "management_project",
      "provider": "provider[\"registry.terraform.io/terraform-provider-openstack/openstack\"]",
      "instances": [
        {
          "schema_version": 0,
          "attributes": {
            "description": "Project to build infrastructure for competition",
            "domain_id": "default",
            "enabled": true,
            "id": "a04419c07de1428ba9f58093b1b52ef3",
            "is_domain": false,
            "name": "charlie-infra",
            "parent_id": "default",
            "region": null,
            "tags": []
          },
          "sensitive_attributes": []
        }
      ]
    },
    {
      "mode": "data",
      "type": "openstack_images_image_v2",
      "name": "image_kali",
      "provider": "provider[\"registry.terraform.io/terraform-provider-openstack/openstack\"]",
      "instances": [
        {
          "schema_version": 0,
          "attributes": {
            "checksum": "25646b0730f990ef9d147019ce666a5f",
            "container_format": "bare",
            "created_at": "2023-03-14T18:42:19Z",
            "disk_format": "raw",
            "file": "/v2/images/485d1ad9-9f8d-4605-a80a-ab94352e2476/file",
            "hidden": false,
            "id": "485d1ad9-9f8d-4605-a80a-ab94352e2476",
            "member_status": null,
            "metadata": {},
            "min_disk_gb": 0,
            "min_ram_mb": 0,
            "most_recent": false,
            "name": "Kali-2023.1",
            "owner": "a69aa169729a4dbea0d9b9683072260d",
            "properties": {
              "direct_url": "rbd://bd7939e4-b236-11ed-a05f-be894137183b/images/485d1ad9-9f8d-4605-a80a-ab94352e2476/snap",
              "os_hash_algo": "sha512",
              "os_hash_value": "55c431153fc1d65c9584220e8bc256d951ffea76f3bd88026377ebce674da4e56cc0e9e774aacd0b240323d094a2f7276cb54fd33c4d2236a8817bfc1d1cbed5",
              "owner_specified.openstack.md5": "",
              "owner_specified.openstack.object": "images/Kali-2023.1",
              "owner_specified.openstack.sha256": "",
              "stores": "rbd"
            },
            "protected": false,
            "region": "gibson",
            "schema": "/v2/schemas/image",
            "size_bytes": 86000000000,
            "size_max": null,
            "size_min": null,
            "sort_direction": "asc",
            "sort_key": "name",
            "tag": null,
            "tags": [],
            "updated_at": "2023-03-14T18:57:21Z",
            "visibility": "public"
          },
          "sensitive_attributes": []
        }
      ]
    },
    {
      "mode": "data",
      "type": "openstack_images_image_v2",
      "name": "image_ubuntu_22",
      "provider": "provider[\"registry.terraform.io/terraform-provider-openstack/openstack\"]",
      "instances": [
        {
          "schema_version": 0,
          "attributes": {
            "checksum": "6cc46ebe49acefe98bccb967d6b13e7d",
            "container_format": "bare",
            "created_at": "2023-02-23T22:38:21Z",
            "disk_format": "raw",
            "file": "/v2/images/f19eb19d-2bd0-4c73-9e9e-88f3e94d8646/file",
            "hidden": false,
            "id": "f19eb19d-2bd0-4c73-9e9e-88f3e94d8646",
            "member_status": null,
            "metadata": {},
            "min_disk_gb": 0,
            "min_ram_mb": 0,
            "most_recent": false,
            "name": "UbuntuJammy2204",
            "owner": "a69aa169729a4dbea0d9b9683072260d",
            "properties": {
              "direct_url": "rbd://bd7939e4-b236-11ed-a05f-be894137183b/images/f19eb19d-2bd0-4c73-9e9e-88f3e94d8646/snap",
              "os_hash_algo": "sha512",
              "os_hash_value": "bf0ba0d66a5f6653d131afe63ffdf40aff429d9b43ac78363f775e41b6d4cac57157b99409817b79cc0a3d075d919d38f572bc3162cd2d2f4ecd94c49d3af94c",
              "owner_specified.openstack.md5": "",
              "owner_specified.openstack.object": "images/UbuntuJammy2204",
              "owner_specified.openstack.sha256": "",
              "stores": "rbd"
            },
            "protected": false,
            "region": "gibson",
            "schema": "/v2/schemas/image",
            "size_bytes": 2361393152,
            "size_max": null,
            "size_min": null,
            "sort_direction": "asc",
            "sort_key": "name",
            "tag": null,
            "tags": [],
            "updated_at": "2023-02-23T22:38:41Z",
            "visibility": "public"
          },
          "sensitive_attributes": []
        }
      ]
    },
    {
      "mode": "data",
      "type": "openstack_networking_network_v2",
      "name": "external_network",
      "provider": "provider[\"registry.terraform.io/terraform-provider-openstack/openstack\"]",
      "instances": [
        {
          "schema_version": 0,
          "attributes": {
            "admin_state_up": "true",
            "all_tags": [],
            "availability_zone_hints": [],
            "description": "",
            "dns_domain": "",
            "external": true,
            "id": "d96988a6-c388-4032-8067-0b89d572cad0",
            "matching_subnet_cidr": null,
            "mtu": 1500,
            "name": "external249",
            "network_id": null,
            "region": "gibson",
            "shared": "false",
            "status": null,
            "subnets": [
              "69f14ecc-2bad-412e-abf1-24c90da9be5e"
            ],
            "tags": null,
            "tenant_id": "a69aa169729a4dbea0d9b9683072260d",
            "transparent_vlan": false
          },
          "sensitive_attributes": []
        }
      ]
    },
    {
      "module": "module.redteam",
      "mode": "data",
      "type": "openstack_identity_project_v3",
      "name": "management_project",
      "provider": "provider[\"registry.terraform.io/terraform-provider-openstack/openstack\"]",
      "instances": [
        {
          "schema_version": 0,
          "attributes": {
            "description": "Project to build infrastructure for competition",
            "domain_id": "default",
            "enabled": true,
            "id": "a04419c07de1428ba9f58093b1b52ef3",
            "is_domain": false,
            "name": "charlie-infra",
            "parent_id": "default",
            "region": null,
            "tags": []
          },
          "sensitive_attributes": []
        }
      ]
    },
    {
      "module": "module.redteam",
      "mode": "data",
      "type": "openstack_networking_network_v2",
      "name": "competition_cloud_network",
      "provider": "provider[\"registry.terraform.io/terraform-provider-openstack/openstack\"]",
      "instances": [
        {
          "schema_version": 0,
          "attributes": {
            "admin_state_up": "true",
            "all_tags": [],
            "availability_zone_hints": [],
            "description": "",
            "dns_domain": "",
            "external": false,
            "id": "bd7b1cc0-4f64-4dd4-a0e7-4e8a29290d3a",
            "matching_subnet_cidr": null,
            "mtu": 8942,
            "name": "Competition Cloud Network",
            "network_id": null,
            "region": "gibson",
            "shared": "false",
            "status": null,
            "subnets": [
              "b9449b96-0d88-4376-91c8-3568d6a0b9e7",
              "d340b11c-b231-4473-aa71-3cb10e595d0c"
            ],
            "tags": null,
            "tenant_id": "a04419c07de1428ba9f58093b1b52ef3",
            "transparent_vlan": false
          },
          "sensitive_attributes": []
        }
      ]
    },
    {
      "module": "module.redteam",
      "mode": "data",
      "type": "openstack_networking_router_v2",
      "name": "core_router",
      "provider": "provider[\"registry.terraform.io/terraform-provider-openstack/openstack\"]",
      "instances": [
        {
          "schema_version": 0,
          "attributes": {
            "admin_state_up": true,
            "all_tags": [],
            "availability_zone_hints": [],
            "description": "",
            "distributed": false,
            "enable_snat": true,
            "external_fixed_ip": [
              {
                "ip_address": "129.21.249.50",
                "subnet_id": "69f14ecc-2bad-412e-abf1-24c90da9be5e"
              }
            ],
            "external_network_id": "d96988a6-c388-4032-8067-0b89d572cad0",
            "id": "f8621c1f-8a35-4687-aab8-8769c79a9733",
            "name": "Core Router",
            "region": "gibson",
            "router_id": null,
            "status": "ACTIVE",
            "tags": null,
            "tenant_id": "a04419c07de1428ba9f58093b1b52ef3"
          },
          "sensitive_attributes": []
        }
      ]
    },
    {
      "module": "module.redteam",
      "mode": "data",
      "type": "openstack_networking_secgroup_v2",
      "name": "default_secgroup",
      "provider": "provider[\"registry.terraform.io/terraform-provider-openstack/openstack\"]",
      "instances": [
        {
          "schema_version": 0,
          "attributes": {
            "all_tags": [],
            "description": "Default security group",
            "id": "df7d77a2-adf9-433c-9e4f-240ebebb8ed5",
            "name": "default",
            "region": "gibson",
            "secgroup_id": "df7d77a2-adf9-433c-9e4f-240ebebb8ed5",
            "tags": null,
            "tenant_id": "a04419c07de1428ba9f58093b1b52ef3"
          },
          "sensitive_attributes": []
        }
      ]
    },
    {
      "module": "module.redteam",
      "mode": "managed",
      "type": "openstack_blockstorage_volume_v3",
      "name": "redteam_volumes",
      "provider": "provider[\"registry.terraform.io/terraform-provider-openstack/openstack\"]",
      "instances": [
        {
          "index_key": "eight",
          "schema_version": 0,
          "attributes": {
            "attachment": [],
            "availability_zone": "nova",
            "consistency_group_id": null,
            "description": "",
            "enable_online_resize": null,
            "id": "b417a5f7-ea59-49f0-92b6-35d8c4da8ad2",
            "image_id": "485d1ad9-9f8d-4605-a80a-ab94352e2476",
            "metadata": {},
            "multiattach": null,
            "name": "eight.redteam.thanksgiving.dinner-volume",
            "region": "gibson",
            "scheduler_hints": [],
            "size": 81,
            "snapshot_id": "",
            "source_replica": null,
            "source_vol_id": "",
            "timeouts": {
              "create": "30m",
              "delete": null
            },
            "volume_type": "__DEFAULT__"
          },
          "sensitive_attributes": [],
          "private": "eyJlMmJmYjczMC1lY2FhLTExZTYtOGY4OC0zNDM2M2JjN2M0YzAiOnsiY3JlYXRlIjoxODAwMDAwMDAwMDAwLCJkZWxldGUiOjYwMDAwMDAwMDAwMH19",
          "dependencies": [
            "data.openstack_compute_flavor_v2.flavor_linux_medium",
            "data.openstack_images_image_v2.image_kali"
          ]
        },
        {
          "index_key": "five",
          "schema_version": 0,
          "attributes": {
            "attachment": [],
            "availability_zone": "nova",
            "consistency_group_id": null,
            "description": "",
            "enable_online_resize": null,
            "id": "17dd3fa7-cbbe-44c4-a483-e4f4260991cb",
            "image_id": "485d1ad9-9f8d-4605-a80a-ab94352e2476",
            "metadata": {},
            "multiattach": null,
            "name": "five.redteam.thanksgiving.dinner-volume",
            "region": "gibson",
            "scheduler_hints": [],
            "size": 81,
            "snapshot_id": "",
            "source_replica": null,
            "source_vol_id": "",
            "timeouts": {
              "create": "30m",
              "delete": null
            },
            "volume_type": "__DEFAULT__"
          },
          "sensitive_attributes": [],
          "private": "eyJlMmJmYjczMC1lY2FhLTExZTYtOGY4OC0zNDM2M2JjN2M0YzAiOnsiY3JlYXRlIjoxODAwMDAwMDAwMDAwLCJkZWxldGUiOjYwMDAwMDAwMDAwMH19",
          "dependencies": [
            "data.openstack_compute_flavor_v2.flavor_linux_medium",
            "data.openstack_images_image_v2.image_kali"
          ]
        },
        {
          "index_key": "four",
          "schema_version": 0,
          "attributes": {
            "attachment": [],
            "availability_zone": "nova",
            "consistency_group_id": null,
            "description": "",
            "enable_online_resize": null,
            "id": "7773a707-b479-4f69-b85d-032aecd3a686",
            "image_id": "485d1ad9-9f8d-4605-a80a-ab94352e2476",
            "metadata": {},
            "multiattach": null,
            "name": "four.redteam.thanksgiving.dinner-volume",
            "region": "gibson",
            "scheduler_hints": [],
            "size": 81,
            "snapshot_id": "",
            "source_replica": null,
            "source_vol_id": "",
            "timeouts": {
              "create": "30m",
              "delete": null
            },
            "volume_type": "__DEFAULT__"
          },
          "sensitive_attributes": [],
          "private": "eyJlMmJmYjczMC1lY2FhLTExZTYtOGY4OC0zNDM2M2JjN2M0YzAiOnsiY3JlYXRlIjoxODAwMDAwMDAwMDAwLCJkZWxldGUiOjYwMDAwMDAwMDAwMH19",
          "dependencies": [
            "data.openstack_compute_flavor_v2.flavor_linux_medium",
            "data.openstack_images_image_v2.image_kali"
          ]
        },
        {
          "index_key": "nine",
          "schema_version": 0,
          "attributes": {
            "attachment": [],
            "availability_zone": "nova",
            "consistency_group_id": null,
            "description": "",
            "enable_online_resize": null,
            "id": "62b46d6b-b828-4ce2-9a8c-49c671bddaa5",
            "image_id": "485d1ad9-9f8d-4605-a80a-ab94352e2476",
            "metadata": {},
            "multiattach": null,
            "name": "nine.redteam.thanksgiving.dinner-volume",
            "region": "gibson",
            "scheduler_hints": [],
            "size": 81,
            "snapshot_id": "",
            "source_replica": null,
            "source_vol_id": "",
            "timeouts": {
              "create": "30m",
              "delete": null
            },
            "volume_type": "__DEFAULT__"
          },
          "sensitive_attributes": [],
          "private": "eyJlMmJmYjczMC1lY2FhLTExZTYtOGY4OC0zNDM2M2JjN2M0YzAiOnsiY3JlYXRlIjoxODAwMDAwMDAwMDAwLCJkZWxldGUiOjYwMDAwMDAwMDAwMH19",
          "dependencies": [
            "data.openstack_compute_flavor_v2.flavor_linux_medium",
            "data.openstack_images_image_v2.image_kali"
          ]
        },
        {
          "index_key": "one",
          "schema_version": 0,
          "attributes": {
            "attachment": [],
            "availability_zone": "nova",
            "consistency_group_id": null,
            "description": "",
            "enable_online_resize": null,
            "id": "646c1736-d6ec-47e8-b3a4-dc781e49edba",
            "image_id": "485d1ad9-9f8d-4605-a80a-ab94352e2476",
            "metadata": {},
            "multiattach": null,
            "name": "one.redteam.thanksgiving.dinner-volume",
            "region": "gibson",
            "scheduler_hints": [],
            "size": 81,
            "snapshot_id": "",
            "source_replica": null,
            "source_vol_id": "",
            "timeouts": {
              "create": "30m",
              "delete": null
            },
            "volume_type": "__DEFAULT__"
          },
          "sensitive_attributes": [],
          "private": "eyJlMmJmYjczMC1lY2FhLTExZTYtOGY4OC0zNDM2M2JjN2M0YzAiOnsiY3JlYXRlIjoxODAwMDAwMDAwMDAwLCJkZWxldGUiOjYwMDAwMDAwMDAwMH19",
          "dependencies": [
            "data.openstack_compute_flavor_v2.flavor_linux_medium",
            "data.openstack_images_image_v2.image_kali"
          ]
        },
        {
          "index_key": "seven",
          "schema_version": 0,
          "attributes": {
            "attachment": [],
            "availability_zone": "nova",
            "consistency_group_id": null,
            "description": "",
            "enable_online_resize": null,
            "id": "16db274d-6e62-4450-8135-b79737a2a857",
            "image_id": "485d1ad9-9f8d-4605-a80a-ab94352e2476",
            "metadata": {},
            "multiattach": null,
            "name": "seven.redteam.thanksgiving.dinner-volume",
            "region": "gibson",
            "scheduler_hints": [],
            "size": 81,
            "snapshot_id": "",
            "source_replica": null,
            "source_vol_id": "",
            "timeouts": {
              "create": "30m",
              "delete": null
            },
            "volume_type": "__DEFAULT__"
          },
          "sensitive_attributes": [],
          "private": "eyJlMmJmYjczMC1lY2FhLTExZTYtOGY4OC0zNDM2M2JjN2M0YzAiOnsiY3JlYXRlIjoxODAwMDAwMDAwMDAwLCJkZWxldGUiOjYwMDAwMDAwMDAwMH19",
          "dependencies": [
            "data.openstack_compute_flavor_v2.flavor_linux_medium",
            "data.openstack_images_image_v2.image_kali"
          ]
        },
        {
          "index_key": "six",
          "schema_version": 0,
          "attributes": {
            "attachment": [],
            "availability_zone": "nova",
            "consistency_group_id": null,
            "description": "",
            "enable_online_resize": null,
            "id": "37429aff-f90c-4c8f-8307-8abe1751f518",
            "image_id": "485d1ad9-9f8d-4605-a80a-ab94352e2476",
            "metadata": {},
            "multiattach": null,
            "name": "six.redteam.thanksgiving.dinner-volume",
            "region": "gibson",
            "scheduler_hints": [],
            "size": 81,
            "snapshot_id": "",
            "source_replica": null,
            "source_vol_id": "",
            "timeouts": {
              "create": "30m",
              "delete": null
            },
            "volume_type": "__DEFAULT__"
          },
          "sensitive_attributes": [],
          "private": "eyJlMmJmYjczMC1lY2FhLTExZTYtOGY4OC0zNDM2M2JjN2M0YzAiOnsiY3JlYXRlIjoxODAwMDAwMDAwMDAwLCJkZWxldGUiOjYwMDAwMDAwMDAwMH19",
          "dependencies": [
            "data.openstack_compute_flavor_v2.flavor_linux_medium",
            "data.openstack_images_image_v2.image_kali"
          ]
        },
        {
          "index_key": "ten",
          "schema_version": 0,
          "attributes": {
            "attachment": [],
            "availability_zone": "nova",
            "consistency_group_id": null,
            "description": "",
            "enable_online_resize": null,
            "id": "8826a2b3-be6b-441f-9bc8-5dc0f831d90b",
            "image_id": "485d1ad9-9f8d-4605-a80a-ab94352e2476",
            "metadata": {},
            "multiattach": null,
            "name": "ten.redteam.thanksgiving.dinner-volume",
            "region": "gibson",
            "scheduler_hints": [],
            "size": 81,
            "snapshot_id": "",
            "source_replica": null,
            "source_vol_id": "",
            "timeouts": {
              "create": "30m",
              "delete": null
            },
            "volume_type": "__DEFAULT__"
          },
          "sensitive_attributes": [],
          "private": "eyJlMmJmYjczMC1lY2FhLTExZTYtOGY4OC0zNDM2M2JjN2M0YzAiOnsiY3JlYXRlIjoxODAwMDAwMDAwMDAwLCJkZWxldGUiOjYwMDAwMDAwMDAwMH19",
          "dependencies": [
            "data.openstack_compute_flavor_v2.flavor_linux_medium",
            "data.openstack_images_image_v2.image_kali"
          ]
        },
        {
          "index_key": "three",
          "schema_version": 0,
          "attributes": {
            "attachment": [],
            "availability_zone": "nova",
            "consistency_group_id": null,
            "description": "",
            "enable_online_resize": null,
            "id": "6fac2983-3f10-41c1-90f6-1db63afe128d",
            "image_id": "485d1ad9-9f8d-4605-a80a-ab94352e2476",
            "metadata": {},
            "multiattach": null,
            "name": "three.redteam.thanksgiving.dinner-volume",
            "region": "gibson",
            "scheduler_hints": [],
            "size": 81,
            "snapshot_id": "",
            "source_replica": null,
            "source_vol_id": "",
            "timeouts": {
              "create": "30m",
              "delete": null
            },
            "volume_type": "__DEFAULT__"
          },
          "sensitive_attributes": [],
          "private": "eyJlMmJmYjczMC1lY2FhLTExZTYtOGY4OC0zNDM2M2JjN2M0YzAiOnsiY3JlYXRlIjoxODAwMDAwMDAwMDAwLCJkZWxldGUiOjYwMDAwMDAwMDAwMH19",
          "dependencies": [
            "data.openstack_compute_flavor_v2.flavor_linux_medium",
            "data.openstack_images_image_v2.image_kali"
          ]
        },
        {
          "index_key": "two",
          "schema_version": 0,
          "attributes": {
            "attachment": [],
            "availability_zone": "nova",
            "consistency_group_id": null,
            "description": "",
            "enable_online_resize": null,
            "id": "96f2904e-2972-40df-8a8f-de696700346a",
            "image_id": "485d1ad9-9f8d-4605-a80a-ab94352e2476",
            "metadata": {},
            "multiattach": null,
            "name": "two.redteam.thanksgiving.dinner-volume",
            "region": "gibson",
            "scheduler_hints": [],
            "size": 81,
            "snapshot_id": "",
            "source_replica": null,
            "source_vol_id": "",
            "timeouts": {
              "create": "30m",
              "delete": null
            },
            "volume_type": "__DEFAULT__"
          },
          "sensitive_attributes": [],
          "private": "eyJlMmJmYjczMC1lY2FhLTExZTYtOGY4OC0zNDM2M2JjN2M0YzAiOnsiY3JlYXRlIjoxODAwMDAwMDAwMDAwLCJkZWxldGUiOjYwMDAwMDAwMDAwMH19",
          "dependencies": [
            "data.openstack_compute_flavor_v2.flavor_linux_medium",
            "data.openstack_images_image_v2.image_kali"
          ]
        }
      ]
    },
    {
      "module": "module.redteam",
      "mode": "managed",
      "type": "openstack_compute_instance_v2",
      "name": "redteam_instance",
      "provider": "provider[\"registry.terraform.io/terraform-provider-openstack/openstack\"]",
      "instances": [
        {
          "index_key": "eight",
          "schema_version": 0,
          "attributes": {
            "access_ip_v4": "10.50.0.8",
            "access_ip_v6": "",
            "admin_pass": null,
            "all_metadata": {},
            "all_tags": [
              "project-ThanksgivingThrowdown-mgmt",
              "project-management",
              "redteam-eight"
            ],
            "availability_zone": "host07",
            "availability_zone_hints": null,
            "block_device": [
              {
                "boot_index": 0,
                "delete_on_termination": true,
                "destination_type": "volume",
                "device_type": "",
                "disk_bus": "",
                "guest_format": "",
                "source_type": "volume",
                "uuid": "b417a5f7-ea59-49f0-92b6-35d8c4da8ad2",
                "volume_size": 0,
                "volume_type": ""
              }
            ],
            "config_drive": true,
            "flavor_id": "5f964abc-866f-4d79-8aae-f9460cfb28d7",
            "flavor_name": "small",
            "floating_ip": null,
            "force_delete": false,
            "id": "5a981260-8439-4f6f-a8fb-31b63496bbb6",
            "image_id": "Attempt to boot from volume - no image supplied",
            "image_name": null,
            "key_pair": "",
            "metadata": null,
            "name": "eight.redteam.thanksgiving.dinner",
            "network": [
              {
                "access_network": false,
                "fixed_ip_v4": "10.50.0.8",
                "fixed_ip_v6": "",
                "floating_ip": "",
                "mac": "fa:16:3e:3b:a0:52",
                "name": "Competition Cloud Network",
                "port": "c31efce2-624d-4fc0-897c-a3d188f2ed94",
                "uuid": "bd7b1cc0-4f64-4dd4-a0e7-4e8a29290d3a"
              }
            ],
            "network_mode": null,
            "personality": [],
            "power_state": "active",
            "region": "gibson",
            "scheduler_hints": [],
            "security_groups": [
              "Redteam Secgroup",
              "default"
            ],
            "stop_before_destroy": false,
            "tags": [
              "project-ThanksgivingThrowdown-mgmt",
              "project-management",
              "redteam-eight"
            ],
            "timeouts": null,
            "user_data": "4c5e717450f524978ec7590685cd922114425edc",
            "vendor_options": [],
            "volume": []
          },
          "sensitive_attributes": [],
          "private": "eyJlMmJmYjczMC1lY2FhLTExZTYtOGY4OC0zNDM2M2JjN2M0YzAiOnsiY3JlYXRlIjoxODAwMDAwMDAwMDAwLCJkZWxldGUiOjE4MDAwMDAwMDAwMDAsInVwZGF0ZSI6MTgwMDAwMDAwMDAwMH19",
          "dependencies": [
            "data.openstack_compute_flavor_v2.flavor_linux_medium",
            "data.openstack_images_image_v2.image_kali",
            "module.redteam.data.openstack_identity_project_v3.management_project",
            "module.redteam.data.openstack_networking_network_v2.competition_cloud_network",
            "module.redteam.data.openstack_networking_secgroup_v2.default_secgroup",
            "module.redteam.openstack_blockstorage_volume_v3.redteam_volumes",
            "module.redteam.openstack_networking_port_v2.redteam_eight_port",
            "module.redteam.openstack_networking_port_v2.redteam_five_port",
            "module.redteam.openstack_networking_port_v2.redteam_four_port",
            "module.redteam.openstack_networking_port_v2.redteam_nine_port",
            "module.redteam.openstack_networking_port_v2.redteam_one_port",
            "module.redteam.openstack_networking_port_v2.redteam_seven_port",
            "module.redteam.openstack_networking_port_v2.redteam_six_port",
            "module.redteam.openstack_networking_port_v2.redteam_ten_port",
            "module.redteam.openstack_networking_port_v2.redteam_three_port",
            "module.redteam.openstack_networking_port_v2.redteam_two_port",
            "module.redteam.openstack_networking_secgroup_v2.redteam_secgroup",
            "module.redteam.openstack_networking_subnet_v2.redteam_subnet"
          ]
        },
        {
          "index_key": "five",
          "schema_version": 0,
          "attributes": {
            "access_ip_v4": "10.50.0.5",
            "access_ip_v6": "",
            "admin_pass": null,
            "all_metadata": {},
            "all_tags": [
              "project-ThanksgivingThrowdown-mgmt",
              "project-management",
              "redteam-five"
            ],
            "availability_zone": "host07",
            "availability_zone_hints": null,
            "block_device": [
              {
                "boot_index": 0,
                "delete_on_termination": true,
                "destination_type": "volume",
                "device_type": "",
                "disk_bus": "",
                "guest_format": "",
                "source_type": "volume",
                "uuid": "17dd3fa7-cbbe-44c4-a483-e4f4260991cb",
                "volume_size": 0,
                "volume_type": ""
              }
            ],
            "config_drive": true,
            "flavor_id": "5f964abc-866f-4d79-8aae-f9460cfb28d7",
            "flavor_name": "small",
            "floating_ip": null,
            "force_delete": false,
            "id": "effb4f02-4a9b-4883-bc6b-197f38dd9862",
            "image_id": "Attempt to boot from volume - no image supplied",
            "image_name": null,
            "key_pair": "",
            "metadata": null,
            "name": "five.redteam.thanksgiving.dinner",
            "network": [
              {
                "access_network": false,
                "fixed_ip_v4": "10.50.0.5",
                "fixed_ip_v6": "",
                "floating_ip": "",
                "mac": "fa:16:3e:fe:db:86",
                "name": "Competition Cloud Network",
                "port": "35a44ac2-afb2-4b39-917c-d9780d625e2f",
                "uuid": "bd7b1cc0-4f64-4dd4-a0e7-4e8a29290d3a"
              }
            ],
            "network_mode": null,
            "personality": [],
            "power_state": "active",
            "region": "gibson",
            "scheduler_hints": [],
            "security_groups": [
              "Redteam Secgroup",
              "default"
            ],
            "stop_before_destroy": false,
            "tags": [
              "project-ThanksgivingThrowdown-mgmt",
              "project-management",
              "redteam-five"
            ],
            "timeouts": null,
            "user_data": "4c5e717450f524978ec7590685cd922114425edc",
            "vendor_options": [],
            "volume": []
          },
          "sensitive_attributes": [],
          "private": "eyJlMmJmYjczMC1lY2FhLTExZTYtOGY4OC0zNDM2M2JjN2M0YzAiOnsiY3JlYXRlIjoxODAwMDAwMDAwMDAwLCJkZWxldGUiOjE4MDAwMDAwMDAwMDAsInVwZGF0ZSI6MTgwMDAwMDAwMDAwMH19",
          "dependencies": [
            "data.openstack_compute_flavor_v2.flavor_linux_medium",
            "data.openstack_images_image_v2.image_kali",
            "module.redteam.data.openstack_identity_project_v3.management_project",
            "module.redteam.data.openstack_networking_network_v2.competition_cloud_network",
            "module.redteam.data.openstack_networking_secgroup_v2.default_secgroup",
            "module.redteam.openstack_blockstorage_volume_v3.redteam_volumes",
            "module.redteam.openstack_networking_port_v2.redteam_eight_port",
            "module.redteam.openstack_networking_port_v2.redteam_five_port",
            "module.redteam.openstack_networking_port_v2.redteam_four_port",
            "module.redteam.openstack_networking_port_v2.redteam_nine_port",
            "module.redteam.openstack_networking_port_v2.redteam_one_port",
            "module.redteam.openstack_networking_port_v2.redteam_seven_port",
            "module.redteam.openstack_networking_port_v2.redteam_six_port",
            "module.redteam.openstack_networking_port_v2.redteam_ten_port",
            "module.redteam.openstack_networking_port_v2.redteam_three_port",
            "module.redteam.openstack_networking_port_v2.redteam_two_port",
            "module.redteam.openstack_networking_secgroup_v2.redteam_secgroup",
            "module.redteam.openstack_networking_subnet_v2.redteam_subnet"
          ]
        },
        {
          "index_key": "four",
          "schema_version": 0,
          "attributes": {
            "access_ip_v4": "10.50.0.4",
            "access_ip_v6": "",
            "admin_pass": null,
            "all_metadata": {},
            "all_tags": [
              "project-ThanksgivingThrowdown-mgmt",
              "project-management",
              "redteam-four"
            ],
            "availability_zone": "host07",
            "availability_zone_hints": null,
            "block_device": [
              {
                "boot_index": 0,
                "delete_on_termination": true,
                "destination_type": "volume",
                "device_type": "",
                "disk_bus": "",
                "guest_format": "",
                "source_type": "volume",
                "uuid": "7773a707-b479-4f69-b85d-032aecd3a686",
                "volume_size": 0,
                "volume_type": ""
              }
            ],
            "config_drive": true,
            "flavor_id": "5f964abc-866f-4d79-8aae-f9460cfb28d7",
            "flavor_name": "small",
            "floating_ip": null,
            "force_delete": false,
            "id": "a4f6e87c-a00b-41a4-90d1-cc3a5639b6e5",
            "image_id": "Attempt to boot from volume - no image supplied",
            "image_name": null,
            "key_pair": "",
            "metadata": null,
            "name": "four.redteam.thanksgiving.dinner",
            "network": [
              {
                "access_network": false,
                "fixed_ip_v4": "10.50.0.4",
                "fixed_ip_v6": "",
                "floating_ip": "",
                "mac": "fa:16:3e:8f:df:a2",
                "name": "Competition Cloud Network",
                "port": "d34a0d5c-cbfd-4dae-8865-1f07794a0ade",
                "uuid": "bd7b1cc0-4f64-4dd4-a0e7-4e8a29290d3a"
              }
            ],
            "network_mode": null,
            "personality": [],
            "power_state": "active",
            "region": "gibson",
            "scheduler_hints": [],
            "security_groups": [
              "Redteam Secgroup",
              "default"
            ],
            "stop_before_destroy": false,
            "tags": [
              "project-ThanksgivingThrowdown-mgmt",
              "project-management",
              "redteam-four"
            ],
            "timeouts": null,
            "user_data": "4c5e717450f524978ec7590685cd922114425edc",
            "vendor_options": [],
            "volume": []
          },
          "sensitive_attributes": [],
          "private": "eyJlMmJmYjczMC1lY2FhLTExZTYtOGY4OC0zNDM2M2JjN2M0YzAiOnsiY3JlYXRlIjoxODAwMDAwMDAwMDAwLCJkZWxldGUiOjE4MDAwMDAwMDAwMDAsInVwZGF0ZSI6MTgwMDAwMDAwMDAwMH19",
          "dependencies": [
            "data.openstack_compute_flavor_v2.flavor_linux_medium",
            "data.openstack_images_image_v2.image_kali",
            "module.redteam.data.openstack_identity_project_v3.management_project",
            "module.redteam.data.openstack_networking_network_v2.competition_cloud_network",
            "module.redteam.data.openstack_networking_secgroup_v2.default_secgroup",
            "module.redteam.openstack_blockstorage_volume_v3.redteam_volumes",
            "module.redteam.openstack_networking_port_v2.redteam_eight_port",
            "module.redteam.openstack_networking_port_v2.redteam_five_port",
            "module.redteam.openstack_networking_port_v2.redteam_four_port",
            "module.redteam.openstack_networking_port_v2.redteam_nine_port",
            "module.redteam.openstack_networking_port_v2.redteam_one_port",
            "module.redteam.openstack_networking_port_v2.redteam_seven_port",
            "module.redteam.openstack_networking_port_v2.redteam_six_port",
            "module.redteam.openstack_networking_port_v2.redteam_ten_port",
            "module.redteam.openstack_networking_port_v2.redteam_three_port",
            "module.redteam.openstack_networking_port_v2.redteam_two_port",
            "module.redteam.openstack_networking_secgroup_v2.redteam_secgroup",
            "module.redteam.openstack_networking_subnet_v2.redteam_subnet"
          ]
        },
        {
          "index_key": "nine",
          "schema_version": 0,
          "attributes": {
            "access_ip_v4": "10.50.0.9",
            "access_ip_v6": "",
            "admin_pass": null,
            "all_metadata": {},
            "all_tags": [
              "project-ThanksgivingThrowdown-mgmt",
              "project-management",
              "redteam-nine"
            ],
            "availability_zone": "host07",
            "availability_zone_hints": null,
            "block_device": [
              {
                "boot_index": 0,
                "delete_on_termination": true,
                "destination_type": "volume",
                "device_type": "",
                "disk_bus": "",
                "guest_format": "",
                "source_type": "volume",
                "uuid": "62b46d6b-b828-4ce2-9a8c-49c671bddaa5",
                "volume_size": 0,
                "volume_type": ""
              }
            ],
            "config_drive": true,
            "flavor_id": "5f964abc-866f-4d79-8aae-f9460cfb28d7",
            "flavor_name": "small",
            "floating_ip": null,
            "force_delete": false,
            "id": "ed193f3b-349a-4bce-a063-fd23a612e12f",
            "image_id": "Attempt to boot from volume - no image supplied",
            "image_name": null,
            "key_pair": "",
            "metadata": null,
            "name": "nine.redteam.thanksgiving.dinner",
            "network": [
              {
                "access_network": false,
                "fixed_ip_v4": "10.50.0.9",
                "fixed_ip_v6": "",
                "floating_ip": "",
                "mac": "fa:16:3e:43:6c:4f",
                "name": "Competition Cloud Network",
                "port": "a9d8e4bc-a063-48a3-a94e-c1fac295ac61",
                "uuid": "bd7b1cc0-4f64-4dd4-a0e7-4e8a29290d3a"
              }
            ],
            "network_mode": null,
            "personality": [],
            "power_state": "active",
            "region": "gibson",
            "scheduler_hints": [],
            "security_groups": [
              "Redteam Secgroup",
              "default"
            ],
            "stop_before_destroy": false,
            "tags": [
              "project-ThanksgivingThrowdown-mgmt",
              "project-management",
              "redteam-nine"
            ],
            "timeouts": null,
            "user_data": "4c5e717450f524978ec7590685cd922114425edc",
            "vendor_options": [],
            "volume": []
          },
          "sensitive_attributes": [],
          "private": "eyJlMmJmYjczMC1lY2FhLTExZTYtOGY4OC0zNDM2M2JjN2M0YzAiOnsiY3JlYXRlIjoxODAwMDAwMDAwMDAwLCJkZWxldGUiOjE4MDAwMDAwMDAwMDAsInVwZGF0ZSI6MTgwMDAwMDAwMDAwMH19",
          "dependencies": [
            "data.openstack_compute_flavor_v2.flavor_linux_medium",
            "data.openstack_images_image_v2.image_kali",
            "module.redteam.data.openstack_identity_project_v3.management_project",
            "module.redteam.data.openstack_networking_network_v2.competition_cloud_network",
            "module.redteam.data.openstack_networking_secgroup_v2.default_secgroup",
            "module.redteam.openstack_blockstorage_volume_v3.redteam_volumes",
            "module.redteam.openstack_networking_port_v2.redteam_eight_port",
            "module.redteam.openstack_networking_port_v2.redteam_five_port",
            "module.redteam.openstack_networking_port_v2.redteam_four_port",
            "module.redteam.openstack_networking_port_v2.redteam_nine_port",
            "module.redteam.openstack_networking_port_v2.redteam_one_port",
            "module.redteam.openstack_networking_port_v2.redteam_seven_port",
            "module.redteam.openstack_networking_port_v2.redteam_six_port",
            "module.redteam.openstack_networking_port_v2.redteam_ten_port",
            "module.redteam.openstack_networking_port_v2.redteam_three_port",
            "module.redteam.openstack_networking_port_v2.redteam_two_port",
            "module.redteam.openstack_networking_secgroup_v2.redteam_secgroup",
            "module.redteam.openstack_networking_subnet_v2.redteam_subnet"
          ]
        },
        {
          "index_key": "one",
          "schema_version": 0,
          "attributes": {
            "access_ip_v4": "10.50.0.1",
            "access_ip_v6": "",
            "admin_pass": null,
            "all_metadata": {},
            "all_tags": [
              "project-ThanksgivingThrowdown-mgmt",
              "project-management",
              "redteam-one"
            ],
            "availability_zone": "host07",
            "availability_zone_hints": null,
            "block_device": [
              {
                "boot_index": 0,
                "delete_on_termination": true,
                "destination_type": "volume",
                "device_type": "",
                "disk_bus": "",
                "guest_format": "",
                "source_type": "volume",
                "uuid": "646c1736-d6ec-47e8-b3a4-dc781e49edba",
                "volume_size": 0,
                "volume_type": ""
              }
            ],
            "config_drive": true,
            "flavor_id": "5f964abc-866f-4d79-8aae-f9460cfb28d7",
            "flavor_name": "small",
            "floating_ip": null,
            "force_delete": false,
            "id": "06915976-40d0-4ce4-bc36-98c373a9f64f",
            "image_id": "Attempt to boot from volume - no image supplied",
            "image_name": null,
            "key_pair": "",
            "metadata": null,
            "name": "one.redteam.thanksgiving.dinner",
            "network": [
              {
                "access_network": false,
                "fixed_ip_v4": "10.50.0.1",
                "fixed_ip_v6": "",
                "floating_ip": "",
                "mac": "fa:16:3e:8f:c0:e8",
                "name": "Competition Cloud Network",
                "port": "678d7c2c-783b-4e60-9b27-d6c3035f088a",
                "uuid": "bd7b1cc0-4f64-4dd4-a0e7-4e8a29290d3a"
              }
            ],
            "network_mode": null,
            "personality": [],
            "power_state": "active",
            "region": "gibson",
            "scheduler_hints": [],
            "security_groups": [
              "Redteam Secgroup",
              "default"
            ],
            "stop_before_destroy": false,
            "tags": [
              "project-ThanksgivingThrowdown-mgmt",
              "project-management",
              "redteam-one"
            ],
            "timeouts": null,
            "user_data": "4c5e717450f524978ec7590685cd922114425edc",
            "vendor_options": [],
            "volume": []
          },
          "sensitive_attributes": [],
          "private": "eyJlMmJmYjczMC1lY2FhLTExZTYtOGY4OC0zNDM2M2JjN2M0YzAiOnsiY3JlYXRlIjoxODAwMDAwMDAwMDAwLCJkZWxldGUiOjE4MDAwMDAwMDAwMDAsInVwZGF0ZSI6MTgwMDAwMDAwMDAwMH19",
          "dependencies": [
            "data.openstack_compute_flavor_v2.flavor_linux_medium",
            "data.openstack_images_image_v2.image_kali",
            "module.redteam.data.openstack_identity_project_v3.management_project",
            "module.redteam.data.openstack_networking_network_v2.competition_cloud_network",
            "module.redteam.data.openstack_networking_secgroup_v2.default_secgroup",
            "module.redteam.openstack_blockstorage_volume_v3.redteam_volumes",
            "module.redteam.openstack_networking_port_v2.redteam_eight_port",
            "module.redteam.openstack_networking_port_v2.redteam_five_port",
            "module.redteam.openstack_networking_port_v2.redteam_four_port",
            "module.redteam.openstack_networking_port_v2.redteam_nine_port",
            "module.redteam.openstack_networking_port_v2.redteam_one_port",
            "module.redteam.openstack_networking_port_v2.redteam_seven_port",
            "module.redteam.openstack_networking_port_v2.redteam_six_port",
            "module.redteam.openstack_networking_port_v2.redteam_ten_port",
            "module.redteam.openstack_networking_port_v2.redteam_three_port",
            "module.redteam.openstack_networking_port_v2.redteam_two_port",
            "module.redteam.openstack_networking_secgroup_v2.redteam_secgroup",
            "module.redteam.openstack_networking_subnet_v2.redteam_subnet"
          ]
        },
        {
          "index_key": "seven",
          "schema_version": 0,
          "attributes": {
            "access_ip_v4": "10.50.0.7",
            "access_ip_v6": "",
            "admin_pass": null,
            "all_metadata": {},
            "all_tags": [
              "project-ThanksgivingThrowdown-mgmt",
              "project-management",
              "redteam-seven"
            ],
            "availability_zone": "host07",
            "availability_zone_hints": null,
            "block_device": [
              {
                "boot_index": 0,
                "delete_on_termination": true,
                "destination_type": "volume",
                "device_type": "",
                "disk_bus": "",
                "guest_format": "",
                "source_type": "volume",
                "uuid": "16db274d-6e62-4450-8135-b79737a2a857",
                "volume_size": 0,
                "volume_type": ""
              }
            ],
            "config_drive": true,
            "flavor_id": "5f964abc-866f-4d79-8aae-f9460cfb28d7",
            "flavor_name": "small",
            "floating_ip": null,
            "force_delete": false,
            "id": "289f65b9-3b2c-48d0-b808-9fbb7ea6c687",
            "image_id": "Attempt to boot from volume - no image supplied",
            "image_name": null,
            "key_pair": "",
            "metadata": null,
            "name": "seven.redteam.thanksgiving.dinner",
            "network": [
              {
                "access_network": false,
                "fixed_ip_v4": "10.50.0.7",
                "fixed_ip_v6": "",
                "floating_ip": "",
                "mac": "fa:16:3e:f0:74:97",
                "name": "Competition Cloud Network",
                "port": "c9eb87b9-ab94-4081-a7b5-246041076724",
                "uuid": "bd7b1cc0-4f64-4dd4-a0e7-4e8a29290d3a"
              }
            ],
            "network_mode": null,
            "personality": [],
            "power_state": "active",
            "region": "gibson",
            "scheduler_hints": [],
            "security_groups": [
              "Redteam Secgroup",
              "default"
            ],
            "stop_before_destroy": false,
            "tags": [
              "project-ThanksgivingThrowdown-mgmt",
              "project-management",
              "redteam-seven"
            ],
            "timeouts": null,
            "user_data": "4c5e717450f524978ec7590685cd922114425edc",
            "vendor_options": [],
            "volume": []
          },
          "sensitive_attributes": [],
          "private": "eyJlMmJmYjczMC1lY2FhLTExZTYtOGY4OC0zNDM2M2JjN2M0YzAiOnsiY3JlYXRlIjoxODAwMDAwMDAwMDAwLCJkZWxldGUiOjE4MDAwMDAwMDAwMDAsInVwZGF0ZSI6MTgwMDAwMDAwMDAwMH19",
          "dependencies": [
            "data.openstack_compute_flavor_v2.flavor_linux_medium",
            "data.openstack_images_image_v2.image_kali",
            "module.redteam.data.openstack_identity_project_v3.management_project",
            "module.redteam.data.openstack_networking_network_v2.competition_cloud_network",
            "module.redteam.data.openstack_networking_secgroup_v2.default_secgroup",
            "module.redteam.openstack_blockstorage_volume_v3.redteam_volumes",
            "module.redteam.openstack_networking_port_v2.redteam_eight_port",
            "module.redteam.openstack_networking_port_v2.redteam_five_port",
            "module.redteam.openstack_networking_port_v2.redteam_four_port",
            "module.redteam.openstack_networking_port_v2.redteam_nine_port",
            "module.redteam.openstack_networking_port_v2.redteam_one_port",
            "module.redteam.openstack_networking_port_v2.redteam_seven_port",
            "module.redteam.openstack_networking_port_v2.redteam_six_port",
            "module.redteam.openstack_networking_port_v2.redteam_ten_port",
            "module.redteam.openstack_networking_port_v2.redteam_three_port",
            "module.redteam.openstack_networking_port_v2.redteam_two_port",
            "module.redteam.openstack_networking_secgroup_v2.redteam_secgroup",
            "module.redteam.openstack_networking_subnet_v2.redteam_subnet"
          ]
        },
        {
          "index_key": "six",
          "schema_version": 0,
          "attributes": {
            "access_ip_v4": "10.50.0.6",
            "access_ip_v6": "",
            "admin_pass": null,
            "all_metadata": {},
            "all_tags": [
              "project-ThanksgivingThrowdown-mgmt",
              "project-management",
              "redteam-six"
            ],
            "availability_zone": "host07",
            "availability_zone_hints": null,
            "block_device": [
              {
                "boot_index": 0,
                "delete_on_termination": true,
                "destination_type": "volume",
                "device_type": "",
                "disk_bus": "",
                "guest_format": "",
                "source_type": "volume",
                "uuid": "37429aff-f90c-4c8f-8307-8abe1751f518",
                "volume_size": 0,
                "volume_type": ""
              }
            ],
            "config_drive": true,
            "flavor_id": "5f964abc-866f-4d79-8aae-f9460cfb28d7",
            "flavor_name": "small",
            "floating_ip": null,
            "force_delete": false,
            "id": "fe64100b-f891-4670-8d88-546a19c783bc",
            "image_id": "Attempt to boot from volume - no image supplied",
            "image_name": null,
            "key_pair": "",
            "metadata": null,
            "name": "six.redteam.thanksgiving.dinner",
            "network": [
              {
                "access_network": false,
                "fixed_ip_v4": "10.50.0.6",
                "fixed_ip_v6": "",
                "floating_ip": "",
                "mac": "fa:16:3e:42:26:8f",
                "name": "Competition Cloud Network",
                "port": "573c445d-1d87-4cab-b5d2-611780af01db",
                "uuid": "bd7b1cc0-4f64-4dd4-a0e7-4e8a29290d3a"
              }
            ],
            "network_mode": null,
            "personality": [],
            "power_state": "active",
            "region": "gibson",
            "scheduler_hints": [],
            "security_groups": [
              "Redteam Secgroup",
              "default"
            ],
            "stop_before_destroy": false,
            "tags": [
              "project-ThanksgivingThrowdown-mgmt",
              "project-management",
              "redteam-six"
            ],
            "timeouts": null,
            "user_data": "4c5e717450f524978ec7590685cd922114425edc",
            "vendor_options": [],
            "volume": []
          },
          "sensitive_attributes": [],
          "private": "eyJlMmJmYjczMC1lY2FhLTExZTYtOGY4OC0zNDM2M2JjN2M0YzAiOnsiY3JlYXRlIjoxODAwMDAwMDAwMDAwLCJkZWxldGUiOjE4MDAwMDAwMDAwMDAsInVwZGF0ZSI6MTgwMDAwMDAwMDAwMH19",
          "dependencies": [
            "data.openstack_compute_flavor_v2.flavor_linux_medium",
            "data.openstack_images_image_v2.image_kali",
            "module.redteam.data.openstack_identity_project_v3.management_project",
            "module.redteam.data.openstack_networking_network_v2.competition_cloud_network",
            "module.redteam.data.openstack_networking_secgroup_v2.default_secgroup",
            "module.redteam.openstack_blockstorage_volume_v3.redteam_volumes",
            "module.redteam.openstack_networking_port_v2.redteam_eight_port",
            "module.redteam.openstack_networking_port_v2.redteam_five_port",
            "module.redteam.openstack_networking_port_v2.redteam_four_port",
            "module.redteam.openstack_networking_port_v2.redteam_nine_port",
            "module.redteam.openstack_networking_port_v2.redteam_one_port",
            "module.redteam.openstack_networking_port_v2.redteam_seven_port",
            "module.redteam.openstack_networking_port_v2.redteam_six_port",
            "module.redteam.openstack_networking_port_v2.redteam_ten_port",
            "module.redteam.openstack_networking_port_v2.redteam_three_port",
            "module.redteam.openstack_networking_port_v2.redteam_two_port",
            "module.redteam.openstack_networking_secgroup_v2.redteam_secgroup",
            "module.redteam.openstack_networking_subnet_v2.redteam_subnet"
          ]
        },
        {
          "index_key": "ten",
          "schema_version": 0,
          "attributes": {
            "access_ip_v4": "10.50.0.10",
            "access_ip_v6": "",
            "admin_pass": null,
            "all_metadata": {},
            "all_tags": [
              "project-ThanksgivingThrowdown-mgmt",
              "project-management",
              "redteam-ten"
            ],
            "availability_zone": "host07",
            "availability_zone_hints": null,
            "block_device": [
              {
                "boot_index": 0,
                "delete_on_termination": true,
                "destination_type": "volume",
                "device_type": "",
                "disk_bus": "",
                "guest_format": "",
                "source_type": "volume",
                "uuid": "8826a2b3-be6b-441f-9bc8-5dc0f831d90b",
                "volume_size": 0,
                "volume_type": ""
              }
            ],
            "config_drive": true,
            "flavor_id": "5f964abc-866f-4d79-8aae-f9460cfb28d7",
            "flavor_name": "small",
            "floating_ip": null,
            "force_delete": false,
            "id": "63b7fe3d-e903-4660-a479-7d5792900bfe",
            "image_id": "Attempt to boot from volume - no image supplied",
            "image_name": null,
            "key_pair": "",
            "metadata": null,
            "name": "ten.redteam.thanksgiving.dinner",
            "network": [
              {
                "access_network": false,
                "fixed_ip_v4": "10.50.0.10",
                "fixed_ip_v6": "",
                "floating_ip": "",
                "mac": "fa:16:3e:f7:06:a7",
                "name": "Competition Cloud Network",
                "port": "7e9ed900-339d-42b3-9e39-ef8a14cecbfc",
                "uuid": "bd7b1cc0-4f64-4dd4-a0e7-4e8a29290d3a"
              }
            ],
            "network_mode": null,
            "personality": [],
            "power_state": "active",
            "region": "gibson",
            "scheduler_hints": [],
            "security_groups": [
              "Redteam Secgroup",
              "default"
            ],
            "stop_before_destroy": false,
            "tags": [
              "project-ThanksgivingThrowdown-mgmt",
              "project-management",
              "redteam-ten"
            ],
            "timeouts": null,
            "user_data": "4c5e717450f524978ec7590685cd922114425edc",
            "vendor_options": [],
            "volume": []
          },
          "sensitive_attributes": [],
          "private": "eyJlMmJmYjczMC1lY2FhLTExZTYtOGY4OC0zNDM2M2JjN2M0YzAiOnsiY3JlYXRlIjoxODAwMDAwMDAwMDAwLCJkZWxldGUiOjE4MDAwMDAwMDAwMDAsInVwZGF0ZSI6MTgwMDAwMDAwMDAwMH19",
          "dependencies": [
            "data.openstack_compute_flavor_v2.flavor_linux_medium",
            "data.openstack_images_image_v2.image_kali",
            "module.redteam.data.openstack_identity_project_v3.management_project",
            "module.redteam.data.openstack_networking_network_v2.competition_cloud_network",
            "module.redteam.data.openstack_networking_secgroup_v2.default_secgroup",
            "module.redteam.openstack_blockstorage_volume_v3.redteam_volumes",
            "module.redteam.openstack_networking_port_v2.redteam_eight_port",
            "module.redteam.openstack_networking_port_v2.redteam_five_port",
            "module.redteam.openstack_networking_port_v2.redteam_four_port",
            "module.redteam.openstack_networking_port_v2.redteam_nine_port",
            "module.redteam.openstack_networking_port_v2.redteam_one_port",
            "module.redteam.openstack_networking_port_v2.redteam_seven_port",
            "module.redteam.openstack_networking_port_v2.redteam_six_port",
            "module.redteam.openstack_networking_port_v2.redteam_ten_port",
            "module.redteam.openstack_networking_port_v2.redteam_three_port",
            "module.redteam.openstack_networking_port_v2.redteam_two_port",
            "module.redteam.openstack_networking_secgroup_v2.redteam_secgroup",
            "module.redteam.openstack_networking_subnet_v2.redteam_subnet"
          ]
        },
        {
          "index_key": "three",
          "schema_version": 0,
          "attributes": {
            "access_ip_v4": "10.50.0.3",
            "access_ip_v6": "",
            "admin_pass": null,
            "all_metadata": {},
            "all_tags": [
              "project-ThanksgivingThrowdown-mgmt",
              "project-management",
              "redteam-three"
            ],
            "availability_zone": "host07",
            "availability_zone_hints": null,
            "block_device": [
              {
                "boot_index": 0,
                "delete_on_termination": true,
                "destination_type": "volume",
                "device_type": "",
                "disk_bus": "",
                "guest_format": "",
                "source_type": "volume",
                "uuid": "6fac2983-3f10-41c1-90f6-1db63afe128d",
                "volume_size": 0,
                "volume_type": ""
              }
            ],
            "config_drive": true,
            "flavor_id": "5f964abc-866f-4d79-8aae-f9460cfb28d7",
            "flavor_name": "small",
            "floating_ip": null,
            "force_delete": false,
            "id": "57a4c87c-14bb-4f05-b21a-fff2753c00e1",
            "image_id": "Attempt to boot from volume - no image supplied",
            "image_name": null,
            "key_pair": "",
            "metadata": null,
            "name": "three.redteam.thanksgiving.dinner",
            "network": [
              {
                "access_network": false,
                "fixed_ip_v4": "10.50.0.3",
                "fixed_ip_v6": "",
                "floating_ip": "",
                "mac": "fa:16:3e:a8:62:3e",
                "name": "Competition Cloud Network",
                "port": "98d0a8e5-8c92-41dc-8c44-606b50a8c98e",
                "uuid": "bd7b1cc0-4f64-4dd4-a0e7-4e8a29290d3a"
              }
            ],
            "network_mode": null,
            "personality": [],
            "power_state": "active",
            "region": "gibson",
            "scheduler_hints": [],
            "security_groups": [
              "Redteam Secgroup",
              "default"
            ],
            "stop_before_destroy": false,
            "tags": [
              "project-ThanksgivingThrowdown-mgmt",
              "project-management",
              "redteam-three"
            ],
            "timeouts": null,
            "user_data": "4c5e717450f524978ec7590685cd922114425edc",
            "vendor_options": [],
            "volume": []
          },
          "sensitive_attributes": [],
          "private": "eyJlMmJmYjczMC1lY2FhLTExZTYtOGY4OC0zNDM2M2JjN2M0YzAiOnsiY3JlYXRlIjoxODAwMDAwMDAwMDAwLCJkZWxldGUiOjE4MDAwMDAwMDAwMDAsInVwZGF0ZSI6MTgwMDAwMDAwMDAwMH19",
          "dependencies": [
            "data.openstack_compute_flavor_v2.flavor_linux_medium",
            "data.openstack_images_image_v2.image_kali",
            "module.redteam.data.openstack_identity_project_v3.management_project",
            "module.redteam.data.openstack_networking_network_v2.competition_cloud_network",
            "module.redteam.data.openstack_networking_secgroup_v2.default_secgroup",
            "module.redteam.openstack_blockstorage_volume_v3.redteam_volumes",
            "module.redteam.openstack_networking_port_v2.redteam_eight_port",
            "module.redteam.openstack_networking_port_v2.redteam_five_port",
            "module.redteam.openstack_networking_port_v2.redteam_four_port",
            "module.redteam.openstack_networking_port_v2.redteam_nine_port",
            "module.redteam.openstack_networking_port_v2.redteam_one_port",
            "module.redteam.openstack_networking_port_v2.redteam_seven_port",
            "module.redteam.openstack_networking_port_v2.redteam_six_port",
            "module.redteam.openstack_networking_port_v2.redteam_ten_port",
            "module.redteam.openstack_networking_port_v2.redteam_three_port",
            "module.redteam.openstack_networking_port_v2.redteam_two_port",
            "module.redteam.openstack_networking_secgroup_v2.redteam_secgroup",
            "module.redteam.openstack_networking_subnet_v2.redteam_subnet"
          ]
        },
        {
          "index_key": "two",
          "schema_version": 0,
          "attributes": {
            "access_ip_v4": "10.50.0.2",
            "access_ip_v6": "",
            "admin_pass": null,
            "all_metadata": {},
            "all_tags": [
              "project-ThanksgivingThrowdown-mgmt",
              "project-management",
              "redteam-two"
            ],
            "availability_zone": "host07",
            "availability_zone_hints": null,
            "block_device": [
              {
                "boot_index": 0,
                "delete_on_termination": true,
                "destination_type": "volume",
                "device_type": "",
                "disk_bus": "",
                "guest_format": "",
                "source_type": "volume",
                "uuid": "96f2904e-2972-40df-8a8f-de696700346a",
                "volume_size": 0,
                "volume_type": ""
              }
            ],
            "config_drive": true,
            "flavor_id": "5f964abc-866f-4d79-8aae-f9460cfb28d7",
            "flavor_name": "small",
            "floating_ip": null,
            "force_delete": false,
            "id": "90133153-0317-4343-a695-b72c8bfc12ea",
            "image_id": "Attempt to boot from volume - no image supplied",
            "image_name": null,
            "key_pair": "",
            "metadata": null,
            "name": "two.redteam.thanksgiving.dinner",
            "network": [
              {
                "access_network": false,
                "fixed_ip_v4": "10.50.0.2",
                "fixed_ip_v6": "",
                "floating_ip": "",
                "mac": "fa:16:3e:bd:88:53",
                "name": "Competition Cloud Network",
                "port": "6eb8c17e-c2d2-487b-9ba6-4bd0b89fde45",
                "uuid": "bd7b1cc0-4f64-4dd4-a0e7-4e8a29290d3a"
              }
            ],
            "network_mode": null,
            "personality": [],
            "power_state": "active",
            "region": "gibson",
            "scheduler_hints": [],
            "security_groups": [
              "Redteam Secgroup",
              "default"
            ],
            "stop_before_destroy": false,
            "tags": [
              "project-ThanksgivingThrowdown-mgmt",
              "project-management",
              "redteam-two"
            ],
            "timeouts": null,
            "user_data": "4c5e717450f524978ec7590685cd922114425edc",
            "vendor_options": [],
            "volume": []
          },
          "sensitive_attributes": [],
          "private": "eyJlMmJmYjczMC1lY2FhLTExZTYtOGY4OC0zNDM2M2JjN2M0YzAiOnsiY3JlYXRlIjoxODAwMDAwMDAwMDAwLCJkZWxldGUiOjE4MDAwMDAwMDAwMDAsInVwZGF0ZSI6MTgwMDAwMDAwMDAwMH19",
          "dependencies": [
            "data.openstack_compute_flavor_v2.flavor_linux_medium",
            "data.openstack_images_image_v2.image_kali",
            "module.redteam.data.openstack_identity_project_v3.management_project",
            "module.redteam.data.openstack_networking_network_v2.competition_cloud_network",
            "module.redteam.data.openstack_networking_secgroup_v2.default_secgroup",
            "module.redteam.openstack_blockstorage_volume_v3.redteam_volumes",
            "module.redteam.openstack_networking_port_v2.redteam_eight_port",
            "module.redteam.openstack_networking_port_v2.redteam_five_port",
            "module.redteam.openstack_networking_port_v2.redteam_four_port",
            "module.redteam.openstack_networking_port_v2.redteam_nine_port",
            "module.redteam.openstack_networking_port_v2.redteam_one_port",
            "module.redteam.openstack_networking_port_v2.redteam_seven_port",
            "module.redteam.openstack_networking_port_v2.redteam_six_port",
            "module.redteam.openstack_networking_port_v2.redteam_ten_port",
            "module.redteam.openstack_networking_port_v2.redteam_three_port",
            "module.redteam.openstack_networking_port_v2.redteam_two_port",
            "module.redteam.openstack_networking_secgroup_v2.redteam_secgroup",
            "module.redteam.openstack_networking_subnet_v2.redteam_subnet"
          ]
        }
      ]
    },
    {
      "module": "module.redteam",
      "mode": "managed",
      "type": "openstack_networking_port_v2",
      "name": "redteam_eight_port",
      "provider": "provider[\"registry.terraform.io/terraform-provider-openstack/openstack\"]",
      "instances": [
        {
          "schema_version": 0,
          "attributes": {
            "admin_state_up": true,
            "all_fixed_ips": [
              "10.50.0.8"
            ],
            "all_security_group_ids": [
              "5881d6e2-3a9b-4cc6-800b-5268f0c7f3bb",
              "df7d77a2-adf9-433c-9e4f-240ebebb8ed5"
            ],
            "all_tags": [],
            "allowed_address_pairs": [],
            "binding": [
              {
                "host_id": "",
                "profile": "",
                "vif_details": {},
                "vif_type": "",
                "vnic_type": "normal"
              }
            ],
            "description": "",
            "device_id": "",
            "device_owner": "",
            "dns_assignment": [],
            "dns_name": "",
            "extra_dhcp_option": [],
            "fixed_ip": [
              {
                "ip_address": "10.50.0.8",
                "subnet_id": "0844b10d-3370-435f-9a59-e88cd02fcf74"
              }
            ],
            "id": "c31efce2-624d-4fc0-897c-a3d188f2ed94",
            "mac_address": "fa:16:3e:3b:a0:52",
            "name": "Redteam #8 Port",
            "network_id": "bd7b1cc0-4f64-4dd4-a0e7-4e8a29290d3a",
            "no_fixed_ip": null,
            "no_security_groups": null,
            "port_security_enabled": true,
            "qos_policy_id": "",
            "region": "gibson",
            "security_group_ids": [
              "5881d6e2-3a9b-4cc6-800b-5268f0c7f3bb",
              "df7d77a2-adf9-433c-9e4f-240ebebb8ed5"
            ],
            "tags": null,
            "tenant_id": "a04419c07de1428ba9f58093b1b52ef3",
            "timeouts": null,
            "value_specs": null
          },
          "sensitive_attributes": [],
          "private": "eyJlMmJmYjczMC1lY2FhLTExZTYtOGY4OC0zNDM2M2JjN2M0YzAiOnsiY3JlYXRlIjo2MDAwMDAwMDAwMDAsImRlbGV0ZSI6NjAwMDAwMDAwMDAwfX0=",
          "dependencies": [
            "module.redteam.data.openstack_identity_project_v3.management_project",
            "module.redteam.data.openstack_networking_network_v2.competition_cloud_network",
            "module.redteam.data.openstack_networking_secgroup_v2.default_secgroup",
            "module.redteam.openstack_networking_secgroup_v2.redteam_secgroup",
            "module.redteam.openstack_networking_subnet_v2.redteam_subnet"
          ]
        }
      ]
    },
    {
      "module": "module.redteam",
      "mode": "managed",
      "type": "openstack_networking_port_v2",
      "name": "redteam_five_port",
      "provider": "provider[\"registry.terraform.io/terraform-provider-openstack/openstack\"]",
      "instances": [
        {
          "schema_version": 0,
          "attributes": {
            "admin_state_up": true,
            "all_fixed_ips": [
              "10.50.0.5"
            ],
            "all_security_group_ids": [
              "5881d6e2-3a9b-4cc6-800b-5268f0c7f3bb",
              "df7d77a2-adf9-433c-9e4f-240ebebb8ed5"
            ],
            "all_tags": [],
            "allowed_address_pairs": [],
            "binding": [
              {
                "host_id": "",
                "profile": "",
                "vif_details": {},
                "vif_type": "",
                "vnic_type": "normal"
              }
            ],
            "description": "",
            "device_id": "",
            "device_owner": "",
            "dns_assignment": [],
            "dns_name": "",
            "extra_dhcp_option": [],
            "fixed_ip": [
              {
                "ip_address": "10.50.0.5",
                "subnet_id": "0844b10d-3370-435f-9a59-e88cd02fcf74"
              }
            ],
            "id": "35a44ac2-afb2-4b39-917c-d9780d625e2f",
            "mac_address": "fa:16:3e:fe:db:86",
            "name": "Redteam #5 Port",
            "network_id": "bd7b1cc0-4f64-4dd4-a0e7-4e8a29290d3a",
            "no_fixed_ip": null,
            "no_security_groups": null,
            "port_security_enabled": true,
            "qos_policy_id": "",
            "region": "gibson",
            "security_group_ids": [
              "5881d6e2-3a9b-4cc6-800b-5268f0c7f3bb",
              "df7d77a2-adf9-433c-9e4f-240ebebb8ed5"
            ],
            "tags": null,
            "tenant_id": "a04419c07de1428ba9f58093b1b52ef3",
            "timeouts": null,
            "value_specs": null
          },
          "sensitive_attributes": [],
          "private": "eyJlMmJmYjczMC1lY2FhLTExZTYtOGY4OC0zNDM2M2JjN2M0YzAiOnsiY3JlYXRlIjo2MDAwMDAwMDAwMDAsImRlbGV0ZSI6NjAwMDAwMDAwMDAwfX0=",
          "dependencies": [
            "module.redteam.data.openstack_identity_project_v3.management_project",
            "module.redteam.data.openstack_networking_network_v2.competition_cloud_network",
            "module.redteam.data.openstack_networking_secgroup_v2.default_secgroup",
            "module.redteam.openstack_networking_secgroup_v2.redteam_secgroup",
            "module.redteam.openstack_networking_subnet_v2.redteam_subnet"
          ]
        }
      ]
    },
    {
      "module": "module.redteam",
      "mode": "managed",
      "type": "openstack_networking_port_v2",
      "name": "redteam_four_port",
      "provider": "provider[\"registry.terraform.io/terraform-provider-openstack/openstack\"]",
      "instances": [
        {
          "schema_version": 0,
          "attributes": {
            "admin_state_up": true,
            "all_fixed_ips": [
              "10.50.0.4"
            ],
            "all_security_group_ids": [
              "5881d6e2-3a9b-4cc6-800b-5268f0c7f3bb",
              "df7d77a2-adf9-433c-9e4f-240ebebb8ed5"
            ],
            "all_tags": [],
            "allowed_address_pairs": [],
            "binding": [
              {
                "host_id": "",
                "profile": "",
                "vif_details": {},
                "vif_type": "",
                "vnic_type": "normal"
              }
            ],
            "description": "",
            "device_id": "",
            "device_owner": "",
            "dns_assignment": [],
            "dns_name": "",
            "extra_dhcp_option": [],
            "fixed_ip": [
              {
                "ip_address": "10.50.0.4",
                "subnet_id": "0844b10d-3370-435f-9a59-e88cd02fcf74"
              }
            ],
            "id": "d34a0d5c-cbfd-4dae-8865-1f07794a0ade",
            "mac_address": "fa:16:3e:8f:df:a2",
            "name": "Redteam #4 Port",
            "network_id": "bd7b1cc0-4f64-4dd4-a0e7-4e8a29290d3a",
            "no_fixed_ip": null,
            "no_security_groups": null,
            "port_security_enabled": true,
            "qos_policy_id": "",
            "region": "gibson",
            "security_group_ids": [
              "5881d6e2-3a9b-4cc6-800b-5268f0c7f3bb",
              "df7d77a2-adf9-433c-9e4f-240ebebb8ed5"
            ],
            "tags": null,
            "tenant_id": "a04419c07de1428ba9f58093b1b52ef3",
            "timeouts": null,
            "value_specs": null
          },
          "sensitive_attributes": [],
          "private": "eyJlMmJmYjczMC1lY2FhLTExZTYtOGY4OC0zNDM2M2JjN2M0YzAiOnsiY3JlYXRlIjo2MDAwMDAwMDAwMDAsImRlbGV0ZSI6NjAwMDAwMDAwMDAwfX0=",
          "dependencies": [
            "module.redteam.data.openstack_identity_project_v3.management_project",
            "module.redteam.data.openstack_networking_network_v2.competition_cloud_network",
            "module.redteam.data.openstack_networking_secgroup_v2.default_secgroup",
            "module.redteam.openstack_networking_secgroup_v2.redteam_secgroup",
            "module.redteam.openstack_networking_subnet_v2.redteam_subnet"
          ]
        }
      ]
    },
    {
      "module": "module.redteam",
      "mode": "managed",
      "type": "openstack_networking_port_v2",
      "name": "redteam_nine_port",
      "provider": "provider[\"registry.terraform.io/terraform-provider-openstack/openstack\"]",
      "instances": [
        {
          "schema_version": 0,
          "attributes": {
            "admin_state_up": true,
            "all_fixed_ips": [
              "10.50.0.9"
            ],
            "all_security_group_ids": [
              "5881d6e2-3a9b-4cc6-800b-5268f0c7f3bb",
              "df7d77a2-adf9-433c-9e4f-240ebebb8ed5"
            ],
            "all_tags": [],
            "allowed_address_pairs": [],
            "binding": [
              {
                "host_id": "",
                "profile": "",
                "vif_details": {},
                "vif_type": "",
                "vnic_type": "normal"
              }
            ],
            "description": "",
            "device_id": "",
            "device_owner": "",
            "dns_assignment": [],
            "dns_name": "",
            "extra_dhcp_option": [],
            "fixed_ip": [
              {
                "ip_address": "10.50.0.9",
                "subnet_id": "0844b10d-3370-435f-9a59-e88cd02fcf74"
              }
            ],
            "id": "a9d8e4bc-a063-48a3-a94e-c1fac295ac61",
            "mac_address": "fa:16:3e:43:6c:4f",
            "name": "Redteam #9 Port",
            "network_id": "bd7b1cc0-4f64-4dd4-a0e7-4e8a29290d3a",
            "no_fixed_ip": null,
            "no_security_groups": null,
            "port_security_enabled": true,
            "qos_policy_id": "",
            "region": "gibson",
            "security_group_ids": [
              "5881d6e2-3a9b-4cc6-800b-5268f0c7f3bb",
              "df7d77a2-adf9-433c-9e4f-240ebebb8ed5"
            ],
            "tags": null,
            "tenant_id": "a04419c07de1428ba9f58093b1b52ef3",
            "timeouts": null,
            "value_specs": null
          },
          "sensitive_attributes": [],
          "private": "eyJlMmJmYjczMC1lY2FhLTExZTYtOGY4OC0zNDM2M2JjN2M0YzAiOnsiY3JlYXRlIjo2MDAwMDAwMDAwMDAsImRlbGV0ZSI6NjAwMDAwMDAwMDAwfX0=",
          "dependencies": [
            "module.redteam.data.openstack_identity_project_v3.management_project",
            "module.redteam.data.openstack_networking_network_v2.competition_cloud_network",
            "module.redteam.data.openstack_networking_secgroup_v2.default_secgroup",
            "module.redteam.openstack_networking_secgroup_v2.redteam_secgroup",
            "module.redteam.openstack_networking_subnet_v2.redteam_subnet"
          ]
        }
      ]
    },
    {
      "module": "module.redteam",
      "mode": "managed",
      "type": "openstack_networking_port_v2",
      "name": "redteam_one_port",
      "provider": "provider[\"registry.terraform.io/terraform-provider-openstack/openstack\"]",
      "instances": [
        {
          "schema_version": 0,
          "attributes": {
            "admin_state_up": true,
            "all_fixed_ips": [
              "10.50.0.1"
            ],
            "all_security_group_ids": [
              "5881d6e2-3a9b-4cc6-800b-5268f0c7f3bb",
              "df7d77a2-adf9-433c-9e4f-240ebebb8ed5"
            ],
            "all_tags": [],
            "allowed_address_pairs": [],
            "binding": [
              {
                "host_id": "",
                "profile": "",
                "vif_details": {},
                "vif_type": "",
                "vnic_type": "normal"
              }
            ],
            "description": "",
            "device_id": "",
            "device_owner": "",
            "dns_assignment": [],
            "dns_name": "",
            "extra_dhcp_option": [],
            "fixed_ip": [
              {
                "ip_address": "10.50.0.1",
                "subnet_id": "0844b10d-3370-435f-9a59-e88cd02fcf74"
              }
            ],
            "id": "678d7c2c-783b-4e60-9b27-d6c3035f088a",
            "mac_address": "fa:16:3e:8f:c0:e8",
            "name": "Redteam #1 Port",
            "network_id": "bd7b1cc0-4f64-4dd4-a0e7-4e8a29290d3a",
            "no_fixed_ip": null,
            "no_security_groups": null,
            "port_security_enabled": true,
            "qos_policy_id": "",
            "region": "gibson",
            "security_group_ids": [
              "5881d6e2-3a9b-4cc6-800b-5268f0c7f3bb",
              "df7d77a2-adf9-433c-9e4f-240ebebb8ed5"
            ],
            "tags": null,
            "tenant_id": "a04419c07de1428ba9f58093b1b52ef3",
            "timeouts": null,
            "value_specs": null
          },
          "sensitive_attributes": [],
          "private": "eyJlMmJmYjczMC1lY2FhLTExZTYtOGY4OC0zNDM2M2JjN2M0YzAiOnsiY3JlYXRlIjo2MDAwMDAwMDAwMDAsImRlbGV0ZSI6NjAwMDAwMDAwMDAwfX0=",
          "dependencies": [
            "module.redteam.data.openstack_identity_project_v3.management_project",
            "module.redteam.data.openstack_networking_network_v2.competition_cloud_network",
            "module.redteam.data.openstack_networking_secgroup_v2.default_secgroup",
            "module.redteam.openstack_networking_secgroup_v2.redteam_secgroup",
            "module.redteam.openstack_networking_subnet_v2.redteam_subnet"
          ]
        }
      ]
    },
    {
      "module": "module.redteam",
      "mode": "managed",
      "type": "openstack_networking_port_v2",
      "name": "redteam_seven_port",
      "provider": "provider[\"registry.terraform.io/terraform-provider-openstack/openstack\"]",
      "instances": [
        {
          "schema_version": 0,
          "attributes": {
            "admin_state_up": true,
            "all_fixed_ips": [
              "10.50.0.7"
            ],
            "all_security_group_ids": [
              "5881d6e2-3a9b-4cc6-800b-5268f0c7f3bb",
              "df7d77a2-adf9-433c-9e4f-240ebebb8ed5"
            ],
            "all_tags": [],
            "allowed_address_pairs": [],
            "binding": [
              {
                "host_id": "",
                "profile": "",
                "vif_details": {},
                "vif_type": "",
                "vnic_type": "normal"
              }
            ],
            "description": "",
            "device_id": "",
            "device_owner": "",
            "dns_assignment": [],
            "dns_name": "",
            "extra_dhcp_option": [],
            "fixed_ip": [
              {
                "ip_address": "10.50.0.7",
                "subnet_id": "0844b10d-3370-435f-9a59-e88cd02fcf74"
              }
            ],
            "id": "c9eb87b9-ab94-4081-a7b5-246041076724",
            "mac_address": "fa:16:3e:f0:74:97",
            "name": "Redteam #7 Port",
            "network_id": "bd7b1cc0-4f64-4dd4-a0e7-4e8a29290d3a",
            "no_fixed_ip": null,
            "no_security_groups": null,
            "port_security_enabled": true,
            "qos_policy_id": "",
            "region": "gibson",
            "security_group_ids": [
              "5881d6e2-3a9b-4cc6-800b-5268f0c7f3bb",
              "df7d77a2-adf9-433c-9e4f-240ebebb8ed5"
            ],
            "tags": null,
            "tenant_id": "a04419c07de1428ba9f58093b1b52ef3",
            "timeouts": null,
            "value_specs": null
          },
          "sensitive_attributes": [],
          "private": "eyJlMmJmYjczMC1lY2FhLTExZTYtOGY4OC0zNDM2M2JjN2M0YzAiOnsiY3JlYXRlIjo2MDAwMDAwMDAwMDAsImRlbGV0ZSI6NjAwMDAwMDAwMDAwfX0=",
          "dependencies": [
            "module.redteam.data.openstack_identity_project_v3.management_project",
            "module.redteam.data.openstack_networking_network_v2.competition_cloud_network",
            "module.redteam.data.openstack_networking_secgroup_v2.default_secgroup",
            "module.redteam.openstack_networking_secgroup_v2.redteam_secgroup",
            "module.redteam.openstack_networking_subnet_v2.redteam_subnet"
          ]
        }
      ]
    },
    {
      "module": "module.redteam",
      "mode": "managed",
      "type": "openstack_networking_port_v2",
      "name": "redteam_six_port",
      "provider": "provider[\"registry.terraform.io/terraform-provider-openstack/openstack\"]",
      "instances": [
        {
          "schema_version": 0,
          "attributes": {
            "admin_state_up": true,
            "all_fixed_ips": [
              "10.50.0.6"
            ],
            "all_security_group_ids": [
              "5881d6e2-3a9b-4cc6-800b-5268f0c7f3bb",
              "df7d77a2-adf9-433c-9e4f-240ebebb8ed5"
            ],
            "all_tags": [],
            "allowed_address_pairs": [],
            "binding": [
              {
                "host_id": "",
                "profile": "",
                "vif_details": {},
                "vif_type": "",
                "vnic_type": "normal"
              }
            ],
            "description": "",
            "device_id": "",
            "device_owner": "",
            "dns_assignment": [],
            "dns_name": "",
            "extra_dhcp_option": [],
            "fixed_ip": [
              {
                "ip_address": "10.50.0.6",
                "subnet_id": "0844b10d-3370-435f-9a59-e88cd02fcf74"
              }
            ],
            "id": "573c445d-1d87-4cab-b5d2-611780af01db",
            "mac_address": "fa:16:3e:42:26:8f",
            "name": "Redteam #6 Port",
            "network_id": "bd7b1cc0-4f64-4dd4-a0e7-4e8a29290d3a",
            "no_fixed_ip": null,
            "no_security_groups": null,
            "port_security_enabled": true,
            "qos_policy_id": "",
            "region": "gibson",
            "security_group_ids": [
              "5881d6e2-3a9b-4cc6-800b-5268f0c7f3bb",
              "df7d77a2-adf9-433c-9e4f-240ebebb8ed5"
            ],
            "tags": null,
            "tenant_id": "a04419c07de1428ba9f58093b1b52ef3",
            "timeouts": null,
            "value_specs": null
          },
          "sensitive_attributes": [],
          "private": "eyJlMmJmYjczMC1lY2FhLTExZTYtOGY4OC0zNDM2M2JjN2M0YzAiOnsiY3JlYXRlIjo2MDAwMDAwMDAwMDAsImRlbGV0ZSI6NjAwMDAwMDAwMDAwfX0=",
          "dependencies": [
            "module.redteam.data.openstack_identity_project_v3.management_project",
            "module.redteam.data.openstack_networking_network_v2.competition_cloud_network",
            "module.redteam.data.openstack_networking_secgroup_v2.default_secgroup",
            "module.redteam.openstack_networking_secgroup_v2.redteam_secgroup",
            "module.redteam.openstack_networking_subnet_v2.redteam_subnet"
          ]
        }
      ]
    },
    {
      "module": "module.redteam",
      "mode": "managed",
      "type": "openstack_networking_port_v2",
      "name": "redteam_subnet_port",
      "provider": "provider[\"registry.terraform.io/terraform-provider-openstack/openstack\"]",
      "instances": [
        {
          "schema_version": 0,
          "attributes": {
            "admin_state_up": true,
            "all_fixed_ips": [
              "10.50.0.254"
            ],
            "all_security_group_ids": [],
            "all_tags": [],
            "allowed_address_pairs": [],
            "binding": [
              {
                "host_id": "",
                "profile": "",
                "vif_details": {},
                "vif_type": "",
                "vnic_type": "normal"
              }
            ],
            "description": "",
            "device_id": "",
            "device_owner": "",
            "dns_assignment": [],
            "dns_name": "",
            "extra_dhcp_option": [],
            "fixed_ip": [
              {
                "ip_address": "10.50.0.254",
                "subnet_id": "0844b10d-3370-435f-9a59-e88cd02fcf74"
              }
            ],
            "id": "a2a80f42-fd33-495f-a2c6-a13ba9224338",
            "mac_address": "fa:16:3e:d7:ec:92",
            "name": "Redteam Port",
            "network_id": "bd7b1cc0-4f64-4dd4-a0e7-4e8a29290d3a",
            "no_fixed_ip": null,
            "no_security_groups": null,
            "port_security_enabled": false,
            "qos_policy_id": "",
            "region": "gibson",
            "security_group_ids": null,
            "tags": null,
            "tenant_id": "a04419c07de1428ba9f58093b1b52ef3",
            "timeouts": null,
            "value_specs": null
          },
          "sensitive_attributes": [],
          "private": "eyJlMmJmYjczMC1lY2FhLTExZTYtOGY4OC0zNDM2M2JjN2M0YzAiOnsiY3JlYXRlIjo2MDAwMDAwMDAwMDAsImRlbGV0ZSI6NjAwMDAwMDAwMDAwfX0=",
          "dependencies": [
            "module.redteam.data.openstack_networking_network_v2.competition_cloud_network",
            "module.redteam.openstack_networking_subnet_v2.redteam_subnet"
          ]
        }
      ]
    },
    {
      "module": "module.redteam",
      "mode": "managed",
      "type": "openstack_networking_port_v2",
      "name": "redteam_ten_port",
      "provider": "provider[\"registry.terraform.io/terraform-provider-openstack/openstack\"]",
      "instances": [
        {
          "schema_version": 0,
          "attributes": {
            "admin_state_up": true,
            "all_fixed_ips": [
              "10.50.0.10"
            ],
            "all_security_group_ids": [
              "5881d6e2-3a9b-4cc6-800b-5268f0c7f3bb",
              "df7d77a2-adf9-433c-9e4f-240ebebb8ed5"
            ],
            "all_tags": [],
            "allowed_address_pairs": [],
            "binding": [
              {
                "host_id": "",
                "profile": "",
                "vif_details": {},
                "vif_type": "",
                "vnic_type": "normal"
              }
            ],
            "description": "",
            "device_id": "",
            "device_owner": "",
            "dns_assignment": [],
            "dns_name": "",
            "extra_dhcp_option": [],
            "fixed_ip": [
              {
                "ip_address": "10.50.0.10",
                "subnet_id": "0844b10d-3370-435f-9a59-e88cd02fcf74"
              }
            ],
            "id": "7e9ed900-339d-42b3-9e39-ef8a14cecbfc",
            "mac_address": "fa:16:3e:f7:06:a7",
            "name": "Redteam #10 Port",
            "network_id": "bd7b1cc0-4f64-4dd4-a0e7-4e8a29290d3a",
            "no_fixed_ip": null,
            "no_security_groups": null,
            "port_security_enabled": true,
            "qos_policy_id": "",
            "region": "gibson",
            "security_group_ids": [
              "5881d6e2-3a9b-4cc6-800b-5268f0c7f3bb",
              "df7d77a2-adf9-433c-9e4f-240ebebb8ed5"
            ],
            "tags": null,
            "tenant_id": "a04419c07de1428ba9f58093b1b52ef3",
            "timeouts": null,
            "value_specs": null
          },
          "sensitive_attributes": [],
          "private": "eyJlMmJmYjczMC1lY2FhLTExZTYtOGY4OC0zNDM2M2JjN2M0YzAiOnsiY3JlYXRlIjo2MDAwMDAwMDAwMDAsImRlbGV0ZSI6NjAwMDAwMDAwMDAwfX0=",
          "dependencies": [
            "module.redteam.data.openstack_identity_project_v3.management_project",
            "module.redteam.data.openstack_networking_network_v2.competition_cloud_network",
            "module.redteam.data.openstack_networking_secgroup_v2.default_secgroup",
            "module.redteam.openstack_networking_secgroup_v2.redteam_secgroup",
            "module.redteam.openstack_networking_subnet_v2.redteam_subnet"
          ]
        }
      ]
    },
    {
      "module": "module.redteam",
      "mode": "managed",
      "type": "openstack_networking_port_v2",
      "name": "redteam_three_port",
      "provider": "provider[\"registry.terraform.io/terraform-provider-openstack/openstack\"]",
      "instances": [
        {
          "schema_version": 0,
          "attributes": {
            "admin_state_up": true,
            "all_fixed_ips": [
              "10.50.0.3"
            ],
            "all_security_group_ids": [
              "5881d6e2-3a9b-4cc6-800b-5268f0c7f3bb",
              "df7d77a2-adf9-433c-9e4f-240ebebb8ed5"
            ],
            "all_tags": [],
            "allowed_address_pairs": [],
            "binding": [
              {
                "host_id": "",
                "profile": "",
                "vif_details": {},
                "vif_type": "",
                "vnic_type": "normal"
              }
            ],
            "description": "",
            "device_id": "",
            "device_owner": "",
            "dns_assignment": [],
            "dns_name": "",
            "extra_dhcp_option": [],
            "fixed_ip": [
              {
                "ip_address": "10.50.0.3",
                "subnet_id": "0844b10d-3370-435f-9a59-e88cd02fcf74"
              }
            ],
            "id": "98d0a8e5-8c92-41dc-8c44-606b50a8c98e",
            "mac_address": "fa:16:3e:a8:62:3e",
            "name": "Redteam #3 Port",
            "network_id": "bd7b1cc0-4f64-4dd4-a0e7-4e8a29290d3a",
            "no_fixed_ip": null,
            "no_security_groups": null,
            "port_security_enabled": true,
            "qos_policy_id": "",
            "region": "gibson",
            "security_group_ids": [
              "5881d6e2-3a9b-4cc6-800b-5268f0c7f3bb",
              "df7d77a2-adf9-433c-9e4f-240ebebb8ed5"
            ],
            "tags": null,
            "tenant_id": "a04419c07de1428ba9f58093b1b52ef3",
            "timeouts": null,
            "value_specs": null
          },
          "sensitive_attributes": [],
          "private": "eyJlMmJmYjczMC1lY2FhLTExZTYtOGY4OC0zNDM2M2JjN2M0YzAiOnsiY3JlYXRlIjo2MDAwMDAwMDAwMDAsImRlbGV0ZSI6NjAwMDAwMDAwMDAwfX0=",
          "dependencies": [
            "module.redteam.data.openstack_identity_project_v3.management_project",
            "module.redteam.data.openstack_networking_network_v2.competition_cloud_network",
            "module.redteam.data.openstack_networking_secgroup_v2.default_secgroup",
            "module.redteam.openstack_networking_secgroup_v2.redteam_secgroup",
            "module.redteam.openstack_networking_subnet_v2.redteam_subnet"
          ]
        }
      ]
    },
    {
      "module": "module.redteam",
      "mode": "managed",
      "type": "openstack_networking_port_v2",
      "name": "redteam_two_port",
      "provider": "provider[\"registry.terraform.io/terraform-provider-openstack/openstack\"]",
      "instances": [
        {
          "schema_version": 0,
          "attributes": {
            "admin_state_up": true,
            "all_fixed_ips": [
              "10.50.0.2"
            ],
            "all_security_group_ids": [
              "5881d6e2-3a9b-4cc6-800b-5268f0c7f3bb",
              "df7d77a2-adf9-433c-9e4f-240ebebb8ed5"
            ],
            "all_tags": [],
            "allowed_address_pairs": [],
            "binding": [
              {
                "host_id": "",
                "profile": "",
                "vif_details": {},
                "vif_type": "",
                "vnic_type": "normal"
              }
            ],
            "description": "",
            "device_id": "",
            "device_owner": "",
            "dns_assignment": [],
            "dns_name": "",
            "extra_dhcp_option": [],
            "fixed_ip": [
              {
                "ip_address": "10.50.0.2",
                "subnet_id": "0844b10d-3370-435f-9a59-e88cd02fcf74"
              }
            ],
            "id": "6eb8c17e-c2d2-487b-9ba6-4bd0b89fde45",
            "mac_address": "fa:16:3e:bd:88:53",
            "name": "Redteam #2 Port",
            "network_id": "bd7b1cc0-4f64-4dd4-a0e7-4e8a29290d3a",
            "no_fixed_ip": null,
            "no_security_groups": null,
            "port_security_enabled": true,
            "qos_policy_id": "",
            "region": "gibson",
            "security_group_ids": [
              "5881d6e2-3a9b-4cc6-800b-5268f0c7f3bb",
              "df7d77a2-adf9-433c-9e4f-240ebebb8ed5"
            ],
            "tags": null,
            "tenant_id": "a04419c07de1428ba9f58093b1b52ef3",
            "timeouts": null,
            "value_specs": null
          },
          "sensitive_attributes": [],
          "private": "eyJlMmJmYjczMC1lY2FhLTExZTYtOGY4OC0zNDM2M2JjN2M0YzAiOnsiY3JlYXRlIjo2MDAwMDAwMDAwMDAsImRlbGV0ZSI6NjAwMDAwMDAwMDAwfX0=",
          "dependencies": [
            "module.redteam.data.openstack_identity_project_v3.management_project",
            "module.redteam.data.openstack_networking_network_v2.competition_cloud_network",
            "module.redteam.data.openstack_networking_secgroup_v2.default_secgroup",
            "module.redteam.openstack_networking_secgroup_v2.redteam_secgroup",
            "module.redteam.openstack_networking_subnet_v2.redteam_subnet"
          ]
        }
      ]
    },
    {
      "module": "module.redteam",
      "mode": "managed",
      "type": "openstack_networking_router_interface_v2",
      "name": "redteam_interface",
      "provider": "provider[\"registry.terraform.io/terraform-provider-openstack/openstack\"]",
      "instances": [
        {
          "schema_version": 0,
          "attributes": {
            "id": "a2a80f42-fd33-495f-a2c6-a13ba9224338",
            "port_id": "a2a80f42-fd33-495f-a2c6-a13ba9224338",
            "region": "gibson",
            "router_id": "f8621c1f-8a35-4687-aab8-8769c79a9733",
            "subnet_id": "0844b10d-3370-435f-9a59-e88cd02fcf74",
            "timeouts": null
          },
          "sensitive_attributes": [],
          "private": "eyJlMmJmYjczMC1lY2FhLTExZTYtOGY4OC0zNDM2M2JjN2M0YzAiOnsiY3JlYXRlIjo2MDAwMDAwMDAwMDAsImRlbGV0ZSI6NjAwMDAwMDAwMDAwfX0=",
          "dependencies": [
            "module.redteam.data.openstack_networking_network_v2.competition_cloud_network",
            "module.redteam.data.openstack_networking_router_v2.core_router",
            "module.redteam.openstack_networking_port_v2.redteam_subnet_port",
            "module.redteam.openstack_networking_subnet_v2.redteam_subnet"
          ]
        }
      ]
    },
    {
      "module": "module.redteam",
      "mode": "managed",
      "type": "openstack_networking_secgroup_rule_v2",
      "name": "redteam_secgroup_rule",
      "provider": "provider[\"registry.terraform.io/terraform-provider-openstack/openstack\"]",
      "instances": [
        {
          "index_key": "http",
          "schema_version": 0,
          "attributes": {
            "description": "http",
            "direction": "ingress",
            "ethertype": "IPv4",
            "id": "40e887da-cdd8-4dd5-85fd-87c5d9fc3bd9",
            "port_range_max": 80,
            "port_range_min": 80,
            "protocol": "tcp",
            "region": "gibson",
            "remote_group_id": "",
            "remote_ip_prefix": "",
            "security_group_id": "5881d6e2-3a9b-4cc6-800b-5268f0c7f3bb",
            "tenant_id": "a04419c07de1428ba9f58093b1b52ef3",
            "timeouts": null
          },
          "sensitive_attributes": [],
          "private": "eyJlMmJmYjczMC1lY2FhLTExZTYtOGY4OC0zNDM2M2JjN2M0YzAiOnsiZGVsZXRlIjo2MDAwMDAwMDAwMDB9fQ==",
          "dependencies": [
            "module.redteam.data.openstack_identity_project_v3.management_project",
            "module.redteam.openstack_networking_secgroup_v2.redteam_secgroup"
          ]
        },
        {
          "index_key": "https",
          "schema_version": 0,
          "attributes": {
            "description": "https",
            "direction": "ingress",
            "ethertype": "IPv4",
            "id": "a29203fe-3f66-46b7-9bcf-62eb9cd0829f",
            "port_range_max": 443,
            "port_range_min": 443,
            "protocol": "tcp",
            "region": "gibson",
            "remote_group_id": "",
            "remote_ip_prefix": "",
            "security_group_id": "5881d6e2-3a9b-4cc6-800b-5268f0c7f3bb",
            "tenant_id": "a04419c07de1428ba9f58093b1b52ef3",
            "timeouts": null
          },
          "sensitive_attributes": [],
          "private": "eyJlMmJmYjczMC1lY2FhLTExZTYtOGY4OC0zNDM2M2JjN2M0YzAiOnsiZGVsZXRlIjo2MDAwMDAwMDAwMDB9fQ==",
          "dependencies": [
            "module.redteam.data.openstack_identity_project_v3.management_project",
            "module.redteam.openstack_networking_secgroup_v2.redteam_secgroup"
          ]
        },
        {
          "index_key": "ssh",
          "schema_version": 0,
          "attributes": {
            "description": "ssh",
            "direction": "ingress",
            "ethertype": "IPv4",
            "id": "a867b995-173b-46f4-a4a4-09cb8c747608",
            "port_range_max": 22,
            "port_range_min": 22,
            "protocol": "tcp",
            "region": "gibson",
            "remote_group_id": "",
            "remote_ip_prefix": "",
            "security_group_id": "5881d6e2-3a9b-4cc6-800b-5268f0c7f3bb",
            "tenant_id": "a04419c07de1428ba9f58093b1b52ef3",
            "timeouts": null
          },
          "sensitive_attributes": [],
          "private": "eyJlMmJmYjczMC1lY2FhLTExZTYtOGY4OC0zNDM2M2JjN2M0YzAiOnsiZGVsZXRlIjo2MDAwMDAwMDAwMDB9fQ==",
          "dependencies": [
            "module.redteam.data.openstack_identity_project_v3.management_project",
            "module.redteam.openstack_networking_secgroup_v2.redteam_secgroup"
          ]
        }
      ]
    },
    {
      "module": "module.redteam",
      "mode": "managed",
      "type": "openstack_networking_secgroup_v2",
      "name": "redteam_secgroup",
      "provider": "provider[\"registry.terraform.io/terraform-provider-openstack/openstack\"]",
      "instances": [
        {
          "schema_version": 0,
          "attributes": {
            "all_tags": [],
            "delete_default_rules": null,
            "description": "",
            "id": "5881d6e2-3a9b-4cc6-800b-5268f0c7f3bb",
            "name": "Redteam Secgroup",
            "region": "gibson",
            "tags": null,
            "tenant_id": "a04419c07de1428ba9f58093b1b52ef3",
            "timeouts": null
          },
          "sensitive_attributes": [],
          "private": "eyJlMmJmYjczMC1lY2FhLTExZTYtOGY4OC0zNDM2M2JjN2M0YzAiOnsiZGVsZXRlIjo2MDAwMDAwMDAwMDB9fQ==",
          "dependencies": [
            "module.redteam.data.openstack_identity_project_v3.management_project"
          ]
        }
      ]
    },
    {
      "module": "module.redteam",
      "mode": "managed",
      "type": "openstack_networking_subnet_v2",
      "name": "redteam_subnet",
      "provider": "provider[\"registry.terraform.io/terraform-provider-openstack/openstack\"]",
      "instances": [
        {
          "schema_version": 0,
          "attributes": {
            "all_tags": [],
            "allocation_pool": [
              {
                "end": "10.50.0.250",
                "start": "10.50.0.200"
              }
            ],
            "allocation_pools": [
              {
                "end": "10.50.0.250",
                "start": "10.50.0.200"
              }
            ],
            "cidr": "10.50.0.0/24",
            "description": "",
            "dns_nameservers": [
              "10.100.0.3",
              "1.1.1.1",
              "1.0.0.1"
            ],
            "enable_dhcp": true,
            "gateway_ip": "10.50.0.254",
            "host_routes": [],
            "id": "0844b10d-3370-435f-9a59-e88cd02fcf74",
            "ip_version": 4,
            "ipv6_address_mode": "",
            "ipv6_ra_mode": "",
            "name": "Redteam Subnet",
            "network_id": "bd7b1cc0-4f64-4dd4-a0e7-4e8a29290d3a",
            "no_gateway": false,
            "prefix_length": null,
            "region": "gibson",
            "subnetpool_id": "",
            "tags": null,
            "tenant_id": "a04419c07de1428ba9f58093b1b52ef3",
            "timeouts": null,
            "value_specs": null
          },
          "sensitive_attributes": [],
          "private": "eyJlMmJmYjczMC1lY2FhLTExZTYtOGY4OC0zNDM2M2JjN2M0YzAiOnsiY3JlYXRlIjo2MDAwMDAwMDAwMDAsImRlbGV0ZSI6NjAwMDAwMDAwMDAwfX0=",
          "dependencies": [
            "module.redteam.data.openstack_networking_network_v2.competition_cloud_network"
          ]
        }
      ]
    }
  ],
  "check_results": null
}
