{
  "version": 4,
  "terraform_version": "1.5.6",
  "serial": 604,
  "lineage": "b177fcdf-2195-60da-fc6c-261f9da9093f",
  "outputs": {},
  "resources": [
    {
      "mode": "data",
      "type": "openstack_compute_flavor_v2",
      "name": "flavor_linux_medium",
      "provider": "provider[\"registry.terraform.io/terraform-provider-openstack/openstack\"]",
      "instances": [
        {
          "schema_version": 0,
          "attributes": {
            "disk": 40,
            "extra_specs": {},
            "flavor_id": "5f964abc-866f-4d79-8aae-f9460cfb28d7",
            "id": "5f964abc-866f-4d79-8aae-f9460cfb28d7",
            "is_public": true,
            "min_disk": null,
            "min_ram": null,
            "name": "small",
            "ram": 1024,
            "region": null,
            "rx_tx_factor": 1,
            "swap": 0,
            "vcpus": 2
          },
          "sensitive_attributes": []
        }
      ]
    },
    {
      "mode": "data",
      "type": "openstack_identity_project_v3",
      "name": "management_project",
      "provider": "provider[\"registry.terraform.io/terraform-provider-openstack/openstack\"]",
      "instances": [
        {
          "schema_version": 0,
          "attributes": {
            "description": "Project to build infrastructure for competition",
            "domain_id": "default",
            "enabled": true,
            "id": "a04419c07de1428ba9f58093b1b52ef3",
            "is_domain": false,
            "name": "charlie-infra",
            "parent_id": "default",
            "region": null,
            "tags": []
          },
          "sensitive_attributes": []
        }
      ]
    },
    {
      "mode": "data",
      "type": "openstack_images_image_v2",
      "name": "image_kali",
      "provider": "provider[\"registry.terraform.io/terraform-provider-openstack/openstack\"]",
      "instances": [
        {
          "schema_version": 0,
          "attributes": {
            "checksum": "25646b0730f990ef9d147019ce666a5f",
            "container_format": "bare",
            "created_at": "2023-03-14T18:42:19Z",
            "disk_format": "raw",
            "file": "/v2/images/485d1ad9-9f8d-4605-a80a-ab94352e2476/file",
            "hidden": false,
            "id": "485d1ad9-9f8d-4605-a80a-ab94352e2476",
            "member_status": null,
            "metadata": {},
            "min_disk_gb": 0,
            "min_ram_mb": 0,
            "most_recent": false,
            "name": "Kali-2023.1",
            "owner": "a69aa169729a4dbea0d9b9683072260d",
            "properties": {
              "direct_url": "rbd://bd7939e4-b236-11ed-a05f-be894137183b/images/485d1ad9-9f8d-4605-a80a-ab94352e2476/snap",
              "os_hash_algo": "sha512",
              "os_hash_value": "55c431153fc1d65c9584220e8bc256d951ffea76f3bd88026377ebce674da4e56cc0e9e774aacd0b240323d094a2f7276cb54fd33c4d2236a8817bfc1d1cbed5",
              "owner_specified.openstack.md5": "",
              "owner_specified.openstack.object": "images/Kali-2023.1",
              "owner_specified.openstack.sha256": "",
              "stores": "rbd"
            },
            "protected": false,
            "region": "",
            "schema": "/v2/schemas/image",
            "size_bytes": 86000000000,
            "size_max": null,
            "size_min": null,
            "sort_direction": "asc",
            "sort_key": "name",
            "tag": null,
            "tags": [],
            "updated_at": "2023-03-14T18:57:21Z",
            "visibility": "public"
          },
          "sensitive_attributes": []
        }
      ]
    },
    {
      "mode": "data",
      "type": "openstack_images_image_v2",
      "name": "image_ubuntu_22",
      "provider": "provider[\"registry.terraform.io/terraform-provider-openstack/openstack\"]",
      "instances": [
        {
          "schema_version": 0,
          "attributes": {
            "checksum": "6cc46ebe49acefe98bccb967d6b13e7d",
            "container_format": "bare",
            "created_at": "2023-02-23T22:38:21Z",
            "disk_format": "raw",
            "file": "/v2/images/f19eb19d-2bd0-4c73-9e9e-88f3e94d8646/file",
            "hidden": false,
            "id": "f19eb19d-2bd0-4c73-9e9e-88f3e94d8646",
            "member_status": null,
            "metadata": {},
            "min_disk_gb": 0,
            "min_ram_mb": 0,
            "most_recent": false,
            "name": "UbuntuJammy2204",
            "owner": "a69aa169729a4dbea0d9b9683072260d",
            "properties": {
              "direct_url": "rbd://bd7939e4-b236-11ed-a05f-be894137183b/images/f19eb19d-2bd0-4c73-9e9e-88f3e94d8646/snap",
              "os_hash_algo": "sha512",
              "os_hash_value": "bf0ba0d66a5f6653d131afe63ffdf40aff429d9b43ac78363f775e41b6d4cac57157b99409817b79cc0a3d075d919d38f572bc3162cd2d2f4ecd94c49d3af94c",
              "owner_specified.openstack.md5": "",
              "owner_specified.openstack.object": "images/UbuntuJammy2204",
              "owner_specified.openstack.sha256": "",
              "stores": "rbd"
            },
            "protected": false,
            "region": "",
            "schema": "/v2/schemas/image",
            "size_bytes": 2361393152,
            "size_max": null,
            "size_min": null,
            "sort_direction": "asc",
            "sort_key": "name",
            "tag": null,
            "tags": [],
            "updated_at": "2023-02-23T22:38:41Z",
            "visibility": "public"
          },
          "sensitive_attributes": []
        }
      ]
    },
    {
      "mode": "data",
      "type": "openstack_networking_network_v2",
      "name": "external_network",
      "provider": "provider[\"registry.terraform.io/terraform-provider-openstack/openstack\"]",
      "instances": [
        {
          "schema_version": 0,
          "attributes": {
            "admin_state_up": "true",
            "all_tags": [],
            "availability_zone_hints": [],
            "description": "",
            "dns_domain": "",
            "external": true,
            "id": "d96988a6-c388-4032-8067-0b89d572cad0",
            "matching_subnet_cidr": null,
            "mtu": 1500,
            "name": "external249",
            "network_id": null,
            "region": "",
            "shared": "false",
            "status": null,
            "subnets": [
              "69f14ecc-2bad-412e-abf1-24c90da9be5e"
            ],
            "tags": null,
            "tenant_id": "a69aa169729a4dbea0d9b9683072260d",
            "transparent_vlan": false
          },
          "sensitive_attributes": []
        }
      ]
    },
    {
      "module": "module.redteam",
      "mode": "data",
      "type": "openstack_identity_project_v3",
      "name": "management_project",
      "provider": "provider[\"registry.terraform.io/terraform-provider-openstack/openstack\"]",
      "instances": [
        {
          "schema_version": 0,
          "attributes": {
            "description": "Project to build infrastructure for competition",
            "domain_id": "default",
            "enabled": true,
            "id": "a04419c07de1428ba9f58093b1b52ef3",
            "is_domain": false,
            "name": "charlie-infra",
            "parent_id": "default",
            "region": null,
            "tags": []
          },
          "sensitive_attributes": []
        }
      ]
    },
    {
      "module": "module.redteam",
      "mode": "data",
      "type": "openstack_networking_network_v2",
      "name": "competition_cloud_network",
      "provider": "provider[\"registry.terraform.io/terraform-provider-openstack/openstack\"]",
      "instances": [
        {
          "schema_version": 0,
          "attributes": {
            "admin_state_up": "true",
            "all_tags": [],
            "availability_zone_hints": [],
            "description": "",
            "dns_domain": "",
            "external": false,
            "id": "0563761b-dfcd-42bd-8c22-5b1ec0ecff34",
            "matching_subnet_cidr": null,
            "mtu": 8942,
            "name": "Competition Cloud Network",
            "network_id": null,
            "region": "",
            "shared": "false",
            "status": null,
            "subnets": [
              "a2d83ef6-a1a8-4e3c-a821-107fd9fc96a5",
              "ae67b106-2016-4095-a336-daae1a2629ec",
              "bf7771e5-b6cc-4068-8fed-ebd3bd41dfc6"
            ],
            "tags": null,
            "tenant_id": "a04419c07de1428ba9f58093b1b52ef3",
            "transparent_vlan": false
          },
          "sensitive_attributes": []
        }
      ]
    },
    {
      "module": "module.redteam",
      "mode": "data",
      "type": "openstack_networking_router_v2",
      "name": "core_router",
      "provider": "provider[\"registry.terraform.io/terraform-provider-openstack/openstack\"]",
      "instances": [
        {
          "schema_version": 0,
          "attributes": {
            "admin_state_up": true,
            "all_tags": [],
            "availability_zone_hints": [],
            "description": "",
            "distributed": false,
            "enable_snat": true,
            "external_fixed_ip": [
              {
                "ip_address": "129.21.249.186",
                "subnet_id": "69f14ecc-2bad-412e-abf1-24c90da9be5e"
              }
            ],
            "external_network_id": "d96988a6-c388-4032-8067-0b89d572cad0",
            "id": "b7ac7325-5564-45b0-a821-4eb1bde51abd",
            "name": "Core Router",
            "region": "",
            "router_id": null,
            "status": "ACTIVE",
            "tags": null,
            "tenant_id": "a04419c07de1428ba9f58093b1b52ef3"
          },
          "sensitive_attributes": []
        }
      ]
    },
    {
      "module": "module.redteam",
      "mode": "data",
      "type": "openstack_networking_secgroup_v2",
      "name": "default_secgroup",
      "provider": "provider[\"registry.terraform.io/terraform-provider-openstack/openstack\"]",
      "instances": [
        {
          "schema_version": 0,
          "attributes": {
            "all_tags": [],
            "description": "Default security group",
            "id": "df7d77a2-adf9-433c-9e4f-240ebebb8ed5",
            "name": "default",
            "region": "",
            "secgroup_id": "df7d77a2-adf9-433c-9e4f-240ebebb8ed5",
            "tags": null,
            "tenant_id": "a04419c07de1428ba9f58093b1b52ef3"
          },
          "sensitive_attributes": []
        }
      ]
    },
    {
      "module": "module.redteam",
      "mode": "managed",
      "type": "openstack_blockstorage_volume_v3",
      "name": "redteam_volumes",
      "provider": "provider[\"registry.terraform.io/terraform-provider-openstack/openstack\"]",
      "instances": [
        {
          "index_key": "eight",
          "schema_version": 0,
          "attributes": {
            "attachment": [],
            "availability_zone": "nova",
            "consistency_group_id": null,
            "description": "",
            "enable_online_resize": null,
            "id": "2c1d0b7f-63da-466b-ad2f-dbbe313f041c",
            "image_id": "485d1ad9-9f8d-4605-a80a-ab94352e2476",
            "metadata": {},
            "multiattach": null,
            "name": "eight.redteam.thanksgiving.dinner-volume",
            "region": "",
            "scheduler_hints": [],
            "size": 81,
            "snapshot_id": "",
            "source_replica": null,
            "source_vol_id": "",
            "timeouts": {
              "create": "30m",
              "delete": null
            },
            "volume_type": "__DEFAULT__"
          },
          "sensitive_attributes": [],
          "private": "eyJlMmJmYjczMC1lY2FhLTExZTYtOGY4OC0zNDM2M2JjN2M0YzAiOnsiY3JlYXRlIjoxODAwMDAwMDAwMDAwLCJkZWxldGUiOjYwMDAwMDAwMDAwMH19",
          "dependencies": [
            "data.openstack_compute_flavor_v2.flavor_linux_medium",
            "data.openstack_images_image_v2.image_kali"
          ]
        },
        {
          "index_key": "five",
          "schema_version": 0,
          "attributes": {
            "attachment": [],
            "availability_zone": "nova",
            "consistency_group_id": null,
            "description": "",
            "enable_online_resize": null,
            "id": "05a1c917-1b54-4921-baac-35b4d84d0bb7",
            "image_id": "485d1ad9-9f8d-4605-a80a-ab94352e2476",
            "metadata": {},
            "multiattach": null,
            "name": "five.redteam.thanksgiving.dinner-volume",
            "region": "",
            "scheduler_hints": [],
            "size": 81,
            "snapshot_id": "",
            "source_replica": null,
            "source_vol_id": "",
            "timeouts": {
              "create": "30m",
              "delete": null
            },
            "volume_type": "__DEFAULT__"
          },
          "sensitive_attributes": [],
          "private": "eyJlMmJmYjczMC1lY2FhLTExZTYtOGY4OC0zNDM2M2JjN2M0YzAiOnsiY3JlYXRlIjoxODAwMDAwMDAwMDAwLCJkZWxldGUiOjYwMDAwMDAwMDAwMH19",
          "dependencies": [
            "data.openstack_compute_flavor_v2.flavor_linux_medium",
            "data.openstack_images_image_v2.image_kali"
          ]
        },
        {
          "index_key": "four",
          "schema_version": 0,
          "attributes": {
            "attachment": [],
            "availability_zone": "nova",
            "consistency_group_id": null,
            "description": "",
            "enable_online_resize": null,
            "id": "af0840e1-cc5c-465b-98c9-438ec15008ac",
            "image_id": "485d1ad9-9f8d-4605-a80a-ab94352e2476",
            "metadata": {},
            "multiattach": null,
            "name": "four.redteam.thanksgiving.dinner-volume",
            "region": "",
            "scheduler_hints": [],
            "size": 81,
            "snapshot_id": "",
            "source_replica": null,
            "source_vol_id": "",
            "timeouts": {
              "create": "30m",
              "delete": null
            },
            "volume_type": "__DEFAULT__"
          },
          "sensitive_attributes": [],
          "private": "eyJlMmJmYjczMC1lY2FhLTExZTYtOGY4OC0zNDM2M2JjN2M0YzAiOnsiY3JlYXRlIjoxODAwMDAwMDAwMDAwLCJkZWxldGUiOjYwMDAwMDAwMDAwMH19",
          "dependencies": [
            "data.openstack_compute_flavor_v2.flavor_linux_medium",
            "data.openstack_images_image_v2.image_kali"
          ]
        },
        {
          "index_key": "nine",
          "schema_version": 0,
          "attributes": {
            "attachment": [],
            "availability_zone": "nova",
            "consistency_group_id": null,
            "description": "",
            "enable_online_resize": null,
            "id": "53a15a1c-e832-4551-9041-89abc338ae27",
            "image_id": "485d1ad9-9f8d-4605-a80a-ab94352e2476",
            "metadata": {},
            "multiattach": null,
            "name": "nine.redteam.thanksgiving.dinner-volume",
            "region": "",
            "scheduler_hints": [],
            "size": 81,
            "snapshot_id": "",
            "source_replica": null,
            "source_vol_id": "",
            "timeouts": {
              "create": "30m",
              "delete": null
            },
            "volume_type": "__DEFAULT__"
          },
          "sensitive_attributes": [],
          "private": "eyJlMmJmYjczMC1lY2FhLTExZTYtOGY4OC0zNDM2M2JjN2M0YzAiOnsiY3JlYXRlIjoxODAwMDAwMDAwMDAwLCJkZWxldGUiOjYwMDAwMDAwMDAwMH19",
          "dependencies": [
            "data.openstack_compute_flavor_v2.flavor_linux_medium",
            "data.openstack_images_image_v2.image_kali"
          ]
        },
        {
          "index_key": "one",
          "schema_version": 0,
          "attributes": {
            "attachment": [],
            "availability_zone": "nova",
            "consistency_group_id": null,
            "description": "",
            "enable_online_resize": null,
            "id": "8d6bcb56-a452-495a-9306-0af5d57950ca",
            "image_id": "485d1ad9-9f8d-4605-a80a-ab94352e2476",
            "metadata": {},
            "multiattach": null,
            "name": "one.redteam.thanksgiving.dinner-volume",
            "region": "",
            "scheduler_hints": [],
            "size": 81,
            "snapshot_id": "",
            "source_replica": null,
            "source_vol_id": "",
            "timeouts": {
              "create": "30m",
              "delete": null
            },
            "volume_type": "__DEFAULT__"
          },
          "sensitive_attributes": [],
          "private": "eyJlMmJmYjczMC1lY2FhLTExZTYtOGY4OC0zNDM2M2JjN2M0YzAiOnsiY3JlYXRlIjoxODAwMDAwMDAwMDAwLCJkZWxldGUiOjYwMDAwMDAwMDAwMH19",
          "dependencies": [
            "data.openstack_compute_flavor_v2.flavor_linux_medium",
            "data.openstack_images_image_v2.image_kali"
          ]
        },
        {
          "index_key": "seven",
          "schema_version": 0,
          "attributes": {
            "attachment": [],
            "availability_zone": "nova",
            "consistency_group_id": null,
            "description": "",
            "enable_online_resize": null,
            "id": "d54d2072-e3de-4ed6-ad62-7152f51a4235",
            "image_id": "485d1ad9-9f8d-4605-a80a-ab94352e2476",
            "metadata": {},
            "multiattach": null,
            "name": "seven.redteam.thanksgiving.dinner-volume",
            "region": "",
            "scheduler_hints": [],
            "size": 81,
            "snapshot_id": "",
            "source_replica": null,
            "source_vol_id": "",
            "timeouts": {
              "create": "30m",
              "delete": null
            },
            "volume_type": "__DEFAULT__"
          },
          "sensitive_attributes": [],
          "private": "eyJlMmJmYjczMC1lY2FhLTExZTYtOGY4OC0zNDM2M2JjN2M0YzAiOnsiY3JlYXRlIjoxODAwMDAwMDAwMDAwLCJkZWxldGUiOjYwMDAwMDAwMDAwMH19",
          "dependencies": [
            "data.openstack_compute_flavor_v2.flavor_linux_medium",
            "data.openstack_images_image_v2.image_kali"
          ]
        },
        {
          "index_key": "six",
          "schema_version": 0,
          "attributes": {
            "attachment": [],
            "availability_zone": "nova",
            "consistency_group_id": null,
            "description": "",
            "enable_online_resize": null,
            "id": "eab9e8aa-7797-44d1-897b-f5b980fe446e",
            "image_id": "485d1ad9-9f8d-4605-a80a-ab94352e2476",
            "metadata": {},
            "multiattach": null,
            "name": "six.redteam.thanksgiving.dinner-volume",
            "region": "",
            "scheduler_hints": [],
            "size": 81,
            "snapshot_id": "",
            "source_replica": null,
            "source_vol_id": "",
            "timeouts": {
              "create": "30m",
              "delete": null
            },
            "volume_type": "__DEFAULT__"
          },
          "sensitive_attributes": [],
          "private": "eyJlMmJmYjczMC1lY2FhLTExZTYtOGY4OC0zNDM2M2JjN2M0YzAiOnsiY3JlYXRlIjoxODAwMDAwMDAwMDAwLCJkZWxldGUiOjYwMDAwMDAwMDAwMH19",
          "dependencies": [
            "data.openstack_compute_flavor_v2.flavor_linux_medium",
            "data.openstack_images_image_v2.image_kali"
          ]
        },
        {
          "index_key": "ten",
          "schema_version": 0,
          "attributes": {
            "attachment": [],
            "availability_zone": "nova",
            "consistency_group_id": null,
            "description": "",
            "enable_online_resize": null,
            "id": "edae6b77-3ad3-4834-b310-0ed0f4a79ea7",
            "image_id": "485d1ad9-9f8d-4605-a80a-ab94352e2476",
            "metadata": {},
            "multiattach": null,
            "name": "ten.redteam.thanksgiving.dinner-volume",
            "region": "",
            "scheduler_hints": [],
            "size": 81,
            "snapshot_id": "",
            "source_replica": null,
            "source_vol_id": "",
            "timeouts": {
              "create": "30m",
              "delete": null
            },
            "volume_type": "__DEFAULT__"
          },
          "sensitive_attributes": [],
          "private": "eyJlMmJmYjczMC1lY2FhLTExZTYtOGY4OC0zNDM2M2JjN2M0YzAiOnsiY3JlYXRlIjoxODAwMDAwMDAwMDAwLCJkZWxldGUiOjYwMDAwMDAwMDAwMH19",
          "dependencies": [
            "data.openstack_compute_flavor_v2.flavor_linux_medium",
            "data.openstack_images_image_v2.image_kali"
          ]
        },
        {
          "index_key": "three",
          "schema_version": 0,
          "attributes": {
            "attachment": [],
            "availability_zone": "nova",
            "consistency_group_id": null,
            "description": "",
            "enable_online_resize": null,
            "id": "32e8a575-7d2d-4798-9b4d-01698579c2fc",
            "image_id": "485d1ad9-9f8d-4605-a80a-ab94352e2476",
            "metadata": {},
            "multiattach": null,
            "name": "three.redteam.thanksgiving.dinner-volume",
            "region": "",
            "scheduler_hints": [],
            "size": 81,
            "snapshot_id": "",
            "source_replica": null,
            "source_vol_id": "",
            "timeouts": {
              "create": "30m",
              "delete": null
            },
            "volume_type": "__DEFAULT__"
          },
          "sensitive_attributes": [],
          "private": "eyJlMmJmYjczMC1lY2FhLTExZTYtOGY4OC0zNDM2M2JjN2M0YzAiOnsiY3JlYXRlIjoxODAwMDAwMDAwMDAwLCJkZWxldGUiOjYwMDAwMDAwMDAwMH19",
          "dependencies": [
            "data.openstack_compute_flavor_v2.flavor_linux_medium",
            "data.openstack_images_image_v2.image_kali"
          ]
        },
        {
          "index_key": "two",
          "schema_version": 0,
          "attributes": {
            "attachment": [],
            "availability_zone": "nova",
            "consistency_group_id": null,
            "description": "",
            "enable_online_resize": null,
            "id": "97b495f7-941d-40b7-9016-6e369c655a7c",
            "image_id": "485d1ad9-9f8d-4605-a80a-ab94352e2476",
            "metadata": {},
            "multiattach": null,
            "name": "two.redteam.thanksgiving.dinner-volume",
            "region": "",
            "scheduler_hints": [],
            "size": 81,
            "snapshot_id": "",
            "source_replica": null,
            "source_vol_id": "",
            "timeouts": {
              "create": "30m",
              "delete": null
            },
            "volume_type": "__DEFAULT__"
          },
          "sensitive_attributes": [],
          "private": "eyJlMmJmYjczMC1lY2FhLTExZTYtOGY4OC0zNDM2M2JjN2M0YzAiOnsiY3JlYXRlIjoxODAwMDAwMDAwMDAwLCJkZWxldGUiOjYwMDAwMDAwMDAwMH19",
          "dependencies": [
            "data.openstack_compute_flavor_v2.flavor_linux_medium",
            "data.openstack_images_image_v2.image_kali"
          ]
        }
      ]
    },
    {
      "module": "module.redteam",
      "mode": "managed",
      "type": "openstack_compute_instance_v2",
      "name": "redteam_instance",
      "provider": "provider[\"registry.terraform.io/terraform-provider-openstack/openstack\"]",
      "instances": [
        {
          "index_key": "eight",
          "schema_version": 0,
          "attributes": {
            "access_ip_v4": "10.50.0.8",
            "access_ip_v6": "",
            "admin_pass": null,
            "all_metadata": {},
            "all_tags": [
              "project-ThanksgivingThrowdown-mgmt",
              "project-management",
              "redteam-eight"
            ],
            "availability_zone": "host08",
            "availability_zone_hints": null,
            "block_device": [
              {
                "boot_index": 0,
                "delete_on_termination": true,
                "destination_type": "volume",
                "device_type": "",
                "disk_bus": "",
                "guest_format": "",
                "source_type": "volume",
                "uuid": "2c1d0b7f-63da-466b-ad2f-dbbe313f041c",
                "volume_size": 0,
                "volume_type": ""
              }
            ],
            "config_drive": true,
            "flavor_id": "5f964abc-866f-4d79-8aae-f9460cfb28d7",
            "flavor_name": "small",
            "floating_ip": null,
            "force_delete": false,
            "id": "f3f76bab-bef2-4bcf-9e25-7724fa8735cd",
            "image_id": "Attempt to boot from volume - no image supplied",
            "image_name": null,
            "key_pair": "",
            "metadata": null,
            "name": "eight.redteam.thanksgiving.dinner",
            "network": [
              {
                "access_network": false,
                "fixed_ip_v4": "10.50.0.8",
                "fixed_ip_v6": "",
                "floating_ip": "",
                "mac": "fa:16:3e:f5:7f:a5",
                "name": "Competition Cloud Network",
                "port": "510422f0-5318-4240-8691-7ddd9c64b180",
                "uuid": "0563761b-dfcd-42bd-8c22-5b1ec0ecff34"
              }
            ],
            "network_mode": null,
            "personality": [],
            "power_state": "active",
            "region": "",
            "scheduler_hints": [],
            "security_groups": [
              "Redteam Secgroup",
              "default"
            ],
            "stop_before_destroy": false,
            "tags": [
              "project-ThanksgivingThrowdown-mgmt",
              "project-management",
              "redteam-eight"
            ],
            "timeouts": null,
            "user_data": "1de93e3524d6127b05d5652fab22c332baaaba52",
            "vendor_options": [],
            "volume": []
          },
          "sensitive_attributes": [],
          "private": "eyJlMmJmYjczMC1lY2FhLTExZTYtOGY4OC0zNDM2M2JjN2M0YzAiOnsiY3JlYXRlIjoxODAwMDAwMDAwMDAwLCJkZWxldGUiOjE4MDAwMDAwMDAwMDAsInVwZGF0ZSI6MTgwMDAwMDAwMDAwMH19",
          "dependencies": [
            "data.openstack_compute_flavor_v2.flavor_linux_medium",
            "data.openstack_images_image_v2.image_kali",
            "module.redteam.openstack_blockstorage_volume_v3.redteam_volumes",
            "module.redteam.openstack_networking_port_v2.redteam_eight_port",
            "module.redteam.openstack_networking_port_v2.redteam_five_port",
            "module.redteam.openstack_networking_port_v2.redteam_four_port",
            "module.redteam.openstack_networking_port_v2.redteam_nine_port",
            "module.redteam.openstack_networking_port_v2.redteam_one_port",
            "module.redteam.openstack_networking_port_v2.redteam_seven_port",
            "module.redteam.openstack_networking_port_v2.redteam_six_port",
            "module.redteam.openstack_networking_port_v2.redteam_ten_port",
            "module.redteam.openstack_networking_port_v2.redteam_three_port",
            "module.redteam.openstack_networking_port_v2.redteam_two_port",
            "module.redteam.openstack_networking_subnet_v2.redteam_subnet"
          ]
        },
        {
          "index_key": "five",
          "schema_version": 0,
          "attributes": {
            "access_ip_v4": "10.50.0.5",
            "access_ip_v6": "",
            "admin_pass": null,
            "all_metadata": {},
            "all_tags": [
              "project-ThanksgivingThrowdown-mgmt",
              "project-management",
              "redteam-five"
            ],
            "availability_zone": "host08",
            "availability_zone_hints": null,
            "block_device": [
              {
                "boot_index": 0,
                "delete_on_termination": true,
                "destination_type": "volume",
                "device_type": "",
                "disk_bus": "",
                "guest_format": "",
                "source_type": "volume",
                "uuid": "05a1c917-1b54-4921-baac-35b4d84d0bb7",
                "volume_size": 0,
                "volume_type": ""
              }
            ],
            "config_drive": true,
            "flavor_id": "5f964abc-866f-4d79-8aae-f9460cfb28d7",
            "flavor_name": "small",
            "floating_ip": null,
            "force_delete": false,
            "id": "a6d51d7b-5c0e-4f89-a4ef-fc2d475a304e",
            "image_id": "Attempt to boot from volume - no image supplied",
            "image_name": null,
            "key_pair": "",
            "metadata": null,
            "name": "five.redteam.thanksgiving.dinner",
            "network": [
              {
                "access_network": false,
                "fixed_ip_v4": "10.50.0.5",
                "fixed_ip_v6": "",
                "floating_ip": "",
                "mac": "fa:16:3e:a0:42:f8",
                "name": "Competition Cloud Network",
                "port": "3c67ca1b-eba2-49b0-9356-5d339eaa5c04",
                "uuid": "0563761b-dfcd-42bd-8c22-5b1ec0ecff34"
              }
            ],
            "network_mode": null,
            "personality": [],
            "power_state": "active",
            "region": "",
            "scheduler_hints": [],
            "security_groups": [
              "Redteam Secgroup",
              "default"
            ],
            "stop_before_destroy": false,
            "tags": [
              "project-ThanksgivingThrowdown-mgmt",
              "project-management",
              "redteam-five"
            ],
            "timeouts": null,
            "user_data": "1de93e3524d6127b05d5652fab22c332baaaba52",
            "vendor_options": [],
            "volume": []
          },
          "sensitive_attributes": [],
          "private": "eyJlMmJmYjczMC1lY2FhLTExZTYtOGY4OC0zNDM2M2JjN2M0YzAiOnsiY3JlYXRlIjoxODAwMDAwMDAwMDAwLCJkZWxldGUiOjE4MDAwMDAwMDAwMDAsInVwZGF0ZSI6MTgwMDAwMDAwMDAwMH19",
          "dependencies": [
            "data.openstack_compute_flavor_v2.flavor_linux_medium",
            "data.openstack_images_image_v2.image_kali",
            "module.redteam.openstack_blockstorage_volume_v3.redteam_volumes",
            "module.redteam.openstack_networking_port_v2.redteam_eight_port",
            "module.redteam.openstack_networking_port_v2.redteam_five_port",
            "module.redteam.openstack_networking_port_v2.redteam_four_port",
            "module.redteam.openstack_networking_port_v2.redteam_nine_port",
            "module.redteam.openstack_networking_port_v2.redteam_one_port",
            "module.redteam.openstack_networking_port_v2.redteam_seven_port",
            "module.redteam.openstack_networking_port_v2.redteam_six_port",
            "module.redteam.openstack_networking_port_v2.redteam_ten_port",
            "module.redteam.openstack_networking_port_v2.redteam_three_port",
            "module.redteam.openstack_networking_port_v2.redteam_two_port",
            "module.redteam.openstack_networking_subnet_v2.redteam_subnet"
          ]
        },
        {
          "index_key": "four",
          "schema_version": 0,
          "attributes": {
            "access_ip_v4": "10.50.0.4",
            "access_ip_v6": "",
            "admin_pass": null,
            "all_metadata": {},
            "all_tags": [
              "project-ThanksgivingThrowdown-mgmt",
              "project-management",
              "redteam-four"
            ],
            "availability_zone": "host08",
            "availability_zone_hints": null,
            "block_device": [
              {
                "boot_index": 0,
                "delete_on_termination": true,
                "destination_type": "volume",
                "device_type": "",
                "disk_bus": "",
                "guest_format": "",
                "source_type": "volume",
                "uuid": "af0840e1-cc5c-465b-98c9-438ec15008ac",
                "volume_size": 0,
                "volume_type": ""
              }
            ],
            "config_drive": true,
            "flavor_id": "5f964abc-866f-4d79-8aae-f9460cfb28d7",
            "flavor_name": "small",
            "floating_ip": null,
            "force_delete": false,
            "id": "effc5832-eff2-46eb-80fd-071b66cb4d0b",
            "image_id": "Attempt to boot from volume - no image supplied",
            "image_name": null,
            "key_pair": "",
            "metadata": null,
            "name": "four.redteam.thanksgiving.dinner",
            "network": [
              {
                "access_network": false,
                "fixed_ip_v4": "10.50.0.4",
                "fixed_ip_v6": "",
                "floating_ip": "",
                "mac": "fa:16:3e:04:bc:b2",
                "name": "Competition Cloud Network",
                "port": "86469a35-b415-435c-a337-d4bd77b3d491",
                "uuid": "0563761b-dfcd-42bd-8c22-5b1ec0ecff34"
              }
            ],
            "network_mode": null,
            "personality": [],
            "power_state": "active",
            "region": "",
            "scheduler_hints": [],
            "security_groups": [
              "Redteam Secgroup",
              "default"
            ],
            "stop_before_destroy": false,
            "tags": [
              "project-ThanksgivingThrowdown-mgmt",
              "project-management",
              "redteam-four"
            ],
            "timeouts": null,
            "user_data": "1de93e3524d6127b05d5652fab22c332baaaba52",
            "vendor_options": [],
            "volume": []
          },
          "sensitive_attributes": [],
          "private": "eyJlMmJmYjczMC1lY2FhLTExZTYtOGY4OC0zNDM2M2JjN2M0YzAiOnsiY3JlYXRlIjoxODAwMDAwMDAwMDAwLCJkZWxldGUiOjE4MDAwMDAwMDAwMDAsInVwZGF0ZSI6MTgwMDAwMDAwMDAwMH19",
          "dependencies": [
            "data.openstack_compute_flavor_v2.flavor_linux_medium",
            "data.openstack_images_image_v2.image_kali",
            "module.redteam.openstack_blockstorage_volume_v3.redteam_volumes",
            "module.redteam.openstack_networking_port_v2.redteam_eight_port",
            "module.redteam.openstack_networking_port_v2.redteam_five_port",
            "module.redteam.openstack_networking_port_v2.redteam_four_port",
            "module.redteam.openstack_networking_port_v2.redteam_nine_port",
            "module.redteam.openstack_networking_port_v2.redteam_one_port",
            "module.redteam.openstack_networking_port_v2.redteam_seven_port",
            "module.redteam.openstack_networking_port_v2.redteam_six_port",
            "module.redteam.openstack_networking_port_v2.redteam_ten_port",
            "module.redteam.openstack_networking_port_v2.redteam_three_port",
            "module.redteam.openstack_networking_port_v2.redteam_two_port",
            "module.redteam.openstack_networking_subnet_v2.redteam_subnet"
          ]
        },
        {
          "index_key": "nine",
          "schema_version": 0,
          "attributes": {
            "access_ip_v4": "10.50.0.9",
            "access_ip_v6": "",
            "admin_pass": null,
            "all_metadata": {},
            "all_tags": [
              "project-ThanksgivingThrowdown-mgmt",
              "project-management",
              "redteam-nine"
            ],
            "availability_zone": "host07",
            "availability_zone_hints": null,
            "block_device": [
              {
                "boot_index": 0,
                "delete_on_termination": true,
                "destination_type": "volume",
                "device_type": "",
                "disk_bus": "",
                "guest_format": "",
                "source_type": "volume",
                "uuid": "53a15a1c-e832-4551-9041-89abc338ae27",
                "volume_size": 0,
                "volume_type": ""
              }
            ],
            "config_drive": true,
            "flavor_id": "5f964abc-866f-4d79-8aae-f9460cfb28d7",
            "flavor_name": "small",
            "floating_ip": null,
            "force_delete": false,
            "id": "238bfaba-d8e8-49a7-8ae7-7e600c7a7853",
            "image_id": "Attempt to boot from volume - no image supplied",
            "image_name": null,
            "key_pair": "",
            "metadata": null,
            "name": "nine.redteam.thanksgiving.dinner",
            "network": [
              {
                "access_network": false,
                "fixed_ip_v4": "10.50.0.9",
                "fixed_ip_v6": "",
                "floating_ip": "",
                "mac": "fa:16:3e:40:fc:14",
                "name": "Competition Cloud Network",
                "port": "2f7f1bd2-0560-4c5b-8121-4569df2d9d44",
                "uuid": "0563761b-dfcd-42bd-8c22-5b1ec0ecff34"
              }
            ],
            "network_mode": null,
            "personality": [],
            "power_state": "active",
            "region": "",
            "scheduler_hints": [],
            "security_groups": [
              "Redteam Secgroup",
              "default"
            ],
            "stop_before_destroy": false,
            "tags": [
              "project-ThanksgivingThrowdown-mgmt",
              "project-management",
              "redteam-nine"
            ],
            "timeouts": null,
            "user_data": "1de93e3524d6127b05d5652fab22c332baaaba52",
            "vendor_options": [],
            "volume": []
          },
          "sensitive_attributes": [],
          "private": "eyJlMmJmYjczMC1lY2FhLTExZTYtOGY4OC0zNDM2M2JjN2M0YzAiOnsiY3JlYXRlIjoxODAwMDAwMDAwMDAwLCJkZWxldGUiOjE4MDAwMDAwMDAwMDAsInVwZGF0ZSI6MTgwMDAwMDAwMDAwMH19",
          "dependencies": [
            "data.openstack_compute_flavor_v2.flavor_linux_medium",
            "data.openstack_images_image_v2.image_kali",
            "module.redteam.openstack_blockstorage_volume_v3.redteam_volumes",
            "module.redteam.openstack_networking_port_v2.redteam_eight_port",
            "module.redteam.openstack_networking_port_v2.redteam_five_port",
            "module.redteam.openstack_networking_port_v2.redteam_four_port",
            "module.redteam.openstack_networking_port_v2.redteam_nine_port",
            "module.redteam.openstack_networking_port_v2.redteam_one_port",
            "module.redteam.openstack_networking_port_v2.redteam_seven_port",
            "module.redteam.openstack_networking_port_v2.redteam_six_port",
            "module.redteam.openstack_networking_port_v2.redteam_ten_port",
            "module.redteam.openstack_networking_port_v2.redteam_three_port",
            "module.redteam.openstack_networking_port_v2.redteam_two_port",
            "module.redteam.openstack_networking_subnet_v2.redteam_subnet"
          ]
        },
        {
          "index_key": "one",
          "schema_version": 0,
          "attributes": {
            "access_ip_v4": "10.50.0.1",
            "access_ip_v6": "",
            "admin_pass": null,
            "all_metadata": {},
            "all_tags": [
              "project-ThanksgivingThrowdown-mgmt",
              "project-management",
              "redteam-one"
            ],
            "availability_zone": "host08",
            "availability_zone_hints": null,
            "block_device": [
              {
                "boot_index": 0,
                "delete_on_termination": true,
                "destination_type": "volume",
                "device_type": "",
                "disk_bus": "",
                "guest_format": "",
                "source_type": "volume",
                "uuid": "8d6bcb56-a452-495a-9306-0af5d57950ca",
                "volume_size": 0,
                "volume_type": ""
              }
            ],
            "config_drive": true,
            "flavor_id": "5f964abc-866f-4d79-8aae-f9460cfb28d7",
            "flavor_name": "small",
            "floating_ip": null,
            "force_delete": false,
            "id": "0f6fe837-c9dc-45e8-8cda-e59960e6c7e4",
            "image_id": "Attempt to boot from volume - no image supplied",
            "image_name": null,
            "key_pair": "",
            "metadata": null,
            "name": "one.redteam.thanksgiving.dinner",
            "network": [
              {
                "access_network": false,
                "fixed_ip_v4": "10.50.0.1",
                "fixed_ip_v6": "",
                "floating_ip": "",
                "mac": "fa:16:3e:86:5a:3f",
                "name": "Competition Cloud Network",
                "port": "9a6ef67c-133d-4030-92da-41a1e8baa30c",
                "uuid": "0563761b-dfcd-42bd-8c22-5b1ec0ecff34"
              }
            ],
            "network_mode": null,
            "personality": [],
            "power_state": "active",
            "region": "",
            "scheduler_hints": [],
            "security_groups": [
              "Redteam Secgroup",
              "default"
            ],
            "stop_before_destroy": false,
            "tags": [
              "project-ThanksgivingThrowdown-mgmt",
              "project-management",
              "redteam-one"
            ],
            "timeouts": null,
            "user_data": "1de93e3524d6127b05d5652fab22c332baaaba52",
            "vendor_options": [],
            "volume": []
          },
          "sensitive_attributes": [],
          "private": "eyJlMmJmYjczMC1lY2FhLTExZTYtOGY4OC0zNDM2M2JjN2M0YzAiOnsiY3JlYXRlIjoxODAwMDAwMDAwMDAwLCJkZWxldGUiOjE4MDAwMDAwMDAwMDAsInVwZGF0ZSI6MTgwMDAwMDAwMDAwMH19",
          "dependencies": [
            "data.openstack_compute_flavor_v2.flavor_linux_medium",
            "data.openstack_images_image_v2.image_kali",
            "module.redteam.openstack_blockstorage_volume_v3.redteam_volumes",
            "module.redteam.openstack_networking_port_v2.redteam_eight_port",
            "module.redteam.openstack_networking_port_v2.redteam_five_port",
            "module.redteam.openstack_networking_port_v2.redteam_four_port",
            "module.redteam.openstack_networking_port_v2.redteam_nine_port",
            "module.redteam.openstack_networking_port_v2.redteam_one_port",
            "module.redteam.openstack_networking_port_v2.redteam_seven_port",
            "module.redteam.openstack_networking_port_v2.redteam_six_port",
            "module.redteam.openstack_networking_port_v2.redteam_ten_port",
            "module.redteam.openstack_networking_port_v2.redteam_three_port",
            "module.redteam.openstack_networking_port_v2.redteam_two_port",
            "module.redteam.openstack_networking_subnet_v2.redteam_subnet"
          ]
        },
        {
          "index_key": "seven",
          "schema_version": 0,
          "attributes": {
            "access_ip_v4": "10.50.0.7",
            "access_ip_v6": "",
            "admin_pass": null,
            "all_metadata": {},
            "all_tags": [
              "project-ThanksgivingThrowdown-mgmt",
              "project-management",
              "redteam-seven"
            ],
            "availability_zone": "host08",
            "availability_zone_hints": null,
            "block_device": [
              {
                "boot_index": 0,
                "delete_on_termination": true,
                "destination_type": "volume",
                "device_type": "",
                "disk_bus": "",
                "guest_format": "",
                "source_type": "volume",
                "uuid": "d54d2072-e3de-4ed6-ad62-7152f51a4235",
                "volume_size": 0,
                "volume_type": ""
              }
            ],
            "config_drive": true,
            "flavor_id": "5f964abc-866f-4d79-8aae-f9460cfb28d7",
            "flavor_name": "small",
            "floating_ip": null,
            "force_delete": false,
            "id": "0d5e59a8-4120-4df0-9f32-fe28f5fefc6e",
            "image_id": "Attempt to boot from volume - no image supplied",
            "image_name": null,
            "key_pair": "",
            "metadata": null,
            "name": "seven.redteam.thanksgiving.dinner",
            "network": [
              {
                "access_network": false,
                "fixed_ip_v4": "10.50.0.7",
                "fixed_ip_v6": "",
                "floating_ip": "",
                "mac": "fa:16:3e:73:af:a8",
                "name": "Competition Cloud Network",
                "port": "2bbf9375-4333-419c-a242-46d9d644aea0",
                "uuid": "0563761b-dfcd-42bd-8c22-5b1ec0ecff34"
              }
            ],
            "network_mode": null,
            "personality": [],
            "power_state": "active",
            "region": "",
            "scheduler_hints": [],
            "security_groups": [
              "Redteam Secgroup",
              "default"
            ],
            "stop_before_destroy": false,
            "tags": [
              "project-ThanksgivingThrowdown-mgmt",
              "project-management",
              "redteam-seven"
            ],
            "timeouts": null,
            "user_data": "1de93e3524d6127b05d5652fab22c332baaaba52",
            "vendor_options": [],
            "volume": []
          },
          "sensitive_attributes": [],
          "private": "eyJlMmJmYjczMC1lY2FhLTExZTYtOGY4OC0zNDM2M2JjN2M0YzAiOnsiY3JlYXRlIjoxODAwMDAwMDAwMDAwLCJkZWxldGUiOjE4MDAwMDAwMDAwMDAsInVwZGF0ZSI6MTgwMDAwMDAwMDAwMH19",
          "dependencies": [
            "data.openstack_compute_flavor_v2.flavor_linux_medium",
            "data.openstack_images_image_v2.image_kali",
            "module.redteam.openstack_blockstorage_volume_v3.redteam_volumes",
            "module.redteam.openstack_networking_port_v2.redteam_eight_port",
            "module.redteam.openstack_networking_port_v2.redteam_five_port",
            "module.redteam.openstack_networking_port_v2.redteam_four_port",
            "module.redteam.openstack_networking_port_v2.redteam_nine_port",
            "module.redteam.openstack_networking_port_v2.redteam_one_port",
            "module.redteam.openstack_networking_port_v2.redteam_seven_port",
            "module.redteam.openstack_networking_port_v2.redteam_six_port",
            "module.redteam.openstack_networking_port_v2.redteam_ten_port",
            "module.redteam.openstack_networking_port_v2.redteam_three_port",
            "module.redteam.openstack_networking_port_v2.redteam_two_port",
            "module.redteam.openstack_networking_subnet_v2.redteam_subnet"
          ]
        },
        {
          "index_key": "six",
          "schema_version": 0,
          "attributes": {
            "access_ip_v4": "10.50.0.6",
            "access_ip_v6": "",
            "admin_pass": null,
            "all_metadata": {},
            "all_tags": [
              "project-ThanksgivingThrowdown-mgmt",
              "project-management",
              "redteam-six"
            ],
            "availability_zone": "host08",
            "availability_zone_hints": null,
            "block_device": [
              {
                "boot_index": 0,
                "delete_on_termination": true,
                "destination_type": "volume",
                "device_type": "",
                "disk_bus": "",
                "guest_format": "",
                "source_type": "volume",
                "uuid": "eab9e8aa-7797-44d1-897b-f5b980fe446e",
                "volume_size": 0,
                "volume_type": ""
              }
            ],
            "config_drive": true,
            "flavor_id": "5f964abc-866f-4d79-8aae-f9460cfb28d7",
            "flavor_name": "small",
            "floating_ip": null,
            "force_delete": false,
            "id": "f3416456-34e6-4941-9c56-d2330e5c4e5b",
            "image_id": "Attempt to boot from volume - no image supplied",
            "image_name": null,
            "key_pair": "",
            "metadata": null,
            "name": "six.redteam.thanksgiving.dinner",
            "network": [
              {
                "access_network": false,
                "fixed_ip_v4": "10.50.0.6",
                "fixed_ip_v6": "",
                "floating_ip": "",
                "mac": "fa:16:3e:01:f2:02",
                "name": "Competition Cloud Network",
                "port": "a3572eb0-b0f5-4ce4-a4c3-6e6261ce264d",
                "uuid": "0563761b-dfcd-42bd-8c22-5b1ec0ecff34"
              }
            ],
            "network_mode": null,
            "personality": [],
            "power_state": "active",
            "region": "",
            "scheduler_hints": [],
            "security_groups": [
              "Redteam Secgroup",
              "default"
            ],
            "stop_before_destroy": false,
            "tags": [
              "project-ThanksgivingThrowdown-mgmt",
              "project-management",
              "redteam-six"
            ],
            "timeouts": null,
            "user_data": "1de93e3524d6127b05d5652fab22c332baaaba52",
            "vendor_options": [],
            "volume": []
          },
          "sensitive_attributes": [],
          "private": "eyJlMmJmYjczMC1lY2FhLTExZTYtOGY4OC0zNDM2M2JjN2M0YzAiOnsiY3JlYXRlIjoxODAwMDAwMDAwMDAwLCJkZWxldGUiOjE4MDAwMDAwMDAwMDAsInVwZGF0ZSI6MTgwMDAwMDAwMDAwMH19",
          "dependencies": [
            "data.openstack_compute_flavor_v2.flavor_linux_medium",
            "data.openstack_images_image_v2.image_kali",
            "module.redteam.openstack_blockstorage_volume_v3.redteam_volumes",
            "module.redteam.openstack_networking_port_v2.redteam_eight_port",
            "module.redteam.openstack_networking_port_v2.redteam_five_port",
            "module.redteam.openstack_networking_port_v2.redteam_four_port",
            "module.redteam.openstack_networking_port_v2.redteam_nine_port",
            "module.redteam.openstack_networking_port_v2.redteam_one_port",
            "module.redteam.openstack_networking_port_v2.redteam_seven_port",
            "module.redteam.openstack_networking_port_v2.redteam_six_port",
            "module.redteam.openstack_networking_port_v2.redteam_ten_port",
            "module.redteam.openstack_networking_port_v2.redteam_three_port",
            "module.redteam.openstack_networking_port_v2.redteam_two_port",
            "module.redteam.openstack_networking_subnet_v2.redteam_subnet"
          ]
        },
        {
          "index_key": "ten",
          "schema_version": 0,
          "attributes": {
            "access_ip_v4": "10.50.0.10",
            "access_ip_v6": "",
            "admin_pass": null,
            "all_metadata": {},
            "all_tags": [
              "project-ThanksgivingThrowdown-mgmt",
              "project-management",
              "redteam-ten"
            ],
            "availability_zone": "host08",
            "availability_zone_hints": null,
            "block_device": [
              {
                "boot_index": 0,
                "delete_on_termination": true,
                "destination_type": "volume",
                "device_type": "",
                "disk_bus": "",
                "guest_format": "",
                "source_type": "volume",
                "uuid": "edae6b77-3ad3-4834-b310-0ed0f4a79ea7",
                "volume_size": 0,
                "volume_type": ""
              }
            ],
            "config_drive": true,
            "flavor_id": "5f964abc-866f-4d79-8aae-f9460cfb28d7",
            "flavor_name": "small",
            "floating_ip": null,
            "force_delete": false,
            "id": "5cef2864-2e1e-47c0-bd81-707238eb4147",
            "image_id": "Attempt to boot from volume - no image supplied",
            "image_name": null,
            "key_pair": "",
            "metadata": null,
            "name": "ten.redteam.thanksgiving.dinner",
            "network": [
              {
                "access_network": false,
                "fixed_ip_v4": "10.50.0.10",
                "fixed_ip_v6": "",
                "floating_ip": "",
                "mac": "fa:16:3e:f7:f4:90",
                "name": "Competition Cloud Network",
                "port": "9db38d80-0aa4-40a2-bd32-e1f941af4896",
                "uuid": "0563761b-dfcd-42bd-8c22-5b1ec0ecff34"
              }
            ],
            "network_mode": null,
            "personality": [],
            "power_state": "active",
            "region": "",
            "scheduler_hints": [],
            "security_groups": [
              "Redteam Secgroup",
              "default"
            ],
            "stop_before_destroy": false,
            "tags": [
              "project-ThanksgivingThrowdown-mgmt",
              "project-management",
              "redteam-ten"
            ],
            "timeouts": null,
            "user_data": "1de93e3524d6127b05d5652fab22c332baaaba52",
            "vendor_options": [],
            "volume": []
          },
          "sensitive_attributes": [],
          "private": "eyJlMmJmYjczMC1lY2FhLTExZTYtOGY4OC0zNDM2M2JjN2M0YzAiOnsiY3JlYXRlIjoxODAwMDAwMDAwMDAwLCJkZWxldGUiOjE4MDAwMDAwMDAwMDAsInVwZGF0ZSI6MTgwMDAwMDAwMDAwMH19",
          "dependencies": [
            "data.openstack_compute_flavor_v2.flavor_linux_medium",
            "data.openstack_images_image_v2.image_kali",
            "module.redteam.openstack_blockstorage_volume_v3.redteam_volumes",
            "module.redteam.openstack_networking_port_v2.redteam_eight_port",
            "module.redteam.openstack_networking_port_v2.redteam_five_port",
            "module.redteam.openstack_networking_port_v2.redteam_four_port",
            "module.redteam.openstack_networking_port_v2.redteam_nine_port",
            "module.redteam.openstack_networking_port_v2.redteam_one_port",
            "module.redteam.openstack_networking_port_v2.redteam_seven_port",
            "module.redteam.openstack_networking_port_v2.redteam_six_port",
            "module.redteam.openstack_networking_port_v2.redteam_ten_port",
            "module.redteam.openstack_networking_port_v2.redteam_three_port",
            "module.redteam.openstack_networking_port_v2.redteam_two_port",
            "module.redteam.openstack_networking_subnet_v2.redteam_subnet"
          ]
        },
        {
          "index_key": "three",
          "schema_version": 0,
          "attributes": {
            "access_ip_v4": "10.50.0.3",
            "access_ip_v6": "",
            "admin_pass": null,
            "all_metadata": {},
            "all_tags": [
              "project-ThanksgivingThrowdown-mgmt",
              "project-management",
              "redteam-three"
            ],
            "availability_zone": "host08",
            "availability_zone_hints": null,
            "block_device": [
              {
                "boot_index": 0,
                "delete_on_termination": true,
                "destination_type": "volume",
                "device_type": "",
                "disk_bus": "",
                "guest_format": "",
                "source_type": "volume",
                "uuid": "32e8a575-7d2d-4798-9b4d-01698579c2fc",
                "volume_size": 0,
                "volume_type": ""
              }
            ],
            "config_drive": true,
            "flavor_id": "5f964abc-866f-4d79-8aae-f9460cfb28d7",
            "flavor_name": "small",
            "floating_ip": null,
            "force_delete": false,
            "id": "30d99d1c-3cb4-4df6-aa3b-65ac0911faf5",
            "image_id": "Attempt to boot from volume - no image supplied",
            "image_name": null,
            "key_pair": "",
            "metadata": null,
            "name": "three.redteam.thanksgiving.dinner",
            "network": [
              {
                "access_network": false,
                "fixed_ip_v4": "10.50.0.3",
                "fixed_ip_v6": "",
                "floating_ip": "",
                "mac": "fa:16:3e:04:62:f9",
                "name": "Competition Cloud Network",
                "port": "5d55b7a3-8f6c-48a1-aaf5-3a2516468ebf",
                "uuid": "0563761b-dfcd-42bd-8c22-5b1ec0ecff34"
              }
            ],
            "network_mode": null,
            "personality": [],
            "power_state": "active",
            "region": "",
            "scheduler_hints": [],
            "security_groups": [
              "Redteam Secgroup",
              "default"
            ],
            "stop_before_destroy": false,
            "tags": [
              "project-ThanksgivingThrowdown-mgmt",
              "project-management",
              "redteam-three"
            ],
            "timeouts": null,
            "user_data": "1de93e3524d6127b05d5652fab22c332baaaba52",
            "vendor_options": [],
            "volume": []
          },
          "sensitive_attributes": [],
          "private": "eyJlMmJmYjczMC1lY2FhLTExZTYtOGY4OC0zNDM2M2JjN2M0YzAiOnsiY3JlYXRlIjoxODAwMDAwMDAwMDAwLCJkZWxldGUiOjE4MDAwMDAwMDAwMDAsInVwZGF0ZSI6MTgwMDAwMDAwMDAwMH19",
          "dependencies": [
            "data.openstack_compute_flavor_v2.flavor_linux_medium",
            "data.openstack_images_image_v2.image_kali",
            "module.redteam.openstack_blockstorage_volume_v3.redteam_volumes",
            "module.redteam.openstack_networking_port_v2.redteam_eight_port",
            "module.redteam.openstack_networking_port_v2.redteam_five_port",
            "module.redteam.openstack_networking_port_v2.redteam_four_port",
            "module.redteam.openstack_networking_port_v2.redteam_nine_port",
            "module.redteam.openstack_networking_port_v2.redteam_one_port",
            "module.redteam.openstack_networking_port_v2.redteam_seven_port",
            "module.redteam.openstack_networking_port_v2.redteam_six_port",
            "module.redteam.openstack_networking_port_v2.redteam_ten_port",
            "module.redteam.openstack_networking_port_v2.redteam_three_port",
            "module.redteam.openstack_networking_port_v2.redteam_two_port",
            "module.redteam.openstack_networking_subnet_v2.redteam_subnet"
          ]
        },
        {
          "index_key": "two",
          "schema_version": 0,
          "attributes": {
            "access_ip_v4": "10.50.0.2",
            "access_ip_v6": "",
            "admin_pass": null,
            "all_metadata": {},
            "all_tags": [
              "project-ThanksgivingThrowdown-mgmt",
              "project-management",
              "redteam-two"
            ],
            "availability_zone": "host08",
            "availability_zone_hints": null,
            "block_device": [
              {
                "boot_index": 0,
                "delete_on_termination": true,
                "destination_type": "volume",
                "device_type": "",
                "disk_bus": "",
                "guest_format": "",
                "source_type": "volume",
                "uuid": "97b495f7-941d-40b7-9016-6e369c655a7c",
                "volume_size": 0,
                "volume_type": ""
              }
            ],
            "config_drive": true,
            "flavor_id": "5f964abc-866f-4d79-8aae-f9460cfb28d7",
            "flavor_name": "small",
            "floating_ip": null,
            "force_delete": false,
            "id": "6584a9d2-a04d-4a29-a405-c8f7cb3cc27a",
            "image_id": "Attempt to boot from volume - no image supplied",
            "image_name": null,
            "key_pair": "",
            "metadata": null,
            "name": "two.redteam.thanksgiving.dinner",
            "network": [
              {
                "access_network": false,
                "fixed_ip_v4": "10.50.0.2",
                "fixed_ip_v6": "",
                "floating_ip": "",
                "mac": "fa:16:3e:02:55:64",
                "name": "Competition Cloud Network",
                "port": "a2d0bbad-2545-41a0-9d7f-0f62c8c9a6e5",
                "uuid": "0563761b-dfcd-42bd-8c22-5b1ec0ecff34"
              }
            ],
            "network_mode": null,
            "personality": [],
            "power_state": "active",
            "region": "",
            "scheduler_hints": [],
            "security_groups": [
              "Redteam Secgroup",
              "default"
            ],
            "stop_before_destroy": false,
            "tags": [
              "project-ThanksgivingThrowdown-mgmt",
              "project-management",
              "redteam-two"
            ],
            "timeouts": null,
            "user_data": "1de93e3524d6127b05d5652fab22c332baaaba52",
            "vendor_options": [],
            "volume": []
          },
          "sensitive_attributes": [],
          "private": "eyJlMmJmYjczMC1lY2FhLTExZTYtOGY4OC0zNDM2M2JjN2M0YzAiOnsiY3JlYXRlIjoxODAwMDAwMDAwMDAwLCJkZWxldGUiOjE4MDAwMDAwMDAwMDAsInVwZGF0ZSI6MTgwMDAwMDAwMDAwMH19",
          "dependencies": [
            "data.openstack_compute_flavor_v2.flavor_linux_medium",
            "data.openstack_images_image_v2.image_kali",
            "module.redteam.openstack_blockstorage_volume_v3.redteam_volumes",
            "module.redteam.openstack_networking_port_v2.redteam_eight_port",
            "module.redteam.openstack_networking_port_v2.redteam_five_port",
            "module.redteam.openstack_networking_port_v2.redteam_four_port",
            "module.redteam.openstack_networking_port_v2.redteam_nine_port",
            "module.redteam.openstack_networking_port_v2.redteam_one_port",
            "module.redteam.openstack_networking_port_v2.redteam_seven_port",
            "module.redteam.openstack_networking_port_v2.redteam_six_port",
            "module.redteam.openstack_networking_port_v2.redteam_ten_port",
            "module.redteam.openstack_networking_port_v2.redteam_three_port",
            "module.redteam.openstack_networking_port_v2.redteam_two_port",
            "module.redteam.openstack_networking_subnet_v2.redteam_subnet"
          ]
        }
      ]
    },
    {
      "module": "module.redteam",
      "mode": "managed",
      "type": "openstack_networking_port_v2",
      "name": "redteam_eight_port",
      "provider": "provider[\"registry.terraform.io/terraform-provider-openstack/openstack\"]",
      "instances": [
        {
          "schema_version": 0,
          "attributes": {
            "admin_state_up": true,
            "all_fixed_ips": [
              "10.50.0.8"
            ],
            "all_security_group_ids": [
              "a8f9c72a-2f44-4704-ade0-b022805ce548",
              "df7d77a2-adf9-433c-9e4f-240ebebb8ed5"
            ],
            "all_tags": [],
            "allowed_address_pairs": [],
            "binding": [
              {
                "host_id": "",
                "profile": "",
                "vif_details": {},
                "vif_type": "",
                "vnic_type": "normal"
              }
            ],
            "description": "",
            "device_id": "",
            "device_owner": "",
            "dns_assignment": [],
            "dns_name": "",
            "extra_dhcp_option": [],
            "fixed_ip": [
              {
                "ip_address": "10.50.0.8",
                "subnet_id": "bf7771e5-b6cc-4068-8fed-ebd3bd41dfc6"
              }
            ],
            "id": "510422f0-5318-4240-8691-7ddd9c64b180",
            "mac_address": "fa:16:3e:f5:7f:a5",
            "name": "Redteam #8 Port",
            "network_id": "0563761b-dfcd-42bd-8c22-5b1ec0ecff34",
            "no_fixed_ip": null,
            "no_security_groups": null,
            "port_security_enabled": true,
            "qos_policy_id": "",
            "region": "",
            "security_group_ids": [
              "a8f9c72a-2f44-4704-ade0-b022805ce548",
              "df7d77a2-adf9-433c-9e4f-240ebebb8ed5"
            ],
            "tags": [],
            "tenant_id": "a04419c07de1428ba9f58093b1b52ef3",
            "timeouts": null,
            "value_specs": null
          },
          "sensitive_attributes": [],
          "private": "eyJlMmJmYjczMC1lY2FhLTExZTYtOGY4OC0zNDM2M2JjN2M0YzAiOnsiY3JlYXRlIjo2MDAwMDAwMDAwMDAsImRlbGV0ZSI6NjAwMDAwMDAwMDAwfX0=",
          "dependencies": [
            "module.redteam.data.openstack_identity_project_v3.management_project",
            "module.redteam.data.openstack_networking_network_v2.competition_cloud_network",
            "module.redteam.data.openstack_networking_secgroup_v2.default_secgroup",
            "module.redteam.openstack_networking_secgroup_v2.redteam_secgroup",
            "module.redteam.openstack_networking_subnet_v2.redteam_subnet"
          ]
        }
      ]
    },
    {
      "module": "module.redteam",
      "mode": "managed",
      "type": "openstack_networking_port_v2",
      "name": "redteam_five_port",
      "provider": "provider[\"registry.terraform.io/terraform-provider-openstack/openstack\"]",
      "instances": [
        {
          "schema_version": 0,
          "attributes": {
            "admin_state_up": true,
            "all_fixed_ips": [
              "10.50.0.5"
            ],
            "all_security_group_ids": [
              "a8f9c72a-2f44-4704-ade0-b022805ce548",
              "df7d77a2-adf9-433c-9e4f-240ebebb8ed5"
            ],
            "all_tags": [],
            "allowed_address_pairs": [],
            "binding": [
              {
                "host_id": "",
                "profile": "",
                "vif_details": {},
                "vif_type": "",
                "vnic_type": "normal"
              }
            ],
            "description": "",
            "device_id": "",
            "device_owner": "",
            "dns_assignment": [],
            "dns_name": "",
            "extra_dhcp_option": [],
            "fixed_ip": [
              {
                "ip_address": "10.50.0.5",
                "subnet_id": "bf7771e5-b6cc-4068-8fed-ebd3bd41dfc6"
              }
            ],
            "id": "3c67ca1b-eba2-49b0-9356-5d339eaa5c04",
            "mac_address": "fa:16:3e:a0:42:f8",
            "name": "Redteam #5 Port",
            "network_id": "0563761b-dfcd-42bd-8c22-5b1ec0ecff34",
            "no_fixed_ip": null,
            "no_security_groups": null,
            "port_security_enabled": true,
            "qos_policy_id": "",
            "region": "",
            "security_group_ids": [
              "a8f9c72a-2f44-4704-ade0-b022805ce548",
              "df7d77a2-adf9-433c-9e4f-240ebebb8ed5"
            ],
            "tags": [],
            "tenant_id": "a04419c07de1428ba9f58093b1b52ef3",
            "timeouts": null,
            "value_specs": null
          },
          "sensitive_attributes": [],
          "private": "eyJlMmJmYjczMC1lY2FhLTExZTYtOGY4OC0zNDM2M2JjN2M0YzAiOnsiY3JlYXRlIjo2MDAwMDAwMDAwMDAsImRlbGV0ZSI6NjAwMDAwMDAwMDAwfX0=",
          "dependencies": [
            "module.redteam.data.openstack_identity_project_v3.management_project",
            "module.redteam.data.openstack_networking_network_v2.competition_cloud_network",
            "module.redteam.data.openstack_networking_secgroup_v2.default_secgroup",
            "module.redteam.openstack_networking_secgroup_v2.redteam_secgroup",
            "module.redteam.openstack_networking_subnet_v2.redteam_subnet"
          ]
        }
      ]
    },
    {
      "module": "module.redteam",
      "mode": "managed",
      "type": "openstack_networking_port_v2",
      "name": "redteam_four_port",
      "provider": "provider[\"registry.terraform.io/terraform-provider-openstack/openstack\"]",
      "instances": [
        {
          "schema_version": 0,
          "attributes": {
            "admin_state_up": true,
            "all_fixed_ips": [
              "10.50.0.4"
            ],
            "all_security_group_ids": [
              "a8f9c72a-2f44-4704-ade0-b022805ce548",
              "df7d77a2-adf9-433c-9e4f-240ebebb8ed5"
            ],
            "all_tags": [],
            "allowed_address_pairs": [],
            "binding": [
              {
                "host_id": "",
                "profile": "",
                "vif_details": {},
                "vif_type": "",
                "vnic_type": "normal"
              }
            ],
            "description": "",
            "device_id": "",
            "device_owner": "",
            "dns_assignment": [],
            "dns_name": "",
            "extra_dhcp_option": [],
            "fixed_ip": [
              {
                "ip_address": "10.50.0.4",
                "subnet_id": "bf7771e5-b6cc-4068-8fed-ebd3bd41dfc6"
              }
            ],
            "id": "86469a35-b415-435c-a337-d4bd77b3d491",
            "mac_address": "fa:16:3e:04:bc:b2",
            "name": "Redteam #4 Port",
            "network_id": "0563761b-dfcd-42bd-8c22-5b1ec0ecff34",
            "no_fixed_ip": null,
            "no_security_groups": null,
            "port_security_enabled": true,
            "qos_policy_id": "",
            "region": "",
            "security_group_ids": [
              "a8f9c72a-2f44-4704-ade0-b022805ce548",
              "df7d77a2-adf9-433c-9e4f-240ebebb8ed5"
            ],
            "tags": [],
            "tenant_id": "a04419c07de1428ba9f58093b1b52ef3",
            "timeouts": null,
            "value_specs": null
          },
          "sensitive_attributes": [],
          "private": "eyJlMmJmYjczMC1lY2FhLTExZTYtOGY4OC0zNDM2M2JjN2M0YzAiOnsiY3JlYXRlIjo2MDAwMDAwMDAwMDAsImRlbGV0ZSI6NjAwMDAwMDAwMDAwfX0=",
          "dependencies": [
            "module.redteam.data.openstack_identity_project_v3.management_project",
            "module.redteam.data.openstack_networking_network_v2.competition_cloud_network",
            "module.redteam.data.openstack_networking_secgroup_v2.default_secgroup",
            "module.redteam.openstack_networking_secgroup_v2.redteam_secgroup",
            "module.redteam.openstack_networking_subnet_v2.redteam_subnet"
          ]
        }
      ]
    },
    {
      "module": "module.redteam",
      "mode": "managed",
      "type": "openstack_networking_port_v2",
      "name": "redteam_nine_port",
      "provider": "provider[\"registry.terraform.io/terraform-provider-openstack/openstack\"]",
      "instances": [
        {
          "schema_version": 0,
          "attributes": {
            "admin_state_up": true,
            "all_fixed_ips": [
              "10.50.0.9"
            ],
            "all_security_group_ids": [
              "a8f9c72a-2f44-4704-ade0-b022805ce548",
              "df7d77a2-adf9-433c-9e4f-240ebebb8ed5"
            ],
            "all_tags": [],
            "allowed_address_pairs": [],
            "binding": [
              {
                "host_id": "",
                "profile": "",
                "vif_details": {},
                "vif_type": "",
                "vnic_type": "normal"
              }
            ],
            "description": "",
            "device_id": "",
            "device_owner": "",
            "dns_assignment": [],
            "dns_name": "",
            "extra_dhcp_option": [],
            "fixed_ip": [
              {
                "ip_address": "10.50.0.9",
                "subnet_id": "bf7771e5-b6cc-4068-8fed-ebd3bd41dfc6"
              }
            ],
            "id": "2f7f1bd2-0560-4c5b-8121-4569df2d9d44",
            "mac_address": "fa:16:3e:40:fc:14",
            "name": "Redteam #9 Port",
            "network_id": "0563761b-dfcd-42bd-8c22-5b1ec0ecff34",
            "no_fixed_ip": null,
            "no_security_groups": null,
            "port_security_enabled": true,
            "qos_policy_id": "",
            "region": "",
            "security_group_ids": [
              "a8f9c72a-2f44-4704-ade0-b022805ce548",
              "df7d77a2-adf9-433c-9e4f-240ebebb8ed5"
            ],
            "tags": [],
            "tenant_id": "a04419c07de1428ba9f58093b1b52ef3",
            "timeouts": null,
            "value_specs": null
          },
          "sensitive_attributes": [],
          "private": "eyJlMmJmYjczMC1lY2FhLTExZTYtOGY4OC0zNDM2M2JjN2M0YzAiOnsiY3JlYXRlIjo2MDAwMDAwMDAwMDAsImRlbGV0ZSI6NjAwMDAwMDAwMDAwfX0=",
          "dependencies": [
            "module.redteam.data.openstack_identity_project_v3.management_project",
            "module.redteam.data.openstack_networking_network_v2.competition_cloud_network",
            "module.redteam.data.openstack_networking_secgroup_v2.default_secgroup",
            "module.redteam.openstack_networking_secgroup_v2.redteam_secgroup",
            "module.redteam.openstack_networking_subnet_v2.redteam_subnet"
          ]
        }
      ]
    },
    {
      "module": "module.redteam",
      "mode": "managed",
      "type": "openstack_networking_port_v2",
      "name": "redteam_one_port",
      "provider": "provider[\"registry.terraform.io/terraform-provider-openstack/openstack\"]",
      "instances": [
        {
          "schema_version": 0,
          "attributes": {
            "admin_state_up": true,
            "all_fixed_ips": [
              "10.50.0.1"
            ],
            "all_security_group_ids": [
              "a8f9c72a-2f44-4704-ade0-b022805ce548",
              "df7d77a2-adf9-433c-9e4f-240ebebb8ed5"
            ],
            "all_tags": [],
            "allowed_address_pairs": [],
            "binding": [
              {
                "host_id": "",
                "profile": "",
                "vif_details": {},
                "vif_type": "",
                "vnic_type": "normal"
              }
            ],
            "description": "",
            "device_id": "",
            "device_owner": "",
            "dns_assignment": [],
            "dns_name": "",
            "extra_dhcp_option": [],
            "fixed_ip": [
              {
                "ip_address": "10.50.0.1",
                "subnet_id": "bf7771e5-b6cc-4068-8fed-ebd3bd41dfc6"
              }
            ],
            "id": "9a6ef67c-133d-4030-92da-41a1e8baa30c",
            "mac_address": "fa:16:3e:86:5a:3f",
            "name": "Redteam #1 Port",
            "network_id": "0563761b-dfcd-42bd-8c22-5b1ec0ecff34",
            "no_fixed_ip": null,
            "no_security_groups": null,
            "port_security_enabled": true,
            "qos_policy_id": "",
            "region": "",
            "security_group_ids": [
              "a8f9c72a-2f44-4704-ade0-b022805ce548",
              "df7d77a2-adf9-433c-9e4f-240ebebb8ed5"
            ],
            "tags": [],
            "tenant_id": "a04419c07de1428ba9f58093b1b52ef3",
            "timeouts": null,
            "value_specs": null
          },
          "sensitive_attributes": [],
          "private": "eyJlMmJmYjczMC1lY2FhLTExZTYtOGY4OC0zNDM2M2JjN2M0YzAiOnsiY3JlYXRlIjo2MDAwMDAwMDAwMDAsImRlbGV0ZSI6NjAwMDAwMDAwMDAwfX0=",
          "dependencies": [
            "module.redteam.data.openstack_identity_project_v3.management_project",
            "module.redteam.data.openstack_networking_network_v2.competition_cloud_network",
            "module.redteam.data.openstack_networking_secgroup_v2.default_secgroup",
            "module.redteam.openstack_networking_secgroup_v2.redteam_secgroup",
            "module.redteam.openstack_networking_subnet_v2.redteam_subnet"
          ]
        }
      ]
    },
    {
      "module": "module.redteam",
      "mode": "managed",
      "type": "openstack_networking_port_v2",
      "name": "redteam_seven_port",
      "provider": "provider[\"registry.terraform.io/terraform-provider-openstack/openstack\"]",
      "instances": [
        {
          "schema_version": 0,
          "attributes": {
            "admin_state_up": true,
            "all_fixed_ips": [
              "10.50.0.7"
            ],
            "all_security_group_ids": [
              "a8f9c72a-2f44-4704-ade0-b022805ce548",
              "df7d77a2-adf9-433c-9e4f-240ebebb8ed5"
            ],
            "all_tags": [],
            "allowed_address_pairs": [],
            "binding": [
              {
                "host_id": "",
                "profile": "",
                "vif_details": {},
                "vif_type": "",
                "vnic_type": "normal"
              }
            ],
            "description": "",
            "device_id": "",
            "device_owner": "",
            "dns_assignment": [],
            "dns_name": "",
            "extra_dhcp_option": [],
            "fixed_ip": [
              {
                "ip_address": "10.50.0.7",
                "subnet_id": "bf7771e5-b6cc-4068-8fed-ebd3bd41dfc6"
              }
            ],
            "id": "2bbf9375-4333-419c-a242-46d9d644aea0",
            "mac_address": "fa:16:3e:73:af:a8",
            "name": "Redteam #7 Port",
            "network_id": "0563761b-dfcd-42bd-8c22-5b1ec0ecff34",
            "no_fixed_ip": null,
            "no_security_groups": null,
            "port_security_enabled": true,
            "qos_policy_id": "",
            "region": "",
            "security_group_ids": [
              "a8f9c72a-2f44-4704-ade0-b022805ce548",
              "df7d77a2-adf9-433c-9e4f-240ebebb8ed5"
            ],
            "tags": [],
            "tenant_id": "a04419c07de1428ba9f58093b1b52ef3",
            "timeouts": null,
            "value_specs": null
          },
          "sensitive_attributes": [],
          "private": "eyJlMmJmYjczMC1lY2FhLTExZTYtOGY4OC0zNDM2M2JjN2M0YzAiOnsiY3JlYXRlIjo2MDAwMDAwMDAwMDAsImRlbGV0ZSI6NjAwMDAwMDAwMDAwfX0=",
          "dependencies": [
            "module.redteam.data.openstack_identity_project_v3.management_project",
            "module.redteam.data.openstack_networking_network_v2.competition_cloud_network",
            "module.redteam.data.openstack_networking_secgroup_v2.default_secgroup",
            "module.redteam.openstack_networking_secgroup_v2.redteam_secgroup",
            "module.redteam.openstack_networking_subnet_v2.redteam_subnet"
          ]
        }
      ]
    },
    {
      "module": "module.redteam",
      "mode": "managed",
      "type": "openstack_networking_port_v2",
      "name": "redteam_six_port",
      "provider": "provider[\"registry.terraform.io/terraform-provider-openstack/openstack\"]",
      "instances": [
        {
          "schema_version": 0,
          "attributes": {
            "admin_state_up": true,
            "all_fixed_ips": [
              "10.50.0.6"
            ],
            "all_security_group_ids": [
              "a8f9c72a-2f44-4704-ade0-b022805ce548",
              "df7d77a2-adf9-433c-9e4f-240ebebb8ed5"
            ],
            "all_tags": [],
            "allowed_address_pairs": [],
            "binding": [
              {
                "host_id": "",
                "profile": "",
                "vif_details": {},
                "vif_type": "",
                "vnic_type": "normal"
              }
            ],
            "description": "",
            "device_id": "",
            "device_owner": "",
            "dns_assignment": [],
            "dns_name": "",
            "extra_dhcp_option": [],
            "fixed_ip": [
              {
                "ip_address": "10.50.0.6",
                "subnet_id": "bf7771e5-b6cc-4068-8fed-ebd3bd41dfc6"
              }
            ],
            "id": "a3572eb0-b0f5-4ce4-a4c3-6e6261ce264d",
            "mac_address": "fa:16:3e:01:f2:02",
            "name": "Redteam #6 Port",
            "network_id": "0563761b-dfcd-42bd-8c22-5b1ec0ecff34",
            "no_fixed_ip": null,
            "no_security_groups": null,
            "port_security_enabled": true,
            "qos_policy_id": "",
            "region": "",
            "security_group_ids": [
              "a8f9c72a-2f44-4704-ade0-b022805ce548",
              "df7d77a2-adf9-433c-9e4f-240ebebb8ed5"
            ],
            "tags": [],
            "tenant_id": "a04419c07de1428ba9f58093b1b52ef3",
            "timeouts": null,
            "value_specs": null
          },
          "sensitive_attributes": [],
          "private": "eyJlMmJmYjczMC1lY2FhLTExZTYtOGY4OC0zNDM2M2JjN2M0YzAiOnsiY3JlYXRlIjo2MDAwMDAwMDAwMDAsImRlbGV0ZSI6NjAwMDAwMDAwMDAwfX0=",
          "dependencies": [
            "module.redteam.data.openstack_identity_project_v3.management_project",
            "module.redteam.data.openstack_networking_network_v2.competition_cloud_network",
            "module.redteam.data.openstack_networking_secgroup_v2.default_secgroup",
            "module.redteam.openstack_networking_secgroup_v2.redteam_secgroup",
            "module.redteam.openstack_networking_subnet_v2.redteam_subnet"
          ]
        }
      ]
    },
    {
      "module": "module.redteam",
      "mode": "managed",
      "type": "openstack_networking_port_v2",
      "name": "redteam_subnet_port",
      "provider": "provider[\"registry.terraform.io/terraform-provider-openstack/openstack\"]",
      "instances": [
        {
          "schema_version": 0,
          "attributes": {
            "admin_state_up": true,
            "all_fixed_ips": [
              "10.50.0.254"
            ],
            "all_security_group_ids": [],
            "all_tags": [],
            "allowed_address_pairs": [],
            "binding": [
              {
                "host_id": "",
                "profile": "",
                "vif_details": {},
                "vif_type": "",
                "vnic_type": "normal"
              }
            ],
            "description": "",
            "device_id": "b7ac7325-5564-45b0-a821-4eb1bde51abd",
            "device_owner": "network:router_interface",
            "dns_assignment": [],
            "dns_name": "",
            "extra_dhcp_option": [],
            "fixed_ip": [
              {
                "ip_address": "10.50.0.254",
                "subnet_id": "bf7771e5-b6cc-4068-8fed-ebd3bd41dfc6"
              }
            ],
            "id": "d2942e87-ffaa-458d-8d9a-384687ee43ef",
            "mac_address": "fa:16:3e:4a:32:e9",
            "name": "Redteam Port",
            "network_id": "0563761b-dfcd-42bd-8c22-5b1ec0ecff34",
            "no_fixed_ip": null,
            "no_security_groups": null,
            "port_security_enabled": false,
            "qos_policy_id": "",
            "region": "",
            "security_group_ids": null,
            "tags": [],
            "tenant_id": "a04419c07de1428ba9f58093b1b52ef3",
            "timeouts": null,
            "value_specs": null
          },
          "sensitive_attributes": [],
          "private": "eyJlMmJmYjczMC1lY2FhLTExZTYtOGY4OC0zNDM2M2JjN2M0YzAiOnsiY3JlYXRlIjo2MDAwMDAwMDAwMDAsImRlbGV0ZSI6NjAwMDAwMDAwMDAwfX0=",
          "dependencies": [
            "module.redteam.data.openstack_networking_network_v2.competition_cloud_network",
            "module.redteam.openstack_networking_subnet_v2.redteam_subnet"
          ]
        }
      ]
    },
    {
      "module": "module.redteam",
      "mode": "managed",
      "type": "openstack_networking_port_v2",
      "name": "redteam_ten_port",
      "provider": "provider[\"registry.terraform.io/terraform-provider-openstack/openstack\"]",
      "instances": [
        {
          "schema_version": 0,
          "attributes": {
            "admin_state_up": true,
            "all_fixed_ips": [
              "10.50.0.10"
            ],
            "all_security_group_ids": [
              "a8f9c72a-2f44-4704-ade0-b022805ce548",
              "df7d77a2-adf9-433c-9e4f-240ebebb8ed5"
            ],
            "all_tags": [],
            "allowed_address_pairs": [],
            "binding": [
              {
                "host_id": "",
                "profile": "",
                "vif_details": {},
                "vif_type": "",
                "vnic_type": "normal"
              }
            ],
            "description": "",
            "device_id": "",
            "device_owner": "",
            "dns_assignment": [],
            "dns_name": "",
            "extra_dhcp_option": [],
            "fixed_ip": [
              {
                "ip_address": "10.50.0.10",
                "subnet_id": "bf7771e5-b6cc-4068-8fed-ebd3bd41dfc6"
              }
            ],
            "id": "9db38d80-0aa4-40a2-bd32-e1f941af4896",
            "mac_address": "fa:16:3e:f7:f4:90",
            "name": "Redteam #10 Port",
            "network_id": "0563761b-dfcd-42bd-8c22-5b1ec0ecff34",
            "no_fixed_ip": null,
            "no_security_groups": null,
            "port_security_enabled": true,
            "qos_policy_id": "",
            "region": "",
            "security_group_ids": [
              "a8f9c72a-2f44-4704-ade0-b022805ce548",
              "df7d77a2-adf9-433c-9e4f-240ebebb8ed5"
            ],
            "tags": [],
            "tenant_id": "a04419c07de1428ba9f58093b1b52ef3",
            "timeouts": null,
            "value_specs": null
          },
          "sensitive_attributes": [],
          "private": "eyJlMmJmYjczMC1lY2FhLTExZTYtOGY4OC0zNDM2M2JjN2M0YzAiOnsiY3JlYXRlIjo2MDAwMDAwMDAwMDAsImRlbGV0ZSI6NjAwMDAwMDAwMDAwfX0=",
          "dependencies": [
            "module.redteam.data.openstack_identity_project_v3.management_project",
            "module.redteam.data.openstack_networking_network_v2.competition_cloud_network",
            "module.redteam.data.openstack_networking_secgroup_v2.default_secgroup",
            "module.redteam.openstack_networking_secgroup_v2.redteam_secgroup",
            "module.redteam.openstack_networking_subnet_v2.redteam_subnet"
          ]
        }
      ]
    },
    {
      "module": "module.redteam",
      "mode": "managed",
      "type": "openstack_networking_port_v2",
      "name": "redteam_three_port",
      "provider": "provider[\"registry.terraform.io/terraform-provider-openstack/openstack\"]",
      "instances": [
        {
          "schema_version": 0,
          "attributes": {
            "admin_state_up": true,
            "all_fixed_ips": [
              "10.50.0.3"
            ],
            "all_security_group_ids": [
              "a8f9c72a-2f44-4704-ade0-b022805ce548",
              "df7d77a2-adf9-433c-9e4f-240ebebb8ed5"
            ],
            "all_tags": [],
            "allowed_address_pairs": [],
            "binding": [
              {
                "host_id": "",
                "profile": "",
                "vif_details": {},
                "vif_type": "",
                "vnic_type": "normal"
              }
            ],
            "description": "",
            "device_id": "",
            "device_owner": "",
            "dns_assignment": [],
            "dns_name": "",
            "extra_dhcp_option": [],
            "fixed_ip": [
              {
                "ip_address": "10.50.0.3",
                "subnet_id": "bf7771e5-b6cc-4068-8fed-ebd3bd41dfc6"
              }
            ],
            "id": "5d55b7a3-8f6c-48a1-aaf5-3a2516468ebf",
            "mac_address": "fa:16:3e:04:62:f9",
            "name": "Redteam #3 Port",
            "network_id": "0563761b-dfcd-42bd-8c22-5b1ec0ecff34",
            "no_fixed_ip": null,
            "no_security_groups": null,
            "port_security_enabled": true,
            "qos_policy_id": "",
            "region": "",
            "security_group_ids": [
              "a8f9c72a-2f44-4704-ade0-b022805ce548",
              "df7d77a2-adf9-433c-9e4f-240ebebb8ed5"
            ],
            "tags": [],
            "tenant_id": "a04419c07de1428ba9f58093b1b52ef3",
            "timeouts": null,
            "value_specs": null
          },
          "sensitive_attributes": [],
          "private": "eyJlMmJmYjczMC1lY2FhLTExZTYtOGY4OC0zNDM2M2JjN2M0YzAiOnsiY3JlYXRlIjo2MDAwMDAwMDAwMDAsImRlbGV0ZSI6NjAwMDAwMDAwMDAwfX0=",
          "dependencies": [
            "module.redteam.data.openstack_identity_project_v3.management_project",
            "module.redteam.data.openstack_networking_network_v2.competition_cloud_network",
            "module.redteam.data.openstack_networking_secgroup_v2.default_secgroup",
            "module.redteam.openstack_networking_secgroup_v2.redteam_secgroup",
            "module.redteam.openstack_networking_subnet_v2.redteam_subnet"
          ]
        }
      ]
    },
    {
      "module": "module.redteam",
      "mode": "managed",
      "type": "openstack_networking_port_v2",
      "name": "redteam_two_port",
      "provider": "provider[\"registry.terraform.io/terraform-provider-openstack/openstack\"]",
      "instances": [
        {
          "schema_version": 0,
          "attributes": {
            "admin_state_up": true,
            "all_fixed_ips": [
              "10.50.0.2"
            ],
            "all_security_group_ids": [
              "a8f9c72a-2f44-4704-ade0-b022805ce548",
              "df7d77a2-adf9-433c-9e4f-240ebebb8ed5"
            ],
            "all_tags": [],
            "allowed_address_pairs": [],
            "binding": [
              {
                "host_id": "",
                "profile": "",
                "vif_details": {},
                "vif_type": "",
                "vnic_type": "normal"
              }
            ],
            "description": "",
            "device_id": "",
            "device_owner": "",
            "dns_assignment": [],
            "dns_name": "",
            "extra_dhcp_option": [],
            "fixed_ip": [
              {
                "ip_address": "10.50.0.2",
                "subnet_id": "bf7771e5-b6cc-4068-8fed-ebd3bd41dfc6"
              }
            ],
            "id": "a2d0bbad-2545-41a0-9d7f-0f62c8c9a6e5",
            "mac_address": "fa:16:3e:02:55:64",
            "name": "Redteam #2 Port",
            "network_id": "0563761b-dfcd-42bd-8c22-5b1ec0ecff34",
            "no_fixed_ip": null,
            "no_security_groups": null,
            "port_security_enabled": true,
            "qos_policy_id": "",
            "region": "",
            "security_group_ids": [
              "a8f9c72a-2f44-4704-ade0-b022805ce548",
              "df7d77a2-adf9-433c-9e4f-240ebebb8ed5"
            ],
            "tags": [],
            "tenant_id": "a04419c07de1428ba9f58093b1b52ef3",
            "timeouts": null,
            "value_specs": null
          },
          "sensitive_attributes": [],
          "private": "eyJlMmJmYjczMC1lY2FhLTExZTYtOGY4OC0zNDM2M2JjN2M0YzAiOnsiY3JlYXRlIjo2MDAwMDAwMDAwMDAsImRlbGV0ZSI6NjAwMDAwMDAwMDAwfX0=",
          "dependencies": [
            "module.redteam.data.openstack_identity_project_v3.management_project",
            "module.redteam.data.openstack_networking_network_v2.competition_cloud_network",
            "module.redteam.data.openstack_networking_secgroup_v2.default_secgroup",
            "module.redteam.openstack_networking_secgroup_v2.redteam_secgroup",
            "module.redteam.openstack_networking_subnet_v2.redteam_subnet"
          ]
        }
      ]
    },
    {
      "module": "module.redteam",
      "mode": "managed",
      "type": "openstack_networking_router_interface_v2",
      "name": "redteam_interface",
      "provider": "provider[\"registry.terraform.io/terraform-provider-openstack/openstack\"]",
      "instances": [
        {
          "schema_version": 0,
          "attributes": {
            "id": "d2942e87-ffaa-458d-8d9a-384687ee43ef",
            "port_id": "d2942e87-ffaa-458d-8d9a-384687ee43ef",
            "region": "",
            "router_id": "b7ac7325-5564-45b0-a821-4eb1bde51abd",
            "subnet_id": "bf7771e5-b6cc-4068-8fed-ebd3bd41dfc6",
            "timeouts": null
          },
          "sensitive_attributes": [],
          "private": "eyJlMmJmYjczMC1lY2FhLTExZTYtOGY4OC0zNDM2M2JjN2M0YzAiOnsiY3JlYXRlIjo2MDAwMDAwMDAwMDAsImRlbGV0ZSI6NjAwMDAwMDAwMDAwfX0=",
          "dependencies": [
            "module.redteam.data.openstack_networking_network_v2.competition_cloud_network",
            "module.redteam.data.openstack_networking_router_v2.core_router",
            "module.redteam.openstack_networking_port_v2.redteam_subnet_port",
            "module.redteam.openstack_networking_subnet_v2.redteam_subnet"
          ]
        }
      ]
    },
    {
      "module": "module.redteam",
      "mode": "managed",
      "type": "openstack_networking_secgroup_rule_v2",
      "name": "redteam_secgroup_rule",
      "provider": "provider[\"registry.terraform.io/terraform-provider-openstack/openstack\"]",
      "instances": [
        {
          "index_key": "http",
          "schema_version": 0,
          "attributes": {
            "description": "http",
            "direction": "ingress",
            "ethertype": "IPv4",
            "id": "bbc65292-2167-43f2-a424-a43bbc78e464",
            "port_range_max": 80,
            "port_range_min": 80,
            "protocol": "tcp",
            "region": "",
            "remote_group_id": "",
            "remote_ip_prefix": "",
            "security_group_id": "a8f9c72a-2f44-4704-ade0-b022805ce548",
            "tenant_id": "a04419c07de1428ba9f58093b1b52ef3",
            "timeouts": null
          },
          "sensitive_attributes": [],
          "private": "eyJlMmJmYjczMC1lY2FhLTExZTYtOGY4OC0zNDM2M2JjN2M0YzAiOnsiZGVsZXRlIjo2MDAwMDAwMDAwMDB9fQ==",
          "dependencies": [
            "module.redteam.data.openstack_identity_project_v3.management_project",
            "module.redteam.openstack_networking_secgroup_v2.redteam_secgroup"
          ]
        },
        {
          "index_key": "https",
          "schema_version": 0,
          "attributes": {
            "description": "https",
            "direction": "ingress",
            "ethertype": "IPv4",
            "id": "9fda7cf7-4b89-4359-9c01-de4a28a5123a",
            "port_range_max": 443,
            "port_range_min": 443,
            "protocol": "tcp",
            "region": "",
            "remote_group_id": "",
            "remote_ip_prefix": "",
            "security_group_id": "a8f9c72a-2f44-4704-ade0-b022805ce548",
            "tenant_id": "a04419c07de1428ba9f58093b1b52ef3",
            "timeouts": null
          },
          "sensitive_attributes": [],
          "private": "eyJlMmJmYjczMC1lY2FhLTExZTYtOGY4OC0zNDM2M2JjN2M0YzAiOnsiZGVsZXRlIjo2MDAwMDAwMDAwMDB9fQ==",
          "dependencies": [
            "module.redteam.data.openstack_identity_project_v3.management_project",
            "module.redteam.openstack_networking_secgroup_v2.redteam_secgroup"
          ]
        },
        {
          "index_key": "ssh",
          "schema_version": 0,
          "attributes": {
            "description": "ssh",
            "direction": "ingress",
            "ethertype": "IPv4",
            "id": "4075a683-0ab4-4a74-8756-ebfe21001934",
            "port_range_max": 22,
            "port_range_min": 22,
            "protocol": "tcp",
            "region": "",
            "remote_group_id": "",
            "remote_ip_prefix": "",
            "security_group_id": "a8f9c72a-2f44-4704-ade0-b022805ce548",
            "tenant_id": "a04419c07de1428ba9f58093b1b52ef3",
            "timeouts": null
          },
          "sensitive_attributes": [],
          "private": "eyJlMmJmYjczMC1lY2FhLTExZTYtOGY4OC0zNDM2M2JjN2M0YzAiOnsiZGVsZXRlIjo2MDAwMDAwMDAwMDB9fQ==",
          "dependencies": [
            "module.redteam.data.openstack_identity_project_v3.management_project",
            "module.redteam.openstack_networking_secgroup_v2.redteam_secgroup"
          ]
        }
      ]
    },
    {
      "module": "module.redteam",
      "mode": "managed",
      "type": "openstack_networking_secgroup_v2",
      "name": "redteam_secgroup",
      "provider": "provider[\"registry.terraform.io/terraform-provider-openstack/openstack\"]",
      "instances": [
        {
          "schema_version": 0,
          "attributes": {
            "all_tags": [],
            "delete_default_rules": null,
            "description": "",
            "id": "a8f9c72a-2f44-4704-ade0-b022805ce548",
            "name": "Redteam Secgroup",
            "region": "",
            "tags": [],
            "tenant_id": "a04419c07de1428ba9f58093b1b52ef3",
            "timeouts": null
          },
          "sensitive_attributes": [],
          "private": "eyJlMmJmYjczMC1lY2FhLTExZTYtOGY4OC0zNDM2M2JjN2M0YzAiOnsiZGVsZXRlIjo2MDAwMDAwMDAwMDB9fQ==",
          "dependencies": [
            "module.redteam.data.openstack_identity_project_v3.management_project"
          ]
        }
      ]
    },
    {
      "module": "module.redteam",
      "mode": "managed",
      "type": "openstack_networking_subnet_v2",
      "name": "redteam_subnet",
      "provider": "provider[\"registry.terraform.io/terraform-provider-openstack/openstack\"]",
      "instances": [
        {
          "schema_version": 0,
          "attributes": {
            "all_tags": [],
            "allocation_pool": [
              {
                "end": "10.50.0.250",
                "start": "10.50.0.200"
              }
            ],
            "allocation_pools": [
              {
                "end": "10.50.0.250",
                "start": "10.50.0.200"
              }
            ],
            "cidr": "10.50.0.0/24",
            "description": "",
            "dns_nameservers": [
              "10.100.0.3",
              "1.1.1.1",
              "1.0.0.1"
            ],
            "enable_dhcp": true,
            "gateway_ip": "10.50.0.254",
            "host_routes": [],
            "id": "bf7771e5-b6cc-4068-8fed-ebd3bd41dfc6",
            "ip_version": 4,
            "ipv6_address_mode": "",
            "ipv6_ra_mode": "",
            "name": "Redteam Subnet",
            "network_id": "0563761b-dfcd-42bd-8c22-5b1ec0ecff34",
            "no_gateway": false,
            "prefix_length": null,
            "region": "",
            "subnetpool_id": "",
            "tags": [],
            "tenant_id": "a04419c07de1428ba9f58093b1b52ef3",
            "timeouts": null,
            "value_specs": null
          },
          "sensitive_attributes": [],
          "private": "eyJlMmJmYjczMC1lY2FhLTExZTYtOGY4OC0zNDM2M2JjN2M0YzAiOnsiY3JlYXRlIjo2MDAwMDAwMDAwMDAsImRlbGV0ZSI6NjAwMDAwMDAwMDAwfX0=",
          "dependencies": [
            "module.redteam.data.openstack_networking_network_v2.competition_cloud_network"
          ]
        }
      ]
    }
  ],
  "check_results": null
}
