{
  "version": 4,
  "terraform_version": "1.5.7",
  "serial": 1029,
  "lineage": "b177fcdf-2195-60da-fc6c-261f9da9093f",
  "outputs": {},
  "resources": [
    {
      "mode": "data",
      "type": "openstack_compute_flavor_v2",
      "name": "flavor_linux_medium",
      "provider": "provider[\"registry.terraform.io/terraform-provider-openstack/openstack\"]",
      "instances": [
        {
          "schema_version": 0,
          "attributes": {
            "disk": 40,
            "extra_specs": {},
            "flavor_id": "0d282a6d-d770-4f46-b059-5ca291489578",
            "id": "0d282a6d-d770-4f46-b059-5ca291489578",
            "is_public": true,
            "min_disk": null,
            "min_ram": null,
            "name": "medium",
            "ram": 4096,
            "region": null,
            "rx_tx_factor": 1,
            "swap": 0,
            "vcpus": 4
          },
          "sensitive_attributes": []
        }
      ]
    },
    {
      "mode": "data",
      "type": "openstack_identity_project_v3",
      "name": "management_project",
      "provider": "provider[\"registry.terraform.io/terraform-provider-openstack/openstack\"]",
      "instances": [
        {
          "schema_version": 0,
          "attributes": {
            "description": "Project to build infrastructure for competition",
            "domain_id": "default",
            "enabled": true,
            "id": "a04419c07de1428ba9f58093b1b52ef3",
            "is_domain": false,
            "name": "charlie-infra",
            "parent_id": "default",
            "region": null,
            "tags": []
          },
          "sensitive_attributes": []
        }
      ]
    },
    {
      "mode": "data",
      "type": "openstack_images_image_v2",
      "name": "image_kali",
      "provider": "provider[\"registry.terraform.io/terraform-provider-openstack/openstack\"]",
      "instances": [
        {
          "schema_version": 0,
          "attributes": {
            "checksum": "25646b0730f990ef9d147019ce666a5f",
            "container_format": "bare",
            "created_at": "2023-03-14T18:42:19Z",
            "disk_format": "raw",
            "file": "/v2/images/485d1ad9-9f8d-4605-a80a-ab94352e2476/file",
            "hidden": false,
            "id": "485d1ad9-9f8d-4605-a80a-ab94352e2476",
            "member_status": null,
            "metadata": {},
            "min_disk_gb": 0,
            "min_ram_mb": 0,
            "most_recent": false,
            "name": "Kali-2023.1",
            "owner": "a69aa169729a4dbea0d9b9683072260d",
            "properties": {
              "direct_url": "rbd://bd7939e4-b236-11ed-a05f-be894137183b/images/485d1ad9-9f8d-4605-a80a-ab94352e2476/snap",
              "os_hash_algo": "sha512",
              "os_hash_value": "55c431153fc1d65c9584220e8bc256d951ffea76f3bd88026377ebce674da4e56cc0e9e774aacd0b240323d094a2f7276cb54fd33c4d2236a8817bfc1d1cbed5",
              "owner_specified.openstack.md5": "",
              "owner_specified.openstack.object": "images/Kali-2023.1",
              "owner_specified.openstack.sha256": "",
              "stores": "rbd"
            },
            "protected": false,
            "region": "",
            "schema": "/v2/schemas/image",
            "size_bytes": 86000000000,
            "size_max": null,
            "size_min": null,
            "sort_direction": "asc",
            "sort_key": "name",
            "tag": null,
            "tags": [],
            "updated_at": "2023-03-14T18:57:21Z",
            "visibility": "public"
          },
          "sensitive_attributes": []
        }
      ]
    },
    {
      "mode": "data",
      "type": "openstack_images_image_v2",
      "name": "image_ubuntu_22",
      "provider": "provider[\"registry.terraform.io/terraform-provider-openstack/openstack\"]",
      "instances": [
        {
          "schema_version": 0,
          "attributes": {
            "checksum": "6cc46ebe49acefe98bccb967d6b13e7d",
            "container_format": "bare",
            "created_at": "2023-02-23T22:38:21Z",
            "disk_format": "raw",
            "file": "/v2/images/f19eb19d-2bd0-4c73-9e9e-88f3e94d8646/file",
            "hidden": false,
            "id": "f19eb19d-2bd0-4c73-9e9e-88f3e94d8646",
            "member_status": null,
            "metadata": {},
            "min_disk_gb": 0,
            "min_ram_mb": 0,
            "most_recent": false,
            "name": "UbuntuJammy2204",
            "owner": "a69aa169729a4dbea0d9b9683072260d",
            "properties": {
              "direct_url": "rbd://bd7939e4-b236-11ed-a05f-be894137183b/images/f19eb19d-2bd0-4c73-9e9e-88f3e94d8646/snap",
              "os_hash_algo": "sha512",
              "os_hash_value": "bf0ba0d66a5f6653d131afe63ffdf40aff429d9b43ac78363f775e41b6d4cac57157b99409817b79cc0a3d075d919d38f572bc3162cd2d2f4ecd94c49d3af94c",
              "owner_specified.openstack.md5": "",
              "owner_specified.openstack.object": "images/UbuntuJammy2204",
              "owner_specified.openstack.sha256": "",
              "stores": "rbd"
            },
            "protected": false,
            "region": "",
            "schema": "/v2/schemas/image",
            "size_bytes": 2361393152,
            "size_max": null,
            "size_min": null,
            "sort_direction": "asc",
            "sort_key": "name",
            "tag": null,
            "tags": [],
            "updated_at": "2023-02-23T22:38:41Z",
            "visibility": "public"
          },
          "sensitive_attributes": []
        }
      ]
    },
    {
      "mode": "data",
      "type": "openstack_networking_network_v2",
      "name": "external_network",
      "provider": "provider[\"registry.terraform.io/terraform-provider-openstack/openstack\"]",
      "instances": [
        {
          "schema_version": 0,
          "attributes": {
            "admin_state_up": "true",
            "all_tags": [],
            "availability_zone_hints": [],
            "description": "",
            "dns_domain": "",
            "external": true,
            "id": "d96988a6-c388-4032-8067-0b89d572cad0",
            "matching_subnet_cidr": null,
            "mtu": 1500,
            "name": "external249",
            "network_id": null,
            "region": "",
            "shared": "false",
            "status": null,
            "subnets": [
              "69f14ecc-2bad-412e-abf1-24c90da9be5e"
            ],
            "tags": null,
            "tenant_id": "a69aa169729a4dbea0d9b9683072260d",
            "transparent_vlan": false
          },
          "sensitive_attributes": []
        }
      ]
    },
    {
      "module": "module.redteam",
      "mode": "data",
      "type": "openstack_identity_project_v3",
      "name": "management_project",
      "provider": "provider[\"registry.terraform.io/terraform-provider-openstack/openstack\"]",
      "instances": [
        {
          "schema_version": 0,
          "attributes": {
            "description": "Project to build infrastructure for competition",
            "domain_id": "default",
            "enabled": true,
            "id": "a04419c07de1428ba9f58093b1b52ef3",
            "is_domain": false,
            "name": "charlie-infra",
            "parent_id": "default",
            "region": null,
            "tags": []
          },
          "sensitive_attributes": []
        }
      ]
    },
    {
      "module": "module.redteam",
      "mode": "data",
      "type": "openstack_networking_network_v2",
      "name": "competition_cloud_network",
      "provider": "provider[\"registry.terraform.io/terraform-provider-openstack/openstack\"]",
      "instances": [
        {
          "schema_version": 0,
          "attributes": {
            "admin_state_up": "true",
            "all_tags": [],
            "availability_zone_hints": [],
            "description": "",
            "dns_domain": "",
            "external": false,
            "id": "bd7b1cc0-4f64-4dd4-a0e7-4e8a29290d3a",
            "matching_subnet_cidr": null,
            "mtu": 8942,
            "name": "Competition Cloud Network",
            "network_id": null,
            "region": "",
            "shared": "false",
            "status": null,
            "subnets": [
              "b9449b96-0d88-4376-91c8-3568d6a0b9e7",
              "d340b11c-b231-4473-aa71-3cb10e595d0c"
            ],
            "tags": null,
            "tenant_id": "a04419c07de1428ba9f58093b1b52ef3",
            "transparent_vlan": false
          },
          "sensitive_attributes": []
        }
      ]
    },
    {
      "module": "module.redteam",
      "mode": "data",
      "type": "openstack_networking_router_v2",
      "name": "core_router",
      "provider": "provider[\"registry.terraform.io/terraform-provider-openstack/openstack\"]",
      "instances": [
        {
          "schema_version": 0,
          "attributes": {
            "admin_state_up": true,
            "all_tags": [],
            "availability_zone_hints": [],
            "description": "",
            "distributed": false,
            "enable_snat": true,
            "external_fixed_ip": [
              {
                "ip_address": "129.21.249.50",
                "subnet_id": "69f14ecc-2bad-412e-abf1-24c90da9be5e"
              }
            ],
            "external_network_id": "d96988a6-c388-4032-8067-0b89d572cad0",
            "id": "f8621c1f-8a35-4687-aab8-8769c79a9733",
            "name": "Core Router",
            "region": "",
            "router_id": null,
            "status": "ACTIVE",
            "tags": null,
            "tenant_id": "a04419c07de1428ba9f58093b1b52ef3"
          },
          "sensitive_attributes": []
        }
      ]
    },
    {
      "module": "module.redteam",
      "mode": "data",
      "type": "openstack_networking_secgroup_v2",
      "name": "default_secgroup",
      "provider": "provider[\"registry.terraform.io/terraform-provider-openstack/openstack\"]",
      "instances": [
        {
          "schema_version": 0,
          "attributes": {
            "all_tags": [],
            "description": "Default security group",
            "id": "df7d77a2-adf9-433c-9e4f-240ebebb8ed5",
            "name": "default",
            "region": "",
            "secgroup_id": "df7d77a2-adf9-433c-9e4f-240ebebb8ed5",
            "tags": null,
            "tenant_id": "a04419c07de1428ba9f58093b1b52ef3"
          },
          "sensitive_attributes": []
        }
      ]
    },
    {
      "module": "module.redteam",
      "mode": "managed",
      "type": "openstack_blockstorage_volume_v3",
      "name": "redteam_volumes",
      "provider": "provider[\"registry.terraform.io/terraform-provider-openstack/openstack\"]",
      "instances": [
        {
          "index_key": "eight",
          "schema_version": 0,
          "attributes": {
            "attachment": [],
            "availability_zone": "nova",
            "consistency_group_id": null,
            "description": "",
            "enable_online_resize": null,
            "id": "74e295c0-9879-4242-893f-bca08dfb66c7",
            "image_id": "485d1ad9-9f8d-4605-a80a-ab94352e2476",
            "metadata": {},
            "multiattach": null,
            "name": "eight.redteam.thanksgiving.dinner-volume",
            "region": "",
            "scheduler_hints": [],
            "size": 81,
            "snapshot_id": "",
            "source_replica": null,
            "source_vol_id": "",
            "timeouts": {
              "create": "30m",
              "delete": null
            },
            "volume_type": "__DEFAULT__"
          },
          "sensitive_attributes": [],
          "private": "eyJlMmJmYjczMC1lY2FhLTExZTYtOGY4OC0zNDM2M2JjN2M0YzAiOnsiY3JlYXRlIjoxODAwMDAwMDAwMDAwLCJkZWxldGUiOjYwMDAwMDAwMDAwMH19",
          "dependencies": [
            "data.openstack_compute_flavor_v2.flavor_linux_medium",
            "data.openstack_images_image_v2.image_kali"
          ]
        },
        {
          "index_key": "five",
          "schema_version": 0,
          "attributes": {
            "attachment": [],
            "availability_zone": "nova",
            "consistency_group_id": null,
            "description": "",
            "enable_online_resize": null,
            "id": "ef10227f-8c94-49cc-8b5d-cc17c04846d1",
            "image_id": "485d1ad9-9f8d-4605-a80a-ab94352e2476",
            "metadata": {},
            "multiattach": null,
            "name": "five.redteam.thanksgiving.dinner-volume",
            "region": "",
            "scheduler_hints": [],
            "size": 81,
            "snapshot_id": "",
            "source_replica": null,
            "source_vol_id": "",
            "timeouts": {
              "create": "30m",
              "delete": null
            },
            "volume_type": "__DEFAULT__"
          },
          "sensitive_attributes": [],
          "private": "eyJlMmJmYjczMC1lY2FhLTExZTYtOGY4OC0zNDM2M2JjN2M0YzAiOnsiY3JlYXRlIjoxODAwMDAwMDAwMDAwLCJkZWxldGUiOjYwMDAwMDAwMDAwMH19",
          "dependencies": [
            "data.openstack_compute_flavor_v2.flavor_linux_medium",
            "data.openstack_images_image_v2.image_kali"
          ]
        },
        {
          "index_key": "four",
          "schema_version": 0,
          "attributes": {
            "attachment": [],
            "availability_zone": "nova",
            "consistency_group_id": null,
            "description": "",
            "enable_online_resize": null,
            "id": "ff825c80-cea8-4782-aeb8-63654dba9741",
            "image_id": "485d1ad9-9f8d-4605-a80a-ab94352e2476",
            "metadata": {},
            "multiattach": null,
            "name": "four.redteam.thanksgiving.dinner-volume",
            "region": "",
            "scheduler_hints": [],
            "size": 81,
            "snapshot_id": "",
            "source_replica": null,
            "source_vol_id": "",
            "timeouts": {
              "create": "30m",
              "delete": null
            },
            "volume_type": "__DEFAULT__"
          },
          "sensitive_attributes": [],
          "private": "eyJlMmJmYjczMC1lY2FhLTExZTYtOGY4OC0zNDM2M2JjN2M0YzAiOnsiY3JlYXRlIjoxODAwMDAwMDAwMDAwLCJkZWxldGUiOjYwMDAwMDAwMDAwMH19",
          "dependencies": [
            "data.openstack_compute_flavor_v2.flavor_linux_medium",
            "data.openstack_images_image_v2.image_kali"
          ]
        },
        {
          "index_key": "nine",
          "schema_version": 0,
          "attributes": {
            "attachment": [],
            "availability_zone": "nova",
            "consistency_group_id": null,
            "description": "",
            "enable_online_resize": null,
            "id": "4bd11e0b-4e84-452b-b856-726ba55b140a",
            "image_id": "485d1ad9-9f8d-4605-a80a-ab94352e2476",
            "metadata": {},
            "multiattach": null,
            "name": "nine.redteam.thanksgiving.dinner-volume",
            "region": "",
            "scheduler_hints": [],
            "size": 81,
            "snapshot_id": "",
            "source_replica": null,
            "source_vol_id": "",
            "timeouts": {
              "create": "30m",
              "delete": null
            },
            "volume_type": "__DEFAULT__"
          },
          "sensitive_attributes": [],
          "private": "eyJlMmJmYjczMC1lY2FhLTExZTYtOGY4OC0zNDM2M2JjN2M0YzAiOnsiY3JlYXRlIjoxODAwMDAwMDAwMDAwLCJkZWxldGUiOjYwMDAwMDAwMDAwMH19",
          "dependencies": [
            "data.openstack_compute_flavor_v2.flavor_linux_medium",
            "data.openstack_images_image_v2.image_kali"
          ]
        },
        {
          "index_key": "one",
          "schema_version": 0,
          "attributes": {
            "attachment": [],
            "availability_zone": "nova",
            "consistency_group_id": null,
            "description": "",
            "enable_online_resize": null,
            "id": "e1b7f1a4-ad46-41b6-9c5a-4a7a8541128b",
            "image_id": "485d1ad9-9f8d-4605-a80a-ab94352e2476",
            "metadata": {},
            "multiattach": null,
            "name": "one.redteam.thanksgiving.dinner-volume",
            "region": "",
            "scheduler_hints": [],
            "size": 81,
            "snapshot_id": "",
            "source_replica": null,
            "source_vol_id": "",
            "timeouts": {
              "create": "30m",
              "delete": null
            },
            "volume_type": "__DEFAULT__"
          },
          "sensitive_attributes": [],
          "private": "eyJlMmJmYjczMC1lY2FhLTExZTYtOGY4OC0zNDM2M2JjN2M0YzAiOnsiY3JlYXRlIjoxODAwMDAwMDAwMDAwLCJkZWxldGUiOjYwMDAwMDAwMDAwMH19",
          "dependencies": [
            "data.openstack_compute_flavor_v2.flavor_linux_medium",
            "data.openstack_images_image_v2.image_kali"
          ]
        },
        {
          "index_key": "seven",
          "schema_version": 0,
          "attributes": {
            "attachment": [],
            "availability_zone": "nova",
            "consistency_group_id": null,
            "description": "",
            "enable_online_resize": null,
            "id": "1ee7d2b3-86c0-416a-9247-fa3391331d73",
            "image_id": "485d1ad9-9f8d-4605-a80a-ab94352e2476",
            "metadata": {},
            "multiattach": null,
            "name": "seven.redteam.thanksgiving.dinner-volume",
            "region": "",
            "scheduler_hints": [],
            "size": 81,
            "snapshot_id": "",
            "source_replica": null,
            "source_vol_id": "",
            "timeouts": {
              "create": "30m",
              "delete": null
            },
            "volume_type": "__DEFAULT__"
          },
          "sensitive_attributes": [],
          "private": "eyJlMmJmYjczMC1lY2FhLTExZTYtOGY4OC0zNDM2M2JjN2M0YzAiOnsiY3JlYXRlIjoxODAwMDAwMDAwMDAwLCJkZWxldGUiOjYwMDAwMDAwMDAwMH19",
          "dependencies": [
            "data.openstack_compute_flavor_v2.flavor_linux_medium",
            "data.openstack_images_image_v2.image_kali"
          ]
        },
        {
          "index_key": "six",
          "schema_version": 0,
          "attributes": {
            "attachment": [],
            "availability_zone": "nova",
            "consistency_group_id": null,
            "description": "",
            "enable_online_resize": null,
            "id": "b7b9f64b-1790-4c10-a74c-a1ee3ee6ddbd",
            "image_id": "485d1ad9-9f8d-4605-a80a-ab94352e2476",
            "metadata": {},
            "multiattach": null,
            "name": "six.redteam.thanksgiving.dinner-volume",
            "region": "",
            "scheduler_hints": [],
            "size": 81,
            "snapshot_id": "",
            "source_replica": null,
            "source_vol_id": "",
            "timeouts": {
              "create": "30m",
              "delete": null
            },
            "volume_type": "__DEFAULT__"
          },
          "sensitive_attributes": [],
          "private": "eyJlMmJmYjczMC1lY2FhLTExZTYtOGY4OC0zNDM2M2JjN2M0YzAiOnsiY3JlYXRlIjoxODAwMDAwMDAwMDAwLCJkZWxldGUiOjYwMDAwMDAwMDAwMH19",
          "dependencies": [
            "data.openstack_compute_flavor_v2.flavor_linux_medium",
            "data.openstack_images_image_v2.image_kali"
          ]
        },
        {
          "index_key": "ten",
          "schema_version": 0,
          "attributes": {
            "attachment": [],
            "availability_zone": "nova",
            "consistency_group_id": null,
            "description": "",
            "enable_online_resize": null,
            "id": "2662e0dc-c603-41ef-98ca-27a1bfe48201",
            "image_id": "485d1ad9-9f8d-4605-a80a-ab94352e2476",
            "metadata": {},
            "multiattach": null,
            "name": "ten.redteam.thanksgiving.dinner-volume",
            "region": "",
            "scheduler_hints": [],
            "size": 81,
            "snapshot_id": "",
            "source_replica": null,
            "source_vol_id": "",
            "timeouts": {
              "create": "30m",
              "delete": null
            },
            "volume_type": "__DEFAULT__"
          },
          "sensitive_attributes": [],
          "private": "eyJlMmJmYjczMC1lY2FhLTExZTYtOGY4OC0zNDM2M2JjN2M0YzAiOnsiY3JlYXRlIjoxODAwMDAwMDAwMDAwLCJkZWxldGUiOjYwMDAwMDAwMDAwMH19",
          "dependencies": [
            "data.openstack_compute_flavor_v2.flavor_linux_medium",
            "data.openstack_images_image_v2.image_kali"
          ]
        },
        {
          "index_key": "three",
          "schema_version": 0,
          "attributes": {
            "attachment": [],
            "availability_zone": "nova",
            "consistency_group_id": null,
            "description": "",
            "enable_online_resize": null,
            "id": "b3d8b902-18d5-4346-856d-3c8614d653af",
            "image_id": "485d1ad9-9f8d-4605-a80a-ab94352e2476",
            "metadata": {},
            "multiattach": null,
            "name": "three.redteam.thanksgiving.dinner-volume",
            "region": "",
            "scheduler_hints": [],
            "size": 81,
            "snapshot_id": "",
            "source_replica": null,
            "source_vol_id": "",
            "timeouts": {
              "create": "30m",
              "delete": null
            },
            "volume_type": "__DEFAULT__"
          },
          "sensitive_attributes": [],
          "private": "eyJlMmJmYjczMC1lY2FhLTExZTYtOGY4OC0zNDM2M2JjN2M0YzAiOnsiY3JlYXRlIjoxODAwMDAwMDAwMDAwLCJkZWxldGUiOjYwMDAwMDAwMDAwMH19",
          "dependencies": [
            "data.openstack_compute_flavor_v2.flavor_linux_medium",
            "data.openstack_images_image_v2.image_kali"
          ]
        },
        {
          "index_key": "two",
          "schema_version": 0,
          "attributes": {
            "attachment": [],
            "availability_zone": "nova",
            "consistency_group_id": null,
            "description": "",
            "enable_online_resize": null,
            "id": "2713d5aa-4d15-4e53-b427-374af3d1a55b",
            "image_id": "485d1ad9-9f8d-4605-a80a-ab94352e2476",
            "metadata": {},
            "multiattach": null,
            "name": "two.redteam.thanksgiving.dinner-volume",
            "region": "",
            "scheduler_hints": [],
            "size": 81,
            "snapshot_id": "",
            "source_replica": null,
            "source_vol_id": "",
            "timeouts": {
              "create": "30m",
              "delete": null
            },
            "volume_type": "__DEFAULT__"
          },
          "sensitive_attributes": [],
          "private": "eyJlMmJmYjczMC1lY2FhLTExZTYtOGY4OC0zNDM2M2JjN2M0YzAiOnsiY3JlYXRlIjoxODAwMDAwMDAwMDAwLCJkZWxldGUiOjYwMDAwMDAwMDAwMH19",
          "dependencies": [
            "data.openstack_compute_flavor_v2.flavor_linux_medium",
            "data.openstack_images_image_v2.image_kali"
          ]
        }
      ]
    },
    {
      "module": "module.redteam",
      "mode": "managed",
      "type": "openstack_compute_instance_v2",
      "name": "redteam_instance",
      "provider": "provider[\"registry.terraform.io/terraform-provider-openstack/openstack\"]",
      "instances": [
        {
          "index_key": "eight",
          "schema_version": 0,
          "attributes": {
            "access_ip_v4": "10.50.0.8",
            "access_ip_v6": "",
            "admin_pass": null,
            "all_metadata": {},
            "all_tags": [
              "project-ThanksgivingThrowdown-mgmt",
              "project-management",
              "redteam-eight"
            ],
            "availability_zone": "host05",
            "availability_zone_hints": null,
            "block_device": [
              {
                "boot_index": 0,
                "delete_on_termination": true,
                "destination_type": "volume",
                "device_type": "",
                "disk_bus": "",
                "guest_format": "",
                "source_type": "volume",
                "uuid": "74e295c0-9879-4242-893f-bca08dfb66c7",
                "volume_size": 0,
                "volume_type": ""
              }
            ],
            "config_drive": true,
            "flavor_id": "0d282a6d-d770-4f46-b059-5ca291489578",
            "flavor_name": "medium",
            "floating_ip": null,
            "force_delete": false,
            "id": "d322d4e7-b4c0-451d-a89d-df4b7a52c24d",
            "image_id": "Attempt to boot from volume - no image supplied",
            "image_name": null,
            "key_pair": "",
            "metadata": null,
            "name": "eight.redteam.thanksgiving.dinner",
            "network": [
              {
                "access_network": false,
                "fixed_ip_v4": "10.50.0.8",
                "fixed_ip_v6": "",
                "floating_ip": "",
                "mac": "fa:16:3e:b0:47:3c",
                "name": "Competition Cloud Network",
                "port": "79909f09-a205-4d7b-8bac-6cacea065608",
                "uuid": "bd7b1cc0-4f64-4dd4-a0e7-4e8a29290d3a"
              }
            ],
            "network_mode": null,
            "personality": [],
            "power_state": "active",
            "region": "",
            "scheduler_hints": [],
            "security_groups": [
              "Redteam Secgroup",
              "default"
            ],
            "stop_before_destroy": false,
            "tags": [
              "project-ThanksgivingThrowdown-mgmt",
              "project-management",
              "redteam-eight"
            ],
            "timeouts": null,
            "user_data": "4c5e717450f524978ec7590685cd922114425edc",
            "vendor_options": [],
            "volume": []
          },
          "sensitive_attributes": [],
          "private": "eyJlMmJmYjczMC1lY2FhLTExZTYtOGY4OC0zNDM2M2JjN2M0YzAiOnsiY3JlYXRlIjoxODAwMDAwMDAwMDAwLCJkZWxldGUiOjE4MDAwMDAwMDAwMDAsInVwZGF0ZSI6MTgwMDAwMDAwMDAwMH19",
          "dependencies": [
            "data.openstack_compute_flavor_v2.flavor_linux_medium",
            "data.openstack_images_image_v2.image_kali",
            "module.redteam.data.openstack_identity_project_v3.management_project",
            "module.redteam.data.openstack_networking_network_v2.competition_cloud_network",
            "module.redteam.data.openstack_networking_secgroup_v2.default_secgroup",
            "module.redteam.openstack_blockstorage_volume_v3.redteam_volumes",
            "module.redteam.openstack_networking_port_v2.redteam_eight_port",
            "module.redteam.openstack_networking_port_v2.redteam_five_port",
            "module.redteam.openstack_networking_port_v2.redteam_four_port",
            "module.redteam.openstack_networking_port_v2.redteam_nine_port",
            "module.redteam.openstack_networking_port_v2.redteam_one_port",
            "module.redteam.openstack_networking_port_v2.redteam_seven_port",
            "module.redteam.openstack_networking_port_v2.redteam_six_port",
            "module.redteam.openstack_networking_port_v2.redteam_ten_port",
            "module.redteam.openstack_networking_port_v2.redteam_three_port",
            "module.redteam.openstack_networking_port_v2.redteam_two_port",
            "module.redteam.openstack_networking_secgroup_v2.redteam_secgroup",
            "module.redteam.openstack_networking_subnet_v2.redteam_subnet"
          ]
        },
        {
          "index_key": "five",
          "schema_version": 0,
          "attributes": {
            "access_ip_v4": "10.50.0.5",
            "access_ip_v6": "",
            "admin_pass": null,
            "all_metadata": {},
            "all_tags": [
              "project-ThanksgivingThrowdown-mgmt",
              "project-management",
              "redteam-five"
            ],
            "availability_zone": "host05",
            "availability_zone_hints": null,
            "block_device": [
              {
                "boot_index": 0,
                "delete_on_termination": true,
                "destination_type": "volume",
                "device_type": "",
                "disk_bus": "",
                "guest_format": "",
                "source_type": "volume",
                "uuid": "ef10227f-8c94-49cc-8b5d-cc17c04846d1",
                "volume_size": 0,
                "volume_type": ""
              }
            ],
            "config_drive": true,
            "flavor_id": "0d282a6d-d770-4f46-b059-5ca291489578",
            "flavor_name": "medium",
            "floating_ip": null,
            "force_delete": false,
            "id": "30cd1e6d-626c-41a5-943a-07524573de99",
            "image_id": "Attempt to boot from volume - no image supplied",
            "image_name": null,
            "key_pair": "",
            "metadata": null,
            "name": "five.redteam.thanksgiving.dinner",
            "network": [
              {
                "access_network": false,
                "fixed_ip_v4": "10.50.0.5",
                "fixed_ip_v6": "",
                "floating_ip": "",
                "mac": "fa:16:3e:51:2a:42",
                "name": "Competition Cloud Network",
                "port": "a32ade98-be7a-4088-8b4a-ef85b925b07c",
                "uuid": "bd7b1cc0-4f64-4dd4-a0e7-4e8a29290d3a"
              }
            ],
            "network_mode": null,
            "personality": [],
            "power_state": "active",
            "region": "",
            "scheduler_hints": [],
            "security_groups": [
              "Redteam Secgroup",
              "default"
            ],
            "stop_before_destroy": false,
            "tags": [
              "project-ThanksgivingThrowdown-mgmt",
              "project-management",
              "redteam-five"
            ],
            "timeouts": null,
            "user_data": "4c5e717450f524978ec7590685cd922114425edc",
            "vendor_options": [],
            "volume": []
          },
          "sensitive_attributes": [],
          "private": "eyJlMmJmYjczMC1lY2FhLTExZTYtOGY4OC0zNDM2M2JjN2M0YzAiOnsiY3JlYXRlIjoxODAwMDAwMDAwMDAwLCJkZWxldGUiOjE4MDAwMDAwMDAwMDAsInVwZGF0ZSI6MTgwMDAwMDAwMDAwMH19",
          "dependencies": [
            "data.openstack_compute_flavor_v2.flavor_linux_medium",
            "data.openstack_images_image_v2.image_kali",
            "module.redteam.data.openstack_identity_project_v3.management_project",
            "module.redteam.data.openstack_networking_network_v2.competition_cloud_network",
            "module.redteam.data.openstack_networking_secgroup_v2.default_secgroup",
            "module.redteam.openstack_blockstorage_volume_v3.redteam_volumes",
            "module.redteam.openstack_networking_port_v2.redteam_eight_port",
            "module.redteam.openstack_networking_port_v2.redteam_five_port",
            "module.redteam.openstack_networking_port_v2.redteam_four_port",
            "module.redteam.openstack_networking_port_v2.redteam_nine_port",
            "module.redteam.openstack_networking_port_v2.redteam_one_port",
            "module.redteam.openstack_networking_port_v2.redteam_seven_port",
            "module.redteam.openstack_networking_port_v2.redteam_six_port",
            "module.redteam.openstack_networking_port_v2.redteam_ten_port",
            "module.redteam.openstack_networking_port_v2.redteam_three_port",
            "module.redteam.openstack_networking_port_v2.redteam_two_port",
            "module.redteam.openstack_networking_secgroup_v2.redteam_secgroup",
            "module.redteam.openstack_networking_subnet_v2.redteam_subnet"
          ]
        },
        {
          "index_key": "four",
          "schema_version": 0,
          "attributes": {
            "access_ip_v4": "10.50.0.4",
            "access_ip_v6": "",
            "admin_pass": null,
            "all_metadata": {},
            "all_tags": [
              "project-ThanksgivingThrowdown-mgmt",
              "project-management",
              "redteam-four"
            ],
            "availability_zone": "host05",
            "availability_zone_hints": null,
            "block_device": [
              {
                "boot_index": 0,
                "delete_on_termination": true,
                "destination_type": "volume",
                "device_type": "",
                "disk_bus": "",
                "guest_format": "",
                "source_type": "volume",
                "uuid": "ff825c80-cea8-4782-aeb8-63654dba9741",
                "volume_size": 0,
                "volume_type": ""
              }
            ],
            "config_drive": true,
            "flavor_id": "0d282a6d-d770-4f46-b059-5ca291489578",
            "flavor_name": "medium",
            "floating_ip": null,
            "force_delete": false,
            "id": "6542f830-5db9-4da6-8cc5-2cffe4dd142b",
            "image_id": "Attempt to boot from volume - no image supplied",
            "image_name": null,
            "key_pair": "",
            "metadata": null,
            "name": "four.redteam.thanksgiving.dinner",
            "network": [
              {
                "access_network": false,
                "fixed_ip_v4": "10.50.0.4",
                "fixed_ip_v6": "",
                "floating_ip": "",
                "mac": "fa:16:3e:7e:79:a0",
                "name": "Competition Cloud Network",
                "port": "35e18a58-919c-453d-a7a7-96efd2a04aad",
                "uuid": "bd7b1cc0-4f64-4dd4-a0e7-4e8a29290d3a"
              }
            ],
            "network_mode": null,
            "personality": [],
            "power_state": "active",
            "region": "",
            "scheduler_hints": [],
            "security_groups": [
              "Redteam Secgroup",
              "default"
            ],
            "stop_before_destroy": false,
            "tags": [
              "project-ThanksgivingThrowdown-mgmt",
              "project-management",
              "redteam-four"
            ],
            "timeouts": null,
            "user_data": "4c5e717450f524978ec7590685cd922114425edc",
            "vendor_options": [],
            "volume": []
          },
          "sensitive_attributes": [],
          "private": "eyJlMmJmYjczMC1lY2FhLTExZTYtOGY4OC0zNDM2M2JjN2M0YzAiOnsiY3JlYXRlIjoxODAwMDAwMDAwMDAwLCJkZWxldGUiOjE4MDAwMDAwMDAwMDAsInVwZGF0ZSI6MTgwMDAwMDAwMDAwMH19",
          "dependencies": [
            "data.openstack_compute_flavor_v2.flavor_linux_medium",
            "data.openstack_images_image_v2.image_kali",
            "module.redteam.data.openstack_identity_project_v3.management_project",
            "module.redteam.data.openstack_networking_network_v2.competition_cloud_network",
            "module.redteam.data.openstack_networking_secgroup_v2.default_secgroup",
            "module.redteam.openstack_blockstorage_volume_v3.redteam_volumes",
            "module.redteam.openstack_networking_port_v2.redteam_eight_port",
            "module.redteam.openstack_networking_port_v2.redteam_five_port",
            "module.redteam.openstack_networking_port_v2.redteam_four_port",
            "module.redteam.openstack_networking_port_v2.redteam_nine_port",
            "module.redteam.openstack_networking_port_v2.redteam_one_port",
            "module.redteam.openstack_networking_port_v2.redteam_seven_port",
            "module.redteam.openstack_networking_port_v2.redteam_six_port",
            "module.redteam.openstack_networking_port_v2.redteam_ten_port",
            "module.redteam.openstack_networking_port_v2.redteam_three_port",
            "module.redteam.openstack_networking_port_v2.redteam_two_port",
            "module.redteam.openstack_networking_secgroup_v2.redteam_secgroup",
            "module.redteam.openstack_networking_subnet_v2.redteam_subnet"
          ]
        },
        {
          "index_key": "nine",
          "schema_version": 0,
          "attributes": {
            "access_ip_v4": "10.50.0.9",
            "access_ip_v6": "",
            "admin_pass": null,
            "all_metadata": {},
            "all_tags": [
              "project-ThanksgivingThrowdown-mgmt",
              "project-management",
              "redteam-nine"
            ],
            "availability_zone": "host05",
            "availability_zone_hints": null,
            "block_device": [
              {
                "boot_index": 0,
                "delete_on_termination": true,
                "destination_type": "volume",
                "device_type": "",
                "disk_bus": "",
                "guest_format": "",
                "source_type": "volume",
                "uuid": "4bd11e0b-4e84-452b-b856-726ba55b140a",
                "volume_size": 0,
                "volume_type": ""
              }
            ],
            "config_drive": true,
            "flavor_id": "0d282a6d-d770-4f46-b059-5ca291489578",
            "flavor_name": "medium",
            "floating_ip": null,
            "force_delete": false,
            "id": "0e9bc544-6922-44ba-8e05-9dd002287efc",
            "image_id": "Attempt to boot from volume - no image supplied",
            "image_name": null,
            "key_pair": "",
            "metadata": null,
            "name": "nine.redteam.thanksgiving.dinner",
            "network": [
              {
                "access_network": false,
                "fixed_ip_v4": "10.50.0.9",
                "fixed_ip_v6": "",
                "floating_ip": "",
                "mac": "fa:16:3e:de:d5:6c",
                "name": "Competition Cloud Network",
                "port": "a9e27b97-cd1b-4e15-8506-5a5a40a2a199",
                "uuid": "bd7b1cc0-4f64-4dd4-a0e7-4e8a29290d3a"
              }
            ],
            "network_mode": null,
            "personality": [],
            "power_state": "active",
            "region": "",
            "scheduler_hints": [],
            "security_groups": [
              "Redteam Secgroup",
              "default"
            ],
            "stop_before_destroy": false,
            "tags": [
              "project-ThanksgivingThrowdown-mgmt",
              "project-management",
              "redteam-nine"
            ],
            "timeouts": null,
            "user_data": "4c5e717450f524978ec7590685cd922114425edc",
            "vendor_options": [],
            "volume": []
          },
          "sensitive_attributes": [],
          "private": "eyJlMmJmYjczMC1lY2FhLTExZTYtOGY4OC0zNDM2M2JjN2M0YzAiOnsiY3JlYXRlIjoxODAwMDAwMDAwMDAwLCJkZWxldGUiOjE4MDAwMDAwMDAwMDAsInVwZGF0ZSI6MTgwMDAwMDAwMDAwMH19",
          "dependencies": [
            "data.openstack_compute_flavor_v2.flavor_linux_medium",
            "data.openstack_images_image_v2.image_kali",
            "module.redteam.data.openstack_identity_project_v3.management_project",
            "module.redteam.data.openstack_networking_network_v2.competition_cloud_network",
            "module.redteam.data.openstack_networking_secgroup_v2.default_secgroup",
            "module.redteam.openstack_blockstorage_volume_v3.redteam_volumes",
            "module.redteam.openstack_networking_port_v2.redteam_eight_port",
            "module.redteam.openstack_networking_port_v2.redteam_five_port",
            "module.redteam.openstack_networking_port_v2.redteam_four_port",
            "module.redteam.openstack_networking_port_v2.redteam_nine_port",
            "module.redteam.openstack_networking_port_v2.redteam_one_port",
            "module.redteam.openstack_networking_port_v2.redteam_seven_port",
            "module.redteam.openstack_networking_port_v2.redteam_six_port",
            "module.redteam.openstack_networking_port_v2.redteam_ten_port",
            "module.redteam.openstack_networking_port_v2.redteam_three_port",
            "module.redteam.openstack_networking_port_v2.redteam_two_port",
            "module.redteam.openstack_networking_secgroup_v2.redteam_secgroup",
            "module.redteam.openstack_networking_subnet_v2.redteam_subnet"
          ]
        },
        {
          "index_key": "one",
          "schema_version": 0,
          "attributes": {
            "access_ip_v4": "10.50.0.1",
            "access_ip_v6": "",
            "admin_pass": null,
            "all_metadata": {},
            "all_tags": [
              "project-ThanksgivingThrowdown-mgmt",
              "project-management",
              "redteam-one"
            ],
            "availability_zone": "host05",
            "availability_zone_hints": null,
            "block_device": [
              {
                "boot_index": 0,
                "delete_on_termination": true,
                "destination_type": "volume",
                "device_type": "",
                "disk_bus": "",
                "guest_format": "",
                "source_type": "volume",
                "uuid": "e1b7f1a4-ad46-41b6-9c5a-4a7a8541128b",
                "volume_size": 0,
                "volume_type": ""
              }
            ],
            "config_drive": true,
            "flavor_id": "0d282a6d-d770-4f46-b059-5ca291489578",
            "flavor_name": "medium",
            "floating_ip": null,
            "force_delete": false,
            "id": "2f1825b4-5415-4547-8157-096223a65d3d",
            "image_id": "Attempt to boot from volume - no image supplied",
            "image_name": null,
            "key_pair": "",
            "metadata": null,
            "name": "one.redteam.thanksgiving.dinner",
            "network": [
              {
                "access_network": false,
                "fixed_ip_v4": "10.50.0.1",
                "fixed_ip_v6": "",
                "floating_ip": "",
                "mac": "fa:16:3e:64:f5:27",
                "name": "Competition Cloud Network",
                "port": "bcdf1c8f-395d-4ebe-8d96-4298326c67c8",
                "uuid": "bd7b1cc0-4f64-4dd4-a0e7-4e8a29290d3a"
              }
            ],
            "network_mode": null,
            "personality": [],
            "power_state": "active",
            "region": "",
            "scheduler_hints": [],
            "security_groups": [
              "Redteam Secgroup",
              "default"
            ],
            "stop_before_destroy": false,
            "tags": [
              "project-ThanksgivingThrowdown-mgmt",
              "project-management",
              "redteam-one"
            ],
            "timeouts": null,
            "user_data": "4c5e717450f524978ec7590685cd922114425edc",
            "vendor_options": [],
            "volume": []
          },
          "sensitive_attributes": [],
          "private": "eyJlMmJmYjczMC1lY2FhLTExZTYtOGY4OC0zNDM2M2JjN2M0YzAiOnsiY3JlYXRlIjoxODAwMDAwMDAwMDAwLCJkZWxldGUiOjE4MDAwMDAwMDAwMDAsInVwZGF0ZSI6MTgwMDAwMDAwMDAwMH19",
          "dependencies": [
            "data.openstack_compute_flavor_v2.flavor_linux_medium",
            "data.openstack_images_image_v2.image_kali",
            "module.redteam.data.openstack_identity_project_v3.management_project",
            "module.redteam.data.openstack_networking_network_v2.competition_cloud_network",
            "module.redteam.data.openstack_networking_secgroup_v2.default_secgroup",
            "module.redteam.openstack_blockstorage_volume_v3.redteam_volumes",
            "module.redteam.openstack_networking_port_v2.redteam_eight_port",
            "module.redteam.openstack_networking_port_v2.redteam_five_port",
            "module.redteam.openstack_networking_port_v2.redteam_four_port",
            "module.redteam.openstack_networking_port_v2.redteam_nine_port",
            "module.redteam.openstack_networking_port_v2.redteam_one_port",
            "module.redteam.openstack_networking_port_v2.redteam_seven_port",
            "module.redteam.openstack_networking_port_v2.redteam_six_port",
            "module.redteam.openstack_networking_port_v2.redteam_ten_port",
            "module.redteam.openstack_networking_port_v2.redteam_three_port",
            "module.redteam.openstack_networking_port_v2.redteam_two_port",
            "module.redteam.openstack_networking_secgroup_v2.redteam_secgroup",
            "module.redteam.openstack_networking_subnet_v2.redteam_subnet"
          ]
        },
        {
          "index_key": "seven",
          "schema_version": 0,
          "attributes": {
            "access_ip_v4": "10.50.0.7",
            "access_ip_v6": "",
            "admin_pass": null,
            "all_metadata": {},
            "all_tags": [
              "project-ThanksgivingThrowdown-mgmt",
              "project-management",
              "redteam-seven"
            ],
            "availability_zone": "host05",
            "availability_zone_hints": null,
            "block_device": [
              {
                "boot_index": 0,
                "delete_on_termination": true,
                "destination_type": "volume",
                "device_type": "",
                "disk_bus": "",
                "guest_format": "",
                "source_type": "volume",
                "uuid": "1ee7d2b3-86c0-416a-9247-fa3391331d73",
                "volume_size": 0,
                "volume_type": ""
              }
            ],
            "config_drive": true,
            "flavor_id": "0d282a6d-d770-4f46-b059-5ca291489578",
            "flavor_name": "medium",
            "floating_ip": null,
            "force_delete": false,
            "id": "f7e760a0-75ee-484d-a963-228b900eb933",
            "image_id": "Attempt to boot from volume - no image supplied",
            "image_name": null,
            "key_pair": "",
            "metadata": null,
            "name": "seven.redteam.thanksgiving.dinner",
            "network": [
              {
                "access_network": false,
                "fixed_ip_v4": "10.50.0.7",
                "fixed_ip_v6": "",
                "floating_ip": "",
                "mac": "fa:16:3e:e1:88:dd",
                "name": "Competition Cloud Network",
                "port": "19a7d379-b0c2-42d3-a1b2-44ae7ae7b006",
                "uuid": "bd7b1cc0-4f64-4dd4-a0e7-4e8a29290d3a"
              }
            ],
            "network_mode": null,
            "personality": [],
            "power_state": "active",
            "region": "",
            "scheduler_hints": [],
            "security_groups": [
              "Redteam Secgroup",
              "default"
            ],
            "stop_before_destroy": false,
            "tags": [
              "project-ThanksgivingThrowdown-mgmt",
              "project-management",
              "redteam-seven"
            ],
            "timeouts": null,
            "user_data": "4c5e717450f524978ec7590685cd922114425edc",
            "vendor_options": [],
            "volume": []
          },
          "sensitive_attributes": [],
          "private": "eyJlMmJmYjczMC1lY2FhLTExZTYtOGY4OC0zNDM2M2JjN2M0YzAiOnsiY3JlYXRlIjoxODAwMDAwMDAwMDAwLCJkZWxldGUiOjE4MDAwMDAwMDAwMDAsInVwZGF0ZSI6MTgwMDAwMDAwMDAwMH19",
          "dependencies": [
            "data.openstack_compute_flavor_v2.flavor_linux_medium",
            "data.openstack_images_image_v2.image_kali",
            "module.redteam.data.openstack_identity_project_v3.management_project",
            "module.redteam.data.openstack_networking_network_v2.competition_cloud_network",
            "module.redteam.data.openstack_networking_secgroup_v2.default_secgroup",
            "module.redteam.openstack_blockstorage_volume_v3.redteam_volumes",
            "module.redteam.openstack_networking_port_v2.redteam_eight_port",
            "module.redteam.openstack_networking_port_v2.redteam_five_port",
            "module.redteam.openstack_networking_port_v2.redteam_four_port",
            "module.redteam.openstack_networking_port_v2.redteam_nine_port",
            "module.redteam.openstack_networking_port_v2.redteam_one_port",
            "module.redteam.openstack_networking_port_v2.redteam_seven_port",
            "module.redteam.openstack_networking_port_v2.redteam_six_port",
            "module.redteam.openstack_networking_port_v2.redteam_ten_port",
            "module.redteam.openstack_networking_port_v2.redteam_three_port",
            "module.redteam.openstack_networking_port_v2.redteam_two_port",
            "module.redteam.openstack_networking_secgroup_v2.redteam_secgroup",
            "module.redteam.openstack_networking_subnet_v2.redteam_subnet"
          ]
        },
        {
          "index_key": "six",
          "schema_version": 0,
          "attributes": {
            "access_ip_v4": "10.50.0.6",
            "access_ip_v6": "",
            "admin_pass": null,
            "all_metadata": {},
            "all_tags": [
              "project-ThanksgivingThrowdown-mgmt",
              "project-management",
              "redteam-six"
            ],
            "availability_zone": "host05",
            "availability_zone_hints": null,
            "block_device": [
              {
                "boot_index": 0,
                "delete_on_termination": true,
                "destination_type": "volume",
                "device_type": "",
                "disk_bus": "",
                "guest_format": "",
                "source_type": "volume",
                "uuid": "b7b9f64b-1790-4c10-a74c-a1ee3ee6ddbd",
                "volume_size": 0,
                "volume_type": ""
              }
            ],
            "config_drive": true,
            "flavor_id": "0d282a6d-d770-4f46-b059-5ca291489578",
            "flavor_name": "medium",
            "floating_ip": null,
            "force_delete": false,
            "id": "95a20646-61fa-4bcd-ad4c-667379d99ae8",
            "image_id": "Attempt to boot from volume - no image supplied",
            "image_name": null,
            "key_pair": "",
            "metadata": null,
            "name": "six.redteam.thanksgiving.dinner",
            "network": [
              {
                "access_network": false,
                "fixed_ip_v4": "10.50.0.6",
                "fixed_ip_v6": "",
                "floating_ip": "",
                "mac": "fa:16:3e:8a:8e:3e",
                "name": "Competition Cloud Network",
                "port": "0fccdc5b-650a-48aa-8636-451794ad9a66",
                "uuid": "bd7b1cc0-4f64-4dd4-a0e7-4e8a29290d3a"
              }
            ],
            "network_mode": null,
            "personality": [],
            "power_state": "active",
            "region": "",
            "scheduler_hints": [],
            "security_groups": [
              "Redteam Secgroup",
              "default"
            ],
            "stop_before_destroy": false,
            "tags": [
              "project-ThanksgivingThrowdown-mgmt",
              "project-management",
              "redteam-six"
            ],
            "timeouts": null,
            "user_data": "4c5e717450f524978ec7590685cd922114425edc",
            "vendor_options": [],
            "volume": []
          },
          "sensitive_attributes": [],
          "private": "eyJlMmJmYjczMC1lY2FhLTExZTYtOGY4OC0zNDM2M2JjN2M0YzAiOnsiY3JlYXRlIjoxODAwMDAwMDAwMDAwLCJkZWxldGUiOjE4MDAwMDAwMDAwMDAsInVwZGF0ZSI6MTgwMDAwMDAwMDAwMH19",
          "dependencies": [
            "data.openstack_compute_flavor_v2.flavor_linux_medium",
            "data.openstack_images_image_v2.image_kali",
            "module.redteam.data.openstack_identity_project_v3.management_project",
            "module.redteam.data.openstack_networking_network_v2.competition_cloud_network",
            "module.redteam.data.openstack_networking_secgroup_v2.default_secgroup",
            "module.redteam.openstack_blockstorage_volume_v3.redteam_volumes",
            "module.redteam.openstack_networking_port_v2.redteam_eight_port",
            "module.redteam.openstack_networking_port_v2.redteam_five_port",
            "module.redteam.openstack_networking_port_v2.redteam_four_port",
            "module.redteam.openstack_networking_port_v2.redteam_nine_port",
            "module.redteam.openstack_networking_port_v2.redteam_one_port",
            "module.redteam.openstack_networking_port_v2.redteam_seven_port",
            "module.redteam.openstack_networking_port_v2.redteam_six_port",
            "module.redteam.openstack_networking_port_v2.redteam_ten_port",
            "module.redteam.openstack_networking_port_v2.redteam_three_port",
            "module.redteam.openstack_networking_port_v2.redteam_two_port",
            "module.redteam.openstack_networking_secgroup_v2.redteam_secgroup",
            "module.redteam.openstack_networking_subnet_v2.redteam_subnet"
          ]
        },
        {
          "index_key": "ten",
          "schema_version": 0,
          "attributes": {
            "access_ip_v4": "10.50.0.10",
            "access_ip_v6": "",
            "admin_pass": null,
            "all_metadata": {},
            "all_tags": [
              "project-ThanksgivingThrowdown-mgmt",
              "project-management",
              "redteam-ten"
            ],
            "availability_zone": "host05",
            "availability_zone_hints": null,
            "block_device": [
              {
                "boot_index": 0,
                "delete_on_termination": true,
                "destination_type": "volume",
                "device_type": "",
                "disk_bus": "",
                "guest_format": "",
                "source_type": "volume",
                "uuid": "2662e0dc-c603-41ef-98ca-27a1bfe48201",
                "volume_size": 0,
                "volume_type": ""
              }
            ],
            "config_drive": true,
            "flavor_id": "0d282a6d-d770-4f46-b059-5ca291489578",
            "flavor_name": "medium",
            "floating_ip": null,
            "force_delete": false,
            "id": "b7eb9505-2014-4c32-bbf0-51073e6213de",
            "image_id": "Attempt to boot from volume - no image supplied",
            "image_name": null,
            "key_pair": "",
            "metadata": null,
            "name": "ten.redteam.thanksgiving.dinner",
            "network": [
              {
                "access_network": false,
                "fixed_ip_v4": "10.50.0.10",
                "fixed_ip_v6": "",
                "floating_ip": "",
                "mac": "fa:16:3e:8e:54:66",
                "name": "Competition Cloud Network",
                "port": "737dc2e7-772e-49d9-9e00-762eae9838f4",
                "uuid": "bd7b1cc0-4f64-4dd4-a0e7-4e8a29290d3a"
              }
            ],
            "network_mode": null,
            "personality": [],
            "power_state": "active",
            "region": "",
            "scheduler_hints": [],
            "security_groups": [
              "Redteam Secgroup",
              "default"
            ],
            "stop_before_destroy": false,
            "tags": [
              "project-ThanksgivingThrowdown-mgmt",
              "project-management",
              "redteam-ten"
            ],
            "timeouts": null,
            "user_data": "4c5e717450f524978ec7590685cd922114425edc",
            "vendor_options": [],
            "volume": []
          },
          "sensitive_attributes": [],
          "private": "eyJlMmJmYjczMC1lY2FhLTExZTYtOGY4OC0zNDM2M2JjN2M0YzAiOnsiY3JlYXRlIjoxODAwMDAwMDAwMDAwLCJkZWxldGUiOjE4MDAwMDAwMDAwMDAsInVwZGF0ZSI6MTgwMDAwMDAwMDAwMH19",
          "dependencies": [
            "data.openstack_compute_flavor_v2.flavor_linux_medium",
            "data.openstack_images_image_v2.image_kali",
            "module.redteam.data.openstack_identity_project_v3.management_project",
            "module.redteam.data.openstack_networking_network_v2.competition_cloud_network",
            "module.redteam.data.openstack_networking_secgroup_v2.default_secgroup",
            "module.redteam.openstack_blockstorage_volume_v3.redteam_volumes",
            "module.redteam.openstack_networking_port_v2.redteam_eight_port",
            "module.redteam.openstack_networking_port_v2.redteam_five_port",
            "module.redteam.openstack_networking_port_v2.redteam_four_port",
            "module.redteam.openstack_networking_port_v2.redteam_nine_port",
            "module.redteam.openstack_networking_port_v2.redteam_one_port",
            "module.redteam.openstack_networking_port_v2.redteam_seven_port",
            "module.redteam.openstack_networking_port_v2.redteam_six_port",
            "module.redteam.openstack_networking_port_v2.redteam_ten_port",
            "module.redteam.openstack_networking_port_v2.redteam_three_port",
            "module.redteam.openstack_networking_port_v2.redteam_two_port",
            "module.redteam.openstack_networking_secgroup_v2.redteam_secgroup",
            "module.redteam.openstack_networking_subnet_v2.redteam_subnet"
          ]
        },
        {
          "index_key": "three",
          "schema_version": 0,
          "attributes": {
            "access_ip_v4": "10.50.0.3",
            "access_ip_v6": "",
            "admin_pass": null,
            "all_metadata": {},
            "all_tags": [
              "project-ThanksgivingThrowdown-mgmt",
              "project-management",
              "redteam-three"
            ],
            "availability_zone": "host05",
            "availability_zone_hints": null,
            "block_device": [
              {
                "boot_index": 0,
                "delete_on_termination": true,
                "destination_type": "volume",
                "device_type": "",
                "disk_bus": "",
                "guest_format": "",
                "source_type": "volume",
                "uuid": "b3d8b902-18d5-4346-856d-3c8614d653af",
                "volume_size": 0,
                "volume_type": ""
              }
            ],
            "config_drive": true,
            "flavor_id": "0d282a6d-d770-4f46-b059-5ca291489578",
            "flavor_name": "medium",
            "floating_ip": null,
            "force_delete": false,
            "id": "fe29ca7d-85e0-4c3f-bcad-d806ee14e19e",
            "image_id": "Attempt to boot from volume - no image supplied",
            "image_name": null,
            "key_pair": "",
            "metadata": null,
            "name": "three.redteam.thanksgiving.dinner",
            "network": [
              {
                "access_network": false,
                "fixed_ip_v4": "10.50.0.3",
                "fixed_ip_v6": "",
                "floating_ip": "",
                "mac": "fa:16:3e:85:85:2d",
                "name": "Competition Cloud Network",
                "port": "8adbd24e-c136-4803-b296-056721d28447",
                "uuid": "bd7b1cc0-4f64-4dd4-a0e7-4e8a29290d3a"
              }
            ],
            "network_mode": null,
            "personality": [],
            "power_state": "active",
            "region": "",
            "scheduler_hints": [],
            "security_groups": [
              "Redteam Secgroup",
              "default"
            ],
            "stop_before_destroy": false,
            "tags": [
              "project-ThanksgivingThrowdown-mgmt",
              "project-management",
              "redteam-three"
            ],
            "timeouts": null,
            "user_data": "4c5e717450f524978ec7590685cd922114425edc",
            "vendor_options": [],
            "volume": []
          },
          "sensitive_attributes": [],
          "private": "eyJlMmJmYjczMC1lY2FhLTExZTYtOGY4OC0zNDM2M2JjN2M0YzAiOnsiY3JlYXRlIjoxODAwMDAwMDAwMDAwLCJkZWxldGUiOjE4MDAwMDAwMDAwMDAsInVwZGF0ZSI6MTgwMDAwMDAwMDAwMH19",
          "dependencies": [
            "data.openstack_compute_flavor_v2.flavor_linux_medium",
            "data.openstack_images_image_v2.image_kali",
            "module.redteam.data.openstack_identity_project_v3.management_project",
            "module.redteam.data.openstack_networking_network_v2.competition_cloud_network",
            "module.redteam.data.openstack_networking_secgroup_v2.default_secgroup",
            "module.redteam.openstack_blockstorage_volume_v3.redteam_volumes",
            "module.redteam.openstack_networking_port_v2.redteam_eight_port",
            "module.redteam.openstack_networking_port_v2.redteam_five_port",
            "module.redteam.openstack_networking_port_v2.redteam_four_port",
            "module.redteam.openstack_networking_port_v2.redteam_nine_port",
            "module.redteam.openstack_networking_port_v2.redteam_one_port",
            "module.redteam.openstack_networking_port_v2.redteam_seven_port",
            "module.redteam.openstack_networking_port_v2.redteam_six_port",
            "module.redteam.openstack_networking_port_v2.redteam_ten_port",
            "module.redteam.openstack_networking_port_v2.redteam_three_port",
            "module.redteam.openstack_networking_port_v2.redteam_two_port",
            "module.redteam.openstack_networking_secgroup_v2.redteam_secgroup",
            "module.redteam.openstack_networking_subnet_v2.redteam_subnet"
          ]
        },
        {
          "index_key": "two",
          "schema_version": 0,
          "attributes": {
            "access_ip_v4": "10.50.0.2",
            "access_ip_v6": "",
            "admin_pass": null,
            "all_metadata": {},
            "all_tags": [
              "project-ThanksgivingThrowdown-mgmt",
              "project-management",
              "redteam-two"
            ],
            "availability_zone": "host05",
            "availability_zone_hints": null,
            "block_device": [
              {
                "boot_index": 0,
                "delete_on_termination": true,
                "destination_type": "volume",
                "device_type": "",
                "disk_bus": "",
                "guest_format": "",
                "source_type": "volume",
                "uuid": "2713d5aa-4d15-4e53-b427-374af3d1a55b",
                "volume_size": 0,
                "volume_type": ""
              }
            ],
            "config_drive": true,
            "flavor_id": "0d282a6d-d770-4f46-b059-5ca291489578",
            "flavor_name": "medium",
            "floating_ip": null,
            "force_delete": false,
            "id": "66edc24a-9924-4682-856d-d36c5171db0b",
            "image_id": "Attempt to boot from volume - no image supplied",
            "image_name": null,
            "key_pair": "",
            "metadata": null,
            "name": "two.redteam.thanksgiving.dinner",
            "network": [
              {
                "access_network": false,
                "fixed_ip_v4": "10.50.0.2",
                "fixed_ip_v6": "",
                "floating_ip": "",
                "mac": "fa:16:3e:ab:bf:60",
                "name": "Competition Cloud Network",
                "port": "ae8269f7-3d80-4b41-84a1-d896ff9d2fcd",
                "uuid": "bd7b1cc0-4f64-4dd4-a0e7-4e8a29290d3a"
              }
            ],
            "network_mode": null,
            "personality": [],
            "power_state": "active",
            "region": "",
            "scheduler_hints": [],
            "security_groups": [
              "Redteam Secgroup",
              "default"
            ],
            "stop_before_destroy": false,
            "tags": [
              "project-ThanksgivingThrowdown-mgmt",
              "project-management",
              "redteam-two"
            ],
            "timeouts": null,
            "user_data": "4c5e717450f524978ec7590685cd922114425edc",
            "vendor_options": [],
            "volume": []
          },
          "sensitive_attributes": [],
          "private": "eyJlMmJmYjczMC1lY2FhLTExZTYtOGY4OC0zNDM2M2JjN2M0YzAiOnsiY3JlYXRlIjoxODAwMDAwMDAwMDAwLCJkZWxldGUiOjE4MDAwMDAwMDAwMDAsInVwZGF0ZSI6MTgwMDAwMDAwMDAwMH19",
          "dependencies": [
            "data.openstack_compute_flavor_v2.flavor_linux_medium",
            "data.openstack_images_image_v2.image_kali",
            "module.redteam.data.openstack_identity_project_v3.management_project",
            "module.redteam.data.openstack_networking_network_v2.competition_cloud_network",
            "module.redteam.data.openstack_networking_secgroup_v2.default_secgroup",
            "module.redteam.openstack_blockstorage_volume_v3.redteam_volumes",
            "module.redteam.openstack_networking_port_v2.redteam_eight_port",
            "module.redteam.openstack_networking_port_v2.redteam_five_port",
            "module.redteam.openstack_networking_port_v2.redteam_four_port",
            "module.redteam.openstack_networking_port_v2.redteam_nine_port",
            "module.redteam.openstack_networking_port_v2.redteam_one_port",
            "module.redteam.openstack_networking_port_v2.redteam_seven_port",
            "module.redteam.openstack_networking_port_v2.redteam_six_port",
            "module.redteam.openstack_networking_port_v2.redteam_ten_port",
            "module.redteam.openstack_networking_port_v2.redteam_three_port",
            "module.redteam.openstack_networking_port_v2.redteam_two_port",
            "module.redteam.openstack_networking_secgroup_v2.redteam_secgroup",
            "module.redteam.openstack_networking_subnet_v2.redteam_subnet"
          ]
        }
      ]
    },
    {
      "module": "module.redteam",
      "mode": "managed",
      "type": "openstack_networking_port_v2",
      "name": "redteam_eight_port",
      "provider": "provider[\"registry.terraform.io/terraform-provider-openstack/openstack\"]",
      "instances": [
        {
          "schema_version": 0,
          "attributes": {
            "admin_state_up": true,
            "all_fixed_ips": [
              "10.50.0.8"
            ],
            "all_security_group_ids": [
              "c9a2fb1e-fe86-4dc8-bfe4-fe2ab67d94a9",
              "df7d77a2-adf9-433c-9e4f-240ebebb8ed5"
            ],
            "all_tags": [],
            "allowed_address_pairs": [],
            "binding": [
              {
                "host_id": "",
                "profile": "",
                "vif_details": {},
                "vif_type": "",
                "vnic_type": "normal"
              }
            ],
            "description": "",
            "device_id": "",
            "device_owner": "",
            "dns_assignment": [],
            "dns_name": "",
            "extra_dhcp_option": [],
            "fixed_ip": [
              {
                "ip_address": "10.50.0.8",
                "subnet_id": "e41984e3-1343-46f9-a374-b2a2eea454fb"
              }
            ],
            "id": "79909f09-a205-4d7b-8bac-6cacea065608",
            "mac_address": "fa:16:3e:b0:47:3c",
            "name": "Redteam #8 Port",
            "network_id": "bd7b1cc0-4f64-4dd4-a0e7-4e8a29290d3a",
            "no_fixed_ip": null,
            "no_security_groups": null,
            "port_security_enabled": true,
            "qos_policy_id": "",
            "region": "",
            "security_group_ids": [
              "c9a2fb1e-fe86-4dc8-bfe4-fe2ab67d94a9",
              "df7d77a2-adf9-433c-9e4f-240ebebb8ed5"
            ],
            "tags": null,
            "tenant_id": "a04419c07de1428ba9f58093b1b52ef3",
            "timeouts": null,
            "value_specs": null
          },
          "sensitive_attributes": [],
          "private": "eyJlMmJmYjczMC1lY2FhLTExZTYtOGY4OC0zNDM2M2JjN2M0YzAiOnsiY3JlYXRlIjo2MDAwMDAwMDAwMDAsImRlbGV0ZSI6NjAwMDAwMDAwMDAwfX0=",
          "dependencies": [
            "module.redteam.data.openstack_identity_project_v3.management_project",
            "module.redteam.data.openstack_networking_network_v2.competition_cloud_network",
            "module.redteam.data.openstack_networking_secgroup_v2.default_secgroup",
            "module.redteam.openstack_networking_secgroup_v2.redteam_secgroup",
            "module.redteam.openstack_networking_subnet_v2.redteam_subnet"
          ]
        }
      ]
    },
    {
      "module": "module.redteam",
      "mode": "managed",
      "type": "openstack_networking_port_v2",
      "name": "redteam_five_port",
      "provider": "provider[\"registry.terraform.io/terraform-provider-openstack/openstack\"]",
      "instances": [
        {
          "schema_version": 0,
          "attributes": {
            "admin_state_up": true,
            "all_fixed_ips": [
              "10.50.0.5"
            ],
            "all_security_group_ids": [
              "c9a2fb1e-fe86-4dc8-bfe4-fe2ab67d94a9",
              "df7d77a2-adf9-433c-9e4f-240ebebb8ed5"
            ],
            "all_tags": [],
            "allowed_address_pairs": [],
            "binding": [
              {
                "host_id": "",
                "profile": "",
                "vif_details": {},
                "vif_type": "",
                "vnic_type": "normal"
              }
            ],
            "description": "",
            "device_id": "",
            "device_owner": "",
            "dns_assignment": [],
            "dns_name": "",
            "extra_dhcp_option": [],
            "fixed_ip": [
              {
                "ip_address": "10.50.0.5",
                "subnet_id": "e41984e3-1343-46f9-a374-b2a2eea454fb"
              }
            ],
            "id": "a32ade98-be7a-4088-8b4a-ef85b925b07c",
            "mac_address": "fa:16:3e:51:2a:42",
            "name": "Redteam #5 Port",
            "network_id": "bd7b1cc0-4f64-4dd4-a0e7-4e8a29290d3a",
            "no_fixed_ip": null,
            "no_security_groups": null,
            "port_security_enabled": true,
            "qos_policy_id": "",
            "region": "",
            "security_group_ids": [
              "c9a2fb1e-fe86-4dc8-bfe4-fe2ab67d94a9",
              "df7d77a2-adf9-433c-9e4f-240ebebb8ed5"
            ],
            "tags": null,
            "tenant_id": "a04419c07de1428ba9f58093b1b52ef3",
            "timeouts": null,
            "value_specs": null
          },
          "sensitive_attributes": [],
          "private": "eyJlMmJmYjczMC1lY2FhLTExZTYtOGY4OC0zNDM2M2JjN2M0YzAiOnsiY3JlYXRlIjo2MDAwMDAwMDAwMDAsImRlbGV0ZSI6NjAwMDAwMDAwMDAwfX0=",
          "dependencies": [
            "module.redteam.data.openstack_identity_project_v3.management_project",
            "module.redteam.data.openstack_networking_network_v2.competition_cloud_network",
            "module.redteam.data.openstack_networking_secgroup_v2.default_secgroup",
            "module.redteam.openstack_networking_secgroup_v2.redteam_secgroup",
            "module.redteam.openstack_networking_subnet_v2.redteam_subnet"
          ]
        }
      ]
    },
    {
      "module": "module.redteam",
      "mode": "managed",
      "type": "openstack_networking_port_v2",
      "name": "redteam_four_port",
      "provider": "provider[\"registry.terraform.io/terraform-provider-openstack/openstack\"]",
      "instances": [
        {
          "schema_version": 0,
          "attributes": {
            "admin_state_up": true,
            "all_fixed_ips": [
              "10.50.0.4"
            ],
            "all_security_group_ids": [
              "c9a2fb1e-fe86-4dc8-bfe4-fe2ab67d94a9",
              "df7d77a2-adf9-433c-9e4f-240ebebb8ed5"
            ],
            "all_tags": [],
            "allowed_address_pairs": [],
            "binding": [
              {
                "host_id": "",
                "profile": "",
                "vif_details": {},
                "vif_type": "",
                "vnic_type": "normal"
              }
            ],
            "description": "",
            "device_id": "",
            "device_owner": "",
            "dns_assignment": [],
            "dns_name": "",
            "extra_dhcp_option": [],
            "fixed_ip": [
              {
                "ip_address": "10.50.0.4",
                "subnet_id": "e41984e3-1343-46f9-a374-b2a2eea454fb"
              }
            ],
            "id": "35e18a58-919c-453d-a7a7-96efd2a04aad",
            "mac_address": "fa:16:3e:7e:79:a0",
            "name": "Redteam #4 Port",
            "network_id": "bd7b1cc0-4f64-4dd4-a0e7-4e8a29290d3a",
            "no_fixed_ip": null,
            "no_security_groups": null,
            "port_security_enabled": true,
            "qos_policy_id": "",
            "region": "",
            "security_group_ids": [
              "c9a2fb1e-fe86-4dc8-bfe4-fe2ab67d94a9",
              "df7d77a2-adf9-433c-9e4f-240ebebb8ed5"
            ],
            "tags": null,
            "tenant_id": "a04419c07de1428ba9f58093b1b52ef3",
            "timeouts": null,
            "value_specs": null
          },
          "sensitive_attributes": [],
          "private": "eyJlMmJmYjczMC1lY2FhLTExZTYtOGY4OC0zNDM2M2JjN2M0YzAiOnsiY3JlYXRlIjo2MDAwMDAwMDAwMDAsImRlbGV0ZSI6NjAwMDAwMDAwMDAwfX0=",
          "dependencies": [
            "module.redteam.data.openstack_identity_project_v3.management_project",
            "module.redteam.data.openstack_networking_network_v2.competition_cloud_network",
            "module.redteam.data.openstack_networking_secgroup_v2.default_secgroup",
            "module.redteam.openstack_networking_secgroup_v2.redteam_secgroup",
            "module.redteam.openstack_networking_subnet_v2.redteam_subnet"
          ]
        }
      ]
    },
    {
      "module": "module.redteam",
      "mode": "managed",
      "type": "openstack_networking_port_v2",
      "name": "redteam_nine_port",
      "provider": "provider[\"registry.terraform.io/terraform-provider-openstack/openstack\"]",
      "instances": [
        {
          "schema_version": 0,
          "attributes": {
            "admin_state_up": true,
            "all_fixed_ips": [
              "10.50.0.9"
            ],
            "all_security_group_ids": [
              "c9a2fb1e-fe86-4dc8-bfe4-fe2ab67d94a9",
              "df7d77a2-adf9-433c-9e4f-240ebebb8ed5"
            ],
            "all_tags": [],
            "allowed_address_pairs": [],
            "binding": [
              {
                "host_id": "",
                "profile": "",
                "vif_details": {},
                "vif_type": "",
                "vnic_type": "normal"
              }
            ],
            "description": "",
            "device_id": "",
            "device_owner": "",
            "dns_assignment": [],
            "dns_name": "",
            "extra_dhcp_option": [],
            "fixed_ip": [
              {
                "ip_address": "10.50.0.9",
                "subnet_id": "e41984e3-1343-46f9-a374-b2a2eea454fb"
              }
            ],
            "id": "a9e27b97-cd1b-4e15-8506-5a5a40a2a199",
            "mac_address": "fa:16:3e:de:d5:6c",
            "name": "Redteam #9 Port",
            "network_id": "bd7b1cc0-4f64-4dd4-a0e7-4e8a29290d3a",
            "no_fixed_ip": null,
            "no_security_groups": null,
            "port_security_enabled": true,
            "qos_policy_id": "",
            "region": "",
            "security_group_ids": [
              "c9a2fb1e-fe86-4dc8-bfe4-fe2ab67d94a9",
              "df7d77a2-adf9-433c-9e4f-240ebebb8ed5"
            ],
            "tags": null,
            "tenant_id": "a04419c07de1428ba9f58093b1b52ef3",
            "timeouts": null,
            "value_specs": null
          },
          "sensitive_attributes": [],
          "private": "eyJlMmJmYjczMC1lY2FhLTExZTYtOGY4OC0zNDM2M2JjN2M0YzAiOnsiY3JlYXRlIjo2MDAwMDAwMDAwMDAsImRlbGV0ZSI6NjAwMDAwMDAwMDAwfX0=",
          "dependencies": [
            "module.redteam.data.openstack_identity_project_v3.management_project",
            "module.redteam.data.openstack_networking_network_v2.competition_cloud_network",
            "module.redteam.data.openstack_networking_secgroup_v2.default_secgroup",
            "module.redteam.openstack_networking_secgroup_v2.redteam_secgroup",
            "module.redteam.openstack_networking_subnet_v2.redteam_subnet"
          ]
        }
      ]
    },
    {
      "module": "module.redteam",
      "mode": "managed",
      "type": "openstack_networking_port_v2",
      "name": "redteam_one_port",
      "provider": "provider[\"registry.terraform.io/terraform-provider-openstack/openstack\"]",
      "instances": [
        {
          "schema_version": 0,
          "attributes": {
            "admin_state_up": true,
            "all_fixed_ips": [
              "10.50.0.1"
            ],
            "all_security_group_ids": [
              "c9a2fb1e-fe86-4dc8-bfe4-fe2ab67d94a9",
              "df7d77a2-adf9-433c-9e4f-240ebebb8ed5"
            ],
            "all_tags": [],
            "allowed_address_pairs": [],
            "binding": [
              {
                "host_id": "",
                "profile": "",
                "vif_details": {},
                "vif_type": "",
                "vnic_type": "normal"
              }
            ],
            "description": "",
            "device_id": "",
            "device_owner": "",
            "dns_assignment": [],
            "dns_name": "",
            "extra_dhcp_option": [],
            "fixed_ip": [
              {
                "ip_address": "10.50.0.1",
                "subnet_id": "e41984e3-1343-46f9-a374-b2a2eea454fb"
              }
            ],
            "id": "bcdf1c8f-395d-4ebe-8d96-4298326c67c8",
            "mac_address": "fa:16:3e:64:f5:27",
            "name": "Redteam #1 Port",
            "network_id": "bd7b1cc0-4f64-4dd4-a0e7-4e8a29290d3a",
            "no_fixed_ip": null,
            "no_security_groups": null,
            "port_security_enabled": true,
            "qos_policy_id": "",
            "region": "",
            "security_group_ids": [
              "c9a2fb1e-fe86-4dc8-bfe4-fe2ab67d94a9",
              "df7d77a2-adf9-433c-9e4f-240ebebb8ed5"
            ],
            "tags": null,
            "tenant_id": "a04419c07de1428ba9f58093b1b52ef3",
            "timeouts": null,
            "value_specs": null
          },
          "sensitive_attributes": [],
          "private": "eyJlMmJmYjczMC1lY2FhLTExZTYtOGY4OC0zNDM2M2JjN2M0YzAiOnsiY3JlYXRlIjo2MDAwMDAwMDAwMDAsImRlbGV0ZSI6NjAwMDAwMDAwMDAwfX0=",
          "dependencies": [
            "module.redteam.data.openstack_identity_project_v3.management_project",
            "module.redteam.data.openstack_networking_network_v2.competition_cloud_network",
            "module.redteam.data.openstack_networking_secgroup_v2.default_secgroup",
            "module.redteam.openstack_networking_secgroup_v2.redteam_secgroup",
            "module.redteam.openstack_networking_subnet_v2.redteam_subnet"
          ]
        }
      ]
    },
    {
      "module": "module.redteam",
      "mode": "managed",
      "type": "openstack_networking_port_v2",
      "name": "redteam_seven_port",
      "provider": "provider[\"registry.terraform.io/terraform-provider-openstack/openstack\"]",
      "instances": [
        {
          "schema_version": 0,
          "attributes": {
            "admin_state_up": true,
            "all_fixed_ips": [
              "10.50.0.7"
            ],
            "all_security_group_ids": [
              "c9a2fb1e-fe86-4dc8-bfe4-fe2ab67d94a9",
              "df7d77a2-adf9-433c-9e4f-240ebebb8ed5"
            ],
            "all_tags": [],
            "allowed_address_pairs": [],
            "binding": [
              {
                "host_id": "",
                "profile": "",
                "vif_details": {},
                "vif_type": "",
                "vnic_type": "normal"
              }
            ],
            "description": "",
            "device_id": "",
            "device_owner": "",
            "dns_assignment": [],
            "dns_name": "",
            "extra_dhcp_option": [],
            "fixed_ip": [
              {
                "ip_address": "10.50.0.7",
                "subnet_id": "e41984e3-1343-46f9-a374-b2a2eea454fb"
              }
            ],
            "id": "19a7d379-b0c2-42d3-a1b2-44ae7ae7b006",
            "mac_address": "fa:16:3e:e1:88:dd",
            "name": "Redteam #7 Port",
            "network_id": "bd7b1cc0-4f64-4dd4-a0e7-4e8a29290d3a",
            "no_fixed_ip": null,
            "no_security_groups": null,
            "port_security_enabled": true,
            "qos_policy_id": "",
            "region": "",
            "security_group_ids": [
              "c9a2fb1e-fe86-4dc8-bfe4-fe2ab67d94a9",
              "df7d77a2-adf9-433c-9e4f-240ebebb8ed5"
            ],
            "tags": null,
            "tenant_id": "a04419c07de1428ba9f58093b1b52ef3",
            "timeouts": null,
            "value_specs": null
          },
          "sensitive_attributes": [],
          "private": "eyJlMmJmYjczMC1lY2FhLTExZTYtOGY4OC0zNDM2M2JjN2M0YzAiOnsiY3JlYXRlIjo2MDAwMDAwMDAwMDAsImRlbGV0ZSI6NjAwMDAwMDAwMDAwfX0=",
          "dependencies": [
            "module.redteam.data.openstack_identity_project_v3.management_project",
            "module.redteam.data.openstack_networking_network_v2.competition_cloud_network",
            "module.redteam.data.openstack_networking_secgroup_v2.default_secgroup",
            "module.redteam.openstack_networking_secgroup_v2.redteam_secgroup",
            "module.redteam.openstack_networking_subnet_v2.redteam_subnet"
          ]
        }
      ]
    },
    {
      "module": "module.redteam",
      "mode": "managed",
      "type": "openstack_networking_port_v2",
      "name": "redteam_six_port",
      "provider": "provider[\"registry.terraform.io/terraform-provider-openstack/openstack\"]",
      "instances": [
        {
          "schema_version": 0,
          "attributes": {
            "admin_state_up": true,
            "all_fixed_ips": [
              "10.50.0.6"
            ],
            "all_security_group_ids": [
              "c9a2fb1e-fe86-4dc8-bfe4-fe2ab67d94a9",
              "df7d77a2-adf9-433c-9e4f-240ebebb8ed5"
            ],
            "all_tags": [],
            "allowed_address_pairs": [],
            "binding": [
              {
                "host_id": "",
                "profile": "",
                "vif_details": {},
                "vif_type": "",
                "vnic_type": "normal"
              }
            ],
            "description": "",
            "device_id": "",
            "device_owner": "",
            "dns_assignment": [],
            "dns_name": "",
            "extra_dhcp_option": [],
            "fixed_ip": [
              {
                "ip_address": "10.50.0.6",
                "subnet_id": "e41984e3-1343-46f9-a374-b2a2eea454fb"
              }
            ],
            "id": "0fccdc5b-650a-48aa-8636-451794ad9a66",
            "mac_address": "fa:16:3e:8a:8e:3e",
            "name": "Redteam #6 Port",
            "network_id": "bd7b1cc0-4f64-4dd4-a0e7-4e8a29290d3a",
            "no_fixed_ip": null,
            "no_security_groups": null,
            "port_security_enabled": true,
            "qos_policy_id": "",
            "region": "",
            "security_group_ids": [
              "c9a2fb1e-fe86-4dc8-bfe4-fe2ab67d94a9",
              "df7d77a2-adf9-433c-9e4f-240ebebb8ed5"
            ],
            "tags": null,
            "tenant_id": "a04419c07de1428ba9f58093b1b52ef3",
            "timeouts": null,
            "value_specs": null
          },
          "sensitive_attributes": [],
          "private": "eyJlMmJmYjczMC1lY2FhLTExZTYtOGY4OC0zNDM2M2JjN2M0YzAiOnsiY3JlYXRlIjo2MDAwMDAwMDAwMDAsImRlbGV0ZSI6NjAwMDAwMDAwMDAwfX0=",
          "dependencies": [
            "module.redteam.data.openstack_identity_project_v3.management_project",
            "module.redteam.data.openstack_networking_network_v2.competition_cloud_network",
            "module.redteam.data.openstack_networking_secgroup_v2.default_secgroup",
            "module.redteam.openstack_networking_secgroup_v2.redteam_secgroup",
            "module.redteam.openstack_networking_subnet_v2.redteam_subnet"
          ]
        }
      ]
    },
    {
      "module": "module.redteam",
      "mode": "managed",
      "type": "openstack_networking_port_v2",
      "name": "redteam_subnet_port",
      "provider": "provider[\"registry.terraform.io/terraform-provider-openstack/openstack\"]",
      "instances": [
        {
          "schema_version": 0,
          "attributes": {
            "admin_state_up": true,
            "all_fixed_ips": [
              "10.50.0.254"
            ],
            "all_security_group_ids": [],
            "all_tags": [],
            "allowed_address_pairs": [],
            "binding": [
              {
                "host_id": "",
                "profile": "",
                "vif_details": {},
                "vif_type": "",
                "vnic_type": "normal"
              }
            ],
            "description": "",
            "device_id": "",
            "device_owner": "",
            "dns_assignment": [],
            "dns_name": "",
            "extra_dhcp_option": [],
            "fixed_ip": [
              {
                "ip_address": "10.50.0.254",
                "subnet_id": "e41984e3-1343-46f9-a374-b2a2eea454fb"
              }
            ],
            "id": "9f00b827-3ba3-4a31-a20c-e83c7c0cdac2",
            "mac_address": "fa:16:3e:40:00:24",
            "name": "Redteam Port",
            "network_id": "bd7b1cc0-4f64-4dd4-a0e7-4e8a29290d3a",
            "no_fixed_ip": null,
            "no_security_groups": null,
            "port_security_enabled": false,
            "qos_policy_id": "",
            "region": "",
            "security_group_ids": null,
            "tags": null,
            "tenant_id": "a04419c07de1428ba9f58093b1b52ef3",
            "timeouts": null,
            "value_specs": null
          },
          "sensitive_attributes": [],
          "private": "eyJlMmJmYjczMC1lY2FhLTExZTYtOGY4OC0zNDM2M2JjN2M0YzAiOnsiY3JlYXRlIjo2MDAwMDAwMDAwMDAsImRlbGV0ZSI6NjAwMDAwMDAwMDAwfX0=",
          "dependencies": [
            "module.redteam.data.openstack_networking_network_v2.competition_cloud_network",
            "module.redteam.openstack_networking_subnet_v2.redteam_subnet"
          ]
        }
      ]
    },
    {
      "module": "module.redteam",
      "mode": "managed",
      "type": "openstack_networking_port_v2",
      "name": "redteam_ten_port",
      "provider": "provider[\"registry.terraform.io/terraform-provider-openstack/openstack\"]",
      "instances": [
        {
          "schema_version": 0,
          "attributes": {
            "admin_state_up": true,
            "all_fixed_ips": [
              "10.50.0.10"
            ],
            "all_security_group_ids": [
              "c9a2fb1e-fe86-4dc8-bfe4-fe2ab67d94a9",
              "df7d77a2-adf9-433c-9e4f-240ebebb8ed5"
            ],
            "all_tags": [],
            "allowed_address_pairs": [],
            "binding": [
              {
                "host_id": "",
                "profile": "",
                "vif_details": {},
                "vif_type": "",
                "vnic_type": "normal"
              }
            ],
            "description": "",
            "device_id": "",
            "device_owner": "",
            "dns_assignment": [],
            "dns_name": "",
            "extra_dhcp_option": [],
            "fixed_ip": [
              {
                "ip_address": "10.50.0.10",
                "subnet_id": "e41984e3-1343-46f9-a374-b2a2eea454fb"
              }
            ],
            "id": "737dc2e7-772e-49d9-9e00-762eae9838f4",
            "mac_address": "fa:16:3e:8e:54:66",
            "name": "Redteam #10 Port",
            "network_id": "bd7b1cc0-4f64-4dd4-a0e7-4e8a29290d3a",
            "no_fixed_ip": null,
            "no_security_groups": null,
            "port_security_enabled": true,
            "qos_policy_id": "",
            "region": "",
            "security_group_ids": [
              "c9a2fb1e-fe86-4dc8-bfe4-fe2ab67d94a9",
              "df7d77a2-adf9-433c-9e4f-240ebebb8ed5"
            ],
            "tags": null,
            "tenant_id": "a04419c07de1428ba9f58093b1b52ef3",
            "timeouts": null,
            "value_specs": null
          },
          "sensitive_attributes": [],
          "private": "eyJlMmJmYjczMC1lY2FhLTExZTYtOGY4OC0zNDM2M2JjN2M0YzAiOnsiY3JlYXRlIjo2MDAwMDAwMDAwMDAsImRlbGV0ZSI6NjAwMDAwMDAwMDAwfX0=",
          "dependencies": [
            "module.redteam.data.openstack_identity_project_v3.management_project",
            "module.redteam.data.openstack_networking_network_v2.competition_cloud_network",
            "module.redteam.data.openstack_networking_secgroup_v2.default_secgroup",
            "module.redteam.openstack_networking_secgroup_v2.redteam_secgroup",
            "module.redteam.openstack_networking_subnet_v2.redteam_subnet"
          ]
        }
      ]
    },
    {
      "module": "module.redteam",
      "mode": "managed",
      "type": "openstack_networking_port_v2",
      "name": "redteam_three_port",
      "provider": "provider[\"registry.terraform.io/terraform-provider-openstack/openstack\"]",
      "instances": [
        {
          "schema_version": 0,
          "attributes": {
            "admin_state_up": true,
            "all_fixed_ips": [
              "10.50.0.3"
            ],
            "all_security_group_ids": [
              "c9a2fb1e-fe86-4dc8-bfe4-fe2ab67d94a9",
              "df7d77a2-adf9-433c-9e4f-240ebebb8ed5"
            ],
            "all_tags": [],
            "allowed_address_pairs": [],
            "binding": [
              {
                "host_id": "",
                "profile": "",
                "vif_details": {},
                "vif_type": "",
                "vnic_type": "normal"
              }
            ],
            "description": "",
            "device_id": "",
            "device_owner": "",
            "dns_assignment": [],
            "dns_name": "",
            "extra_dhcp_option": [],
            "fixed_ip": [
              {
                "ip_address": "10.50.0.3",
                "subnet_id": "e41984e3-1343-46f9-a374-b2a2eea454fb"
              }
            ],
            "id": "8adbd24e-c136-4803-b296-056721d28447",
            "mac_address": "fa:16:3e:85:85:2d",
            "name": "Redteam #3 Port",
            "network_id": "bd7b1cc0-4f64-4dd4-a0e7-4e8a29290d3a",
            "no_fixed_ip": null,
            "no_security_groups": null,
            "port_security_enabled": true,
            "qos_policy_id": "",
            "region": "",
            "security_group_ids": [
              "c9a2fb1e-fe86-4dc8-bfe4-fe2ab67d94a9",
              "df7d77a2-adf9-433c-9e4f-240ebebb8ed5"
            ],
            "tags": null,
            "tenant_id": "a04419c07de1428ba9f58093b1b52ef3",
            "timeouts": null,
            "value_specs": null
          },
          "sensitive_attributes": [],
          "private": "eyJlMmJmYjczMC1lY2FhLTExZTYtOGY4OC0zNDM2M2JjN2M0YzAiOnsiY3JlYXRlIjo2MDAwMDAwMDAwMDAsImRlbGV0ZSI6NjAwMDAwMDAwMDAwfX0=",
          "dependencies": [
            "module.redteam.data.openstack_identity_project_v3.management_project",
            "module.redteam.data.openstack_networking_network_v2.competition_cloud_network",
            "module.redteam.data.openstack_networking_secgroup_v2.default_secgroup",
            "module.redteam.openstack_networking_secgroup_v2.redteam_secgroup",
            "module.redteam.openstack_networking_subnet_v2.redteam_subnet"
          ]
        }
      ]
    },
    {
      "module": "module.redteam",
      "mode": "managed",
      "type": "openstack_networking_port_v2",
      "name": "redteam_two_port",
      "provider": "provider[\"registry.terraform.io/terraform-provider-openstack/openstack\"]",
      "instances": [
        {
          "schema_version": 0,
          "attributes": {
            "admin_state_up": true,
            "all_fixed_ips": [
              "10.50.0.2"
            ],
            "all_security_group_ids": [
              "c9a2fb1e-fe86-4dc8-bfe4-fe2ab67d94a9",
              "df7d77a2-adf9-433c-9e4f-240ebebb8ed5"
            ],
            "all_tags": [],
            "allowed_address_pairs": [],
            "binding": [
              {
                "host_id": "",
                "profile": "",
                "vif_details": {},
                "vif_type": "",
                "vnic_type": "normal"
              }
            ],
            "description": "",
            "device_id": "",
            "device_owner": "",
            "dns_assignment": [],
            "dns_name": "",
            "extra_dhcp_option": [],
            "fixed_ip": [
              {
                "ip_address": "10.50.0.2",
                "subnet_id": "e41984e3-1343-46f9-a374-b2a2eea454fb"
              }
            ],
            "id": "ae8269f7-3d80-4b41-84a1-d896ff9d2fcd",
            "mac_address": "fa:16:3e:ab:bf:60",
            "name": "Redteam #2 Port",
            "network_id": "bd7b1cc0-4f64-4dd4-a0e7-4e8a29290d3a",
            "no_fixed_ip": null,
            "no_security_groups": null,
            "port_security_enabled": true,
            "qos_policy_id": "",
            "region": "",
            "security_group_ids": [
              "c9a2fb1e-fe86-4dc8-bfe4-fe2ab67d94a9",
              "df7d77a2-adf9-433c-9e4f-240ebebb8ed5"
            ],
            "tags": null,
            "tenant_id": "a04419c07de1428ba9f58093b1b52ef3",
            "timeouts": null,
            "value_specs": null
          },
          "sensitive_attributes": [],
          "private": "eyJlMmJmYjczMC1lY2FhLTExZTYtOGY4OC0zNDM2M2JjN2M0YzAiOnsiY3JlYXRlIjo2MDAwMDAwMDAwMDAsImRlbGV0ZSI6NjAwMDAwMDAwMDAwfX0=",
          "dependencies": [
            "module.redteam.data.openstack_identity_project_v3.management_project",
            "module.redteam.data.openstack_networking_network_v2.competition_cloud_network",
            "module.redteam.data.openstack_networking_secgroup_v2.default_secgroup",
            "module.redteam.openstack_networking_secgroup_v2.redteam_secgroup",
            "module.redteam.openstack_networking_subnet_v2.redteam_subnet"
          ]
        }
      ]
    },
    {
      "module": "module.redteam",
      "mode": "managed",
      "type": "openstack_networking_router_interface_v2",
      "name": "redteam_interface",
      "provider": "provider[\"registry.terraform.io/terraform-provider-openstack/openstack\"]",
      "instances": [
        {
          "schema_version": 0,
          "attributes": {
            "id": "9f00b827-3ba3-4a31-a20c-e83c7c0cdac2",
            "port_id": "9f00b827-3ba3-4a31-a20c-e83c7c0cdac2",
            "region": "",
            "router_id": "f8621c1f-8a35-4687-aab8-8769c79a9733",
            "subnet_id": "e41984e3-1343-46f9-a374-b2a2eea454fb",
            "timeouts": null
          },
          "sensitive_attributes": [],
          "private": "eyJlMmJmYjczMC1lY2FhLTExZTYtOGY4OC0zNDM2M2JjN2M0YzAiOnsiY3JlYXRlIjo2MDAwMDAwMDAwMDAsImRlbGV0ZSI6NjAwMDAwMDAwMDAwfX0=",
          "dependencies": [
            "module.redteam.data.openstack_networking_network_v2.competition_cloud_network",
            "module.redteam.data.openstack_networking_router_v2.core_router",
            "module.redteam.openstack_networking_port_v2.redteam_subnet_port",
            "module.redteam.openstack_networking_subnet_v2.redteam_subnet"
          ]
        }
      ]
    },
    {
      "module": "module.redteam",
      "mode": "managed",
      "type": "openstack_networking_secgroup_rule_v2",
      "name": "redteam_secgroup_rule",
      "provider": "provider[\"registry.terraform.io/terraform-provider-openstack/openstack\"]",
      "instances": [
        {
          "index_key": "http",
          "schema_version": 0,
          "attributes": {
            "description": "http",
            "direction": "ingress",
            "ethertype": "IPv4",
            "id": "b1a36200-85b4-4507-b9db-c087cde5848c",
            "port_range_max": 80,
            "port_range_min": 80,
            "protocol": "tcp",
            "region": "",
            "remote_group_id": "",
            "remote_ip_prefix": "",
            "security_group_id": "c9a2fb1e-fe86-4dc8-bfe4-fe2ab67d94a9",
            "tenant_id": "a04419c07de1428ba9f58093b1b52ef3",
            "timeouts": null
          },
          "sensitive_attributes": [],
          "private": "eyJlMmJmYjczMC1lY2FhLTExZTYtOGY4OC0zNDM2M2JjN2M0YzAiOnsiZGVsZXRlIjo2MDAwMDAwMDAwMDB9fQ==",
          "dependencies": [
            "module.redteam.data.openstack_identity_project_v3.management_project",
            "module.redteam.openstack_networking_secgroup_v2.redteam_secgroup"
          ]
        },
        {
          "index_key": "https",
          "schema_version": 0,
          "attributes": {
            "description": "https",
            "direction": "ingress",
            "ethertype": "IPv4",
            "id": "558d6498-15b7-4274-b5a7-dfb2bfe518f5",
            "port_range_max": 443,
            "port_range_min": 443,
            "protocol": "tcp",
            "region": "",
            "remote_group_id": "",
            "remote_ip_prefix": "",
            "security_group_id": "c9a2fb1e-fe86-4dc8-bfe4-fe2ab67d94a9",
            "tenant_id": "a04419c07de1428ba9f58093b1b52ef3",
            "timeouts": null
          },
          "sensitive_attributes": [],
          "private": "eyJlMmJmYjczMC1lY2FhLTExZTYtOGY4OC0zNDM2M2JjN2M0YzAiOnsiZGVsZXRlIjo2MDAwMDAwMDAwMDB9fQ==",
          "dependencies": [
            "module.redteam.data.openstack_identity_project_v3.management_project",
            "module.redteam.openstack_networking_secgroup_v2.redteam_secgroup"
          ]
        },
        {
          "index_key": "ssh",
          "schema_version": 0,
          "attributes": {
            "description": "ssh",
            "direction": "ingress",
            "ethertype": "IPv4",
            "id": "a9126f23-93a1-49a3-956e-a8d2bed1f2c9",
            "port_range_max": 22,
            "port_range_min": 22,
            "protocol": "tcp",
            "region": "",
            "remote_group_id": "",
            "remote_ip_prefix": "",
            "security_group_id": "c9a2fb1e-fe86-4dc8-bfe4-fe2ab67d94a9",
            "tenant_id": "a04419c07de1428ba9f58093b1b52ef3",
            "timeouts": null
          },
          "sensitive_attributes": [],
          "private": "eyJlMmJmYjczMC1lY2FhLTExZTYtOGY4OC0zNDM2M2JjN2M0YzAiOnsiZGVsZXRlIjo2MDAwMDAwMDAwMDB9fQ==",
          "dependencies": [
            "module.redteam.data.openstack_identity_project_v3.management_project",
            "module.redteam.openstack_networking_secgroup_v2.redteam_secgroup"
          ]
        }
      ]
    },
    {
      "module": "module.redteam",
      "mode": "managed",
      "type": "openstack_networking_secgroup_v2",
      "name": "redteam_secgroup",
      "provider": "provider[\"registry.terraform.io/terraform-provider-openstack/openstack\"]",
      "instances": [
        {
          "schema_version": 0,
          "attributes": {
            "all_tags": [],
            "delete_default_rules": null,
            "description": "",
            "id": "c9a2fb1e-fe86-4dc8-bfe4-fe2ab67d94a9",
            "name": "Redteam Secgroup",
            "region": "",
            "tags": null,
            "tenant_id": "a04419c07de1428ba9f58093b1b52ef3",
            "timeouts": null
          },
          "sensitive_attributes": [],
          "private": "eyJlMmJmYjczMC1lY2FhLTExZTYtOGY4OC0zNDM2M2JjN2M0YzAiOnsiZGVsZXRlIjo2MDAwMDAwMDAwMDB9fQ==",
          "dependencies": [
            "module.redteam.data.openstack_identity_project_v3.management_project"
          ]
        }
      ]
    },
    {
      "module": "module.redteam",
      "mode": "managed",
      "type": "openstack_networking_subnet_v2",
      "name": "redteam_subnet",
      "provider": "provider[\"registry.terraform.io/terraform-provider-openstack/openstack\"]",
      "instances": [
        {
          "schema_version": 0,
          "attributes": {
            "all_tags": [],
            "allocation_pool": [
              {
                "end": "10.50.0.250",
                "start": "10.50.0.200"
              }
            ],
            "allocation_pools": [
              {
                "end": "10.50.0.250",
                "start": "10.50.0.200"
              }
            ],
            "cidr": "10.50.0.0/24",
            "description": "",
            "dns_nameservers": [
              "10.100.0.3",
              "1.1.1.1",
              "1.0.0.1"
            ],
            "enable_dhcp": true,
            "gateway_ip": "10.50.0.254",
            "host_routes": [],
            "id": "e41984e3-1343-46f9-a374-b2a2eea454fb",
            "ip_version": 4,
            "ipv6_address_mode": "",
            "ipv6_ra_mode": "",
            "name": "Redteam Subnet",
            "network_id": "bd7b1cc0-4f64-4dd4-a0e7-4e8a29290d3a",
            "no_gateway": false,
            "prefix_length": null,
            "region": "",
            "subnetpool_id": "",
            "tags": null,
            "tenant_id": "a04419c07de1428ba9f58093b1b52ef3",
            "timeouts": null,
            "value_specs": null
          },
          "sensitive_attributes": [],
          "private": "eyJlMmJmYjczMC1lY2FhLTExZTYtOGY4OC0zNDM2M2JjN2M0YzAiOnsiY3JlYXRlIjo2MDAwMDAwMDAwMDAsImRlbGV0ZSI6NjAwMDAwMDAwMDAwfX0=",
          "dependencies": [
            "module.redteam.data.openstack_networking_network_v2.competition_cloud_network"
          ]
        }
      ]
    }
  ],
  "check_results": null
}
