{
  "version": 4,
  "terraform_version": "1.5.6",
  "serial": 461,
  "lineage": "b177fcdf-2195-60da-fc6c-261f9da9093f",
  "outputs": {},
  "resources": [
    {
      "mode": "data",
      "type": "openstack_compute_flavor_v2",
      "name": "flavor_linux_medium",
      "provider": "provider[\"registry.terraform.io/terraform-provider-openstack/openstack\"]",
      "instances": [
        {
          "schema_version": 0,
          "attributes": {
            "disk": 40,
            "extra_specs": {},
            "flavor_id": "5f964abc-866f-4d79-8aae-f9460cfb28d7",
            "id": "5f964abc-866f-4d79-8aae-f9460cfb28d7",
            "is_public": true,
            "min_disk": null,
            "min_ram": null,
            "name": "small",
            "ram": 1024,
            "region": null,
            "rx_tx_factor": 1,
            "swap": 0,
            "vcpus": 2
          },
          "sensitive_attributes": []
        }
      ]
    },
    {
      "mode": "data",
      "type": "openstack_identity_project_v3",
      "name": "management_project",
      "provider": "provider[\"registry.terraform.io/terraform-provider-openstack/openstack\"]",
      "instances": [
        {
          "schema_version": 0,
          "attributes": {
            "description": "Vaughn, Woerpel Personal Project",
            "domain_id": "default",
            "enabled": true,
            "id": "e7e474215e334ca782a7f15bad62f6c4",
            "is_domain": false,
            "name": "vww9966",
            "parent_id": "default",
            "region": null,
            "tags": []
          },
          "sensitive_attributes": []
        }
      ]
    },
    {
      "mode": "data",
      "type": "openstack_images_image_v2",
      "name": "image_kali",
      "provider": "provider[\"registry.terraform.io/terraform-provider-openstack/openstack\"]",
      "instances": [
        {
          "schema_version": 0,
          "attributes": {
            "checksum": "25646b0730f990ef9d147019ce666a5f",
            "container_format": "bare",
            "created_at": "2023-03-14T18:42:19Z",
            "disk_format": "raw",
            "file": "/v2/images/485d1ad9-9f8d-4605-a80a-ab94352e2476/file",
            "hidden": false,
            "id": "485d1ad9-9f8d-4605-a80a-ab94352e2476",
            "member_status": null,
            "metadata": {},
            "min_disk_gb": 0,
            "min_ram_mb": 0,
            "most_recent": false,
            "name": "Kali-2023.1",
            "owner": "a69aa169729a4dbea0d9b9683072260d",
            "properties": {
              "direct_url": "rbd://bd7939e4-b236-11ed-a05f-be894137183b/images/485d1ad9-9f8d-4605-a80a-ab94352e2476/snap",
              "os_hash_algo": "sha512",
              "os_hash_value": "55c431153fc1d65c9584220e8bc256d951ffea76f3bd88026377ebce674da4e56cc0e9e774aacd0b240323d094a2f7276cb54fd33c4d2236a8817bfc1d1cbed5",
              "owner_specified.openstack.md5": "",
              "owner_specified.openstack.object": "images/Kali-2023.1",
              "owner_specified.openstack.sha256": "",
              "stores": "rbd"
            },
            "protected": false,
            "region": "",
            "schema": "/v2/schemas/image",
            "size_bytes": 86000000000,
            "size_max": null,
            "size_min": null,
            "sort_direction": "asc",
            "sort_key": "name",
            "tag": null,
            "tags": [],
            "updated_at": "2023-03-14T18:57:21Z",
            "visibility": "public"
          },
          "sensitive_attributes": []
        }
      ]
    },
    {
      "mode": "data",
      "type": "openstack_images_image_v2",
      "name": "image_ubuntu_22",
      "provider": "provider[\"registry.terraform.io/terraform-provider-openstack/openstack\"]",
      "instances": [
        {
          "schema_version": 0,
          "attributes": {
            "checksum": "6cc46ebe49acefe98bccb967d6b13e7d",
            "container_format": "bare",
            "created_at": "2023-02-23T22:38:21Z",
            "disk_format": "raw",
            "file": "/v2/images/f19eb19d-2bd0-4c73-9e9e-88f3e94d8646/file",
            "hidden": false,
            "id": "f19eb19d-2bd0-4c73-9e9e-88f3e94d8646",
            "member_status": null,
            "metadata": {},
            "min_disk_gb": 0,
            "min_ram_mb": 0,
            "most_recent": false,
            "name": "UbuntuJammy2204",
            "owner": "a69aa169729a4dbea0d9b9683072260d",
            "properties": {
              "direct_url": "rbd://bd7939e4-b236-11ed-a05f-be894137183b/images/f19eb19d-2bd0-4c73-9e9e-88f3e94d8646/snap",
              "os_hash_algo": "sha512",
              "os_hash_value": "bf0ba0d66a5f6653d131afe63ffdf40aff429d9b43ac78363f775e41b6d4cac57157b99409817b79cc0a3d075d919d38f572bc3162cd2d2f4ecd94c49d3af94c",
              "owner_specified.openstack.md5": "",
              "owner_specified.openstack.object": "images/UbuntuJammy2204",
              "owner_specified.openstack.sha256": "",
              "stores": "rbd"
            },
            "protected": false,
            "region": "",
            "schema": "/v2/schemas/image",
            "size_bytes": 2361393152,
            "size_max": null,
            "size_min": null,
            "sort_direction": "asc",
            "sort_key": "name",
            "tag": null,
            "tags": [],
            "updated_at": "2023-02-23T22:38:41Z",
            "visibility": "public"
          },
          "sensitive_attributes": []
        }
      ]
    },
    {
      "mode": "data",
      "type": "openstack_networking_network_v2",
      "name": "external_network",
      "provider": "provider[\"registry.terraform.io/terraform-provider-openstack/openstack\"]",
      "instances": [
        {
          "schema_version": 0,
          "attributes": {
            "admin_state_up": "true",
            "all_tags": [],
            "availability_zone_hints": [],
            "description": "",
            "dns_domain": "",
            "external": true,
            "id": "d96988a6-c388-4032-8067-0b89d572cad0",
            "matching_subnet_cidr": null,
            "mtu": 1500,
            "name": "external249",
            "network_id": null,
            "region": "",
            "shared": "false",
            "status": null,
            "subnets": [
              "69f14ecc-2bad-412e-abf1-24c90da9be5e"
            ],
            "tags": null,
            "tenant_id": "a69aa169729a4dbea0d9b9683072260d",
            "transparent_vlan": false
          },
          "sensitive_attributes": []
        }
      ]
    },
    {
      "module": "module.redteam",
      "mode": "data",
      "type": "openstack_identity_project_v3",
      "name": "management_project",
      "provider": "provider[\"registry.terraform.io/terraform-provider-openstack/openstack\"]",
      "instances": [
        {
          "schema_version": 0,
          "attributes": {
            "description": "Vaughn, Woerpel Personal Project",
            "domain_id": "default",
            "enabled": true,
            "id": "e7e474215e334ca782a7f15bad62f6c4",
            "is_domain": false,
            "name": "vww9966",
            "parent_id": "default",
            "region": null,
            "tags": []
          },
          "sensitive_attributes": []
        }
      ]
    },
    {
      "module": "module.redteam",
      "mode": "data",
      "type": "openstack_networking_network_v2",
      "name": "competition_cloud_network",
      "provider": "provider[\"registry.terraform.io/terraform-provider-openstack/openstack\"]",
      "instances": [
        {
          "schema_version": 0,
          "attributes": {
            "admin_state_up": "true",
            "all_tags": [],
            "availability_zone_hints": [],
            "description": "",
            "dns_domain": "",
            "external": false,
            "id": "afcee8d3-e231-4571-8e7a-8ace4326e36a",
            "matching_subnet_cidr": null,
            "mtu": 8942,
            "name": "Competition Cloud Network",
            "network_id": null,
            "region": "",
            "shared": "false",
            "status": null,
            "subnets": [
              "406913f4-7ff3-46e1-b38e-1ae3e6e35e7e"
            ],
            "tags": null,
            "tenant_id": "e7e474215e334ca782a7f15bad62f6c4",
            "transparent_vlan": false
          },
          "sensitive_attributes": []
        }
      ]
    },
    {
      "module": "module.redteam",
      "mode": "data",
      "type": "openstack_networking_router_v2",
      "name": "core_router",
      "provider": "provider[\"registry.terraform.io/terraform-provider-openstack/openstack\"]",
      "instances": [
        {
          "schema_version": 0,
          "attributes": {
            "admin_state_up": true,
            "all_tags": [],
            "availability_zone_hints": [],
            "description": "",
            "distributed": false,
            "enable_snat": true,
            "external_fixed_ip": [
              {
                "ip_address": "129.21.249.88",
                "subnet_id": "69f14ecc-2bad-412e-abf1-24c90da9be5e"
              }
            ],
            "external_network_id": "d96988a6-c388-4032-8067-0b89d572cad0",
            "id": "801b98aa-d11d-4576-9ee8-41cbff4eb1ea",
            "name": "Core Router",
            "region": "",
            "router_id": null,
            "status": "ACTIVE",
            "tags": null,
            "tenant_id": "e7e474215e334ca782a7f15bad62f6c4"
          },
          "sensitive_attributes": []
        }
      ]
    },
    {
      "module": "module.redteam",
      "mode": "data",
      "type": "openstack_networking_secgroup_v2",
      "name": "default_secgroup",
      "provider": "provider[\"registry.terraform.io/terraform-provider-openstack/openstack\"]",
      "instances": [
        {
          "schema_version": 0,
          "attributes": {
            "all_tags": [],
            "description": "Default security group",
            "id": "23f0b9f4-84b0-4ba2-9f8c-a68a86fd011f",
            "name": "default",
            "region": "",
            "secgroup_id": "23f0b9f4-84b0-4ba2-9f8c-a68a86fd011f",
            "tags": null,
            "tenant_id": "e7e474215e334ca782a7f15bad62f6c4"
          },
          "sensitive_attributes": []
        }
      ]
    },
    {
      "module": "module.redteam",
      "mode": "managed",
      "type": "openstack_blockstorage_volume_v3",
      "name": "redteam_volumes",
      "provider": "provider[\"registry.terraform.io/terraform-provider-openstack/openstack\"]",
      "instances": [
        {
          "index_key": "one",
          "schema_version": 0,
          "attributes": {
            "attachment": [],
            "availability_zone": "nova",
            "consistency_group_id": null,
            "description": "",
            "enable_online_resize": null,
            "id": "0884cdad-c039-4003-9026-89c99ae2e4a7",
            "image_id": "485d1ad9-9f8d-4605-a80a-ab94352e2476",
            "metadata": {},
            "multiattach": null,
            "name": "one.redteam.thanksgiving.dinner-volume",
            "region": "",
            "scheduler_hints": [],
            "size": 81,
            "snapshot_id": "",
            "source_replica": null,
            "source_vol_id": "",
            "timeouts": {
              "create": "30m",
              "delete": null
            },
            "volume_type": "__DEFAULT__"
          },
          "sensitive_attributes": [],
          "private": "eyJlMmJmYjczMC1lY2FhLTExZTYtOGY4OC0zNDM2M2JjN2M0YzAiOnsiY3JlYXRlIjoxODAwMDAwMDAwMDAwLCJkZWxldGUiOjYwMDAwMDAwMDAwMH19",
          "dependencies": [
            "data.openstack_compute_flavor_v2.flavor_linux_medium",
            "data.openstack_images_image_v2.image_kali"
          ]
        }
      ]
    },
    {
      "module": "module.redteam",
      "mode": "managed",
      "type": "openstack_compute_instance_v2",
      "name": "redteam_instance",
      "provider": "provider[\"registry.terraform.io/terraform-provider-openstack/openstack\"]",
      "instances": [
        {
          "index_key": "one",
          "schema_version": 0,
          "attributes": {
            "access_ip_v4": "10.50.0.1",
            "access_ip_v6": "",
            "admin_pass": null,
            "all_metadata": {},
            "all_tags": [
              "project-ThanksgivingThrowdown-mgmt",
              "project-management",
              "redteam-one"
            ],
            "availability_zone": "host02",
            "availability_zone_hints": null,
            "block_device": [
              {
                "boot_index": 0,
                "delete_on_termination": true,
                "destination_type": "volume",
                "device_type": "",
                "disk_bus": "",
                "guest_format": "",
                "source_type": "volume",
                "uuid": "0884cdad-c039-4003-9026-89c99ae2e4a7",
                "volume_size": 0,
                "volume_type": ""
              }
            ],
            "config_drive": true,
            "flavor_id": "5f964abc-866f-4d79-8aae-f9460cfb28d7",
            "flavor_name": "small",
            "floating_ip": null,
            "force_delete": false,
            "id": "254b67d6-b5a1-4739-8b48-db47125e8df1",
            "image_id": "Attempt to boot from volume - no image supplied",
            "image_name": null,
            "key_pair": "",
            "metadata": null,
            "name": "one.redteam.thanksgiving.dinner",
            "network": [
              {
                "access_network": false,
                "fixed_ip_v4": "10.50.0.1",
                "fixed_ip_v6": "",
                "floating_ip": "",
                "mac": "fa:16:3e:e9:d6:9d",
                "name": "Competition Cloud Network",
                "port": "c6bc6fab-83f3-4c5a-b40e-a94966343307",
                "uuid": "afcee8d3-e231-4571-8e7a-8ace4326e36a"
              }
            ],
            "network_mode": null,
            "personality": [],
            "power_state": "active",
            "region": "",
            "scheduler_hints": [],
            "security_groups": [
              "Redteam Secgroup",
              "default"
            ],
            "stop_before_destroy": false,
            "tags": [
              "project-ThanksgivingThrowdown-mgmt",
              "project-management",
              "redteam-one"
            ],
            "timeouts": null,
            "user_data": "694c025077fa21ea75fbc58af72221aef93bb6e4",
            "vendor_options": [],
            "volume": []
          },
          "sensitive_attributes": [],
          "private": "eyJlMmJmYjczMC1lY2FhLTExZTYtOGY4OC0zNDM2M2JjN2M0YzAiOnsiY3JlYXRlIjoxODAwMDAwMDAwMDAwLCJkZWxldGUiOjE4MDAwMDAwMDAwMDAsInVwZGF0ZSI6MTgwMDAwMDAwMDAwMH19",
          "dependencies": [
            "data.openstack_compute_flavor_v2.flavor_linux_medium",
            "data.openstack_images_image_v2.image_kali",
            "module.redteam.data.openstack_identity_project_v3.management_project",
            "module.redteam.data.openstack_networking_network_v2.competition_cloud_network",
            "module.redteam.data.openstack_networking_secgroup_v2.default_secgroup",
            "module.redteam.openstack_blockstorage_volume_v3.redteam_volumes",
            "module.redteam.openstack_networking_port_v2.redteam_eight_port",
            "module.redteam.openstack_networking_port_v2.redteam_five_port",
            "module.redteam.openstack_networking_port_v2.redteam_four_port",
            "module.redteam.openstack_networking_port_v2.redteam_nine_port",
            "module.redteam.openstack_networking_port_v2.redteam_one_port",
            "module.redteam.openstack_networking_port_v2.redteam_seven_port",
            "module.redteam.openstack_networking_port_v2.redteam_six_port",
            "module.redteam.openstack_networking_port_v2.redteam_ten_port",
            "module.redteam.openstack_networking_port_v2.redteam_three_port",
            "module.redteam.openstack_networking_port_v2.redteam_two_port",
            "module.redteam.openstack_networking_secgroup_v2.redteam_secgroup",
            "module.redteam.openstack_networking_subnet_v2.redteam_subnet"
          ]
        }
      ]
    },
    {
      "module": "module.redteam",
      "mode": "managed",
      "type": "openstack_networking_port_v2",
      "name": "redteam_eight_port",
      "provider": "provider[\"registry.terraform.io/terraform-provider-openstack/openstack\"]",
      "instances": [
        {
          "schema_version": 0,
          "attributes": {
            "admin_state_up": true,
            "all_fixed_ips": [
              "10.50.0.8"
            ],
            "all_security_group_ids": [
              "23f0b9f4-84b0-4ba2-9f8c-a68a86fd011f",
              "cf8b316f-3181-4b2c-a91f-f66bd844b976"
            ],
            "all_tags": [],
            "allowed_address_pairs": [],
            "binding": [
              {
                "host_id": "",
                "profile": "",
                "vif_details": {},
                "vif_type": "",
                "vnic_type": "normal"
              }
            ],
            "description": "",
            "device_id": "",
            "device_owner": "",
            "dns_assignment": [],
            "dns_name": "",
            "extra_dhcp_option": [],
            "fixed_ip": [
              {
                "ip_address": "10.50.0.8",
                "subnet_id": "439ed5e6-f97e-4e85-8507-d4802ad6d87d"
              }
            ],
            "id": "f2bc63ab-2faf-4db5-a973-6ef8a0a869a1",
            "mac_address": "fa:16:3e:12:84:82",
            "name": "Redteam #8 Port",
            "network_id": "afcee8d3-e231-4571-8e7a-8ace4326e36a",
            "no_fixed_ip": null,
            "no_security_groups": null,
            "port_security_enabled": true,
            "qos_policy_id": "",
            "region": "",
            "security_group_ids": [
              "23f0b9f4-84b0-4ba2-9f8c-a68a86fd011f",
              "cf8b316f-3181-4b2c-a91f-f66bd844b976"
            ],
            "tags": null,
            "tenant_id": "e7e474215e334ca782a7f15bad62f6c4",
            "timeouts": null,
            "value_specs": null
          },
          "sensitive_attributes": [],
          "private": "eyJlMmJmYjczMC1lY2FhLTExZTYtOGY4OC0zNDM2M2JjN2M0YzAiOnsiY3JlYXRlIjo2MDAwMDAwMDAwMDAsImRlbGV0ZSI6NjAwMDAwMDAwMDAwfX0=",
          "dependencies": [
            "module.redteam.data.openstack_identity_project_v3.management_project",
            "module.redteam.data.openstack_networking_network_v2.competition_cloud_network",
            "module.redteam.data.openstack_networking_secgroup_v2.default_secgroup",
            "module.redteam.openstack_networking_secgroup_v2.redteam_secgroup",
            "module.redteam.openstack_networking_subnet_v2.redteam_subnet"
          ]
        }
      ]
    },
    {
      "module": "module.redteam",
      "mode": "managed",
      "type": "openstack_networking_port_v2",
      "name": "redteam_five_port",
      "provider": "provider[\"registry.terraform.io/terraform-provider-openstack/openstack\"]",
      "instances": [
        {
          "schema_version": 0,
          "attributes": {
            "admin_state_up": true,
            "all_fixed_ips": [
              "10.50.0.5"
            ],
            "all_security_group_ids": [
              "23f0b9f4-84b0-4ba2-9f8c-a68a86fd011f",
              "cf8b316f-3181-4b2c-a91f-f66bd844b976"
            ],
            "all_tags": [],
            "allowed_address_pairs": [],
            "binding": [
              {
                "host_id": "",
                "profile": "",
                "vif_details": {},
                "vif_type": "",
                "vnic_type": "normal"
              }
            ],
            "description": "",
            "device_id": "",
            "device_owner": "",
            "dns_assignment": [],
            "dns_name": "",
            "extra_dhcp_option": [],
            "fixed_ip": [
              {
                "ip_address": "10.50.0.5",
                "subnet_id": "439ed5e6-f97e-4e85-8507-d4802ad6d87d"
              }
            ],
            "id": "2c25e96a-a8a8-4d3b-aa8b-9a1e286b8c50",
            "mac_address": "fa:16:3e:9b:d5:9f",
            "name": "Redteam #5 Port",
            "network_id": "afcee8d3-e231-4571-8e7a-8ace4326e36a",
            "no_fixed_ip": null,
            "no_security_groups": null,
            "port_security_enabled": true,
            "qos_policy_id": "",
            "region": "",
            "security_group_ids": [
              "23f0b9f4-84b0-4ba2-9f8c-a68a86fd011f",
              "cf8b316f-3181-4b2c-a91f-f66bd844b976"
            ],
            "tags": null,
            "tenant_id": "e7e474215e334ca782a7f15bad62f6c4",
            "timeouts": null,
            "value_specs": null
          },
          "sensitive_attributes": [],
          "private": "eyJlMmJmYjczMC1lY2FhLTExZTYtOGY4OC0zNDM2M2JjN2M0YzAiOnsiY3JlYXRlIjo2MDAwMDAwMDAwMDAsImRlbGV0ZSI6NjAwMDAwMDAwMDAwfX0=",
          "dependencies": [
            "module.redteam.data.openstack_identity_project_v3.management_project",
            "module.redteam.data.openstack_networking_network_v2.competition_cloud_network",
            "module.redteam.data.openstack_networking_secgroup_v2.default_secgroup",
            "module.redteam.openstack_networking_secgroup_v2.redteam_secgroup",
            "module.redteam.openstack_networking_subnet_v2.redteam_subnet"
          ]
        }
      ]
    },
    {
      "module": "module.redteam",
      "mode": "managed",
      "type": "openstack_networking_port_v2",
      "name": "redteam_four_port",
      "provider": "provider[\"registry.terraform.io/terraform-provider-openstack/openstack\"]",
      "instances": [
        {
          "schema_version": 0,
          "attributes": {
            "admin_state_up": true,
            "all_fixed_ips": [
              "10.50.0.4"
            ],
            "all_security_group_ids": [
              "23f0b9f4-84b0-4ba2-9f8c-a68a86fd011f",
              "cf8b316f-3181-4b2c-a91f-f66bd844b976"
            ],
            "all_tags": [],
            "allowed_address_pairs": [],
            "binding": [
              {
                "host_id": "",
                "profile": "",
                "vif_details": {},
                "vif_type": "",
                "vnic_type": "normal"
              }
            ],
            "description": "",
            "device_id": "",
            "device_owner": "",
            "dns_assignment": [],
            "dns_name": "",
            "extra_dhcp_option": [],
            "fixed_ip": [
              {
                "ip_address": "10.50.0.4",
                "subnet_id": "439ed5e6-f97e-4e85-8507-d4802ad6d87d"
              }
            ],
            "id": "06c692b9-5914-4a0f-bf89-890a569d4320",
            "mac_address": "fa:16:3e:b1:46:28",
            "name": "Redteam #4 Port",
            "network_id": "afcee8d3-e231-4571-8e7a-8ace4326e36a",
            "no_fixed_ip": null,
            "no_security_groups": null,
            "port_security_enabled": true,
            "qos_policy_id": "",
            "region": "",
            "security_group_ids": [
              "23f0b9f4-84b0-4ba2-9f8c-a68a86fd011f",
              "cf8b316f-3181-4b2c-a91f-f66bd844b976"
            ],
            "tags": null,
            "tenant_id": "e7e474215e334ca782a7f15bad62f6c4",
            "timeouts": null,
            "value_specs": null
          },
          "sensitive_attributes": [],
          "private": "eyJlMmJmYjczMC1lY2FhLTExZTYtOGY4OC0zNDM2M2JjN2M0YzAiOnsiY3JlYXRlIjo2MDAwMDAwMDAwMDAsImRlbGV0ZSI6NjAwMDAwMDAwMDAwfX0=",
          "dependencies": [
            "module.redteam.data.openstack_identity_project_v3.management_project",
            "module.redteam.data.openstack_networking_network_v2.competition_cloud_network",
            "module.redteam.data.openstack_networking_secgroup_v2.default_secgroup",
            "module.redteam.openstack_networking_secgroup_v2.redteam_secgroup",
            "module.redteam.openstack_networking_subnet_v2.redteam_subnet"
          ]
        }
      ]
    },
    {
      "module": "module.redteam",
      "mode": "managed",
      "type": "openstack_networking_port_v2",
      "name": "redteam_nine_port",
      "provider": "provider[\"registry.terraform.io/terraform-provider-openstack/openstack\"]",
      "instances": [
        {
          "schema_version": 0,
          "attributes": {
            "admin_state_up": true,
            "all_fixed_ips": [
              "10.50.0.9"
            ],
            "all_security_group_ids": [
              "23f0b9f4-84b0-4ba2-9f8c-a68a86fd011f",
              "cf8b316f-3181-4b2c-a91f-f66bd844b976"
            ],
            "all_tags": [],
            "allowed_address_pairs": [],
            "binding": [
              {
                "host_id": "",
                "profile": "",
                "vif_details": {},
                "vif_type": "",
                "vnic_type": "normal"
              }
            ],
            "description": "",
            "device_id": "",
            "device_owner": "",
            "dns_assignment": [],
            "dns_name": "",
            "extra_dhcp_option": [],
            "fixed_ip": [
              {
                "ip_address": "10.50.0.9",
                "subnet_id": "439ed5e6-f97e-4e85-8507-d4802ad6d87d"
              }
            ],
            "id": "bf30d0f4-433e-4bdf-ac50-4b4f06d7feeb",
            "mac_address": "fa:16:3e:08:d7:53",
            "name": "Redteam #9 Port",
            "network_id": "afcee8d3-e231-4571-8e7a-8ace4326e36a",
            "no_fixed_ip": null,
            "no_security_groups": null,
            "port_security_enabled": true,
            "qos_policy_id": "",
            "region": "",
            "security_group_ids": [
              "23f0b9f4-84b0-4ba2-9f8c-a68a86fd011f",
              "cf8b316f-3181-4b2c-a91f-f66bd844b976"
            ],
            "tags": null,
            "tenant_id": "e7e474215e334ca782a7f15bad62f6c4",
            "timeouts": null,
            "value_specs": null
          },
          "sensitive_attributes": [],
          "private": "eyJlMmJmYjczMC1lY2FhLTExZTYtOGY4OC0zNDM2M2JjN2M0YzAiOnsiY3JlYXRlIjo2MDAwMDAwMDAwMDAsImRlbGV0ZSI6NjAwMDAwMDAwMDAwfX0=",
          "dependencies": [
            "module.redteam.data.openstack_identity_project_v3.management_project",
            "module.redteam.data.openstack_networking_network_v2.competition_cloud_network",
            "module.redteam.data.openstack_networking_secgroup_v2.default_secgroup",
            "module.redteam.openstack_networking_secgroup_v2.redteam_secgroup",
            "module.redteam.openstack_networking_subnet_v2.redteam_subnet"
          ]
        }
      ]
    },
    {
      "module": "module.redteam",
      "mode": "managed",
      "type": "openstack_networking_port_v2",
      "name": "redteam_one_port",
      "provider": "provider[\"registry.terraform.io/terraform-provider-openstack/openstack\"]",
      "instances": [
        {
          "schema_version": 0,
          "attributes": {
            "admin_state_up": true,
            "all_fixed_ips": [
              "10.50.0.1"
            ],
            "all_security_group_ids": [
              "23f0b9f4-84b0-4ba2-9f8c-a68a86fd011f",
              "cf8b316f-3181-4b2c-a91f-f66bd844b976"
            ],
            "all_tags": [],
            "allowed_address_pairs": [],
            "binding": [
              {
                "host_id": "",
                "profile": "",
                "vif_details": {},
                "vif_type": "",
                "vnic_type": "normal"
              }
            ],
            "description": "",
            "device_id": "",
            "device_owner": "",
            "dns_assignment": [],
            "dns_name": "",
            "extra_dhcp_option": [],
            "fixed_ip": [
              {
                "ip_address": "10.50.0.1",
                "subnet_id": "439ed5e6-f97e-4e85-8507-d4802ad6d87d"
              }
            ],
            "id": "c6bc6fab-83f3-4c5a-b40e-a94966343307",
            "mac_address": "fa:16:3e:e9:d6:9d",
            "name": "Redteam #1 Port",
            "network_id": "afcee8d3-e231-4571-8e7a-8ace4326e36a",
            "no_fixed_ip": null,
            "no_security_groups": null,
            "port_security_enabled": true,
            "qos_policy_id": "",
            "region": "",
            "security_group_ids": [
              "23f0b9f4-84b0-4ba2-9f8c-a68a86fd011f",
              "cf8b316f-3181-4b2c-a91f-f66bd844b976"
            ],
            "tags": null,
            "tenant_id": "e7e474215e334ca782a7f15bad62f6c4",
            "timeouts": null,
            "value_specs": null
          },
          "sensitive_attributes": [],
          "private": "eyJlMmJmYjczMC1lY2FhLTExZTYtOGY4OC0zNDM2M2JjN2M0YzAiOnsiY3JlYXRlIjo2MDAwMDAwMDAwMDAsImRlbGV0ZSI6NjAwMDAwMDAwMDAwfX0=",
          "dependencies": [
            "module.redteam.data.openstack_identity_project_v3.management_project",
            "module.redteam.data.openstack_networking_network_v2.competition_cloud_network",
            "module.redteam.data.openstack_networking_secgroup_v2.default_secgroup",
            "module.redteam.openstack_networking_secgroup_v2.redteam_secgroup",
            "module.redteam.openstack_networking_subnet_v2.redteam_subnet"
          ]
        }
      ]
    },
    {
      "module": "module.redteam",
      "mode": "managed",
      "type": "openstack_networking_port_v2",
      "name": "redteam_seven_port",
      "provider": "provider[\"registry.terraform.io/terraform-provider-openstack/openstack\"]",
      "instances": [
        {
          "schema_version": 0,
          "attributes": {
            "admin_state_up": true,
            "all_fixed_ips": [
              "10.50.0.7"
            ],
            "all_security_group_ids": [
              "23f0b9f4-84b0-4ba2-9f8c-a68a86fd011f",
              "cf8b316f-3181-4b2c-a91f-f66bd844b976"
            ],
            "all_tags": [],
            "allowed_address_pairs": [],
            "binding": [
              {
                "host_id": "",
                "profile": "",
                "vif_details": {},
                "vif_type": "",
                "vnic_type": "normal"
              }
            ],
            "description": "",
            "device_id": "",
            "device_owner": "",
            "dns_assignment": [],
            "dns_name": "",
            "extra_dhcp_option": [],
            "fixed_ip": [
              {
                "ip_address": "10.50.0.7",
                "subnet_id": "439ed5e6-f97e-4e85-8507-d4802ad6d87d"
              }
            ],
            "id": "a601a7b4-f555-4d83-b7c4-1b3db10460f8",
            "mac_address": "fa:16:3e:80:fb:d9",
            "name": "Redteam #7 Port",
            "network_id": "afcee8d3-e231-4571-8e7a-8ace4326e36a",
            "no_fixed_ip": null,
            "no_security_groups": null,
            "port_security_enabled": true,
            "qos_policy_id": "",
            "region": "",
            "security_group_ids": [
              "23f0b9f4-84b0-4ba2-9f8c-a68a86fd011f",
              "cf8b316f-3181-4b2c-a91f-f66bd844b976"
            ],
            "tags": null,
            "tenant_id": "e7e474215e334ca782a7f15bad62f6c4",
            "timeouts": null,
            "value_specs": null
          },
          "sensitive_attributes": [],
          "private": "eyJlMmJmYjczMC1lY2FhLTExZTYtOGY4OC0zNDM2M2JjN2M0YzAiOnsiY3JlYXRlIjo2MDAwMDAwMDAwMDAsImRlbGV0ZSI6NjAwMDAwMDAwMDAwfX0=",
          "dependencies": [
            "module.redteam.data.openstack_identity_project_v3.management_project",
            "module.redteam.data.openstack_networking_network_v2.competition_cloud_network",
            "module.redteam.data.openstack_networking_secgroup_v2.default_secgroup",
            "module.redteam.openstack_networking_secgroup_v2.redteam_secgroup",
            "module.redteam.openstack_networking_subnet_v2.redteam_subnet"
          ]
        }
      ]
    },
    {
      "module": "module.redteam",
      "mode": "managed",
      "type": "openstack_networking_port_v2",
      "name": "redteam_six_port",
      "provider": "provider[\"registry.terraform.io/terraform-provider-openstack/openstack\"]",
      "instances": [
        {
          "schema_version": 0,
          "attributes": {
            "admin_state_up": true,
            "all_fixed_ips": [
              "10.50.0.6"
            ],
            "all_security_group_ids": [
              "23f0b9f4-84b0-4ba2-9f8c-a68a86fd011f",
              "cf8b316f-3181-4b2c-a91f-f66bd844b976"
            ],
            "all_tags": [],
            "allowed_address_pairs": [],
            "binding": [
              {
                "host_id": "",
                "profile": "",
                "vif_details": {},
                "vif_type": "",
                "vnic_type": "normal"
              }
            ],
            "description": "",
            "device_id": "",
            "device_owner": "",
            "dns_assignment": [],
            "dns_name": "",
            "extra_dhcp_option": [],
            "fixed_ip": [
              {
                "ip_address": "10.50.0.6",
                "subnet_id": "439ed5e6-f97e-4e85-8507-d4802ad6d87d"
              }
            ],
            "id": "8094ff56-152f-4650-b448-3d61e8d143bf",
            "mac_address": "fa:16:3e:fe:15:f4",
            "name": "Redteam #6 Port",
            "network_id": "afcee8d3-e231-4571-8e7a-8ace4326e36a",
            "no_fixed_ip": null,
            "no_security_groups": null,
            "port_security_enabled": true,
            "qos_policy_id": "",
            "region": "",
            "security_group_ids": [
              "23f0b9f4-84b0-4ba2-9f8c-a68a86fd011f",
              "cf8b316f-3181-4b2c-a91f-f66bd844b976"
            ],
            "tags": null,
            "tenant_id": "e7e474215e334ca782a7f15bad62f6c4",
            "timeouts": null,
            "value_specs": null
          },
          "sensitive_attributes": [],
          "private": "eyJlMmJmYjczMC1lY2FhLTExZTYtOGY4OC0zNDM2M2JjN2M0YzAiOnsiY3JlYXRlIjo2MDAwMDAwMDAwMDAsImRlbGV0ZSI6NjAwMDAwMDAwMDAwfX0=",
          "dependencies": [
            "module.redteam.data.openstack_identity_project_v3.management_project",
            "module.redteam.data.openstack_networking_network_v2.competition_cloud_network",
            "module.redteam.data.openstack_networking_secgroup_v2.default_secgroup",
            "module.redteam.openstack_networking_secgroup_v2.redteam_secgroup",
            "module.redteam.openstack_networking_subnet_v2.redteam_subnet"
          ]
        }
      ]
    },
    {
      "module": "module.redteam",
      "mode": "managed",
      "type": "openstack_networking_port_v2",
      "name": "redteam_subnet_port",
      "provider": "provider[\"registry.terraform.io/terraform-provider-openstack/openstack\"]",
      "instances": [
        {
          "schema_version": 0,
          "attributes": {
            "admin_state_up": true,
            "all_fixed_ips": [
              "10.50.0.254"
            ],
            "all_security_group_ids": [],
            "all_tags": [],
            "allowed_address_pairs": [],
            "binding": [
              {
                "host_id": "",
                "profile": "",
                "vif_details": {},
                "vif_type": "",
                "vnic_type": "normal"
              }
            ],
            "description": "",
            "device_id": "",
            "device_owner": "",
            "dns_assignment": [],
            "dns_name": "",
            "extra_dhcp_option": [],
            "fixed_ip": [
              {
                "ip_address": "10.50.0.254",
                "subnet_id": "439ed5e6-f97e-4e85-8507-d4802ad6d87d"
              }
            ],
            "id": "23f37f42-ad57-463e-9487-08b3bfc3dbd2",
            "mac_address": "fa:16:3e:f9:24:28",
            "name": "Redteam Port",
            "network_id": "afcee8d3-e231-4571-8e7a-8ace4326e36a",
            "no_fixed_ip": null,
            "no_security_groups": null,
            "port_security_enabled": false,
            "qos_policy_id": "",
            "region": "",
            "security_group_ids": null,
            "tags": null,
            "tenant_id": "e7e474215e334ca782a7f15bad62f6c4",
            "timeouts": null,
            "value_specs": null
          },
          "sensitive_attributes": [],
          "private": "eyJlMmJmYjczMC1lY2FhLTExZTYtOGY4OC0zNDM2M2JjN2M0YzAiOnsiY3JlYXRlIjo2MDAwMDAwMDAwMDAsImRlbGV0ZSI6NjAwMDAwMDAwMDAwfX0=",
          "dependencies": [
            "module.redteam.data.openstack_networking_network_v2.competition_cloud_network",
            "module.redteam.openstack_networking_subnet_v2.redteam_subnet"
          ]
        }
      ]
    },
    {
      "module": "module.redteam",
      "mode": "managed",
      "type": "openstack_networking_port_v2",
      "name": "redteam_ten_port",
      "provider": "provider[\"registry.terraform.io/terraform-provider-openstack/openstack\"]",
      "instances": [
        {
          "schema_version": 0,
          "attributes": {
            "admin_state_up": true,
            "all_fixed_ips": [
              "10.50.0.10"
            ],
            "all_security_group_ids": [
              "23f0b9f4-84b0-4ba2-9f8c-a68a86fd011f",
              "cf8b316f-3181-4b2c-a91f-f66bd844b976"
            ],
            "all_tags": [],
            "allowed_address_pairs": [],
            "binding": [
              {
                "host_id": "",
                "profile": "",
                "vif_details": {},
                "vif_type": "",
                "vnic_type": "normal"
              }
            ],
            "description": "",
            "device_id": "",
            "device_owner": "",
            "dns_assignment": [],
            "dns_name": "",
            "extra_dhcp_option": [],
            "fixed_ip": [
              {
                "ip_address": "10.50.0.10",
                "subnet_id": "439ed5e6-f97e-4e85-8507-d4802ad6d87d"
              }
            ],
            "id": "f93ddbfe-d7f6-4632-a8fd-835e812d867c",
            "mac_address": "fa:16:3e:e3:8f:1d",
            "name": "Redteam #10 Port",
            "network_id": "afcee8d3-e231-4571-8e7a-8ace4326e36a",
            "no_fixed_ip": null,
            "no_security_groups": null,
            "port_security_enabled": true,
            "qos_policy_id": "",
            "region": "",
            "security_group_ids": [
              "23f0b9f4-84b0-4ba2-9f8c-a68a86fd011f",
              "cf8b316f-3181-4b2c-a91f-f66bd844b976"
            ],
            "tags": null,
            "tenant_id": "e7e474215e334ca782a7f15bad62f6c4",
            "timeouts": null,
            "value_specs": null
          },
          "sensitive_attributes": [],
          "private": "eyJlMmJmYjczMC1lY2FhLTExZTYtOGY4OC0zNDM2M2JjN2M0YzAiOnsiY3JlYXRlIjo2MDAwMDAwMDAwMDAsImRlbGV0ZSI6NjAwMDAwMDAwMDAwfX0=",
          "dependencies": [
            "module.redteam.data.openstack_identity_project_v3.management_project",
            "module.redteam.data.openstack_networking_network_v2.competition_cloud_network",
            "module.redteam.data.openstack_networking_secgroup_v2.default_secgroup",
            "module.redteam.openstack_networking_secgroup_v2.redteam_secgroup",
            "module.redteam.openstack_networking_subnet_v2.redteam_subnet"
          ]
        }
      ]
    },
    {
      "module": "module.redteam",
      "mode": "managed",
      "type": "openstack_networking_port_v2",
      "name": "redteam_three_port",
      "provider": "provider[\"registry.terraform.io/terraform-provider-openstack/openstack\"]",
      "instances": [
        {
          "schema_version": 0,
          "attributes": {
            "admin_state_up": true,
            "all_fixed_ips": [
              "10.50.0.3"
            ],
            "all_security_group_ids": [
              "23f0b9f4-84b0-4ba2-9f8c-a68a86fd011f",
              "cf8b316f-3181-4b2c-a91f-f66bd844b976"
            ],
            "all_tags": [],
            "allowed_address_pairs": [],
            "binding": [
              {
                "host_id": "",
                "profile": "",
                "vif_details": {},
                "vif_type": "",
                "vnic_type": "normal"
              }
            ],
            "description": "",
            "device_id": "",
            "device_owner": "",
            "dns_assignment": [],
            "dns_name": "",
            "extra_dhcp_option": [],
            "fixed_ip": [
              {
                "ip_address": "10.50.0.3",
                "subnet_id": "439ed5e6-f97e-4e85-8507-d4802ad6d87d"
              }
            ],
            "id": "3050ea6f-4d2f-4db6-8fcb-738c71c0b883",
            "mac_address": "fa:16:3e:a9:6b:3e",
            "name": "Redteam #3 Port",
            "network_id": "afcee8d3-e231-4571-8e7a-8ace4326e36a",
            "no_fixed_ip": null,
            "no_security_groups": null,
            "port_security_enabled": true,
            "qos_policy_id": "",
            "region": "",
            "security_group_ids": [
              "23f0b9f4-84b0-4ba2-9f8c-a68a86fd011f",
              "cf8b316f-3181-4b2c-a91f-f66bd844b976"
            ],
            "tags": null,
            "tenant_id": "e7e474215e334ca782a7f15bad62f6c4",
            "timeouts": null,
            "value_specs": null
          },
          "sensitive_attributes": [],
          "private": "eyJlMmJmYjczMC1lY2FhLTExZTYtOGY4OC0zNDM2M2JjN2M0YzAiOnsiY3JlYXRlIjo2MDAwMDAwMDAwMDAsImRlbGV0ZSI6NjAwMDAwMDAwMDAwfX0=",
          "dependencies": [
            "module.redteam.data.openstack_identity_project_v3.management_project",
            "module.redteam.data.openstack_networking_network_v2.competition_cloud_network",
            "module.redteam.data.openstack_networking_secgroup_v2.default_secgroup",
            "module.redteam.openstack_networking_secgroup_v2.redteam_secgroup",
            "module.redteam.openstack_networking_subnet_v2.redteam_subnet"
          ]
        }
      ]
    },
    {
      "module": "module.redteam",
      "mode": "managed",
      "type": "openstack_networking_port_v2",
      "name": "redteam_two_port",
      "provider": "provider[\"registry.terraform.io/terraform-provider-openstack/openstack\"]",
      "instances": [
        {
          "schema_version": 0,
          "attributes": {
            "admin_state_up": true,
            "all_fixed_ips": [
              "10.50.0.2"
            ],
            "all_security_group_ids": [
              "23f0b9f4-84b0-4ba2-9f8c-a68a86fd011f",
              "cf8b316f-3181-4b2c-a91f-f66bd844b976"
            ],
            "all_tags": [],
            "allowed_address_pairs": [],
            "binding": [
              {
                "host_id": "",
                "profile": "",
                "vif_details": {},
                "vif_type": "",
                "vnic_type": "normal"
              }
            ],
            "description": "",
            "device_id": "",
            "device_owner": "",
            "dns_assignment": [],
            "dns_name": "",
            "extra_dhcp_option": [],
            "fixed_ip": [
              {
                "ip_address": "10.50.0.2",
                "subnet_id": "439ed5e6-f97e-4e85-8507-d4802ad6d87d"
              }
            ],
            "id": "bec7aff1-f39f-42fa-8843-dc32ea82d989",
            "mac_address": "fa:16:3e:46:f8:a1",
            "name": "Redteam #2 Port",
            "network_id": "afcee8d3-e231-4571-8e7a-8ace4326e36a",
            "no_fixed_ip": null,
            "no_security_groups": null,
            "port_security_enabled": true,
            "qos_policy_id": "",
            "region": "",
            "security_group_ids": [
              "23f0b9f4-84b0-4ba2-9f8c-a68a86fd011f",
              "cf8b316f-3181-4b2c-a91f-f66bd844b976"
            ],
            "tags": null,
            "tenant_id": "e7e474215e334ca782a7f15bad62f6c4",
            "timeouts": null,
            "value_specs": null
          },
          "sensitive_attributes": [],
          "private": "eyJlMmJmYjczMC1lY2FhLTExZTYtOGY4OC0zNDM2M2JjN2M0YzAiOnsiY3JlYXRlIjo2MDAwMDAwMDAwMDAsImRlbGV0ZSI6NjAwMDAwMDAwMDAwfX0=",
          "dependencies": [
            "module.redteam.data.openstack_identity_project_v3.management_project",
            "module.redteam.data.openstack_networking_network_v2.competition_cloud_network",
            "module.redteam.data.openstack_networking_secgroup_v2.default_secgroup",
            "module.redteam.openstack_networking_secgroup_v2.redteam_secgroup",
            "module.redteam.openstack_networking_subnet_v2.redteam_subnet"
          ]
        }
      ]
    },
    {
      "module": "module.redteam",
      "mode": "managed",
      "type": "openstack_networking_router_interface_v2",
      "name": "redteam_interface",
      "provider": "provider[\"registry.terraform.io/terraform-provider-openstack/openstack\"]",
      "instances": [
        {
          "schema_version": 0,
          "attributes": {
            "id": "23f37f42-ad57-463e-9487-08b3bfc3dbd2",
            "port_id": "23f37f42-ad57-463e-9487-08b3bfc3dbd2",
            "region": "",
            "router_id": "801b98aa-d11d-4576-9ee8-41cbff4eb1ea",
            "subnet_id": "439ed5e6-f97e-4e85-8507-d4802ad6d87d",
            "timeouts": null
          },
          "sensitive_attributes": [],
          "private": "eyJlMmJmYjczMC1lY2FhLTExZTYtOGY4OC0zNDM2M2JjN2M0YzAiOnsiY3JlYXRlIjo2MDAwMDAwMDAwMDAsImRlbGV0ZSI6NjAwMDAwMDAwMDAwfX0=",
          "dependencies": [
            "module.redteam.data.openstack_networking_network_v2.competition_cloud_network",
            "module.redteam.data.openstack_networking_router_v2.core_router",
            "module.redteam.openstack_networking_port_v2.redteam_subnet_port",
            "module.redteam.openstack_networking_subnet_v2.redteam_subnet"
          ]
        }
      ]
    },
    {
      "module": "module.redteam",
      "mode": "managed",
      "type": "openstack_networking_secgroup_rule_v2",
      "name": "redteam_secgroup_rule",
      "provider": "provider[\"registry.terraform.io/terraform-provider-openstack/openstack\"]",
      "instances": [
        {
          "index_key": "http",
          "schema_version": 0,
          "attributes": {
            "description": "http",
            "direction": "ingress",
            "ethertype": "IPv4",
            "id": "ca41c67f-4085-41f0-a1fd-2da7cbae20e0",
            "port_range_max": 80,
            "port_range_min": 80,
            "protocol": "tcp",
            "region": "",
            "remote_group_id": "",
            "remote_ip_prefix": "",
            "security_group_id": "cf8b316f-3181-4b2c-a91f-f66bd844b976",
            "tenant_id": "e7e474215e334ca782a7f15bad62f6c4",
            "timeouts": null
          },
          "sensitive_attributes": [],
          "private": "eyJlMmJmYjczMC1lY2FhLTExZTYtOGY4OC0zNDM2M2JjN2M0YzAiOnsiZGVsZXRlIjo2MDAwMDAwMDAwMDB9fQ==",
          "dependencies": [
            "module.redteam.data.openstack_identity_project_v3.management_project",
            "module.redteam.openstack_networking_secgroup_v2.redteam_secgroup"
          ]
        },
        {
          "index_key": "https",
          "schema_version": 0,
          "attributes": {
            "description": "https",
            "direction": "ingress",
            "ethertype": "IPv4",
            "id": "330ac873-6e38-49b3-844b-c420fa6deea9",
            "port_range_max": 443,
            "port_range_min": 443,
            "protocol": "tcp",
            "region": "",
            "remote_group_id": "",
            "remote_ip_prefix": "",
            "security_group_id": "cf8b316f-3181-4b2c-a91f-f66bd844b976",
            "tenant_id": "e7e474215e334ca782a7f15bad62f6c4",
            "timeouts": null
          },
          "sensitive_attributes": [],
          "private": "eyJlMmJmYjczMC1lY2FhLTExZTYtOGY4OC0zNDM2M2JjN2M0YzAiOnsiZGVsZXRlIjo2MDAwMDAwMDAwMDB9fQ==",
          "dependencies": [
            "module.redteam.data.openstack_identity_project_v3.management_project",
            "module.redteam.openstack_networking_secgroup_v2.redteam_secgroup"
          ]
        },
        {
          "index_key": "ssh",
          "schema_version": 0,
          "attributes": {
            "description": "ssh",
            "direction": "ingress",
            "ethertype": "IPv4",
            "id": "bfad03e4-7703-41b2-bf59-dea817cbdd04",
            "port_range_max": 22,
            "port_range_min": 22,
            "protocol": "tcp",
            "region": "",
            "remote_group_id": "",
            "remote_ip_prefix": "",
            "security_group_id": "cf8b316f-3181-4b2c-a91f-f66bd844b976",
            "tenant_id": "e7e474215e334ca782a7f15bad62f6c4",
            "timeouts": null
          },
          "sensitive_attributes": [],
          "private": "eyJlMmJmYjczMC1lY2FhLTExZTYtOGY4OC0zNDM2M2JjN2M0YzAiOnsiZGVsZXRlIjo2MDAwMDAwMDAwMDB9fQ==",
          "dependencies": [
            "module.redteam.data.openstack_identity_project_v3.management_project",
            "module.redteam.openstack_networking_secgroup_v2.redteam_secgroup"
          ]
        }
      ]
    },
    {
      "module": "module.redteam",
      "mode": "managed",
      "type": "openstack_networking_secgroup_v2",
      "name": "redteam_secgroup",
      "provider": "provider[\"registry.terraform.io/terraform-provider-openstack/openstack\"]",
      "instances": [
        {
          "schema_version": 0,
          "attributes": {
            "all_tags": [],
            "delete_default_rules": null,
            "description": "",
            "id": "cf8b316f-3181-4b2c-a91f-f66bd844b976",
            "name": "Redteam Secgroup",
            "region": "",
            "tags": null,
            "tenant_id": "e7e474215e334ca782a7f15bad62f6c4",
            "timeouts": null
          },
          "sensitive_attributes": [],
          "private": "eyJlMmJmYjczMC1lY2FhLTExZTYtOGY4OC0zNDM2M2JjN2M0YzAiOnsiZGVsZXRlIjo2MDAwMDAwMDAwMDB9fQ==",
          "dependencies": [
            "module.redteam.data.openstack_identity_project_v3.management_project"
          ]
        }
      ]
    },
    {
      "module": "module.redteam",
      "mode": "managed",
      "type": "openstack_networking_subnet_v2",
      "name": "redteam_subnet",
      "provider": "provider[\"registry.terraform.io/terraform-provider-openstack/openstack\"]",
      "instances": [
        {
          "schema_version": 0,
          "attributes": {
            "all_tags": [],
            "allocation_pool": [
              {
                "end": "10.50.0.250",
                "start": "10.50.0.200"
              }
            ],
            "allocation_pools": [
              {
                "end": "10.50.0.250",
                "start": "10.50.0.200"
              }
            ],
            "cidr": "10.50.0.0/24",
            "description": "",
            "dns_nameservers": [
              "1.1.1.1",
              "1.0.0.1"
            ],
            "enable_dhcp": true,
            "gateway_ip": "10.50.0.254",
            "host_routes": [],
            "id": "439ed5e6-f97e-4e85-8507-d4802ad6d87d",
            "ip_version": 4,
            "ipv6_address_mode": "",
            "ipv6_ra_mode": "",
            "name": "Redteam Subnet",
            "network_id": "afcee8d3-e231-4571-8e7a-8ace4326e36a",
            "no_gateway": false,
            "prefix_length": null,
            "region": "",
            "subnetpool_id": "",
            "tags": null,
            "tenant_id": "e7e474215e334ca782a7f15bad62f6c4",
            "timeouts": null,
            "value_specs": null
          },
          "sensitive_attributes": [],
          "private": "eyJlMmJmYjczMC1lY2FhLTExZTYtOGY4OC0zNDM2M2JjN2M0YzAiOnsiY3JlYXRlIjo2MDAwMDAwMDAwMDAsImRlbGV0ZSI6NjAwMDAwMDAwMDAwfX0=",
          "dependencies": [
            "module.redteam.data.openstack_networking_network_v2.competition_cloud_network"
          ]
        }
      ]
    }
  ],
  "check_results": null
}
